{
  "version": 4,
  "terraform_version": "0.12.28",
  "serial": 13587,
  "lineage": "f6af8add-a973-dd55-7fd2-e91e043fb938",
  "outputs": {
    "index": {
      "value": [
        "x=9",
        "x=0",
        "x=3",
        "x=1",
        "x=0",
        "x=1",
        "x=2",
        "x=2",
        "x=8",
        "x=3",
        "x=1",
        "x=3",
        "x=4",
        "x=6",
        "x=2",
        "x=9",
        "x=6",
        "x=3",
        "x=8",
        "x=1",
        "x=4",
        "x=8",
        "x=4",
        "x=9",
        "x=0",
        "x=2",
        "x=8",
        "x=5",
        "x=2",
        "x=0",
        "x=9",
        "x=8",
        "x=9",
        "x=0",
        "x=3",
        "x=1",
        "x=5",
        "x=3",
        "x=3",
        "x=0",
        "x=9",
        "x=8",
        "x=9",
        "x=3",
        "x=2",
        "x=1",
        "x=9",
        "x=8",
        "x=6",
        "x=1",
        "x=9",
        "x=1",
        "x=1",
        "x=6",
        "x=7",
        "x=9",
        "x=4",
        "x=5",
        "x=0",
        "x=9",
        "x=5",
        "x=9",
        "x=9",
        "x=1",
        "x=2",
        "x=2",
        "x=0",
        "x=1",
        "x=6",
        "x=2",
        "x=1",
        "x=7",
        "x=9",
        "x=9",
        "x=7",
        "x=4",
        "x=3",
        "x=9",
        "x=4",
        "x=1",
        "x=3",
        "x=6",
        "x=3",
        "x=6",
        "x=7",
        "x=0",
        "x=5",
        "x=0",
        "x=8",
        "x=3",
        "x=0",
        "x=2",
        "x=9",
        "x=1",
        "x=7",
        "x=2",
        "x=2",
        "x=7",
        "x=6",
        "x=3",
        "x=1",
        "x=4",
        "x=4",
        "x=7",
        "x=5",
        "x=4",
        "x=3",
        "x=8",
        "x=2",
        "x=6",
        "x=8",
        "x=5",
        "x=9",
        "x=9",
        "x=2",
        "x=0",
        "x=8",
        "x=1",
        "x=2",
        "x=1",
        "x=5",
        "x=3",
        "x=4",
        "x=6",
        "x=1",
        "x=6",
        "x=4",
        "x=4",
        "x=5",
        "x=8",
        "x=2",
        "x=6",
        "x=6",
        "x=1",
        "x=0",
        "x=9",
        "x=8",
        "x=8",
        "x=3",
        "x=7",
        "x=8",
        "x=7",
        "x=4",
        "x=4",
        "x=8",
        "x=1",
        "x=6",
        "x=4",
        "x=1",
        "x=3",
        "x=8",
        "x=6",
        "x=4",
        "x=4",
        "x=6",
        "x=2",
        "x=5",
        "x=1",
        "x=5",
        "x=0",
        "x=5",
        "x=3",
        "x=4",
        "x=9",
        "x=5",
        "x=8",
        "x=6",
        "x=4",
        "x=0",
        "x=4",
        "x=5",
        "x=5",
        "x=5",
        "x=0",
        "x=2",
        "x=0",
        "x=3",
        "x=4",
        "x=6",
        "x=1",
        "x=3",
        "x=0",
        "x=1",
        "x=7",
        "x=0",
        "x=8",
        "x=1",
        "x=7",
        "x=1",
        "x=6",
        "x=7",
        "x=2",
        "x=9",
        "x=4",
        "x=5",
        "x=7",
        "x=8",
        "x=7",
        "x=3",
        "x=7",
        "x=9",
        "x=7",
        "x=1",
        "x=1",
        "x=9",
        "x=1",
        "x=2",
        "x=6",
        "x=1",
        "x=8",
        "x=2",
        "x=7",
        "x=8",
        "x=6",
        "x=1",
        "x=8",
        "x=8",
        "x=3",
        "x=7",
        "x=9",
        "x=7",
        "x=9",
        "x=0",
        "x=4",
        "x=5",
        "x=1",
        "x=4",
        "x=3",
        "x=5",
        "x=6",
        "x=4",
        "x=1",
        "x=3",
        "x=7",
        "x=4",
        "x=8",
        "x=1",
        "x=2",
        "x=3",
        "x=4",
        "x=1",
        "x=4",
        "x=1",
        "x=0",
        "x=1",
        "x=5",
        "x=1",
        "x=1",
        "x=6",
        "x=8",
        "x=6",
        "x=0",
        "x=0",
        "x=4",
        "x=2",
        "x=5",
        "x=5",
        "x=9",
        "x=6",
        "x=3",
        "x=1",
        "x=1",
        "x=5",
        "x=1",
        "x=8",
        "x=5",
        "x=9",
        "x=2",
        "x=6",
        "x=4",
        "x=7",
        "x=1",
        "x=2",
        "x=8",
        "x=6",
        "x=3",
        "x=7",
        "x=1",
        "x=7",
        "x=4",
        "x=2",
        "x=2",
        "x=1",
        "x=7",
        "x=3",
        "x=8",
        "x=1",
        "x=8",
        "x=1",
        "x=0",
        "x=5",
        "x=1",
        "x=7",
        "x=7",
        "x=6",
        "x=2",
        "x=3",
        "x=1",
        "x=8",
        "x=6",
        "x=1",
        "x=1",
        "x=8",
        "x=7",
        "x=8",
        "x=6",
        "x=0",
        "x=0",
        "x=8",
        "x=2",
        "x=4",
        "x=0",
        "x=5",
        "x=6",
        "x=1",
        "x=9",
        "x=1",
        "x=6",
        "x=3",
        "x=1",
        "x=6",
        "x=8",
        "x=0",
        "x=2",
        "x=6",
        "x=6",
        "x=4",
        "x=4",
        "x=9",
        "x=3",
        "x=3",
        "x=1",
        "x=2",
        "x=6",
        "x=3",
        "x=9",
        "x=9",
        "x=9",
        "x=5",
        "x=6",
        "x=4",
        "x=0",
        "x=4",
        "x=0",
        "x=3",
        "x=3",
        "x=3",
        "x=2",
        "x=2",
        "x=0",
        "x=0",
        "x=3",
        "x=2",
        "x=3",
        "x=6",
        "x=5",
        "x=6",
        "x=8",
        "x=9",
        "x=2",
        "x=5",
        "x=3",
        "x=7",
        "x=7",
        "x=2",
        "x=0",
        "x=6",
        "x=1",
        "x=4",
        "x=0",
        "x=0",
        "x=6",
        "x=1",
        "x=2",
        "x=9",
        "x=5",
        "x=9",
        "x=2",
        "x=3",
        "x=3",
        "x=3",
        "x=2",
        "x=4",
        "x=3",
        "x=7",
        "x=8",
        "x=4",
        "x=4",
        "x=2",
        "x=2",
        "x=9",
        "x=8",
        "x=5",
        "x=2",
        "x=2",
        "x=7",
        "x=1",
        "x=7",
        "x=7",
        "x=7",
        "x=7",
        "x=8",
        "x=0",
        "x=3",
        "x=6",
        "x=5",
        "x=9",
        "x=1",
        "x=8",
        "x=0",
        "x=8",
        "x=9",
        "x=5",
        "x=8",
        "x=0",
        "x=1",
        "x=4",
        "x=5",
        "x=8",
        "x=1",
        "x=2",
        "x=2",
        "x=1",
        "x=8",
        "x=9",
        "x=1",
        "x=9",
        "x=5",
        "x=8",
        "x=2",
        "x=2",
        "x=9",
        "x=7",
        "x=2",
        "x=2",
        "x=4",
        "x=9",
        "x=0",
        "x=6",
        "x=3",
        "x=9",
        "x=2",
        "x=6",
        "x=4",
        "x=8",
        "x=2",
        "x=4",
        "x=2",
        "x=4",
        "x=2",
        "x=4",
        "x=3",
        "x=9",
        "x=5",
        "x=5",
        "x=2",
        "x=5",
        "x=0",
        "x=1",
        "x=9",
        "x=6",
        "x=1",
        "x=3",
        "x=1",
        "x=3",
        "x=4",
        "x=3",
        "x=3",
        "x=1",
        "x=7",
        "x=5",
        "x=7",
        "x=8",
        "x=2",
        "x=4",
        "x=8",
        "x=6",
        "x=1",
        "x=9",
        "x=2",
        "x=8",
        "x=3",
        "x=3",
        "x=5",
        "x=4",
        "x=0",
        "x=2",
        "x=8",
        "x=5",
        "x=4",
        "x=4",
        "x=9",
        "x=9",
        "x=3",
        "x=8",
        "x=1",
        "x=9",
        "x=1",
        "x=9",
        "x=2",
        "x=2",
        "x=1",
        "x=9",
        "x=0",
        "x=8",
        "x=5",
        "x=4",
        "x=4",
        "x=8",
        "x=1",
        "x=3",
        "x=7",
        "x=1",
        "x=9",
        "x=1",
        "x=9",
        "x=3",
        "x=5",
        "x=0",
        "x=2",
        "x=1",
        "x=1",
        "x=3",
        "x=1",
        "x=2",
        "x=9",
        "x=3",
        "x=5",
        "x=1",
        "x=0",
        "x=9",
        "x=8",
        "x=1",
        "x=4",
        "x=1",
        "x=8",
        "x=6",
        "x=8",
        "x=9",
        "x=8",
        "x=8",
        "x=6",
        "x=1",
        "x=8",
        "x=2",
        "x=1",
        "x=4",
        "x=6",
        "x=8",
        "x=4",
        "x=8",
        "x=9",
        "x=5",
        "x=1",
        "x=6",
        "x=1",
        "x=4",
        "x=4",
        "x=3",
        "x=8",
        "x=7",
        "x=5",
        "x=9",
        "x=4",
        "x=1",
        "x=0",
        "x=6",
        "x=4",
        "x=3",
        "x=5",
        "x=8",
        "x=8",
        "x=5",
        "x=3",
        "x=5",
        "x=3",
        "x=8",
        "x=2",
        "x=4",
        "x=3",
        "x=3",
        "x=1",
        "x=8",
        "x=6",
        "x=4",
        "x=7",
        "x=6",
        "x=9",
        "x=1",
        "x=9",
        "x=1",
        "x=3",
        "x=5",
        "x=2",
        "x=0",
        "x=0",
        "x=8",
        "x=2",
        "x=5",
        "x=8",
        "x=9",
        "x=5",
        "x=1",
        "x=4",
        "x=6",
        "x=4",
        "x=2",
        "x=9",
        "x=8",
        "x=7",
        "x=6",
        "x=5",
        "x=0",
        "x=4",
        "x=0",
        "x=9",
        "x=6",
        "x=4",
        "x=7",
        "x=2",
        "x=3",
        "x=8",
        "x=3",
        "x=5",
        "x=0",
        "x=3",
        "x=0",
        "x=8",
        "x=2",
        "x=9",
        "x=4",
        "x=9",
        "x=2",
        "x=7",
        "x=1",
        "x=8",
        "x=7",
        "x=5",
        "x=8",
        "x=2",
        "x=0",
        "x=6",
        "x=3",
        "x=4",
        "x=3",
        "x=2",
        "x=7",
        "x=8",
        "x=5",
        "x=2",
        "x=3",
        "x=4",
        "x=2",
        "x=3",
        "x=7",
        "x=5",
        "x=7",
        "x=5",
        "x=7",
        "x=7",
        "x=4",
        "x=1",
        "x=2",
        "x=0",
        "x=4",
        "x=7",
        "x=4",
        "x=5",
        "x=1",
        "x=3",
        "x=3",
        "x=1",
        "x=7",
        "x=2",
        "x=7",
        "x=5",
        "x=7",
        "x=6",
        "x=7",
        "x=0",
        "x=3",
        "x=1",
        "x=4",
        "x=0",
        "x=3",
        "x=5",
        "x=8",
        "x=9",
        "x=3",
        "x=8",
        "x=0",
        "x=9",
        "x=2",
        "x=9",
        "x=8",
        "x=3",
        "x=0",
        "x=6",
        "x=9",
        "x=2",
        "x=2",
        "x=4",
        "x=6",
        "x=3",
        "x=9",
        "x=8",
        "x=0",
        "x=7",
        "x=1",
        "x=3",
        "x=5",
        "x=9",
        "x=9",
        "x=6",
        "x=1",
        "x=4",
        "x=8",
        "x=3",
        "x=8",
        "x=0",
        "x=4",
        "x=6",
        "x=5",
        "x=1",
        "x=1",
        "x=9",
        "x=8",
        "x=2",
        "x=8",
        "x=6",
        "x=7",
        "x=0",
        "x=9",
        "x=9",
        "x=8",
        "x=5",
        "x=1",
        "x=1",
        "x=5",
        "x=2",
        "x=3",
        "x=6",
        "x=0",
        "x=0",
        "x=2",
        "x=4",
        "x=9",
        "x=0",
        "x=3",
        "x=4",
        "x=1",
        "x=4",
        "x=8",
        "x=8",
        "x=2",
        "x=1",
        "x=0",
        "x=3",
        "x=9",
        "x=1",
        "x=8",
        "x=5",
        "x=0",
        "x=9",
        "x=4",
        "x=5",
        "x=9",
        "x=4",
        "x=5",
        "x=5",
        "x=9",
        "x=2",
        "x=9",
        "x=4",
        "x=1",
        "x=7",
        "x=4",
        "x=1",
        "x=4",
        "x=0",
        "x=9",
        "x=0",
        "x=7",
        "x=3",
        "x=1",
        "x=3",
        "x=0",
        "x=0",
        "x=0",
        "x=8",
        "x=5",
        "x=2",
        "x=1",
        "x=0",
        "x=9",
        "x=5",
        "x=4",
        "x=8",
        "x=4",
        "x=4",
        "x=0",
        "x=8",
        "x=4",
        "x=9",
        "x=8",
        "x=7",
        "x=3",
        "x=5",
        "x=8",
        "x=5",
        "x=0",
        "x=6",
        "x=3",
        "x=7",
        "x=4",
        "x=8",
        "x=9",
        "x=3",
        "x=6",
        "x=9",
        "x=6",
        "x=3",
        "x=9",
        "x=1",
        "x=4",
        "x=0",
        "x=0",
        "x=4",
        "x=0",
        "x=3",
        "x=6",
        "x=8",
        "x=8",
        "x=7",
        "x=8",
        "x=5",
        "x=2",
        "x=1",
        "x=5",
        "x=8",
        "x=4",
        "x=7",
        "x=8",
        "x=4",
        "x=0",
        "x=6",
        "x=9",
        "x=6",
        "x=5",
        "x=6",
        "x=4",
        "x=0",
        "x=0",
        "x=1",
        "x=0",
        "x=1",
        "x=5",
        "x=8",
        "x=9",
        "x=8",
        "x=7",
        "x=9",
        "x=7",
        "x=4",
        "x=7",
        "x=3",
        "x=6",
        "x=0",
        "x=5",
        "x=1",
        "x=8",
        "x=8",
        "x=5",
        "x=2",
        "x=0",
        "x=3",
        "x=0",
        "x=7",
        "x=0",
        "x=8",
        "x=8",
        "x=8",
        "x=1",
        "x=2",
        "x=6",
        "x=0",
        "x=7",
        "x=9",
        "x=8",
        "x=3",
        "x=5",
        "x=6",
        "x=5",
        "x=8",
        "x=2",
        "x=2",
        "x=1",
        "x=3",
        "x=7",
        "x=7",
        "x=5",
        "x=9",
        "x=3",
        "x=1",
        "x=6",
        "x=8",
        "x=8",
        "x=5",
        "x=6",
        "x=0",
        "x=9",
        "x=4",
        "x=8",
        "x=7",
        "x=7",
        "x=7",
        "x=7",
        "x=2",
        "x=6",
        "x=7",
        "x=7",
        "x=0",
        "x=8",
        "x=6",
        "x=7",
        "x=8",
        "x=1",
        "x=9",
        "x=7",
        "x=6",
        "x=0",
        "x=0",
        "x=5",
        "x=3",
        "x=3",
        "x=1",
        "x=5",
        "x=8",
        "x=8",
        "x=1",
        "x=1",
        "x=4",
        "x=2",
        "x=2",
        "x=1",
        "x=7",
        "x=7",
        "x=5",
        "x=1",
        "x=7",
        "x=0",
        "x=8",
        "x=0",
        "x=7",
        "x=3",
        "x=9",
        "x=0",
        "x=3",
        "x=9",
        "x=3",
        "x=1",
        "x=6",
        "x=2",
        "x=0",
        "x=4",
        "x=6",
        "x=4",
        "x=6",
        "x=8",
        "x=1",
        "x=2",
        "x=8",
        "x=6",
        "x=8",
        "x=3",
        "x=8",
        "x=6",
        "x=7",
        "x=8",
        "x=9",
        "x=0",
        "x=5",
        "x=9",
        "x=2",
        "x=9",
        "x=1",
        "x=2",
        "x=6",
        "x=3",
        "x=0",
        "x=0",
        "x=6",
        "x=2",
        "x=3",
        "x=7",
        "x=5",
        "x=6",
        "x=8",
        "x=6",
        "x=9"
      ],
      "type": [
        "tuple",
        [
          "string",
          "string",
          "string",
          "string",
          "string",
          "string",
          "string",
          "string",
          "string",
          "string",
          "string",
          "string",
          "string",
          "string",
          "string",
          "string",
          "string",
          "string",
          "string",
          "string",
          "string",
          "string",
          "string",
          "string",
          "string",
          "string",
          "string",
          "string",
          "string",
          "string",
          "string",
          "string",
          "string",
          "string",
          "string",
          "string",
          "string",
          "string",
          "string",
          "string",
          "string",
          "string",
          "string",
          "string",
          "string",
          "string",
          "string",
          "string",
          "string",
          "string",
          "string",
          "string",
          "string",
          "string",
          "string",
          "string",
          "string",
          "string",
          "string",
          "string",
          "string",
          "string",
          "string",
          "string",
          "string",
          "string",
          "string",
          "string",
          "string",
          "string",
          "string",
          "string",
          "string",
          "string",
          "string",
          "string",
          "string",
          "string",
          "string",
          "string",
          "string",
          "string",
          "string",
          "string",
          "string",
          "string",
          "string",
          "string",
          "string",
          "string",
          "string",
          "string",
          "string",
          "string",
          "string",
          "string",
          "string",
          "string",
          "string",
          "string",
          "string",
          "string",
          "string",
          "string",
          "string",
          "string",
          "string",
          "string",
          "string",
          "string",
          "string",
          "string",
          "string",
          "string",
          "string",
          "string",
          "string",
          "string",
          "string",
          "string",
          "string",
          "string",
          "string",
          "string",
          "string",
          "string",
          "string",
          "string",
          "string",
          "string",
          "string",
          "string",
          "string",
          "string",
          "string",
          "string",
          "string",
          "string",
          "string",
          "string",
          "string",
          "string",
          "string",
          "string",
          "string",
          "string",
          "string",
          "string",
          "string",
          "string",
          "string",
          "string",
          "string",
          "string",
          "string",
          "string",
          "string",
          "string",
          "string",
          "string",
          "string",
          "string",
          "string",
          "string",
          "string",
          "string",
          "string",
          "string",
          "string",
          "string",
          "string",
          "string",
          "string",
          "string",
          "string",
          "string",
          "string",
          "string",
          "string",
          "string",
          "string",
          "string",
          "string",
          "string",
          "string",
          "string",
          "string",
          "string",
          "string",
          "string",
          "string",
          "string",
          "string",
          "string",
          "string",
          "string",
          "string",
          "string",
          "string",
          "string",
          "string",
          "string",
          "string",
          "string",
          "string",
          "string",
          "string",
          "string",
          "string",
          "string",
          "string",
          "string",
          "string",
          "string",
          "string",
          "string",
          "string",
          "string",
          "string",
          "string",
          "string",
          "string",
          "string",
          "string",
          "string",
          "string",
          "string",
          "string",
          "string",
          "string",
          "string",
          "string",
          "string",
          "string",
          "string",
          "string",
          "string",
          "string",
          "string",
          "string",
          "string",
          "string",
          "string",
          "string",
          "string",
          "string",
          "string",
          "string",
          "string",
          "string",
          "string",
          "string",
          "string",
          "string",
          "string",
          "string",
          "string",
          "string",
          "string",
          "string",
          "string",
          "string",
          "string",
          "string",
          "string",
          "string",
          "string",
          "string",
          "string",
          "string",
          "string",
          "string",
          "string",
          "string",
          "string",
          "string",
          "string",
          "string",
          "string",
          "string",
          "string",
          "string",
          "string",
          "string",
          "string",
          "string",
          "string",
          "string",
          "string",
          "string",
          "string",
          "string",
          "string",
          "string",
          "string",
          "string",
          "string",
          "string",
          "string",
          "string",
          "string",
          "string",
          "string",
          "string",
          "string",
          "string",
          "string",
          "string",
          "string",
          "string",
          "string",
          "string",
          "string",
          "string",
          "string",
          "string",
          "string",
          "string",
          "string",
          "string",
          "string",
          "string",
          "string",
          "string",
          "string",
          "string",
          "string",
          "string",
          "string",
          "string",
          "string",
          "string",
          "string",
          "string",
          "string",
          "string",
          "string",
          "string",
          "string",
          "string",
          "string",
          "string",
          "string",
          "string",
          "string",
          "string",
          "string",
          "string",
          "string",
          "string",
          "string",
          "string",
          "string",
          "string",
          "string",
          "string",
          "string",
          "string",
          "string",
          "string",
          "string",
          "string",
          "string",
          "string",
          "string",
          "string",
          "string",
          "string",
          "string",
          "string",
          "string",
          "string",
          "string",
          "string",
          "string",
          "string",
          "string",
          "string",
          "string",
          "string",
          "string",
          "string",
          "string",
          "string",
          "string",
          "string",
          "string",
          "string",
          "string",
          "string",
          "string",
          "string",
          "string",
          "string",
          "string",
          "string",
          "string",
          "string",
          "string",
          "string",
          "string",
          "string",
          "string",
          "string",
          "string",
          "string",
          "string",
          "string",
          "string",
          "string",
          "string",
          "string",
          "string",
          "string",
          "string",
          "string",
          "string",
          "string",
          "string",
          "string",
          "string",
          "string",
          "string",
          "string",
          "string",
          "string",
          "string",
          "string",
          "string",
          "string",
          "string",
          "string",
          "string",
          "string",
          "string",
          "string",
          "string",
          "string",
          "string",
          "string",
          "string",
          "string",
          "string",
          "string",
          "string",
          "string",
          "string",
          "string",
          "string",
          "string",
          "string",
          "string",
          "string",
          "string",
          "string",
          "string",
          "string",
          "string",
          "string",
          "string",
          "string",
          "string",
          "string",
          "string",
          "string",
          "string",
          "string",
          "string",
          "string",
          "string",
          "string",
          "string",
          "string",
          "string",
          "string",
          "string",
          "string",
          "string",
          "string",
          "string",
          "string",
          "string",
          "string",
          "string",
          "string",
          "string",
          "string",
          "string",
          "string",
          "string",
          "string",
          "string",
          "string",
          "string",
          "string",
          "string",
          "string",
          "string",
          "string",
          "string",
          "string",
          "string",
          "string",
          "string",
          "string",
          "string",
          "string",
          "string",
          "string",
          "string",
          "string",
          "string",
          "string",
          "string",
          "string",
          "string",
          "string",
          "string",
          "string",
          "string",
          "string",
          "string",
          "string",
          "string",
          "string",
          "string",
          "string",
          "string",
          "string",
          "string",
          "string",
          "string",
          "string",
          "string",
          "string",
          "string",
          "string",
          "string",
          "string",
          "string",
          "string",
          "string",
          "string",
          "string",
          "string",
          "string",
          "string",
          "string",
          "string",
          "string",
          "string",
          "string",
          "string",
          "string",
          "string",
          "string",
          "string",
          "string",
          "string",
          "string",
          "string",
          "string",
          "string",
          "string",
          "string",
          "string",
          "string",
          "string",
          "string",
          "string",
          "string",
          "string",
          "string",
          "string",
          "string",
          "string",
          "string",
          "string",
          "string",
          "string",
          "string",
          "string",
          "string",
          "string",
          "string",
          "string",
          "string",
          "string",
          "string",
          "string",
          "string",
          "string",
          "string",
          "string",
          "string",
          "string",
          "string",
          "string",
          "string",
          "string",
          "string",
          "string",
          "string",
          "string",
          "string",
          "string",
          "string",
          "string",
          "string",
          "string",
          "string",
          "string",
          "string",
          "string",
          "string",
          "string",
          "string",
          "string",
          "string",
          "string",
          "string",
          "string",
          "string",
          "string",
          "string",
          "string",
          "string",
          "string",
          "string",
          "string",
          "string",
          "string",
          "string",
          "string",
          "string",
          "string",
          "string",
          "string",
          "string",
          "string",
          "string",
          "string",
          "string",
          "string",
          "string",
          "string",
          "string",
          "string",
          "string",
          "string",
          "string",
          "string",
          "string",
          "string",
          "string",
          "string",
          "string",
          "string",
          "string",
          "string",
          "string",
          "string",
          "string",
          "string",
          "string",
          "string",
          "string",
          "string",
          "string",
          "string",
          "string",
          "string",
          "string",
          "string",
          "string",
          "string",
          "string",
          "string",
          "string",
          "string",
          "string",
          "string",
          "string",
          "string",
          "string",
          "string",
          "string",
          "string",
          "string",
          "string",
          "string",
          "string",
          "string",
          "string",
          "string",
          "string",
          "string",
          "string",
          "string",
          "string",
          "string",
          "string",
          "string",
          "string",
          "string",
          "string",
          "string",
          "string",
          "string",
          "string",
          "string",
          "string",
          "string",
          "string",
          "string",
          "string",
          "string",
          "string",
          "string",
          "string",
          "string",
          "string",
          "string",
          "string",
          "string",
          "string",
          "string",
          "string",
          "string",
          "string",
          "string",
          "string",
          "string",
          "string",
          "string",
          "string",
          "string",
          "string",
          "string",
          "string",
          "string",
          "string",
          "string",
          "string",
          "string",
          "string",
          "string",
          "string",
          "string",
          "string",
          "string",
          "string",
          "string",
          "string",
          "string",
          "string",
          "string",
          "string",
          "string",
          "string",
          "string",
          "string",
          "string",
          "string",
          "string",
          "string",
          "string",
          "string",
          "string",
          "string",
          "string",
          "string",
          "string",
          "string",
          "string",
          "string",
          "string",
          "string",
          "string",
          "string",
          "string",
          "string",
          "string",
          "string",
          "string",
          "string",
          "string",
          "string",
          "string",
          "string",
          "string",
          "string",
          "string",
          "string",
          "string",
          "string",
          "string",
          "string",
          "string",
          "string",
          "string",
          "string",
          "string",
          "string",
          "string",
          "string",
          "string",
          "string",
          "string",
          "string",
          "string",
          "string",
          "string",
          "string",
          "string",
          "string",
          "string",
          "string",
          "string",
          "string",
          "string",
          "string",
          "string",
          "string",
          "string",
          "string",
          "string",
          "string",
          "string",
          "string",
          "string",
          "string",
          "string",
          "string",
          "string",
          "string",
          "string",
          "string",
          "string",
          "string",
          "string",
          "string",
          "string",
          "string",
          "string",
          "string",
          "string",
          "string",
          "string",
          "string",
          "string",
          "string",
          "string",
          "string",
          "string",
          "string",
          "string",
          "string",
          "string",
          "string",
          "string",
          "string",
          "string",
          "string",
          "string",
          "string",
          "string",
          "string",
          "string",
          "string",
          "string",
          "string",
          "string",
          "string",
          "string",
          "string",
          "string",
          "string",
          "string",
          "string",
          "string",
          "string",
          "string",
          "string",
          "string",
          "string",
          "string",
          "string",
          "string",
          "string",
          "string",
          "string",
          "string",
          "string",
          "string",
          "string",
          "string",
          "string",
          "string",
          "string",
          "string",
          "string",
          "string",
          "string",
          "string",
          "string",
          "string",
          "string",
          "string",
          "string",
          "string",
          "string",
          "string",
          "string",
          "string",
          "string",
          "string",
          "string",
          "string",
          "string",
          "string",
          "string",
          "string",
          "string",
          "string",
          "string",
          "string",
          "string",
          "string",
          "string",
          "string",
          "string",
          "string",
          "string",
          "string",
          "string",
          "string",
          "string",
          "string",
          "string",
          "string",
          "string",
          "string",
          "string",
          "string",
          "string",
          "string",
          "string",
          "string",
          "string",
          "string",
          "string",
          "string",
          "string",
          "string",
          "string",
          "string",
          "string",
          "string",
          "string",
          "string",
          "string",
          "string",
          "string",
          "string",
          "string",
          "string",
          "string",
          "string",
          "string",
          "string",
          "string",
          "string",
          "string",
          "string",
          "string",
          "string",
          "string",
          "string",
          "string",
          "string",
          "string",
          "string",
          "string",
          "string",
          "string",
          "string",
          "string",
          "string",
          "string",
          "string",
          "string",
          "string",
          "string",
          "string",
          "string",
          "string",
          "string",
          "string",
          "string"
        ]
      ]
    }
  },
  "resources": [
    {
      "mode": "managed",
      "type": "random_id",
      "name": "index",
      "each": "list",
      "provider": "provider.random",
      "instances": [
        {
          "index_key": 0,
          "schema_version": 0,
          "attributes": {
            "b64": "uCe_",
            "b64_std": "uCe/",
            "b64_url": "uCe_",
            "byte_length": 3,
            "dec": "12068799",
            "hex": "b827bf",
            "id": "uCe_",
            "keepers": {
              "force": "c266316b-dce6-953a-7ff1-4677273231a3"
            },
            "prefix": null
          },
          "private": "bnVsbA=="
        },
        {
          "index_key": 1,
          "schema_version": 0,
          "attributes": {
            "b64": "aeS2",
            "b64_std": "aeS2",
            "b64_url": "aeS2",
            "byte_length": 3,
            "dec": "6939830",
            "hex": "69e4b6",
            "id": "aeS2",
            "keepers": {
              "force": "f1e62f0c-c7b7-d3a4-ebfc-0088e731f15e"
            },
            "prefix": null
          },
          "private": "bnVsbA=="
        },
        {
          "index_key": 2,
          "schema_version": 0,
          "attributes": {
            "b64": "bzkF",
            "b64_std": "bzkF",
            "b64_url": "bzkF",
            "byte_length": 3,
            "dec": "7289093",
            "hex": "6f3905",
            "id": "bzkF",
            "keepers": {
              "force": "ca581212-31fa-f0d6-183f-b9c15facd072"
            },
            "prefix": null
          },
          "private": "bnVsbA=="
        },
        {
          "index_key": 3,
          "schema_version": 0,
          "attributes": {
            "b64": "pnK_",
            "b64_std": "pnK/",
            "b64_url": "pnK_",
            "byte_length": 3,
            "dec": "10908351",
            "hex": "a672bf",
            "id": "pnK_",
            "keepers": {
              "force": "6f444a6d-d0f7-024d-5d9e-d1ef83724458"
            },
            "prefix": null
          },
          "private": "bnVsbA=="
        },
        {
          "index_key": 4,
          "schema_version": 0,
          "attributes": {
            "b64": "67I-",
            "b64_std": "67I+",
            "b64_url": "67I-",
            "byte_length": 3,
            "dec": "15446590",
            "hex": "ebb23e",
            "id": "67I-",
            "keepers": {
              "force": "c9a6e9d5-0afd-24bc-958f-6b2f61bb7905"
            },
            "prefix": null
          },
          "private": "bnVsbA=="
        },
        {
          "index_key": 5,
          "schema_version": 0,
          "attributes": {
            "b64": "bvpR",
            "b64_std": "bvpR",
            "b64_url": "bvpR",
            "byte_length": 3,
            "dec": "7273041",
            "hex": "6efa51",
            "id": "bvpR",
            "keepers": {
              "force": "de46d5c8-16d2-4f9e-450e-79f4334d89ca"
            },
            "prefix": null
          },
          "private": "bnVsbA=="
        },
        {
          "index_key": 6,
          "schema_version": 0,
          "attributes": {
            "b64": "DeYs",
            "b64_std": "DeYs",
            "b64_url": "DeYs",
            "byte_length": 3,
            "dec": "910892",
            "hex": "0de62c",
            "id": "DeYs",
            "keepers": {
              "force": "a1379ad8-d583-17bd-eef2-d334022a7287"
            },
            "prefix": null
          },
          "private": "bnVsbA=="
        },
        {
          "index_key": 7,
          "schema_version": 0,
          "attributes": {
            "b64": "Ya5M",
            "b64_std": "Ya5M",
            "b64_url": "Ya5M",
            "byte_length": 3,
            "dec": "6401612",
            "hex": "61ae4c",
            "id": "Ya5M",
            "keepers": {
              "force": "84efc1d3-c68f-3cd7-d252-3fc9d0591b7b"
            },
            "prefix": null
          },
          "private": "bnVsbA=="
        },
        {
          "index_key": 8,
          "schema_version": 0,
          "attributes": {
            "b64": "aXKu",
            "b64_std": "aXKu",
            "b64_url": "aXKu",
            "byte_length": 3,
            "dec": "6910638",
            "hex": "6972ae",
            "id": "aXKu",
            "keepers": {
              "force": "3b85778d-fb04-a05f-b106-1fb54dd300bb"
            },
            "prefix": null
          },
          "private": "bnVsbA=="
        },
        {
          "index_key": 9,
          "schema_version": 0,
          "attributes": {
            "b64": "SLEJ",
            "b64_std": "SLEJ",
            "b64_url": "SLEJ",
            "byte_length": 3,
            "dec": "4763913",
            "hex": "48b109",
            "id": "SLEJ",
            "keepers": {
              "force": "b32dbac6-a259-909e-0f0e-aee22e877777"
            },
            "prefix": null
          },
          "private": "bnVsbA=="
        },
        {
          "index_key": 10,
          "schema_version": 0,
          "attributes": {
            "b64": "fdtX",
            "b64_std": "fdtX",
            "b64_url": "fdtX",
            "byte_length": 3,
            "dec": "8248151",
            "hex": "7ddb57",
            "id": "fdtX",
            "keepers": {
              "force": "189cfb4d-0b60-a254-50c6-77a9b99a57af"
            },
            "prefix": null
          },
          "private": "bnVsbA=="
        },
        {
          "index_key": 11,
          "schema_version": 0,
          "attributes": {
            "b64": "WeZj",
            "b64_std": "WeZj",
            "b64_url": "WeZj",
            "byte_length": 3,
            "dec": "5891683",
            "hex": "59e663",
            "id": "WeZj",
            "keepers": {
              "force": "a3b9ace0-9e3b-ec33-7a0c-890b8039c595"
            },
            "prefix": null
          },
          "private": "bnVsbA=="
        },
        {
          "index_key": 12,
          "schema_version": 0,
          "attributes": {
            "b64": "GlkE",
            "b64_std": "GlkE",
            "b64_url": "GlkE",
            "byte_length": 3,
            "dec": "1726724",
            "hex": "1a5904",
            "id": "GlkE",
            "keepers": {
              "force": "c153a111-b927-6977-2b98-973f7440d0aa"
            },
            "prefix": null
          },
          "private": "bnVsbA=="
        },
        {
          "index_key": 13,
          "schema_version": 0,
          "attributes": {
            "b64": "3C6-",
            "b64_std": "3C6+",
            "b64_url": "3C6-",
            "byte_length": 3,
            "dec": "14429886",
            "hex": "dc2ebe",
            "id": "3C6-",
            "keepers": {
              "force": "ab8d054e-45c9-76d5-9dd7-1250ee60c6c4"
            },
            "prefix": null
          },
          "private": "bnVsbA=="
        },
        {
          "index_key": 14,
          "schema_version": 0,
          "attributes": {
            "b64": "oRwc",
            "b64_std": "oRwc",
            "b64_url": "oRwc",
            "byte_length": 3,
            "dec": "10558492",
            "hex": "a11c1c",
            "id": "oRwc",
            "keepers": {
              "force": "ffaeb61e-5728-4fbd-d852-0edc576d688e"
            },
            "prefix": null
          },
          "private": "bnVsbA=="
        },
        {
          "index_key": 15,
          "schema_version": 0,
          "attributes": {
            "b64": "FJuf",
            "b64_std": "FJuf",
            "b64_url": "FJuf",
            "byte_length": 3,
            "dec": "1350559",
            "hex": "149b9f",
            "id": "FJuf",
            "keepers": {
              "force": "9130640e-fdf7-a8c0-e774-9dd3dcba5213"
            },
            "prefix": null
          },
          "private": "bnVsbA=="
        },
        {
          "index_key": 16,
          "schema_version": 0,
          "attributes": {
            "b64": "qUJC",
            "b64_std": "qUJC",
            "b64_url": "qUJC",
            "byte_length": 3,
            "dec": "11092546",
            "hex": "a94242",
            "id": "qUJC",
            "keepers": {
              "force": "7cb61aa8-8dfd-cbc2-6b7b-6b4485a47294"
            },
            "prefix": null
          },
          "private": "bnVsbA=="
        },
        {
          "index_key": 17,
          "schema_version": 0,
          "attributes": {
            "b64": "7of_",
            "b64_std": "7of/",
            "b64_url": "7of_",
            "byte_length": 3,
            "dec": "15632383",
            "hex": "ee87ff",
            "id": "7of_",
            "keepers": {
              "force": "dfeefb87-a9cf-391a-a295-201acba6776b"
            },
            "prefix": null
          },
          "private": "bnVsbA=="
        },
        {
          "index_key": 18,
          "schema_version": 0,
          "attributes": {
            "b64": "D9rc",
            "b64_std": "D9rc",
            "b64_url": "D9rc",
            "byte_length": 3,
            "dec": "1039068",
            "hex": "0fdadc",
            "id": "D9rc",
            "keepers": {
              "force": "211c3a59-49c2-6c5b-4568-73d922a5e70c"
            },
            "prefix": null
          },
          "private": "bnVsbA=="
        },
        {
          "index_key": 19,
          "schema_version": 0,
          "attributes": {
            "b64": "Eif5",
            "b64_std": "Eif5",
            "b64_url": "Eif5",
            "byte_length": 3,
            "dec": "1189881",
            "hex": "1227f9",
            "id": "Eif5",
            "keepers": {
              "force": "2b281cee-0a47-d21e-36a3-d254508c09a6"
            },
            "prefix": null
          },
          "private": "bnVsbA=="
        },
        {
          "index_key": 20,
          "schema_version": 0,
          "attributes": {
            "b64": "srJs",
            "b64_std": "srJs",
            "b64_url": "srJs",
            "byte_length": 3,
            "dec": "11711084",
            "hex": "b2b26c",
            "id": "srJs",
            "keepers": {
              "force": "3a74decf-e59a-4e85-6495-569282c1eb18"
            },
            "prefix": null
          },
          "private": "bnVsbA=="
        },
        {
          "index_key": 21,
          "schema_version": 0,
          "attributes": {
            "b64": "qY3Q",
            "b64_std": "qY3Q",
            "b64_url": "qY3Q",
            "byte_length": 3,
            "dec": "11111888",
            "hex": "a98dd0",
            "id": "qY3Q",
            "keepers": {
              "force": "04f0e5a6-44eb-5481-307f-b7d30bf69a14"
            },
            "prefix": null
          },
          "private": "bnVsbA=="
        },
        {
          "index_key": 22,
          "schema_version": 0,
          "attributes": {
            "b64": "BOfC",
            "b64_std": "BOfC",
            "b64_url": "BOfC",
            "byte_length": 3,
            "dec": "321474",
            "hex": "04e7c2",
            "id": "BOfC",
            "keepers": {
              "force": "d0e8cdfc-af62-2898-7523-e257ae389048"
            },
            "prefix": null
          },
          "private": "bnVsbA=="
        },
        {
          "index_key": 23,
          "schema_version": 0,
          "attributes": {
            "b64": "DJmp",
            "b64_std": "DJmp",
            "b64_url": "DJmp",
            "byte_length": 3,
            "dec": "825769",
            "hex": "0c99a9",
            "id": "DJmp",
            "keepers": {
              "force": "c232f7b7-2f3c-645c-f083-1def03eca1a6"
            },
            "prefix": null
          },
          "private": "bnVsbA=="
        },
        {
          "index_key": 24,
          "schema_version": 0,
          "attributes": {
            "b64": "K95u",
            "b64_std": "K95u",
            "b64_url": "K95u",
            "byte_length": 3,
            "dec": "2874990",
            "hex": "2bde6e",
            "id": "K95u",
            "keepers": {
              "force": "15b9d22c-8c39-f6a3-bdfd-6e12d28ad30e"
            },
            "prefix": null
          },
          "private": "bnVsbA=="
        },
        {
          "index_key": 25,
          "schema_version": 0,
          "attributes": {
            "b64": "zjTg",
            "b64_std": "zjTg",
            "b64_url": "zjTg",
            "byte_length": 3,
            "dec": "13513952",
            "hex": "ce34e0",
            "id": "zjTg",
            "keepers": {
              "force": "68b9842a-5e1f-da19-1f86-c21b51dca5db"
            },
            "prefix": null
          },
          "private": "bnVsbA=="
        },
        {
          "index_key": 26,
          "schema_version": 0,
          "attributes": {
            "b64": "01FC",
            "b64_std": "01FC",
            "b64_url": "01FC",
            "byte_length": 3,
            "dec": "13848898",
            "hex": "d35142",
            "id": "01FC",
            "keepers": {
              "force": "b63a3c59-74f9-f63c-ad36-c73af8b71a01"
            },
            "prefix": null
          },
          "private": "bnVsbA=="
        },
        {
          "index_key": 27,
          "schema_version": 0,
          "attributes": {
            "b64": "ZgbF",
            "b64_std": "ZgbF",
            "b64_url": "ZgbF",
            "byte_length": 3,
            "dec": "6686405",
            "hex": "6606c5",
            "id": "ZgbF",
            "keepers": {
              "force": "d4035f3a-2f09-8b55-baa2-ab67544d9a6f"
            },
            "prefix": null
          },
          "private": "bnVsbA=="
        },
        {
          "index_key": 28,
          "schema_version": 0,
          "attributes": {
            "b64": "uXXc",
            "b64_std": "uXXc",
            "b64_url": "uXXc",
            "byte_length": 3,
            "dec": "12154332",
            "hex": "b975dc",
            "id": "uXXc",
            "keepers": {
              "force": "769bf654-0128-b5a5-078d-4812d6fda791"
            },
            "prefix": null
          },
          "private": "bnVsbA=="
        },
        {
          "index_key": 29,
          "schema_version": 0,
          "attributes": {
            "b64": "MBu-",
            "b64_std": "MBu+",
            "b64_url": "MBu-",
            "byte_length": 3,
            "dec": "3152830",
            "hex": "301bbe",
            "id": "MBu-",
            "keepers": {
              "force": "cf3745c0-fd35-0d14-6265-81ce8f91947a"
            },
            "prefix": null
          },
          "private": "bnVsbA=="
        },
        {
          "index_key": 30,
          "schema_version": 0,
          "attributes": {
            "b64": "oqKH",
            "b64_std": "oqKH",
            "b64_url": "oqKH",
            "byte_length": 3,
            "dec": "10658439",
            "hex": "a2a287",
            "id": "oqKH",
            "keepers": {
              "force": "e0271277-77a0-ba2f-1551-46b394cec2e9"
            },
            "prefix": null
          },
          "private": "bnVsbA=="
        },
        {
          "index_key": 31,
          "schema_version": 0,
          "attributes": {
            "b64": "2f_E",
            "b64_std": "2f/E",
            "b64_url": "2f_E",
            "byte_length": 3,
            "dec": "14286788",
            "hex": "d9ffc4",
            "id": "2f_E",
            "keepers": {
              "force": "6cb9501a-ee78-5c16-9119-e97f9cf71107"
            },
            "prefix": null
          },
          "private": "bnVsbA=="
        },
        {
          "index_key": 32,
          "schema_version": 0,
          "attributes": {
            "b64": "DVFV",
            "b64_std": "DVFV",
            "b64_url": "DVFV",
            "byte_length": 3,
            "dec": "872789",
            "hex": "0d5155",
            "id": "DVFV",
            "keepers": {
              "force": "1174b107-b66d-734a-04dd-b9e1ccbce645"
            },
            "prefix": null
          },
          "private": "bnVsbA=="
        },
        {
          "index_key": 33,
          "schema_version": 0,
          "attributes": {
            "b64": "UlkO",
            "b64_std": "UlkO",
            "b64_url": "UlkO",
            "byte_length": 3,
            "dec": "5396750",
            "hex": "52590e",
            "id": "UlkO",
            "keepers": {
              "force": "c320b841-e668-33b2-5c28-e0a33302a812"
            },
            "prefix": null
          },
          "private": "bnVsbA=="
        },
        {
          "index_key": 34,
          "schema_version": 0,
          "attributes": {
            "b64": "XMlV",
            "b64_std": "XMlV",
            "b64_url": "XMlV",
            "byte_length": 3,
            "dec": "6080853",
            "hex": "5cc955",
            "id": "XMlV",
            "keepers": {
              "force": "dd56c9b6-819d-c53f-16ab-1adc409dc2ce"
            },
            "prefix": null
          },
          "private": "bnVsbA=="
        },
        {
          "index_key": 35,
          "schema_version": 0,
          "attributes": {
            "b64": "x0dH",
            "b64_std": "x0dH",
            "b64_url": "x0dH",
            "byte_length": 3,
            "dec": "13059911",
            "hex": "c74747",
            "id": "x0dH",
            "keepers": {
              "force": "5818e0e4-ff8e-acf3-40bf-9b2fa6078a5d"
            },
            "prefix": null
          },
          "private": "bnVsbA=="
        },
        {
          "index_key": 36,
          "schema_version": 0,
          "attributes": {
            "b64": "AHnv",
            "b64_std": "AHnv",
            "b64_url": "AHnv",
            "byte_length": 3,
            "dec": "31215",
            "hex": "0079ef",
            "id": "AHnv",
            "keepers": {
              "force": "f2ab796c-5a2e-0ff7-d19e-e6734078754f"
            },
            "prefix": null
          },
          "private": "bnVsbA=="
        },
        {
          "index_key": 37,
          "schema_version": 0,
          "attributes": {
            "b64": "mkql",
            "b64_std": "mkql",
            "b64_url": "mkql",
            "byte_length": 3,
            "dec": "10111653",
            "hex": "9a4aa5",
            "id": "mkql",
            "keepers": {
              "force": "eab9e388-34b1-443b-40c7-c00454af19b6"
            },
            "prefix": null
          },
          "private": "bnVsbA=="
        },
        {
          "index_key": 38,
          "schema_version": 0,
          "attributes": {
            "b64": "fL6B",
            "b64_std": "fL6B",
            "b64_url": "fL6B",
            "byte_length": 3,
            "dec": "8175233",
            "hex": "7cbe81",
            "id": "fL6B",
            "keepers": {
              "force": "ab94e59f-78e1-17a3-0325-e01f7293488d"
            },
            "prefix": null
          },
          "private": "bnVsbA=="
        },
        {
          "index_key": 39,
          "schema_version": 0,
          "attributes": {
            "b64": "HxiC",
            "b64_std": "HxiC",
            "b64_url": "HxiC",
            "byte_length": 3,
            "dec": "2037890",
            "hex": "1f1882",
            "id": "HxiC",
            "keepers": {
              "force": "72dad473-07b4-cc8c-b14b-6a76bbe129af"
            },
            "prefix": null
          },
          "private": "bnVsbA=="
        },
        {
          "index_key": 40,
          "schema_version": 0,
          "attributes": {
            "b64": "0Kb_",
            "b64_std": "0Kb/",
            "b64_url": "0Kb_",
            "byte_length": 3,
            "dec": "13674239",
            "hex": "d0a6ff",
            "id": "0Kb_",
            "keepers": {
              "force": "84b299c2-da7a-dc4f-901a-a90a5a872d37"
            },
            "prefix": null
          },
          "private": "bnVsbA=="
        },
        {
          "index_key": 41,
          "schema_version": 0,
          "attributes": {
            "b64": "tVFq",
            "b64_std": "tVFq",
            "b64_url": "tVFq",
            "byte_length": 3,
            "dec": "11882858",
            "hex": "b5516a",
            "id": "tVFq",
            "keepers": {
              "force": "f880b907-733e-4974-9553-ad1ccf06604d"
            },
            "prefix": null
          },
          "private": "bnVsbA=="
        },
        {
          "index_key": 42,
          "schema_version": 0,
          "attributes": {
            "b64": "5iWd",
            "b64_std": "5iWd",
            "b64_url": "5iWd",
            "byte_length": 3,
            "dec": "15082909",
            "hex": "e6259d",
            "id": "5iWd",
            "keepers": {
              "force": "15a35562-e7e1-1b10-7138-0a6775ae939f"
            },
            "prefix": null
          },
          "private": "bnVsbA=="
        },
        {
          "index_key": 43,
          "schema_version": 0,
          "attributes": {
            "b64": "Rt5b",
            "b64_std": "Rt5b",
            "b64_url": "Rt5b",
            "byte_length": 3,
            "dec": "4644443",
            "hex": "46de5b",
            "id": "Rt5b",
            "keepers": {
              "force": "09040d09-9c66-f72c-486b-4c9a1f45ace4"
            },
            "prefix": null
          },
          "private": "bnVsbA=="
        },
        {
          "index_key": 44,
          "schema_version": 0,
          "attributes": {
            "b64": "WjTI",
            "b64_std": "WjTI",
            "b64_url": "WjTI",
            "byte_length": 3,
            "dec": "5911752",
            "hex": "5a34c8",
            "id": "WjTI",
            "keepers": {
              "force": "e41400fb-05a0-8c94-6475-f1164d747a9c"
            },
            "prefix": null
          },
          "private": "bnVsbA=="
        },
        {
          "index_key": 45,
          "schema_version": 0,
          "attributes": {
            "b64": "pxMP",
            "b64_std": "pxMP",
            "b64_url": "pxMP",
            "byte_length": 3,
            "dec": "10949391",
            "hex": "a7130f",
            "id": "pxMP",
            "keepers": {
              "force": "496fb0a3-c47b-5694-b671-dc5af8832620"
            },
            "prefix": null
          },
          "private": "bnVsbA=="
        },
        {
          "index_key": 46,
          "schema_version": 0,
          "attributes": {
            "b64": "JY_b",
            "b64_std": "JY/b",
            "b64_url": "JY_b",
            "byte_length": 3,
            "dec": "2461659",
            "hex": "258fdb",
            "id": "JY_b",
            "keepers": {
              "force": "7f0c6bce-85b6-520c-34ce-3a57f6e08b05"
            },
            "prefix": null
          },
          "private": "bnVsbA=="
        },
        {
          "index_key": 47,
          "schema_version": 0,
          "attributes": {
            "b64": "6CfK",
            "b64_std": "6CfK",
            "b64_url": "6CfK",
            "byte_length": 3,
            "dec": "15214538",
            "hex": "e827ca",
            "id": "6CfK",
            "keepers": {
              "force": "dc2fc50d-0771-83b0-9883-8409759193be"
            },
            "prefix": null
          },
          "private": "bnVsbA=="
        },
        {
          "index_key": 48,
          "schema_version": 0,
          "attributes": {
            "b64": "FgW4",
            "b64_std": "FgW4",
            "b64_url": "FgW4",
            "byte_length": 3,
            "dec": "1443256",
            "hex": "1605b8",
            "id": "FgW4",
            "keepers": {
              "force": "7354ad28-a649-b67d-773f-2a67ac838411"
            },
            "prefix": null
          },
          "private": "bnVsbA=="
        },
        {
          "index_key": 49,
          "schema_version": 0,
          "attributes": {
            "b64": "7llP",
            "b64_std": "7llP",
            "b64_url": "7llP",
            "byte_length": 3,
            "dec": "15620431",
            "hex": "ee594f",
            "id": "7llP",
            "keepers": {
              "force": "78899218-ce8e-1c99-83da-2f8dc2f7393d"
            },
            "prefix": null
          },
          "private": "bnVsbA=="
        },
        {
          "index_key": 50,
          "schema_version": 0,
          "attributes": {
            "b64": "gFqh",
            "b64_std": "gFqh",
            "b64_url": "gFqh",
            "byte_length": 3,
            "dec": "8411809",
            "hex": "805aa1",
            "id": "gFqh",
            "keepers": {
              "force": "0fd318d7-e09e-7c03-2723-498b94c5a432"
            },
            "prefix": null
          },
          "private": "bnVsbA=="
        },
        {
          "index_key": 51,
          "schema_version": 0,
          "attributes": {
            "b64": "zsH3",
            "b64_std": "zsH3",
            "b64_url": "zsH3",
            "byte_length": 3,
            "dec": "13550071",
            "hex": "cec1f7",
            "id": "zsH3",
            "keepers": {
              "force": "52d25e01-3045-7feb-e0cf-65ad55210bf1"
            },
            "prefix": null
          },
          "private": "bnVsbA=="
        },
        {
          "index_key": 52,
          "schema_version": 0,
          "attributes": {
            "b64": "WxqB",
            "b64_std": "WxqB",
            "b64_url": "WxqB",
            "byte_length": 3,
            "dec": "5970561",
            "hex": "5b1a81",
            "id": "WxqB",
            "keepers": {
              "force": "3ed339cf-666e-d534-f672-053e25a6026f"
            },
            "prefix": null
          },
          "private": "bnVsbA=="
        },
        {
          "index_key": 53,
          "schema_version": 0,
          "attributes": {
            "b64": "Ppqg",
            "b64_std": "Ppqg",
            "b64_url": "Ppqg",
            "byte_length": 3,
            "dec": "4102816",
            "hex": "3e9aa0",
            "id": "Ppqg",
            "keepers": {
              "force": "f701a701-6813-bb08-6ab9-dd1745cc9d2a"
            },
            "prefix": null
          },
          "private": "bnVsbA=="
        },
        {
          "index_key": 54,
          "schema_version": 0,
          "attributes": {
            "b64": "yscf",
            "b64_std": "yscf",
            "b64_url": "yscf",
            "byte_length": 3,
            "dec": "13289247",
            "hex": "cac71f",
            "id": "yscf",
            "keepers": {
              "force": "3c21fe6b-853c-9929-5703-be93942153da"
            },
            "prefix": null
          },
          "private": "bnVsbA=="
        },
        {
          "index_key": 55,
          "schema_version": 0,
          "attributes": {
            "b64": "ZQux",
            "b64_std": "ZQux",
            "b64_url": "ZQux",
            "byte_length": 3,
            "dec": "6622129",
            "hex": "650bb1",
            "id": "ZQux",
            "keepers": {
              "force": "21b54bef-82ff-8bd2-0ba2-2c92cd0786d6"
            },
            "prefix": null
          },
          "private": "bnVsbA=="
        },
        {
          "index_key": 56,
          "schema_version": 0,
          "attributes": {
            "b64": "HMpe",
            "b64_std": "HMpe",
            "b64_url": "HMpe",
            "byte_length": 3,
            "dec": "1886814",
            "hex": "1cca5e",
            "id": "HMpe",
            "keepers": {
              "force": "a92b9cf5-2037-3cea-6ffe-2571f1d5804e"
            },
            "prefix": null
          },
          "private": "bnVsbA=="
        },
        {
          "index_key": 57,
          "schema_version": 0,
          "attributes": {
            "b64": "RSYX",
            "b64_std": "RSYX",
            "b64_url": "RSYX",
            "byte_length": 3,
            "dec": "4531735",
            "hex": "452617",
            "id": "RSYX",
            "keepers": {
              "force": "4f01e7a5-ff1b-723b-cc38-85ce27a72521"
            },
            "prefix": null
          },
          "private": "bnVsbA=="
        },
        {
          "index_key": 58,
          "schema_version": 0,
          "attributes": {
            "b64": "bIIM",
            "b64_std": "bIIM",
            "b64_url": "bIIM",
            "byte_length": 3,
            "dec": "7111180",
            "hex": "6c820c",
            "id": "bIIM",
            "keepers": {
              "force": "999a84b4-e775-20db-5d9d-42b150ac3969"
            },
            "prefix": null
          },
          "private": "bnVsbA=="
        },
        {
          "index_key": 59,
          "schema_version": 0,
          "attributes": {
            "b64": "3YYd",
            "b64_std": "3YYd",
            "b64_url": "3YYd",
            "byte_length": 3,
            "dec": "14517789",
            "hex": "dd861d",
            "id": "3YYd",
            "keepers": {
              "force": "526ad1c6-68d9-d0ce-78b5-6a73cc776f10"
            },
            "prefix": null
          },
          "private": "bnVsbA=="
        },
        {
          "index_key": 60,
          "schema_version": 0,
          "attributes": {
            "b64": "sEqR",
            "b64_std": "sEqR",
            "b64_url": "sEqR",
            "byte_length": 3,
            "dec": "11553425",
            "hex": "b04a91",
            "id": "sEqR",
            "keepers": {
              "force": "3c029bfe-fba5-7e57-c16d-509fb81128b7"
            },
            "prefix": null
          },
          "private": "bnVsbA=="
        },
        {
          "index_key": 61,
          "schema_version": 0,
          "attributes": {
            "b64": "o8CL",
            "b64_std": "o8CL",
            "b64_url": "o8CL",
            "byte_length": 3,
            "dec": "10731659",
            "hex": "a3c08b",
            "id": "o8CL",
            "keepers": {
              "force": "e5862c39-3104-1260-3a0e-3980c2fe84f3"
            },
            "prefix": null
          },
          "private": "bnVsbA=="
        },
        {
          "index_key": 62,
          "schema_version": 0,
          "attributes": {
            "b64": "0F8V",
            "b64_std": "0F8V",
            "b64_url": "0F8V",
            "byte_length": 3,
            "dec": "13655829",
            "hex": "d05f15",
            "id": "0F8V",
            "keepers": {
              "force": "199525f7-d6a7-7594-bdff-630cd9d8bf55"
            },
            "prefix": null
          },
          "private": "bnVsbA=="
        },
        {
          "index_key": 63,
          "schema_version": 0,
          "attributes": {
            "b64": "WJcH",
            "b64_std": "WJcH",
            "b64_url": "WJcH",
            "byte_length": 3,
            "dec": "5805831",
            "hex": "589707",
            "id": "WJcH",
            "keepers": {
              "force": "ae84d1a3-e9bd-5991-b80e-1214d7abd998"
            },
            "prefix": null
          },
          "private": "bnVsbA=="
        },
        {
          "index_key": 64,
          "schema_version": 0,
          "attributes": {
            "b64": "Lexq",
            "b64_std": "Lexq",
            "b64_url": "Lexq",
            "byte_length": 3,
            "dec": "3009642",
            "hex": "2dec6a",
            "id": "Lexq",
            "keepers": {
              "force": "fadc48a8-cd06-87c8-e501-cd7907ed7ef6"
            },
            "prefix": null
          },
          "private": "bnVsbA=="
        },
        {
          "index_key": 65,
          "schema_version": 0,
          "attributes": {
            "b64": "q78A",
            "b64_std": "q78A",
            "b64_url": "q78A",
            "byte_length": 3,
            "dec": "11255552",
            "hex": "abbf00",
            "id": "q78A",
            "keepers": {
              "force": "ab334909-8453-1770-6bd8-08332273b52b"
            },
            "prefix": null
          },
          "private": "bnVsbA=="
        },
        {
          "index_key": 66,
          "schema_version": 0,
          "attributes": {
            "b64": "ZoL4",
            "b64_std": "ZoL4",
            "b64_url": "ZoL4",
            "byte_length": 3,
            "dec": "6718200",
            "hex": "6682f8",
            "id": "ZoL4",
            "keepers": {
              "force": "27940f05-ded6-916d-be7d-e8cb5711fba5"
            },
            "prefix": null
          },
          "private": "bnVsbA=="
        },
        {
          "index_key": 67,
          "schema_version": 0,
          "attributes": {
            "b64": "lb2F",
            "b64_std": "lb2F",
            "b64_url": "lb2F",
            "byte_length": 3,
            "dec": "9813381",
            "hex": "95bd85",
            "id": "lb2F",
            "keepers": {
              "force": "91010aef-2af3-f0e8-bcff-f98c26da3e0c"
            },
            "prefix": null
          },
          "private": "bnVsbA=="
        },
        {
          "index_key": 68,
          "schema_version": 0,
          "attributes": {
            "b64": "2dSs",
            "b64_std": "2dSs",
            "b64_url": "2dSs",
            "byte_length": 3,
            "dec": "14275756",
            "hex": "d9d4ac",
            "id": "2dSs",
            "keepers": {
              "force": "6f30b466-f672-00f1-2ce2-574ed9af9a27"
            },
            "prefix": null
          },
          "private": "bnVsbA=="
        },
        {
          "index_key": 69,
          "schema_version": 0,
          "attributes": {
            "b64": "T1hQ",
            "b64_std": "T1hQ",
            "b64_url": "T1hQ",
            "byte_length": 3,
            "dec": "5199952",
            "hex": "4f5850",
            "id": "T1hQ",
            "keepers": {
              "force": "911fb481-157d-35bd-b749-3c70dac6e716"
            },
            "prefix": null
          },
          "private": "bnVsbA=="
        },
        {
          "index_key": 70,
          "schema_version": 0,
          "attributes": {
            "b64": "RO-9",
            "b64_std": "RO+9",
            "b64_url": "RO-9",
            "byte_length": 3,
            "dec": "4517821",
            "hex": "44efbd",
            "id": "RO-9",
            "keepers": {
              "force": "7489f835-950d-6e42-6901-03778513b6a7"
            },
            "prefix": null
          },
          "private": "bnVsbA=="
        },
        {
          "index_key": 71,
          "schema_version": 0,
          "attributes": {
            "b64": "2eYj",
            "b64_std": "2eYj",
            "b64_url": "2eYj",
            "byte_length": 3,
            "dec": "14280227",
            "hex": "d9e623",
            "id": "2eYj",
            "keepers": {
              "force": "04b76002-5380-db1e-a382-b44c97f39414"
            },
            "prefix": null
          },
          "private": "bnVsbA=="
        },
        {
          "index_key": 72,
          "schema_version": 0,
          "attributes": {
            "b64": "pyB9",
            "b64_std": "pyB9",
            "b64_url": "pyB9",
            "byte_length": 3,
            "dec": "10952829",
            "hex": "a7207d",
            "id": "pyB9",
            "keepers": {
              "force": "78fa5e0a-a7ff-2001-ae5e-85134e5d9a1b"
            },
            "prefix": null
          },
          "private": "bnVsbA=="
        },
        {
          "index_key": 73,
          "schema_version": 0,
          "attributes": {
            "b64": "8d__",
            "b64_std": "8d//",
            "b64_url": "8d__",
            "byte_length": 3,
            "dec": "15851519",
            "hex": "f1dfff",
            "id": "8d__",
            "keepers": {
              "force": "062c7842-508a-64ce-b547-d8e501e1b8e2"
            },
            "prefix": null
          },
          "private": "bnVsbA=="
        },
        {
          "index_key": 74,
          "schema_version": 0,
          "attributes": {
            "b64": "Crlh",
            "b64_std": "Crlh",
            "b64_url": "Crlh",
            "byte_length": 3,
            "dec": "702817",
            "hex": "0ab961",
            "id": "Crlh",
            "keepers": {
              "force": "14b24dee-5489-597d-fdd9-555609a39f9f"
            },
            "prefix": null
          },
          "private": "bnVsbA=="
        },
        {
          "index_key": 75,
          "schema_version": 0,
          "attributes": {
            "b64": "bxXo",
            "b64_std": "bxXo",
            "b64_url": "bxXo",
            "byte_length": 3,
            "dec": "7280104",
            "hex": "6f15e8",
            "id": "bxXo",
            "keepers": {
              "force": "015a5d93-86cd-7917-f2f5-ef92ef3eaca4"
            },
            "prefix": null
          },
          "private": "bnVsbA=="
        },
        {
          "index_key": 76,
          "schema_version": 0,
          "attributes": {
            "b64": "YNkF",
            "b64_std": "YNkF",
            "b64_url": "YNkF",
            "byte_length": 3,
            "dec": "6347013",
            "hex": "60d905",
            "id": "YNkF",
            "keepers": {
              "force": "8e2c88e2-3303-96f6-c18d-641c36662cbe"
            },
            "prefix": null
          },
          "private": "bnVsbA=="
        },
        {
          "index_key": 77,
          "schema_version": 0,
          "attributes": {
            "b64": "pkzt",
            "b64_std": "pkzt",
            "b64_url": "pkzt",
            "byte_length": 3,
            "dec": "10898669",
            "hex": "a64ced",
            "id": "pkzt",
            "keepers": {
              "force": "50bf28de-42e4-d553-9c07-651396f0ec83"
            },
            "prefix": null
          },
          "private": "bnVsbA=="
        },
        {
          "index_key": 78,
          "schema_version": 0,
          "attributes": {
            "b64": "yAko",
            "b64_std": "yAko",
            "b64_url": "yAko",
            "byte_length": 3,
            "dec": "13109544",
            "hex": "c80928",
            "id": "yAko",
            "keepers": {
              "force": "095c6ecf-52ee-dea7-8f7b-b1eac317a277"
            },
            "prefix": null
          },
          "private": "bnVsbA=="
        },
        {
          "index_key": 79,
          "schema_version": 0,
          "attributes": {
            "b64": "wx6_",
            "b64_std": "wx6/",
            "b64_url": "wx6_",
            "byte_length": 3,
            "dec": "12787391",
            "hex": "c31ebf",
            "id": "wx6_",
            "keepers": {
              "force": "2d3135e6-d0bf-4e8f-0f5e-3dff095f6cc3"
            },
            "prefix": null
          },
          "private": "bnVsbA=="
        },
        {
          "index_key": 80,
          "schema_version": 0,
          "attributes": {
            "b64": "P7Oh",
            "b64_std": "P7Oh",
            "b64_url": "P7Oh",
            "byte_length": 3,
            "dec": "4174753",
            "hex": "3fb3a1",
            "id": "P7Oh",
            "keepers": {
              "force": "d865645e-40ac-e23b-b02d-98128762fef8"
            },
            "prefix": null
          },
          "private": "bnVsbA=="
        },
        {
          "index_key": 81,
          "schema_version": 0,
          "attributes": {
            "b64": "UO7k",
            "b64_std": "UO7k",
            "b64_url": "UO7k",
            "byte_length": 3,
            "dec": "5304036",
            "hex": "50eee4",
            "id": "UO7k",
            "keepers": {
              "force": "5708e134-6bed-f764-df0b-77e436e767df"
            },
            "prefix": null
          },
          "private": "bnVsbA=="
        },
        {
          "index_key": 82,
          "schema_version": 0,
          "attributes": {
            "b64": "1rpJ",
            "b64_std": "1rpJ",
            "b64_url": "1rpJ",
            "byte_length": 3,
            "dec": "14072393",
            "hex": "d6ba49",
            "id": "1rpJ",
            "keepers": {
              "force": "3391cf3c-805d-d73c-789a-4a6e7145b982"
            },
            "prefix": null
          },
          "private": "bnVsbA=="
        },
        {
          "index_key": 83,
          "schema_version": 0,
          "attributes": {
            "b64": "A9Vk",
            "b64_std": "A9Vk",
            "b64_url": "A9Vk",
            "byte_length": 3,
            "dec": "251236",
            "hex": "03d564",
            "id": "A9Vk",
            "keepers": {
              "force": "50630955-d967-f600-cb87-b367fa29c97d"
            },
            "prefix": null
          },
          "private": "bnVsbA=="
        },
        {
          "index_key": 84,
          "schema_version": 0,
          "attributes": {
            "b64": "N4N5",
            "b64_std": "N4N5",
            "b64_url": "N4N5",
            "byte_length": 3,
            "dec": "3638137",
            "hex": "378379",
            "id": "N4N5",
            "keepers": {
              "force": "de1d2dae-20b1-4b17-b52f-ff957fdc38ef"
            },
            "prefix": null
          },
          "private": "bnVsbA=="
        },
        {
          "index_key": 85,
          "schema_version": 0,
          "attributes": {
            "b64": "eIWE",
            "b64_std": "eIWE",
            "b64_url": "eIWE",
            "byte_length": 3,
            "dec": "7898500",
            "hex": "788584",
            "id": "eIWE",
            "keepers": {
              "force": "aa485dad-efa2-bd1c-4108-86ee71ab8a70"
            },
            "prefix": null
          },
          "private": "bnVsbA=="
        },
        {
          "index_key": 86,
          "schema_version": 0,
          "attributes": {
            "b64": "kyz5",
            "b64_std": "kyz5",
            "b64_url": "kyz5",
            "byte_length": 3,
            "dec": "9645305",
            "hex": "932cf9",
            "id": "kyz5",
            "keepers": {
              "force": "c1808491-2367-b01b-d1a1-258d02189d47"
            },
            "prefix": null
          },
          "private": "bnVsbA=="
        },
        {
          "index_key": 87,
          "schema_version": 0,
          "attributes": {
            "b64": "Ious",
            "b64_std": "Ious",
            "b64_url": "Ious",
            "byte_length": 3,
            "dec": "2263980",
            "hex": "228bac",
            "id": "Ious",
            "keepers": {
              "force": "e473975a-7041-f7e3-aeb6-519736c5da5a"
            },
            "prefix": null
          },
          "private": "bnVsbA=="
        },
        {
          "index_key": 88,
          "schema_version": 0,
          "attributes": {
            "b64": "QToU",
            "b64_std": "QToU",
            "b64_url": "QToU",
            "byte_length": 3,
            "dec": "4274708",
            "hex": "413a14",
            "id": "QToU",
            "keepers": {
              "force": "07fe5b4d-6152-d309-c2f6-62838109a1ee"
            },
            "prefix": null
          },
          "private": "bnVsbA=="
        },
        {
          "index_key": 89,
          "schema_version": 0,
          "attributes": {
            "b64": "o4_P",
            "b64_std": "o4/P",
            "b64_url": "o4_P",
            "byte_length": 3,
            "dec": "10719183",
            "hex": "a38fcf",
            "id": "o4_P",
            "keepers": {
              "force": "4ca737fd-aa71-afd7-907b-f012c45d9cd9"
            },
            "prefix": null
          },
          "private": "bnVsbA=="
        },
        {
          "index_key": 90,
          "schema_version": 0,
          "attributes": {
            "b64": "xz86",
            "b64_std": "xz86",
            "b64_url": "xz86",
            "byte_length": 3,
            "dec": "13057850",
            "hex": "c73f3a",
            "id": "xz86",
            "keepers": {
              "force": "fe31f01f-90de-080d-f7f1-d9c8b76a251c"
            },
            "prefix": null
          },
          "private": "bnVsbA=="
        },
        {
          "index_key": 91,
          "schema_version": 0,
          "attributes": {
            "b64": "VKKI",
            "b64_std": "VKKI",
            "b64_url": "VKKI",
            "byte_length": 3,
            "dec": "5546632",
            "hex": "54a288",
            "id": "VKKI",
            "keepers": {
              "force": "00914285-8650-500b-2df2-f99cb156ef78"
            },
            "prefix": null
          },
          "private": "bnVsbA=="
        },
        {
          "index_key": 92,
          "schema_version": 0,
          "attributes": {
            "b64": "xcyP",
            "b64_std": "xcyP",
            "b64_url": "xcyP",
            "byte_length": 3,
            "dec": "12962959",
            "hex": "c5cc8f",
            "id": "xcyP",
            "keepers": {
              "force": "a93fc4e6-07b3-b604-06fd-dafd6d83522e"
            },
            "prefix": null
          },
          "private": "bnVsbA=="
        },
        {
          "index_key": 93,
          "schema_version": 0,
          "attributes": {
            "b64": "prSR",
            "b64_std": "prSR",
            "b64_url": "prSR",
            "byte_length": 3,
            "dec": "10925201",
            "hex": "a6b491",
            "id": "prSR",
            "keepers": {
              "force": "ce288706-6ea3-ae6c-246c-a27a2209d6ff"
            },
            "prefix": null
          },
          "private": "bnVsbA=="
        },
        {
          "index_key": 94,
          "schema_version": 0,
          "attributes": {
            "b64": "BSdx",
            "b64_std": "BSdx",
            "b64_url": "BSdx",
            "byte_length": 3,
            "dec": "337777",
            "hex": "052771",
            "id": "BSdx",
            "keepers": {
              "force": "9a29e6be-d85b-b1ee-68f1-9c8fd03b6b2c"
            },
            "prefix": null
          },
          "private": "bnVsbA=="
        },
        {
          "index_key": 95,
          "schema_version": 0,
          "attributes": {
            "b64": "1_fc",
            "b64_std": "1/fc",
            "b64_url": "1_fc",
            "byte_length": 3,
            "dec": "14153692",
            "hex": "d7f7dc",
            "id": "1_fc",
            "keepers": {
              "force": "29acf424-62ca-c8b2-6104-b0f0ba5345bf"
            },
            "prefix": null
          },
          "private": "bnVsbA=="
        },
        {
          "index_key": 96,
          "schema_version": 0,
          "attributes": {
            "b64": "nv1C",
            "b64_std": "nv1C",
            "b64_url": "nv1C",
            "byte_length": 3,
            "dec": "10419522",
            "hex": "9efd42",
            "id": "nv1C",
            "keepers": {
              "force": "6c65eef1-406b-fc43-8cbf-f3ce078e4182"
            },
            "prefix": null
          },
          "private": "bnVsbA=="
        },
        {
          "index_key": 97,
          "schema_version": 0,
          "attributes": {
            "b64": "pWYF",
            "b64_std": "pWYF",
            "b64_url": "pWYF",
            "byte_length": 3,
            "dec": "10839557",
            "hex": "a56605",
            "id": "pWYF",
            "keepers": {
              "force": "8bf16c2c-0abd-c3de-83b3-a86391addafe"
            },
            "prefix": null
          },
          "private": "bnVsbA=="
        },
        {
          "index_key": 98,
          "schema_version": 0,
          "attributes": {
            "b64": "PcO0",
            "b64_std": "PcO0",
            "b64_url": "PcO0",
            "byte_length": 3,
            "dec": "4047796",
            "hex": "3dc3b4",
            "id": "PcO0",
            "keepers": {
              "force": "af0232bc-c28c-b3b4-5f74-77d0750af5a1"
            },
            "prefix": null
          },
          "private": "bnVsbA=="
        },
        {
          "index_key": 99,
          "schema_version": 0,
          "attributes": {
            "b64": "bYkl",
            "b64_std": "bYkl",
            "b64_url": "bYkl",
            "byte_length": 3,
            "dec": "7178533",
            "hex": "6d8925",
            "id": "bYkl",
            "keepers": {
              "force": "b2fcdf29-9285-4f99-a184-59d6565f44ad"
            },
            "prefix": null
          },
          "private": "bnVsbA=="
        },
        {
          "index_key": 100,
          "schema_version": 0,
          "attributes": {
            "b64": "SjFx",
            "b64_std": "SjFx",
            "b64_url": "SjFx",
            "byte_length": 3,
            "dec": "4862321",
            "hex": "4a3171",
            "id": "SjFx",
            "keepers": {
              "force": "7c9a665f-f93d-5c9f-8bb6-328e1053090a"
            },
            "prefix": null
          },
          "private": "bnVsbA=="
        },
        {
          "index_key": 101,
          "schema_version": 0,
          "attributes": {
            "b64": "Bu1W",
            "b64_std": "Bu1W",
            "b64_url": "Bu1W",
            "byte_length": 3,
            "dec": "453974",
            "hex": "06ed56",
            "id": "Bu1W",
            "keepers": {
              "force": "4b45f7bd-36a4-79a6-38fa-409277ea8169"
            },
            "prefix": null
          },
          "private": "bnVsbA=="
        },
        {
          "index_key": 102,
          "schema_version": 0,
          "attributes": {
            "b64": "wjNe",
            "b64_std": "wjNe",
            "b64_url": "wjNe",
            "byte_length": 3,
            "dec": "12727134",
            "hex": "c2335e",
            "id": "wjNe",
            "keepers": {
              "force": "e0f921e4-7ca2-c3b8-66e8-15b97d72ed96"
            },
            "prefix": null
          },
          "private": "bnVsbA=="
        },
        {
          "index_key": 103,
          "schema_version": 0,
          "attributes": {
            "b64": "BaD3",
            "b64_std": "BaD3",
            "b64_url": "BaD3",
            "byte_length": 3,
            "dec": "368887",
            "hex": "05a0f7",
            "id": "BaD3",
            "keepers": {
              "force": "b39fd38a-6bd6-563c-014d-bba5cdd38965"
            },
            "prefix": null
          },
          "private": "bnVsbA=="
        },
        {
          "index_key": 104,
          "schema_version": 0,
          "attributes": {
            "b64": "xoyx",
            "b64_std": "xoyx",
            "b64_url": "xoyx",
            "byte_length": 3,
            "dec": "13012145",
            "hex": "c68cb1",
            "id": "xoyx",
            "keepers": {
              "force": "7e4897b7-7846-dcdb-231c-8bab6d14fb05"
            },
            "prefix": null
          },
          "private": "bnVsbA=="
        },
        {
          "index_key": 105,
          "schema_version": 0,
          "attributes": {
            "b64": "KY0W",
            "b64_std": "KY0W",
            "b64_url": "KY0W",
            "byte_length": 3,
            "dec": "2723094",
            "hex": "298d16",
            "id": "KY0W",
            "keepers": {
              "force": "177a8a46-630b-88f8-63eb-30ca1ac58c67"
            },
            "prefix": null
          },
          "private": "bnVsbA=="
        },
        {
          "index_key": 106,
          "schema_version": 0,
          "attributes": {
            "b64": "b1Wd",
            "b64_std": "b1Wd",
            "b64_url": "b1Wd",
            "byte_length": 3,
            "dec": "7296413",
            "hex": "6f559d",
            "id": "b1Wd",
            "keepers": {
              "force": "86a0c73e-cdc3-a981-846b-60bb3fafbb13"
            },
            "prefix": null
          },
          "private": "bnVsbA=="
        },
        {
          "index_key": 107,
          "schema_version": 0,
          "attributes": {
            "b64": "26xS",
            "b64_std": "26xS",
            "b64_url": "26xS",
            "byte_length": 3,
            "dec": "14396498",
            "hex": "dbac52",
            "id": "26xS",
            "keepers": {
              "force": "6c27ee8d-0217-a0c1-53ac-d6f7e9554e07"
            },
            "prefix": null
          },
          "private": "bnVsbA=="
        },
        {
          "index_key": 108,
          "schema_version": 0,
          "attributes": {
            "b64": "Ys3M",
            "b64_std": "Ys3M",
            "b64_url": "Ys3M",
            "byte_length": 3,
            "dec": "6475212",
            "hex": "62cdcc",
            "id": "Ys3M",
            "keepers": {
              "force": "bd1ffdfc-728f-b818-5422-bc5aae9f99f6"
            },
            "prefix": null
          },
          "private": "bnVsbA=="
        },
        {
          "index_key": 109,
          "schema_version": 0,
          "attributes": {
            "b64": "MNXw",
            "b64_std": "MNXw",
            "b64_url": "MNXw",
            "byte_length": 3,
            "dec": "3200496",
            "hex": "30d5f0",
            "id": "MNXw",
            "keepers": {
              "force": "16317ccd-7d90-d41e-07b0-7b0c1d755583"
            },
            "prefix": null
          },
          "private": "bnVsbA=="
        },
        {
          "index_key": 110,
          "schema_version": 0,
          "attributes": {
            "b64": "x2mu",
            "b64_std": "x2mu",
            "b64_url": "x2mu",
            "byte_length": 3,
            "dec": "13068718",
            "hex": "c769ae",
            "id": "x2mu",
            "keepers": {
              "force": "7b77a8b8-fc27-3e39-08c8-66790869d8fb"
            },
            "prefix": null
          },
          "private": "bnVsbA=="
        },
        {
          "index_key": 111,
          "schema_version": 0,
          "attributes": {
            "b64": "ZMtX",
            "b64_std": "ZMtX",
            "b64_url": "ZMtX",
            "byte_length": 3,
            "dec": "6605655",
            "hex": "64cb57",
            "id": "ZMtX",
            "keepers": {
              "force": "a1873489-a384-7730-d294-76583a7910e6"
            },
            "prefix": null
          },
          "private": "bnVsbA=="
        },
        {
          "index_key": 112,
          "schema_version": 0,
          "attributes": {
            "b64": "HL2x",
            "b64_std": "HL2x",
            "b64_url": "HL2x",
            "byte_length": 3,
            "dec": "1883569",
            "hex": "1cbdb1",
            "id": "HL2x",
            "keepers": {
              "force": "b9166711-0505-1dbd-b818-4ec97e5e457b"
            },
            "prefix": null
          },
          "private": "bnVsbA=="
        },
        {
          "index_key": 113,
          "schema_version": 0,
          "attributes": {
            "b64": "Fsd7",
            "b64_std": "Fsd7",
            "b64_url": "Fsd7",
            "byte_length": 3,
            "dec": "1492859",
            "hex": "16c77b",
            "id": "Fsd7",
            "keepers": {
              "force": "082d9348-5b94-cdbc-1bf8-afe54d678d19"
            },
            "prefix": null
          },
          "private": "bnVsbA=="
        },
        {
          "index_key": 114,
          "schema_version": 0,
          "attributes": {
            "b64": "iN2-",
            "b64_std": "iN2+",
            "b64_url": "iN2-",
            "byte_length": 3,
            "dec": "8969662",
            "hex": "88ddbe",
            "id": "iN2-",
            "keepers": {
              "force": "f1a7cb69-7e64-179d-2352-9d47f7182716"
            },
            "prefix": null
          },
          "private": "bnVsbA=="
        },
        {
          "index_key": 115,
          "schema_version": 0,
          "attributes": {
            "b64": "tRHo",
            "b64_std": "tRHo",
            "b64_url": "tRHo",
            "byte_length": 3,
            "dec": "11866600",
            "hex": "b511e8",
            "id": "tRHo",
            "keepers": {
              "force": "ae2c80ca-292a-4bf4-35c6-a3b2c15aaecd"
            },
            "prefix": null
          },
          "private": "bnVsbA=="
        },
        {
          "index_key": 116,
          "schema_version": 0,
          "attributes": {
            "b64": "qd4-",
            "b64_std": "qd4+",
            "b64_url": "qd4-",
            "byte_length": 3,
            "dec": "11132478",
            "hex": "a9de3e",
            "id": "qd4-",
            "keepers": {
              "force": "b48fc184-2a6e-e5e3-f68b-8b7ba19d60d2"
            },
            "prefix": null
          },
          "private": "bnVsbA=="
        },
        {
          "index_key": 117,
          "schema_version": 0,
          "attributes": {
            "b64": "GzdF",
            "b64_std": "GzdF",
            "b64_url": "GzdF",
            "byte_length": 3,
            "dec": "1783621",
            "hex": "1b3745",
            "id": "GzdF",
            "keepers": {
              "force": "57945ef4-2968-ffa3-8007-a7d3495e8c7e"
            },
            "prefix": null
          },
          "private": "bnVsbA=="
        },
        {
          "index_key": 118,
          "schema_version": 0,
          "attributes": {
            "b64": "D9Hk",
            "b64_std": "D9Hk",
            "b64_url": "D9Hk",
            "byte_length": 3,
            "dec": "1036772",
            "hex": "0fd1e4",
            "id": "D9Hk",
            "keepers": {
              "force": "ce4443b4-fee1-45e2-721b-79470ad2d229"
            },
            "prefix": null
          },
          "private": "bnVsbA=="
        },
        {
          "index_key": 119,
          "schema_version": 0,
          "attributes": {
            "b64": "cDkR",
            "b64_std": "cDkR",
            "b64_url": "cDkR",
            "byte_length": 3,
            "dec": "7354641",
            "hex": "703911",
            "id": "cDkR",
            "keepers": {
              "force": "56b75705-a6a6-2855-d0b9-3dc34cd369c6"
            },
            "prefix": null
          },
          "private": "bnVsbA=="
        },
        {
          "index_key": 120,
          "schema_version": 0,
          "attributes": {
            "b64": "0Zld",
            "b64_std": "0Zld",
            "b64_url": "0Zld",
            "byte_length": 3,
            "dec": "13736285",
            "hex": "d1995d",
            "id": "0Zld",
            "keepers": {
              "force": "8dc956c1-74f6-709c-0b0a-0d3e94f2bb7c"
            },
            "prefix": null
          },
          "private": "bnVsbA=="
        },
        {
          "index_key": 121,
          "schema_version": 0,
          "attributes": {
            "b64": "aAzZ",
            "b64_std": "aAzZ",
            "b64_url": "aAzZ",
            "byte_length": 3,
            "dec": "6819033",
            "hex": "680cd9",
            "id": "aAzZ",
            "keepers": {
              "force": "7384f359-257b-4435-5b44-36f6d5f18b41"
            },
            "prefix": null
          },
          "private": "bnVsbA=="
        },
        {
          "index_key": 122,
          "schema_version": 0,
          "attributes": {
            "b64": "qj1O",
            "b64_std": "qj1O",
            "b64_url": "qj1O",
            "byte_length": 3,
            "dec": "11156814",
            "hex": "aa3d4e",
            "id": "qj1O",
            "keepers": {
              "force": "f939f76f-494b-06ad-6495-cc08b516871f"
            },
            "prefix": null
          },
          "private": "bnVsbA=="
        },
        {
          "index_key": 123,
          "schema_version": 0,
          "attributes": {
            "b64": "Boyg",
            "b64_std": "Boyg",
            "b64_url": "Boyg",
            "byte_length": 3,
            "dec": "429216",
            "hex": "068ca0",
            "id": "Boyg",
            "keepers": {
              "force": "0a01b2f8-8751-0623-cda3-f923ecafafa0"
            },
            "prefix": null
          },
          "private": "bnVsbA=="
        },
        {
          "index_key": 124,
          "schema_version": 0,
          "attributes": {
            "b64": "LqVL",
            "b64_std": "LqVL",
            "b64_url": "LqVL",
            "byte_length": 3,
            "dec": "3056971",
            "hex": "2ea54b",
            "id": "LqVL",
            "keepers": {
              "force": "39aa70ee-390a-802a-9dc7-dfad1336966a"
            },
            "prefix": null
          },
          "private": "bnVsbA=="
        },
        {
          "index_key": 125,
          "schema_version": 0,
          "attributes": {
            "b64": "SF04",
            "b64_std": "SF04",
            "b64_url": "SF04",
            "byte_length": 3,
            "dec": "4742456",
            "hex": "485d38",
            "id": "SF04",
            "keepers": {
              "force": "a564d2ca-cc6f-50d2-61e7-2d912950a865"
            },
            "prefix": null
          },
          "private": "bnVsbA=="
        },
        {
          "index_key": 126,
          "schema_version": 0,
          "attributes": {
            "b64": "uQIW",
            "b64_std": "uQIW",
            "b64_url": "uQIW",
            "byte_length": 3,
            "dec": "12124694",
            "hex": "b90216",
            "id": "uQIW",
            "keepers": {
              "force": "ca34af3f-34ed-f5d2-ac4d-8b69bbb207da"
            },
            "prefix": null
          },
          "private": "bnVsbA=="
        },
        {
          "index_key": 127,
          "schema_version": 0,
          "attributes": {
            "b64": "hR--",
            "b64_std": "hR++",
            "b64_url": "hR--",
            "byte_length": 3,
            "dec": "8724414",
            "hex": "851fbe",
            "id": "hR--",
            "keepers": {
              "force": "76e4502d-36bf-c5ae-0962-d91dbab12e0f"
            },
            "prefix": null
          },
          "private": "bnVsbA=="
        },
        {
          "index_key": 128,
          "schema_version": 0,
          "attributes": {
            "b64": "gGNT",
            "b64_std": "gGNT",
            "b64_url": "gGNT",
            "byte_length": 3,
            "dec": "8414035",
            "hex": "806353",
            "id": "gGNT",
            "keepers": {
              "force": "3be61cd3-51e3-5ad3-126b-59973c37c4fb"
            },
            "prefix": null
          },
          "private": "bnVsbA=="
        },
        {
          "index_key": 129,
          "schema_version": 0,
          "attributes": {
            "b64": "wjhi",
            "b64_std": "wjhi",
            "b64_url": "wjhi",
            "byte_length": 3,
            "dec": "12728418",
            "hex": "c23862",
            "id": "wjhi",
            "keepers": {
              "force": "4bef0817-d158-c696-0bd5-c1273ab1e02f"
            },
            "prefix": null
          },
          "private": "bnVsbA=="
        },
        {
          "index_key": 130,
          "schema_version": 0,
          "attributes": {
            "b64": "HFh-",
            "b64_std": "HFh+",
            "b64_url": "HFh-",
            "byte_length": 3,
            "dec": "1857662",
            "hex": "1c587e",
            "id": "HFh-",
            "keepers": {
              "force": "4a7c7d4e-9987-a05d-c9a2-0d6384ec8293"
            },
            "prefix": null
          },
          "private": "bnVsbA=="
        },
        {
          "index_key": 131,
          "schema_version": 0,
          "attributes": {
            "b64": "LlpG",
            "b64_std": "LlpG",
            "b64_url": "LlpG",
            "byte_length": 3,
            "dec": "3037766",
            "hex": "2e5a46",
            "id": "LlpG",
            "keepers": {
              "force": "8ddb2d17-05ae-e51b-85ff-72fc184587d3"
            },
            "prefix": null
          },
          "private": "bnVsbA=="
        },
        {
          "index_key": 132,
          "schema_version": 0,
          "attributes": {
            "b64": "-iKO",
            "b64_std": "+iKO",
            "b64_url": "-iKO",
            "byte_length": 3,
            "dec": "16392846",
            "hex": "fa228e",
            "id": "-iKO",
            "keepers": {
              "force": "9193fe85-cfac-6dda-33dc-a9340539ea76"
            },
            "prefix": null
          },
          "private": "bnVsbA=="
        },
        {
          "index_key": 133,
          "schema_version": 0,
          "attributes": {
            "b64": "OWlP",
            "b64_std": "OWlP",
            "b64_url": "OWlP",
            "byte_length": 3,
            "dec": "3762511",
            "hex": "39694f",
            "id": "OWlP",
            "keepers": {
              "force": "a5409afa-d718-4eb3-4283-b1e7bdc36472"
            },
            "prefix": null
          },
          "private": "bnVsbA=="
        },
        {
          "index_key": 134,
          "schema_version": 0,
          "attributes": {
            "b64": "qpq6",
            "b64_std": "qpq6",
            "b64_url": "qpq6",
            "byte_length": 3,
            "dec": "11180730",
            "hex": "aa9aba",
            "id": "qpq6",
            "keepers": {
              "force": "1bb70a96-cfe5-b651-f765-08c7e4f796b5"
            },
            "prefix": null
          },
          "private": "bnVsbA=="
        },
        {
          "index_key": 135,
          "schema_version": 0,
          "attributes": {
            "b64": "1bXN",
            "b64_std": "1bXN",
            "b64_url": "1bXN",
            "byte_length": 3,
            "dec": "14005709",
            "hex": "d5b5cd",
            "id": "1bXN",
            "keepers": {
              "force": "a5db63a5-913c-24ea-85a2-9c77f2fe8985"
            },
            "prefix": null
          },
          "private": "bnVsbA=="
        },
        {
          "index_key": 136,
          "schema_version": 0,
          "attributes": {
            "b64": "WaES",
            "b64_std": "WaES",
            "b64_url": "WaES",
            "byte_length": 3,
            "dec": "5873938",
            "hex": "59a112",
            "id": "WaES",
            "keepers": {
              "force": "9a5173fb-b95b-ce48-73f9-973daa28629d"
            },
            "prefix": null
          },
          "private": "bnVsbA=="
        },
        {
          "index_key": 137,
          "schema_version": 0,
          "attributes": {
            "b64": "_ufa",
            "b64_std": "/ufa",
            "b64_url": "_ufa",
            "byte_length": 3,
            "dec": "16705498",
            "hex": "fee7da",
            "id": "_ufa",
            "keepers": {
              "force": "f25f28d0-428f-8abc-9cdb-26e9791da14d"
            },
            "prefix": null
          },
          "private": "bnVsbA=="
        },
        {
          "index_key": 138,
          "schema_version": 0,
          "attributes": {
            "b64": "Q5mj",
            "b64_std": "Q5mj",
            "b64_url": "Q5mj",
            "byte_length": 3,
            "dec": "4430243",
            "hex": "4399a3",
            "id": "Q5mj",
            "keepers": {
              "force": "7997beef-160a-ace1-6c97-ef8678168a8c"
            },
            "prefix": null
          },
          "private": "bnVsbA=="
        },
        {
          "index_key": 139,
          "schema_version": 0,
          "attributes": {
            "b64": "NcFR",
            "b64_std": "NcFR",
            "b64_url": "NcFR",
            "byte_length": 3,
            "dec": "3522897",
            "hex": "35c151",
            "id": "NcFR",
            "keepers": {
              "force": "7bec5ce1-0f4d-485a-4d17-cbac9a5581c5"
            },
            "prefix": null
          },
          "private": "bnVsbA=="
        },
        {
          "index_key": 140,
          "schema_version": 0,
          "attributes": {
            "b64": "k7R-",
            "b64_std": "k7R+",
            "b64_url": "k7R-",
            "byte_length": 3,
            "dec": "9679998",
            "hex": "93b47e",
            "id": "k7R-",
            "keepers": {
              "force": "c56dbdf1-8aad-3149-d9da-257b3a85815a"
            },
            "prefix": null
          },
          "private": "bnVsbA=="
        },
        {
          "index_key": 141,
          "schema_version": 0,
          "attributes": {
            "b64": "keer",
            "b64_std": "keer",
            "b64_url": "keer",
            "byte_length": 3,
            "dec": "9562027",
            "hex": "91e7ab",
            "id": "keer",
            "keepers": {
              "force": "79fbfd02-5cc5-270b-606d-98bb42ad4638"
            },
            "prefix": null
          },
          "private": "bnVsbA=="
        },
        {
          "index_key": 142,
          "schema_version": 0,
          "attributes": {
            "b64": "Huhc",
            "b64_std": "Huhc",
            "b64_url": "Huhc",
            "byte_length": 3,
            "dec": "2025564",
            "hex": "1ee85c",
            "id": "Huhc",
            "keepers": {
              "force": "8cba97e5-6083-fe37-7bf7-95122ff7d566"
            },
            "prefix": null
          },
          "private": "bnVsbA=="
        },
        {
          "index_key": 143,
          "schema_version": 0,
          "attributes": {
            "b64": "gozg",
            "b64_std": "gozg",
            "b64_url": "gozg",
            "byte_length": 3,
            "dec": "8555744",
            "hex": "828ce0",
            "id": "gozg",
            "keepers": {
              "force": "5911b6fa-dec8-d581-bdb3-5017733a076b"
            },
            "prefix": null
          },
          "private": "bnVsbA=="
        },
        {
          "index_key": 144,
          "schema_version": 0,
          "attributes": {
            "b64": "MhQw",
            "b64_std": "MhQw",
            "b64_url": "MhQw",
            "byte_length": 3,
            "dec": "3281968",
            "hex": "321430",
            "id": "MhQw",
            "keepers": {
              "force": "88dd95e5-ed35-db84-eb1b-c0052c394fbe"
            },
            "prefix": null
          },
          "private": "bnVsbA=="
        },
        {
          "index_key": 145,
          "schema_version": 0,
          "attributes": {
            "b64": "AFNn",
            "b64_std": "AFNn",
            "b64_url": "AFNn",
            "byte_length": 3,
            "dec": "21351",
            "hex": "005367",
            "id": "AFNn",
            "keepers": {
              "force": "226eaaf9-e95f-3bfd-66e9-4be508b428b1"
            },
            "prefix": null
          },
          "private": "bnVsbA=="
        },
        {
          "index_key": 146,
          "schema_version": 0,
          "attributes": {
            "b64": "39gC",
            "b64_std": "39gC",
            "b64_url": "39gC",
            "byte_length": 3,
            "dec": "14669826",
            "hex": "dfd802",
            "id": "39gC",
            "keepers": {
              "force": "fd662b29-baae-3c00-2fc4-0cadb681c677"
            },
            "prefix": null
          },
          "private": "bnVsbA=="
        },
        {
          "index_key": 147,
          "schema_version": 0,
          "attributes": {
            "b64": "0Koa",
            "b64_std": "0Koa",
            "b64_url": "0Koa",
            "byte_length": 3,
            "dec": "13675034",
            "hex": "d0aa1a",
            "id": "0Koa",
            "keepers": {
              "force": "3d0c6615-4810-e83f-2db7-735a8f9f5e47"
            },
            "prefix": null
          },
          "private": "bnVsbA=="
        },
        {
          "index_key": 148,
          "schema_version": 0,
          "attributes": {
            "b64": "LPdf",
            "b64_std": "LPdf",
            "b64_url": "LPdf",
            "byte_length": 3,
            "dec": "2946911",
            "hex": "2cf75f",
            "id": "LPdf",
            "keepers": {
              "force": "ed35073c-a451-e296-21e3-38a16b7ea4f4"
            },
            "prefix": null
          },
          "private": "bnVsbA=="
        },
        {
          "index_key": 149,
          "schema_version": 0,
          "attributes": {
            "b64": "B9SL",
            "b64_std": "B9SL",
            "b64_url": "B9SL",
            "byte_length": 3,
            "dec": "513163",
            "hex": "07d48b",
            "id": "B9SL",
            "keepers": {
              "force": "e12a4654-9100-8423-3347-43ca9f7e4974"
            },
            "prefix": null
          },
          "private": "bnVsbA=="
        },
        {
          "index_key": 150,
          "schema_version": 0,
          "attributes": {
            "b64": "RIBm",
            "b64_std": "RIBm",
            "b64_url": "RIBm",
            "byte_length": 3,
            "dec": "4489318",
            "hex": "448066",
            "id": "RIBm",
            "keepers": {
              "force": "61fa0712-159d-4958-54dc-12a958d1894c"
            },
            "prefix": null
          },
          "private": "bnVsbA=="
        },
        {
          "index_key": 151,
          "schema_version": 0,
          "attributes": {
            "b64": "jLoA",
            "b64_std": "jLoA",
            "b64_url": "jLoA",
            "byte_length": 3,
            "dec": "9222656",
            "hex": "8cba00",
            "id": "jLoA",
            "keepers": {
              "force": "ee0df6e6-0359-9325-42af-03c8ecb4ab11"
            },
            "prefix": null
          },
          "private": "bnVsbA=="
        },
        {
          "index_key": 152,
          "schema_version": 0,
          "attributes": {
            "b64": "m104",
            "b64_std": "m104",
            "b64_url": "m104",
            "byte_length": 3,
            "dec": "10181944",
            "hex": "9b5d38",
            "id": "m104",
            "keepers": {
              "force": "7dc676d4-af60-c82d-6428-02b794d8de0d"
            },
            "prefix": null
          },
          "private": "bnVsbA=="
        },
        {
          "index_key": 153,
          "schema_version": 0,
          "attributes": {
            "b64": "vuPK",
            "b64_std": "vuPK",
            "b64_url": "vuPK",
            "byte_length": 3,
            "dec": "12510154",
            "hex": "bee3ca",
            "id": "vuPK",
            "keepers": {
              "force": "1b5b3f7c-76ef-8a21-e6d7-12a9fb5832ff"
            },
            "prefix": null
          },
          "private": "bnVsbA=="
        },
        {
          "index_key": 154,
          "schema_version": 0,
          "attributes": {
            "b64": "Fm70",
            "b64_std": "Fm70",
            "b64_url": "Fm70",
            "byte_length": 3,
            "dec": "1470196",
            "hex": "166ef4",
            "id": "Fm70",
            "keepers": {
              "force": "666a6ce5-4139-be82-f0d2-218da93573c3"
            },
            "prefix": null
          },
          "private": "bnVsbA=="
        },
        {
          "index_key": 155,
          "schema_version": 0,
          "attributes": {
            "b64": "Yf5q",
            "b64_std": "Yf5q",
            "b64_url": "Yf5q",
            "byte_length": 3,
            "dec": "6422122",
            "hex": "61fe6a",
            "id": "Yf5q",
            "keepers": {
              "force": "c60881eb-7056-529d-8544-32f8b4db4356"
            },
            "prefix": null
          },
          "private": "bnVsbA=="
        },
        {
          "index_key": 156,
          "schema_version": 0,
          "attributes": {
            "b64": "PzP7",
            "b64_std": "PzP7",
            "b64_url": "PzP7",
            "byte_length": 3,
            "dec": "4142075",
            "hex": "3f33fb",
            "id": "PzP7",
            "keepers": {
              "force": "01c28974-b612-c9ad-b0eb-1f47e8f8fa6d"
            },
            "prefix": null
          },
          "private": "bnVsbA=="
        },
        {
          "index_key": 157,
          "schema_version": 0,
          "attributes": {
            "b64": "Jifv",
            "b64_std": "Jifv",
            "b64_url": "Jifv",
            "byte_length": 3,
            "dec": "2500591",
            "hex": "2627ef",
            "id": "Jifv",
            "keepers": {
              "force": "a60bcad0-4295-59e1-c60b-4649780fc98e"
            },
            "prefix": null
          },
          "private": "bnVsbA=="
        },
        {
          "index_key": 158,
          "schema_version": 0,
          "attributes": {
            "b64": "RwC9",
            "b64_std": "RwC9",
            "b64_url": "RwC9",
            "byte_length": 3,
            "dec": "4653245",
            "hex": "4700bd",
            "id": "RwC9",
            "keepers": {
              "force": "582f9575-dc98-6e4c-9cc7-c5e30a425336"
            },
            "prefix": null
          },
          "private": "bnVsbA=="
        },
        {
          "index_key": 159,
          "schema_version": 0,
          "attributes": {
            "b64": "OKHQ",
            "b64_std": "OKHQ",
            "b64_url": "OKHQ",
            "byte_length": 3,
            "dec": "3711440",
            "hex": "38a1d0",
            "id": "OKHQ",
            "keepers": {
              "force": "eae480c6-d05b-debf-29ec-769f79802247"
            },
            "prefix": null
          },
          "private": "bnVsbA=="
        },
        {
          "index_key": 160,
          "schema_version": 0,
          "attributes": {
            "b64": "bmAx",
            "b64_std": "bmAx",
            "b64_url": "bmAx",
            "byte_length": 3,
            "dec": "7233585",
            "hex": "6e6031",
            "id": "bmAx",
            "keepers": {
              "force": "afebef42-0df8-5d9a-2fe3-a47cb618187c"
            },
            "prefix": null
          },
          "private": "bnVsbA=="
        },
        {
          "index_key": 161,
          "schema_version": 0,
          "attributes": {
            "b64": "ASgv",
            "b64_std": "ASgv",
            "b64_url": "ASgv",
            "byte_length": 3,
            "dec": "75823",
            "hex": "01282f",
            "id": "ASgv",
            "keepers": {
              "force": "66e7785b-cfb9-b3bc-8cd3-4208c84c2f81"
            },
            "prefix": null
          },
          "private": "bnVsbA=="
        },
        {
          "index_key": 162,
          "schema_version": 0,
          "attributes": {
            "b64": "NlMq",
            "b64_std": "NlMq",
            "b64_url": "NlMq",
            "byte_length": 3,
            "dec": "3560234",
            "hex": "36532a",
            "id": "NlMq",
            "keepers": {
              "force": "4d3a9a1e-da48-d4f2-d9d7-40ad0b8c4eef"
            },
            "prefix": null
          },
          "private": "bnVsbA=="
        },
        {
          "index_key": 163,
          "schema_version": 0,
          "attributes": {
            "b64": "438t",
            "b64_std": "438t",
            "b64_url": "438t",
            "byte_length": 3,
            "dec": "14909229",
            "hex": "e37f2d",
            "id": "438t",
            "keepers": {
              "force": "4e445459-b3e1-91c9-6b0a-b5df62ccea94"
            },
            "prefix": null
          },
          "private": "bnVsbA=="
        },
        {
          "index_key": 164,
          "schema_version": 0,
          "attributes": {
            "b64": "7zOl",
            "b64_std": "7zOl",
            "b64_url": "7zOl",
            "byte_length": 3,
            "dec": "15676325",
            "hex": "ef33a5",
            "id": "7zOl",
            "keepers": {
              "force": "b4548e54-2201-2e4b-cd47-848ebf2ed5ba"
            },
            "prefix": null
          },
          "private": "bnVsbA=="
        },
        {
          "index_key": 165,
          "schema_version": 0,
          "attributes": {
            "b64": "MYqm",
            "b64_std": "MYqm",
            "b64_url": "MYqm",
            "byte_length": 3,
            "dec": "3246758",
            "hex": "318aa6",
            "id": "MYqm",
            "keepers": {
              "force": "eaa4f24e-512c-e320-7b43-89f92e11fa6f"
            },
            "prefix": null
          },
          "private": "bnVsbA=="
        },
        {
          "index_key": 166,
          "schema_version": 0,
          "attributes": {
            "b64": "9I8O",
            "b64_std": "9I8O",
            "b64_url": "9I8O",
            "byte_length": 3,
            "dec": "16027406",
            "hex": "f48f0e",
            "id": "9I8O",
            "keepers": {
              "force": "df614e00-7987-f621-f40a-165fbb269590"
            },
            "prefix": null
          },
          "private": "bnVsbA=="
        },
        {
          "index_key": 167,
          "schema_version": 0,
          "attributes": {
            "b64": "hwkU",
            "b64_std": "hwkU",
            "b64_url": "hwkU",
            "byte_length": 3,
            "dec": "8849684",
            "hex": "870914",
            "id": "hwkU",
            "keepers": {
              "force": "edd227db-0853-90f8-9b85-c986b0ed46e7"
            },
            "prefix": null
          },
          "private": "bnVsbA=="
        },
        {
          "index_key": 168,
          "schema_version": 0,
          "attributes": {
            "b64": "8qfi",
            "b64_std": "8qfi",
            "b64_url": "8qfi",
            "byte_length": 3,
            "dec": "15902690",
            "hex": "f2a7e2",
            "id": "8qfi",
            "keepers": {
              "force": "44849dca-f486-6e72-3a6c-e514b2dc71d8"
            },
            "prefix": null
          },
          "private": "bnVsbA=="
        },
        {
          "index_key": 169,
          "schema_version": 0,
          "attributes": {
            "b64": "g1YM",
            "b64_std": "g1YM",
            "b64_url": "g1YM",
            "byte_length": 3,
            "dec": "8607244",
            "hex": "83560c",
            "id": "g1YM",
            "keepers": {
              "force": "ea4f29f1-ec6c-774e-9260-dd8ef6e8ff23"
            },
            "prefix": null
          },
          "private": "bnVsbA=="
        },
        {
          "index_key": 170,
          "schema_version": 0,
          "attributes": {
            "b64": "uBin",
            "b64_std": "uBin",
            "b64_url": "uBin",
            "byte_length": 3,
            "dec": "12064935",
            "hex": "b818a7",
            "id": "uBin",
            "keepers": {
              "force": "948cebe5-88e6-d860-6bbe-55830232fac4"
            },
            "prefix": null
          },
          "private": "bnVsbA=="
        },
        {
          "index_key": 171,
          "schema_version": 0,
          "attributes": {
            "b64": "vcRz",
            "b64_std": "vcRz",
            "b64_url": "vcRz",
            "byte_length": 3,
            "dec": "12436595",
            "hex": "bdc473",
            "id": "vcRz",
            "keepers": {
              "force": "d7ec6fab-a6a6-fe9b-f7f4-da4a6360193f"
            },
            "prefix": null
          },
          "private": "bnVsbA=="
        },
        {
          "index_key": 172,
          "schema_version": 0,
          "attributes": {
            "b64": "8mYz",
            "b64_std": "8mYz",
            "b64_url": "8mYz",
            "byte_length": 3,
            "dec": "15885875",
            "hex": "f26633",
            "id": "8mYz",
            "keepers": {
              "force": "5869d690-6c1b-1d93-d165-fb624da039fb"
            },
            "prefix": null
          },
          "private": "bnVsbA=="
        },
        {
          "index_key": 173,
          "schema_version": 0,
          "attributes": {
            "b64": "YEeo",
            "b64_std": "YEeo",
            "b64_url": "YEeo",
            "byte_length": 3,
            "dec": "6309800",
            "hex": "6047a8",
            "id": "YEeo",
            "keepers": {
              "force": "bd6b792e-55aa-2404-9ec7-e6bb2b8b1c52"
            },
            "prefix": null
          },
          "private": "bnVsbA=="
        },
        {
          "index_key": 174,
          "schema_version": 0,
          "attributes": {
            "b64": "gTF8",
            "b64_std": "gTF8",
            "b64_url": "gTF8",
            "byte_length": 3,
            "dec": "8466812",
            "hex": "81317c",
            "id": "gTF8",
            "keepers": {
              "force": "9e10718b-dec2-acd5-fde0-7fcdcdf063cc"
            },
            "prefix": null
          },
          "private": "bnVsbA=="
        },
        {
          "index_key": 175,
          "schema_version": 0,
          "attributes": {
            "b64": "sSn8",
            "b64_std": "sSn8",
            "b64_url": "sSn8",
            "byte_length": 3,
            "dec": "11610620",
            "hex": "b129fc",
            "id": "sSn8",
            "keepers": {
              "force": "3af9badb-c487-66d2-1539-3ec8dbe38e51"
            },
            "prefix": null
          },
          "private": "bnVsbA=="
        },
        {
          "index_key": 176,
          "schema_version": 0,
          "attributes": {
            "b64": "5_C7",
            "b64_std": "5/C7",
            "b64_url": "5_C7",
            "byte_length": 3,
            "dec": "15200443",
            "hex": "e7f0bb",
            "id": "5_C7",
            "keepers": {
              "force": "040b0032-e04c-ffa8-8b62-eefa5f2e625b"
            },
            "prefix": null
          },
          "private": "bnVsbA=="
        },
        {
          "index_key": 177,
          "schema_version": 0,
          "attributes": {
            "b64": "9nYo",
            "b64_std": "9nYo",
            "b64_url": "9nYo",
            "byte_length": 3,
            "dec": "16152104",
            "hex": "f67628",
            "id": "9nYo",
            "keepers": {
              "force": "c80cd20d-c951-06dc-a180-29ca975fad7f"
            },
            "prefix": null
          },
          "private": "bnVsbA=="
        },
        {
          "index_key": 178,
          "schema_version": 0,
          "attributes": {
            "b64": "diY8",
            "b64_std": "diY8",
            "b64_url": "diY8",
            "byte_length": 3,
            "dec": "7743036",
            "hex": "76263c",
            "id": "diY8",
            "keepers": {
              "force": "e215929d-efe0-5fae-a63b-ba9def2ccf63"
            },
            "prefix": null
          },
          "private": "bnVsbA=="
        },
        {
          "index_key": 179,
          "schema_version": 0,
          "attributes": {
            "b64": "m4jD",
            "b64_std": "m4jD",
            "b64_url": "m4jD",
            "byte_length": 3,
            "dec": "10193091",
            "hex": "9b88c3",
            "id": "m4jD",
            "keepers": {
              "force": "c4acea82-1800-9e72-6fd3-cd20daef742e"
            },
            "prefix": null
          },
          "private": "bnVsbA=="
        },
        {
          "index_key": 180,
          "schema_version": 0,
          "attributes": {
            "b64": "l2u5",
            "b64_std": "l2u5",
            "b64_url": "l2u5",
            "byte_length": 3,
            "dec": "9923513",
            "hex": "976bb9",
            "id": "l2u5",
            "keepers": {
              "force": "c2752905-f46c-8feb-3091-206bd1e37818"
            },
            "prefix": null
          },
          "private": "bnVsbA=="
        },
        {
          "index_key": 181,
          "schema_version": 0,
          "attributes": {
            "b64": "Vnfm",
            "b64_std": "Vnfm",
            "b64_url": "Vnfm",
            "byte_length": 3,
            "dec": "5666790",
            "hex": "5677e6",
            "id": "Vnfm",
            "keepers": {
              "force": "bafbdcba-21b7-baac-c807-4fdfa2981c43"
            },
            "prefix": null
          },
          "private": "bnVsbA=="
        },
        {
          "index_key": 182,
          "schema_version": 0,
          "attributes": {
            "b64": "uuKf",
            "b64_std": "uuKf",
            "b64_url": "uuKf",
            "byte_length": 3,
            "dec": "12247711",
            "hex": "bae29f",
            "id": "uuKf",
            "keepers": {
              "force": "31c69497-484b-5f28-6d7f-1013192f0d23"
            },
            "prefix": null
          },
          "private": "bnVsbA=="
        },
        {
          "index_key": 183,
          "schema_version": 0,
          "attributes": {
            "b64": "Q55h",
            "b64_std": "Q55h",
            "b64_url": "Q55h",
            "byte_length": 3,
            "dec": "4431457",
            "hex": "439e61",
            "id": "Q55h",
            "keepers": {
              "force": "869f5739-06b8-95b4-f3da-66a7fd0ba4a5"
            },
            "prefix": null
          },
          "private": "bnVsbA=="
        },
        {
          "index_key": 184,
          "schema_version": 0,
          "attributes": {
            "b64": "gF6K",
            "b64_std": "gF6K",
            "b64_url": "gF6K",
            "byte_length": 3,
            "dec": "8412810",
            "hex": "805e8a",
            "id": "gF6K",
            "keepers": {
              "force": "822a68fd-c2cc-0141-b318-10b9962d213f"
            },
            "prefix": null
          },
          "private": "bnVsbA=="
        },
        {
          "index_key": 185,
          "schema_version": 0,
          "attributes": {
            "b64": "ONae",
            "b64_std": "ONae",
            "b64_url": "ONae",
            "byte_length": 3,
            "dec": "3724958",
            "hex": "38d69e",
            "id": "ONae",
            "keepers": {
              "force": "a404fa94-476c-705d-be73-24c24dc0ce79"
            },
            "prefix": null
          },
          "private": "bnVsbA=="
        },
        {
          "index_key": 186,
          "schema_version": 0,
          "attributes": {
            "b64": "jZpl",
            "b64_std": "jZpl",
            "b64_url": "jZpl",
            "byte_length": 3,
            "dec": "9280101",
            "hex": "8d9a65",
            "id": "jZpl",
            "keepers": {
              "force": "460c606a-0dae-5793-ff84-0199a8915062"
            },
            "prefix": null
          },
          "private": "bnVsbA=="
        },
        {
          "index_key": 187,
          "schema_version": 0,
          "attributes": {
            "b64": "JMZ7",
            "b64_std": "JMZ7",
            "b64_url": "JMZ7",
            "byte_length": 3,
            "dec": "2410107",
            "hex": "24c67b",
            "id": "JMZ7",
            "keepers": {
              "force": "09c3a6c2-39ec-1e65-9e19-5eebf0749edb"
            },
            "prefix": null
          },
          "private": "bnVsbA=="
        },
        {
          "index_key": 188,
          "schema_version": 0,
          "attributes": {
            "b64": "37tH",
            "b64_std": "37tH",
            "b64_url": "37tH",
            "byte_length": 3,
            "dec": "14662471",
            "hex": "dfbb47",
            "id": "37tH",
            "keepers": {
              "force": "ac00bea4-9d84-cc24-b0de-d04bc9379738"
            },
            "prefix": null
          },
          "private": "bnVsbA=="
        },
        {
          "index_key": 189,
          "schema_version": 0,
          "attributes": {
            "b64": "m-8-",
            "b64_std": "m+8+",
            "b64_url": "m-8-",
            "byte_length": 3,
            "dec": "10219326",
            "hex": "9bef3e",
            "id": "m-8-",
            "keepers": {
              "force": "759648a8-672f-3d05-d1af-214011fc432d"
            },
            "prefix": null
          },
          "private": "bnVsbA=="
        },
        {
          "index_key": 190,
          "schema_version": 0,
          "attributes": {
            "b64": "7aV9",
            "b64_std": "7aV9",
            "b64_url": "7aV9",
            "byte_length": 3,
            "dec": "15574397",
            "hex": "eda57d",
            "id": "7aV9",
            "keepers": {
              "force": "32737d0d-63b4-6f87-ceac-f3e64b9818dc"
            },
            "prefix": null
          },
          "private": "bnVsbA=="
        },
        {
          "index_key": 191,
          "schema_version": 0,
          "attributes": {
            "b64": "2moI",
            "b64_std": "2moI",
            "b64_url": "2moI",
            "byte_length": 3,
            "dec": "14313992",
            "hex": "da6a08",
            "id": "2moI",
            "keepers": {
              "force": "2b40550e-1039-5e47-c770-f51259412872"
            },
            "prefix": null
          },
          "private": "bnVsbA=="
        },
        {
          "index_key": 192,
          "schema_version": 0,
          "attributes": {
            "b64": "sUpx",
            "b64_std": "sUpx",
            "b64_url": "sUpx",
            "byte_length": 3,
            "dec": "11618929",
            "hex": "b14a71",
            "id": "sUpx",
            "keepers": {
              "force": "13f57a8e-94ed-2dbc-697a-95e93641f792"
            },
            "prefix": null
          },
          "private": "bnVsbA=="
        },
        {
          "index_key": 193,
          "schema_version": 0,
          "attributes": {
            "b64": "b5SM",
            "b64_std": "b5SM",
            "b64_url": "b5SM",
            "byte_length": 3,
            "dec": "7312524",
            "hex": "6f948c",
            "id": "b5SM",
            "keepers": {
              "force": "080fbc52-7030-6e13-7052-0304739d4635"
            },
            "prefix": null
          },
          "private": "bnVsbA=="
        },
        {
          "index_key": 194,
          "schema_version": 0,
          "attributes": {
            "b64": "7ZFn",
            "b64_std": "7ZFn",
            "b64_url": "7ZFn",
            "byte_length": 3,
            "dec": "15569255",
            "hex": "ed9167",
            "id": "7ZFn",
            "keepers": {
              "force": "69d80c7c-9d6d-50b3-b325-1add5deb0889"
            },
            "prefix": null
          },
          "private": "bnVsbA=="
        },
        {
          "index_key": 195,
          "schema_version": 0,
          "attributes": {
            "b64": "KfyL",
            "b64_std": "KfyL",
            "b64_url": "KfyL",
            "byte_length": 3,
            "dec": "2751627",
            "hex": "29fc8b",
            "id": "KfyL",
            "keepers": {
              "force": "8acc9380-b5bd-4391-5f03-86fbf2131b13"
            },
            "prefix": null
          },
          "private": "bnVsbA=="
        },
        {
          "index_key": 196,
          "schema_version": 0,
          "attributes": {
            "b64": "C-cG",
            "b64_std": "C+cG",
            "b64_url": "C-cG",
            "byte_length": 3,
            "dec": "780038",
            "hex": "0be706",
            "id": "C-cG",
            "keepers": {
              "force": "99f96973-ae59-dc91-253e-f1371b67683b"
            },
            "prefix": null
          },
          "private": "bnVsbA=="
        },
        {
          "index_key": 197,
          "schema_version": 0,
          "attributes": {
            "b64": "ODl3",
            "b64_std": "ODl3",
            "b64_url": "ODl3",
            "byte_length": 3,
            "dec": "3684727",
            "hex": "383977",
            "id": "ODl3",
            "keepers": {
              "force": "dcf94ee3-79f9-c8a2-52d2-5a7599f64c87"
            },
            "prefix": null
          },
          "private": "bnVsbA=="
        },
        {
          "index_key": 198,
          "schema_version": 0,
          "attributes": {
            "b64": "wcIf",
            "b64_std": "wcIf",
            "b64_url": "wcIf",
            "byte_length": 3,
            "dec": "12698143",
            "hex": "c1c21f",
            "id": "wcIf",
            "keepers": {
              "force": "4b06aeb0-317c-c400-32ea-6efc3173e858"
            },
            "prefix": null
          },
          "private": "bnVsbA=="
        },
        {
          "index_key": 199,
          "schema_version": 0,
          "attributes": {
            "b64": "4WIJ",
            "b64_std": "4WIJ",
            "b64_url": "4WIJ",
            "byte_length": 3,
            "dec": "14770697",
            "hex": "e16209",
            "id": "4WIJ",
            "keepers": {
              "force": "60bb3a12-cb2a-57d5-730e-89abf017d485"
            },
            "prefix": null
          },
          "private": "bnVsbA=="
        },
        {
          "index_key": 200,
          "schema_version": 0,
          "attributes": {
            "b64": "C-0B",
            "b64_std": "C+0B",
            "b64_url": "C-0B",
            "byte_length": 3,
            "dec": "781569",
            "hex": "0bed01",
            "id": "C-0B",
            "keepers": {
              "force": "33796c5e-2aba-a706-e8b8-26d078c21a19"
            },
            "prefix": null
          },
          "private": "bnVsbA=="
        },
        {
          "index_key": 201,
          "schema_version": 0,
          "attributes": {
            "b64": "BCdt",
            "b64_std": "BCdt",
            "b64_url": "BCdt",
            "byte_length": 3,
            "dec": "272237",
            "hex": "04276d",
            "id": "BCdt",
            "keepers": {
              "force": "ebe02c99-c601-597b-2235-550f9442feab"
            },
            "prefix": null
          },
          "private": "bnVsbA=="
        },
        {
          "index_key": 202,
          "schema_version": 0,
          "attributes": {
            "b64": "Zxpr",
            "b64_std": "Zxpr",
            "b64_url": "Zxpr",
            "byte_length": 3,
            "dec": "6756971",
            "hex": "671a6b",
            "id": "Zxpr",
            "keepers": {
              "force": "fb4470cc-e60c-e5de-1517-d60ac427ed2f"
            },
            "prefix": null
          },
          "private": "bnVsbA=="
        },
        {
          "index_key": 203,
          "schema_version": 0,
          "attributes": {
            "b64": "ZKcJ",
            "b64_std": "ZKcJ",
            "b64_url": "ZKcJ",
            "byte_length": 3,
            "dec": "6596361",
            "hex": "64a709",
            "id": "ZKcJ",
            "keepers": {
              "force": "64279f60-3efc-b87f-b67f-c72db318aa00"
            },
            "prefix": null
          },
          "private": "bnVsbA=="
        },
        {
          "index_key": 204,
          "schema_version": 0,
          "attributes": {
            "b64": "Q9TD",
            "b64_std": "Q9TD",
            "b64_url": "Q9TD",
            "byte_length": 3,
            "dec": "4445379",
            "hex": "43d4c3",
            "id": "Q9TD",
            "keepers": {
              "force": "60f6a2b4-c386-5eae-70e0-f50627285563"
            },
            "prefix": null
          },
          "private": "bnVsbA=="
        },
        {
          "index_key": 205,
          "schema_version": 0,
          "attributes": {
            "b64": "yD4n",
            "b64_std": "yD4n",
            "b64_url": "yD4n",
            "byte_length": 3,
            "dec": "13123111",
            "hex": "c83e27",
            "id": "yD4n",
            "keepers": {
              "force": "2f0209e3-4b9a-0672-8c43-8b92cdfedc1a"
            },
            "prefix": null
          },
          "private": "bnVsbA=="
        },
        {
          "index_key": 206,
          "schema_version": 0,
          "attributes": {
            "b64": "equG",
            "b64_std": "equG",
            "b64_url": "equG",
            "byte_length": 3,
            "dec": "8039302",
            "hex": "7aab86",
            "id": "equG",
            "keepers": {
              "force": "5674db84-3b98-335b-2a46-1409034e626d"
            },
            "prefix": null
          },
          "private": "bnVsbA=="
        },
        {
          "index_key": 207,
          "schema_version": 0,
          "attributes": {
            "b64": "tNby",
            "b64_std": "tNby",
            "b64_url": "tNby",
            "byte_length": 3,
            "dec": "11851506",
            "hex": "b4d6f2",
            "id": "tNby",
            "keepers": {
              "force": "f16ccf44-7c76-39b9-5847-51871d8eda68"
            },
            "prefix": null
          },
          "private": "bnVsbA=="
        },
        {
          "index_key": 208,
          "schema_version": 0,
          "attributes": {
            "b64": "fIGF",
            "b64_std": "fIGF",
            "b64_url": "fIGF",
            "byte_length": 3,
            "dec": "8159621",
            "hex": "7c8185",
            "id": "fIGF",
            "keepers": {
              "force": "426d9e25-355d-54c8-1e78-f8c89855c92c"
            },
            "prefix": null
          },
          "private": "bnVsbA=="
        },
        {
          "index_key": 209,
          "schema_version": 0,
          "attributes": {
            "b64": "TE7-",
            "b64_std": "TE7+",
            "b64_url": "TE7-",
            "byte_length": 3,
            "dec": "5000958",
            "hex": "4c4efe",
            "id": "TE7-",
            "keepers": {
              "force": "c0863bdd-7186-0c7d-372d-216fe1b568bc"
            },
            "prefix": null
          },
          "private": "bnVsbA=="
        },
        {
          "index_key": 210,
          "schema_version": 0,
          "attributes": {
            "b64": "oXVy",
            "b64_std": "oXVy",
            "b64_url": "oXVy",
            "byte_length": 3,
            "dec": "10581362",
            "hex": "a17572",
            "id": "oXVy",
            "keepers": {
              "force": "d2728888-bb0c-4d6e-7d97-31ceac5c24e1"
            },
            "prefix": null
          },
          "private": "bnVsbA=="
        },
        {
          "index_key": 211,
          "schema_version": 0,
          "attributes": {
            "b64": "ylkp",
            "b64_std": "ylkp",
            "b64_url": "ylkp",
            "byte_length": 3,
            "dec": "13261097",
            "hex": "ca5929",
            "id": "ylkp",
            "keepers": {
              "force": "adf4c183-c6ab-6979-c1af-f5c6abd77126"
            },
            "prefix": null
          },
          "private": "bnVsbA=="
        },
        {
          "index_key": 212,
          "schema_version": 0,
          "attributes": {
            "b64": "Jm4U",
            "b64_std": "Jm4U",
            "b64_url": "Jm4U",
            "byte_length": 3,
            "dec": "2518548",
            "hex": "266e14",
            "id": "Jm4U",
            "keepers": {
              "force": "59d828b7-baa9-1184-324a-c20fe98ac243"
            },
            "prefix": null
          },
          "private": "bnVsbA=="
        },
        {
          "index_key": 213,
          "schema_version": 0,
          "attributes": {
            "b64": "0mqM",
            "b64_std": "0mqM",
            "b64_url": "0mqM",
            "byte_length": 3,
            "dec": "13789836",
            "hex": "d26a8c",
            "id": "0mqM",
            "keepers": {
              "force": "ccc67e27-77b0-7aef-ccda-57f249ed9734"
            },
            "prefix": null
          },
          "private": "bnVsbA=="
        },
        {
          "index_key": 214,
          "schema_version": 0,
          "attributes": {
            "b64": "oIIB",
            "b64_std": "oIIB",
            "b64_url": "oIIB",
            "byte_length": 3,
            "dec": "10519041",
            "hex": "a08201",
            "id": "oIIB",
            "keepers": {
              "force": "0b7e4d1d-3131-9540-494e-b90216c7aa10"
            },
            "prefix": null
          },
          "private": "bnVsbA=="
        },
        {
          "index_key": 215,
          "schema_version": 0,
          "attributes": {
            "b64": "FL6K",
            "b64_std": "FL6K",
            "b64_url": "FL6K",
            "byte_length": 3,
            "dec": "1359498",
            "hex": "14be8a",
            "id": "FL6K",
            "keepers": {
              "force": "487cf6fa-3360-2b62-3323-e6eaee9b65ea"
            },
            "prefix": null
          },
          "private": "bnVsbA=="
        },
        {
          "index_key": 216,
          "schema_version": 0,
          "attributes": {
            "b64": "DG3A",
            "b64_std": "DG3A",
            "b64_url": "DG3A",
            "byte_length": 3,
            "dec": "814528",
            "hex": "0c6dc0",
            "id": "DG3A",
            "keepers": {
              "force": "b4247665-c9a7-6e25-4a33-79a44b9ff424"
            },
            "prefix": null
          },
          "private": "bnVsbA=="
        },
        {
          "index_key": 217,
          "schema_version": 0,
          "attributes": {
            "b64": "5AL9",
            "b64_std": "5AL9",
            "b64_url": "5AL9",
            "byte_length": 3,
            "dec": "14942973",
            "hex": "e402fd",
            "id": "5AL9",
            "keepers": {
              "force": "56749648-4abc-8316-e6bb-960ecdb533ce"
            },
            "prefix": null
          },
          "private": "bnVsbA=="
        },
        {
          "index_key": 218,
          "schema_version": 0,
          "attributes": {
            "b64": "AWB9",
            "b64_std": "AWB9",
            "b64_url": "AWB9",
            "byte_length": 3,
            "dec": "90237",
            "hex": "01607d",
            "id": "AWB9",
            "keepers": {
              "force": "fb0a0ca9-855b-715e-a895-0e9bf2aa7b08"
            },
            "prefix": null
          },
          "private": "bnVsbA=="
        },
        {
          "index_key": 219,
          "schema_version": 0,
          "attributes": {
            "b64": "VVyn",
            "b64_std": "VVyn",
            "b64_url": "VVyn",
            "byte_length": 3,
            "dec": "5594279",
            "hex": "555ca7",
            "id": "VVyn",
            "keepers": {
              "force": "b5454662-f281-413c-8998-a085011917c6"
            },
            "prefix": null
          },
          "private": "bnVsbA=="
        },
        {
          "index_key": 220,
          "schema_version": 0,
          "attributes": {
            "b64": "yL3L",
            "b64_std": "yL3L",
            "b64_url": "yL3L",
            "byte_length": 3,
            "dec": "13155787",
            "hex": "c8bdcb",
            "id": "yL3L",
            "keepers": {
              "force": "785b9df3-401a-af4e-4fb3-05431315f86d"
            },
            "prefix": null
          },
          "private": "bnVsbA=="
        },
        {
          "index_key": 221,
          "schema_version": 0,
          "attributes": {
            "b64": "cG4R",
            "b64_std": "cG4R",
            "b64_url": "cG4R",
            "byte_length": 3,
            "dec": "7368209",
            "hex": "706e11",
            "id": "cG4R",
            "keepers": {
              "force": "a7b8cc82-3320-ea2f-2c87-c26ab146d266"
            },
            "prefix": null
          },
          "private": "bnVsbA=="
        },
        {
          "index_key": 222,
          "schema_version": 0,
          "attributes": {
            "b64": "nb5O",
            "b64_std": "nb5O",
            "b64_url": "nb5O",
            "byte_length": 3,
            "dec": "10337870",
            "hex": "9dbe4e",
            "id": "nb5O",
            "keepers": {
              "force": "fdb55b79-51a0-00a9-007a-e3e9558ff83c"
            },
            "prefix": null
          },
          "private": "bnVsbA=="
        },
        {
          "index_key": 223,
          "schema_version": 0,
          "attributes": {
            "b64": "Xe_K",
            "b64_std": "Xe/K",
            "b64_url": "Xe_K",
            "byte_length": 3,
            "dec": "6156234",
            "hex": "5defca",
            "id": "Xe_K",
            "keepers": {
              "force": "124a2168-6f1d-b53a-1d80-1cbe5ffa930a"
            },
            "prefix": null
          },
          "private": "bnVsbA=="
        },
        {
          "index_key": 224,
          "schema_version": 0,
          "attributes": {
            "b64": "w0wd",
            "b64_std": "w0wd",
            "b64_url": "w0wd",
            "byte_length": 3,
            "dec": "12799005",
            "hex": "c34c1d",
            "id": "w0wd",
            "keepers": {
              "force": "1d847c9b-ce3f-4463-550c-2e0a5e1cb803"
            },
            "prefix": null
          },
          "private": "bnVsbA=="
        },
        {
          "index_key": 225,
          "schema_version": 0,
          "attributes": {
            "b64": "hlhj",
            "b64_std": "hlhj",
            "b64_url": "hlhj",
            "byte_length": 3,
            "dec": "8804451",
            "hex": "865863",
            "id": "hlhj",
            "keepers": {
              "force": "eddea7f0-b5ad-4bbb-ba67-cd7533cc1c58"
            },
            "prefix": null
          },
          "private": "bnVsbA=="
        },
        {
          "index_key": 226,
          "schema_version": 0,
          "attributes": {
            "b64": "wfiy",
            "b64_std": "wfiy",
            "b64_url": "wfiy",
            "byte_length": 3,
            "dec": "12712114",
            "hex": "c1f8b2",
            "id": "wfiy",
            "keepers": {
              "force": "9e5f2060-aef1-3c80-4091-df4daf327a34"
            },
            "prefix": null
          },
          "private": "bnVsbA=="
        },
        {
          "index_key": 227,
          "schema_version": 0,
          "attributes": {
            "b64": "J8_t",
            "b64_std": "J8/t",
            "b64_url": "J8_t",
            "byte_length": 3,
            "dec": "2609133",
            "hex": "27cfed",
            "id": "J8_t",
            "keepers": {
              "force": "39a7e4ac-04cf-a693-c6ee-f2c268d7caef"
            },
            "prefix": null
          },
          "private": "bnVsbA=="
        },
        {
          "index_key": 228,
          "schema_version": 0,
          "attributes": {
            "b64": "ADdL",
            "b64_std": "ADdL",
            "b64_url": "ADdL",
            "byte_length": 3,
            "dec": "14155",
            "hex": "00374b",
            "id": "ADdL",
            "keepers": {
              "force": "e39b16e5-6ccb-4073-1174-7c4f99d462df"
            },
            "prefix": null
          },
          "private": "bnVsbA=="
        },
        {
          "index_key": 229,
          "schema_version": 0,
          "attributes": {
            "b64": "UjDO",
            "b64_std": "UjDO",
            "b64_url": "UjDO",
            "byte_length": 3,
            "dec": "5386446",
            "hex": "5230ce",
            "id": "UjDO",
            "keepers": {
              "force": "921b7529-986d-af3d-6ee6-12f0c7ec2d72"
            },
            "prefix": null
          },
          "private": "bnVsbA=="
        },
        {
          "index_key": 230,
          "schema_version": 0,
          "attributes": {
            "b64": "rqxY",
            "b64_std": "rqxY",
            "b64_url": "rqxY",
            "byte_length": 3,
            "dec": "11447384",
            "hex": "aeac58",
            "id": "rqxY",
            "keepers": {
              "force": "40121083-699a-fcea-4de3-4daef68b47af"
            },
            "prefix": null
          },
          "private": "bnVsbA=="
        },
        {
          "index_key": 231,
          "schema_version": 0,
          "attributes": {
            "b64": "GkNJ",
            "b64_std": "GkNJ",
            "b64_url": "GkNJ",
            "byte_length": 3,
            "dec": "1721161",
            "hex": "1a4349",
            "id": "GkNJ",
            "keepers": {
              "force": "62491a92-c7d5-cbcf-e8ff-a6089e3d51ee"
            },
            "prefix": null
          },
          "private": "bnVsbA=="
        },
        {
          "index_key": 232,
          "schema_version": 0,
          "attributes": {
            "b64": "d5T7",
            "b64_std": "d5T7",
            "b64_url": "d5T7",
            "byte_length": 3,
            "dec": "7836923",
            "hex": "7794fb",
            "id": "d5T7",
            "keepers": {
              "force": "84187c87-0a7b-544f-8c41-4c8600581063"
            },
            "prefix": null
          },
          "private": "bnVsbA=="
        },
        {
          "index_key": 233,
          "schema_version": 0,
          "attributes": {
            "b64": "VSsJ",
            "b64_std": "VSsJ",
            "b64_url": "VSsJ",
            "byte_length": 3,
            "dec": "5581577",
            "hex": "552b09",
            "id": "VSsJ",
            "keepers": {
              "force": "a17f83a4-a1c1-bda9-cb20-b1e660581aa2"
            },
            "prefix": null
          },
          "private": "bnVsbA=="
        },
        {
          "index_key": 234,
          "schema_version": 0,
          "attributes": {
            "b64": "G8JE",
            "b64_std": "G8JE",
            "b64_url": "G8JE",
            "byte_length": 3,
            "dec": "1819204",
            "hex": "1bc244",
            "id": "G8JE",
            "keepers": {
              "force": "3107a5c3-3efd-e824-9919-b286892dc177"
            },
            "prefix": null
          },
          "private": "bnVsbA=="
        },
        {
          "index_key": 235,
          "schema_version": 0,
          "attributes": {
            "b64": "dR0W",
            "b64_std": "dR0W",
            "b64_url": "dR0W",
            "byte_length": 3,
            "dec": "7675158",
            "hex": "751d16",
            "id": "dR0W",
            "keepers": {
              "force": "4cebe90e-4827-37b7-7217-2d21052329cc"
            },
            "prefix": null
          },
          "private": "bnVsbA=="
        },
        {
          "index_key": 236,
          "schema_version": 0,
          "attributes": {
            "b64": "4XMf",
            "b64_std": "4XMf",
            "b64_url": "4XMf",
            "byte_length": 3,
            "dec": "14775071",
            "hex": "e1731f",
            "id": "4XMf",
            "keepers": {
              "force": "6375ee50-9e7c-aefe-95e8-592353248191"
            },
            "prefix": null
          },
          "private": "bnVsbA=="
        },
        {
          "index_key": 237,
          "schema_version": 0,
          "attributes": {
            "b64": "Tshy",
            "b64_std": "Tshy",
            "b64_url": "Tshy",
            "byte_length": 3,
            "dec": "5163122",
            "hex": "4ec872",
            "id": "Tshy",
            "keepers": {
              "force": "fb2aa8d0-f07f-d5f8-a5d0-6869f27b0fb8"
            },
            "prefix": null
          },
          "private": "bnVsbA=="
        },
        {
          "index_key": 238,
          "schema_version": 0,
          "attributes": {
            "b64": "gLa3",
            "b64_std": "gLa3",
            "b64_url": "gLa3",
            "byte_length": 3,
            "dec": "8435383",
            "hex": "80b6b7",
            "id": "gLa3",
            "keepers": {
              "force": "8606b1a5-88ca-0cfb-8e2b-2e9e84242150"
            },
            "prefix": null
          },
          "private": "bnVsbA=="
        },
        {
          "index_key": 239,
          "schema_version": 0,
          "attributes": {
            "b64": "NmEm",
            "b64_std": "NmEm",
            "b64_url": "NmEm",
            "byte_length": 3,
            "dec": "3563814",
            "hex": "366126",
            "id": "NmEm",
            "keepers": {
              "force": "d8bc3dd2-4ff2-35c6-0b71-0752894c66e4"
            },
            "prefix": null
          },
          "private": "bnVsbA=="
        },
        {
          "index_key": 240,
          "schema_version": 0,
          "attributes": {
            "b64": "rjhb",
            "b64_std": "rjhb",
            "b64_url": "rjhb",
            "byte_length": 3,
            "dec": "11417691",
            "hex": "ae385b",
            "id": "rjhb",
            "keepers": {
              "force": "27601aff-1f4f-d20d-102a-1832b6e1a89b"
            },
            "prefix": null
          },
          "private": "bnVsbA=="
        },
        {
          "index_key": 241,
          "schema_version": 0,
          "attributes": {
            "b64": "G9Ru",
            "b64_std": "G9Ru",
            "b64_url": "G9Ru",
            "byte_length": 3,
            "dec": "1823854",
            "hex": "1bd46e",
            "id": "G9Ru",
            "keepers": {
              "force": "caacd7ce-5795-8082-8060-a46eae4d21a2"
            },
            "prefix": null
          },
          "private": "bnVsbA=="
        },
        {
          "index_key": 242,
          "schema_version": 0,
          "attributes": {
            "b64": "f2RP",
            "b64_std": "f2RP",
            "b64_url": "f2RP",
            "byte_length": 3,
            "dec": "8348751",
            "hex": "7f644f",
            "id": "f2RP",
            "keepers": {
              "force": "78ced98c-65ac-7efc-d699-cc6e0f751603"
            },
            "prefix": null
          },
          "private": "bnVsbA=="
        },
        {
          "index_key": 243,
          "schema_version": 0,
          "attributes": {
            "b64": "VVk4",
            "b64_std": "VVk4",
            "b64_url": "VVk4",
            "byte_length": 3,
            "dec": "5593400",
            "hex": "555938",
            "id": "VVk4",
            "keepers": {
              "force": "536f41a2-b520-18c2-ed9f-07ab1f1ff901"
            },
            "prefix": null
          },
          "private": "bnVsbA=="
        },
        {
          "index_key": 244,
          "schema_version": 0,
          "attributes": {
            "b64": "n3l5",
            "b64_std": "n3l5",
            "b64_url": "n3l5",
            "byte_length": 3,
            "dec": "10451321",
            "hex": "9f7979",
            "id": "n3l5",
            "keepers": {
              "force": "bf154844-afc0-697a-24f3-9750deacf0db"
            },
            "prefix": null
          },
          "private": "bnVsbA=="
        },
        {
          "index_key": 245,
          "schema_version": 0,
          "attributes": {
            "b64": "VTJB",
            "b64_std": "VTJB",
            "b64_url": "VTJB",
            "byte_length": 3,
            "dec": "5583425",
            "hex": "553241",
            "id": "VTJB",
            "keepers": {
              "force": "61328b5c-1108-b9c0-3ff1-1268c55a5fec"
            },
            "prefix": null
          },
          "private": "bnVsbA=="
        },
        {
          "index_key": 246,
          "schema_version": 0,
          "attributes": {
            "b64": "n6s9",
            "b64_std": "n6s9",
            "b64_url": "n6s9",
            "byte_length": 3,
            "dec": "10464061",
            "hex": "9fab3d",
            "id": "n6s9",
            "keepers": {
              "force": "26e4ba52-dc60-0022-be6b-853771792841"
            },
            "prefix": null
          },
          "private": "bnVsbA=="
        },
        {
          "index_key": 247,
          "schema_version": 0,
          "attributes": {
            "b64": "R_K3",
            "b64_std": "R/K3",
            "b64_url": "R_K3",
            "byte_length": 3,
            "dec": "4715191",
            "hex": "47f2b7",
            "id": "R_K3",
            "keepers": {
              "force": "45a58356-3471-f95f-2e19-1ec691486555"
            },
            "prefix": null
          },
          "private": "bnVsbA=="
        },
        {
          "index_key": 248,
          "schema_version": 0,
          "attributes": {
            "b64": "0tuE",
            "b64_std": "0tuE",
            "b64_url": "0tuE",
            "byte_length": 3,
            "dec": "13818756",
            "hex": "d2db84",
            "id": "0tuE",
            "keepers": {
              "force": "84f5a45f-2c18-282a-0e8b-98d2f5623458"
            },
            "prefix": null
          },
          "private": "bnVsbA=="
        },
        {
          "index_key": 249,
          "schema_version": 0,
          "attributes": {
            "b64": "QKdI",
            "b64_std": "QKdI",
            "b64_url": "QKdI",
            "byte_length": 3,
            "dec": "4237128",
            "hex": "40a748",
            "id": "QKdI",
            "keepers": {
              "force": "6ef551f4-7261-4d2e-e634-fc3a65a22303"
            },
            "prefix": null
          },
          "private": "bnVsbA=="
        },
        {
          "index_key": 250,
          "schema_version": 0,
          "attributes": {
            "b64": "e9Uy",
            "b64_std": "e9Uy",
            "b64_url": "e9Uy",
            "byte_length": 3,
            "dec": "8115506",
            "hex": "7bd532",
            "id": "e9Uy",
            "keepers": {
              "force": "fdb8d5e3-cb3a-2016-eefa-299402be8f13"
            },
            "prefix": null
          },
          "private": "bnVsbA=="
        },
        {
          "index_key": 251,
          "schema_version": 0,
          "attributes": {
            "b64": "xZES",
            "b64_std": "xZES",
            "b64_url": "xZES",
            "byte_length": 3,
            "dec": "12947730",
            "hex": "c59112",
            "id": "xZES",
            "keepers": {
              "force": "08cc5867-de5a-9a6c-b1ec-3d5254d8b83f"
            },
            "prefix": null
          },
          "private": "bnVsbA=="
        },
        {
          "index_key": 252,
          "schema_version": 0,
          "attributes": {
            "b64": "o52-",
            "b64_std": "o52+",
            "b64_url": "o52-",
            "byte_length": 3,
            "dec": "10722750",
            "hex": "a39dbe",
            "id": "o52-",
            "keepers": {
              "force": "91d434df-c8c1-6bea-8df4-a0d154a19d58"
            },
            "prefix": null
          },
          "private": "bnVsbA=="
        },
        {
          "index_key": 253,
          "schema_version": 0,
          "attributes": {
            "b64": "iOmg",
            "b64_std": "iOmg",
            "b64_url": "iOmg",
            "byte_length": 3,
            "dec": "8972704",
            "hex": "88e9a0",
            "id": "iOmg",
            "keepers": {
              "force": "c47ae7c4-c08b-9431-0a00-abc16ba977a1"
            },
            "prefix": null
          },
          "private": "bnVsbA=="
        },
        {
          "index_key": 254,
          "schema_version": 0,
          "attributes": {
            "b64": "29Qk",
            "b64_std": "29Qk",
            "b64_url": "29Qk",
            "byte_length": 3,
            "dec": "14406692",
            "hex": "dbd424",
            "id": "29Qk",
            "keepers": {
              "force": "8fb01d91-b214-01d1-b0cf-5c189502aff0"
            },
            "prefix": null
          },
          "private": "bnVsbA=="
        },
        {
          "index_key": 255,
          "schema_version": 0,
          "attributes": {
            "b64": "eLXb",
            "b64_std": "eLXb",
            "b64_url": "eLXb",
            "byte_length": 3,
            "dec": "7910875",
            "hex": "78b5db",
            "id": "eLXb",
            "keepers": {
              "force": "4985b2ac-0086-4fc4-fd78-31dece1bfeba"
            },
            "prefix": null
          },
          "private": "bnVsbA=="
        },
        {
          "index_key": 256,
          "schema_version": 0,
          "attributes": {
            "b64": "gGTj",
            "b64_std": "gGTj",
            "b64_url": "gGTj",
            "byte_length": 3,
            "dec": "8414435",
            "hex": "8064e3",
            "id": "gGTj",
            "keepers": {
              "force": "fad44e0e-59ef-b2b4-46c4-6a48d99370ae"
            },
            "prefix": null
          },
          "private": "bnVsbA=="
        },
        {
          "index_key": 257,
          "schema_version": 0,
          "attributes": {
            "b64": "vbRp",
            "b64_std": "vbRp",
            "b64_url": "vbRp",
            "byte_length": 3,
            "dec": "12432489",
            "hex": "bdb469",
            "id": "vbRp",
            "keepers": {
              "force": "8716dc35-ca6c-e10a-1721-f9f4944e7dd4"
            },
            "prefix": null
          },
          "private": "bnVsbA=="
        },
        {
          "index_key": 258,
          "schema_version": 0,
          "attributes": {
            "b64": "brYs",
            "b64_std": "brYs",
            "b64_url": "brYs",
            "byte_length": 3,
            "dec": "7255596",
            "hex": "6eb62c",
            "id": "brYs",
            "keepers": {
              "force": "c77db8b0-4c42-f31a-df31-52a95e3b223d"
            },
            "prefix": null
          },
          "private": "bnVsbA=="
        },
        {
          "index_key": 259,
          "schema_version": 0,
          "attributes": {
            "b64": "MDlJ",
            "b64_std": "MDlJ",
            "b64_url": "MDlJ",
            "byte_length": 3,
            "dec": "3160393",
            "hex": "303949",
            "id": "MDlJ",
            "keepers": {
              "force": "aa69e577-be6a-5060-8161-2a3116ed3ab1"
            },
            "prefix": null
          },
          "private": "bnVsbA=="
        },
        {
          "index_key": 260,
          "schema_version": 0,
          "attributes": {
            "b64": "lgfH",
            "b64_std": "lgfH",
            "b64_url": "lgfH",
            "byte_length": 3,
            "dec": "9832391",
            "hex": "9607c7",
            "id": "lgfH",
            "keepers": {
              "force": "a4e98326-9fe0-2c8f-10f6-bba4f4a659dd"
            },
            "prefix": null
          },
          "private": "bnVsbA=="
        },
        {
          "index_key": 261,
          "schema_version": 0,
          "attributes": {
            "b64": "KbjT",
            "b64_std": "KbjT",
            "b64_url": "KbjT",
            "byte_length": 3,
            "dec": "2734291",
            "hex": "29b8d3",
            "id": "KbjT",
            "keepers": {
              "force": "312027bc-ddc8-fbb2-0ac5-dc3a949c5ec4"
            },
            "prefix": null
          },
          "private": "bnVsbA=="
        },
        {
          "index_key": 262,
          "schema_version": 0,
          "attributes": {
            "b64": "3ayd",
            "b64_std": "3ayd",
            "b64_url": "3ayd",
            "byte_length": 3,
            "dec": "14527645",
            "hex": "ddac9d",
            "id": "3ayd",
            "keepers": {
              "force": "fbccfd7d-0d6b-8bff-23c8-67a89ccf5851"
            },
            "prefix": null
          },
          "private": "bnVsbA=="
        },
        {
          "index_key": 263,
          "schema_version": 0,
          "attributes": {
            "b64": "55sZ",
            "b64_std": "55sZ",
            "b64_url": "55sZ",
            "byte_length": 3,
            "dec": "15178521",
            "hex": "e79b19",
            "id": "55sZ",
            "keepers": {
              "force": "786435de-fb2f-28cc-c177-e2d97b34c354"
            },
            "prefix": null
          },
          "private": "bnVsbA=="
        },
        {
          "index_key": 264,
          "schema_version": 0,
          "attributes": {
            "b64": "yLMO",
            "b64_std": "yLMO",
            "b64_url": "yLMO",
            "byte_length": 3,
            "dec": "13153038",
            "hex": "c8b30e",
            "id": "yLMO",
            "keepers": {
              "force": "969a6982-9e06-db03-ddce-d364f2493908"
            },
            "prefix": null
          },
          "private": "bnVsbA=="
        },
        {
          "index_key": 265,
          "schema_version": 0,
          "attributes": {
            "b64": "JsWl",
            "b64_std": "JsWl",
            "b64_url": "JsWl",
            "byte_length": 3,
            "dec": "2540965",
            "hex": "26c5a5",
            "id": "JsWl",
            "keepers": {
              "force": "1e1b2365-3d37-fba2-d1d5-de6d1a89600f"
            },
            "prefix": null
          },
          "private": "bnVsbA=="
        },
        {
          "index_key": 266,
          "schema_version": 0,
          "attributes": {
            "b64": "XT5F",
            "b64_std": "XT5F",
            "b64_url": "XT5F",
            "byte_length": 3,
            "dec": "6110789",
            "hex": "5d3e45",
            "id": "XT5F",
            "keepers": {
              "force": "da6f3d65-6196-8eb3-28da-e29db15a4fbb"
            },
            "prefix": null
          },
          "private": "bnVsbA=="
        },
        {
          "index_key": 267,
          "schema_version": 0,
          "attributes": {
            "b64": "qaJ-",
            "b64_std": "qaJ+",
            "b64_url": "qaJ-",
            "byte_length": 3,
            "dec": "11117182",
            "hex": "a9a27e",
            "id": "qaJ-",
            "keepers": {
              "force": "a143250f-bb57-d8fa-4187-2a0e283cfaea"
            },
            "prefix": null
          },
          "private": "bnVsbA=="
        },
        {
          "index_key": 268,
          "schema_version": 0,
          "attributes": {
            "b64": "zUNy",
            "b64_std": "zUNy",
            "b64_url": "zUNy",
            "byte_length": 3,
            "dec": "13452146",
            "hex": "cd4372",
            "id": "zUNy",
            "keepers": {
              "force": "cc4c4be7-c8b8-cc43-a457-053c52df3b54"
            },
            "prefix": null
          },
          "private": "bnVsbA=="
        },
        {
          "index_key": 269,
          "schema_version": 0,
          "attributes": {
            "b64": "ozoI",
            "b64_std": "ozoI",
            "b64_url": "ozoI",
            "byte_length": 3,
            "dec": "10697224",
            "hex": "a33a08",
            "id": "ozoI",
            "keepers": {
              "force": "511c37cd-c06f-a297-047b-7c9c1604da30"
            },
            "prefix": null
          },
          "private": "bnVsbA=="
        },
        {
          "index_key": 270,
          "schema_version": 0,
          "attributes": {
            "b64": "7bBt",
            "b64_std": "7bBt",
            "b64_url": "7bBt",
            "byte_length": 3,
            "dec": "15577197",
            "hex": "edb06d",
            "id": "7bBt",
            "keepers": {
              "force": "030dd27b-5257-fc18-6101-4142cfe45347"
            },
            "prefix": null
          },
          "private": "bnVsbA=="
        },
        {
          "index_key": 271,
          "schema_version": 0,
          "attributes": {
            "b64": "rBRZ",
            "b64_std": "rBRZ",
            "b64_url": "rBRZ",
            "byte_length": 3,
            "dec": "11277401",
            "hex": "ac1459",
            "id": "rBRZ",
            "keepers": {
              "force": "d9355754-d4a5-2617-6219-ac84f302bf28"
            },
            "prefix": null
          },
          "private": "bnVsbA=="
        },
        {
          "index_key": 272,
          "schema_version": 0,
          "attributes": {
            "b64": "vYYE",
            "b64_std": "vYYE",
            "b64_url": "vYYE",
            "byte_length": 3,
            "dec": "12420612",
            "hex": "bd8604",
            "id": "vYYE",
            "keepers": {
              "force": "4577d6c8-c9db-e13b-ed5b-73d33adbf3ee"
            },
            "prefix": null
          },
          "private": "bnVsbA=="
        },
        {
          "index_key": 273,
          "schema_version": 0,
          "attributes": {
            "b64": "zqzc",
            "b64_std": "zqzc",
            "b64_url": "zqzc",
            "byte_length": 3,
            "dec": "13544668",
            "hex": "ceacdc",
            "id": "zqzc",
            "keepers": {
              "force": "c845698c-3921-2127-1e94-f01f8838a5f2"
            },
            "prefix": null
          },
          "private": "bnVsbA=="
        },
        {
          "index_key": 274,
          "schema_version": 0,
          "attributes": {
            "b64": "lCe4",
            "b64_std": "lCe4",
            "b64_url": "lCe4",
            "byte_length": 3,
            "dec": "9709496",
            "hex": "9427b8",
            "id": "lCe4",
            "keepers": {
              "force": "dc3518d4-4a36-3ca2-9f53-661af7670001"
            },
            "prefix": null
          },
          "private": "bnVsbA=="
        },
        {
          "index_key": 275,
          "schema_version": 0,
          "attributes": {
            "b64": "hQxn",
            "b64_std": "hQxn",
            "b64_url": "hQxn",
            "byte_length": 3,
            "dec": "8719463",
            "hex": "850c67",
            "id": "hQxn",
            "keepers": {
              "force": "b415cb3d-0518-fecc-8cfb-89d6cdde4a94"
            },
            "prefix": null
          },
          "private": "bnVsbA=="
        },
        {
          "index_key": 276,
          "schema_version": 0,
          "attributes": {
            "b64": "Xm_j",
            "b64_std": "Xm/j",
            "b64_url": "Xm_j",
            "byte_length": 3,
            "dec": "6189027",
            "hex": "5e6fe3",
            "id": "Xm_j",
            "keepers": {
              "force": "d564fd34-268e-6227-b704-afcd352fed7e"
            },
            "prefix": null
          },
          "private": "bnVsbA=="
        },
        {
          "index_key": 277,
          "schema_version": 0,
          "attributes": {
            "b64": "u1Wz",
            "b64_std": "u1Wz",
            "b64_url": "u1Wz",
            "byte_length": 3,
            "dec": "12277171",
            "hex": "bb55b3",
            "id": "u1Wz",
            "keepers": {
              "force": "1b05959c-5272-c4de-fe21-b73072c32699"
            },
            "prefix": null
          },
          "private": "bnVsbA=="
        },
        {
          "index_key": 278,
          "schema_version": 0,
          "attributes": {
            "b64": "B8gF",
            "b64_std": "B8gF",
            "b64_url": "B8gF",
            "byte_length": 3,
            "dec": "509957",
            "hex": "07c805",
            "id": "B8gF",
            "keepers": {
              "force": "8063d248-6b0c-d462-1f27-ee47ed1dafa0"
            },
            "prefix": null
          },
          "private": "bnVsbA=="
        },
        {
          "index_key": 279,
          "schema_version": 0,
          "attributes": {
            "b64": "1Dj2",
            "b64_std": "1Dj2",
            "b64_url": "1Dj2",
            "byte_length": 3,
            "dec": "13908214",
            "hex": "d438f6",
            "id": "1Dj2",
            "keepers": {
              "force": "eb242085-aacc-036b-a269-3a361aaeea75"
            },
            "prefix": null
          },
          "private": "bnVsbA=="
        },
        {
          "index_key": 280,
          "schema_version": 0,
          "attributes": {
            "b64": "Mdsi",
            "b64_std": "Mdsi",
            "b64_url": "Mdsi",
            "byte_length": 3,
            "dec": "3267362",
            "hex": "31db22",
            "id": "Mdsi",
            "keepers": {
              "force": "9f989015-65cc-579a-2d11-e4a8a93ed091"
            },
            "prefix": null
          },
          "private": "bnVsbA=="
        },
        {
          "index_key": 281,
          "schema_version": 0,
          "attributes": {
            "b64": "0-kw",
            "b64_std": "0+kw",
            "b64_url": "0-kw",
            "byte_length": 3,
            "dec": "13887792",
            "hex": "d3e930",
            "id": "0-kw",
            "keepers": {
              "force": "efcaa244-06bc-4daf-c8d7-4a7ca95861ea"
            },
            "prefix": null
          },
          "private": "bnVsbA=="
        },
        {
          "index_key": 282,
          "schema_version": 0,
          "attributes": {
            "b64": "2jJx",
            "b64_std": "2jJx",
            "b64_url": "2jJx",
            "byte_length": 3,
            "dec": "14299761",
            "hex": "da3271",
            "id": "2jJx",
            "keepers": {
              "force": "ca10bf64-90f9-692b-e250-a87dff041121"
            },
            "prefix": null
          },
          "private": "bnVsbA=="
        },
        {
          "index_key": 283,
          "schema_version": 0,
          "attributes": {
            "b64": "4gUB",
            "b64_std": "4gUB",
            "b64_url": "4gUB",
            "byte_length": 3,
            "dec": "14812417",
            "hex": "e20501",
            "id": "4gUB",
            "keepers": {
              "force": "db39d22a-1abd-1097-111e-4e72919a8f63"
            },
            "prefix": null
          },
          "private": "bnVsbA=="
        },
        {
          "index_key": 284,
          "schema_version": 0,
          "attributes": {
            "b64": "Hqi5",
            "b64_std": "Hqi5",
            "b64_url": "Hqi5",
            "byte_length": 3,
            "dec": "2009273",
            "hex": "1ea8b9",
            "id": "Hqi5",
            "keepers": {
              "force": "2ca4b6e0-5b94-2304-9ce8-476311183a64"
            },
            "prefix": null
          },
          "private": "bnVsbA=="
        },
        {
          "index_key": 285,
          "schema_version": 0,
          "attributes": {
            "b64": "EwOI",
            "b64_std": "EwOI",
            "b64_url": "EwOI",
            "byte_length": 3,
            "dec": "1246088",
            "hex": "130388",
            "id": "EwOI",
            "keepers": {
              "force": "78165ecf-bd2d-b135-5fa1-239d79615c91"
            },
            "prefix": null
          },
          "private": "bnVsbA=="
        },
        {
          "index_key": 286,
          "schema_version": 0,
          "attributes": {
            "b64": "BFdL",
            "b64_std": "BFdL",
            "b64_url": "BFdL",
            "byte_length": 3,
            "dec": "284491",
            "hex": "04574b",
            "id": "BFdL",
            "keepers": {
              "force": "506276d3-c402-3389-6348-21a33afe26c6"
            },
            "prefix": null
          },
          "private": "bnVsbA=="
        },
        {
          "index_key": 287,
          "schema_version": 0,
          "attributes": {
            "b64": "2Lc2",
            "b64_std": "2Lc2",
            "b64_url": "2Lc2",
            "byte_length": 3,
            "dec": "14202678",
            "hex": "d8b736",
            "id": "2Lc2",
            "keepers": {
              "force": "4be91b3f-cad5-c318-37c6-2fdab5cf7e45"
            },
            "prefix": null
          },
          "private": "bnVsbA=="
        },
        {
          "index_key": 288,
          "schema_version": 0,
          "attributes": {
            "b64": "A3H1",
            "b64_std": "A3H1",
            "b64_url": "A3H1",
            "byte_length": 3,
            "dec": "225781",
            "hex": "0371f5",
            "id": "A3H1",
            "keepers": {
              "force": "2e46dd01-2685-25dd-d301-e185c1ab387c"
            },
            "prefix": null
          },
          "private": "bnVsbA=="
        },
        {
          "index_key": 289,
          "schema_version": 0,
          "attributes": {
            "b64": "cRO8",
            "b64_std": "cRO8",
            "b64_url": "cRO8",
            "byte_length": 3,
            "dec": "7410620",
            "hex": "7113bc",
            "id": "cRO8",
            "keepers": {
              "force": "8604291c-2676-93e8-1248-d82878d60f10"
            },
            "prefix": null
          },
          "private": "bnVsbA=="
        },
        {
          "index_key": 290,
          "schema_version": 0,
          "attributes": {
            "b64": "htC3",
            "b64_std": "htC3",
            "b64_url": "htC3",
            "byte_length": 3,
            "dec": "8835255",
            "hex": "86d0b7",
            "id": "htC3",
            "keepers": {
              "force": "a5507f4e-0359-4dc4-90df-3584e2c1997a"
            },
            "prefix": null
          },
          "private": "bnVsbA=="
        },
        {
          "index_key": 291,
          "schema_version": 0,
          "attributes": {
            "b64": "MAgj",
            "b64_std": "MAgj",
            "b64_url": "MAgj",
            "byte_length": 3,
            "dec": "3147811",
            "hex": "300823",
            "id": "MAgj",
            "keepers": {
              "force": "40e64e28-c312-5432-e755-0d68f04560f8"
            },
            "prefix": null
          },
          "private": "bnVsbA=="
        },
        {
          "index_key": 292,
          "schema_version": 0,
          "attributes": {
            "b64": "ZJIz",
            "b64_std": "ZJIz",
            "b64_url": "ZJIz",
            "byte_length": 3,
            "dec": "6591027",
            "hex": "649233",
            "id": "ZJIz",
            "keepers": {
              "force": "ade7013c-71da-1657-b70e-cbcc34835d7c"
            },
            "prefix": null
          },
          "private": "bnVsbA=="
        },
        {
          "index_key": 293,
          "schema_version": 0,
          "attributes": {
            "b64": "z1ej",
            "b64_std": "z1ej",
            "b64_url": "z1ej",
            "byte_length": 3,
            "dec": "13588387",
            "hex": "cf57a3",
            "id": "z1ej",
            "keepers": {
              "force": "bc15ce94-1538-0ba3-4293-e1b97ba035cf"
            },
            "prefix": null
          },
          "private": "bnVsbA=="
        },
        {
          "index_key": 294,
          "schema_version": 0,
          "attributes": {
            "b64": "-_Es",
            "b64_std": "+/Es",
            "b64_url": "-_Es",
            "byte_length": 3,
            "dec": "16511276",
            "hex": "fbf12c",
            "id": "-_Es",
            "keepers": {
              "force": "0fcff296-0503-b353-9472-cdd1a7300d91"
            },
            "prefix": null
          },
          "private": "bnVsbA=="
        },
        {
          "index_key": 295,
          "schema_version": 0,
          "attributes": {
            "b64": "LXdi",
            "b64_std": "LXdi",
            "b64_url": "LXdi",
            "byte_length": 3,
            "dec": "2979682",
            "hex": "2d7762",
            "id": "LXdi",
            "keepers": {
              "force": "dca259b7-be0c-175e-7403-8e143353e12b"
            },
            "prefix": null
          },
          "private": "bnVsbA=="
        },
        {
          "index_key": 296,
          "schema_version": 0,
          "attributes": {
            "b64": "ZNWR",
            "b64_std": "ZNWR",
            "b64_url": "ZNWR",
            "byte_length": 3,
            "dec": "6608273",
            "hex": "64d591",
            "id": "ZNWR",
            "keepers": {
              "force": "24306b35-c367-25a4-919c-01f66fbe4efc"
            },
            "prefix": null
          },
          "private": "bnVsbA=="
        },
        {
          "index_key": 297,
          "schema_version": 0,
          "attributes": {
            "b64": "lLSZ",
            "b64_std": "lLSZ",
            "b64_url": "lLSZ",
            "byte_length": 3,
            "dec": "9745561",
            "hex": "94b499",
            "id": "lLSZ",
            "keepers": {
              "force": "90475182-781b-72d3-6ca0-3f21293501c4"
            },
            "prefix": null
          },
          "private": "bnVsbA=="
        },
        {
          "index_key": 298,
          "schema_version": 0,
          "attributes": {
            "b64": "PQ0Y",
            "b64_std": "PQ0Y",
            "b64_url": "PQ0Y",
            "byte_length": 3,
            "dec": "4001048",
            "hex": "3d0d18",
            "id": "PQ0Y",
            "keepers": {
              "force": "13fe91cb-9874-041e-299e-1b4e4bdba404"
            },
            "prefix": null
          },
          "private": "bnVsbA=="
        },
        {
          "index_key": 299,
          "schema_version": 0,
          "attributes": {
            "b64": "FL7O",
            "b64_std": "FL7O",
            "b64_url": "FL7O",
            "byte_length": 3,
            "dec": "1359566",
            "hex": "14bece",
            "id": "FL7O",
            "keepers": {
              "force": "8b7a087b-4446-e049-c19d-a779b81e4d95"
            },
            "prefix": null
          },
          "private": "bnVsbA=="
        },
        {
          "index_key": 300,
          "schema_version": 0,
          "attributes": {
            "b64": "Yzcv",
            "b64_std": "Yzcv",
            "b64_url": "Yzcv",
            "byte_length": 3,
            "dec": "6502191",
            "hex": "63372f",
            "id": "Yzcv",
            "keepers": {
              "force": "d52d90bf-a024-bc78-c540-eb2fba51bae5"
            },
            "prefix": null
          },
          "private": "bnVsbA=="
        },
        {
          "index_key": 301,
          "schema_version": 0,
          "attributes": {
            "b64": "cWsB",
            "b64_std": "cWsB",
            "b64_url": "cWsB",
            "byte_length": 3,
            "dec": "7432961",
            "hex": "716b01",
            "id": "cWsB",
            "keepers": {
              "force": "115a2326-b01f-7a9f-586c-511c5a340b18"
            },
            "prefix": null
          },
          "private": "bnVsbA=="
        },
        {
          "index_key": 302,
          "schema_version": 0,
          "attributes": {
            "b64": "sAnu",
            "b64_std": "sAnu",
            "b64_url": "sAnu",
            "byte_length": 3,
            "dec": "11536878",
            "hex": "b009ee",
            "id": "sAnu",
            "keepers": {
              "force": "b6924714-c033-6ddd-3ef4-c5cb9f5d76bf"
            },
            "prefix": null
          },
          "private": "bnVsbA=="
        },
        {
          "index_key": 303,
          "schema_version": 0,
          "attributes": {
            "b64": "5D0N",
            "b64_std": "5D0N",
            "b64_url": "5D0N",
            "byte_length": 3,
            "dec": "14957837",
            "hex": "e43d0d",
            "id": "5D0N",
            "keepers": {
              "force": "b06763b6-294f-bfbf-af61-8dcda9cae215"
            },
            "prefix": null
          },
          "private": "bnVsbA=="
        },
        {
          "index_key": 304,
          "schema_version": 0,
          "attributes": {
            "b64": "OGI2",
            "b64_std": "OGI2",
            "b64_url": "OGI2",
            "byte_length": 3,
            "dec": "3695158",
            "hex": "386236",
            "id": "OGI2",
            "keepers": {
              "force": "d404c3b9-3384-0259-37a4-ef82d99c3769"
            },
            "prefix": null
          },
          "private": "bnVsbA=="
        },
        {
          "index_key": 305,
          "schema_version": 0,
          "attributes": {
            "b64": "3m3m",
            "b64_std": "3m3m",
            "b64_url": "3m3m",
            "byte_length": 3,
            "dec": "14577126",
            "hex": "de6de6",
            "id": "3m3m",
            "keepers": {
              "force": "b581c5f9-f847-b6cb-a860-a748ec4b745d"
            },
            "prefix": null
          },
          "private": "bnVsbA=="
        },
        {
          "index_key": 306,
          "schema_version": 0,
          "attributes": {
            "b64": "Fyzu",
            "b64_std": "Fyzu",
            "b64_url": "Fyzu",
            "byte_length": 3,
            "dec": "1518830",
            "hex": "172cee",
            "id": "Fyzu",
            "keepers": {
              "force": "ec7c4f58-ae0a-0015-df0c-3bb0a6fd7ca8"
            },
            "prefix": null
          },
          "private": "bnVsbA=="
        },
        {
          "index_key": 307,
          "schema_version": 0,
          "attributes": {
            "b64": "-qE2",
            "b64_std": "+qE2",
            "b64_url": "-qE2",
            "byte_length": 3,
            "dec": "16425270",
            "hex": "faa136",
            "id": "-qE2",
            "keepers": {
              "force": "3279c3ba-af62-a44d-8e5a-24192e2cad2e"
            },
            "prefix": null
          },
          "private": "bnVsbA=="
        },
        {
          "index_key": 308,
          "schema_version": 0,
          "attributes": {
            "b64": "__Tq",
            "b64_std": "//Tq",
            "b64_url": "__Tq",
            "byte_length": 3,
            "dec": "16774378",
            "hex": "fff4ea",
            "id": "__Tq",
            "keepers": {
              "force": "adcc73df-dedf-93b2-d641-48b9dd9c3dfe"
            },
            "prefix": null
          },
          "private": "bnVsbA=="
        },
        {
          "index_key": 309,
          "schema_version": 0,
          "attributes": {
            "b64": "9xke",
            "b64_std": "9xke",
            "b64_url": "9xke",
            "byte_length": 3,
            "dec": "16193822",
            "hex": "f7191e",
            "id": "9xke",
            "keepers": {
              "force": "db6bcce3-e6e3-4a51-5742-0a9f8e969d2b"
            },
            "prefix": null
          },
          "private": "bnVsbA=="
        },
        {
          "index_key": 310,
          "schema_version": 0,
          "attributes": {
            "b64": "ukgu",
            "b64_std": "ukgu",
            "b64_url": "ukgu",
            "byte_length": 3,
            "dec": "12208174",
            "hex": "ba482e",
            "id": "ukgu",
            "keepers": {
              "force": "3bf65c40-9ec3-74dc-ebc3-c1d91651fe4c"
            },
            "prefix": null
          },
          "private": "bnVsbA=="
        },
        {
          "index_key": 311,
          "schema_version": 0,
          "attributes": {
            "b64": "uX0K",
            "b64_std": "uX0K",
            "b64_url": "uX0K",
            "byte_length": 3,
            "dec": "12156170",
            "hex": "b97d0a",
            "id": "uX0K",
            "keepers": {
              "force": "7bc65606-de6f-4714-11d3-ba8ed967dae7"
            },
            "prefix": null
          },
          "private": "bnVsbA=="
        },
        {
          "index_key": 312,
          "schema_version": 0,
          "attributes": {
            "b64": "ARhz",
            "b64_std": "ARhz",
            "b64_url": "ARhz",
            "byte_length": 3,
            "dec": "71795",
            "hex": "011873",
            "id": "ARhz",
            "keepers": {
              "force": "65e95932-05d8-4531-5e2f-38480a1603d8"
            },
            "prefix": null
          },
          "private": "bnVsbA=="
        },
        {
          "index_key": 313,
          "schema_version": 0,
          "attributes": {
            "b64": "7_Vc",
            "b64_std": "7/Vc",
            "b64_url": "7_Vc",
            "byte_length": 3,
            "dec": "15725916",
            "hex": "eff55c",
            "id": "7_Vc",
            "keepers": {
              "force": "bf6cc366-8ada-270f-f138-b9fa2c42b247"
            },
            "prefix": null
          },
          "private": "bnVsbA=="
        },
        {
          "index_key": 314,
          "schema_version": 0,
          "attributes": {
            "b64": "n1-7",
            "b64_std": "n1+7",
            "b64_url": "n1-7",
            "byte_length": 3,
            "dec": "10444731",
            "hex": "9f5fbb",
            "id": "n1-7",
            "keepers": {
              "force": "981676b7-da62-7eaa-2bf0-57191bafacc0"
            },
            "prefix": null
          },
          "private": "bnVsbA=="
        },
        {
          "index_key": 315,
          "schema_version": 0,
          "attributes": {
            "b64": "HO1j",
            "b64_std": "HO1j",
            "b64_url": "HO1j",
            "byte_length": 3,
            "dec": "1895779",
            "hex": "1ced63",
            "id": "HO1j",
            "keepers": {
              "force": "983e3708-82d4-b27f-027f-cacd7c3871ce"
            },
            "prefix": null
          },
          "private": "bnVsbA=="
        },
        {
          "index_key": 316,
          "schema_version": 0,
          "attributes": {
            "b64": "iT51",
            "b64_std": "iT51",
            "b64_url": "iT51",
            "byte_length": 3,
            "dec": "8994421",
            "hex": "893e75",
            "id": "iT51",
            "keepers": {
              "force": "e8c5ac43-87a9-263e-4e89-8ae6acaf36ff"
            },
            "prefix": null
          },
          "private": "bnVsbA=="
        },
        {
          "index_key": 317,
          "schema_version": 0,
          "attributes": {
            "b64": "2VX-",
            "b64_std": "2VX+",
            "b64_url": "2VX-",
            "byte_length": 3,
            "dec": "14243326",
            "hex": "d955fe",
            "id": "2VX-",
            "keepers": {
              "force": "cf2ce6cf-bd9d-2d8e-26f6-f9aa02df68db"
            },
            "prefix": null
          },
          "private": "bnVsbA=="
        },
        {
          "index_key": 318,
          "schema_version": 0,
          "attributes": {
            "b64": "_1db",
            "b64_std": "/1db",
            "b64_url": "_1db",
            "byte_length": 3,
            "dec": "16734043",
            "hex": "ff575b",
            "id": "_1db",
            "keepers": {
              "force": "ae3d6ed4-fc4b-87df-7170-d04241c87f09"
            },
            "prefix": null
          },
          "private": "bnVsbA=="
        },
        {
          "index_key": 319,
          "schema_version": 0,
          "attributes": {
            "b64": "cWZR",
            "b64_std": "cWZR",
            "b64_url": "cWZR",
            "byte_length": 3,
            "dec": "7431761",
            "hex": "716651",
            "id": "cWZR",
            "keepers": {
              "force": "2922a7be-9957-52c7-5a21-845bd3387138"
            },
            "prefix": null
          },
          "private": "bnVsbA=="
        },
        {
          "index_key": 320,
          "schema_version": 0,
          "attributes": {
            "b64": "w_O8",
            "b64_std": "w/O8",
            "b64_url": "w_O8",
            "byte_length": 3,
            "dec": "12841916",
            "hex": "c3f3bc",
            "id": "w_O8",
            "keepers": {
              "force": "489a9a34-57d4-55f4-176a-997f57d850b8"
            },
            "prefix": null
          },
          "private": "bnVsbA=="
        },
        {
          "index_key": 321,
          "schema_version": 0,
          "attributes": {
            "b64": "AeRA",
            "b64_std": "AeRA",
            "b64_url": "AeRA",
            "byte_length": 3,
            "dec": "123968",
            "hex": "01e440",
            "id": "AeRA",
            "keepers": {
              "force": "473d219b-38ba-ca03-966e-db0067f6d47e"
            },
            "prefix": null
          },
          "private": "bnVsbA=="
        },
        {
          "index_key": 322,
          "schema_version": 0,
          "attributes": {
            "b64": "4sQ6",
            "b64_std": "4sQ6",
            "b64_url": "4sQ6",
            "byte_length": 3,
            "dec": "14861370",
            "hex": "e2c43a",
            "id": "4sQ6",
            "keepers": {
              "force": "704f26d5-8863-9c24-9665-eecaba221a88"
            },
            "prefix": null
          },
          "private": "bnVsbA=="
        },
        {
          "index_key": 323,
          "schema_version": 0,
          "attributes": {
            "b64": "f1EO",
            "b64_std": "f1EO",
            "b64_url": "f1EO",
            "byte_length": 3,
            "dec": "8343822",
            "hex": "7f510e",
            "id": "f1EO",
            "keepers": {
              "force": "58cc24c0-873d-a516-56e2-91917c93450a"
            },
            "prefix": null
          },
          "private": "bnVsbA=="
        },
        {
          "index_key": 324,
          "schema_version": 0,
          "attributes": {
            "b64": "X3Ng",
            "b64_std": "X3Ng",
            "b64_url": "X3Ng",
            "byte_length": 3,
            "dec": "6255456",
            "hex": "5f7360",
            "id": "X3Ng",
            "keepers": {
              "force": "06810ff0-79b5-c0b4-d39d-743dc2b32fdf"
            },
            "prefix": null
          },
          "private": "bnVsbA=="
        },
        {
          "index_key": 325,
          "schema_version": 0,
          "attributes": {
            "b64": "0BhU",
            "b64_std": "0BhU",
            "b64_url": "0BhU",
            "byte_length": 3,
            "dec": "13637716",
            "hex": "d01854",
            "id": "0BhU",
            "keepers": {
              "force": "cc12aa00-d587-b89b-2c07-26d2dc5aba0e"
            },
            "prefix": null
          },
          "private": "bnVsbA=="
        },
        {
          "index_key": 326,
          "schema_version": 0,
          "attributes": {
            "b64": "xcoo",
            "b64_std": "xcoo",
            "b64_url": "xcoo",
            "byte_length": 3,
            "dec": "12962344",
            "hex": "c5ca28",
            "id": "xcoo",
            "keepers": {
              "force": "cb868276-305d-ea81-b49e-6e6c1309347f"
            },
            "prefix": null
          },
          "private": "bnVsbA=="
        },
        {
          "index_key": 327,
          "schema_version": 0,
          "attributes": {
            "b64": "_oqs",
            "b64_std": "/oqs",
            "b64_url": "_oqs",
            "byte_length": 3,
            "dec": "16681644",
            "hex": "fe8aac",
            "id": "_oqs",
            "keepers": {
              "force": "e7049725-e46c-183a-bedc-f17d454612b2"
            },
            "prefix": null
          },
          "private": "bnVsbA=="
        },
        {
          "index_key": 328,
          "schema_version": 0,
          "attributes": {
            "b64": "XTP_",
            "b64_std": "XTP/",
            "b64_url": "XTP_",
            "byte_length": 3,
            "dec": "6108159",
            "hex": "5d33ff",
            "id": "XTP_",
            "keepers": {
              "force": "d7adaa65-7c2a-b597-dbc9-4e99251e357b"
            },
            "prefix": null
          },
          "private": "bnVsbA=="
        },
        {
          "index_key": 329,
          "schema_version": 0,
          "attributes": {
            "b64": "P_ix",
            "b64_std": "P/ix",
            "b64_url": "P_ix",
            "byte_length": 3,
            "dec": "4192433",
            "hex": "3ff8b1",
            "id": "P_ix",
            "keepers": {
              "force": "d9e59409-4683-4b28-6424-c193fd4dd246"
            },
            "prefix": null
          },
          "private": "bnVsbA=="
        },
        {
          "index_key": 330,
          "schema_version": 0,
          "attributes": {
            "b64": "roAz",
            "b64_std": "roAz",
            "b64_url": "roAz",
            "byte_length": 3,
            "dec": "11436083",
            "hex": "ae8033",
            "id": "roAz",
            "keepers": {
              "force": "414c8ed5-4cab-5698-4627-66109d5e9cfc"
            },
            "prefix": null
          },
          "private": "bnVsbA=="
        },
        {
          "index_key": 331,
          "schema_version": 0,
          "attributes": {
            "b64": "LMeP",
            "b64_std": "LMeP",
            "b64_url": "LMeP",
            "byte_length": 3,
            "dec": "2934671",
            "hex": "2cc78f",
            "id": "LMeP",
            "keepers": {
              "force": "a1845c2c-4283-9c5f-1801-c60c483872e2"
            },
            "prefix": null
          },
          "private": "bnVsbA=="
        },
        {
          "index_key": 332,
          "schema_version": 0,
          "attributes": {
            "b64": "4vwO",
            "b64_std": "4vwO",
            "b64_url": "4vwO",
            "byte_length": 3,
            "dec": "14875662",
            "hex": "e2fc0e",
            "id": "4vwO",
            "keepers": {
              "force": "9f3ce52e-46e2-9fe6-e5a0-3318938d47bd"
            },
            "prefix": null
          },
          "private": "bnVsbA=="
        },
        {
          "index_key": 333,
          "schema_version": 0,
          "attributes": {
            "b64": "IRv2",
            "b64_std": "IRv2",
            "b64_url": "IRv2",
            "byte_length": 3,
            "dec": "2169846",
            "hex": "211bf6",
            "id": "IRv2",
            "keepers": {
              "force": "5d54cb0a-30e0-afbd-f5a9-e7ba35f8e222"
            },
            "prefix": null
          },
          "private": "bnVsbA=="
        },
        {
          "index_key": 334,
          "schema_version": 0,
          "attributes": {
            "b64": "WVex",
            "b64_std": "WVex",
            "b64_url": "WVex",
            "byte_length": 3,
            "dec": "5855153",
            "hex": "5957b1",
            "id": "WVex",
            "keepers": {
              "force": "e3f085d8-c173-0dd9-06c1-9fe42583d2a2"
            },
            "prefix": null
          },
          "private": "bnVsbA=="
        },
        {
          "index_key": 335,
          "schema_version": 0,
          "attributes": {
            "b64": "tQJR",
            "b64_std": "tQJR",
            "b64_url": "tQJR",
            "byte_length": 3,
            "dec": "11862609",
            "hex": "b50251",
            "id": "tQJR",
            "keepers": {
              "force": "ee5d6af3-760c-1092-4404-ff69ec7b16ee"
            },
            "prefix": null
          },
          "private": "bnVsbA=="
        },
        {
          "index_key": 336,
          "schema_version": 0,
          "attributes": {
            "b64": "MsJB",
            "b64_std": "MsJB",
            "b64_url": "MsJB",
            "byte_length": 3,
            "dec": "3326529",
            "hex": "32c241",
            "id": "MsJB",
            "keepers": {
              "force": "57a4081d-418b-432f-362b-209876405acf"
            },
            "prefix": null
          },
          "private": "bnVsbA=="
        },
        {
          "index_key": 337,
          "schema_version": 0,
          "attributes": {
            "b64": "0OEz",
            "b64_std": "0OEz",
            "b64_url": "0OEz",
            "byte_length": 3,
            "dec": "13689139",
            "hex": "d0e133",
            "id": "0OEz",
            "keepers": {
              "force": "98e72771-9f53-82a2-628d-e946e6306b74"
            },
            "prefix": null
          },
          "private": "bnVsbA=="
        },
        {
          "index_key": 338,
          "schema_version": 0,
          "attributes": {
            "b64": "R-sn",
            "b64_std": "R+sn",
            "b64_url": "R-sn",
            "byte_length": 3,
            "dec": "4713255",
            "hex": "47eb27",
            "id": "R-sn",
            "keepers": {
              "force": "15e7a6e2-257f-2552-7105-65d53a40f194"
            },
            "prefix": null
          },
          "private": "bnVsbA=="
        },
        {
          "index_key": 339,
          "schema_version": 0,
          "attributes": {
            "b64": "Jy8A",
            "b64_std": "Jy8A",
            "b64_url": "Jy8A",
            "byte_length": 3,
            "dec": "2567936",
            "hex": "272f00",
            "id": "Jy8A",
            "keepers": {
              "force": "ef388c5b-1312-d382-f322-b832730612db"
            },
            "prefix": null
          },
          "private": "bnVsbA=="
        },
        {
          "index_key": 340,
          "schema_version": 0,
          "attributes": {
            "b64": "3aOW",
            "b64_std": "3aOW",
            "b64_url": "3aOW",
            "byte_length": 3,
            "dec": "14525334",
            "hex": "dda396",
            "id": "3aOW",
            "keepers": {
              "force": "c711ac96-87a2-b4da-10f1-9785081155c7"
            },
            "prefix": null
          },
          "private": "bnVsbA=="
        },
        {
          "index_key": 341,
          "schema_version": 0,
          "attributes": {
            "b64": "neGy",
            "b64_std": "neGy",
            "b64_url": "neGy",
            "byte_length": 3,
            "dec": "10346930",
            "hex": "9de1b2",
            "id": "neGy",
            "keepers": {
              "force": "ee790d03-79f3-66b9-7f5a-33da69bd8509"
            },
            "prefix": null
          },
          "private": "bnVsbA=="
        },
        {
          "index_key": 342,
          "schema_version": 0,
          "attributes": {
            "b64": "HLye",
            "b64_std": "HLye",
            "b64_url": "HLye",
            "byte_length": 3,
            "dec": "1883294",
            "hex": "1cbc9e",
            "id": "HLye",
            "keepers": {
              "force": "4f6ce2d9-e095-9ee1-77c1-11532fd810c6"
            },
            "prefix": null
          },
          "private": "bnVsbA=="
        },
        {
          "index_key": 343,
          "schema_version": 0,
          "attributes": {
            "b64": "nXMw",
            "b64_std": "nXMw",
            "b64_url": "nXMw",
            "byte_length": 3,
            "dec": "10318640",
            "hex": "9d7330",
            "id": "nXMw",
            "keepers": {
              "force": "ae89f529-c5fe-947f-63f3-9cc55c211a2e"
            },
            "prefix": null
          },
          "private": "bnVsbA=="
        },
        {
          "index_key": 344,
          "schema_version": 0,
          "attributes": {
            "b64": "akax",
            "b64_std": "akax",
            "b64_url": "akax",
            "byte_length": 3,
            "dec": "6964913",
            "hex": "6a46b1",
            "id": "akax",
            "keepers": {
              "force": "169946a0-adde-192a-fc5e-676af3606bbe"
            },
            "prefix": null
          },
          "private": "bnVsbA=="
        },
        {
          "index_key": 345,
          "schema_version": 0,
          "attributes": {
            "b64": "endN",
            "b64_std": "endN",
            "b64_url": "endN",
            "byte_length": 3,
            "dec": "8025933",
            "hex": "7a774d",
            "id": "endN",
            "keepers": {
              "force": "9adbefbd-b600-5ce7-d8fd-102b8fc3d82a"
            },
            "prefix": null
          },
          "private": "bnVsbA=="
        },
        {
          "index_key": 346,
          "schema_version": 0,
          "attributes": {
            "b64": "_lW9",
            "b64_std": "/lW9",
            "b64_url": "_lW9",
            "byte_length": 3,
            "dec": "16668093",
            "hex": "fe55bd",
            "id": "_lW9",
            "keepers": {
              "force": "072401e1-e4c0-98f7-48b5-de2c9f2b7d89"
            },
            "prefix": null
          },
          "private": "bnVsbA=="
        },
        {
          "index_key": 347,
          "schema_version": 0,
          "attributes": {
            "b64": "opZu",
            "b64_std": "opZu",
            "b64_url": "opZu",
            "byte_length": 3,
            "dec": "10655342",
            "hex": "a2966e",
            "id": "opZu",
            "keepers": {
              "force": "7f73784f-4f1b-7af9-485a-c8e3a59bf108"
            },
            "prefix": null
          },
          "private": "bnVsbA=="
        },
        {
          "index_key": 348,
          "schema_version": 0,
          "attributes": {
            "b64": "1e9Q",
            "b64_std": "1e9Q",
            "b64_url": "1e9Q",
            "byte_length": 3,
            "dec": "14020432",
            "hex": "d5ef50",
            "id": "1e9Q",
            "keepers": {
              "force": "2b15ef91-03f0-0979-70ba-2317d0f957da"
            },
            "prefix": null
          },
          "private": "bnVsbA=="
        },
        {
          "index_key": 349,
          "schema_version": 0,
          "attributes": {
            "b64": "rR6s",
            "b64_std": "rR6s",
            "b64_url": "rR6s",
            "byte_length": 3,
            "dec": "11345580",
            "hex": "ad1eac",
            "id": "rR6s",
            "keepers": {
              "force": "1a60c3b0-c59d-c39b-5f01-580b66dc5afe"
            },
            "prefix": null
          },
          "private": "bnVsbA=="
        },
        {
          "index_key": 350,
          "schema_version": 0,
          "attributes": {
            "b64": "liTC",
            "b64_std": "liTC",
            "b64_url": "liTC",
            "byte_length": 3,
            "dec": "9839810",
            "hex": "9624c2",
            "id": "liTC",
            "keepers": {
              "force": "b57d9476-2294-83a0-aa07-7e468ecc1b2a"
            },
            "prefix": null
          },
          "private": "bnVsbA=="
        },
        {
          "index_key": 351,
          "schema_version": 0,
          "attributes": {
            "b64": "VZLt",
            "b64_std": "VZLt",
            "b64_url": "VZLt",
            "byte_length": 3,
            "dec": "5608173",
            "hex": "5592ed",
            "id": "VZLt",
            "keepers": {
              "force": "c5e2ed2f-f943-4480-8cba-613961bbda88"
            },
            "prefix": null
          },
          "private": "bnVsbA=="
        },
        {
          "index_key": 352,
          "schema_version": 0,
          "attributes": {
            "b64": "YGvq",
            "b64_std": "YGvq",
            "b64_url": "YGvq",
            "byte_length": 3,
            "dec": "6319082",
            "hex": "606bea",
            "id": "YGvq",
            "keepers": {
              "force": "ec8e5577-8018-0613-95be-d22ded77f687"
            },
            "prefix": null
          },
          "private": "bnVsbA=="
        },
        {
          "index_key": 353,
          "schema_version": 0,
          "attributes": {
            "b64": "3HrJ",
            "b64_std": "3HrJ",
            "b64_url": "3HrJ",
            "byte_length": 3,
            "dec": "14449353",
            "hex": "dc7ac9",
            "id": "3HrJ",
            "keepers": {
              "force": "b96a3503-e72a-e7e4-073b-57e7c4be740d"
            },
            "prefix": null
          },
          "private": "bnVsbA=="
        },
        {
          "index_key": 354,
          "schema_version": 0,
          "attributes": {
            "b64": "DqO4",
            "b64_std": "DqO4",
            "b64_url": "DqO4",
            "byte_length": 3,
            "dec": "959416",
            "hex": "0ea3b8",
            "id": "DqO4",
            "keepers": {
              "force": "9ff99e1c-a820-1664-8ea6-2ea665d8915d"
            },
            "prefix": null
          },
          "private": "bnVsbA=="
        },
        {
          "index_key": 355,
          "schema_version": 0,
          "attributes": {
            "b64": "xRJ9",
            "b64_std": "xRJ9",
            "b64_url": "xRJ9",
            "byte_length": 3,
            "dec": "12915325",
            "hex": "c5127d",
            "id": "xRJ9",
            "keepers": {
              "force": "ac43cfa3-0094-923d-16ff-2191c5ee2eb4"
            },
            "prefix": null
          },
          "private": "bnVsbA=="
        },
        {
          "index_key": 356,
          "schema_version": 0,
          "attributes": {
            "b64": "fCAy",
            "b64_std": "fCAy",
            "b64_url": "fCAy",
            "byte_length": 3,
            "dec": "8134706",
            "hex": "7c2032",
            "id": "fCAy",
            "keepers": {
              "force": "1b2687cb-2092-0377-97a3-07175f09623c"
            },
            "prefix": null
          },
          "private": "bnVsbA=="
        },
        {
          "index_key": 357,
          "schema_version": 0,
          "attributes": {
            "b64": "JlWW",
            "b64_std": "JlWW",
            "b64_url": "JlWW",
            "byte_length": 3,
            "dec": "2512278",
            "hex": "265596",
            "id": "JlWW",
            "keepers": {
              "force": "e7aed84f-ee87-d2af-f02a-ba598949eed1"
            },
            "prefix": null
          },
          "private": "bnVsbA=="
        },
        {
          "index_key": 358,
          "schema_version": 0,
          "attributes": {
            "b64": "DHc_",
            "b64_std": "DHc/",
            "b64_url": "DHc_",
            "byte_length": 3,
            "dec": "816959",
            "hex": "0c773f",
            "id": "DHc_",
            "keepers": {
              "force": "225cb73b-7776-6729-443f-d41fadd581ad"
            },
            "prefix": null
          },
          "private": "bnVsbA=="
        },
        {
          "index_key": 359,
          "schema_version": 0,
          "attributes": {
            "b64": "Crja",
            "b64_std": "Crja",
            "b64_url": "Crja",
            "byte_length": 3,
            "dec": "702682",
            "hex": "0ab8da",
            "id": "Crja",
            "keepers": {
              "force": "b193abd3-c168-4788-7918-1602b4f7157c"
            },
            "prefix": null
          },
          "private": "bnVsbA=="
        },
        {
          "index_key": 360,
          "schema_version": 0,
          "attributes": {
            "b64": "2gzr",
            "b64_std": "2gzr",
            "b64_url": "2gzr",
            "byte_length": 3,
            "dec": "14290155",
            "hex": "da0ceb",
            "id": "2gzr",
            "keepers": {
              "force": "077ff957-09f9-6b44-332a-ef2933431ac2"
            },
            "prefix": null
          },
          "private": "bnVsbA=="
        },
        {
          "index_key": 361,
          "schema_version": 0,
          "attributes": {
            "b64": "tF7b",
            "b64_std": "tF7b",
            "b64_url": "tF7b",
            "byte_length": 3,
            "dec": "11820763",
            "hex": "b45edb",
            "id": "tF7b",
            "keepers": {
              "force": "bb01dbd7-32cd-31d3-f847-1edddd3a2077"
            },
            "prefix": null
          },
          "private": "bnVsbA=="
        },
        {
          "index_key": 362,
          "schema_version": 0,
          "attributes": {
            "b64": "HAZn",
            "b64_std": "HAZn",
            "b64_url": "HAZn",
            "byte_length": 3,
            "dec": "1836647",
            "hex": "1c0667",
            "id": "HAZn",
            "keepers": {
              "force": "3c9ea335-e03a-c08b-186f-6e27c77c4569"
            },
            "prefix": null
          },
          "private": "bnVsbA=="
        },
        {
          "index_key": 363,
          "schema_version": 0,
          "attributes": {
            "b64": "G4aD",
            "b64_std": "G4aD",
            "b64_url": "G4aD",
            "byte_length": 3,
            "dec": "1803907",
            "hex": "1b8683",
            "id": "G4aD",
            "keepers": {
              "force": "dd56680e-d4c4-c234-14d5-d7cc331b1d50"
            },
            "prefix": null
          },
          "private": "bnVsbA=="
        },
        {
          "index_key": 364,
          "schema_version": 0,
          "attributes": {
            "b64": "BEga",
            "b64_std": "BEga",
            "b64_url": "BEga",
            "byte_length": 3,
            "dec": "280602",
            "hex": "04481a",
            "id": "BEga",
            "keepers": {
              "force": "b79bddf8-4907-9f89-b49f-a3529de1dff5"
            },
            "prefix": null
          },
          "private": "bnVsbA=="
        },
        {
          "index_key": 365,
          "schema_version": 0,
          "attributes": {
            "b64": "CR0C",
            "b64_std": "CR0C",
            "b64_url": "CR0C",
            "byte_length": 3,
            "dec": "597250",
            "hex": "091d02",
            "id": "CR0C",
            "keepers": {
              "force": "bc6565fb-0c56-1398-faa6-f4a54e1d5df6"
            },
            "prefix": null
          },
          "private": "bnVsbA=="
        },
        {
          "index_key": 366,
          "schema_version": 0,
          "attributes": {
            "b64": "9eA-",
            "b64_std": "9eA+",
            "b64_url": "9eA-",
            "byte_length": 3,
            "dec": "16113726",
            "hex": "f5e03e",
            "id": "9eA-",
            "keepers": {
              "force": "152020c3-ba8d-34c1-882e-f90c3ed63a4a"
            },
            "prefix": null
          },
          "private": "bnVsbA=="
        },
        {
          "index_key": 367,
          "schema_version": 0,
          "attributes": {
            "b64": "x1TV",
            "b64_std": "x1TV",
            "b64_url": "x1TV",
            "byte_length": 3,
            "dec": "13063381",
            "hex": "c754d5",
            "id": "x1TV",
            "keepers": {
              "force": "29202902-389a-38f7-a343-31e606a766c1"
            },
            "prefix": null
          },
          "private": "bnVsbA=="
        },
        {
          "index_key": 368,
          "schema_version": 0,
          "attributes": {
            "b64": "fXMi",
            "b64_std": "fXMi",
            "b64_url": "fXMi",
            "byte_length": 3,
            "dec": "8221474",
            "hex": "7d7322",
            "id": "fXMi",
            "keepers": {
              "force": "33752bfc-2650-55ee-91c4-1b8624eaeb3b"
            },
            "prefix": null
          },
          "private": "bnVsbA=="
        },
        {
          "index_key": 369,
          "schema_version": 0,
          "attributes": {
            "b64": "Eze6",
            "b64_std": "Eze6",
            "b64_url": "Eze6",
            "byte_length": 3,
            "dec": "1259450",
            "hex": "1337ba",
            "id": "Eze6",
            "keepers": {
              "force": "6b44257f-60e9-f02e-ee1f-d349b4680e04"
            },
            "prefix": null
          },
          "private": "bnVsbA=="
        },
        {
          "index_key": 370,
          "schema_version": 0,
          "attributes": {
            "b64": "VI3c",
            "b64_std": "VI3c",
            "b64_url": "VI3c",
            "byte_length": 3,
            "dec": "5541340",
            "hex": "548ddc",
            "id": "VI3c",
            "keepers": {
              "force": "eef3837a-8bc3-fa39-c6ad-3821848a3088"
            },
            "prefix": null
          },
          "private": "bnVsbA=="
        },
        {
          "index_key": 371,
          "schema_version": 0,
          "attributes": {
            "b64": "NizG",
            "b64_std": "NizG",
            "b64_url": "NizG",
            "byte_length": 3,
            "dec": "3550406",
            "hex": "362cc6",
            "id": "NizG",
            "keepers": {
              "force": "fcf85e49-104f-bd60-9960-466e346a3324"
            },
            "prefix": null
          },
          "private": "bnVsbA=="
        },
        {
          "index_key": 372,
          "schema_version": 0,
          "attributes": {
            "b64": "uRuz",
            "b64_std": "uRuz",
            "b64_url": "uRuz",
            "byte_length": 3,
            "dec": "12131251",
            "hex": "b91bb3",
            "id": "uRuz",
            "keepers": {
              "force": "8ed29cbd-a674-a809-a06a-2e877327d6de"
            },
            "prefix": null
          },
          "private": "bnVsbA=="
        },
        {
          "index_key": 373,
          "schema_version": 0,
          "attributes": {
            "b64": "ws9M",
            "b64_std": "ws9M",
            "b64_url": "ws9M",
            "byte_length": 3,
            "dec": "12767052",
            "hex": "c2cf4c",
            "id": "ws9M",
            "keepers": {
              "force": "144c9937-f673-dcfd-fb09-0e427fefe2cf"
            },
            "prefix": null
          },
          "private": "bnVsbA=="
        },
        {
          "index_key": 374,
          "schema_version": 0,
          "attributes": {
            "b64": "_Rt3",
            "b64_std": "/Rt3",
            "b64_url": "_Rt3",
            "byte_length": 3,
            "dec": "16587639",
            "hex": "fd1b77",
            "id": "_Rt3",
            "keepers": {
              "force": "97e5f5ff-2a4a-8a87-540b-5aacb0263962"
            },
            "prefix": null
          },
          "private": "bnVsbA=="
        },
        {
          "index_key": 375,
          "schema_version": 0,
          "attributes": {
            "b64": "YTsT",
            "b64_std": "YTsT",
            "b64_url": "YTsT",
            "byte_length": 3,
            "dec": "6372115",
            "hex": "613b13",
            "id": "YTsT",
            "keepers": {
              "force": "cdfcf34b-a512-25d6-3e64-dfb9f2c22127"
            },
            "prefix": null
          },
          "private": "bnVsbA=="
        },
        {
          "index_key": 376,
          "schema_version": 0,
          "attributes": {
            "b64": "0Lsd",
            "b64_std": "0Lsd",
            "b64_url": "0Lsd",
            "byte_length": 3,
            "dec": "13679389",
            "hex": "d0bb1d",
            "id": "0Lsd",
            "keepers": {
              "force": "a397d9e3-c4a4-be66-315f-891b5f579f7e"
            },
            "prefix": null
          },
          "private": "bnVsbA=="
        },
        {
          "index_key": 377,
          "schema_version": 0,
          "attributes": {
            "b64": "_yp4",
            "b64_std": "/yp4",
            "b64_url": "_yp4",
            "byte_length": 3,
            "dec": "16722552",
            "hex": "ff2a78",
            "id": "_yp4",
            "keepers": {
              "force": "49cc997d-0ba3-7db9-6f7d-08d8741b9b89"
            },
            "prefix": null
          },
          "private": "bnVsbA=="
        },
        {
          "index_key": 378,
          "schema_version": 0,
          "attributes": {
            "b64": "dF1j",
            "b64_std": "dF1j",
            "b64_url": "dF1j",
            "byte_length": 3,
            "dec": "7626083",
            "hex": "745d63",
            "id": "dF1j",
            "keepers": {
              "force": "559866ee-dc2a-5c15-5278-16f80ead72d8"
            },
            "prefix": null
          },
          "private": "bnVsbA=="
        },
        {
          "index_key": 379,
          "schema_version": 0,
          "attributes": {
            "b64": "mAvh",
            "b64_std": "mAvh",
            "b64_url": "mAvh",
            "byte_length": 3,
            "dec": "9964513",
            "hex": "980be1",
            "id": "mAvh",
            "keepers": {
              "force": "6e95ec6f-291f-00cb-af5b-bd82731a9d2d"
            },
            "prefix": null
          },
          "private": "bnVsbA=="
        },
        {
          "index_key": 380,
          "schema_version": 0,
          "attributes": {
            "b64": "0dAV",
            "b64_std": "0dAV",
            "b64_url": "0dAV",
            "byte_length": 3,
            "dec": "13750293",
            "hex": "d1d015",
            "id": "0dAV",
            "keepers": {
              "force": "6bc62652-4112-9877-7702-0e4e3db1911c"
            },
            "prefix": null
          },
          "private": "bnVsbA=="
        },
        {
          "index_key": 381,
          "schema_version": 0,
          "attributes": {
            "b64": "usu8",
            "b64_std": "usu8",
            "b64_url": "usu8",
            "byte_length": 3,
            "dec": "12241852",
            "hex": "bacbbc",
            "id": "usu8",
            "keepers": {
              "force": "0097ed90-47a9-6667-c2a9-6b93d982767f"
            },
            "prefix": null
          },
          "private": "bnVsbA=="
        },
        {
          "index_key": 382,
          "schema_version": 0,
          "attributes": {
            "b64": "JHZu",
            "b64_std": "JHZu",
            "b64_url": "JHZu",
            "byte_length": 3,
            "dec": "2389614",
            "hex": "24766e",
            "id": "JHZu",
            "keepers": {
              "force": "b4cc43cb-add6-0a51-877c-dca33186beec"
            },
            "prefix": null
          },
          "private": "bnVsbA=="
        },
        {
          "index_key": 383,
          "schema_version": 0,
          "attributes": {
            "b64": "ZAPX",
            "b64_std": "ZAPX",
            "b64_url": "ZAPX",
            "byte_length": 3,
            "dec": "6554583",
            "hex": "6403d7",
            "id": "ZAPX",
            "keepers": {
              "force": "4256f6dd-31e7-b5af-46b9-44128576fa3d"
            },
            "prefix": null
          },
          "private": "bnVsbA=="
        },
        {
          "index_key": 384,
          "schema_version": 0,
          "attributes": {
            "b64": "JUPf",
            "b64_std": "JUPf",
            "b64_url": "JUPf",
            "byte_length": 3,
            "dec": "2442207",
            "hex": "2543df",
            "id": "JUPf",
            "keepers": {
              "force": "3ad7ddfa-baca-a878-fe8b-08b0d6fff01a"
            },
            "prefix": null
          },
          "private": "bnVsbA=="
        },
        {
          "index_key": 385,
          "schema_version": 0,
          "attributes": {
            "b64": "vhIK",
            "b64_std": "vhIK",
            "b64_url": "vhIK",
            "byte_length": 3,
            "dec": "12456458",
            "hex": "be120a",
            "id": "vhIK",
            "keepers": {
              "force": "75710730-6dcd-3e84-ab94-34556b75c540"
            },
            "prefix": null
          },
          "private": "bnVsbA=="
        },
        {
          "index_key": 386,
          "schema_version": 0,
          "attributes": {
            "b64": "k9tO",
            "b64_std": "k9tO",
            "b64_url": "k9tO",
            "byte_length": 3,
            "dec": "9689934",
            "hex": "93db4e",
            "id": "k9tO",
            "keepers": {
              "force": "acfe564a-bb16-41c0-8e09-ba1178c4cc66"
            },
            "prefix": null
          },
          "private": "bnVsbA=="
        },
        {
          "index_key": 387,
          "schema_version": 0,
          "attributes": {
            "b64": "cB9C",
            "b64_std": "cB9C",
            "b64_url": "cB9C",
            "byte_length": 3,
            "dec": "7348034",
            "hex": "701f42",
            "id": "cB9C",
            "keepers": {
              "force": "dcfa8f11-5029-cbe2-5308-806c666c4b71"
            },
            "prefix": null
          },
          "private": "bnVsbA=="
        },
        {
          "index_key": 388,
          "schema_version": 0,
          "attributes": {
            "b64": "ZIYS",
            "b64_std": "ZIYS",
            "b64_url": "ZIYS",
            "byte_length": 3,
            "dec": "6587922",
            "hex": "648612",
            "id": "ZIYS",
            "keepers": {
              "force": "7bb27002-6fcb-91f4-e027-7cb822989855"
            },
            "prefix": null
          },
          "private": "bnVsbA=="
        },
        {
          "index_key": 389,
          "schema_version": 0,
          "attributes": {
            "b64": "iImk",
            "b64_std": "iImk",
            "b64_url": "iImk",
            "byte_length": 3,
            "dec": "8948132",
            "hex": "8889a4",
            "id": "iImk",
            "keepers": {
              "force": "6f6d47c0-328a-8d33-ff64-83acd4358151"
            },
            "prefix": null
          },
          "private": "bnVsbA=="
        },
        {
          "index_key": 390,
          "schema_version": 0,
          "attributes": {
            "b64": "chod",
            "b64_std": "chod",
            "b64_url": "chod",
            "byte_length": 3,
            "dec": "7477789",
            "hex": "721a1d",
            "id": "chod",
            "keepers": {
              "force": "c1d089a0-dd82-2f64-6433-fe56f367db89"
            },
            "prefix": null
          },
          "private": "bnVsbA=="
        },
        {
          "index_key": 391,
          "schema_version": 0,
          "attributes": {
            "b64": "sCpa",
            "b64_std": "sCpa",
            "b64_url": "sCpa",
            "byte_length": 3,
            "dec": "11545178",
            "hex": "b02a5a",
            "id": "sCpa",
            "keepers": {
              "force": "80777ce1-ab24-b004-5064-0a441a072649"
            },
            "prefix": null
          },
          "private": "bnVsbA=="
        },
        {
          "index_key": 392,
          "schema_version": 0,
          "attributes": {
            "b64": "jijz",
            "b64_std": "jijz",
            "b64_url": "jijz",
            "byte_length": 3,
            "dec": "9316595",
            "hex": "8e28f3",
            "id": "jijz",
            "keepers": {
              "force": "68998011-a2c1-8c7a-9741-7a852b7d5a5e"
            },
            "prefix": null
          },
          "private": "bnVsbA=="
        },
        {
          "index_key": 393,
          "schema_version": 0,
          "attributes": {
            "b64": "A0iO",
            "b64_std": "A0iO",
            "b64_url": "A0iO",
            "byte_length": 3,
            "dec": "215182",
            "hex": "03488e",
            "id": "A0iO",
            "keepers": {
              "force": "a4f720cb-e19e-60eb-589d-175da652477c"
            },
            "prefix": null
          },
          "private": "bnVsbA=="
        },
        {
          "index_key": 394,
          "schema_version": 0,
          "attributes": {
            "b64": "hJJy",
            "b64_std": "hJJy",
            "b64_url": "hJJy",
            "byte_length": 3,
            "dec": "8688242",
            "hex": "849272",
            "id": "hJJy",
            "keepers": {
              "force": "ff4e8555-2045-7537-1f04-83b4ffad917f"
            },
            "prefix": null
          },
          "private": "bnVsbA=="
        },
        {
          "index_key": 395,
          "schema_version": 0,
          "attributes": {
            "b64": "sAtp",
            "b64_std": "sAtp",
            "b64_url": "sAtp",
            "byte_length": 3,
            "dec": "11537257",
            "hex": "b00b69",
            "id": "sAtp",
            "keepers": {
              "force": "f1a8a3cf-4a87-c82d-9403-702cd9d01b69"
            },
            "prefix": null
          },
          "private": "bnVsbA=="
        },
        {
          "index_key": 396,
          "schema_version": 0,
          "attributes": {
            "b64": "8w_f",
            "b64_std": "8w/f",
            "b64_url": "8w_f",
            "byte_length": 3,
            "dec": "15929311",
            "hex": "f30fdf",
            "id": "8w_f",
            "keepers": {
              "force": "c913a614-7f1e-dd68-34f1-27ddeb4c1cab"
            },
            "prefix": null
          },
          "private": "bnVsbA=="
        },
        {
          "index_key": 397,
          "schema_version": 0,
          "attributes": {
            "b64": "tNEN",
            "b64_std": "tNEN",
            "b64_url": "tNEN",
            "byte_length": 3,
            "dec": "11849997",
            "hex": "b4d10d",
            "id": "tNEN",
            "keepers": {
              "force": "dcbe82d9-c805-6ba9-ae31-015e606274f2"
            },
            "prefix": null
          },
          "private": "bnVsbA=="
        },
        {
          "index_key": 398,
          "schema_version": 0,
          "attributes": {
            "b64": "dMyn",
            "b64_std": "dMyn",
            "b64_url": "dMyn",
            "byte_length": 3,
            "dec": "7654567",
            "hex": "74cca7",
            "id": "dMyn",
            "keepers": {
              "force": "3dfb17a2-0a07-dd14-bbb1-a66dcee19fc9"
            },
            "prefix": null
          },
          "private": "bnVsbA=="
        },
        {
          "index_key": 399,
          "schema_version": 0,
          "attributes": {
            "b64": "seTZ",
            "b64_std": "seTZ",
            "b64_url": "seTZ",
            "byte_length": 3,
            "dec": "11658457",
            "hex": "b1e4d9",
            "id": "seTZ",
            "keepers": {
              "force": "06540838-9c23-0d3e-c8ae-b3ae98cd8eaa"
            },
            "prefix": null
          },
          "private": "bnVsbA=="
        },
        {
          "index_key": 400,
          "schema_version": 0,
          "attributes": {
            "b64": "Q-Nx",
            "b64_std": "Q+Nx",
            "b64_url": "Q-Nx",
            "byte_length": 3,
            "dec": "4449137",
            "hex": "43e371",
            "id": "Q-Nx",
            "keepers": {
              "force": "3e158bd6-b7d9-cdbe-8f6d-9d48be158bc3"
            },
            "prefix": null
          },
          "private": "bnVsbA=="
        },
        {
          "index_key": 401,
          "schema_version": 0,
          "attributes": {
            "b64": "tGUC",
            "b64_std": "tGUC",
            "b64_url": "tGUC",
            "byte_length": 3,
            "dec": "11822338",
            "hex": "b46502",
            "id": "tGUC",
            "keepers": {
              "force": "c8279cd1-0ecf-5f98-ccf3-f2f719444985"
            },
            "prefix": null
          },
          "private": "bnVsbA=="
        },
        {
          "index_key": 402,
          "schema_version": 0,
          "attributes": {
            "b64": "vwBe",
            "b64_std": "vwBe",
            "b64_url": "vwBe",
            "byte_length": 3,
            "dec": "12517470",
            "hex": "bf005e",
            "id": "vwBe",
            "keepers": {
              "force": "8b1948a6-1949-dd2d-3692-a470a22f05fb"
            },
            "prefix": null
          },
          "private": "bnVsbA=="
        },
        {
          "index_key": 403,
          "schema_version": 0,
          "attributes": {
            "b64": "YKsL",
            "b64_std": "YKsL",
            "b64_url": "YKsL",
            "byte_length": 3,
            "dec": "6335243",
            "hex": "60ab0b",
            "id": "YKsL",
            "keepers": {
              "force": "cbc28b48-258d-91c4-4e5c-e86d09128d16"
            },
            "prefix": null
          },
          "private": "bnVsbA=="
        },
        {
          "index_key": 404,
          "schema_version": 0,
          "attributes": {
            "b64": "SOGa",
            "b64_std": "SOGa",
            "b64_url": "SOGa",
            "byte_length": 3,
            "dec": "4776346",
            "hex": "48e19a",
            "id": "SOGa",
            "keepers": {
              "force": "c77f3202-581f-e94f-c40d-08d4bf242244"
            },
            "prefix": null
          },
          "private": "bnVsbA=="
        },
        {
          "index_key": 405,
          "schema_version": 0,
          "attributes": {
            "b64": "NuNj",
            "b64_std": "NuNj",
            "b64_url": "NuNj",
            "byte_length": 3,
            "dec": "3597155",
            "hex": "36e363",
            "id": "NuNj",
            "keepers": {
              "force": "5cebc151-4a41-6aa2-1c35-0d221753c55f"
            },
            "prefix": null
          },
          "private": "bnVsbA=="
        },
        {
          "index_key": 406,
          "schema_version": 0,
          "attributes": {
            "b64": "BFzV",
            "b64_std": "BFzV",
            "b64_url": "BFzV",
            "byte_length": 3,
            "dec": "285909",
            "hex": "045cd5",
            "id": "BFzV",
            "keepers": {
              "force": "24e90b4d-c8b3-4e50-e1b8-d339c9c035ce"
            },
            "prefix": null
          },
          "private": "bnVsbA=="
        },
        {
          "index_key": 407,
          "schema_version": 0,
          "attributes": {
            "b64": "OAw1",
            "b64_std": "OAw1",
            "b64_url": "OAw1",
            "byte_length": 3,
            "dec": "3673141",
            "hex": "380c35",
            "id": "OAw1",
            "keepers": {
              "force": "7f92f8a1-f5af-db74-b21f-6dec97799503"
            },
            "prefix": null
          },
          "private": "bnVsbA=="
        },
        {
          "index_key": 408,
          "schema_version": 0,
          "attributes": {
            "b64": "2mp8",
            "b64_std": "2mp8",
            "b64_url": "2mp8",
            "byte_length": 3,
            "dec": "14314108",
            "hex": "da6a7c",
            "id": "2mp8",
            "keepers": {
              "force": "ff8e86c4-d62d-4e01-3080-b56a64c783fd"
            },
            "prefix": null
          },
          "private": "bnVsbA=="
        },
        {
          "index_key": 409,
          "schema_version": 0,
          "attributes": {
            "b64": "jvt6",
            "b64_std": "jvt6",
            "b64_url": "jvt6",
            "byte_length": 3,
            "dec": "9370490",
            "hex": "8efb7a",
            "id": "jvt6",
            "keepers": {
              "force": "eec19720-e3bb-5d6d-8376-b07e4cb83829"
            },
            "prefix": null
          },
          "private": "bnVsbA=="
        },
        {
          "index_key": 410,
          "schema_version": 0,
          "attributes": {
            "b64": "AV-O",
            "b64_std": "AV+O",
            "b64_url": "AV-O",
            "byte_length": 3,
            "dec": "89998",
            "hex": "015f8e",
            "id": "AV-O",
            "keepers": {
              "force": "95a1abdd-40f6-a4ac-454f-18694fc9ffbb"
            },
            "prefix": null
          },
          "private": "bnVsbA=="
        },
        {
          "index_key": 411,
          "schema_version": 0,
          "attributes": {
            "b64": "DPOp",
            "b64_std": "DPOp",
            "b64_url": "DPOp",
            "byte_length": 3,
            "dec": "848809",
            "hex": "0cf3a9",
            "id": "DPOp",
            "keepers": {
              "force": "7db7a06c-1288-cefb-0507-05024a0b8524"
            },
            "prefix": null
          },
          "private": "bnVsbA=="
        },
        {
          "index_key": 412,
          "schema_version": 0,
          "attributes": {
            "b64": "nuFX",
            "b64_std": "nuFX",
            "b64_url": "nuFX",
            "byte_length": 3,
            "dec": "10412375",
            "hex": "9ee157",
            "id": "nuFX",
            "keepers": {
              "force": "d587e751-e3b9-b602-9ab8-6ba072245a81"
            },
            "prefix": null
          },
          "private": "bnVsbA=="
        },
        {
          "index_key": 413,
          "schema_version": 0,
          "attributes": {
            "b64": "kocg",
            "b64_std": "kocg",
            "b64_url": "kocg",
            "byte_length": 3,
            "dec": "9602848",
            "hex": "928720",
            "id": "kocg",
            "keepers": {
              "force": "be326236-0a10-a022-ee50-402b39306c4c"
            },
            "prefix": null
          },
          "private": "bnVsbA=="
        },
        {
          "index_key": 414,
          "schema_version": 0,
          "attributes": {
            "b64": "cyPc",
            "b64_std": "cyPc",
            "b64_url": "cyPc",
            "byte_length": 3,
            "dec": "7545820",
            "hex": "7323dc",
            "id": "cyPc",
            "keepers": {
              "force": "7aafd38b-2619-69ff-739d-b19d347397c2"
            },
            "prefix": null
          },
          "private": "bnVsbA=="
        },
        {
          "index_key": 415,
          "schema_version": 0,
          "attributes": {
            "b64": "x9j7",
            "b64_std": "x9j7",
            "b64_url": "x9j7",
            "byte_length": 3,
            "dec": "13097211",
            "hex": "c7d8fb",
            "id": "x9j7",
            "keepers": {
              "force": "34794043-3661-bc00-2594-f8d277c39d78"
            },
            "prefix": null
          },
          "private": "bnVsbA=="
        },
        {
          "index_key": 416,
          "schema_version": 0,
          "attributes": {
            "b64": "E710",
            "b64_std": "E710",
            "b64_url": "E710",
            "byte_length": 3,
            "dec": "1293684",
            "hex": "13bd74",
            "id": "E710",
            "keepers": {
              "force": "d443f48e-efce-d961-b20f-f1be887aa83f"
            },
            "prefix": null
          },
          "private": "bnVsbA=="
        },
        {
          "index_key": 417,
          "schema_version": 0,
          "attributes": {
            "b64": "jpon",
            "b64_std": "jpon",
            "b64_url": "jpon",
            "byte_length": 3,
            "dec": "9345575",
            "hex": "8e9a27",
            "id": "jpon",
            "keepers": {
              "force": "3381e377-73ea-9c10-f7b7-2402702e3ada"
            },
            "prefix": null
          },
          "private": "bnVsbA=="
        },
        {
          "index_key": 418,
          "schema_version": 0,
          "attributes": {
            "b64": "bKM0",
            "b64_std": "bKM0",
            "b64_url": "bKM0",
            "byte_length": 3,
            "dec": "7119668",
            "hex": "6ca334",
            "id": "bKM0",
            "keepers": {
              "force": "b37f311f-2ba3-0740-c9e7-e1cbf56c7390"
            },
            "prefix": null
          },
          "private": "bnVsbA=="
        },
        {
          "index_key": 419,
          "schema_version": 0,
          "attributes": {
            "b64": "0qtf",
            "b64_std": "0qtf",
            "b64_url": "0qtf",
            "byte_length": 3,
            "dec": "13806431",
            "hex": "d2ab5f",
            "id": "0qtf",
            "keepers": {
              "force": "abe72186-f65a-2c69-135b-9d38b671439f"
            },
            "prefix": null
          },
          "private": "bnVsbA=="
        },
        {
          "index_key": 420,
          "schema_version": 0,
          "attributes": {
            "b64": "2lcq",
            "b64_std": "2lcq",
            "b64_url": "2lcq",
            "byte_length": 3,
            "dec": "14309162",
            "hex": "da572a",
            "id": "2lcq",
            "keepers": {
              "force": "e602f5de-0447-3531-b271-70b02af140f9"
            },
            "prefix": null
          },
          "private": "bnVsbA=="
        },
        {
          "index_key": 421,
          "schema_version": 0,
          "attributes": {
            "b64": "nLvg",
            "b64_std": "nLvg",
            "b64_url": "nLvg",
            "byte_length": 3,
            "dec": "10271712",
            "hex": "9cbbe0",
            "id": "nLvg",
            "keepers": {
              "force": "c3ef8d37-1e7e-e7ff-4f38-ae4af5bb6875"
            },
            "prefix": null
          },
          "private": "bnVsbA=="
        },
        {
          "index_key": 422,
          "schema_version": 0,
          "attributes": {
            "b64": "RmQ9",
            "b64_std": "RmQ9",
            "b64_url": "RmQ9",
            "byte_length": 3,
            "dec": "4613181",
            "hex": "46643d",
            "id": "RmQ9",
            "keepers": {
              "force": "ae0ecce7-f950-47fa-d2d7-aa3b91477b1a"
            },
            "prefix": null
          },
          "private": "bnVsbA=="
        },
        {
          "index_key": 423,
          "schema_version": 0,
          "attributes": {
            "b64": "1mma",
            "b64_std": "1mma",
            "b64_url": "1mma",
            "byte_length": 3,
            "dec": "14051738",
            "hex": "d6699a",
            "id": "1mma",
            "keepers": {
              "force": "7c9d7d28-713b-cdb8-d319-8e6fbbbbfabf"
            },
            "prefix": null
          },
          "private": "bnVsbA=="
        },
        {
          "index_key": 424,
          "schema_version": 0,
          "attributes": {
            "b64": "R_PX",
            "b64_std": "R/PX",
            "b64_url": "R_PX",
            "byte_length": 3,
            "dec": "4715479",
            "hex": "47f3d7",
            "id": "R_PX",
            "keepers": {
              "force": "ac539ef0-639e-9e40-31d9-ea34d698f835"
            },
            "prefix": null
          },
          "private": "bnVsbA=="
        },
        {
          "index_key": 425,
          "schema_version": 0,
          "attributes": {
            "b64": "q49r",
            "b64_std": "q49r",
            "b64_url": "q49r",
            "byte_length": 3,
            "dec": "11243371",
            "hex": "ab8f6b",
            "id": "q49r",
            "keepers": {
              "force": "da8f4aad-68dd-cac0-05ac-d7fc8d103276"
            },
            "prefix": null
          },
          "private": "bnVsbA=="
        },
        {
          "index_key": 426,
          "schema_version": 0,
          "attributes": {
            "b64": "TVcP",
            "b64_std": "TVcP",
            "b64_url": "TVcP",
            "byte_length": 3,
            "dec": "5068559",
            "hex": "4d570f",
            "id": "TVcP",
            "keepers": {
              "force": "e82b7b5f-5f14-9279-1478-6e1dea69b3d3"
            },
            "prefix": null
          },
          "private": "bnVsbA=="
        },
        {
          "index_key": 427,
          "schema_version": 0,
          "attributes": {
            "b64": "nPn_",
            "b64_std": "nPn/",
            "b64_url": "nPn_",
            "byte_length": 3,
            "dec": "10287615",
            "hex": "9cf9ff",
            "id": "nPn_",
            "keepers": {
              "force": "9f501314-f2c0-90b4-eb85-8678f9359543"
            },
            "prefix": null
          },
          "private": "bnVsbA=="
        },
        {
          "index_key": 428,
          "schema_version": 0,
          "attributes": {
            "b64": "Uu-2",
            "b64_std": "Uu+2",
            "b64_url": "Uu-2",
            "byte_length": 3,
            "dec": "5435318",
            "hex": "52efb6",
            "id": "Uu-2",
            "keepers": {
              "force": "f0cdcf8c-2afe-8e12-c785-4edba318fbf2"
            },
            "prefix": null
          },
          "private": "bnVsbA=="
        },
        {
          "index_key": 429,
          "schema_version": 0,
          "attributes": {
            "b64": "5syy",
            "b64_std": "5syy",
            "b64_url": "5syy",
            "byte_length": 3,
            "dec": "15125682",
            "hex": "e6ccb2",
            "id": "5syy",
            "keepers": {
              "force": "5575cc81-b870-1940-4a93-0fc18450efd1"
            },
            "prefix": null
          },
          "private": "bnVsbA=="
        },
        {
          "index_key": 430,
          "schema_version": 0,
          "attributes": {
            "b64": "d4Mq",
            "b64_std": "d4Mq",
            "b64_url": "d4Mq",
            "byte_length": 3,
            "dec": "7832362",
            "hex": "77832a",
            "id": "d4Mq",
            "keepers": {
              "force": "7875d97a-52d3-c237-9026-79814a45528a"
            },
            "prefix": null
          },
          "private": "bnVsbA=="
        },
        {
          "index_key": 431,
          "schema_version": 0,
          "attributes": {
            "b64": "RHPT",
            "b64_std": "RHPT",
            "b64_url": "RHPT",
            "byte_length": 3,
            "dec": "4486099",
            "hex": "4473d3",
            "id": "RHPT",
            "keepers": {
              "force": "da47d972-66aa-46fa-23e8-0831391b8561"
            },
            "prefix": null
          },
          "private": "bnVsbA=="
        },
        {
          "index_key": 432,
          "schema_version": 0,
          "attributes": {
            "b64": "dRHL",
            "b64_std": "dRHL",
            "b64_url": "dRHL",
            "byte_length": 3,
            "dec": "7672267",
            "hex": "7511cb",
            "id": "dRHL",
            "keepers": {
              "force": "d35491ea-8060-f2eb-344b-160e78448ef5"
            },
            "prefix": null
          },
          "private": "bnVsbA=="
        },
        {
          "index_key": 433,
          "schema_version": 0,
          "attributes": {
            "b64": "TwgU",
            "b64_std": "TwgU",
            "b64_url": "TwgU",
            "byte_length": 3,
            "dec": "5179412",
            "hex": "4f0814",
            "id": "TwgU",
            "keepers": {
              "force": "c4fb2ee5-338b-17c0-88c2-4ee30ee83b3e"
            },
            "prefix": null
          },
          "private": "bnVsbA=="
        },
        {
          "index_key": 434,
          "schema_version": 0,
          "attributes": {
            "b64": "yXR4",
            "b64_std": "yXR4",
            "b64_url": "yXR4",
            "byte_length": 3,
            "dec": "13202552",
            "hex": "c97478",
            "id": "yXR4",
            "keepers": {
              "force": "6385cd87-2bcf-1f4e-5f29-e42e6138ef0f"
            },
            "prefix": null
          },
          "private": "bnVsbA=="
        },
        {
          "index_key": 435,
          "schema_version": 0,
          "attributes": {
            "b64": "h_lQ",
            "b64_std": "h/lQ",
            "b64_url": "h_lQ",
            "byte_length": 3,
            "dec": "8911184",
            "hex": "87f950",
            "id": "h_lQ",
            "keepers": {
              "force": "215e231e-60ec-b38d-0add-8edf762d619e"
            },
            "prefix": null
          },
          "private": "bnVsbA=="
        },
        {
          "index_key": 436,
          "schema_version": 0,
          "attributes": {
            "b64": "nef7",
            "b64_std": "nef7",
            "b64_url": "nef7",
            "byte_length": 3,
            "dec": "10348539",
            "hex": "9de7fb",
            "id": "nef7",
            "keepers": {
              "force": "339b0d56-9f56-b66b-c062-451b3bb0c61c"
            },
            "prefix": null
          },
          "private": "bnVsbA=="
        },
        {
          "index_key": 437,
          "schema_version": 0,
          "attributes": {
            "b64": "dXno",
            "b64_std": "dXno",
            "b64_url": "dXno",
            "byte_length": 3,
            "dec": "7698920",
            "hex": "7579e8",
            "id": "dXno",
            "keepers": {
              "force": "144623ce-822f-890a-fb0f-3b081203ec5c"
            },
            "prefix": null
          },
          "private": "bnVsbA=="
        },
        {
          "index_key": 438,
          "schema_version": 0,
          "attributes": {
            "b64": "O71E",
            "b64_std": "O71E",
            "b64_url": "O71E",
            "byte_length": 3,
            "dec": "3915076",
            "hex": "3bbd44",
            "id": "O71E",
            "keepers": {
              "force": "58bd4bd7-e4e6-7209-6a10-0d600580e2b7"
            },
            "prefix": null
          },
          "private": "bnVsbA=="
        },
        {
          "index_key": 439,
          "schema_version": 0,
          "attributes": {
            "b64": "KWNx",
            "b64_std": "KWNx",
            "b64_url": "KWNx",
            "byte_length": 3,
            "dec": "2712433",
            "hex": "296371",
            "id": "KWNx",
            "keepers": {
              "force": "c283ecb0-4ad1-8991-5a32-fd07c692a251"
            },
            "prefix": null
          },
          "private": "bnVsbA=="
        },
        {
          "index_key": 440,
          "schema_version": 0,
          "attributes": {
            "b64": "OIBf",
            "b64_std": "OIBf",
            "b64_url": "OIBf",
            "byte_length": 3,
            "dec": "3702879",
            "hex": "38805f",
            "id": "OIBf",
            "keepers": {
              "force": "0a3d6a9b-41db-28f9-1134-bdea27efa7df"
            },
            "prefix": null
          },
          "private": "bnVsbA=="
        },
        {
          "index_key": 441,
          "schema_version": 0,
          "attributes": {
            "b64": "8_es",
            "b64_std": "8/es",
            "b64_url": "8_es",
            "byte_length": 3,
            "dec": "15988652",
            "hex": "f3f7ac",
            "id": "8_es",
            "keepers": {
              "force": "0ad293ac-259b-c6bd-4f9f-ac1096b55672"
            },
            "prefix": null
          },
          "private": "bnVsbA=="
        },
        {
          "index_key": 442,
          "schema_version": 0,
          "attributes": {
            "b64": "HWse",
            "b64_std": "HWse",
            "b64_url": "HWse",
            "byte_length": 3,
            "dec": "1927966",
            "hex": "1d6b1e",
            "id": "HWse",
            "keepers": {
              "force": "28124c5f-fae4-e664-8ac0-3467534bf38e"
            },
            "prefix": null
          },
          "private": "bnVsbA=="
        },
        {
          "index_key": 443,
          "schema_version": 0,
          "attributes": {
            "b64": "snYI",
            "b64_std": "snYI",
            "b64_url": "snYI",
            "byte_length": 3,
            "dec": "11695624",
            "hex": "b27608",
            "id": "snYI",
            "keepers": {
              "force": "5d0612ba-9d66-2cfc-b73a-46ebe2b3abba"
            },
            "prefix": null
          },
          "private": "bnVsbA=="
        },
        {
          "index_key": 444,
          "schema_version": 0,
          "attributes": {
            "b64": "OEZc",
            "b64_std": "OEZc",
            "b64_url": "OEZc",
            "byte_length": 3,
            "dec": "3688028",
            "hex": "38465c",
            "id": "OEZc",
            "keepers": {
              "force": "e3dec0a0-1e73-dc2a-d778-bc560b94bb3a"
            },
            "prefix": null
          },
          "private": "bnVsbA=="
        },
        {
          "index_key": 445,
          "schema_version": 0,
          "attributes": {
            "b64": "56eQ",
            "b64_std": "56eQ",
            "b64_url": "56eQ",
            "byte_length": 3,
            "dec": "15181712",
            "hex": "e7a790",
            "id": "56eQ",
            "keepers": {
              "force": "2118cb95-ba39-baad-d289-a0eb0ae45507"
            },
            "prefix": null
          },
          "private": "bnVsbA=="
        },
        {
          "index_key": 446,
          "schema_version": 0,
          "attributes": {
            "b64": "A4WK",
            "b64_std": "A4WK",
            "b64_url": "A4WK",
            "byte_length": 3,
            "dec": "230794",
            "hex": "03858a",
            "id": "A4WK",
            "keepers": {
              "force": "24a6a38c-eb70-0373-4592-5122820f6f22"
            },
            "prefix": null
          },
          "private": "bnVsbA=="
        },
        {
          "index_key": 447,
          "schema_version": 0,
          "attributes": {
            "b64": "eGuW",
            "b64_std": "eGuW",
            "b64_url": "eGuW",
            "byte_length": 3,
            "dec": "7891862",
            "hex": "786b96",
            "id": "eGuW",
            "keepers": {
              "force": "6765deb8-fb60-58f3-a7dc-e6647506c608"
            },
            "prefix": null
          },
          "private": "bnVsbA=="
        },
        {
          "index_key": 448,
          "schema_version": 0,
          "attributes": {
            "b64": "h3Sy",
            "b64_std": "h3Sy",
            "b64_url": "h3Sy",
            "byte_length": 3,
            "dec": "8877234",
            "hex": "8774b2",
            "id": "h3Sy",
            "keepers": {
              "force": "99d99c46-be20-3a8e-8a78-2c32d3fec968"
            },
            "prefix": null
          },
          "private": "bnVsbA=="
        },
        {
          "index_key": 449,
          "schema_version": 0,
          "attributes": {
            "b64": "nGpG",
            "b64_std": "nGpG",
            "b64_url": "nGpG",
            "byte_length": 3,
            "dec": "10250822",
            "hex": "9c6a46",
            "id": "nGpG",
            "keepers": {
              "force": "347b509c-b00d-c0a9-80f8-d03cfd87ea31"
            },
            "prefix": null
          },
          "private": "bnVsbA=="
        },
        {
          "index_key": 450,
          "schema_version": 0,
          "attributes": {
            "b64": "zGLy",
            "b64_std": "zGLy",
            "b64_url": "zGLy",
            "byte_length": 3,
            "dec": "13394674",
            "hex": "cc62f2",
            "id": "zGLy",
            "keepers": {
              "force": "cfb4238b-45fe-c349-8afd-3bbebc28a1df"
            },
            "prefix": null
          },
          "private": "bnVsbA=="
        },
        {
          "index_key": 451,
          "schema_version": 0,
          "attributes": {
            "b64": "DKTt",
            "b64_std": "DKTt",
            "b64_url": "DKTt",
            "byte_length": 3,
            "dec": "828653",
            "hex": "0ca4ed",
            "id": "DKTt",
            "keepers": {
              "force": "8291124e-ffd3-a109-dfd1-f8336d084e42"
            },
            "prefix": null
          },
          "private": "bnVsbA=="
        },
        {
          "index_key": 452,
          "schema_version": 0,
          "attributes": {
            "b64": "fa65",
            "b64_std": "fa65",
            "b64_url": "fa65",
            "byte_length": 3,
            "dec": "8236729",
            "hex": "7daeb9",
            "id": "fa65",
            "keepers": {
              "force": "79de9bfe-c722-9a29-61ea-fae693552f1b"
            },
            "prefix": null
          },
          "private": "bnVsbA=="
        },
        {
          "index_key": 453,
          "schema_version": 0,
          "attributes": {
            "b64": "f0hl",
            "b64_std": "f0hl",
            "b64_url": "f0hl",
            "byte_length": 3,
            "dec": "8341605",
            "hex": "7f4865",
            "id": "f0hl",
            "keepers": {
              "force": "67bdebf4-f42f-662b-ae36-a72c3791f5fa"
            },
            "prefix": null
          },
          "private": "bnVsbA=="
        },
        {
          "index_key": 454,
          "schema_version": 0,
          "attributes": {
            "b64": "ZWyh",
            "b64_std": "ZWyh",
            "b64_url": "ZWyh",
            "byte_length": 3,
            "dec": "6646945",
            "hex": "656ca1",
            "id": "ZWyh",
            "keepers": {
              "force": "8d8f3047-3268-eeed-7ace-acfe8a101415"
            },
            "prefix": null
          },
          "private": "bnVsbA=="
        },
        {
          "index_key": 455,
          "schema_version": 0,
          "attributes": {
            "b64": "aSVQ",
            "b64_std": "aSVQ",
            "b64_url": "aSVQ",
            "byte_length": 3,
            "dec": "6890832",
            "hex": "692550",
            "id": "aSVQ",
            "keepers": {
              "force": "60f0d82a-69db-9aac-37d0-87710ed7bb9b"
            },
            "prefix": null
          },
          "private": "bnVsbA=="
        },
        {
          "index_key": 456,
          "schema_version": 0,
          "attributes": {
            "b64": "dRuh",
            "b64_std": "dRuh",
            "b64_url": "dRuh",
            "byte_length": 3,
            "dec": "7674785",
            "hex": "751ba1",
            "id": "dRuh",
            "keepers": {
              "force": "b2680e45-e90f-a501-baba-73a618eeb230"
            },
            "prefix": null
          },
          "private": "bnVsbA=="
        },
        {
          "index_key": 457,
          "schema_version": 0,
          "attributes": {
            "b64": "fBOO",
            "b64_std": "fBOO",
            "b64_url": "fBOO",
            "byte_length": 3,
            "dec": "8131470",
            "hex": "7c138e",
            "id": "fBOO",
            "keepers": {
              "force": "121936e8-6ec7-83f6-b70b-de9a96334cf9"
            },
            "prefix": null
          },
          "private": "bnVsbA=="
        },
        {
          "index_key": 458,
          "schema_version": 0,
          "attributes": {
            "b64": "NDjB",
            "b64_std": "NDjB",
            "b64_url": "NDjB",
            "byte_length": 3,
            "dec": "3422401",
            "hex": "3438c1",
            "id": "NDjB",
            "keepers": {
              "force": "8a1578c8-4771-6641-aaed-388930356362"
            },
            "prefix": null
          },
          "private": "bnVsbA=="
        },
        {
          "index_key": 459,
          "schema_version": 0,
          "attributes": {
            "b64": "5W6l",
            "b64_std": "5W6l",
            "b64_url": "5W6l",
            "byte_length": 3,
            "dec": "15036069",
            "hex": "e56ea5",
            "id": "5W6l",
            "keepers": {
              "force": "56ee8178-4f27-95e7-eefe-5a74a904e687"
            },
            "prefix": null
          },
          "private": "bnVsbA=="
        },
        {
          "index_key": 460,
          "schema_version": 0,
          "attributes": {
            "b64": "PfGQ",
            "b64_std": "PfGQ",
            "b64_url": "PfGQ",
            "byte_length": 3,
            "dec": "4059536",
            "hex": "3df190",
            "id": "PfGQ",
            "keepers": {
              "force": "b2d4ba10-544e-d6ee-e803-749d544aec27"
            },
            "prefix": null
          },
          "private": "bnVsbA=="
        },
        {
          "index_key": 461,
          "schema_version": 0,
          "attributes": {
            "b64": "sAF3",
            "b64_std": "sAF3",
            "b64_url": "sAF3",
            "byte_length": 3,
            "dec": "11534711",
            "hex": "b00177",
            "id": "sAF3",
            "keepers": {
              "force": "676bad5c-ee3b-2fb9-032c-6a9704a3e095"
            },
            "prefix": null
          },
          "private": "bnVsbA=="
        },
        {
          "index_key": 462,
          "schema_version": 0,
          "attributes": {
            "b64": "xqx7",
            "b64_std": "xqx7",
            "b64_url": "xqx7",
            "byte_length": 3,
            "dec": "13020283",
            "hex": "c6ac7b",
            "id": "xqx7",
            "keepers": {
              "force": "45f092d3-09b6-3c30-62aa-335795649e08"
            },
            "prefix": null
          },
          "private": "bnVsbA=="
        },
        {
          "index_key": 463,
          "schema_version": 0,
          "attributes": {
            "b64": "6-1F",
            "b64_std": "6+1F",
            "b64_url": "6-1F",
            "byte_length": 3,
            "dec": "15461701",
            "hex": "ebed45",
            "id": "6-1F",
            "keepers": {
              "force": "c9c2cb25-ccab-8ad6-233b-c9f1b3667eb8"
            },
            "prefix": null
          },
          "private": "bnVsbA=="
        },
        {
          "index_key": 464,
          "schema_version": 0,
          "attributes": {
            "b64": "5yrh",
            "b64_std": "5yrh",
            "b64_url": "5yrh",
            "byte_length": 3,
            "dec": "15149793",
            "hex": "e72ae1",
            "id": "5yrh",
            "keepers": {
              "force": "870d15b6-de7d-9ad7-b54d-fe2ee7d579b8"
            },
            "prefix": null
          },
          "private": "bnVsbA=="
        },
        {
          "index_key": 465,
          "schema_version": 0,
          "attributes": {
            "b64": "HikI",
            "b64_std": "HikI",
            "b64_url": "HikI",
            "byte_length": 3,
            "dec": "1976584",
            "hex": "1e2908",
            "id": "HikI",
            "keepers": {
              "force": "3d92f768-b211-9e7c-437e-f0ecb8b8446e"
            },
            "prefix": null
          },
          "private": "bnVsbA=="
        },
        {
          "index_key": 466,
          "schema_version": 0,
          "attributes": {
            "b64": "Larp",
            "b64_std": "Larp",
            "b64_url": "Larp",
            "byte_length": 3,
            "dec": "2992873",
            "hex": "2daae9",
            "id": "Larp",
            "keepers": {
              "force": "f54beaf7-6c98-4203-50dc-b9d3b05e30f6"
            },
            "prefix": null
          },
          "private": "bnVsbA=="
        },
        {
          "index_key": 467,
          "schema_version": 0,
          "attributes": {
            "b64": "uJFP",
            "b64_std": "uJFP",
            "b64_url": "uJFP",
            "byte_length": 3,
            "dec": "12095823",
            "hex": "b8914f",
            "id": "uJFP",
            "keepers": {
              "force": "7355d52b-c02f-09c5-422b-93dd648b3a89"
            },
            "prefix": null
          },
          "private": "bnVsbA=="
        },
        {
          "index_key": 468,
          "schema_version": 0,
          "attributes": {
            "b64": "UPeV",
            "b64_std": "UPeV",
            "b64_url": "UPeV",
            "byte_length": 3,
            "dec": "5306261",
            "hex": "50f795",
            "id": "UPeV",
            "keepers": {
              "force": "5db75af8-7eb2-4f24-114d-ff2850c58fc7"
            },
            "prefix": null
          },
          "private": "bnVsbA=="
        },
        {
          "index_key": 469,
          "schema_version": 0,
          "attributes": {
            "b64": "MwZV",
            "b64_std": "MwZV",
            "b64_url": "MwZV",
            "byte_length": 3,
            "dec": "3343957",
            "hex": "330655",
            "id": "MwZV",
            "keepers": {
              "force": "545001d6-ba0c-5129-ac64-78848eebb74a"
            },
            "prefix": null
          },
          "private": "bnVsbA=="
        },
        {
          "index_key": 470,
          "schema_version": 0,
          "attributes": {
            "b64": "Bxtv",
            "b64_std": "Bxtv",
            "b64_url": "Bxtv",
            "byte_length": 3,
            "dec": "465775",
            "hex": "071b6f",
            "id": "Bxtv",
            "keepers": {
              "force": "d7d860ef-b46d-3417-c39d-5be9872d68a1"
            },
            "prefix": null
          },
          "private": "bnVsbA=="
        },
        {
          "index_key": 471,
          "schema_version": 0,
          "attributes": {
            "b64": "l6hx",
            "b64_std": "l6hx",
            "b64_url": "l6hx",
            "byte_length": 3,
            "dec": "9939057",
            "hex": "97a871",
            "id": "l6hx",
            "keepers": {
              "force": "4aea0d4d-8a25-338e-f455-bbbef35bbcfc"
            },
            "prefix": null
          },
          "private": "bnVsbA=="
        },
        {
          "index_key": 472,
          "schema_version": 0,
          "attributes": {
            "b64": "GLjm",
            "b64_std": "GLjm",
            "b64_url": "GLjm",
            "byte_length": 3,
            "dec": "1620198",
            "hex": "18b8e6",
            "id": "GLjm",
            "keepers": {
              "force": "132a23b8-c478-4f0b-a98c-830d5543ebe2"
            },
            "prefix": null
          },
          "private": "bnVsbA=="
        },
        {
          "index_key": 473,
          "schema_version": 0,
          "attributes": {
            "b64": "dSby",
            "b64_std": "dSby",
            "b64_url": "dSby",
            "byte_length": 3,
            "dec": "7677682",
            "hex": "7526f2",
            "id": "dSby",
            "keepers": {
              "force": "89bf2b00-65d2-fa76-67a9-121f8208d18c"
            },
            "prefix": null
          },
          "private": "bnVsbA=="
        },
        {
          "index_key": 474,
          "schema_version": 0,
          "attributes": {
            "b64": "Z_K4",
            "b64_std": "Z/K4",
            "b64_url": "Z_K4",
            "byte_length": 3,
            "dec": "6812344",
            "hex": "67f2b8",
            "id": "Z_K4",
            "keepers": {
              "force": "eb333fb9-d9f3-76d7-79ea-5bacda33307a"
            },
            "prefix": null
          },
          "private": "bnVsbA=="
        },
        {
          "index_key": 475,
          "schema_version": 0,
          "attributes": {
            "b64": "MmZW",
            "b64_std": "MmZW",
            "b64_url": "MmZW",
            "byte_length": 3,
            "dec": "3302998",
            "hex": "326656",
            "id": "MmZW",
            "keepers": {
              "force": "98a9ec4f-b7f8-beef-ee2b-c8a7fd467cee"
            },
            "prefix": null
          },
          "private": "bnVsbA=="
        },
        {
          "index_key": 476,
          "schema_version": 0,
          "attributes": {
            "b64": "07jO",
            "b64_std": "07jO",
            "b64_url": "07jO",
            "byte_length": 3,
            "dec": "13875406",
            "hex": "d3b8ce",
            "id": "07jO",
            "keepers": {
              "force": "df83e2a9-a2d4-d81b-a8ae-bef81dd19326"
            },
            "prefix": null
          },
          "private": "bnVsbA=="
        },
        {
          "index_key": 477,
          "schema_version": 0,
          "attributes": {
            "b64": "Bu-r",
            "b64_std": "Bu+r",
            "b64_url": "Bu-r",
            "byte_length": 3,
            "dec": "454571",
            "hex": "06efab",
            "id": "Bu-r",
            "keepers": {
              "force": "dd937195-82ef-4cfa-dcba-3f41a4e5cc9a"
            },
            "prefix": null
          },
          "private": "bnVsbA=="
        },
        {
          "index_key": 478,
          "schema_version": 0,
          "attributes": {
            "b64": "RxI3",
            "b64_std": "RxI3",
            "b64_url": "RxI3",
            "byte_length": 3,
            "dec": "4657719",
            "hex": "471237",
            "id": "RxI3",
            "keepers": {
              "force": "09972b9e-38e8-535a-b5f3-9c4b2f70a6ab"
            },
            "prefix": null
          },
          "private": "bnVsbA=="
        },
        {
          "index_key": 479,
          "schema_version": 0,
          "attributes": {
            "b64": "2_us",
            "b64_std": "2/us",
            "b64_url": "2_us",
            "byte_length": 3,
            "dec": "14416812",
            "hex": "dbfbac",
            "id": "2_us",
            "keepers": {
              "force": "59d318ac-93cf-37e9-97a8-9795974c13fe"
            },
            "prefix": null
          },
          "private": "bnVsbA=="
        },
        {
          "index_key": 480,
          "schema_version": 0,
          "attributes": {
            "b64": "mcV2",
            "b64_std": "mcV2",
            "b64_url": "mcV2",
            "byte_length": 3,
            "dec": "10077558",
            "hex": "99c576",
            "id": "mcV2",
            "keepers": {
              "force": "da9c7dbf-a48b-9eec-9f36-cd853d3ac3fe"
            },
            "prefix": null
          },
          "private": "bnVsbA=="
        },
        {
          "index_key": 481,
          "schema_version": 0,
          "attributes": {
            "b64": "kZEh",
            "b64_std": "kZEh",
            "b64_url": "kZEh",
            "byte_length": 3,
            "dec": "9539873",
            "hex": "919121",
            "id": "kZEh",
            "keepers": {
              "force": "77bb86c3-8a16-adcc-0335-efa81359c17d"
            },
            "prefix": null
          },
          "private": "bnVsbA=="
        },
        {
          "index_key": 482,
          "schema_version": 0,
          "attributes": {
            "b64": "cjEj",
            "b64_std": "cjEj",
            "b64_url": "cjEj",
            "byte_length": 3,
            "dec": "7483683",
            "hex": "723123",
            "id": "cjEj",
            "keepers": {
              "force": "a4068890-ddfe-2964-54c6-c1390a7bf7ad"
            },
            "prefix": null
          },
          "private": "bnVsbA=="
        },
        {
          "index_key": 483,
          "schema_version": 0,
          "attributes": {
            "b64": "6OrH",
            "b64_std": "6OrH",
            "b64_url": "6OrH",
            "byte_length": 3,
            "dec": "15264455",
            "hex": "e8eac7",
            "id": "6OrH",
            "keepers": {
              "force": "a43e83ff-06e9-6747-91ff-6925ae237da3"
            },
            "prefix": null
          },
          "private": "bnVsbA=="
        },
        {
          "index_key": 484,
          "schema_version": 0,
          "attributes": {
            "b64": "5C5G",
            "b64_std": "5C5G",
            "b64_url": "5C5G",
            "byte_length": 3,
            "dec": "14954054",
            "hex": "e42e46",
            "id": "5C5G",
            "keepers": {
              "force": "d767e36a-2d30-3403-e3d3-0b6fb92d0b1d"
            },
            "prefix": null
          },
          "private": "bnVsbA=="
        },
        {
          "index_key": 485,
          "schema_version": 0,
          "attributes": {
            "b64": "YTXm",
            "b64_std": "YTXm",
            "b64_url": "YTXm",
            "byte_length": 3,
            "dec": "6370790",
            "hex": "6135e6",
            "id": "YTXm",
            "keepers": {
              "force": "614fbe57-c371-00a1-4f65-3623c2032f0d"
            },
            "prefix": null
          },
          "private": "bnVsbA=="
        },
        {
          "index_key": 486,
          "schema_version": 0,
          "attributes": {
            "b64": "BrAo",
            "b64_std": "BrAo",
            "b64_url": "BrAo",
            "byte_length": 3,
            "dec": "438312",
            "hex": "06b028",
            "id": "BrAo",
            "keepers": {
              "force": "39526faf-793d-5b01-e775-1139bc1c9545"
            },
            "prefix": null
          },
          "private": "bnVsbA=="
        },
        {
          "index_key": 487,
          "schema_version": 0,
          "attributes": {
            "b64": "BJDm",
            "b64_std": "BJDm",
            "b64_url": "BJDm",
            "byte_length": 3,
            "dec": "299238",
            "hex": "0490e6",
            "id": "BJDm",
            "keepers": {
              "force": "8a76307c-a96f-aef8-c765-cd23338448f3"
            },
            "prefix": null
          },
          "private": "bnVsbA=="
        },
        {
          "index_key": 488,
          "schema_version": 0,
          "attributes": {
            "b64": "u3rT",
            "b64_std": "u3rT",
            "b64_url": "u3rT",
            "byte_length": 3,
            "dec": "12286675",
            "hex": "bb7ad3",
            "id": "u3rT",
            "keepers": {
              "force": "67fd9ad6-f92d-96eb-a01e-e964aa79fe40"
            },
            "prefix": null
          },
          "private": "bnVsbA=="
        },
        {
          "index_key": 489,
          "schema_version": 0,
          "attributes": {
            "b64": "FQra",
            "b64_std": "FQra",
            "b64_url": "FQra",
            "byte_length": 3,
            "dec": "1379034",
            "hex": "150ada",
            "id": "FQra",
            "keepers": {
              "force": "92e82a97-3cbf-3f1d-206d-eb489bcc7876"
            },
            "prefix": null
          },
          "private": "bnVsbA=="
        },
        {
          "index_key": 490,
          "schema_version": 0,
          "attributes": {
            "b64": "uzgG",
            "b64_std": "uzgG",
            "b64_url": "uzgG",
            "byte_length": 3,
            "dec": "12269574",
            "hex": "bb3806",
            "id": "uzgG",
            "keepers": {
              "force": "6b10f6b9-6679-f9da-c0c7-c7ff3530f625"
            },
            "prefix": null
          },
          "private": "bnVsbA=="
        },
        {
          "index_key": 491,
          "schema_version": 0,
          "attributes": {
            "b64": "FHu_",
            "b64_std": "FHu/",
            "b64_url": "FHu_",
            "byte_length": 3,
            "dec": "1342399",
            "hex": "147bbf",
            "id": "FHu_",
            "keepers": {
              "force": "1b68f02c-51f2-34d3-8c35-f03c49611a93"
            },
            "prefix": null
          },
          "private": "bnVsbA=="
        },
        {
          "index_key": 492,
          "schema_version": 0,
          "attributes": {
            "b64": "APGF",
            "b64_std": "APGF",
            "b64_url": "APGF",
            "byte_length": 3,
            "dec": "61829",
            "hex": "00f185",
            "id": "APGF",
            "keepers": {
              "force": "72c289fc-35fb-39b7-a385-0ae249eeee34"
            },
            "prefix": null
          },
          "private": "bnVsbA=="
        },
        {
          "index_key": 493,
          "schema_version": 0,
          "attributes": {
            "b64": "vVhb",
            "b64_std": "vVhb",
            "b64_url": "vVhb",
            "byte_length": 3,
            "dec": "12408923",
            "hex": "bd585b",
            "id": "vVhb",
            "keepers": {
              "force": "982e8ade-6e07-6dc0-765e-590257c8d757"
            },
            "prefix": null
          },
          "private": "bnVsbA=="
        },
        {
          "index_key": 494,
          "schema_version": 0,
          "attributes": {
            "b64": "j3s-",
            "b64_std": "j3s+",
            "b64_url": "j3s-",
            "byte_length": 3,
            "dec": "9403198",
            "hex": "8f7b3e",
            "id": "j3s-",
            "keepers": {
              "force": "2a4d83c7-ca9d-1bf8-93aa-e3b0f50d9a76"
            },
            "prefix": null
          },
          "private": "bnVsbA=="
        },
        {
          "index_key": 495,
          "schema_version": 0,
          "attributes": {
            "b64": "8rsH",
            "b64_std": "8rsH",
            "b64_url": "8rsH",
            "byte_length": 3,
            "dec": "15907591",
            "hex": "f2bb07",
            "id": "8rsH",
            "keepers": {
              "force": "a6b5decf-c234-606b-7ff5-a1ab9ed77628"
            },
            "prefix": null
          },
          "private": "bnVsbA=="
        },
        {
          "index_key": 496,
          "schema_version": 0,
          "attributes": {
            "b64": "ysQz",
            "b64_std": "ysQz",
            "b64_url": "ysQz",
            "byte_length": 3,
            "dec": "13288499",
            "hex": "cac433",
            "id": "ysQz",
            "keepers": {
              "force": "372697b6-081c-9afe-7844-eb7c577cf349"
            },
            "prefix": null
          },
          "private": "bnVsbA=="
        },
        {
          "index_key": 497,
          "schema_version": 0,
          "attributes": {
            "b64": "9szx",
            "b64_std": "9szx",
            "b64_url": "9szx",
            "byte_length": 3,
            "dec": "16174321",
            "hex": "f6ccf1",
            "id": "9szx",
            "keepers": {
              "force": "c9c6d606-9223-5c15-317f-4f6330400e84"
            },
            "prefix": null
          },
          "private": "bnVsbA=="
        },
        {
          "index_key": 498,
          "schema_version": 0,
          "attributes": {
            "b64": "Rpuz",
            "b64_std": "Rpuz",
            "b64_url": "Rpuz",
            "byte_length": 3,
            "dec": "4627379",
            "hex": "469bb3",
            "id": "Rpuz",
            "keepers": {
              "force": "1a348d08-6723-1b31-aef6-80de804b43e0"
            },
            "prefix": null
          },
          "private": "bnVsbA=="
        },
        {
          "index_key": 499,
          "schema_version": 0,
          "attributes": {
            "b64": "kB2Q",
            "b64_std": "kB2Q",
            "b64_url": "kB2Q",
            "byte_length": 3,
            "dec": "9444752",
            "hex": "901d90",
            "id": "kB2Q",
            "keepers": {
              "force": "1238613f-4e4f-a7e5-d694-b0754714aee5"
            },
            "prefix": null
          },
          "private": "bnVsbA=="
        },
        {
          "index_key": 500,
          "schema_version": 0,
          "attributes": {
            "b64": "Uzja",
            "b64_std": "Uzja",
            "b64_url": "Uzja",
            "byte_length": 3,
            "dec": "5454042",
            "hex": "5338da",
            "id": "Uzja",
            "keepers": {
              "force": "0c40a8fb-7662-a4ca-07f3-7faeb3901e94"
            },
            "prefix": null
          },
          "private": "bnVsbA=="
        },
        {
          "index_key": 501,
          "schema_version": 0,
          "attributes": {
            "b64": "kNUJ",
            "b64_std": "kNUJ",
            "b64_url": "kNUJ",
            "byte_length": 3,
            "dec": "9491721",
            "hex": "90d509",
            "id": "kNUJ",
            "keepers": {
              "force": "58104c00-9ab6-ab0e-2506-1ac4e7ae9e1f"
            },
            "prefix": null
          },
          "private": "bnVsbA=="
        },
        {
          "index_key": 502,
          "schema_version": 0,
          "attributes": {
            "b64": "4nNx",
            "b64_std": "4nNx",
            "b64_url": "4nNx",
            "byte_length": 3,
            "dec": "14840689",
            "hex": "e27371",
            "id": "4nNx",
            "keepers": {
              "force": "24045886-23ec-43af-c1c5-7f6139834bb3"
            },
            "prefix": null
          },
          "private": "bnVsbA=="
        },
        {
          "index_key": 503,
          "schema_version": 0,
          "attributes": {
            "b64": "haLS",
            "b64_std": "haLS",
            "b64_url": "haLS",
            "byte_length": 3,
            "dec": "8757970",
            "hex": "85a2d2",
            "id": "haLS",
            "keepers": {
              "force": "ae98a134-5c9c-6cf0-a409-56b11a0d35bc"
            },
            "prefix": null
          },
          "private": "bnVsbA=="
        },
        {
          "index_key": 504,
          "schema_version": 0,
          "attributes": {
            "b64": "ureQ",
            "b64_std": "ureQ",
            "b64_url": "ureQ",
            "byte_length": 3,
            "dec": "12236688",
            "hex": "bab790",
            "id": "ureQ",
            "keepers": {
              "force": "9e732ce8-1b9e-5a9a-7966-3cc74c4f9397"
            },
            "prefix": null
          },
          "private": "bnVsbA=="
        },
        {
          "index_key": 505,
          "schema_version": 0,
          "attributes": {
            "b64": "j9G3",
            "b64_std": "j9G3",
            "b64_url": "j9G3",
            "byte_length": 3,
            "dec": "9425335",
            "hex": "8fd1b7",
            "id": "j9G3",
            "keepers": {
              "force": "cf4e0c74-60c5-206c-e2f0-1ce05b9d8acc"
            },
            "prefix": null
          },
          "private": "bnVsbA=="
        },
        {
          "index_key": 506,
          "schema_version": 0,
          "attributes": {
            "b64": "EgNs",
            "b64_std": "EgNs",
            "b64_url": "EgNs",
            "byte_length": 3,
            "dec": "1180524",
            "hex": "12036c",
            "id": "EgNs",
            "keepers": {
              "force": "9926b201-171b-ed8f-f508-ea1fce2c1799"
            },
            "prefix": null
          },
          "private": "bnVsbA=="
        },
        {
          "index_key": 507,
          "schema_version": 0,
          "attributes": {
            "b64": "Vsgc",
            "b64_std": "Vsgc",
            "b64_url": "Vsgc",
            "byte_length": 3,
            "dec": "5687324",
            "hex": "56c81c",
            "id": "Vsgc",
            "keepers": {
              "force": "a971e10c-d6be-d610-b17e-3fe7b58c06e2"
            },
            "prefix": null
          },
          "private": "bnVsbA=="
        },
        {
          "index_key": 508,
          "schema_version": 0,
          "attributes": {
            "b64": "RsIs",
            "b64_std": "RsIs",
            "b64_url": "RsIs",
            "byte_length": 3,
            "dec": "4637228",
            "hex": "46c22c",
            "id": "RsIs",
            "keepers": {
              "force": "5ac433a0-2866-02b2-ab77-f4169d5395a5"
            },
            "prefix": null
          },
          "private": "bnVsbA=="
        },
        {
          "index_key": 509,
          "schema_version": 0,
          "attributes": {
            "b64": "E-rB",
            "b64_std": "E+rB",
            "b64_url": "E-rB",
            "byte_length": 3,
            "dec": "1305281",
            "hex": "13eac1",
            "id": "E-rB",
            "keepers": {
              "force": "91065f5c-bacc-2fd8-35fe-fce694cd9767"
            },
            "prefix": null
          },
          "private": "bnVsbA=="
        },
        {
          "index_key": 510,
          "schema_version": 0,
          "attributes": {
            "b64": "ClnH",
            "b64_std": "ClnH",
            "b64_url": "ClnH",
            "byte_length": 3,
            "dec": "678343",
            "hex": "0a59c7",
            "id": "ClnH",
            "keepers": {
              "force": "ef2db3b0-eb04-f34c-8624-a203e252a80d"
            },
            "prefix": null
          },
          "private": "bnVsbA=="
        },
        {
          "index_key": 511,
          "schema_version": 0,
          "attributes": {
            "b64": "bbfD",
            "b64_std": "bbfD",
            "b64_url": "bbfD",
            "byte_length": 3,
            "dec": "7190467",
            "hex": "6db7c3",
            "id": "bbfD",
            "keepers": {
              "force": "48d52d62-c641-36b6-8013-0a3afd50c6f3"
            },
            "prefix": null
          },
          "private": "bnVsbA=="
        },
        {
          "index_key": 512,
          "schema_version": 0,
          "attributes": {
            "b64": "Kzgl",
            "b64_std": "Kzgl",
            "b64_url": "Kzgl",
            "byte_length": 3,
            "dec": "2832421",
            "hex": "2b3825",
            "id": "Kzgl",
            "keepers": {
              "force": "f6b5aa36-1d63-c68a-e5e5-94d6f679bd00"
            },
            "prefix": null
          },
          "private": "bnVsbA=="
        },
        {
          "index_key": 513,
          "schema_version": 0,
          "attributes": {
            "b64": "B9E_",
            "b64_std": "B9E/",
            "b64_url": "B9E_",
            "byte_length": 3,
            "dec": "512319",
            "hex": "07d13f",
            "id": "B9E_",
            "keepers": {
              "force": "6c3caf74-b269-e326-eb05-9bd013a4d33e"
            },
            "prefix": null
          },
          "private": "bnVsbA=="
        },
        {
          "index_key": 514,
          "schema_version": 0,
          "attributes": {
            "b64": "lGyH",
            "b64_std": "lGyH",
            "b64_url": "lGyH",
            "byte_length": 3,
            "dec": "9727111",
            "hex": "946c87",
            "id": "lGyH",
            "keepers": {
              "force": "6d8628fa-63be-6ee0-9487-6f1ecd7daa89"
            },
            "prefix": null
          },
          "private": "bnVsbA=="
        },
        {
          "index_key": 515,
          "schema_version": 0,
          "attributes": {
            "b64": "-5k3",
            "b64_std": "+5k3",
            "b64_url": "-5k3",
            "byte_length": 3,
            "dec": "16488759",
            "hex": "fb9937",
            "id": "-5k3",
            "keepers": {
              "force": "170e44d1-706d-726a-c053-439594244a06"
            },
            "prefix": null
          },
          "private": "bnVsbA=="
        },
        {
          "index_key": 516,
          "schema_version": 0,
          "attributes": {
            "b64": "cPFf",
            "b64_std": "cPFf",
            "b64_url": "cPFf",
            "byte_length": 3,
            "dec": "7401823",
            "hex": "70f15f",
            "id": "cPFf",
            "keepers": {
              "force": "5f3c9550-17ff-f9e5-7a25-35e55a642524"
            },
            "prefix": null
          },
          "private": "bnVsbA=="
        },
        {
          "index_key": 517,
          "schema_version": 0,
          "attributes": {
            "b64": "cJd_",
            "b64_std": "cJd/",
            "b64_url": "cJd_",
            "byte_length": 3,
            "dec": "7378815",
            "hex": "70977f",
            "id": "cJd_",
            "keepers": {
              "force": "3c256327-6c08-407c-d4d5-7a559086a3c9"
            },
            "prefix": null
          },
          "private": "bnVsbA=="
        },
        {
          "index_key": 518,
          "schema_version": 0,
          "attributes": {
            "b64": "f6Og",
            "b64_std": "f6Og",
            "b64_url": "f6Og",
            "byte_length": 3,
            "dec": "8364960",
            "hex": "7fa3a0",
            "id": "f6Og",
            "keepers": {
              "force": "6493b12d-96b7-ca2a-b3e5-4af51d6a68c1"
            },
            "prefix": null
          },
          "private": "bnVsbA=="
        },
        {
          "index_key": 519,
          "schema_version": 0,
          "attributes": {
            "b64": "YRWa",
            "b64_std": "YRWa",
            "b64_url": "YRWa",
            "byte_length": 3,
            "dec": "6362522",
            "hex": "61159a",
            "id": "YRWa",
            "keepers": {
              "force": "10bbecfb-49b1-f930-54ad-7517f0936ab8"
            },
            "prefix": null
          },
          "private": "bnVsbA=="
        },
        {
          "index_key": 520,
          "schema_version": 0,
          "attributes": {
            "b64": "D8Sv",
            "b64_std": "D8Sv",
            "b64_url": "D8Sv",
            "byte_length": 3,
            "dec": "1033391",
            "hex": "0fc4af",
            "id": "D8Sv",
            "keepers": {
              "force": "f9feef34-8577-c4d6-1f40-eeb9ca3346ab"
            },
            "prefix": null
          },
          "private": "bnVsbA=="
        },
        {
          "index_key": 521,
          "schema_version": 0,
          "attributes": {
            "b64": "53cf",
            "b64_std": "53cf",
            "b64_url": "53cf",
            "byte_length": 3,
            "dec": "15169311",
            "hex": "e7771f",
            "id": "53cf",
            "keepers": {
              "force": "57fa3c8c-ab7c-712d-7d15-7680bac47b84"
            },
            "prefix": null
          },
          "private": "bnVsbA=="
        },
        {
          "index_key": 522,
          "schema_version": 0,
          "attributes": {
            "b64": "jXA3",
            "b64_std": "jXA3",
            "b64_url": "jXA3",
            "byte_length": 3,
            "dec": "9269303",
            "hex": "8d7037",
            "id": "jXA3",
            "keepers": {
              "force": "908c8828-e4e8-50da-0d0b-da3544b1639c"
            },
            "prefix": null
          },
          "private": "bnVsbA=="
        },
        {
          "index_key": 523,
          "schema_version": 0,
          "attributes": {
            "b64": "dbSz",
            "b64_std": "dbSz",
            "b64_url": "dbSz",
            "byte_length": 3,
            "dec": "7713971",
            "hex": "75b4b3",
            "id": "dbSz",
            "keepers": {
              "force": "b383e923-f1c6-50af-9ea4-d9cb7231bdf3"
            },
            "prefix": null
          },
          "private": "bnVsbA=="
        },
        {
          "index_key": 524,
          "schema_version": 0,
          "attributes": {
            "b64": "Snd8",
            "b64_std": "Snd8",
            "b64_url": "Snd8",
            "byte_length": 3,
            "dec": "4880252",
            "hex": "4a777c",
            "id": "Snd8",
            "keepers": {
              "force": "d6d64e04-8984-a403-adff-c77d6cd6d65f"
            },
            "prefix": null
          },
          "private": "bnVsbA=="
        },
        {
          "index_key": 525,
          "schema_version": 0,
          "attributes": {
            "b64": "l5Zn",
            "b64_std": "l5Zn",
            "b64_url": "l5Zn",
            "byte_length": 3,
            "dec": "9934439",
            "hex": "979667",
            "id": "l5Zn",
            "keepers": {
              "force": "5ada975e-4c8c-17c0-769e-9da415bd7fbe"
            },
            "prefix": null
          },
          "private": "bnVsbA=="
        },
        {
          "index_key": 526,
          "schema_version": 0,
          "attributes": {
            "b64": "f6A9",
            "b64_std": "f6A9",
            "b64_url": "f6A9",
            "byte_length": 3,
            "dec": "8364093",
            "hex": "7fa03d",
            "id": "f6A9",
            "keepers": {
              "force": "0ed4b3d0-a1d8-868a-de45-6a825bd8896e"
            },
            "prefix": null
          },
          "private": "bnVsbA=="
        },
        {
          "index_key": 527,
          "schema_version": 0,
          "attributes": {
            "b64": "3Io5",
            "b64_std": "3Io5",
            "b64_url": "3Io5",
            "byte_length": 3,
            "dec": "14453305",
            "hex": "dc8a39",
            "id": "3Io5",
            "keepers": {
              "force": "756d801c-3f43-60c9-6e6e-8e4c01bc6478"
            },
            "prefix": null
          },
          "private": "bnVsbA=="
        },
        {
          "index_key": 528,
          "schema_version": 0,
          "attributes": {
            "b64": "QJ8X",
            "b64_std": "QJ8X",
            "b64_url": "QJ8X",
            "byte_length": 3,
            "dec": "4235031",
            "hex": "409f17",
            "id": "QJ8X",
            "keepers": {
              "force": "ec4cbec6-2c74-c3cb-1947-b42013a42720"
            },
            "prefix": null
          },
          "private": "bnVsbA=="
        },
        {
          "index_key": 529,
          "schema_version": 0,
          "attributes": {
            "b64": "yhre",
            "b64_std": "yhre",
            "b64_url": "yhre",
            "byte_length": 3,
            "dec": "13245150",
            "hex": "ca1ade",
            "id": "yhre",
            "keepers": {
              "force": "fdd44fb8-0c7c-9f61-195a-1e1e97b88e34"
            },
            "prefix": null
          },
          "private": "bnVsbA=="
        },
        {
          "index_key": 530,
          "schema_version": 0,
          "attributes": {
            "b64": "pK3j",
            "b64_std": "pK3j",
            "b64_url": "pK3j",
            "byte_length": 3,
            "dec": "10792419",
            "hex": "a4ade3",
            "id": "pK3j",
            "keepers": {
              "force": "375a26ca-35cc-d274-3dc7-61b9c99d2481"
            },
            "prefix": null
          },
          "private": "bnVsbA=="
        },
        {
          "index_key": 531,
          "schema_version": 0,
          "attributes": {
            "b64": "RNWs",
            "b64_std": "RNWs",
            "b64_url": "RNWs",
            "byte_length": 3,
            "dec": "4511148",
            "hex": "44d5ac",
            "id": "RNWs",
            "keepers": {
              "force": "1cbd6678-2a7e-b25d-d37c-b84112ab74e3"
            },
            "prefix": null
          },
          "private": "bnVsbA=="
        },
        {
          "index_key": 532,
          "schema_version": 0,
          "attributes": {
            "b64": "NyXH",
            "b64_std": "NyXH",
            "b64_url": "NyXH",
            "byte_length": 3,
            "dec": "3614151",
            "hex": "3725c7",
            "id": "NyXH",
            "keepers": {
              "force": "5843b887-5c0c-6934-a014-1828baa4e119"
            },
            "prefix": null
          },
          "private": "bnVsbA=="
        },
        {
          "index_key": 533,
          "schema_version": 0,
          "attributes": {
            "b64": "pkRk",
            "b64_std": "pkRk",
            "b64_url": "pkRk",
            "byte_length": 3,
            "dec": "10896484",
            "hex": "a64464",
            "id": "pkRk",
            "keepers": {
              "force": "79ee9005-99a1-b3ea-e078-222f3784f93a"
            },
            "prefix": null
          },
          "private": "bnVsbA=="
        },
        {
          "index_key": 534,
          "schema_version": 0,
          "attributes": {
            "b64": "dYKp",
            "b64_std": "dYKp",
            "b64_url": "dYKp",
            "byte_length": 3,
            "dec": "7701161",
            "hex": "7582a9",
            "id": "dYKp",
            "keepers": {
              "force": "39ec2a72-3bd3-5b6c-237c-c3be7394feb8"
            },
            "prefix": null
          },
          "private": "bnVsbA=="
        },
        {
          "index_key": 535,
          "schema_version": 0,
          "attributes": {
            "b64": "bSAC",
            "b64_std": "bSAC",
            "b64_url": "bSAC",
            "byte_length": 3,
            "dec": "7151618",
            "hex": "6d2002",
            "id": "bSAC",
            "keepers": {
              "force": "cbec8e0e-0cd9-0af9-53bf-b9fe99cf4d41"
            },
            "prefix": null
          },
          "private": "bnVsbA=="
        },
        {
          "index_key": 536,
          "schema_version": 0,
          "attributes": {
            "b64": "3eZa",
            "b64_std": "3eZa",
            "b64_url": "3eZa",
            "byte_length": 3,
            "dec": "14542426",
            "hex": "dde65a",
            "id": "3eZa",
            "keepers": {
              "force": "1a680428-98c3-ad41-b16e-dadbfb10b056"
            },
            "prefix": null
          },
          "private": "bnVsbA=="
        },
        {
          "index_key": 537,
          "schema_version": 0,
          "attributes": {
            "b64": "bNYu",
            "b64_std": "bNYu",
            "b64_url": "bNYu",
            "byte_length": 3,
            "dec": "7132718",
            "hex": "6cd62e",
            "id": "bNYu",
            "keepers": {
              "force": "72a81bd0-f61c-d854-f650-06da96b48792"
            },
            "prefix": null
          },
          "private": "bnVsbA=="
        },
        {
          "index_key": 538,
          "schema_version": 0,
          "attributes": {
            "b64": "KFML",
            "b64_std": "KFML",
            "b64_url": "KFML",
            "byte_length": 3,
            "dec": "2642699",
            "hex": "28530b",
            "id": "KFML",
            "keepers": {
              "force": "40191411-fc4b-3199-8b39-65468538331b"
            },
            "prefix": null
          },
          "private": "bnVsbA=="
        },
        {
          "index_key": 539,
          "schema_version": 0,
          "attributes": {
            "b64": "JkOy",
            "b64_std": "JkOy",
            "b64_url": "JkOy",
            "byte_length": 3,
            "dec": "2507698",
            "hex": "2643b2",
            "id": "JkOy",
            "keepers": {
              "force": "90f720db-0643-5cfd-27ce-372299dbee59"
            },
            "prefix": null
          },
          "private": "bnVsbA=="
        },
        {
          "index_key": 540,
          "schema_version": 0,
          "attributes": {
            "b64": "MJlm",
            "b64_std": "MJlm",
            "b64_url": "MJlm",
            "byte_length": 3,
            "dec": "3184998",
            "hex": "309966",
            "id": "MJlm",
            "keepers": {
              "force": "35cb5fa1-3ecb-fa05-0456-7400e83af19f"
            },
            "prefix": null
          },
          "private": "bnVsbA=="
        },
        {
          "index_key": 541,
          "schema_version": 0,
          "attributes": {
            "b64": "rRXe",
            "b64_std": "rRXe",
            "b64_url": "rRXe",
            "byte_length": 3,
            "dec": "11343326",
            "hex": "ad15de",
            "id": "rRXe",
            "keepers": {
              "force": "e63df77c-4eda-8424-ee69-313496db0aba"
            },
            "prefix": null
          },
          "private": "bnVsbA=="
        },
        {
          "index_key": 542,
          "schema_version": 0,
          "attributes": {
            "b64": "7i3B",
            "b64_std": "7i3B",
            "b64_url": "7i3B",
            "byte_length": 3,
            "dec": "15609281",
            "hex": "ee2dc1",
            "id": "7i3B",
            "keepers": {
              "force": "b16e1cb8-cf97-7179-a363-c96de3975b52"
            },
            "prefix": null
          },
          "private": "bnVsbA=="
        },
        {
          "index_key": 543,
          "schema_version": 0,
          "attributes": {
            "b64": "5tsi",
            "b64_std": "5tsi",
            "b64_url": "5tsi",
            "byte_length": 3,
            "dec": "15129378",
            "hex": "e6db22",
            "id": "5tsi",
            "keepers": {
              "force": "06386ca3-298d-ab68-3f7a-ab32dbcf2042"
            },
            "prefix": null
          },
          "private": "bnVsbA=="
        },
        {
          "index_key": 544,
          "schema_version": 0,
          "attributes": {
            "b64": "tAda",
            "b64_std": "tAda",
            "b64_url": "tAda",
            "byte_length": 3,
            "dec": "11798362",
            "hex": "b4075a",
            "id": "tAda",
            "keepers": {
              "force": "5b15a472-55cb-e230-6c78-ba2bac898565"
            },
            "prefix": null
          },
          "private": "bnVsbA=="
        },
        {
          "index_key": 545,
          "schema_version": 0,
          "attributes": {
            "b64": "xhuN",
            "b64_std": "xhuN",
            "b64_url": "xhuN",
            "byte_length": 3,
            "dec": "12983181",
            "hex": "c61b8d",
            "id": "xhuN",
            "keepers": {
              "force": "58e8ca08-3901-c381-0240-34bfa3783098"
            },
            "prefix": null
          },
          "private": "bnVsbA=="
        },
        {
          "index_key": 546,
          "schema_version": 0,
          "attributes": {
            "b64": "ujmc",
            "b64_std": "ujmc",
            "b64_url": "ujmc",
            "byte_length": 3,
            "dec": "12204444",
            "hex": "ba399c",
            "id": "ujmc",
            "keepers": {
              "force": "fb56e105-c11d-a976-9bb1-26bb69c1129d"
            },
            "prefix": null
          },
          "private": "bnVsbA=="
        },
        {
          "index_key": 547,
          "schema_version": 0,
          "attributes": {
            "b64": "8jJK",
            "b64_std": "8jJK",
            "b64_url": "8jJK",
            "byte_length": 3,
            "dec": "15872586",
            "hex": "f2324a",
            "id": "8jJK",
            "keepers": {
              "force": "cd2a2aa7-cb1e-486a-e26a-f39041b3d597"
            },
            "prefix": null
          },
          "private": "bnVsbA=="
        },
        {
          "index_key": 548,
          "schema_version": 0,
          "attributes": {
            "b64": "GnJi",
            "b64_std": "GnJi",
            "b64_url": "GnJi",
            "byte_length": 3,
            "dec": "1733218",
            "hex": "1a7262",
            "id": "GnJi",
            "keepers": {
              "force": "8ab7bcf4-c0f0-5571-cc1b-9791fc4e6cfb"
            },
            "prefix": null
          },
          "private": "bnVsbA=="
        },
        {
          "index_key": 549,
          "schema_version": 0,
          "attributes": {
            "b64": "i8tc",
            "b64_std": "i8tc",
            "b64_url": "i8tc",
            "byte_length": 3,
            "dec": "9161564",
            "hex": "8bcb5c",
            "id": "i8tc",
            "keepers": {
              "force": "b2c63367-be21-8da6-2d49-23292815f173"
            },
            "prefix": null
          },
          "private": "bnVsbA=="
        },
        {
          "index_key": 550,
          "schema_version": 0,
          "attributes": {
            "b64": "cEum",
            "b64_std": "cEum",
            "b64_url": "cEum",
            "byte_length": 3,
            "dec": "7359398",
            "hex": "704ba6",
            "id": "cEum",
            "keepers": {
              "force": "5e421a1c-0f66-4003-34ad-48c6c0f86ef4"
            },
            "prefix": null
          },
          "private": "bnVsbA=="
        },
        {
          "index_key": 551,
          "schema_version": 0,
          "attributes": {
            "b64": "8E0H",
            "b64_std": "8E0H",
            "b64_url": "8E0H",
            "byte_length": 3,
            "dec": "15748359",
            "hex": "f04d07",
            "id": "8E0H",
            "keepers": {
              "force": "2b405e9d-500f-e9cf-7a09-bce75dac38b8"
            },
            "prefix": null
          },
          "private": "bnVsbA=="
        },
        {
          "index_key": 552,
          "schema_version": 0,
          "attributes": {
            "b64": "5r65",
            "b64_std": "5r65",
            "b64_url": "5r65",
            "byte_length": 3,
            "dec": "15122105",
            "hex": "e6beb9",
            "id": "5r65",
            "keepers": {
              "force": "908d4b80-5239-cca4-0217-442fdaaa8602"
            },
            "prefix": null
          },
          "private": "bnVsbA=="
        },
        {
          "index_key": 553,
          "schema_version": 0,
          "attributes": {
            "b64": "p-K3",
            "b64_std": "p+K3",
            "b64_url": "p-K3",
            "byte_length": 3,
            "dec": "11002551",
            "hex": "a7e2b7",
            "id": "p-K3",
            "keepers": {
              "force": "186150fb-086d-1b80-0728-96c48d1ff90a"
            },
            "prefix": null
          },
          "private": "bnVsbA=="
        },
        {
          "index_key": 554,
          "schema_version": 0,
          "attributes": {
            "b64": "2u82",
            "b64_std": "2u82",
            "b64_url": "2u82",
            "byte_length": 3,
            "dec": "14348086",
            "hex": "daef36",
            "id": "2u82",
            "keepers": {
              "force": "352516bc-b8e1-ffc6-a219-49ea0587d1f8"
            },
            "prefix": null
          },
          "private": "bnVsbA=="
        },
        {
          "index_key": 555,
          "schema_version": 0,
          "attributes": {
            "b64": "u0Vz",
            "b64_std": "u0Vz",
            "b64_url": "u0Vz",
            "byte_length": 3,
            "dec": "12273011",
            "hex": "bb4573",
            "id": "u0Vz",
            "keepers": {
              "force": "9b76750a-e413-87ca-d928-d02b165fdf4a"
            },
            "prefix": null
          },
          "private": "bnVsbA=="
        },
        {
          "index_key": 556,
          "schema_version": 0,
          "attributes": {
            "b64": "NeV6",
            "b64_std": "NeV6",
            "b64_url": "NeV6",
            "byte_length": 3,
            "dec": "3532154",
            "hex": "35e57a",
            "id": "NeV6",
            "keepers": {
              "force": "9f141c07-d598-a8f1-2f0f-ca61106f5354"
            },
            "prefix": null
          },
          "private": "bnVsbA=="
        },
        {
          "index_key": 557,
          "schema_version": 0,
          "attributes": {
            "b64": "eIVg",
            "b64_std": "eIVg",
            "b64_url": "eIVg",
            "byte_length": 3,
            "dec": "7898464",
            "hex": "788560",
            "id": "eIVg",
            "keepers": {
              "force": "4f03f398-25f8-0238-f03e-09da7bbe8468"
            },
            "prefix": null
          },
          "private": "bnVsbA=="
        },
        {
          "index_key": 558,
          "schema_version": 0,
          "attributes": {
            "b64": "TgGV",
            "b64_std": "TgGV",
            "b64_url": "TgGV",
            "byte_length": 3,
            "dec": "5112213",
            "hex": "4e0195",
            "id": "TgGV",
            "keepers": {
              "force": "51ea2aa1-1b80-06b0-cf7e-de8503d80129"
            },
            "prefix": null
          },
          "private": "bnVsbA=="
        },
        {
          "index_key": 559,
          "schema_version": 0,
          "attributes": {
            "b64": "2tOu",
            "b64_std": "2tOu",
            "b64_url": "2tOu",
            "byte_length": 3,
            "dec": "14341038",
            "hex": "dad3ae",
            "id": "2tOu",
            "keepers": {
              "force": "a8f5e5ea-f695-1916-1280-8cd3aecd3da2"
            },
            "prefix": null
          },
          "private": "bnVsbA=="
        },
        {
          "index_key": 560,
          "schema_version": 0,
          "attributes": {
            "b64": "vEBf",
            "b64_std": "vEBf",
            "b64_url": "vEBf",
            "byte_length": 3,
            "dec": "12337247",
            "hex": "bc405f",
            "id": "vEBf",
            "keepers": {
              "force": "b65a5d70-d068-28c1-b550-66757def19a9"
            },
            "prefix": null
          },
          "private": "bnVsbA=="
        },
        {
          "index_key": 561,
          "schema_version": 0,
          "attributes": {
            "b64": "qPaX",
            "b64_std": "qPaX",
            "b64_url": "qPaX",
            "byte_length": 3,
            "dec": "11073175",
            "hex": "a8f697",
            "id": "qPaX",
            "keepers": {
              "force": "40cd8805-7f17-2a9c-101f-6525eeca498d"
            },
            "prefix": null
          },
          "private": "bnVsbA=="
        },
        {
          "index_key": 562,
          "schema_version": 0,
          "attributes": {
            "b64": "k0f7",
            "b64_std": "k0f7",
            "b64_url": "k0f7",
            "byte_length": 3,
            "dec": "9652219",
            "hex": "9347fb",
            "id": "k0f7",
            "keepers": {
              "force": "8d414c93-07f0-88fd-cd5b-c90a50e649d0"
            },
            "prefix": null
          },
          "private": "bnVsbA=="
        },
        {
          "index_key": 563,
          "schema_version": 0,
          "attributes": {
            "b64": "DEUI",
            "b64_std": "DEUI",
            "b64_url": "DEUI",
            "byte_length": 3,
            "dec": "804104",
            "hex": "0c4508",
            "id": "DEUI",
            "keepers": {
              "force": "66006300-e0b3-bf70-43cf-1567c7f63642"
            },
            "prefix": null
          },
          "private": "bnVsbA=="
        },
        {
          "index_key": 564,
          "schema_version": 0,
          "attributes": {
            "b64": "I-NZ",
            "b64_std": "I+NZ",
            "b64_url": "I-NZ",
            "byte_length": 3,
            "dec": "2351961",
            "hex": "23e359",
            "id": "I-NZ",
            "keepers": {
              "force": "f09f66b1-ae4c-28f1-9717-4c115144c049"
            },
            "prefix": null
          },
          "private": "bnVsbA=="
        },
        {
          "index_key": 565,
          "schema_version": 0,
          "attributes": {
            "b64": "LZJy",
            "b64_std": "LZJy",
            "b64_url": "LZJy",
            "byte_length": 3,
            "dec": "2986610",
            "hex": "2d9272",
            "id": "LZJy",
            "keepers": {
              "force": "4dddb6e6-cacf-d49c-56af-1a7ee73e294c"
            },
            "prefix": null
          },
          "private": "bnVsbA=="
        },
        {
          "index_key": 566,
          "schema_version": 0,
          "attributes": {
            "b64": "3Pne",
            "b64_std": "3Pne",
            "b64_url": "3Pne",
            "byte_length": 3,
            "dec": "14481886",
            "hex": "dcf9de",
            "id": "3Pne",
            "keepers": {
              "force": "af82362a-966e-f060-60b5-c9c5742d5fdb"
            },
            "prefix": null
          },
          "private": "bnVsbA=="
        },
        {
          "index_key": 567,
          "schema_version": 0,
          "attributes": {
            "b64": "Fxxi",
            "b64_std": "Fxxi",
            "b64_url": "Fxxi",
            "byte_length": 3,
            "dec": "1514594",
            "hex": "171c62",
            "id": "Fxxi",
            "keepers": {
              "force": "fa9342e6-dfb5-bd20-be70-f0cf59f6772f"
            },
            "prefix": null
          },
          "private": "bnVsbA=="
        },
        {
          "index_key": 568,
          "schema_version": 0,
          "attributes": {
            "b64": "6IAh",
            "b64_std": "6IAh",
            "b64_url": "6IAh",
            "byte_length": 3,
            "dec": "15237153",
            "hex": "e88021",
            "id": "6IAh",
            "keepers": {
              "force": "b01389f4-019e-46e4-98c5-455b205d8720"
            },
            "prefix": null
          },
          "private": "bnVsbA=="
        },
        {
          "index_key": 569,
          "schema_version": 0,
          "attributes": {
            "b64": "Dald",
            "b64_std": "Dald",
            "b64_url": "Dald",
            "byte_length": 3,
            "dec": "895325",
            "hex": "0da95d",
            "id": "Dald",
            "keepers": {
              "force": "44ac0d72-c801-2303-43cf-18a044f735d2"
            },
            "prefix": null
          },
          "private": "bnVsbA=="
        },
        {
          "index_key": 570,
          "schema_version": 0,
          "attributes": {
            "b64": "MNeC",
            "b64_std": "MNeC",
            "b64_url": "MNeC",
            "byte_length": 3,
            "dec": "3200898",
            "hex": "30d782",
            "id": "MNeC",
            "keepers": {
              "force": "d265b9ef-3d8f-3ed4-c5e2-2135a5a21d78"
            },
            "prefix": null
          },
          "private": "bnVsbA=="
        },
        {
          "index_key": 571,
          "schema_version": 0,
          "attributes": {
            "b64": "5sC6",
            "b64_std": "5sC6",
            "b64_url": "5sC6",
            "byte_length": 3,
            "dec": "15122618",
            "hex": "e6c0ba",
            "id": "5sC6",
            "keepers": {
              "force": "0fe3cbac-551d-6404-b4b7-2e5a57eb14e9"
            },
            "prefix": null
          },
          "private": "bnVsbA=="
        },
        {
          "index_key": 572,
          "schema_version": 0,
          "attributes": {
            "b64": "9YfN",
            "b64_std": "9YfN",
            "b64_url": "9YfN",
            "byte_length": 3,
            "dec": "16091085",
            "hex": "f587cd",
            "id": "9YfN",
            "keepers": {
              "force": "86455faf-8170-1f62-94d4-f4a4fd229b86"
            },
            "prefix": null
          },
          "private": "bnVsbA=="
        },
        {
          "index_key": 573,
          "schema_version": 0,
          "attributes": {
            "b64": "qJjV",
            "b64_std": "qJjV",
            "b64_url": "qJjV",
            "byte_length": 3,
            "dec": "11049173",
            "hex": "a898d5",
            "id": "qJjV",
            "keepers": {
              "force": "7ff995f4-4892-6165-518e-c4045dbf3e75"
            },
            "prefix": null
          },
          "private": "bnVsbA=="
        },
        {
          "index_key": 574,
          "schema_version": 0,
          "attributes": {
            "b64": "6MdZ",
            "b64_std": "6MdZ",
            "b64_url": "6MdZ",
            "byte_length": 3,
            "dec": "15255385",
            "hex": "e8c759",
            "id": "6MdZ",
            "keepers": {
              "force": "ed956ce2-cd7c-37f5-3cda-45db668cf09c"
            },
            "prefix": null
          },
          "private": "bnVsbA=="
        },
        {
          "index_key": 575,
          "schema_version": 0,
          "attributes": {
            "b64": "7tKH",
            "b64_std": "7tKH",
            "b64_url": "7tKH",
            "byte_length": 3,
            "dec": "15651463",
            "hex": "eed287",
            "id": "7tKH",
            "keepers": {
              "force": "221e805b-7f26-67ad-2c19-64a39f39b33e"
            },
            "prefix": null
          },
          "private": "bnVsbA=="
        },
        {
          "index_key": 576,
          "schema_version": 0,
          "attributes": {
            "b64": "ig8K",
            "b64_std": "ig8K",
            "b64_url": "ig8K",
            "byte_length": 3,
            "dec": "9047818",
            "hex": "8a0f0a",
            "id": "ig8K",
            "keepers": {
              "force": "98bb8d41-12cf-8556-334a-144579393877"
            },
            "prefix": null
          },
          "private": "bnVsbA=="
        },
        {
          "index_key": 577,
          "schema_version": 0,
          "attributes": {
            "b64": "qfVO",
            "b64_std": "qfVO",
            "b64_url": "qfVO",
            "byte_length": 3,
            "dec": "11138382",
            "hex": "a9f54e",
            "id": "qfVO",
            "keepers": {
              "force": "600a689b-5161-73ed-2e7a-e960b9e86b2f"
            },
            "prefix": null
          },
          "private": "bnVsbA=="
        },
        {
          "index_key": 578,
          "schema_version": 0,
          "attributes": {
            "b64": "WJrK",
            "b64_std": "WJrK",
            "b64_url": "WJrK",
            "byte_length": 3,
            "dec": "5806794",
            "hex": "589aca",
            "id": "WJrK",
            "keepers": {
              "force": "99e5c8d7-f7fc-fc86-8d00-3d6fad3c755a"
            },
            "prefix": null
          },
          "private": "bnVsbA=="
        },
        {
          "index_key": 579,
          "schema_version": 0,
          "attributes": {
            "b64": "a2UP",
            "b64_std": "a2UP",
            "b64_url": "a2UP",
            "byte_length": 3,
            "dec": "7038223",
            "hex": "6b650f",
            "id": "a2UP",
            "keepers": {
              "force": "102deccd-97ac-7031-6a2d-4d6e5cab9c7d"
            },
            "prefix": null
          },
          "private": "bnVsbA=="
        },
        {
          "index_key": 580,
          "schema_version": 0,
          "attributes": {
            "b64": "P9eH",
            "b64_std": "P9eH",
            "b64_url": "P9eH",
            "byte_length": 3,
            "dec": "4183943",
            "hex": "3fd787",
            "id": "P9eH",
            "keepers": {
              "force": "12e2eb9d-3ea4-ee30-5a9f-ccf2d191924e"
            },
            "prefix": null
          },
          "private": "bnVsbA=="
        },
        {
          "index_key": 581,
          "schema_version": 0,
          "attributes": {
            "b64": "rUDv",
            "b64_std": "rUDv",
            "b64_url": "rUDv",
            "byte_length": 3,
            "dec": "11354351",
            "hex": "ad40ef",
            "id": "rUDv",
            "keepers": {
              "force": "5b1e4782-a78d-dd73-f7f0-184411e7209c"
            },
            "prefix": null
          },
          "private": "bnVsbA=="
        },
        {
          "index_key": 582,
          "schema_version": 0,
          "attributes": {
            "b64": "Q4C8",
            "b64_std": "Q4C8",
            "b64_url": "Q4C8",
            "byte_length": 3,
            "dec": "4423868",
            "hex": "4380bc",
            "id": "Q4C8",
            "keepers": {
              "force": "410e41f7-01c5-8e91-17b6-97e8edfe85d5"
            },
            "prefix": null
          },
          "private": "bnVsbA=="
        },
        {
          "index_key": 583,
          "schema_version": 0,
          "attributes": {
            "b64": "RK58",
            "b64_std": "RK58",
            "b64_url": "RK58",
            "byte_length": 3,
            "dec": "4501116",
            "hex": "44ae7c",
            "id": "RK58",
            "keepers": {
              "force": "cb86082c-bcad-437c-1ef1-bdf7e69e6b39"
            },
            "prefix": null
          },
          "private": "bnVsbA=="
        },
        {
          "index_key": 584,
          "schema_version": 0,
          "attributes": {
            "b64": "jWhK",
            "b64_std": "jWhK",
            "b64_url": "jWhK",
            "byte_length": 3,
            "dec": "9267274",
            "hex": "8d684a",
            "id": "jWhK",
            "keepers": {
              "force": "ff6dcd4f-1633-7ecb-c282-4976610fa9e6"
            },
            "prefix": null
          },
          "private": "bnVsbA=="
        },
        {
          "index_key": 585,
          "schema_version": 0,
          "attributes": {
            "b64": "T9sT",
            "b64_std": "T9sT",
            "b64_url": "T9sT",
            "byte_length": 3,
            "dec": "5233427",
            "hex": "4fdb13",
            "id": "T9sT",
            "keepers": {
              "force": "d518c299-86e7-50b4-3660-317559585499"
            },
            "prefix": null
          },
          "private": "bnVsbA=="
        },
        {
          "index_key": 586,
          "schema_version": 0,
          "attributes": {
            "b64": "OFvg",
            "b64_std": "OFvg",
            "b64_url": "OFvg",
            "byte_length": 3,
            "dec": "3693536",
            "hex": "385be0",
            "id": "OFvg",
            "keepers": {
              "force": "a2cf7849-d495-df82-7315-5e3589400985"
            },
            "prefix": null
          },
          "private": "bnVsbA=="
        },
        {
          "index_key": 587,
          "schema_version": 0,
          "attributes": {
            "b64": "x-Nd",
            "b64_std": "x+Nd",
            "b64_url": "x-Nd",
            "byte_length": 3,
            "dec": "13099869",
            "hex": "c7e35d",
            "id": "x-Nd",
            "keepers": {
              "force": "f18134d7-d7df-202e-890c-ca74a7e96d40"
            },
            "prefix": null
          },
          "private": "bnVsbA=="
        },
        {
          "index_key": 588,
          "schema_version": 0,
          "attributes": {
            "b64": "1ceV",
            "b64_std": "1ceV",
            "b64_url": "1ceV",
            "byte_length": 3,
            "dec": "14010261",
            "hex": "d5c795",
            "id": "1ceV",
            "keepers": {
              "force": "562209fd-246b-e322-cea4-bf760313a734"
            },
            "prefix": null
          },
          "private": "bnVsbA=="
        },
        {
          "index_key": 589,
          "schema_version": 0,
          "attributes": {
            "b64": "u1Cn",
            "b64_std": "u1Cn",
            "b64_url": "u1Cn",
            "byte_length": 3,
            "dec": "12275879",
            "hex": "bb50a7",
            "id": "u1Cn",
            "keepers": {
              "force": "183c0f34-1009-1660-c59d-2a8d5c3b0c7e"
            },
            "prefix": null
          },
          "private": "bnVsbA=="
        },
        {
          "index_key": 590,
          "schema_version": 0,
          "attributes": {
            "b64": "94pl",
            "b64_std": "94pl",
            "b64_url": "94pl",
            "byte_length": 3,
            "dec": "16222821",
            "hex": "f78a65",
            "id": "94pl",
            "keepers": {
              "force": "89f11738-1100-9c20-2d48-590a2c095ff8"
            },
            "prefix": null
          },
          "private": "bnVsbA=="
        },
        {
          "index_key": 591,
          "schema_version": 0,
          "attributes": {
            "b64": "B3qp",
            "b64_std": "B3qp",
            "b64_url": "B3qp",
            "byte_length": 3,
            "dec": "490153",
            "hex": "077aa9",
            "id": "B3qp",
            "keepers": {
              "force": "b36be02f-c587-fbb1-790e-288aa55cbb5a"
            },
            "prefix": null
          },
          "private": "bnVsbA=="
        },
        {
          "index_key": 592,
          "schema_version": 0,
          "attributes": {
            "b64": "XpEp",
            "b64_std": "XpEp",
            "b64_url": "XpEp",
            "byte_length": 3,
            "dec": "6197545",
            "hex": "5e9129",
            "id": "XpEp",
            "keepers": {
              "force": "70e15555-16dd-445e-c450-f8065f5abc1b"
            },
            "prefix": null
          },
          "private": "bnVsbA=="
        },
        {
          "index_key": 593,
          "schema_version": 0,
          "attributes": {
            "b64": "Wi2s",
            "b64_std": "Wi2s",
            "b64_url": "Wi2s",
            "byte_length": 3,
            "dec": "5909932",
            "hex": "5a2dac",
            "id": "Wi2s",
            "keepers": {
              "force": "2fcb4a62-ae6e-9486-91fd-a572e8a97c77"
            },
            "prefix": null
          },
          "private": "bnVsbA=="
        },
        {
          "index_key": 594,
          "schema_version": 0,
          "attributes": {
            "b64": "Jt_M",
            "b64_std": "Jt/M",
            "b64_url": "Jt_M",
            "byte_length": 3,
            "dec": "2547660",
            "hex": "26dfcc",
            "id": "Jt_M",
            "keepers": {
              "force": "cc785ee5-119a-3a85-4c49-4a6fc967acbf"
            },
            "prefix": null
          },
          "private": "bnVsbA=="
        },
        {
          "index_key": 595,
          "schema_version": 0,
          "attributes": {
            "b64": "Dora",
            "b64_std": "Dora",
            "b64_url": "Dora",
            "byte_length": 3,
            "dec": "953050",
            "hex": "0e8ada",
            "id": "Dora",
            "keepers": {
              "force": "9d93f595-2c22-9e53-7926-b5b24cdc3b32"
            },
            "prefix": null
          },
          "private": "bnVsbA=="
        },
        {
          "index_key": 596,
          "schema_version": 0,
          "attributes": {
            "b64": "VTD6",
            "b64_std": "VTD6",
            "b64_url": "VTD6",
            "byte_length": 3,
            "dec": "5583098",
            "hex": "5530fa",
            "id": "VTD6",
            "keepers": {
              "force": "8b4fa227-09a3-8bd2-f43e-10d1060b66c7"
            },
            "prefix": null
          },
          "private": "bnVsbA=="
        },
        {
          "index_key": 597,
          "schema_version": 0,
          "attributes": {
            "b64": "XCqK",
            "b64_std": "XCqK",
            "b64_url": "XCqK",
            "byte_length": 3,
            "dec": "6040202",
            "hex": "5c2a8a",
            "id": "XCqK",
            "keepers": {
              "force": "34085ea4-da2a-076b-aca6-0ee073f522b0"
            },
            "prefix": null
          },
          "private": "bnVsbA=="
        },
        {
          "index_key": 598,
          "schema_version": 0,
          "attributes": {
            "b64": "ARwB",
            "b64_std": "ARwB",
            "b64_url": "ARwB",
            "byte_length": 3,
            "dec": "72705",
            "hex": "011c01",
            "id": "ARwB",
            "keepers": {
              "force": "7f2e3ae8-faa1-b31f-7e3a-64e39c0139e7"
            },
            "prefix": null
          },
          "private": "bnVsbA=="
        },
        {
          "index_key": 599,
          "schema_version": 0,
          "attributes": {
            "b64": "_gMu",
            "b64_std": "/gMu",
            "b64_url": "_gMu",
            "byte_length": 3,
            "dec": "16646958",
            "hex": "fe032e",
            "id": "_gMu",
            "keepers": {
              "force": "ff5eb2af-3269-0f44-5d1b-b577f185ef77"
            },
            "prefix": null
          },
          "private": "bnVsbA=="
        },
        {
          "index_key": 600,
          "schema_version": 0,
          "attributes": {
            "b64": "Fw7Z",
            "b64_std": "Fw7Z",
            "b64_url": "Fw7Z",
            "byte_length": 3,
            "dec": "1511129",
            "hex": "170ed9",
            "id": "Fw7Z",
            "keepers": {
              "force": "67cf424b-9046-3ccf-9088-1e531d5ebf6d"
            },
            "prefix": null
          },
          "private": "bnVsbA=="
        },
        {
          "index_key": 601,
          "schema_version": 0,
          "attributes": {
            "b64": "fUg_",
            "b64_std": "fUg/",
            "b64_url": "fUg_",
            "byte_length": 3,
            "dec": "8210495",
            "hex": "7d483f",
            "id": "fUg_",
            "keepers": {
              "force": "da1dc110-0b77-63d2-f399-0d4d39ffa6bc"
            },
            "prefix": null
          },
          "private": "bnVsbA=="
        },
        {
          "index_key": 602,
          "schema_version": 0,
          "attributes": {
            "b64": "dbxb",
            "b64_std": "dbxb",
            "b64_url": "dbxb",
            "byte_length": 3,
            "dec": "7715931",
            "hex": "75bc5b",
            "id": "dbxb",
            "keepers": {
              "force": "be36b0aa-32e1-6c14-7224-568f4055e43f"
            },
            "prefix": null
          },
          "private": "bnVsbA=="
        },
        {
          "index_key": 603,
          "schema_version": 0,
          "attributes": {
            "b64": "d3LO",
            "b64_std": "d3LO",
            "b64_url": "d3LO",
            "byte_length": 3,
            "dec": "7828174",
            "hex": "7772ce",
            "id": "d3LO",
            "keepers": {
              "force": "89c40006-03e4-bea5-f3f2-14d91c5e5302"
            },
            "prefix": null
          },
          "private": "bnVsbA=="
        },
        {
          "index_key": 604,
          "schema_version": 0,
          "attributes": {
            "b64": "riOs",
            "b64_std": "riOs",
            "b64_url": "riOs",
            "byte_length": 3,
            "dec": "11412396",
            "hex": "ae23ac",
            "id": "riOs",
            "keepers": {
              "force": "dcfff3aa-da5d-ebc4-334a-eb643bf8c7a8"
            },
            "prefix": null
          },
          "private": "bnVsbA=="
        },
        {
          "index_key": 605,
          "schema_version": 0,
          "attributes": {
            "b64": "35QI",
            "b64_std": "35QI",
            "b64_url": "35QI",
            "byte_length": 3,
            "dec": "14652424",
            "hex": "df9408",
            "id": "35QI",
            "keepers": {
              "force": "c7fb9aec-b1ae-70f0-9ba0-b00de5eec3fc"
            },
            "prefix": null
          },
          "private": "bnVsbA=="
        },
        {
          "index_key": 606,
          "schema_version": 0,
          "attributes": {
            "b64": "pLry",
            "b64_std": "pLry",
            "b64_url": "pLry",
            "byte_length": 3,
            "dec": "10795762",
            "hex": "a4baf2",
            "id": "pLry",
            "keepers": {
              "force": "444a115f-54ae-6687-911e-1fc9c38dc456"
            },
            "prefix": null
          },
          "private": "bnVsbA=="
        },
        {
          "index_key": 607,
          "schema_version": 0,
          "attributes": {
            "b64": "S4R1",
            "b64_std": "S4R1",
            "b64_url": "S4R1",
            "byte_length": 3,
            "dec": "4949109",
            "hex": "4b8475",
            "id": "S4R1",
            "keepers": {
              "force": "5a7cf3a0-afb1-3bf7-b73d-ddf23116aa71"
            },
            "prefix": null
          },
          "private": "bnVsbA=="
        },
        {
          "index_key": 608,
          "schema_version": 0,
          "attributes": {
            "b64": "budc",
            "b64_std": "budc",
            "b64_url": "budc",
            "byte_length": 3,
            "dec": "7268188",
            "hex": "6ee75c",
            "id": "budc",
            "keepers": {
              "force": "0eefffcf-c23f-0750-28b0-5aee1de2519e"
            },
            "prefix": null
          },
          "private": "bnVsbA=="
        },
        {
          "index_key": 609,
          "schema_version": 0,
          "attributes": {
            "b64": "3253",
            "b64_std": "3253",
            "b64_url": "3253",
            "byte_length": 3,
            "dec": "14642807",
            "hex": "df6e77",
            "id": "3253",
            "keepers": {
              "force": "1fe8dd51-4985-241c-b623-317d7edfa42c"
            },
            "prefix": null
          },
          "private": "bnVsbA=="
        },
        {
          "index_key": 610,
          "schema_version": 0,
          "attributes": {
            "b64": "55hO",
            "b64_std": "55hO",
            "b64_url": "55hO",
            "byte_length": 3,
            "dec": "15177806",
            "hex": "e7984e",
            "id": "55hO",
            "keepers": {
              "force": "2ae575bc-7955-938b-74f2-3d975503e29b"
            },
            "prefix": null
          },
          "private": "bnVsbA=="
        },
        {
          "index_key": 611,
          "schema_version": 0,
          "attributes": {
            "b64": "4-nN",
            "b64_std": "4+nN",
            "b64_url": "4-nN",
            "byte_length": 3,
            "dec": "14936525",
            "hex": "e3e9cd",
            "id": "4-nN",
            "keepers": {
              "force": "677a26da-54db-6134-dbdc-f8b9b0c58a96"
            },
            "prefix": null
          },
          "private": "bnVsbA=="
        },
        {
          "index_key": 612,
          "schema_version": 0,
          "attributes": {
            "b64": "jm8-",
            "b64_std": "jm8+",
            "b64_url": "jm8-",
            "byte_length": 3,
            "dec": "9334590",
            "hex": "8e6f3e",
            "id": "jm8-",
            "keepers": {
              "force": "c1f4f723-d00c-8693-42eb-8de0c6853f64"
            },
            "prefix": null
          },
          "private": "bnVsbA=="
        },
        {
          "index_key": 613,
          "schema_version": 0,
          "attributes": {
            "b64": "c0cS",
            "b64_std": "c0cS",
            "b64_url": "c0cS",
            "byte_length": 3,
            "dec": "7554834",
            "hex": "734712",
            "id": "c0cS",
            "keepers": {
              "force": "bdfb2e96-0d08-348f-d1a2-e150a805f019"
            },
            "prefix": null
          },
          "private": "bnVsbA=="
        },
        {
          "index_key": 614,
          "schema_version": 0,
          "attributes": {
            "b64": "hask",
            "b64_std": "hask",
            "b64_url": "hask",
            "byte_length": 3,
            "dec": "8760100",
            "hex": "85ab24",
            "id": "hask",
            "keepers": {
              "force": "ba7f6de5-0141-47bf-6b6c-2d7ab2d4389a"
            },
            "prefix": null
          },
          "private": "bnVsbA=="
        },
        {
          "index_key": 615,
          "schema_version": 0,
          "attributes": {
            "b64": "djPX",
            "b64_std": "djPX",
            "b64_url": "djPX",
            "byte_length": 3,
            "dec": "7746519",
            "hex": "7633d7",
            "id": "djPX",
            "keepers": {
              "force": "b3daa906-737c-7a09-a8d6-888badb18115"
            },
            "prefix": null
          },
          "private": "bnVsbA=="
        },
        {
          "index_key": 616,
          "schema_version": 0,
          "attributes": {
            "b64": "qhFe",
            "b64_std": "qhFe",
            "b64_url": "qhFe",
            "byte_length": 3,
            "dec": "11145566",
            "hex": "aa115e",
            "id": "qhFe",
            "keepers": {
              "force": "9d5b82ca-9fe1-5574-67ce-b1ce2ac3fac8"
            },
            "prefix": null
          },
          "private": "bnVsbA=="
        },
        {
          "index_key": 617,
          "schema_version": 0,
          "attributes": {
            "b64": "oGvo",
            "b64_std": "oGvo",
            "b64_url": "oGvo",
            "byte_length": 3,
            "dec": "10513384",
            "hex": "a06be8",
            "id": "oGvo",
            "keepers": {
              "force": "e82a9e5c-9bc8-7706-2d53-1090f8181f3f"
            },
            "prefix": null
          },
          "private": "bnVsbA=="
        },
        {
          "index_key": 618,
          "schema_version": 0,
          "attributes": {
            "b64": "LbAf",
            "b64_std": "LbAf",
            "b64_url": "LbAf",
            "byte_length": 3,
            "dec": "2994207",
            "hex": "2db01f",
            "id": "LbAf",
            "keepers": {
              "force": "99f6f10b-3e19-f02e-cd02-f3872fbc45ae"
            },
            "prefix": null
          },
          "private": "bnVsbA=="
        },
        {
          "index_key": 619,
          "schema_version": 0,
          "attributes": {
            "b64": "HsVu",
            "b64_std": "HsVu",
            "b64_url": "HsVu",
            "byte_length": 3,
            "dec": "2016622",
            "hex": "1ec56e",
            "id": "HsVu",
            "keepers": {
              "force": "58063f31-35bd-22ab-c8a6-3c0aa8d253ed"
            },
            "prefix": null
          },
          "private": "bnVsbA=="
        },
        {
          "index_key": 620,
          "schema_version": 0,
          "attributes": {
            "b64": "zceL",
            "b64_std": "zceL",
            "b64_url": "zceL",
            "byte_length": 3,
            "dec": "13485963",
            "hex": "cdc78b",
            "id": "zceL",
            "keepers": {
              "force": "9253c8da-9d90-001c-47b1-86e2e6b4f6f5"
            },
            "prefix": null
          },
          "private": "bnVsbA=="
        },
        {
          "index_key": 621,
          "schema_version": 0,
          "attributes": {
            "b64": "mPBg",
            "b64_std": "mPBg",
            "b64_url": "mPBg",
            "byte_length": 3,
            "dec": "10023008",
            "hex": "98f060",
            "id": "mPBg",
            "keepers": {
              "force": "d6de71c6-52b7-61d0-2b16-12c4a5af0f23"
            },
            "prefix": null
          },
          "private": "bnVsbA=="
        },
        {
          "index_key": 622,
          "schema_version": 0,
          "attributes": {
            "b64": "mmer",
            "b64_std": "mmer",
            "b64_url": "mmer",
            "byte_length": 3,
            "dec": "10119083",
            "hex": "9a67ab",
            "id": "mmer",
            "keepers": {
              "force": "b4f262d3-d01b-ef7f-4972-9e8ed97575da"
            },
            "prefix": null
          },
          "private": "bnVsbA=="
        },
        {
          "index_key": 623,
          "schema_version": 0,
          "attributes": {
            "b64": "U7Vv",
            "b64_std": "U7Vv",
            "b64_url": "U7Vv",
            "byte_length": 3,
            "dec": "5485935",
            "hex": "53b56f",
            "id": "U7Vv",
            "keepers": {
              "force": "aa426c2b-fa61-556f-e699-1f0c3d5af438"
            },
            "prefix": null
          },
          "private": "bnVsbA=="
        },
        {
          "index_key": 624,
          "schema_version": 0,
          "attributes": {
            "b64": "Wnzi",
            "b64_std": "Wnzi",
            "b64_url": "Wnzi",
            "byte_length": 3,
            "dec": "5930210",
            "hex": "5a7ce2",
            "id": "Wnzi",
            "keepers": {
              "force": "c2c36f13-8aee-7689-c431-3437666fcd9a"
            },
            "prefix": null
          },
          "private": "bnVsbA=="
        },
        {
          "index_key": 625,
          "schema_version": 0,
          "attributes": {
            "b64": "711b",
            "b64_std": "711b",
            "b64_url": "711b",
            "byte_length": 3,
            "dec": "15687003",
            "hex": "ef5d5b",
            "id": "711b",
            "keepers": {
              "force": "82e63e0d-7ff5-9ff9-4bab-cd66d8c7fdec"
            },
            "prefix": null
          },
          "private": "bnVsbA=="
        },
        {
          "index_key": 626,
          "schema_version": 0,
          "attributes": {
            "b64": "ZKak",
            "b64_std": "ZKak",
            "b64_url": "ZKak",
            "byte_length": 3,
            "dec": "6596260",
            "hex": "64a6a4",
            "id": "ZKak",
            "keepers": {
              "force": "3ac03bb8-fbbe-eda7-a712-1e44c4ebbf01"
            },
            "prefix": null
          },
          "private": "bnVsbA=="
        },
        {
          "index_key": 627,
          "schema_version": 0,
          "attributes": {
            "b64": "-ayi",
            "b64_std": "+ayi",
            "b64_url": "-ayi",
            "byte_length": 3,
            "dec": "16362658",
            "hex": "f9aca2",
            "id": "-ayi",
            "keepers": {
              "force": "2cbc5ae1-3883-87da-50ef-3a3ff438a090"
            },
            "prefix": null
          },
          "private": "bnVsbA=="
        },
        {
          "index_key": 628,
          "schema_version": 0,
          "attributes": {
            "b64": "sZSs",
            "b64_std": "sZSs",
            "b64_url": "sZSs",
            "byte_length": 3,
            "dec": "11637932",
            "hex": "b194ac",
            "id": "sZSs",
            "keepers": {
              "force": "81e39e09-1b08-bc6a-27d9-afbabec46789"
            },
            "prefix": null
          },
          "private": "bnVsbA=="
        },
        {
          "index_key": 629,
          "schema_version": 0,
          "attributes": {
            "b64": "h8H7",
            "b64_std": "h8H7",
            "b64_url": "h8H7",
            "byte_length": 3,
            "dec": "8897019",
            "hex": "87c1fb",
            "id": "h8H7",
            "keepers": {
              "force": "8370538a-975e-07bb-6eb5-82ff4c3f2ad2"
            },
            "prefix": null
          },
          "private": "bnVsbA=="
        },
        {
          "index_key": 630,
          "schema_version": 0,
          "attributes": {
            "b64": "oPgQ",
            "b64_std": "oPgQ",
            "b64_url": "oPgQ",
            "byte_length": 3,
            "dec": "10549264",
            "hex": "a0f810",
            "id": "oPgQ",
            "keepers": {
              "force": "e409ca43-ec97-196a-5f3b-b77b8eb76aba"
            },
            "prefix": null
          },
          "private": "bnVsbA=="
        },
        {
          "index_key": 631,
          "schema_version": 0,
          "attributes": {
            "b64": "7xWB",
            "b64_std": "7xWB",
            "b64_url": "7xWB",
            "byte_length": 3,
            "dec": "15668609",
            "hex": "ef1581",
            "id": "7xWB",
            "keepers": {
              "force": "2cbed17b-2c58-98a3-c1cc-d9465e80d8f3"
            },
            "prefix": null
          },
          "private": "bnVsbA=="
        },
        {
          "index_key": 632,
          "schema_version": 0,
          "attributes": {
            "b64": "RzZI",
            "b64_std": "RzZI",
            "b64_url": "RzZI",
            "byte_length": 3,
            "dec": "4666952",
            "hex": "473648",
            "id": "RzZI",
            "keepers": {
              "force": "6ac0320b-67b6-e5d5-cb70-379cd2710efb"
            },
            "prefix": null
          },
          "private": "bnVsbA=="
        },
        {
          "index_key": 633,
          "schema_version": 0,
          "attributes": {
            "b64": "GHeB",
            "b64_std": "GHeB",
            "b64_url": "GHeB",
            "byte_length": 3,
            "dec": "1603457",
            "hex": "187781",
            "id": "GHeB",
            "keepers": {
              "force": "db81204a-3ab9-81f0-4f77-e5060c7dcee2"
            },
            "prefix": null
          },
          "private": "bnVsbA=="
        },
        {
          "index_key": 634,
          "schema_version": 0,
          "attributes": {
            "b64": "Q3RJ",
            "b64_std": "Q3RJ",
            "b64_url": "Q3RJ",
            "byte_length": 3,
            "dec": "4420681",
            "hex": "437449",
            "id": "Q3RJ",
            "keepers": {
              "force": "83eafab1-42c3-a59a-0d3a-5664d851e5f4"
            },
            "prefix": null
          },
          "private": "bnVsbA=="
        },
        {
          "index_key": 635,
          "schema_version": 0,
          "attributes": {
            "b64": "YIDM",
            "b64_std": "YIDM",
            "b64_url": "YIDM",
            "byte_length": 3,
            "dec": "6324428",
            "hex": "6080cc",
            "id": "YIDM",
            "keepers": {
              "force": "65534cf9-153d-61d0-f21c-0db60c4a0270"
            },
            "prefix": null
          },
          "private": "bnVsbA=="
        },
        {
          "index_key": 636,
          "schema_version": 0,
          "attributes": {
            "b64": "0bn9",
            "b64_std": "0bn9",
            "b64_url": "0bn9",
            "byte_length": 3,
            "dec": "13744637",
            "hex": "d1b9fd",
            "id": "0bn9",
            "keepers": {
              "force": "2939b70f-e731-f1af-e46c-dc61375e3eb5"
            },
            "prefix": null
          },
          "private": "bnVsbA=="
        },
        {
          "index_key": 637,
          "schema_version": 0,
          "attributes": {
            "b64": "hsO1",
            "b64_std": "hsO1",
            "b64_url": "hsO1",
            "byte_length": 3,
            "dec": "8831925",
            "hex": "86c3b5",
            "id": "hsO1",
            "keepers": {
              "force": "e94d6439-40fc-ab74-d89a-e77b30d900f1"
            },
            "prefix": null
          },
          "private": "bnVsbA=="
        },
        {
          "index_key": 638,
          "schema_version": 0,
          "attributes": {
            "b64": "BJsO",
            "b64_std": "BJsO",
            "b64_url": "BJsO",
            "byte_length": 3,
            "dec": "301838",
            "hex": "049b0e",
            "id": "BJsO",
            "keepers": {
              "force": "8a8fad70-c640-1506-21ec-6884a8d7884b"
            },
            "prefix": null
          },
          "private": "bnVsbA=="
        },
        {
          "index_key": 639,
          "schema_version": 0,
          "attributes": {
            "b64": "maWQ",
            "b64_std": "maWQ",
            "b64_url": "maWQ",
            "byte_length": 3,
            "dec": "10069392",
            "hex": "99a590",
            "id": "maWQ",
            "keepers": {
              "force": "997fc3ab-7f28-9cb8-fbac-2a05a7b4d298"
            },
            "prefix": null
          },
          "private": "bnVsbA=="
        },
        {
          "index_key": 640,
          "schema_version": 0,
          "attributes": {
            "b64": "YWaI",
            "b64_std": "YWaI",
            "b64_url": "YWaI",
            "byte_length": 3,
            "dec": "6383240",
            "hex": "616688",
            "id": "YWaI",
            "keepers": {
              "force": "39826fc7-b5a2-4645-d82f-abba8591e927"
            },
            "prefix": null
          },
          "private": "bnVsbA=="
        },
        {
          "index_key": 641,
          "schema_version": 0,
          "attributes": {
            "b64": "QKda",
            "b64_std": "QKda",
            "b64_url": "QKda",
            "byte_length": 3,
            "dec": "4237146",
            "hex": "40a75a",
            "id": "QKda",
            "keepers": {
              "force": "5c64a372-e19e-0076-badf-ce149bf8df9f"
            },
            "prefix": null
          },
          "private": "bnVsbA=="
        },
        {
          "index_key": 642,
          "schema_version": 0,
          "attributes": {
            "b64": "rr9n",
            "b64_std": "rr9n",
            "b64_url": "rr9n",
            "byte_length": 3,
            "dec": "11452263",
            "hex": "aebf67",
            "id": "rr9n",
            "keepers": {
              "force": "778fe17f-231d-6443-0b94-3a2d4635d2cc"
            },
            "prefix": null
          },
          "private": "bnVsbA=="
        },
        {
          "index_key": 643,
          "schema_version": 0,
          "attributes": {
            "b64": "hPl2",
            "b64_std": "hPl2",
            "b64_url": "hPl2",
            "byte_length": 3,
            "dec": "8714614",
            "hex": "84f976",
            "id": "hPl2",
            "keepers": {
              "force": "eee6a801-9c03-00bd-43dc-5c3b8ff30bce"
            },
            "prefix": null
          },
          "private": "bnVsbA=="
        },
        {
          "index_key": 644,
          "schema_version": 0,
          "attributes": {
            "b64": "Ku3l",
            "b64_std": "Ku3l",
            "b64_url": "Ku3l",
            "byte_length": 3,
            "dec": "2813413",
            "hex": "2aede5",
            "id": "Ku3l",
            "keepers": {
              "force": "b859389d-c101-92f8-4ea1-7a27fc5e1e48"
            },
            "prefix": null
          },
          "private": "bnVsbA=="
        },
        {
          "index_key": 645,
          "schema_version": 0,
          "attributes": {
            "b64": "6gQY",
            "b64_std": "6gQY",
            "b64_url": "6gQY",
            "byte_length": 3,
            "dec": "15336472",
            "hex": "ea0418",
            "id": "6gQY",
            "keepers": {
              "force": "4a334c30-5136-712b-d52c-bc75876f63c5"
            },
            "prefix": null
          },
          "private": "bnVsbA=="
        },
        {
          "index_key": 646,
          "schema_version": 0,
          "attributes": {
            "b64": "BKrz",
            "b64_std": "BKrz",
            "b64_url": "BKrz",
            "byte_length": 3,
            "dec": "305907",
            "hex": "04aaf3",
            "id": "BKrz",
            "keepers": {
              "force": "d0775b0d-b634-b614-e06d-09de8c95f5b4"
            },
            "prefix": null
          },
          "private": "bnVsbA=="
        },
        {
          "index_key": 647,
          "schema_version": 0,
          "attributes": {
            "b64": "wcNG",
            "b64_std": "wcNG",
            "b64_url": "wcNG",
            "byte_length": 3,
            "dec": "12698438",
            "hex": "c1c346",
            "id": "wcNG",
            "keepers": {
              "force": "c8def73b-565f-9c72-ed0d-63d80f52a012"
            },
            "prefix": null
          },
          "private": "bnVsbA=="
        },
        {
          "index_key": 648,
          "schema_version": 0,
          "attributes": {
            "b64": "Fi8f",
            "b64_std": "Fi8f",
            "b64_url": "Fi8f",
            "byte_length": 3,
            "dec": "1453855",
            "hex": "162f1f",
            "id": "Fi8f",
            "keepers": {
              "force": "40f0e69f-664d-204d-c774-e4b011eebd8c"
            },
            "prefix": null
          },
          "private": "bnVsbA=="
        },
        {
          "index_key": 649,
          "schema_version": 0,
          "attributes": {
            "b64": "Ic_A",
            "b64_std": "Ic/A",
            "b64_url": "Ic_A",
            "byte_length": 3,
            "dec": "2215872",
            "hex": "21cfc0",
            "id": "Ic_A",
            "keepers": {
              "force": "7f04e59f-74ff-5e43-27a4-7612dd4a9731"
            },
            "prefix": null
          },
          "private": "bnVsbA=="
        },
        {
          "index_key": 650,
          "schema_version": 0,
          "attributes": {
            "b64": "fxet",
            "b64_std": "fxet",
            "b64_url": "fxet",
            "byte_length": 3,
            "dec": "8329133",
            "hex": "7f17ad",
            "id": "fxet",
            "keepers": {
              "force": "adeb0902-8f2f-4420-a63c-cef029bc617d"
            },
            "prefix": null
          },
          "private": "bnVsbA=="
        },
        {
          "index_key": 651,
          "schema_version": 0,
          "attributes": {
            "b64": "Kwws",
            "b64_std": "Kwws",
            "b64_url": "Kwws",
            "byte_length": 3,
            "dec": "2821164",
            "hex": "2b0c2c",
            "id": "Kwws",
            "keepers": {
              "force": "b5a649f2-41e6-4fc3-b732-53e6dc82c4ca"
            },
            "prefix": null
          },
          "private": "bnVsbA=="
        },
        {
          "index_key": 652,
          "schema_version": 0,
          "attributes": {
            "b64": "tMsO",
            "b64_std": "tMsO",
            "b64_url": "tMsO",
            "byte_length": 3,
            "dec": "11848462",
            "hex": "b4cb0e",
            "id": "tMsO",
            "keepers": {
              "force": "c8737878-7c0b-83b4-3a08-001a0ab91dfc"
            },
            "prefix": null
          },
          "private": "bnVsbA=="
        },
        {
          "index_key": 653,
          "schema_version": 0,
          "attributes": {
            "b64": "vimx",
            "b64_std": "vimx",
            "b64_url": "vimx",
            "byte_length": 3,
            "dec": "12462513",
            "hex": "be29b1",
            "id": "vimx",
            "keepers": {
              "force": "fdd3ed9e-d901-eb72-e218-d37c26b1d6eb"
            },
            "prefix": null
          },
          "private": "bnVsbA=="
        },
        {
          "index_key": 654,
          "schema_version": 0,
          "attributes": {
            "b64": "WXGv",
            "b64_std": "WXGv",
            "b64_url": "WXGv",
            "byte_length": 3,
            "dec": "5861807",
            "hex": "5971af",
            "id": "WXGv",
            "keepers": {
              "force": "b81dc870-b74e-de2f-8fb1-3f1f3d14a1fd"
            },
            "prefix": null
          },
          "private": "bnVsbA=="
        },
        {
          "index_key": 655,
          "schema_version": 0,
          "attributes": {
            "b64": "8voX",
            "b64_std": "8voX",
            "b64_url": "8voX",
            "byte_length": 3,
            "dec": "15923735",
            "hex": "f2fa17",
            "id": "8voX",
            "keepers": {
              "force": "d84e7599-c9a6-d864-eb92-4a694ed5c4a7"
            },
            "prefix": null
          },
          "private": "bnVsbA=="
        },
        {
          "index_key": 656,
          "schema_version": 0,
          "attributes": {
            "b64": "MDW_",
            "b64_std": "MDW/",
            "b64_url": "MDW_",
            "byte_length": 3,
            "dec": "3159487",
            "hex": "3035bf",
            "id": "MDW_",
            "keepers": {
              "force": "94d85efb-a1af-daaf-153e-4772e7af246d"
            },
            "prefix": null
          },
          "private": "bnVsbA=="
        },
        {
          "index_key": 657,
          "schema_version": 0,
          "attributes": {
            "b64": "6tBd",
            "b64_std": "6tBd",
            "b64_url": "6tBd",
            "byte_length": 3,
            "dec": "15388765",
            "hex": "ead05d",
            "id": "6tBd",
            "keepers": {
              "force": "f334a01d-e5b2-6202-8362-3c8d370e7cd6"
            },
            "prefix": null
          },
          "private": "bnVsbA=="
        },
        {
          "index_key": 658,
          "schema_version": 0,
          "attributes": {
            "b64": "PO9d",
            "b64_std": "PO9d",
            "b64_url": "PO9d",
            "byte_length": 3,
            "dec": "3993437",
            "hex": "3cef5d",
            "id": "PO9d",
            "keepers": {
              "force": "49e52036-640c-49e5-a9c6-e5d0bf0c480d"
            },
            "prefix": null
          },
          "private": "bnVsbA=="
        },
        {
          "index_key": 659,
          "schema_version": 0,
          "attributes": {
            "b64": "OEAH",
            "b64_std": "OEAH",
            "b64_url": "OEAH",
            "byte_length": 3,
            "dec": "3686407",
            "hex": "384007",
            "id": "OEAH",
            "keepers": {
              "force": "682875a1-efbf-a9f1-1cf8-b42dd1298cc5"
            },
            "prefix": null
          },
          "private": "bnVsbA=="
        },
        {
          "index_key": 660,
          "schema_version": 0,
          "attributes": {
            "b64": "UXvc",
            "b64_std": "UXvc",
            "b64_url": "UXvc",
            "byte_length": 3,
            "dec": "5340124",
            "hex": "517bdc",
            "id": "UXvc",
            "keepers": {
              "force": "f0c7fec5-a6a1-e566-33e5-28e96fee4c06"
            },
            "prefix": null
          },
          "private": "bnVsbA=="
        },
        {
          "index_key": 661,
          "schema_version": 0,
          "attributes": {
            "b64": "XLAr",
            "b64_std": "XLAr",
            "b64_url": "XLAr",
            "byte_length": 3,
            "dec": "6074411",
            "hex": "5cb02b",
            "id": "XLAr",
            "keepers": {
              "force": "ff643ccc-7c99-d15d-ded7-a74df99cbb70"
            },
            "prefix": null
          },
          "private": "bnVsbA=="
        },
        {
          "index_key": 662,
          "schema_version": 0,
          "attributes": {
            "b64": "ckES",
            "b64_std": "ckES",
            "b64_url": "ckES",
            "byte_length": 3,
            "dec": "7487762",
            "hex": "724112",
            "id": "ckES",
            "keepers": {
              "force": "5e80100e-ddd0-872a-bb17-a612ec815bde"
            },
            "prefix": null
          },
          "private": "bnVsbA=="
        },
        {
          "index_key": 663,
          "schema_version": 0,
          "attributes": {
            "b64": "IEOc",
            "b64_std": "IEOc",
            "b64_url": "IEOc",
            "byte_length": 3,
            "dec": "2114460",
            "hex": "20439c",
            "id": "IEOc",
            "keepers": {
              "force": "f543c4bc-448f-7b22-ae56-adf516095daf"
            },
            "prefix": null
          },
          "private": "bnVsbA=="
        },
        {
          "index_key": 664,
          "schema_version": 0,
          "attributes": {
            "b64": "d0gc",
            "b64_std": "d0gc",
            "b64_url": "d0gc",
            "byte_length": 3,
            "dec": "7817244",
            "hex": "77481c",
            "id": "d0gc",
            "keepers": {
              "force": "ae1f7190-da58-61c4-b11a-8df4795d85a1"
            },
            "prefix": null
          },
          "private": "bnVsbA=="
        },
        {
          "index_key": 665,
          "schema_version": 0,
          "attributes": {
            "b64": "TEkD",
            "b64_std": "TEkD",
            "b64_url": "TEkD",
            "byte_length": 3,
            "dec": "4999427",
            "hex": "4c4903",
            "id": "TEkD",
            "keepers": {
              "force": "1123924f-77f8-5351-21b5-a2c787d4139e"
            },
            "prefix": null
          },
          "private": "bnVsbA=="
        },
        {
          "index_key": 666,
          "schema_version": 0,
          "attributes": {
            "b64": "Qra6",
            "b64_std": "Qra6",
            "b64_url": "Qra6",
            "byte_length": 3,
            "dec": "4372154",
            "hex": "42b6ba",
            "id": "Qra6",
            "keepers": {
              "force": "3e054506-ab68-dc62-ba83-87ebe99cb070"
            },
            "prefix": null
          },
          "private": "bnVsbA=="
        },
        {
          "index_key": 667,
          "schema_version": 0,
          "attributes": {
            "b64": "Iz_Z",
            "b64_std": "Iz/Z",
            "b64_url": "Iz_Z",
            "byte_length": 3,
            "dec": "2310105",
            "hex": "233fd9",
            "id": "Iz_Z",
            "keepers": {
              "force": "5a06fd09-69d8-859c-447b-70108522850e"
            },
            "prefix": null
          },
          "private": "bnVsbA=="
        },
        {
          "index_key": 668,
          "schema_version": 0,
          "attributes": {
            "b64": "73ZP",
            "b64_std": "73ZP",
            "b64_url": "73ZP",
            "byte_length": 3,
            "dec": "15693391",
            "hex": "ef764f",
            "id": "73ZP",
            "keepers": {
              "force": "44a73bbb-8306-1bac-bc41-5d07355f79cf"
            },
            "prefix": null
          },
          "private": "bnVsbA=="
        },
        {
          "index_key": 669,
          "schema_version": 0,
          "attributes": {
            "b64": "Y1E1",
            "b64_std": "Y1E1",
            "b64_url": "Y1E1",
            "byte_length": 3,
            "dec": "6508853",
            "hex": "635135",
            "id": "Y1E1",
            "keepers": {
              "force": "efdc1b04-b2a3-d476-b7b1-96bf335686f8"
            },
            "prefix": null
          },
          "private": "bnVsbA=="
        },
        {
          "index_key": 670,
          "schema_version": 0,
          "attributes": {
            "b64": "MM9T",
            "b64_std": "MM9T",
            "b64_url": "MM9T",
            "byte_length": 3,
            "dec": "3198803",
            "hex": "30cf53",
            "id": "MM9T",
            "keepers": {
              "force": "9b5273a2-b4bd-3c0d-43e3-da051bb70523"
            },
            "prefix": null
          },
          "private": "bnVsbA=="
        },
        {
          "index_key": 671,
          "schema_version": 0,
          "attributes": {
            "b64": "yTdV",
            "b64_std": "yTdV",
            "b64_url": "yTdV",
            "byte_length": 3,
            "dec": "13186901",
            "hex": "c93755",
            "id": "yTdV",
            "keepers": {
              "force": "1626b7fb-1010-e218-a890-a1ccc68bcc1d"
            },
            "prefix": null
          },
          "private": "bnVsbA=="
        },
        {
          "index_key": 672,
          "schema_version": 0,
          "attributes": {
            "b64": "hN07",
            "b64_std": "hN07",
            "b64_url": "hN07",
            "byte_length": 3,
            "dec": "8707387",
            "hex": "84dd3b",
            "id": "hN07",
            "keepers": {
              "force": "14f0ce6d-2acc-a2f4-d320-a6038fd41b57"
            },
            "prefix": null
          },
          "private": "bnVsbA=="
        },
        {
          "index_key": 673,
          "schema_version": 0,
          "attributes": {
            "b64": "_6n4",
            "b64_std": "/6n4",
            "b64_url": "_6n4",
            "byte_length": 3,
            "dec": "16755192",
            "hex": "ffa9f8",
            "id": "_6n4",
            "keepers": {
              "force": "91e972ab-0187-1c1c-0538-851d539999b5"
            },
            "prefix": null
          },
          "private": "bnVsbA=="
        },
        {
          "index_key": 674,
          "schema_version": 0,
          "attributes": {
            "b64": "ZKY9",
            "b64_std": "ZKY9",
            "b64_url": "ZKY9",
            "byte_length": 3,
            "dec": "6596157",
            "hex": "64a63d",
            "id": "ZKY9",
            "keepers": {
              "force": "6c98d2a1-9e2a-8aa2-ba92-d1b1497b3e96"
            },
            "prefix": null
          },
          "private": "bnVsbA=="
        },
        {
          "index_key": 675,
          "schema_version": 0,
          "attributes": {
            "b64": "0hEX",
            "b64_std": "0hEX",
            "b64_url": "0hEX",
            "byte_length": 3,
            "dec": "13766935",
            "hex": "d21117",
            "id": "0hEX",
            "keepers": {
              "force": "f0d40b29-ad65-cf6d-24ea-ab7673254dfa"
            },
            "prefix": null
          },
          "private": "bnVsbA=="
        },
        {
          "index_key": 676,
          "schema_version": 0,
          "attributes": {
            "b64": "_jrh",
            "b64_std": "/jrh",
            "b64_url": "_jrh",
            "byte_length": 3,
            "dec": "16661217",
            "hex": "fe3ae1",
            "id": "_jrh",
            "keepers": {
              "force": "1c30a4d1-f460-858a-5d0a-7c20c17e40b5"
            },
            "prefix": null
          },
          "private": "bnVsbA=="
        },
        {
          "index_key": 677,
          "schema_version": 0,
          "attributes": {
            "b64": "M3mk",
            "b64_std": "M3mk",
            "b64_url": "M3mk",
            "byte_length": 3,
            "dec": "3373476",
            "hex": "3379a4",
            "id": "M3mk",
            "keepers": {
              "force": "b2b9c547-40dc-490c-3149-df298d7b7d29"
            },
            "prefix": null
          },
          "private": "bnVsbA=="
        },
        {
          "index_key": 678,
          "schema_version": 0,
          "attributes": {
            "b64": "KtT9",
            "b64_std": "KtT9",
            "b64_url": "KtT9",
            "byte_length": 3,
            "dec": "2807037",
            "hex": "2ad4fd",
            "id": "KtT9",
            "keepers": {
              "force": "8b2b865e-84de-0440-0c9d-4f5b6a7a90c3"
            },
            "prefix": null
          },
          "private": "bnVsbA=="
        },
        {
          "index_key": 679,
          "schema_version": 0,
          "attributes": {
            "b64": "FgMe",
            "b64_std": "FgMe",
            "b64_url": "FgMe",
            "byte_length": 3,
            "dec": "1442590",
            "hex": "16031e",
            "id": "FgMe",
            "keepers": {
              "force": "f16e47b7-ed7b-5cf7-c199-4b5e5e1bfeea"
            },
            "prefix": null
          },
          "private": "bnVsbA=="
        },
        {
          "index_key": 680,
          "schema_version": 0,
          "attributes": {
            "b64": "Nfr_",
            "b64_std": "Nfr/",
            "b64_url": "Nfr_",
            "byte_length": 3,
            "dec": "3537663",
            "hex": "35faff",
            "id": "Nfr_",
            "keepers": {
              "force": "39e545a3-dc16-ed6a-139c-dca05bf7dde6"
            },
            "prefix": null
          },
          "private": "bnVsbA=="
        },
        {
          "index_key": 681,
          "schema_version": 0,
          "attributes": {
            "b64": "OUWR",
            "b64_std": "OUWR",
            "b64_url": "OUWR",
            "byte_length": 3,
            "dec": "3753361",
            "hex": "394591",
            "id": "OUWR",
            "keepers": {
              "force": "6967711a-fd76-fcee-263d-58bf1c787ca8"
            },
            "prefix": null
          },
          "private": "bnVsbA=="
        },
        {
          "index_key": 682,
          "schema_version": 0,
          "attributes": {
            "b64": "23GO",
            "b64_std": "23GO",
            "b64_url": "23GO",
            "byte_length": 3,
            "dec": "14381454",
            "hex": "db718e",
            "id": "23GO",
            "keepers": {
              "force": "d3c00f96-8262-79fe-788c-a8f2b427de88"
            },
            "prefix": null
          },
          "private": "bnVsbA=="
        },
        {
          "index_key": 683,
          "schema_version": 0,
          "attributes": {
            "b64": "_ap6",
            "b64_std": "/ap6",
            "b64_url": "_ap6",
            "byte_length": 3,
            "dec": "16624250",
            "hex": "fdaa7a",
            "id": "_ap6",
            "keepers": {
              "force": "79340d45-7538-010d-638b-727c8453055e"
            },
            "prefix": null
          },
          "private": "bnVsbA=="
        },
        {
          "index_key": 684,
          "schema_version": 0,
          "attributes": {
            "b64": "EOy1",
            "b64_std": "EOy1",
            "b64_url": "EOy1",
            "byte_length": 3,
            "dec": "1109173",
            "hex": "10ecb5",
            "id": "EOy1",
            "keepers": {
              "force": "6c927fa8-b643-969f-e1d2-2b517a6b4805"
            },
            "prefix": null
          },
          "private": "bnVsbA=="
        },
        {
          "index_key": 685,
          "schema_version": 0,
          "attributes": {
            "b64": "FB59",
            "b64_std": "FB59",
            "b64_url": "FB59",
            "byte_length": 3,
            "dec": "1318525",
            "hex": "141e7d",
            "id": "FB59",
            "keepers": {
              "force": "c6806cd6-2a1e-058b-9047-137b5998f43d"
            },
            "prefix": null
          },
          "private": "bnVsbA=="
        },
        {
          "index_key": 686,
          "schema_version": 0,
          "attributes": {
            "b64": "sbfk",
            "b64_std": "sbfk",
            "b64_url": "sbfk",
            "byte_length": 3,
            "dec": "11646948",
            "hex": "b1b7e4",
            "id": "sbfk",
            "keepers": {
              "force": "43973a9b-537c-54d3-accc-d1829d74056b"
            },
            "prefix": null
          },
          "private": "bnVsbA=="
        },
        {
          "index_key": 687,
          "schema_version": 0,
          "attributes": {
            "b64": "vX_B",
            "b64_std": "vX/B",
            "b64_url": "vX_B",
            "byte_length": 3,
            "dec": "12419009",
            "hex": "bd7fc1",
            "id": "vX_B",
            "keepers": {
              "force": "6540b2a3-dd46-4405-3f19-5d48921d848e"
            },
            "prefix": null
          },
          "private": "bnVsbA=="
        },
        {
          "index_key": 688,
          "schema_version": 0,
          "attributes": {
            "b64": "ytux",
            "b64_std": "ytux",
            "b64_url": "ytux",
            "byte_length": 3,
            "dec": "13294513",
            "hex": "cadbb1",
            "id": "ytux",
            "keepers": {
              "force": "54355e81-d3d1-7349-e709-168fe27012da"
            },
            "prefix": null
          },
          "private": "bnVsbA=="
        },
        {
          "index_key": 689,
          "schema_version": 0,
          "attributes": {
            "b64": "BcgI",
            "b64_std": "BcgI",
            "b64_url": "BcgI",
            "byte_length": 3,
            "dec": "378888",
            "hex": "05c808",
            "id": "BcgI",
            "keepers": {
              "force": "4f93667f-7d31-fe13-c0ac-e78d2cb6251b"
            },
            "prefix": null
          },
          "private": "bnVsbA=="
        },
        {
          "index_key": 690,
          "schema_version": 0,
          "attributes": {
            "b64": "J0Z0",
            "b64_std": "J0Z0",
            "b64_url": "J0Z0",
            "byte_length": 3,
            "dec": "2573940",
            "hex": "274674",
            "id": "J0Z0",
            "keepers": {
              "force": "5a1a0f18-f903-5dc8-3a4c-05c129f1afa1"
            },
            "prefix": null
          },
          "private": "bnVsbA=="
        },
        {
          "index_key": 691,
          "schema_version": 0,
          "attributes": {
            "b64": "vun7",
            "b64_std": "vun7",
            "b64_url": "vun7",
            "byte_length": 3,
            "dec": "12511739",
            "hex": "bee9fb",
            "id": "vun7",
            "keepers": {
              "force": "b8bc9df5-68ba-9b03-ec92-0f708bcca29f"
            },
            "prefix": null
          },
          "private": "bnVsbA=="
        },
        {
          "index_key": 692,
          "schema_version": 0,
          "attributes": {
            "b64": "kmAU",
            "b64_std": "kmAU",
            "b64_url": "kmAU",
            "byte_length": 3,
            "dec": "9592852",
            "hex": "926014",
            "id": "kmAU",
            "keepers": {
              "force": "56d774ea-8740-0de8-9ce8-4153d7431a91"
            },
            "prefix": null
          },
          "private": "bnVsbA=="
        },
        {
          "index_key": 693,
          "schema_version": 0,
          "attributes": {
            "b64": "jgiz",
            "b64_std": "jgiz",
            "b64_url": "jgiz",
            "byte_length": 3,
            "dec": "9308339",
            "hex": "8e08b3",
            "id": "jgiz",
            "keepers": {
              "force": "ec01503e-9ab2-b265-5a3a-6e3c5c77f11a"
            },
            "prefix": null
          },
          "private": "bnVsbA=="
        },
        {
          "index_key": 694,
          "schema_version": 0,
          "attributes": {
            "b64": "uoTI",
            "b64_std": "uoTI",
            "b64_url": "uoTI",
            "byte_length": 3,
            "dec": "12223688",
            "hex": "ba84c8",
            "id": "uoTI",
            "keepers": {
              "force": "16570f3b-da9d-cb8a-73f3-9537bdca5f78"
            },
            "prefix": null
          },
          "private": "bnVsbA=="
        },
        {
          "index_key": 695,
          "schema_version": 0,
          "attributes": {
            "b64": "eKeD",
            "b64_std": "eKeD",
            "b64_url": "eKeD",
            "byte_length": 3,
            "dec": "7907203",
            "hex": "78a783",
            "id": "eKeD",
            "keepers": {
              "force": "8642b7dc-78aa-e3b9-ee8d-87fe27dafbb9"
            },
            "prefix": null
          },
          "private": "bnVsbA=="
        },
        {
          "index_key": 696,
          "schema_version": 0,
          "attributes": {
            "b64": "QwK6",
            "b64_std": "QwK6",
            "b64_url": "QwK6",
            "byte_length": 3,
            "dec": "4391610",
            "hex": "4302ba",
            "id": "QwK6",
            "keepers": {
              "force": "0fce7785-92a3-f500-0ed4-aab36217c7f8"
            },
            "prefix": null
          },
          "private": "bnVsbA=="
        },
        {
          "index_key": 697,
          "schema_version": 0,
          "attributes": {
            "b64": "Bqx2",
            "b64_std": "Bqx2",
            "b64_url": "Bqx2",
            "byte_length": 3,
            "dec": "437366",
            "hex": "06ac76",
            "id": "Bqx2",
            "keepers": {
              "force": "be129ad1-8f7d-63a6-20ed-888d6afc66d8"
            },
            "prefix": null
          },
          "private": "bnVsbA=="
        },
        {
          "index_key": 698,
          "schema_version": 0,
          "attributes": {
            "b64": "vWFJ",
            "b64_std": "vWFJ",
            "b64_url": "vWFJ",
            "byte_length": 3,
            "dec": "12411209",
            "hex": "bd6149",
            "id": "vWFJ",
            "keepers": {
              "force": "39958b8a-076e-15bc-b378-ad9c45fac2e5"
            },
            "prefix": null
          },
          "private": "bnVsbA=="
        },
        {
          "index_key": 699,
          "schema_version": 0,
          "attributes": {
            "b64": "Y9Oi",
            "b64_std": "Y9Oi",
            "b64_url": "Y9Oi",
            "byte_length": 3,
            "dec": "6542242",
            "hex": "63d3a2",
            "id": "Y9Oi",
            "keepers": {
              "force": "c027208d-cb57-57dc-65f9-344d08361ea5"
            },
            "prefix": null
          },
          "private": "bnVsbA=="
        },
        {
          "index_key": 700,
          "schema_version": 0,
          "attributes": {
            "b64": "O9-q",
            "b64_std": "O9+q",
            "b64_url": "O9-q",
            "byte_length": 3,
            "dec": "3923882",
            "hex": "3bdfaa",
            "id": "O9-q",
            "keepers": {
              "force": "9cb8353d-8577-a72e-dd40-cb953e9c3eb0"
            },
            "prefix": null
          },
          "private": "bnVsbA=="
        },
        {
          "index_key": 701,
          "schema_version": 0,
          "attributes": {
            "b64": "UVqU",
            "b64_std": "UVqU",
            "b64_url": "UVqU",
            "byte_length": 3,
            "dec": "5331604",
            "hex": "515a94",
            "id": "UVqU",
            "keepers": {
              "force": "39627862-974a-3075-8412-fd56c18b5b9a"
            },
            "prefix": null
          },
          "private": "bnVsbA=="
        },
        {
          "index_key": 702,
          "schema_version": 0,
          "attributes": {
            "b64": "VtJG",
            "b64_std": "VtJG",
            "b64_url": "VtJG",
            "byte_length": 3,
            "dec": "5689926",
            "hex": "56d246",
            "id": "VtJG",
            "keepers": {
              "force": "4a1e6411-8d1b-cb1c-89e4-2c5210e569f5"
            },
            "prefix": null
          },
          "private": "bnVsbA=="
        },
        {
          "index_key": 703,
          "schema_version": 0,
          "attributes": {
            "b64": "O6Mz",
            "b64_std": "O6Mz",
            "b64_url": "O6Mz",
            "byte_length": 3,
            "dec": "3908403",
            "hex": "3ba333",
            "id": "O6Mz",
            "keepers": {
              "force": "130d5391-d440-a0da-277a-eeea36b85783"
            },
            "prefix": null
          },
          "private": "bnVsbA=="
        },
        {
          "index_key": 704,
          "schema_version": 0,
          "attributes": {
            "b64": "AohH",
            "b64_std": "AohH",
            "b64_url": "AohH",
            "byte_length": 3,
            "dec": "165959",
            "hex": "028847",
            "id": "AohH",
            "keepers": {
              "force": "28ba1580-36d7-49c7-248d-8e8ebfe02da7"
            },
            "prefix": null
          },
          "private": "bnVsbA=="
        },
        {
          "index_key": 705,
          "schema_version": 0,
          "attributes": {
            "b64": "kOZo",
            "b64_std": "kOZo",
            "b64_url": "kOZo",
            "byte_length": 3,
            "dec": "9496168",
            "hex": "90e668",
            "id": "kOZo",
            "keepers": {
              "force": "bfd8df03-617c-d58c-f86f-dd44be57655e"
            },
            "prefix": null
          },
          "private": "bnVsbA=="
        },
        {
          "index_key": 706,
          "schema_version": 0,
          "attributes": {
            "b64": "YucQ",
            "b64_std": "YucQ",
            "b64_url": "YucQ",
            "byte_length": 3,
            "dec": "6481680",
            "hex": "62e710",
            "id": "YucQ",
            "keepers": {
              "force": "eaa183a3-06b5-ffc4-b07a-06f297f5ed10"
            },
            "prefix": null
          },
          "private": "bnVsbA=="
        },
        {
          "index_key": 707,
          "schema_version": 0,
          "attributes": {
            "b64": "Aoxf",
            "b64_std": "Aoxf",
            "b64_url": "Aoxf",
            "byte_length": 3,
            "dec": "167007",
            "hex": "028c5f",
            "id": "Aoxf",
            "keepers": {
              "force": "9819f39e-bfb4-10a2-c426-5c361ae4e592"
            },
            "prefix": null
          },
          "private": "bnVsbA=="
        },
        {
          "index_key": 708,
          "schema_version": 0,
          "attributes": {
            "b64": "EACb",
            "b64_std": "EACb",
            "b64_url": "EACb",
            "byte_length": 3,
            "dec": "1048731",
            "hex": "10009b",
            "id": "EACb",
            "keepers": {
              "force": "a941b32c-4adf-bb00-bf90-2ddfa0bec559"
            },
            "prefix": null
          },
          "private": "bnVsbA=="
        },
        {
          "index_key": 709,
          "schema_version": 0,
          "attributes": {
            "b64": "Vxq5",
            "b64_std": "Vxq5",
            "b64_url": "Vxq5",
            "byte_length": 3,
            "dec": "5708473",
            "hex": "571ab9",
            "id": "Vxq5",
            "keepers": {
              "force": "e0643398-d8fa-c1aa-d546-6e643f75b730"
            },
            "prefix": null
          },
          "private": "bnVsbA=="
        },
        {
          "index_key": 710,
          "schema_version": 0,
          "attributes": {
            "b64": "fIzn",
            "b64_std": "fIzn",
            "b64_url": "fIzn",
            "byte_length": 3,
            "dec": "8162535",
            "hex": "7c8ce7",
            "id": "fIzn",
            "keepers": {
              "force": "66c09c93-0a69-fd97-d40a-ca87432f9e0a"
            },
            "prefix": null
          },
          "private": "bnVsbA=="
        },
        {
          "index_key": 711,
          "schema_version": 0,
          "attributes": {
            "b64": "oVsv",
            "b64_std": "oVsv",
            "b64_url": "oVsv",
            "byte_length": 3,
            "dec": "10574639",
            "hex": "a15b2f",
            "id": "oVsv",
            "keepers": {
              "force": "81441679-2fd4-7c34-f822-5c68d9958268"
            },
            "prefix": null
          },
          "private": "bnVsbA=="
        },
        {
          "index_key": 712,
          "schema_version": 0,
          "attributes": {
            "b64": "SZyv",
            "b64_std": "SZyv",
            "b64_url": "SZyv",
            "byte_length": 3,
            "dec": "4824239",
            "hex": "499caf",
            "id": "SZyv",
            "keepers": {
              "force": "9da811c2-f62b-b14a-3170-380fb07f428c"
            },
            "prefix": null
          },
          "private": "bnVsbA=="
        },
        {
          "index_key": 713,
          "schema_version": 0,
          "attributes": {
            "b64": "UlWa",
            "b64_std": "UlWa",
            "b64_url": "UlWa",
            "byte_length": 3,
            "dec": "5395866",
            "hex": "52559a",
            "id": "UlWa",
            "keepers": {
              "force": "c8f960f6-3412-ad00-7074-ab24f9b08c21"
            },
            "prefix": null
          },
          "private": "bnVsbA=="
        },
        {
          "index_key": 714,
          "schema_version": 0,
          "attributes": {
            "b64": "vqBH",
            "b64_std": "vqBH",
            "b64_url": "vqBH",
            "byte_length": 3,
            "dec": "12492871",
            "hex": "bea047",
            "id": "vqBH",
            "keepers": {
              "force": "cee424e6-9217-dc73-5f13-12b39a1d022f"
            },
            "prefix": null
          },
          "private": "bnVsbA=="
        },
        {
          "index_key": 715,
          "schema_version": 0,
          "attributes": {
            "b64": "izw8",
            "b64_std": "izw8",
            "b64_url": "izw8",
            "byte_length": 3,
            "dec": "9124924",
            "hex": "8b3c3c",
            "id": "izw8",
            "keepers": {
              "force": "9a89e31c-ef9f-6aef-0cad-d7bad997ac1c"
            },
            "prefix": null
          },
          "private": "bnVsbA=="
        },
        {
          "index_key": 716,
          "schema_version": 0,
          "attributes": {
            "b64": "2SAO",
            "b64_std": "2SAO",
            "b64_url": "2SAO",
            "byte_length": 3,
            "dec": "14229518",
            "hex": "d9200e",
            "id": "2SAO",
            "keepers": {
              "force": "b3176f0d-93e7-5a6a-bb10-9847afee7cd6"
            },
            "prefix": null
          },
          "private": "bnVsbA=="
        },
        {
          "index_key": 717,
          "schema_version": 0,
          "attributes": {
            "b64": "6-Px",
            "b64_std": "6+Px",
            "b64_url": "6-Px",
            "byte_length": 3,
            "dec": "15459313",
            "hex": "ebe3f1",
            "id": "6-Px",
            "keepers": {
              "force": "8ede3bcd-13b0-fd7f-3c27-1251f44715cd"
            },
            "prefix": null
          },
          "private": "bnVsbA=="
        },
        {
          "index_key": 718,
          "schema_version": 0,
          "attributes": {
            "b64": "g6yW",
            "b64_std": "g6yW",
            "b64_url": "g6yW",
            "byte_length": 3,
            "dec": "8629398",
            "hex": "83ac96",
            "id": "g6yW",
            "keepers": {
              "force": "be00aeba-c790-b67d-d7a6-c4c116f638bb"
            },
            "prefix": null
          },
          "private": "bnVsbA=="
        },
        {
          "index_key": 719,
          "schema_version": 0,
          "attributes": {
            "b64": "9s5i",
            "b64_std": "9s5i",
            "b64_url": "9s5i",
            "byte_length": 3,
            "dec": "16174690",
            "hex": "f6ce62",
            "id": "9s5i",
            "keepers": {
              "force": "20e9ca1a-ddef-fd25-aea6-29586c50ea74"
            },
            "prefix": null
          },
          "private": "bnVsbA=="
        },
        {
          "index_key": 720,
          "schema_version": 0,
          "attributes": {
            "b64": "77yY",
            "b64_std": "77yY",
            "b64_url": "77yY",
            "byte_length": 3,
            "dec": "15711384",
            "hex": "efbc98",
            "id": "77yY",
            "keepers": {
              "force": "4bc1a8c2-b580-4edc-9f25-7e704eb32a05"
            },
            "prefix": null
          },
          "private": "bnVsbA=="
        },
        {
          "index_key": 721,
          "schema_version": 0,
          "attributes": {
            "b64": "l7KO",
            "b64_std": "l7KO",
            "b64_url": "l7KO",
            "byte_length": 3,
            "dec": "9941646",
            "hex": "97b28e",
            "id": "l7KO",
            "keepers": {
              "force": "c0cfe79b-e705-eb90-31b7-9f20440a5612"
            },
            "prefix": null
          },
          "private": "bnVsbA=="
        },
        {
          "index_key": 722,
          "schema_version": 0,
          "attributes": {
            "b64": "_Hkl",
            "b64_std": "/Hkl",
            "b64_url": "_Hkl",
            "byte_length": 3,
            "dec": "16546085",
            "hex": "fc7925",
            "id": "_Hkl",
            "keepers": {
              "force": "0a66ad61-dc45-8772-7f94-9227f20f8f4e"
            },
            "prefix": null
          },
          "private": "bnVsbA=="
        },
        {
          "index_key": 723,
          "schema_version": 0,
          "attributes": {
            "b64": "VA0x",
            "b64_std": "VA0x",
            "b64_url": "VA0x",
            "byte_length": 3,
            "dec": "5508401",
            "hex": "540d31",
            "id": "VA0x",
            "keepers": {
              "force": "7bf1b265-a173-7dfa-33c8-0054605b545f"
            },
            "prefix": null
          },
          "private": "bnVsbA=="
        },
        {
          "index_key": 724,
          "schema_version": 0,
          "attributes": {
            "b64": "cU0B",
            "b64_std": "cU0B",
            "b64_url": "cU0B",
            "byte_length": 3,
            "dec": "7425281",
            "hex": "714d01",
            "id": "cU0B",
            "keepers": {
              "force": "6f37761f-3864-fa10-2beb-03335d549cc7"
            },
            "prefix": null
          },
          "private": "bnVsbA=="
        },
        {
          "index_key": 725,
          "schema_version": 0,
          "attributes": {
            "b64": "Px-5",
            "b64_std": "Px+5",
            "b64_url": "Px-5",
            "byte_length": 3,
            "dec": "4136889",
            "hex": "3f1fb9",
            "id": "Px-5",
            "keepers": {
              "force": "662b79c7-259d-8186-3d09-7cd3ce721f8f"
            },
            "prefix": null
          },
          "private": "bnVsbA=="
        },
        {
          "index_key": 726,
          "schema_version": 0,
          "attributes": {
            "b64": "WfJc",
            "b64_std": "WfJc",
            "b64_url": "WfJc",
            "byte_length": 3,
            "dec": "5894748",
            "hex": "59f25c",
            "id": "WfJc",
            "keepers": {
              "force": "9ba926a1-964f-0154-b221-7f87711e6598"
            },
            "prefix": null
          },
          "private": "bnVsbA=="
        },
        {
          "index_key": 727,
          "schema_version": 0,
          "attributes": {
            "b64": "oCGa",
            "b64_std": "oCGa",
            "b64_url": "oCGa",
            "byte_length": 3,
            "dec": "10494362",
            "hex": "a0219a",
            "id": "oCGa",
            "keepers": {
              "force": "ee6b7bb7-6909-7afc-928d-ce7bcfe2b95b"
            },
            "prefix": null
          },
          "private": "bnVsbA=="
        },
        {
          "index_key": 728,
          "schema_version": 0,
          "attributes": {
            "b64": "pVhu",
            "b64_std": "pVhu",
            "b64_url": "pVhu",
            "byte_length": 3,
            "dec": "10836078",
            "hex": "a5586e",
            "id": "pVhu",
            "keepers": {
              "force": "04aca01d-af91-fc30-a0ea-ea9ab95ca455"
            },
            "prefix": null
          },
          "private": "bnVsbA=="
        },
        {
          "index_key": 729,
          "schema_version": 0,
          "attributes": {
            "b64": "ei3-",
            "b64_std": "ei3+",
            "b64_url": "ei3-",
            "byte_length": 3,
            "dec": "8007166",
            "hex": "7a2dfe",
            "id": "ei3-",
            "keepers": {
              "force": "349383fe-d894-1ea4-12e3-8a65d7e27c95"
            },
            "prefix": null
          },
          "private": "bnVsbA=="
        },
        {
          "index_key": 730,
          "schema_version": 0,
          "attributes": {
            "b64": "-M-x",
            "b64_std": "+M+x",
            "b64_url": "-M-x",
            "byte_length": 3,
            "dec": "16306097",
            "hex": "f8cfb1",
            "id": "-M-x",
            "keepers": {
              "force": "e5a2cbd1-e182-e36e-9523-6a77620dc418"
            },
            "prefix": null
          },
          "private": "bnVsbA=="
        },
        {
          "index_key": 731,
          "schema_version": 0,
          "attributes": {
            "b64": "alNg",
            "b64_std": "alNg",
            "b64_url": "alNg",
            "byte_length": 3,
            "dec": "6968160",
            "hex": "6a5360",
            "id": "alNg",
            "keepers": {
              "force": "3796b6cd-b417-9187-676f-49d2a019b846"
            },
            "prefix": null
          },
          "private": "bnVsbA=="
        },
        {
          "index_key": 732,
          "schema_version": 0,
          "attributes": {
            "b64": "b8cn",
            "b64_std": "b8cn",
            "b64_url": "b8cn",
            "byte_length": 3,
            "dec": "7325479",
            "hex": "6fc727",
            "id": "b8cn",
            "keepers": {
              "force": "6020ecf4-d6ff-c616-b68e-acd82210210d"
            },
            "prefix": null
          },
          "private": "bnVsbA=="
        },
        {
          "index_key": 733,
          "schema_version": 0,
          "attributes": {
            "b64": "vO6j",
            "b64_std": "vO6j",
            "b64_url": "vO6j",
            "byte_length": 3,
            "dec": "12381859",
            "hex": "bceea3",
            "id": "vO6j",
            "keepers": {
              "force": "9d0b1f65-b1ef-26ea-bf96-a3e9c100212b"
            },
            "prefix": null
          },
          "private": "bnVsbA=="
        },
        {
          "index_key": 734,
          "schema_version": 0,
          "attributes": {
            "b64": "1uS6",
            "b64_std": "1uS6",
            "b64_url": "1uS6",
            "byte_length": 3,
            "dec": "14083258",
            "hex": "d6e4ba",
            "id": "1uS6",
            "keepers": {
              "force": "372589fd-17dc-6a98-d45b-a7db9691420c"
            },
            "prefix": null
          },
          "private": "bnVsbA=="
        },
        {
          "index_key": 735,
          "schema_version": 0,
          "attributes": {
            "b64": "Midv",
            "b64_std": "Midv",
            "b64_url": "Midv",
            "byte_length": 3,
            "dec": "3286895",
            "hex": "32276f",
            "id": "Midv",
            "keepers": {
              "force": "2e97e098-51b0-7f0c-5cfd-b269d78e4d55"
            },
            "prefix": null
          },
          "private": "bnVsbA=="
        },
        {
          "index_key": 736,
          "schema_version": 0,
          "attributes": {
            "b64": "2dYF",
            "b64_std": "2dYF",
            "b64_url": "2dYF",
            "byte_length": 3,
            "dec": "14276101",
            "hex": "d9d605",
            "id": "2dYF",
            "keepers": {
              "force": "bf7f256f-bf0d-947d-5e16-9a987546c41f"
            },
            "prefix": null
          },
          "private": "bnVsbA=="
        },
        {
          "index_key": 737,
          "schema_version": 0,
          "attributes": {
            "b64": "MhfV",
            "b64_std": "MhfV",
            "b64_url": "MhfV",
            "byte_length": 3,
            "dec": "3282901",
            "hex": "3217d5",
            "id": "MhfV",
            "keepers": {
              "force": "eaea649d-d32b-7137-a6df-7531b1b1aa80"
            },
            "prefix": null
          },
          "private": "bnVsbA=="
        },
        {
          "index_key": 738,
          "schema_version": 0,
          "attributes": {
            "b64": "GCbf",
            "b64_std": "GCbf",
            "b64_url": "GCbf",
            "byte_length": 3,
            "dec": "1582815",
            "hex": "1826df",
            "id": "GCbf",
            "keepers": {
              "force": "d0df213f-d838-1a3f-90d2-ad4c1b167177"
            },
            "prefix": null
          },
          "private": "bnVsbA=="
        },
        {
          "index_key": 739,
          "schema_version": 0,
          "attributes": {
            "b64": "pyiW",
            "b64_std": "pyiW",
            "b64_url": "pyiW",
            "byte_length": 3,
            "dec": "10954902",
            "hex": "a72896",
            "id": "pyiW",
            "keepers": {
              "force": "ed794281-3eca-acab-501a-da471b932e74"
            },
            "prefix": null
          },
          "private": "bnVsbA=="
        },
        {
          "index_key": 740,
          "schema_version": 0,
          "attributes": {
            "b64": "e-a5",
            "b64_std": "e+a5",
            "b64_url": "e-a5",
            "byte_length": 3,
            "dec": "8119993",
            "hex": "7be6b9",
            "id": "e-a5",
            "keepers": {
              "force": "4edc9537-becc-3e23-2377-bc2db8c8d2a1"
            },
            "prefix": null
          },
          "private": "bnVsbA=="
        },
        {
          "index_key": 741,
          "schema_version": 0,
          "attributes": {
            "b64": "7s7y",
            "b64_std": "7s7y",
            "b64_url": "7s7y",
            "byte_length": 3,
            "dec": "15650546",
            "hex": "eecef2",
            "id": "7s7y",
            "keepers": {
              "force": "8fb14988-c069-352d-0ecb-28b51d953490"
            },
            "prefix": null
          },
          "private": "bnVsbA=="
        },
        {
          "index_key": 742,
          "schema_version": 0,
          "attributes": {
            "b64": "-QXi",
            "b64_std": "+QXi",
            "b64_url": "-QXi",
            "byte_length": 3,
            "dec": "16319970",
            "hex": "f905e2",
            "id": "-QXi",
            "keepers": {
              "force": "6ed1bb0c-6474-5ce0-b92f-71756b004bdd"
            },
            "prefix": null
          },
          "private": "bnVsbA=="
        },
        {
          "index_key": 743,
          "schema_version": 0,
          "attributes": {
            "b64": "U6Ju",
            "b64_std": "U6Ju",
            "b64_url": "U6Ju",
            "byte_length": 3,
            "dec": "5481070",
            "hex": "53a26e",
            "id": "U6Ju",
            "keepers": {
              "force": "0363e408-1f0c-4d74-0603-6affecfa5ee8"
            },
            "prefix": null
          },
          "private": "bnVsbA=="
        },
        {
          "index_key": 744,
          "schema_version": 0,
          "attributes": {
            "b64": "w1cA",
            "b64_std": "w1cA",
            "b64_url": "w1cA",
            "byte_length": 3,
            "dec": "12801792",
            "hex": "c35700",
            "id": "w1cA",
            "keepers": {
              "force": "64327dc5-66a4-10b9-a43e-55382d28da43"
            },
            "prefix": null
          },
          "private": "bnVsbA=="
        },
        {
          "index_key": 745,
          "schema_version": 0,
          "attributes": {
            "b64": "QzQo",
            "b64_std": "QzQo",
            "b64_url": "QzQo",
            "byte_length": 3,
            "dec": "4404264",
            "hex": "433428",
            "id": "QzQo",
            "keepers": {
              "force": "15628801-d1f1-4f03-85ab-2c6dd6385d9e"
            },
            "prefix": null
          },
          "private": "bnVsbA=="
        },
        {
          "index_key": 746,
          "schema_version": 0,
          "attributes": {
            "b64": "VpLP",
            "b64_std": "VpLP",
            "b64_url": "VpLP",
            "byte_length": 3,
            "dec": "5673679",
            "hex": "5692cf",
            "id": "VpLP",
            "keepers": {
              "force": "831ea51c-b032-eebe-b069-cf38c826f1e8"
            },
            "prefix": null
          },
          "private": "bnVsbA=="
        },
        {
          "index_key": 747,
          "schema_version": 0,
          "attributes": {
            "b64": "hU9Y",
            "b64_std": "hU9Y",
            "b64_url": "hU9Y",
            "byte_length": 3,
            "dec": "8736600",
            "hex": "854f58",
            "id": "hU9Y",
            "keepers": {
              "force": "38b66558-9a52-fe04-2280-133479a1f1c7"
            },
            "prefix": null
          },
          "private": "bnVsbA=="
        },
        {
          "index_key": 748,
          "schema_version": 0,
          "attributes": {
            "b64": "14nJ",
            "b64_std": "14nJ",
            "b64_url": "14nJ",
            "byte_length": 3,
            "dec": "14125513",
            "hex": "d789c9",
            "id": "14nJ",
            "keepers": {
              "force": "b7112774-b9c1-ef6b-6fc5-caaf5a629926"
            },
            "prefix": null
          },
          "private": "bnVsbA=="
        },
        {
          "index_key": 749,
          "schema_version": 0,
          "attributes": {
            "b64": "eKI0",
            "b64_std": "eKI0",
            "b64_url": "eKI0",
            "byte_length": 3,
            "dec": "7905844",
            "hex": "78a234",
            "id": "eKI0",
            "keepers": {
              "force": "a72034cb-f4dc-4292-425e-a9e7b4dc4707"
            },
            "prefix": null
          },
          "private": "bnVsbA=="
        },
        {
          "index_key": 750,
          "schema_version": 0,
          "attributes": {
            "b64": "z1gf",
            "b64_std": "z1gf",
            "b64_url": "z1gf",
            "byte_length": 3,
            "dec": "13588511",
            "hex": "cf581f",
            "id": "z1gf",
            "keepers": {
              "force": "41ac0445-6ce7-3547-999d-ed48d90f3e9b"
            },
            "prefix": null
          },
          "private": "bnVsbA=="
        },
        {
          "index_key": 751,
          "schema_version": 0,
          "attributes": {
            "b64": "ROkS",
            "b64_std": "ROkS",
            "b64_url": "ROkS",
            "byte_length": 3,
            "dec": "4516114",
            "hex": "44e912",
            "id": "ROkS",
            "keepers": {
              "force": "30e48bd4-820f-8528-9af6-8c3a64b050ac"
            },
            "prefix": null
          },
          "private": "bnVsbA=="
        },
        {
          "index_key": 752,
          "schema_version": 0,
          "attributes": {
            "b64": "02ek",
            "b64_std": "02ek",
            "b64_url": "02ek",
            "byte_length": 3,
            "dec": "13854628",
            "hex": "d367a4",
            "id": "02ek",
            "keepers": {
              "force": "08fd004b-6cc5-e15c-3a4b-015bc748a106"
            },
            "prefix": null
          },
          "private": "bnVsbA=="
        },
        {
          "index_key": 753,
          "schema_version": 0,
          "attributes": {
            "b64": "VAAO",
            "b64_std": "VAAO",
            "b64_url": "VAAO",
            "byte_length": 3,
            "dec": "5505038",
            "hex": "54000e",
            "id": "VAAO",
            "keepers": {
              "force": "c4bd9174-db9b-b76e-a36c-66370a68b27b"
            },
            "prefix": null
          },
          "private": "bnVsbA=="
        },
        {
          "index_key": 754,
          "schema_version": 0,
          "attributes": {
            "b64": "KzkW",
            "b64_std": "KzkW",
            "b64_url": "KzkW",
            "byte_length": 3,
            "dec": "2832662",
            "hex": "2b3916",
            "id": "KzkW",
            "keepers": {
              "force": "f2b9c12b-314b-2fcf-371e-5bdc07d1e1e2"
            },
            "prefix": null
          },
          "private": "bnVsbA=="
        },
        {
          "index_key": 755,
          "schema_version": 0,
          "attributes": {
            "b64": "_4UX",
            "b64_std": "/4UX",
            "b64_url": "_4UX",
            "byte_length": 3,
            "dec": "16745751",
            "hex": "ff8517",
            "id": "_4UX",
            "keepers": {
              "force": "0640c862-9038-0d26-7486-52025a16c054"
            },
            "prefix": null
          },
          "private": "bnVsbA=="
        },
        {
          "index_key": 756,
          "schema_version": 0,
          "attributes": {
            "b64": "VOia",
            "b64_std": "VOia",
            "b64_url": "VOia",
            "byte_length": 3,
            "dec": "5564570",
            "hex": "54e89a",
            "id": "VOia",
            "keepers": {
              "force": "3d8766af-b9a9-63b5-2e9f-e54239f1a4fc"
            },
            "prefix": null
          },
          "private": "bnVsbA=="
        },
        {
          "index_key": 757,
          "schema_version": 0,
          "attributes": {
            "b64": "x8mF",
            "b64_std": "x8mF",
            "b64_url": "x8mF",
            "byte_length": 3,
            "dec": "13093253",
            "hex": "c7c985",
            "id": "x8mF",
            "keepers": {
              "force": "27df9767-2c1b-f263-a9ad-7a68522ad73a"
            },
            "prefix": null
          },
          "private": "bnVsbA=="
        },
        {
          "index_key": 758,
          "schema_version": 0,
          "attributes": {
            "b64": "UTYn",
            "b64_std": "UTYn",
            "b64_url": "UTYn",
            "byte_length": 3,
            "dec": "5322279",
            "hex": "513627",
            "id": "UTYn",
            "keepers": {
              "force": "c39d241f-19e4-1ad3-24e0-c57b7152a001"
            },
            "prefix": null
          },
          "private": "bnVsbA=="
        },
        {
          "index_key": 759,
          "schema_version": 0,
          "attributes": {
            "b64": "BhgB",
            "b64_std": "BhgB",
            "b64_url": "BhgB",
            "byte_length": 3,
            "dec": "399361",
            "hex": "061801",
            "id": "BhgB",
            "keepers": {
              "force": "d0d8bf18-3bf3-f984-9444-631f4db28a09"
            },
            "prefix": null
          },
          "private": "bnVsbA=="
        },
        {
          "index_key": 760,
          "schema_version": 0,
          "attributes": {
            "b64": "dhn6",
            "b64_std": "dhn6",
            "b64_url": "dhn6",
            "byte_length": 3,
            "dec": "7739898",
            "hex": "7619fa",
            "id": "dhn6",
            "keepers": {
              "force": "6e6a20ee-e90f-1b69-ccbd-8ad6e3aefb73"
            },
            "prefix": null
          },
          "private": "bnVsbA=="
        },
        {
          "index_key": 761,
          "schema_version": 0,
          "attributes": {
            "b64": "6KOl",
            "b64_std": "6KOl",
            "b64_url": "6KOl",
            "byte_length": 3,
            "dec": "15246245",
            "hex": "e8a3a5",
            "id": "6KOl",
            "keepers": {
              "force": "683666b4-8a85-195e-a1b8-ec8439345afd"
            },
            "prefix": null
          },
          "private": "bnVsbA=="
        },
        {
          "index_key": 762,
          "schema_version": 0,
          "attributes": {
            "b64": "1nnm",
            "b64_std": "1nnm",
            "b64_url": "1nnm",
            "byte_length": 3,
            "dec": "14055910",
            "hex": "d679e6",
            "id": "1nnm",
            "keepers": {
              "force": "699406be-25f2-0117-ee3c-f8aa72cf1d70"
            },
            "prefix": null
          },
          "private": "bnVsbA=="
        },
        {
          "index_key": 763,
          "schema_version": 0,
          "attributes": {
            "b64": "QWKh",
            "b64_std": "QWKh",
            "b64_url": "QWKh",
            "byte_length": 3,
            "dec": "4285089",
            "hex": "4162a1",
            "id": "QWKh",
            "keepers": {
              "force": "c94cb63e-9afd-64d9-f132-457e90e8c60e"
            },
            "prefix": null
          },
          "private": "bnVsbA=="
        },
        {
          "index_key": 764,
          "schema_version": 0,
          "attributes": {
            "b64": "ovbE",
            "b64_std": "ovbE",
            "b64_url": "ovbE",
            "byte_length": 3,
            "dec": "10680004",
            "hex": "a2f6c4",
            "id": "ovbE",
            "keepers": {
              "force": "c6497466-07ae-ef5f-cd92-260a5ad8a8be"
            },
            "prefix": null
          },
          "private": "bnVsbA=="
        },
        {
          "index_key": 765,
          "schema_version": 0,
          "attributes": {
            "b64": "wUE5",
            "b64_std": "wUE5",
            "b64_url": "wUE5",
            "byte_length": 3,
            "dec": "12665145",
            "hex": "c14139",
            "id": "wUE5",
            "keepers": {
              "force": "5c20d3f9-2e47-99d0-76f5-da06b4860a8c"
            },
            "prefix": null
          },
          "private": "bnVsbA=="
        },
        {
          "index_key": 766,
          "schema_version": 0,
          "attributes": {
            "b64": "FyON",
            "b64_std": "FyON",
            "b64_url": "FyON",
            "byte_length": 3,
            "dec": "1516429",
            "hex": "17238d",
            "id": "FyON",
            "keepers": {
              "force": "d32f39ad-e6d6-c9e5-4d4e-d7be21ce2789"
            },
            "prefix": null
          },
          "private": "bnVsbA=="
        },
        {
          "index_key": 767,
          "schema_version": 0,
          "attributes": {
            "b64": "dQzm",
            "b64_std": "dQzm",
            "b64_url": "dQzm",
            "byte_length": 3,
            "dec": "7671014",
            "hex": "750ce6",
            "id": "dQzm",
            "keepers": {
              "force": "e03bc749-1cd3-8272-d896-31ab30bccc33"
            },
            "prefix": null
          },
          "private": "bnVsbA=="
        },
        {
          "index_key": 768,
          "schema_version": 0,
          "attributes": {
            "b64": "fJ1F",
            "b64_std": "fJ1F",
            "b64_url": "fJ1F",
            "byte_length": 3,
            "dec": "8166725",
            "hex": "7c9d45",
            "id": "fJ1F",
            "keepers": {
              "force": "c92a9cde-0ade-1a5e-fb49-ed883065a9af"
            },
            "prefix": null
          },
          "private": "bnVsbA=="
        },
        {
          "index_key": 769,
          "schema_version": 0,
          "attributes": {
            "b64": "CZ0n",
            "b64_std": "CZ0n",
            "b64_url": "CZ0n",
            "byte_length": 3,
            "dec": "630055",
            "hex": "099d27",
            "id": "CZ0n",
            "keepers": {
              "force": "bfa67919-ccb6-ba44-08b3-3eed31d9a636"
            },
            "prefix": null
          },
          "private": "bnVsbA=="
        },
        {
          "index_key": 770,
          "schema_version": 0,
          "attributes": {
            "b64": "nNqH",
            "b64_std": "nNqH",
            "b64_url": "nNqH",
            "byte_length": 3,
            "dec": "10279559",
            "hex": "9cda87",
            "id": "nNqH",
            "keepers": {
              "force": "9fb4ec7f-cab7-ce67-e45b-a7d41617c24d"
            },
            "prefix": null
          },
          "private": "bnVsbA=="
        },
        {
          "index_key": 771,
          "schema_version": 0,
          "attributes": {
            "b64": "wy6I",
            "b64_std": "wy6I",
            "b64_url": "wy6I",
            "byte_length": 3,
            "dec": "12791432",
            "hex": "c32e88",
            "id": "wy6I",
            "keepers": {
              "force": "fe95c1a3-fd92-d9a9-f0b5-bea2b53460ff"
            },
            "prefix": null
          },
          "private": "bnVsbA=="
        },
        {
          "index_key": 772,
          "schema_version": 0,
          "attributes": {
            "b64": "hnXf",
            "b64_std": "hnXf",
            "b64_url": "hnXf",
            "byte_length": 3,
            "dec": "8811999",
            "hex": "8675df",
            "id": "hnXf",
            "keepers": {
              "force": "97850aad-5526-027c-05ec-dce716f3346b"
            },
            "prefix": null
          },
          "private": "bnVsbA=="
        },
        {
          "index_key": 773,
          "schema_version": 0,
          "attributes": {
            "b64": "jFdc",
            "b64_std": "jFdc",
            "b64_url": "jFdc",
            "byte_length": 3,
            "dec": "9197404",
            "hex": "8c575c",
            "id": "jFdc",
            "keepers": {
              "force": "e2761a68-000b-0588-90f4-6c0d6b3bd14e"
            },
            "prefix": null
          },
          "private": "bnVsbA=="
        },
        {
          "index_key": 774,
          "schema_version": 0,
          "attributes": {
            "b64": "xPGL",
            "b64_std": "xPGL",
            "b64_url": "xPGL",
            "byte_length": 3,
            "dec": "12906891",
            "hex": "c4f18b",
            "id": "xPGL",
            "keepers": {
              "force": "4cb771f8-ce0b-2077-eaea-de30a18566f3"
            },
            "prefix": null
          },
          "private": "bnVsbA=="
        },
        {
          "index_key": 775,
          "schema_version": 0,
          "attributes": {
            "b64": "2GsJ",
            "b64_std": "2GsJ",
            "b64_url": "2GsJ",
            "byte_length": 3,
            "dec": "14183177",
            "hex": "d86b09",
            "id": "2GsJ",
            "keepers": {
              "force": "b5ed36bc-b70f-24f9-8346-0ce8699b2339"
            },
            "prefix": null
          },
          "private": "bnVsbA=="
        },
        {
          "index_key": 776,
          "schema_version": 0,
          "attributes": {
            "b64": "SmcC",
            "b64_std": "SmcC",
            "b64_url": "SmcC",
            "byte_length": 3,
            "dec": "4876034",
            "hex": "4a6702",
            "id": "SmcC",
            "keepers": {
              "force": "8e558eee-467f-c115-a0b2-a6d5f1209422"
            },
            "prefix": null
          },
          "private": "bnVsbA=="
        },
        {
          "index_key": 777,
          "schema_version": 0,
          "attributes": {
            "b64": "zp5X",
            "b64_std": "zp5X",
            "b64_url": "zp5X",
            "byte_length": 3,
            "dec": "13540951",
            "hex": "ce9e57",
            "id": "zp5X",
            "keepers": {
              "force": "15400ee9-00fb-b8b9-0465-952629065216"
            },
            "prefix": null
          },
          "private": "bnVsbA=="
        },
        {
          "index_key": 778,
          "schema_version": 0,
          "attributes": {
            "b64": "4CpE",
            "b64_std": "4CpE",
            "b64_url": "4CpE",
            "byte_length": 3,
            "dec": "14690884",
            "hex": "e02a44",
            "id": "4CpE",
            "keepers": {
              "force": "89727f95-bb9d-c61c-bbf6-a62e53bf78c4"
            },
            "prefix": null
          },
          "private": "bnVsbA=="
        },
        {
          "index_key": 779,
          "schema_version": 0,
          "attributes": {
            "b64": "9oUG",
            "b64_std": "9oUG",
            "b64_url": "9oUG",
            "byte_length": 3,
            "dec": "16155910",
            "hex": "f68506",
            "id": "9oUG",
            "keepers": {
              "force": "61881ac5-1e9f-85a3-a678-1cc8b7a56013"
            },
            "prefix": null
          },
          "private": "bnVsbA=="
        },
        {
          "index_key": 780,
          "schema_version": 0,
          "attributes": {
            "b64": "A39P",
            "b64_std": "A39P",
            "b64_url": "A39P",
            "byte_length": 3,
            "dec": "229199",
            "hex": "037f4f",
            "id": "A39P",
            "keepers": {
              "force": "d99f2096-f891-8da3-7bbb-af9fe2555938"
            },
            "prefix": null
          },
          "private": "bnVsbA=="
        },
        {
          "index_key": 781,
          "schema_version": 0,
          "attributes": {
            "b64": "kzSw",
            "b64_std": "kzSw",
            "b64_url": "kzSw",
            "byte_length": 3,
            "dec": "9647280",
            "hex": "9334b0",
            "id": "kzSw",
            "keepers": {
              "force": "a05d8751-83d8-4a72-4a06-bc028faa01f6"
            },
            "prefix": null
          },
          "private": "bnVsbA=="
        },
        {
          "index_key": 782,
          "schema_version": 0,
          "attributes": {
            "b64": "787j",
            "b64_std": "787j",
            "b64_url": "787j",
            "byte_length": 3,
            "dec": "15716067",
            "hex": "efcee3",
            "id": "787j",
            "keepers": {
              "force": "9c970710-2596-945a-ae4d-93f9472d4b6d"
            },
            "prefix": null
          },
          "private": "bnVsbA=="
        },
        {
          "index_key": 783,
          "schema_version": 0,
          "attributes": {
            "b64": "HJ0N",
            "b64_std": "HJ0N",
            "b64_url": "HJ0N",
            "byte_length": 3,
            "dec": "1875213",
            "hex": "1c9d0d",
            "id": "HJ0N",
            "keepers": {
              "force": "efad716f-2a4c-2fbb-928c-5cf4f623b4d5"
            },
            "prefix": null
          },
          "private": "bnVsbA=="
        },
        {
          "index_key": 784,
          "schema_version": 0,
          "attributes": {
            "b64": "sB8J",
            "b64_std": "sB8J",
            "b64_url": "sB8J",
            "byte_length": 3,
            "dec": "11542281",
            "hex": "b01f09",
            "id": "sB8J",
            "keepers": {
              "force": "ebd5f1f6-1d12-b395-5b47-e2aa6c95bc1a"
            },
            "prefix": null
          },
          "private": "bnVsbA=="
        },
        {
          "index_key": 785,
          "schema_version": 0,
          "attributes": {
            "b64": "lLM9",
            "b64_std": "lLM9",
            "b64_url": "lLM9",
            "byte_length": 3,
            "dec": "9745213",
            "hex": "94b33d",
            "id": "lLM9",
            "keepers": {
              "force": "34bf0d05-3738-e0db-c754-fd94d13cefa8"
            },
            "prefix": null
          },
          "private": "bnVsbA=="
        },
        {
          "index_key": 786,
          "schema_version": 0,
          "attributes": {
            "b64": "3Y0S",
            "b64_std": "3Y0S",
            "b64_url": "3Y0S",
            "byte_length": 3,
            "dec": "14519570",
            "hex": "dd8d12",
            "id": "3Y0S",
            "keepers": {
              "force": "8fd479cf-834f-883a-83fc-1db59499e87d"
            },
            "prefix": null
          },
          "private": "bnVsbA=="
        },
        {
          "index_key": 787,
          "schema_version": 0,
          "attributes": {
            "b64": "igXy",
            "b64_std": "igXy",
            "b64_url": "igXy",
            "byte_length": 3,
            "dec": "9045490",
            "hex": "8a05f2",
            "id": "igXy",
            "keepers": {
              "force": "03e995a7-dc0b-4d04-b34c-144f4b97578c"
            },
            "prefix": null
          },
          "private": "bnVsbA=="
        },
        {
          "index_key": 788,
          "schema_version": 0,
          "attributes": {
            "b64": "6_II",
            "b64_std": "6/II",
            "b64_url": "6_II",
            "byte_length": 3,
            "dec": "15462920",
            "hex": "ebf208",
            "id": "6_II",
            "keepers": {
              "force": "792bb80e-e976-4ffb-d0e9-e4a32e66ea94"
            },
            "prefix": null
          },
          "private": "bnVsbA=="
        },
        {
          "index_key": 789,
          "schema_version": 0,
          "attributes": {
            "b64": "a_H6",
            "b64_std": "a/H6",
            "b64_url": "a_H6",
            "byte_length": 3,
            "dec": "7074298",
            "hex": "6bf1fa",
            "id": "a_H6",
            "keepers": {
              "force": "b369e2ee-02cc-95be-8848-8038e4914ed1"
            },
            "prefix": null
          },
          "private": "bnVsbA=="
        },
        {
          "index_key": 790,
          "schema_version": 0,
          "attributes": {
            "b64": "IwK3",
            "b64_std": "IwK3",
            "b64_url": "IwK3",
            "byte_length": 3,
            "dec": "2294455",
            "hex": "2302b7",
            "id": "IwK3",
            "keepers": {
              "force": "1923231f-8b09-8569-4c63-315b3729b796"
            },
            "prefix": null
          },
          "private": "bnVsbA=="
        },
        {
          "index_key": 791,
          "schema_version": 0,
          "attributes": {
            "b64": "6-d-",
            "b64_std": "6+d+",
            "b64_url": "6-d-",
            "byte_length": 3,
            "dec": "15460222",
            "hex": "ebe77e",
            "id": "6-d-",
            "keepers": {
              "force": "f9b665dc-aa7b-140c-8a9c-c71ce7c1d0e7"
            },
            "prefix": null
          },
          "private": "bnVsbA=="
        },
        {
          "index_key": 792,
          "schema_version": 0,
          "attributes": {
            "b64": "tGXN",
            "b64_std": "tGXN",
            "b64_url": "tGXN",
            "byte_length": 3,
            "dec": "11822541",
            "hex": "b465cd",
            "id": "tGXN",
            "keepers": {
              "force": "5dc6e4ec-75a6-0707-f0bb-0d9bfe5efcf4"
            },
            "prefix": null
          },
          "private": "bnVsbA=="
        },
        {
          "index_key": 793,
          "schema_version": 0,
          "attributes": {
            "b64": "LsB6",
            "b64_std": "LsB6",
            "b64_url": "LsB6",
            "byte_length": 3,
            "dec": "3063930",
            "hex": "2ec07a",
            "id": "LsB6",
            "keepers": {
              "force": "ade55ac4-546b-9835-9742-ecb5de8b3e81"
            },
            "prefix": null
          },
          "private": "bnVsbA=="
        },
        {
          "index_key": 794,
          "schema_version": 0,
          "attributes": {
            "b64": "URPb",
            "b64_std": "URPb",
            "b64_url": "URPb",
            "byte_length": 3,
            "dec": "5313499",
            "hex": "5113db",
            "id": "URPb",
            "keepers": {
              "force": "63f7c8dc-e3e7-9272-215d-f497354ba919"
            },
            "prefix": null
          },
          "private": "bnVsbA=="
        },
        {
          "index_key": 795,
          "schema_version": 0,
          "attributes": {
            "b64": "3CbP",
            "b64_std": "3CbP",
            "b64_url": "3CbP",
            "byte_length": 3,
            "dec": "14427855",
            "hex": "dc26cf",
            "id": "3CbP",
            "keepers": {
              "force": "05f2613f-7972-cdf8-6f7c-92cfda8d94b8"
            },
            "prefix": null
          },
          "private": "bnVsbA=="
        },
        {
          "index_key": 796,
          "schema_version": 0,
          "attributes": {
            "b64": "XtXU",
            "b64_std": "XtXU",
            "b64_url": "XtXU",
            "byte_length": 3,
            "dec": "6215124",
            "hex": "5ed5d4",
            "id": "XtXU",
            "keepers": {
              "force": "10b4af0c-9188-684d-e50d-a3fc98aa2813"
            },
            "prefix": null
          },
          "private": "bnVsbA=="
        },
        {
          "index_key": 797,
          "schema_version": 0,
          "attributes": {
            "b64": "5k_q",
            "b64_std": "5k/q",
            "b64_url": "5k_q",
            "byte_length": 3,
            "dec": "15093738",
            "hex": "e64fea",
            "id": "5k_q",
            "keepers": {
              "force": "fa457b72-464e-9b00-215e-5fb3d8d4e38e"
            },
            "prefix": null
          },
          "private": "bnVsbA=="
        },
        {
          "index_key": 798,
          "schema_version": 0,
          "attributes": {
            "b64": "mXqk",
            "b64_std": "mXqk",
            "b64_url": "mXqk",
            "byte_length": 3,
            "dec": "10058404",
            "hex": "997aa4",
            "id": "mXqk",
            "keepers": {
              "force": "d18f64d4-aaa2-f534-1b29-bf8265bee341"
            },
            "prefix": null
          },
          "private": "bnVsbA=="
        },
        {
          "index_key": 799,
          "schema_version": 0,
          "attributes": {
            "b64": "U7Xw",
            "b64_std": "U7Xw",
            "b64_url": "U7Xw",
            "byte_length": 3,
            "dec": "5486064",
            "hex": "53b5f0",
            "id": "U7Xw",
            "keepers": {
              "force": "3a06566b-c34a-b4b0-5d9e-3284fb72d36b"
            },
            "prefix": null
          },
          "private": "bnVsbA=="
        },
        {
          "index_key": 800,
          "schema_version": 0,
          "attributes": {
            "b64": "P0A6",
            "b64_std": "P0A6",
            "b64_url": "P0A6",
            "byte_length": 3,
            "dec": "4145210",
            "hex": "3f403a",
            "id": "P0A6",
            "keepers": {
              "force": "0a645bef-c864-f4ab-8dd2-52bd9ec7ce9a"
            },
            "prefix": null
          },
          "private": "bnVsbA=="
        },
        {
          "index_key": 801,
          "schema_version": 0,
          "attributes": {
            "b64": "rcBs",
            "b64_std": "rcBs",
            "b64_url": "rcBs",
            "byte_length": 3,
            "dec": "11386988",
            "hex": "adc06c",
            "id": "rcBs",
            "keepers": {
              "force": "6832ac72-09f9-a6d9-86ce-cea99e3b51dd"
            },
            "prefix": null
          },
          "private": "bnVsbA=="
        },
        {
          "index_key": 802,
          "schema_version": 0,
          "attributes": {
            "b64": "Tw6c",
            "b64_std": "Tw6c",
            "b64_url": "Tw6c",
            "byte_length": 3,
            "dec": "5181084",
            "hex": "4f0e9c",
            "id": "Tw6c",
            "keepers": {
              "force": "36220a80-2632-dd8b-d204-13f0025d2095"
            },
            "prefix": null
          },
          "private": "bnVsbA=="
        },
        {
          "index_key": 803,
          "schema_version": 0,
          "attributes": {
            "b64": "8BbF",
            "b64_std": "8BbF",
            "b64_url": "8BbF",
            "byte_length": 3,
            "dec": "15734469",
            "hex": "f016c5",
            "id": "8BbF",
            "keepers": {
              "force": "20cfc9c7-b273-8b1a-0bb6-673deefdd1a1"
            },
            "prefix": null
          },
          "private": "bnVsbA=="
        },
        {
          "index_key": 804,
          "schema_version": 0,
          "attributes": {
            "b64": "T-b-",
            "b64_std": "T+b+",
            "b64_url": "T-b-",
            "byte_length": 3,
            "dec": "5236478",
            "hex": "4fe6fe",
            "id": "T-b-",
            "keepers": {
              "force": "fc978197-61f8-88bb-2a27-08d908e0ad5f"
            },
            "prefix": null
          },
          "private": "bnVsbA=="
        },
        {
          "index_key": 805,
          "schema_version": 0,
          "attributes": {
            "b64": "sELh",
            "b64_std": "sELh",
            "b64_url": "sELh",
            "byte_length": 3,
            "dec": "11551457",
            "hex": "b042e1",
            "id": "sELh",
            "keepers": {
              "force": "04a1d5dc-ced4-aa42-1873-5d0c9ea53e39"
            },
            "prefix": null
          },
          "private": "bnVsbA=="
        },
        {
          "index_key": 806,
          "schema_version": 0,
          "attributes": {
            "b64": "jsML",
            "b64_std": "jsML",
            "b64_url": "jsML",
            "byte_length": 3,
            "dec": "9356043",
            "hex": "8ec30b",
            "id": "jsML",
            "keepers": {
              "force": "16c68e88-1b0c-1287-efcc-d299f96e55ff"
            },
            "prefix": null
          },
          "private": "bnVsbA=="
        },
        {
          "index_key": 807,
          "schema_version": 0,
          "attributes": {
            "b64": "M9Kp",
            "b64_std": "M9Kp",
            "b64_url": "M9Kp",
            "byte_length": 3,
            "dec": "3396265",
            "hex": "33d2a9",
            "id": "M9Kp",
            "keepers": {
              "force": "ca9ac34a-8403-19bf-a32f-c8f1c9c33515"
            },
            "prefix": null
          },
          "private": "bnVsbA=="
        },
        {
          "index_key": 808,
          "schema_version": 0,
          "attributes": {
            "b64": "NBiO",
            "b64_std": "NBiO",
            "b64_url": "NBiO",
            "byte_length": 3,
            "dec": "3414158",
            "hex": "34188e",
            "id": "NBiO",
            "keepers": {
              "force": "c92e21b3-2267-f1a7-7c58-a2e6971c5150"
            },
            "prefix": null
          },
          "private": "bnVsbA=="
        },
        {
          "index_key": 809,
          "schema_version": 0,
          "attributes": {
            "b64": "T6Dd",
            "b64_std": "T6Dd",
            "b64_url": "T6Dd",
            "byte_length": 3,
            "dec": "5218525",
            "hex": "4fa0dd",
            "id": "T6Dd",
            "keepers": {
              "force": "91f44972-d894-97ab-ed7d-da024ac3fa27"
            },
            "prefix": null
          },
          "private": "bnVsbA=="
        },
        {
          "index_key": 810,
          "schema_version": 0,
          "attributes": {
            "b64": "mbT8",
            "b64_std": "mbT8",
            "b64_url": "mbT8",
            "byte_length": 3,
            "dec": "10073340",
            "hex": "99b4fc",
            "id": "mbT8",
            "keepers": {
              "force": "25327b30-a815-11df-3850-b12c88838e0f"
            },
            "prefix": null
          },
          "private": "bnVsbA=="
        },
        {
          "index_key": 811,
          "schema_version": 0,
          "attributes": {
            "b64": "r92-",
            "b64_std": "r92+",
            "b64_url": "r92-",
            "byte_length": 3,
            "dec": "11525566",
            "hex": "afddbe",
            "id": "r92-",
            "keepers": {
              "force": "83936262-5101-af23-bea2-18c8d461f069"
            },
            "prefix": null
          },
          "private": "bnVsbA=="
        },
        {
          "index_key": 812,
          "schema_version": 0,
          "attributes": {
            "b64": "XAb_",
            "b64_std": "XAb/",
            "b64_url": "XAb_",
            "byte_length": 3,
            "dec": "6031103",
            "hex": "5c06ff",
            "id": "XAb_",
            "keepers": {
              "force": "aea1625e-c5f8-2022-67d4-d03b03eab999"
            },
            "prefix": null
          },
          "private": "bnVsbA=="
        },
        {
          "index_key": 813,
          "schema_version": 0,
          "attributes": {
            "b64": "zJKn",
            "b64_std": "zJKn",
            "b64_url": "zJKn",
            "byte_length": 3,
            "dec": "13406887",
            "hex": "cc92a7",
            "id": "zJKn",
            "keepers": {
              "force": "b1ebb42f-a0a7-c9d2-7c69-dae24502f0bf"
            },
            "prefix": null
          },
          "private": "bnVsbA=="
        },
        {
          "index_key": 814,
          "schema_version": 0,
          "attributes": {
            "b64": "b2Y4",
            "b64_std": "b2Y4",
            "b64_url": "b2Y4",
            "byte_length": 3,
            "dec": "7300664",
            "hex": "6f6638",
            "id": "b2Y4",
            "keepers": {
              "force": "9c87aa5e-459e-6e1f-1349-c21cfc9b15b2"
            },
            "prefix": null
          },
          "private": "bnVsbA=="
        },
        {
          "index_key": 815,
          "schema_version": 0,
          "attributes": {
            "b64": "Qi8e",
            "b64_std": "Qi8e",
            "b64_url": "Qi8e",
            "byte_length": 3,
            "dec": "4337438",
            "hex": "422f1e",
            "id": "Qi8e",
            "keepers": {
              "force": "7006c376-1dfb-1b4e-b5b1-fead0bc193ea"
            },
            "prefix": null
          },
          "private": "bnVsbA=="
        },
        {
          "index_key": 816,
          "schema_version": 0,
          "attributes": {
            "b64": "Riu1",
            "b64_std": "Riu1",
            "b64_url": "Riu1",
            "byte_length": 3,
            "dec": "4598709",
            "hex": "462bb5",
            "id": "Riu1",
            "keepers": {
              "force": "028d7791-516e-523f-38d8-0cb0e3cf9274"
            },
            "prefix": null
          },
          "private": "bnVsbA=="
        },
        {
          "index_key": 817,
          "schema_version": 0,
          "attributes": {
            "b64": "Kz6Z",
            "b64_std": "Kz6Z",
            "b64_url": "Kz6Z",
            "byte_length": 3,
            "dec": "2834073",
            "hex": "2b3e99",
            "id": "Kz6Z",
            "keepers": {
              "force": "10d4f0e2-d1ae-ff88-acb5-817d8b9b69ba"
            },
            "prefix": null
          },
          "private": "bnVsbA=="
        },
        {
          "index_key": 818,
          "schema_version": 0,
          "attributes": {
            "b64": "yIIQ",
            "b64_std": "yIIQ",
            "b64_url": "yIIQ",
            "byte_length": 3,
            "dec": "13140496",
            "hex": "c88210",
            "id": "yIIQ",
            "keepers": {
              "force": "f9914bf3-a1dc-839f-a7fa-a99dabc5611f"
            },
            "prefix": null
          },
          "private": "bnVsbA=="
        },
        {
          "index_key": 819,
          "schema_version": 0,
          "attributes": {
            "b64": "kdtB",
            "b64_std": "kdtB",
            "b64_url": "kdtB",
            "byte_length": 3,
            "dec": "9558849",
            "hex": "91db41",
            "id": "kdtB",
            "keepers": {
              "force": "c9b0f98b-cebe-b73e-3906-b1eb20e7815a"
            },
            "prefix": null
          },
          "private": "bnVsbA=="
        },
        {
          "index_key": 820,
          "schema_version": 0,
          "attributes": {
            "b64": "v8oc",
            "b64_std": "v8oc",
            "b64_url": "v8oc",
            "byte_length": 3,
            "dec": "12569116",
            "hex": "bfca1c",
            "id": "v8oc",
            "keepers": {
              "force": "4b194c8f-8730-c59e-b287-079c01b85936"
            },
            "prefix": null
          },
          "private": "bnVsbA=="
        },
        {
          "index_key": 821,
          "schema_version": 0,
          "attributes": {
            "b64": "c_5Z",
            "b64_std": "c/5Z",
            "b64_url": "c_5Z",
            "byte_length": 3,
            "dec": "7601753",
            "hex": "73fe59",
            "id": "c_5Z",
            "keepers": {
              "force": "f33570cc-a82b-57da-ebee-95648617099c"
            },
            "prefix": null
          },
          "private": "bnVsbA=="
        },
        {
          "index_key": 822,
          "schema_version": 0,
          "attributes": {
            "b64": "OtnH",
            "b64_std": "OtnH",
            "b64_url": "OtnH",
            "byte_length": 3,
            "dec": "3856839",
            "hex": "3ad9c7",
            "id": "OtnH",
            "keepers": {
              "force": "32d00f0e-066b-80a1-6c98-6f2f82246b96"
            },
            "prefix": null
          },
          "private": "bnVsbA=="
        },
        {
          "index_key": 823,
          "schema_version": 0,
          "attributes": {
            "b64": "S-U5",
            "b64_std": "S+U5",
            "b64_url": "S-U5",
            "byte_length": 3,
            "dec": "4973881",
            "hex": "4be539",
            "id": "S-U5",
            "keepers": {
              "force": "37d01af7-7245-10a6-9662-45bab7d6a8c5"
            },
            "prefix": null
          },
          "private": "bnVsbA=="
        },
        {
          "index_key": 824,
          "schema_version": 0,
          "attributes": {
            "b64": "rzYo",
            "b64_std": "rzYo",
            "b64_url": "rzYo",
            "byte_length": 3,
            "dec": "11482664",
            "hex": "af3628",
            "id": "rzYo",
            "keepers": {
              "force": "c32efa58-12a0-f425-1c46-faa102a43179"
            },
            "prefix": null
          },
          "private": "bnVsbA=="
        },
        {
          "index_key": 825,
          "schema_version": 0,
          "attributes": {
            "b64": "gKYG",
            "b64_std": "gKYG",
            "b64_url": "gKYG",
            "byte_length": 3,
            "dec": "8431110",
            "hex": "80a606",
            "id": "gKYG",
            "keepers": {
              "force": "efa7c38a-b803-6c74-144b-de10bbf50ac6"
            },
            "prefix": null
          },
          "private": "bnVsbA=="
        },
        {
          "index_key": 826,
          "schema_version": 0,
          "attributes": {
            "b64": "LHpy",
            "b64_std": "LHpy",
            "b64_url": "LHpy",
            "byte_length": 3,
            "dec": "2914930",
            "hex": "2c7a72",
            "id": "LHpy",
            "keepers": {
              "force": "87c68544-c5ec-3ae2-0111-32e177223378"
            },
            "prefix": null
          },
          "private": "bnVsbA=="
        },
        {
          "index_key": 827,
          "schema_version": 0,
          "attributes": {
            "b64": "kuGU",
            "b64_std": "kuGU",
            "b64_url": "kuGU",
            "byte_length": 3,
            "dec": "9626004",
            "hex": "92e194",
            "id": "kuGU",
            "keepers": {
              "force": "e84671ca-35b9-bacc-4594-c230c195159f"
            },
            "prefix": null
          },
          "private": "bnVsbA=="
        },
        {
          "index_key": 828,
          "schema_version": 0,
          "attributes": {
            "b64": "CZy-",
            "b64_std": "CZy+",
            "b64_url": "CZy-",
            "byte_length": 3,
            "dec": "629950",
            "hex": "099cbe",
            "id": "CZy-",
            "keepers": {
              "force": "f5419336-200d-7075-b6f4-72da682021dc"
            },
            "prefix": null
          },
          "private": "bnVsbA=="
        },
        {
          "index_key": 829,
          "schema_version": 0,
          "attributes": {
            "b64": "Xv4P",
            "b64_std": "Xv4P",
            "b64_url": "Xv4P",
            "byte_length": 3,
            "dec": "6225423",
            "hex": "5efe0f",
            "id": "Xv4P",
            "keepers": {
              "force": "c88eaade-450d-c213-dce6-2cba982543bb"
            },
            "prefix": null
          },
          "private": "bnVsbA=="
        },
        {
          "index_key": 830,
          "schema_version": 0,
          "attributes": {
            "b64": "5cvW",
            "b64_std": "5cvW",
            "b64_url": "5cvW",
            "byte_length": 3,
            "dec": "15059926",
            "hex": "e5cbd6",
            "id": "5cvW",
            "keepers": {
              "force": "53e5cf29-6fc1-fe43-ed9d-4a29e91cb792"
            },
            "prefix": null
          },
          "private": "bnVsbA=="
        },
        {
          "index_key": 831,
          "schema_version": 0,
          "attributes": {
            "b64": "DAms",
            "b64_std": "DAms",
            "b64_url": "DAms",
            "byte_length": 3,
            "dec": "788908",
            "hex": "0c09ac",
            "id": "DAms",
            "keepers": {
              "force": "38e827af-dfd7-00c8-738d-d5e04733c635"
            },
            "prefix": null
          },
          "private": "bnVsbA=="
        },
        {
          "index_key": 832,
          "schema_version": 0,
          "attributes": {
            "b64": "KsIg",
            "b64_std": "KsIg",
            "b64_url": "KsIg",
            "byte_length": 3,
            "dec": "2802208",
            "hex": "2ac220",
            "id": "KsIg",
            "keepers": {
              "force": "4fe4a111-09aa-d378-4fbf-3fc3a46da210"
            },
            "prefix": null
          },
          "private": "bnVsbA=="
        },
        {
          "index_key": 833,
          "schema_version": 0,
          "attributes": {
            "b64": "xIPr",
            "b64_std": "xIPr",
            "b64_url": "xIPr",
            "byte_length": 3,
            "dec": "12878827",
            "hex": "c483eb",
            "id": "xIPr",
            "keepers": {
              "force": "ff1a61a8-5489-2166-fa9d-53a83667add1"
            },
            "prefix": null
          },
          "private": "bnVsbA=="
        },
        {
          "index_key": 834,
          "schema_version": 0,
          "attributes": {
            "b64": "HVE6",
            "b64_std": "HVE6",
            "b64_url": "HVE6",
            "byte_length": 3,
            "dec": "1921338",
            "hex": "1d513a",
            "id": "HVE6",
            "keepers": {
              "force": "eccc331b-a728-3acd-5691-e9863a582462"
            },
            "prefix": null
          },
          "private": "bnVsbA=="
        },
        {
          "index_key": 835,
          "schema_version": 0,
          "attributes": {
            "b64": "hgiF",
            "b64_std": "hgiF",
            "b64_url": "hgiF",
            "byte_length": 3,
            "dec": "8784005",
            "hex": "860885",
            "id": "hgiF",
            "keepers": {
              "force": "71249a2d-aaef-6a97-494c-83214b2c3e0e"
            },
            "prefix": null
          },
          "private": "bnVsbA=="
        },
        {
          "index_key": 836,
          "schema_version": 0,
          "attributes": {
            "b64": "1R0K",
            "b64_std": "1R0K",
            "b64_url": "1R0K",
            "byte_length": 3,
            "dec": "13966602",
            "hex": "d51d0a",
            "id": "1R0K",
            "keepers": {
              "force": "9f9b13e8-0182-f24a-01a0-9c1510f97ce0"
            },
            "prefix": null
          },
          "private": "bnVsbA=="
        },
        {
          "index_key": 837,
          "schema_version": 0,
          "attributes": {
            "b64": "SfoX",
            "b64_std": "SfoX",
            "b64_url": "SfoX",
            "byte_length": 3,
            "dec": "4848151",
            "hex": "49fa17",
            "id": "SfoX",
            "keepers": {
              "force": "2695d444-6669-fc0b-eb07-0751550ec226"
            },
            "prefix": null
          },
          "private": "bnVsbA=="
        },
        {
          "index_key": 838,
          "schema_version": 0,
          "attributes": {
            "b64": "oLJN",
            "b64_std": "oLJN",
            "b64_url": "oLJN",
            "byte_length": 3,
            "dec": "10531405",
            "hex": "a0b24d",
            "id": "oLJN",
            "keepers": {
              "force": "09f1e7b0-cd7f-1975-bc74-2332942f82f6"
            },
            "prefix": null
          },
          "private": "bnVsbA=="
        },
        {
          "index_key": 839,
          "schema_version": 0,
          "attributes": {
            "b64": "czJO",
            "b64_std": "czJO",
            "b64_url": "czJO",
            "byte_length": 3,
            "dec": "7549518",
            "hex": "73324e",
            "id": "czJO",
            "keepers": {
              "force": "3249df4e-4d76-bc7a-8f99-8ddd72192f0b"
            },
            "prefix": null
          },
          "private": "bnVsbA=="
        },
        {
          "index_key": 840,
          "schema_version": 0,
          "attributes": {
            "b64": "wB6E",
            "b64_std": "wB6E",
            "b64_url": "wB6E",
            "byte_length": 3,
            "dec": "12590724",
            "hex": "c01e84",
            "id": "wB6E",
            "keepers": {
              "force": "7636cb59-aa94-45d0-c174-a1e4d4ba816a"
            },
            "prefix": null
          },
          "private": "bnVsbA=="
        },
        {
          "index_key": 841,
          "schema_version": 0,
          "attributes": {
            "b64": "ZkTP",
            "b64_std": "ZkTP",
            "b64_url": "ZkTP",
            "byte_length": 3,
            "dec": "6702287",
            "hex": "6644cf",
            "id": "ZkTP",
            "keepers": {
              "force": "f96921ba-e14f-71b6-d4db-3694f79af724"
            },
            "prefix": null
          },
          "private": "bnVsbA=="
        },
        {
          "index_key": 842,
          "schema_version": 0,
          "attributes": {
            "b64": "vAni",
            "b64_std": "vAni",
            "b64_url": "vAni",
            "byte_length": 3,
            "dec": "12323298",
            "hex": "bc09e2",
            "id": "vAni",
            "keepers": {
              "force": "c2a29fa5-4799-f30d-7726-baa81064277b"
            },
            "prefix": null
          },
          "private": "bnVsbA=="
        },
        {
          "index_key": 843,
          "schema_version": 0,
          "attributes": {
            "b64": "1B4q",
            "b64_std": "1B4q",
            "b64_url": "1B4q",
            "byte_length": 3,
            "dec": "13901354",
            "hex": "d41e2a",
            "id": "1B4q",
            "keepers": {
              "force": "c6a004b7-a234-7485-9ca9-8a7e7c5d337e"
            },
            "prefix": null
          },
          "private": "bnVsbA=="
        },
        {
          "index_key": 844,
          "schema_version": 0,
          "attributes": {
            "b64": "ZezQ",
            "b64_std": "ZezQ",
            "b64_url": "ZezQ",
            "byte_length": 3,
            "dec": "6679760",
            "hex": "65ecd0",
            "id": "ZezQ",
            "keepers": {
              "force": "c9883c33-65ee-4504-c6a0-0f367521e525"
            },
            "prefix": null
          },
          "private": "bnVsbA=="
        },
        {
          "index_key": 845,
          "schema_version": 0,
          "attributes": {
            "b64": "E4vQ",
            "b64_std": "E4vQ",
            "b64_url": "E4vQ",
            "byte_length": 3,
            "dec": "1280976",
            "hex": "138bd0",
            "id": "E4vQ",
            "keepers": {
              "force": "5f5c9689-9240-0cac-81a0-d95fce4fdf16"
            },
            "prefix": null
          },
          "private": "bnVsbA=="
        },
        {
          "index_key": 846,
          "schema_version": 0,
          "attributes": {
            "b64": "LMDB",
            "b64_std": "LMDB",
            "b64_url": "LMDB",
            "byte_length": 3,
            "dec": "2932929",
            "hex": "2cc0c1",
            "id": "LMDB",
            "keepers": {
              "force": "634cf72b-b08d-f1d8-922c-8824f4aa6f2c"
            },
            "prefix": null
          },
          "private": "bnVsbA=="
        },
        {
          "index_key": 847,
          "schema_version": 0,
          "attributes": {
            "b64": "gm38",
            "b64_std": "gm38",
            "b64_url": "gm38",
            "byte_length": 3,
            "dec": "8547836",
            "hex": "826dfc",
            "id": "gm38",
            "keepers": {
              "force": "cd76862b-7bfb-f902-c30a-8d67f8a6db2c"
            },
            "prefix": null
          },
          "private": "bnVsbA=="
        },
        {
          "index_key": 848,
          "schema_version": 0,
          "attributes": {
            "b64": "jX_F",
            "b64_std": "jX/F",
            "b64_url": "jX_F",
            "byte_length": 3,
            "dec": "9273285",
            "hex": "8d7fc5",
            "id": "jX_F",
            "keepers": {
              "force": "6bdd7e19-23a2-c5ed-726b-9b6d0e368f47"
            },
            "prefix": null
          },
          "private": "bnVsbA=="
        },
        {
          "index_key": 849,
          "schema_version": 0,
          "attributes": {
            "b64": "dXq2",
            "b64_std": "dXq2",
            "b64_url": "dXq2",
            "byte_length": 3,
            "dec": "7699126",
            "hex": "757ab6",
            "id": "dXq2",
            "keepers": {
              "force": "35c45e90-7bdb-2b63-554d-86f00d43347b"
            },
            "prefix": null
          },
          "private": "bnVsbA=="
        },
        {
          "index_key": 850,
          "schema_version": 0,
          "attributes": {
            "b64": "swLQ",
            "b64_std": "swLQ",
            "b64_url": "swLQ",
            "byte_length": 3,
            "dec": "11731664",
            "hex": "b302d0",
            "id": "swLQ",
            "keepers": {
              "force": "2472a2e9-37c0-8f60-313b-874975a8d6ed"
            },
            "prefix": null
          },
          "private": "bnVsbA=="
        },
        {
          "index_key": 851,
          "schema_version": 0,
          "attributes": {
            "b64": "VOq2",
            "b64_std": "VOq2",
            "b64_url": "VOq2",
            "byte_length": 3,
            "dec": "5565110",
            "hex": "54eab6",
            "id": "VOq2",
            "keepers": {
              "force": "d009f4d7-1cef-dbe2-34d3-3ced8c403213"
            },
            "prefix": null
          },
          "private": "bnVsbA=="
        },
        {
          "index_key": 852,
          "schema_version": 0,
          "attributes": {
            "b64": "OeK2",
            "b64_std": "OeK2",
            "b64_url": "OeK2",
            "byte_length": 3,
            "dec": "3793590",
            "hex": "39e2b6",
            "id": "OeK2",
            "keepers": {
              "force": "528c42f8-c255-6080-d3ff-3ec19bac3667"
            },
            "prefix": null
          },
          "private": "bnVsbA=="
        },
        {
          "index_key": 853,
          "schema_version": 0,
          "attributes": {
            "b64": "2iL5",
            "b64_std": "2iL5",
            "b64_url": "2iL5",
            "byte_length": 3,
            "dec": "14295801",
            "hex": "da22f9",
            "id": "2iL5",
            "keepers": {
              "force": "6b9cf9c1-ab89-0d15-8202-70de16b5cd72"
            },
            "prefix": null
          },
          "private": "bnVsbA=="
        },
        {
          "index_key": 854,
          "schema_version": 0,
          "attributes": {
            "b64": "l5ZA",
            "b64_std": "l5ZA",
            "b64_url": "l5ZA",
            "byte_length": 3,
            "dec": "9934400",
            "hex": "979640",
            "id": "l5ZA",
            "keepers": {
              "force": "ba9695c3-3042-5c4f-46e6-3dbe4283fd24"
            },
            "prefix": null
          },
          "private": "bnVsbA=="
        },
        {
          "index_key": 855,
          "schema_version": 0,
          "attributes": {
            "b64": "FATZ",
            "b64_std": "FATZ",
            "b64_url": "FATZ",
            "byte_length": 3,
            "dec": "1311961",
            "hex": "1404d9",
            "id": "FATZ",
            "keepers": {
              "force": "358d8868-670e-5f7f-9696-e378760f1f5f"
            },
            "prefix": null
          },
          "private": "bnVsbA=="
        },
        {
          "index_key": 856,
          "schema_version": 0,
          "attributes": {
            "b64": "xxRR",
            "b64_std": "xxRR",
            "b64_url": "xxRR",
            "byte_length": 3,
            "dec": "13046865",
            "hex": "c71451",
            "id": "xxRR",
            "keepers": {
              "force": "9c81deca-7762-3c42-5e9f-e25d61e31531"
            },
            "prefix": null
          },
          "private": "bnVsbA=="
        },
        {
          "index_key": 857,
          "schema_version": 0,
          "attributes": {
            "b64": "ZLjW",
            "b64_std": "ZLjW",
            "b64_url": "ZLjW",
            "byte_length": 3,
            "dec": "6600918",
            "hex": "64b8d6",
            "id": "ZLjW",
            "keepers": {
              "force": "a51706ee-6207-deda-aaaf-43ad7ff3ab13"
            },
            "prefix": null
          },
          "private": "bnVsbA=="
        },
        {
          "index_key": 858,
          "schema_version": 0,
          "attributes": {
            "b64": "gMZT",
            "b64_std": "gMZT",
            "b64_url": "gMZT",
            "byte_length": 3,
            "dec": "8439379",
            "hex": "80c653",
            "id": "gMZT",
            "keepers": {
              "force": "fcba2f4e-095e-d945-37f4-05b8ad25ddf5"
            },
            "prefix": null
          },
          "private": "bnVsbA=="
        },
        {
          "index_key": 859,
          "schema_version": 0,
          "attributes": {
            "b64": "vofu",
            "b64_std": "vofu",
            "b64_url": "vofu",
            "byte_length": 3,
            "dec": "12486638",
            "hex": "be87ee",
            "id": "vofu",
            "keepers": {
              "force": "4d9b3921-a0d8-bbfd-d59c-9e035db0e1ed"
            },
            "prefix": null
          },
          "private": "bnVsbA=="
        },
        {
          "index_key": 860,
          "schema_version": 0,
          "attributes": {
            "b64": "kigV",
            "b64_std": "kigV",
            "b64_url": "kigV",
            "byte_length": 3,
            "dec": "9578517",
            "hex": "922815",
            "id": "kigV",
            "keepers": {
              "force": "a24771e1-4c1c-18c9-f31d-33c375611d67"
            },
            "prefix": null
          },
          "private": "bnVsbA=="
        },
        {
          "index_key": 861,
          "schema_version": 0,
          "attributes": {
            "b64": "PO5b",
            "b64_std": "PO5b",
            "b64_url": "PO5b",
            "byte_length": 3,
            "dec": "3993179",
            "hex": "3cee5b",
            "id": "PO5b",
            "keepers": {
              "force": "c132f38b-0dc3-a226-071f-7b7122d190ff"
            },
            "prefix": null
          },
          "private": "bnVsbA=="
        },
        {
          "index_key": 862,
          "schema_version": 0,
          "attributes": {
            "b64": "z8gt",
            "b64_std": "z8gt",
            "b64_url": "z8gt",
            "byte_length": 3,
            "dec": "13617197",
            "hex": "cfc82d",
            "id": "z8gt",
            "keepers": {
              "force": "882d5399-9da4-5f4c-997e-7a3912b17603"
            },
            "prefix": null
          },
          "private": "bnVsbA=="
        },
        {
          "index_key": 863,
          "schema_version": 0,
          "attributes": {
            "b64": "bE_A",
            "b64_std": "bE/A",
            "b64_url": "bE_A",
            "byte_length": 3,
            "dec": "7098304",
            "hex": "6c4fc0",
            "id": "bE_A",
            "keepers": {
              "force": "af6bc8cc-91f2-3d29-f129-cf51395de797"
            },
            "prefix": null
          },
          "private": "bnVsbA=="
        },
        {
          "index_key": 864,
          "schema_version": 0,
          "attributes": {
            "b64": "qkdH",
            "b64_std": "qkdH",
            "b64_url": "qkdH",
            "byte_length": 3,
            "dec": "11159367",
            "hex": "aa4747",
            "id": "qkdH",
            "keepers": {
              "force": "2c2e3b3d-7bdd-a68c-c787-6815dc208ed6"
            },
            "prefix": null
          },
          "private": "bnVsbA=="
        },
        {
          "index_key": 865,
          "schema_version": 0,
          "attributes": {
            "b64": "PNn7",
            "b64_std": "PNn7",
            "b64_url": "PNn7",
            "byte_length": 3,
            "dec": "3987963",
            "hex": "3cd9fb",
            "id": "PNn7",
            "keepers": {
              "force": "afad4112-6051-6d44-16db-e732d511f181"
            },
            "prefix": null
          },
          "private": "bnVsbA=="
        },
        {
          "index_key": 866,
          "schema_version": 0,
          "attributes": {
            "b64": "3PmE",
            "b64_std": "3PmE",
            "b64_url": "3PmE",
            "byte_length": 3,
            "dec": "14481796",
            "hex": "dcf984",
            "id": "3PmE",
            "keepers": {
              "force": "4cdbda49-4c04-8aff-c007-b3d066ff2567"
            },
            "prefix": null
          },
          "private": "bnVsbA=="
        },
        {
          "index_key": 867,
          "schema_version": 0,
          "attributes": {
            "b64": "Ywde",
            "b64_std": "Ywde",
            "b64_url": "Ywde",
            "byte_length": 3,
            "dec": "6489950",
            "hex": "63075e",
            "id": "Ywde",
            "keepers": {
              "force": "e08779a9-5240-8b3c-b32b-4746f601f310"
            },
            "prefix": null
          },
          "private": "bnVsbA=="
        },
        {
          "index_key": 868,
          "schema_version": 0,
          "attributes": {
            "b64": "YkwL",
            "b64_std": "YkwL",
            "b64_url": "YkwL",
            "byte_length": 3,
            "dec": "6441995",
            "hex": "624c0b",
            "id": "YkwL",
            "keepers": {
              "force": "086a62cb-d781-2402-42f4-7672599d39fb"
            },
            "prefix": null
          },
          "private": "bnVsbA=="
        },
        {
          "index_key": 869,
          "schema_version": 0,
          "attributes": {
            "b64": "PHNl",
            "b64_std": "PHNl",
            "b64_url": "PHNl",
            "byte_length": 3,
            "dec": "3961701",
            "hex": "3c7365",
            "id": "PHNl",
            "keepers": {
              "force": "516a1753-f0c5-7e0c-13c4-dea79451a2af"
            },
            "prefix": null
          },
          "private": "bnVsbA=="
        },
        {
          "index_key": 870,
          "schema_version": 0,
          "attributes": {
            "b64": "wROc",
            "b64_std": "wROc",
            "b64_url": "wROc",
            "byte_length": 3,
            "dec": "12653468",
            "hex": "c1139c",
            "id": "wROc",
            "keepers": {
              "force": "be602b97-6eb5-c708-1008-2ee3ea1a0f08"
            },
            "prefix": null
          },
          "private": "bnVsbA=="
        },
        {
          "index_key": 871,
          "schema_version": 0,
          "attributes": {
            "b64": "iGxe",
            "b64_std": "iGxe",
            "b64_url": "iGxe",
            "byte_length": 3,
            "dec": "8940638",
            "hex": "886c5e",
            "id": "iGxe",
            "keepers": {
              "force": "9b10c8fd-641f-7ee2-93e6-d0466624134e"
            },
            "prefix": null
          },
          "private": "bnVsbA=="
        },
        {
          "index_key": 872,
          "schema_version": 0,
          "attributes": {
            "b64": "5nH3",
            "b64_std": "5nH3",
            "b64_url": "5nH3",
            "byte_length": 3,
            "dec": "15102455",
            "hex": "e671f7",
            "id": "5nH3",
            "keepers": {
              "force": "61b22cdb-b5fa-6db4-57ab-5c4f3ed4638a"
            },
            "prefix": null
          },
          "private": "bnVsbA=="
        },
        {
          "index_key": 873,
          "schema_version": 0,
          "attributes": {
            "b64": "4mbg",
            "b64_std": "4mbg",
            "b64_url": "4mbg",
            "byte_length": 3,
            "dec": "14837472",
            "hex": "e266e0",
            "id": "4mbg",
            "keepers": {
              "force": "f68eb0ba-8b51-b444-9179-7e7db74b825b"
            },
            "prefix": null
          },
          "private": "bnVsbA=="
        },
        {
          "index_key": 874,
          "schema_version": 0,
          "attributes": {
            "b64": "mpyg",
            "b64_std": "mpyg",
            "b64_url": "mpyg",
            "byte_length": 3,
            "dec": "10132640",
            "hex": "9a9ca0",
            "id": "mpyg",
            "keepers": {
              "force": "a2bcf570-c638-aa8a-79e4-b5151f88965e"
            },
            "prefix": null
          },
          "private": "bnVsbA=="
        },
        {
          "index_key": 875,
          "schema_version": 0,
          "attributes": {
            "b64": "WdG5",
            "b64_std": "WdG5",
            "b64_url": "WdG5",
            "byte_length": 3,
            "dec": "5886393",
            "hex": "59d1b9",
            "id": "WdG5",
            "keepers": {
              "force": "fa4e52d9-859b-4635-0f47-e77937f53b3b"
            },
            "prefix": null
          },
          "private": "bnVsbA=="
        },
        {
          "index_key": 876,
          "schema_version": 0,
          "attributes": {
            "b64": "OckW",
            "b64_std": "OckW",
            "b64_url": "OckW",
            "byte_length": 3,
            "dec": "3787030",
            "hex": "39c916",
            "id": "OckW",
            "keepers": {
              "force": "af685beb-78c3-0da1-2ea4-da2f25b027fc"
            },
            "prefix": null
          },
          "private": "bnVsbA=="
        },
        {
          "index_key": 877,
          "schema_version": 0,
          "attributes": {
            "b64": "dQgH",
            "b64_std": "dQgH",
            "b64_url": "dQgH",
            "byte_length": 3,
            "dec": "7669767",
            "hex": "750807",
            "id": "dQgH",
            "keepers": {
              "force": "8297b29d-c801-9b8c-5d41-d8e52f02f0cd"
            },
            "prefix": null
          },
          "private": "bnVsbA=="
        },
        {
          "index_key": 878,
          "schema_version": 0,
          "attributes": {
            "b64": "l07i",
            "b64_std": "l07i",
            "b64_url": "l07i",
            "byte_length": 3,
            "dec": "9916130",
            "hex": "974ee2",
            "id": "l07i",
            "keepers": {
              "force": "639aae1b-27ce-ae42-e329-0e2f43c42736"
            },
            "prefix": null
          },
          "private": "bnVsbA=="
        },
        {
          "index_key": 879,
          "schema_version": 0,
          "attributes": {
            "b64": "WXsa",
            "b64_std": "WXsa",
            "b64_url": "WXsa",
            "byte_length": 3,
            "dec": "5864218",
            "hex": "597b1a",
            "id": "WXsa",
            "keepers": {
              "force": "540bd48f-37d0-fa40-33fb-338fccf8e043"
            },
            "prefix": null
          },
          "private": "bnVsbA=="
        },
        {
          "index_key": 880,
          "schema_version": 0,
          "attributes": {
            "b64": "6FdK",
            "b64_std": "6FdK",
            "b64_url": "6FdK",
            "byte_length": 3,
            "dec": "15226698",
            "hex": "e8574a",
            "id": "6FdK",
            "keepers": {
              "force": "b130dfb3-dc00-4da5-3c58-c9b676f85dab"
            },
            "prefix": null
          },
          "private": "bnVsbA=="
        },
        {
          "index_key": 881,
          "schema_version": 0,
          "attributes": {
            "b64": "0sLq",
            "b64_std": "0sLq",
            "b64_url": "0sLq",
            "byte_length": 3,
            "dec": "13812458",
            "hex": "d2c2ea",
            "id": "0sLq",
            "keepers": {
              "force": "ee3105fd-c9a3-a88f-6591-49d5ccbc56ed"
            },
            "prefix": null
          },
          "private": "bnVsbA=="
        },
        {
          "index_key": 882,
          "schema_version": 0,
          "attributes": {
            "b64": "uuRX",
            "b64_std": "uuRX",
            "b64_url": "uuRX",
            "byte_length": 3,
            "dec": "12248151",
            "hex": "bae457",
            "id": "uuRX",
            "keepers": {
              "force": "63310ea0-bdf2-422c-3450-68167ed47c3c"
            },
            "prefix": null
          },
          "private": "bnVsbA=="
        },
        {
          "index_key": 883,
          "schema_version": 0,
          "attributes": {
            "b64": "rWQY",
            "b64_std": "rWQY",
            "b64_url": "rWQY",
            "byte_length": 3,
            "dec": "11363352",
            "hex": "ad6418",
            "id": "rWQY",
            "keepers": {
              "force": "2fc2a20d-d0bd-3a69-5446-0f00634c67cd"
            },
            "prefix": null
          },
          "private": "bnVsbA=="
        },
        {
          "index_key": 884,
          "schema_version": 0,
          "attributes": {
            "b64": "5vYo",
            "b64_std": "5vYo",
            "b64_url": "5vYo",
            "byte_length": 3,
            "dec": "15136296",
            "hex": "e6f628",
            "id": "5vYo",
            "keepers": {
              "force": "294d9158-83ba-94db-d879-61ffcd1b6a8d"
            },
            "prefix": null
          },
          "private": "bnVsbA=="
        },
        {
          "index_key": 885,
          "schema_version": 0,
          "attributes": {
            "b64": "sh6E",
            "b64_std": "sh6E",
            "b64_url": "sh6E",
            "byte_length": 3,
            "dec": "11673220",
            "hex": "b21e84",
            "id": "sh6E",
            "keepers": {
              "force": "c7a8ad53-0dd0-4196-467b-8e481bcb4ce7"
            },
            "prefix": null
          },
          "private": "bnVsbA=="
        },
        {
          "index_key": 886,
          "schema_version": 0,
          "attributes": {
            "b64": "3F-J",
            "b64_std": "3F+J",
            "b64_url": "3F-J",
            "byte_length": 3,
            "dec": "14442377",
            "hex": "dc5f89",
            "id": "3F-J",
            "keepers": {
              "force": "86134ae4-0015-8181-bd0f-fe67dd868162"
            },
            "prefix": null
          },
          "private": "bnVsbA=="
        },
        {
          "index_key": 887,
          "schema_version": 0,
          "attributes": {
            "b64": "zs5r",
            "b64_std": "zs5r",
            "b64_url": "zs5r",
            "byte_length": 3,
            "dec": "13553259",
            "hex": "cece6b",
            "id": "zs5r",
            "keepers": {
              "force": "278286dd-802b-5a0b-32ea-5ce970194566"
            },
            "prefix": null
          },
          "private": "bnVsbA=="
        },
        {
          "index_key": 888,
          "schema_version": 0,
          "attributes": {
            "b64": "pSUG",
            "b64_std": "pSUG",
            "b64_url": "pSUG",
            "byte_length": 3,
            "dec": "10822918",
            "hex": "a52506",
            "id": "pSUG",
            "keepers": {
              "force": "a0c4d94f-1458-820f-38b7-3f090fe811c2"
            },
            "prefix": null
          },
          "private": "bnVsbA=="
        },
        {
          "index_key": 889,
          "schema_version": 0,
          "attributes": {
            "b64": "9PHV",
            "b64_std": "9PHV",
            "b64_url": "9PHV",
            "byte_length": 3,
            "dec": "16052693",
            "hex": "f4f1d5",
            "id": "9PHV",
            "keepers": {
              "force": "3b0667bc-10a9-9f3e-6691-94adb434341b"
            },
            "prefix": null
          },
          "private": "bnVsbA=="
        },
        {
          "index_key": 890,
          "schema_version": 0,
          "attributes": {
            "b64": "qa5r",
            "b64_std": "qa5r",
            "b64_url": "qa5r",
            "byte_length": 3,
            "dec": "11120235",
            "hex": "a9ae6b",
            "id": "qa5r",
            "keepers": {
              "force": "4a5e4d3b-fee6-90a8-e621-b3870bd4d04d"
            },
            "prefix": null
          },
          "private": "bnVsbA=="
        },
        {
          "index_key": 891,
          "schema_version": 0,
          "attributes": {
            "b64": "vjui",
            "b64_std": "vjui",
            "b64_url": "vjui",
            "byte_length": 3,
            "dec": "12467106",
            "hex": "be3ba2",
            "id": "vjui",
            "keepers": {
              "force": "dbe096c1-fc39-3718-2c6b-b6cef460c3e6"
            },
            "prefix": null
          },
          "private": "bnVsbA=="
        },
        {
          "index_key": 892,
          "schema_version": 0,
          "attributes": {
            "b64": "FzXb",
            "b64_std": "FzXb",
            "b64_url": "FzXb",
            "byte_length": 3,
            "dec": "1521115",
            "hex": "1735db",
            "id": "FzXb",
            "keepers": {
              "force": "151bb1de-5983-9de9-1b8b-aaf6e4cc4dd9"
            },
            "prefix": null
          },
          "private": "bnVsbA=="
        },
        {
          "index_key": 893,
          "schema_version": 0,
          "attributes": {
            "b64": "xrl4",
            "b64_std": "xrl4",
            "b64_url": "xrl4",
            "byte_length": 3,
            "dec": "13023608",
            "hex": "c6b978",
            "id": "xrl4",
            "keepers": {
              "force": "8dd9962a-228e-f0e4-579d-50257dce1cee"
            },
            "prefix": null
          },
          "private": "bnVsbA=="
        },
        {
          "index_key": 894,
          "schema_version": 0,
          "attributes": {
            "b64": "qSpq",
            "b64_std": "qSpq",
            "b64_url": "qSpq",
            "byte_length": 3,
            "dec": "11086442",
            "hex": "a92a6a",
            "id": "qSpq",
            "keepers": {
              "force": "0b6f4109-a2c7-86a2-761a-a1448377fb4d"
            },
            "prefix": null
          },
          "private": "bnVsbA=="
        },
        {
          "index_key": 895,
          "schema_version": 0,
          "attributes": {
            "b64": "3T8w",
            "b64_std": "3T8w",
            "b64_url": "3T8w",
            "byte_length": 3,
            "dec": "14499632",
            "hex": "dd3f30",
            "id": "3T8w",
            "keepers": {
              "force": "e4575175-f066-79a7-a263-3a45f876949f"
            },
            "prefix": null
          },
          "private": "bnVsbA=="
        },
        {
          "index_key": 896,
          "schema_version": 0,
          "attributes": {
            "b64": "kKDj",
            "b64_std": "kKDj",
            "b64_url": "kKDj",
            "byte_length": 3,
            "dec": "9478371",
            "hex": "90a0e3",
            "id": "kKDj",
            "keepers": {
              "force": "aa0a744e-3030-e988-3b00-cd749cceca59"
            },
            "prefix": null
          },
          "private": "bnVsbA=="
        },
        {
          "index_key": 897,
          "schema_version": 0,
          "attributes": {
            "b64": "sTjD",
            "b64_std": "sTjD",
            "b64_url": "sTjD",
            "byte_length": 3,
            "dec": "11614403",
            "hex": "b138c3",
            "id": "sTjD",
            "keepers": {
              "force": "10891209-b75a-5be1-6ea6-8c8851f19ab1"
            },
            "prefix": null
          },
          "private": "bnVsbA=="
        },
        {
          "index_key": 898,
          "schema_version": 0,
          "attributes": {
            "b64": "z4ol",
            "b64_std": "z4ol",
            "b64_url": "z4ol",
            "byte_length": 3,
            "dec": "13601317",
            "hex": "cf8a25",
            "id": "z4ol",
            "keepers": {
              "force": "73757875-e33d-1ae3-05ce-afef1c06b5b9"
            },
            "prefix": null
          },
          "private": "bnVsbA=="
        },
        {
          "index_key": 899,
          "schema_version": 0,
          "attributes": {
            "b64": "yJSB",
            "b64_std": "yJSB",
            "b64_url": "yJSB",
            "byte_length": 3,
            "dec": "13145217",
            "hex": "c89481",
            "id": "yJSB",
            "keepers": {
              "force": "e6032ad1-647f-509e-5e30-23f754e37169"
            },
            "prefix": null
          },
          "private": "bnVsbA=="
        },
        {
          "index_key": 900,
          "schema_version": 0,
          "attributes": {
            "b64": "5p8f",
            "b64_std": "5p8f",
            "b64_url": "5p8f",
            "byte_length": 3,
            "dec": "15114015",
            "hex": "e69f1f",
            "id": "5p8f",
            "keepers": {
              "force": "eb3fdfd2-3efe-db7e-2c4b-ec64f1ce26bc"
            },
            "prefix": null
          },
          "private": "bnVsbA=="
        },
        {
          "index_key": 901,
          "schema_version": 0,
          "attributes": {
            "b64": "YW1x",
            "b64_std": "YW1x",
            "b64_url": "YW1x",
            "byte_length": 3,
            "dec": "6385009",
            "hex": "616d71",
            "id": "YW1x",
            "keepers": {
              "force": "f0019114-0ea8-a090-607a-a4426b33c33b"
            },
            "prefix": null
          },
          "private": "bnVsbA=="
        },
        {
          "index_key": 902,
          "schema_version": 0,
          "attributes": {
            "b64": "OIPx",
            "b64_std": "OIPx",
            "b64_url": "OIPx",
            "byte_length": 3,
            "dec": "3703793",
            "hex": "3883f1",
            "id": "OIPx",
            "keepers": {
              "force": "90fc9006-e61e-6a03-a9b9-f5150ac185dc"
            },
            "prefix": null
          },
          "private": "bnVsbA=="
        },
        {
          "index_key": 903,
          "schema_version": 0,
          "attributes": {
            "b64": "JQbf",
            "b64_std": "JQbf",
            "b64_url": "JQbf",
            "byte_length": 3,
            "dec": "2426591",
            "hex": "2506df",
            "id": "JQbf",
            "keepers": {
              "force": "2c0bbd4a-7e2c-c322-5921-2b81b895f460"
            },
            "prefix": null
          },
          "private": "bnVsbA=="
        },
        {
          "index_key": 904,
          "schema_version": 0,
          "attributes": {
            "b64": "cHXA",
            "b64_std": "cHXA",
            "b64_url": "cHXA",
            "byte_length": 3,
            "dec": "7370176",
            "hex": "7075c0",
            "id": "cHXA",
            "keepers": {
              "force": "9bcd87b7-a27e-09fd-bec7-56a9b2659972"
            },
            "prefix": null
          },
          "private": "bnVsbA=="
        },
        {
          "index_key": 905,
          "schema_version": 0,
          "attributes": {
            "b64": "77wk",
            "b64_std": "77wk",
            "b64_url": "77wk",
            "byte_length": 3,
            "dec": "15711268",
            "hex": "efbc24",
            "id": "77wk",
            "keepers": {
              "force": "43853c75-c141-d7e0-aa46-ccc3a0aa1c67"
            },
            "prefix": null
          },
          "private": "bnVsbA=="
        },
        {
          "index_key": 906,
          "schema_version": 0,
          "attributes": {
            "b64": "tz-s",
            "b64_std": "tz+s",
            "b64_url": "tz-s",
            "byte_length": 3,
            "dec": "12009388",
            "hex": "b73fac",
            "id": "tz-s",
            "keepers": {
              "force": "5be21518-3194-ea09-2336-3a4a6dd5067a"
            },
            "prefix": null
          },
          "private": "bnVsbA=="
        },
        {
          "index_key": 907,
          "schema_version": 0,
          "attributes": {
            "b64": "LqyJ",
            "b64_std": "LqyJ",
            "b64_url": "LqyJ",
            "byte_length": 3,
            "dec": "3058825",
            "hex": "2eac89",
            "id": "LqyJ",
            "keepers": {
              "force": "6ba591bd-d5d4-2434-9cc1-28aad12bb85d"
            },
            "prefix": null
          },
          "private": "bnVsbA=="
        },
        {
          "index_key": 908,
          "schema_version": 0,
          "attributes": {
            "b64": "KWyi",
            "b64_std": "KWyi",
            "b64_url": "KWyi",
            "byte_length": 3,
            "dec": "2714786",
            "hex": "296ca2",
            "id": "KWyi",
            "keepers": {
              "force": "6e1928bf-19cf-c18b-85c0-9c17dedbcc51"
            },
            "prefix": null
          },
          "private": "bnVsbA=="
        },
        {
          "index_key": 909,
          "schema_version": 0,
          "attributes": {
            "b64": "JqcA",
            "b64_std": "JqcA",
            "b64_url": "JqcA",
            "byte_length": 3,
            "dec": "2533120",
            "hex": "26a700",
            "id": "JqcA",
            "keepers": {
              "force": "aa5a3701-145d-d887-698c-b6bd63ec79c0"
            },
            "prefix": null
          },
          "private": "bnVsbA=="
        },
        {
          "index_key": 910,
          "schema_version": 0,
          "attributes": {
            "b64": "2f9D",
            "b64_std": "2f9D",
            "b64_url": "2f9D",
            "byte_length": 3,
            "dec": "14286659",
            "hex": "d9ff43",
            "id": "2f9D",
            "keepers": {
              "force": "42bcd67a-8f8b-a3e9-889e-b09406e155f3"
            },
            "prefix": null
          },
          "private": "bnVsbA=="
        },
        {
          "index_key": 911,
          "schema_version": 0,
          "attributes": {
            "b64": "DW7Y",
            "b64_std": "DW7Y",
            "b64_url": "DW7Y",
            "byte_length": 3,
            "dec": "880344",
            "hex": "0d6ed8",
            "id": "DW7Y",
            "keepers": {
              "force": "d9007d2d-7060-46b9-5810-d3cc7962c532"
            },
            "prefix": null
          },
          "private": "bnVsbA=="
        },
        {
          "index_key": 912,
          "schema_version": 0,
          "attributes": {
            "b64": "nuCw",
            "b64_std": "nuCw",
            "b64_url": "nuCw",
            "byte_length": 3,
            "dec": "10412208",
            "hex": "9ee0b0",
            "id": "nuCw",
            "keepers": {
              "force": "e89120b9-70f8-b7f0-1074-69fb8c044492"
            },
            "prefix": null
          },
          "private": "bnVsbA=="
        },
        {
          "index_key": 913,
          "schema_version": 0,
          "attributes": {
            "b64": "8Het",
            "b64_std": "8Het",
            "b64_url": "8Het",
            "byte_length": 3,
            "dec": "15759277",
            "hex": "f077ad",
            "id": "8Het",
            "keepers": {
              "force": "4295e4bf-2c1f-fd1a-962c-9f70f8aaf311"
            },
            "prefix": null
          },
          "private": "bnVsbA=="
        },
        {
          "index_key": 914,
          "schema_version": 0,
          "attributes": {
            "b64": "K8KH",
            "b64_std": "K8KH",
            "b64_url": "K8KH",
            "byte_length": 3,
            "dec": "2867847",
            "hex": "2bc287",
            "id": "K8KH",
            "keepers": {
              "force": "a8c07e3a-1069-91cf-59b4-c24a89bc276a"
            },
            "prefix": null
          },
          "private": "bnVsbA=="
        },
        {
          "index_key": 915,
          "schema_version": 0,
          "attributes": {
            "b64": "DqiR",
            "b64_std": "DqiR",
            "b64_url": "DqiR",
            "byte_length": 3,
            "dec": "960657",
            "hex": "0ea891",
            "id": "DqiR",
            "keepers": {
              "force": "8af5adec-6447-9145-2555-8897eb3f3049"
            },
            "prefix": null
          },
          "private": "bnVsbA=="
        },
        {
          "index_key": 916,
          "schema_version": 0,
          "attributes": {
            "b64": "0CpX",
            "b64_std": "0CpX",
            "b64_url": "0CpX",
            "byte_length": 3,
            "dec": "13642327",
            "hex": "d02a57",
            "id": "0CpX",
            "keepers": {
              "force": "0ff3b7a1-f6ee-d8ce-a5af-abfa59e3b353"
            },
            "prefix": null
          },
          "private": "bnVsbA=="
        },
        {
          "index_key": 917,
          "schema_version": 0,
          "attributes": {
            "b64": "YsCY",
            "b64_std": "YsCY",
            "b64_url": "YsCY",
            "byte_length": 3,
            "dec": "6471832",
            "hex": "62c098",
            "id": "YsCY",
            "keepers": {
              "force": "0dd9cd2f-e1c5-36c9-bda9-1e567ae309f2"
            },
            "prefix": null
          },
          "private": "bnVsbA=="
        },
        {
          "index_key": 918,
          "schema_version": 0,
          "attributes": {
            "b64": "xjmw",
            "b64_std": "xjmw",
            "b64_url": "xjmw",
            "byte_length": 3,
            "dec": "12990896",
            "hex": "c639b0",
            "id": "xjmw",
            "keepers": {
              "force": "f21ad727-0080-89cc-36f6-03ad28d4424b"
            },
            "prefix": null
          },
          "private": "bnVsbA=="
        },
        {
          "index_key": 919,
          "schema_version": 0,
          "attributes": {
            "b64": "O8Rh",
            "b64_std": "O8Rh",
            "b64_url": "O8Rh",
            "byte_length": 3,
            "dec": "3916897",
            "hex": "3bc461",
            "id": "O8Rh",
            "keepers": {
              "force": "bf02cc60-cca5-e151-621f-c65874495d6c"
            },
            "prefix": null
          },
          "private": "bnVsbA=="
        },
        {
          "index_key": 920,
          "schema_version": 0,
          "attributes": {
            "b64": "9eW3",
            "b64_std": "9eW3",
            "b64_url": "9eW3",
            "byte_length": 3,
            "dec": "16115127",
            "hex": "f5e5b7",
            "id": "9eW3",
            "keepers": {
              "force": "300babee-5039-5764-6dff-645dd113be95"
            },
            "prefix": null
          },
          "private": "bnVsbA=="
        },
        {
          "index_key": 921,
          "schema_version": 0,
          "attributes": {
            "b64": "-6Xg",
            "b64_std": "+6Xg",
            "b64_url": "-6Xg",
            "byte_length": 3,
            "dec": "16492000",
            "hex": "fba5e0",
            "id": "-6Xg",
            "keepers": {
              "force": "15b9885c-7b86-772c-f03f-5b4e81328bc4"
            },
            "prefix": null
          },
          "private": "bnVsbA=="
        },
        {
          "index_key": 922,
          "schema_version": 0,
          "attributes": {
            "b64": "ZB0i",
            "b64_std": "ZB0i",
            "b64_url": "ZB0i",
            "byte_length": 3,
            "dec": "6561058",
            "hex": "641d22",
            "id": "ZB0i",
            "keepers": {
              "force": "40d431f7-c761-da88-681a-f9687ecfb09c"
            },
            "prefix": null
          },
          "private": "bnVsbA=="
        },
        {
          "index_key": 923,
          "schema_version": 0,
          "attributes": {
            "b64": "wwXO",
            "b64_std": "wwXO",
            "b64_url": "wwXO",
            "byte_length": 3,
            "dec": "12781006",
            "hex": "c305ce",
            "id": "wwXO",
            "keepers": {
              "force": "6ab50ac1-4bef-748f-f57b-7dfd83e43b33"
            },
            "prefix": null
          },
          "private": "bnVsbA=="
        },
        {
          "index_key": 924,
          "schema_version": 0,
          "attributes": {
            "b64": "WLeX",
            "b64_std": "WLeX",
            "b64_url": "WLeX",
            "byte_length": 3,
            "dec": "5814167",
            "hex": "58b797",
            "id": "WLeX",
            "keepers": {
              "force": "2f053309-75cb-92a7-8254-c4b1539d1242"
            },
            "prefix": null
          },
          "private": "bnVsbA=="
        },
        {
          "index_key": 925,
          "schema_version": 0,
          "attributes": {
            "b64": "9Ea4",
            "b64_std": "9Ea4",
            "b64_url": "9Ea4",
            "byte_length": 3,
            "dec": "16008888",
            "hex": "f446b8",
            "id": "9Ea4",
            "keepers": {
              "force": "ae71f9a2-5aa4-d015-2bf9-e7af1c97776b"
            },
            "prefix": null
          },
          "private": "bnVsbA=="
        },
        {
          "index_key": 926,
          "schema_version": 0,
          "attributes": {
            "b64": "zKsf",
            "b64_std": "zKsf",
            "b64_url": "zKsf",
            "byte_length": 3,
            "dec": "13413151",
            "hex": "ccab1f",
            "id": "zKsf",
            "keepers": {
              "force": "ab7c6825-8901-9f13-8a7d-cfe1f73b5ab0"
            },
            "prefix": null
          },
          "private": "bnVsbA=="
        },
        {
          "index_key": 927,
          "schema_version": 0,
          "attributes": {
            "b64": "1xrz",
            "b64_std": "1xrz",
            "b64_url": "1xrz",
            "byte_length": 3,
            "dec": "14097139",
            "hex": "d71af3",
            "id": "1xrz",
            "keepers": {
              "force": "0650f4e7-c262-4061-25f9-12acaffea356"
            },
            "prefix": null
          },
          "private": "bnVsbA=="
        },
        {
          "index_key": 928,
          "schema_version": 0,
          "attributes": {
            "b64": "Q3h9",
            "b64_std": "Q3h9",
            "b64_url": "Q3h9",
            "byte_length": 3,
            "dec": "4421757",
            "hex": "43787d",
            "id": "Q3h9",
            "keepers": {
              "force": "1fd10e7f-9417-93d8-aa12-e7f7b97137f6"
            },
            "prefix": null
          },
          "private": "bnVsbA=="
        },
        {
          "index_key": 929,
          "schema_version": 0,
          "attributes": {
            "b64": "EXLI",
            "b64_std": "EXLI",
            "b64_url": "EXLI",
            "byte_length": 3,
            "dec": "1143496",
            "hex": "1172c8",
            "id": "EXLI",
            "keepers": {
              "force": "62f5ee32-8952-7cc4-21e8-097822578dec"
            },
            "prefix": null
          },
          "private": "bnVsbA=="
        },
        {
          "index_key": 930,
          "schema_version": 0,
          "attributes": {
            "b64": "aNSu",
            "b64_std": "aNSu",
            "b64_url": "aNSu",
            "byte_length": 3,
            "dec": "6870190",
            "hex": "68d4ae",
            "id": "aNSu",
            "keepers": {
              "force": "715bd223-7ca3-ae89-c5ae-174f2241de09"
            },
            "prefix": null
          },
          "private": "bnVsbA=="
        },
        {
          "index_key": 931,
          "schema_version": 0,
          "attributes": {
            "b64": "qe-Y",
            "b64_std": "qe+Y",
            "b64_url": "qe-Y",
            "byte_length": 3,
            "dec": "11136920",
            "hex": "a9ef98",
            "id": "qe-Y",
            "keepers": {
              "force": "76c2a994-f50d-575a-497b-61ab3dfeeb82"
            },
            "prefix": null
          },
          "private": "bnVsbA=="
        },
        {
          "index_key": 932,
          "schema_version": 0,
          "attributes": {
            "b64": "Lg8d",
            "b64_std": "Lg8d",
            "b64_url": "Lg8d",
            "byte_length": 3,
            "dec": "3018525",
            "hex": "2e0f1d",
            "id": "Lg8d",
            "keepers": {
              "force": "fa490fba-25b4-691c-16da-87a784fe33fa"
            },
            "prefix": null
          },
          "private": "bnVsbA=="
        },
        {
          "index_key": 933,
          "schema_version": 0,
          "attributes": {
            "b64": "90jH",
            "b64_std": "90jH",
            "b64_url": "90jH",
            "byte_length": 3,
            "dec": "16206023",
            "hex": "f748c7",
            "id": "90jH",
            "keepers": {
              "force": "f5c15534-29e2-4701-a9b7-84fd0a3ee172"
            },
            "prefix": null
          },
          "private": "bnVsbA=="
        },
        {
          "index_key": 934,
          "schema_version": 0,
          "attributes": {
            "b64": "oxwv",
            "b64_std": "oxwv",
            "b64_url": "oxwv",
            "byte_length": 3,
            "dec": "10689583",
            "hex": "a31c2f",
            "id": "oxwv",
            "keepers": {
              "force": "36dbd434-58de-33bd-c14f-8bec64535ace"
            },
            "prefix": null
          },
          "private": "bnVsbA=="
        },
        {
          "index_key": 935,
          "schema_version": 0,
          "attributes": {
            "b64": "3nvx",
            "b64_std": "3nvx",
            "b64_url": "3nvx",
            "byte_length": 3,
            "dec": "14580721",
            "hex": "de7bf1",
            "id": "3nvx",
            "keepers": {
              "force": "7f78f664-10be-a63b-8eb7-d9047ea2685f"
            },
            "prefix": null
          },
          "private": "bnVsbA=="
        },
        {
          "index_key": 936,
          "schema_version": 0,
          "attributes": {
            "b64": "sgNt",
            "b64_std": "sgNt",
            "b64_url": "sgNt",
            "byte_length": 3,
            "dec": "11666285",
            "hex": "b2036d",
            "id": "sgNt",
            "keepers": {
              "force": "5517acc7-6745-5a0e-891b-9940d44ac192"
            },
            "prefix": null
          },
          "private": "bnVsbA=="
        },
        {
          "index_key": 937,
          "schema_version": 0,
          "attributes": {
            "b64": "C6c8",
            "b64_std": "C6c8",
            "b64_url": "C6c8",
            "byte_length": 3,
            "dec": "763708",
            "hex": "0ba73c",
            "id": "C6c8",
            "keepers": {
              "force": "f6fc7675-cfeb-0d1f-19ee-948d8b7a1edd"
            },
            "prefix": null
          },
          "private": "bnVsbA=="
        },
        {
          "index_key": 938,
          "schema_version": 0,
          "attributes": {
            "b64": "o96e",
            "b64_std": "o96e",
            "b64_url": "o96e",
            "byte_length": 3,
            "dec": "10739358",
            "hex": "a3de9e",
            "id": "o96e",
            "keepers": {
              "force": "7d7f6e9d-b36c-17fd-6c88-3dc55d148e21"
            },
            "prefix": null
          },
          "private": "bnVsbA=="
        },
        {
          "index_key": 939,
          "schema_version": 0,
          "attributes": {
            "b64": "Maz_",
            "b64_std": "Maz/",
            "b64_url": "Maz_",
            "byte_length": 3,
            "dec": "3255551",
            "hex": "31acff",
            "id": "Maz_",
            "keepers": {
              "force": "f1f4519c-7204-8f7c-8588-50e7a2baa520"
            },
            "prefix": null
          },
          "private": "bnVsbA=="
        },
        {
          "index_key": 940,
          "schema_version": 0,
          "attributes": {
            "b64": "HUiR",
            "b64_std": "HUiR",
            "b64_url": "HUiR",
            "byte_length": 3,
            "dec": "1919121",
            "hex": "1d4891",
            "id": "HUiR",
            "keepers": {
              "force": "8fd906c3-e7d6-765d-6acf-99d7d75e8354"
            },
            "prefix": null
          },
          "private": "bnVsbA=="
        },
        {
          "index_key": 941,
          "schema_version": 0,
          "attributes": {
            "b64": "gK7K",
            "b64_std": "gK7K",
            "b64_url": "gK7K",
            "byte_length": 3,
            "dec": "8433354",
            "hex": "80aeca",
            "id": "gK7K",
            "keepers": {
              "force": "b168ae5b-1e97-56b6-f42c-1dc0de7a214f"
            },
            "prefix": null
          },
          "private": "bnVsbA=="
        },
        {
          "index_key": 942,
          "schema_version": 0,
          "attributes": {
            "b64": "ukmo",
            "b64_std": "ukmo",
            "b64_url": "ukmo",
            "byte_length": 3,
            "dec": "12208552",
            "hex": "ba49a8",
            "id": "ukmo",
            "keepers": {
              "force": "e818dc5f-8a26-d6c8-4fa4-bd5f82328430"
            },
            "prefix": null
          },
          "private": "bnVsbA=="
        },
        {
          "index_key": 943,
          "schema_version": 0,
          "attributes": {
            "b64": "-c3k",
            "b64_std": "+c3k",
            "b64_url": "-c3k",
            "byte_length": 3,
            "dec": "16371172",
            "hex": "f9cde4",
            "id": "-c3k",
            "keepers": {
              "force": "52960685-50c6-7199-0077-b290d5845752"
            },
            "prefix": null
          },
          "private": "bnVsbA=="
        },
        {
          "index_key": 944,
          "schema_version": 0,
          "attributes": {
            "b64": "YlCt",
            "b64_std": "YlCt",
            "b64_url": "YlCt",
            "byte_length": 3,
            "dec": "6443181",
            "hex": "6250ad",
            "id": "YlCt",
            "keepers": {
              "force": "72ae39cd-113e-4df0-69f3-d7f6c1966d69"
            },
            "prefix": null
          },
          "private": "bnVsbA=="
        },
        {
          "index_key": 945,
          "schema_version": 0,
          "attributes": {
            "b64": "Pcrb",
            "b64_std": "Pcrb",
            "b64_url": "Pcrb",
            "byte_length": 3,
            "dec": "4049627",
            "hex": "3dcadb",
            "id": "Pcrb",
            "keepers": {
              "force": "bec8e6fa-528b-da37-cd0e-7ec4ac785677"
            },
            "prefix": null
          },
          "private": "bnVsbA=="
        },
        {
          "index_key": 946,
          "schema_version": 0,
          "attributes": {
            "b64": "BOjd",
            "b64_std": "BOjd",
            "b64_url": "BOjd",
            "byte_length": 3,
            "dec": "321757",
            "hex": "04e8dd",
            "id": "BOjd",
            "keepers": {
              "force": "0559b00a-cee2-592f-f081-29fb83750748"
            },
            "prefix": null
          },
          "private": "bnVsbA=="
        },
        {
          "index_key": 947,
          "schema_version": 0,
          "attributes": {
            "b64": "ENOZ",
            "b64_std": "ENOZ",
            "b64_url": "ENOZ",
            "byte_length": 3,
            "dec": "1102745",
            "hex": "10d399",
            "id": "ENOZ",
            "keepers": {
              "force": "17d0ba23-852a-90c7-6a5a-7fb0cd953258"
            },
            "prefix": null
          },
          "private": "bnVsbA=="
        },
        {
          "index_key": 948,
          "schema_version": 0,
          "attributes": {
            "b64": "Cy6B",
            "b64_std": "Cy6B",
            "b64_url": "Cy6B",
            "byte_length": 3,
            "dec": "732801",
            "hex": "0b2e81",
            "id": "Cy6B",
            "keepers": {
              "force": "9fddade1-80df-356c-e174-315e8964e34c"
            },
            "prefix": null
          },
          "private": "bnVsbA=="
        },
        {
          "index_key": 949,
          "schema_version": 0,
          "attributes": {
            "b64": "twCL",
            "b64_std": "twCL",
            "b64_url": "twCL",
            "byte_length": 3,
            "dec": "11993227",
            "hex": "b7008b",
            "id": "twCL",
            "keepers": {
              "force": "118be332-c193-ed21-96d1-4099f57f55aa"
            },
            "prefix": null
          },
          "private": "bnVsbA=="
        },
        {
          "index_key": 950,
          "schema_version": 0,
          "attributes": {
            "b64": "YiYO",
            "b64_std": "YiYO",
            "b64_url": "YiYO",
            "byte_length": 3,
            "dec": "6432270",
            "hex": "62260e",
            "id": "YiYO",
            "keepers": {
              "force": "fd8207ac-8fd8-1404-172c-18d1c52562bf"
            },
            "prefix": null
          },
          "private": "bnVsbA=="
        },
        {
          "index_key": 951,
          "schema_version": 0,
          "attributes": {
            "b64": "ePa2",
            "b64_std": "ePa2",
            "b64_url": "ePa2",
            "byte_length": 3,
            "dec": "7927478",
            "hex": "78f6b6",
            "id": "ePa2",
            "keepers": {
              "force": "cc46535a-9ce1-b7a0-0188-003c5ee50abb"
            },
            "prefix": null
          },
          "private": "bnVsbA=="
        },
        {
          "index_key": 952,
          "schema_version": 0,
          "attributes": {
            "b64": "9BRg",
            "b64_std": "9BRg",
            "b64_url": "9BRg",
            "byte_length": 3,
            "dec": "15996000",
            "hex": "f41460",
            "id": "9BRg",
            "keepers": {
              "force": "a58bfef6-0af3-0dd6-2033-3b9dc8cc6797"
            },
            "prefix": null
          },
          "private": "bnVsbA=="
        },
        {
          "index_key": 953,
          "schema_version": 0,
          "attributes": {
            "b64": "dvY1",
            "b64_std": "dvY1",
            "b64_url": "dvY1",
            "byte_length": 3,
            "dec": "7796277",
            "hex": "76f635",
            "id": "dvY1",
            "keepers": {
              "force": "059bb37a-9f26-8c5d-fed1-068d1384cf4f"
            },
            "prefix": null
          },
          "private": "bnVsbA=="
        },
        {
          "index_key": 954,
          "schema_version": 0,
          "attributes": {
            "b64": "w8Oj",
            "b64_std": "w8Oj",
            "b64_url": "w8Oj",
            "byte_length": 3,
            "dec": "12829603",
            "hex": "c3c3a3",
            "id": "w8Oj",
            "keepers": {
              "force": "82ce9cef-34d4-19d6-3006-de79d50a58ee"
            },
            "prefix": null
          },
          "private": "bnVsbA=="
        },
        {
          "index_key": 955,
          "schema_version": 0,
          "attributes": {
            "b64": "P5vn",
            "b64_std": "P5vn",
            "b64_url": "P5vn",
            "byte_length": 3,
            "dec": "4168679",
            "hex": "3f9be7",
            "id": "P5vn",
            "keepers": {
              "force": "f0f9ffab-83c1-b192-b369-4902de562ec6"
            },
            "prefix": null
          },
          "private": "bnVsbA=="
        },
        {
          "index_key": 956,
          "schema_version": 0,
          "attributes": {
            "b64": "-2EM",
            "b64_std": "+2EM",
            "b64_url": "-2EM",
            "byte_length": 3,
            "dec": "16474380",
            "hex": "fb610c",
            "id": "-2EM",
            "keepers": {
              "force": "460e6f72-0dc2-d4ab-51a9-10bb10adb71a"
            },
            "prefix": null
          },
          "private": "bnVsbA=="
        },
        {
          "index_key": 957,
          "schema_version": 0,
          "attributes": {
            "b64": "TW4L",
            "b64_std": "TW4L",
            "b64_url": "TW4L",
            "byte_length": 3,
            "dec": "5074443",
            "hex": "4d6e0b",
            "id": "TW4L",
            "keepers": {
              "force": "84f77371-9383-9bcb-5904-1827ee55027a"
            },
            "prefix": null
          },
          "private": "bnVsbA=="
        },
        {
          "index_key": 958,
          "schema_version": 0,
          "attributes": {
            "b64": "SvKP",
            "b64_std": "SvKP",
            "b64_url": "SvKP",
            "byte_length": 3,
            "dec": "4911759",
            "hex": "4af28f",
            "id": "SvKP",
            "keepers": {
              "force": "b9973572-4a79-9a6a-a288-0785e39c8391"
            },
            "prefix": null
          },
          "private": "bnVsbA=="
        },
        {
          "index_key": 959,
          "schema_version": 0,
          "attributes": {
            "b64": "pmxZ",
            "b64_std": "pmxZ",
            "b64_url": "pmxZ",
            "byte_length": 3,
            "dec": "10906713",
            "hex": "a66c59",
            "id": "pmxZ",
            "keepers": {
              "force": "50e702d1-f78c-221f-b5c2-b3eef003080f"
            },
            "prefix": null
          },
          "private": "bnVsbA=="
        },
        {
          "index_key": 960,
          "schema_version": 0,
          "attributes": {
            "b64": "HmoZ",
            "b64_std": "HmoZ",
            "b64_url": "HmoZ",
            "byte_length": 3,
            "dec": "1993241",
            "hex": "1e6a19",
            "id": "HmoZ",
            "keepers": {
              "force": "dac8aea1-6550-2398-6c50-83e5c30ecdba"
            },
            "prefix": null
          },
          "private": "bnVsbA=="
        },
        {
          "index_key": 961,
          "schema_version": 0,
          "attributes": {
            "b64": "YQWQ",
            "b64_std": "YQWQ",
            "b64_url": "YQWQ",
            "byte_length": 3,
            "dec": "6358416",
            "hex": "610590",
            "id": "YQWQ",
            "keepers": {
              "force": "887f0bcd-04c6-7f2e-5637-b31e48efbcd2"
            },
            "prefix": null
          },
          "private": "bnVsbA=="
        },
        {
          "index_key": 962,
          "schema_version": 0,
          "attributes": {
            "b64": "2878",
            "b64_std": "2878",
            "b64_url": "2878",
            "byte_length": 3,
            "dec": "14405372",
            "hex": "dbcefc",
            "id": "2878",
            "keepers": {
              "force": "27459145-ea5a-11cc-8ee1-aceec845cc91"
            },
            "prefix": null
          },
          "private": "bnVsbA=="
        },
        {
          "index_key": 963,
          "schema_version": 0,
          "attributes": {
            "b64": "adNy",
            "b64_std": "adNy",
            "b64_url": "adNy",
            "byte_length": 3,
            "dec": "6935410",
            "hex": "69d372",
            "id": "adNy",
            "keepers": {
              "force": "35dd2202-6c5b-8d44-453e-2e821a36f574"
            },
            "prefix": null
          },
          "private": "bnVsbA=="
        },
        {
          "index_key": 964,
          "schema_version": 0,
          "attributes": {
            "b64": "aVn6",
            "b64_std": "aVn6",
            "b64_url": "aVn6",
            "byte_length": 3,
            "dec": "6904314",
            "hex": "6959fa",
            "id": "aVn6",
            "keepers": {
              "force": "fc51adf1-cda7-be10-7f8a-8657b3300ef0"
            },
            "prefix": null
          },
          "private": "bnVsbA=="
        },
        {
          "index_key": 965,
          "schema_version": 0,
          "attributes": {
            "b64": "8RQU",
            "b64_std": "8RQU",
            "b64_url": "8RQU",
            "byte_length": 3,
            "dec": "15799316",
            "hex": "f11414",
            "id": "8RQU",
            "keepers": {
              "force": "7e9f3596-0fed-c48b-9eed-f57ca25800da"
            },
            "prefix": null
          },
          "private": "bnVsbA=="
        },
        {
          "index_key": 966,
          "schema_version": 0,
          "attributes": {
            "b64": "iHe4",
            "b64_std": "iHe4",
            "b64_url": "iHe4",
            "byte_length": 3,
            "dec": "8943544",
            "hex": "8877b8",
            "id": "iHe4",
            "keepers": {
              "force": "80271d41-0eb8-fb08-95cc-a9ef47bfb3d3"
            },
            "prefix": null
          },
          "private": "bnVsbA=="
        },
        {
          "index_key": 967,
          "schema_version": 0,
          "attributes": {
            "b64": "nSkI",
            "b64_std": "nSkI",
            "b64_url": "nSkI",
            "byte_length": 3,
            "dec": "10299656",
            "hex": "9d2908",
            "id": "nSkI",
            "keepers": {
              "force": "5e3f2168-c5ac-aba2-8039-09dd2b0e6fc4"
            },
            "prefix": null
          },
          "private": "bnVsbA=="
        },
        {
          "index_key": 968,
          "schema_version": 0,
          "attributes": {
            "b64": "CmTa",
            "b64_std": "CmTa",
            "b64_url": "CmTa",
            "byte_length": 3,
            "dec": "681178",
            "hex": "0a64da",
            "id": "CmTa",
            "keepers": {
              "force": "2e5e2899-92ca-75af-462d-dcdc6b5cd49c"
            },
            "prefix": null
          },
          "private": "bnVsbA=="
        },
        {
          "index_key": 969,
          "schema_version": 0,
          "attributes": {
            "b64": "gyWF",
            "b64_std": "gyWF",
            "b64_url": "gyWF",
            "byte_length": 3,
            "dec": "8594821",
            "hex": "832585",
            "id": "gyWF",
            "keepers": {
              "force": "4dc56b66-4181-279c-cc52-f53420bdca60"
            },
            "prefix": null
          },
          "private": "bnVsbA=="
        },
        {
          "index_key": 970,
          "schema_version": 0,
          "attributes": {
            "b64": "-Vai",
            "b64_std": "+Vai",
            "b64_url": "-Vai",
            "byte_length": 3,
            "dec": "16340642",
            "hex": "f956a2",
            "id": "-Vai",
            "keepers": {
              "force": "d533e8a2-8a6f-00b0-0832-939dd2da0f8f"
            },
            "prefix": null
          },
          "private": "bnVsbA=="
        },
        {
          "index_key": 971,
          "schema_version": 0,
          "attributes": {
            "b64": "AIbM",
            "b64_std": "AIbM",
            "b64_url": "AIbM",
            "byte_length": 3,
            "dec": "34508",
            "hex": "0086cc",
            "id": "AIbM",
            "keepers": {
              "force": "3a55d042-8f31-b287-9464-5b5b4e07ac2a"
            },
            "prefix": null
          },
          "private": "bnVsbA=="
        },
        {
          "index_key": 972,
          "schema_version": 0,
          "attributes": {
            "b64": "KqaK",
            "b64_std": "KqaK",
            "b64_url": "KqaK",
            "byte_length": 3,
            "dec": "2795146",
            "hex": "2aa68a",
            "id": "KqaK",
            "keepers": {
              "force": "7d0ed9ee-34cf-8164-ecb3-47fd2199c62c"
            },
            "prefix": null
          },
          "private": "bnVsbA=="
        },
        {
          "index_key": 973,
          "schema_version": 0,
          "attributes": {
            "b64": "8tgU",
            "b64_std": "8tgU",
            "b64_url": "8tgU",
            "byte_length": 3,
            "dec": "15915028",
            "hex": "f2d814",
            "id": "8tgU",
            "keepers": {
              "force": "0d90be1b-1e74-1dba-595d-3f97cb49fd0f"
            },
            "prefix": null
          },
          "private": "bnVsbA=="
        },
        {
          "index_key": 974,
          "schema_version": 0,
          "attributes": {
            "b64": "lRXV",
            "b64_std": "lRXV",
            "b64_url": "lRXV",
            "byte_length": 3,
            "dec": "9770453",
            "hex": "9515d5",
            "id": "lRXV",
            "keepers": {
              "force": "d286c964-62df-6448-d871-4eb481f9a45c"
            },
            "prefix": null
          },
          "private": "bnVsbA=="
        },
        {
          "index_key": 975,
          "schema_version": 0,
          "attributes": {
            "b64": "bcZg",
            "b64_std": "bcZg",
            "b64_url": "bcZg",
            "byte_length": 3,
            "dec": "7194208",
            "hex": "6dc660",
            "id": "bcZg",
            "keepers": {
              "force": "4760597b-7293-4100-ac8e-4276a43382dd"
            },
            "prefix": null
          },
          "private": "bnVsbA=="
        },
        {
          "index_key": 976,
          "schema_version": 0,
          "attributes": {
            "b64": "54rU",
            "b64_std": "54rU",
            "b64_url": "54rU",
            "byte_length": 3,
            "dec": "15174356",
            "hex": "e78ad4",
            "id": "54rU",
            "keepers": {
              "force": "11114b0b-d3fd-3742-42fa-01b636f94444"
            },
            "prefix": null
          },
          "private": "bnVsbA=="
        },
        {
          "index_key": 977,
          "schema_version": 0,
          "attributes": {
            "b64": "8jyl",
            "b64_std": "8jyl",
            "b64_url": "8jyl",
            "byte_length": 3,
            "dec": "15875237",
            "hex": "f23ca5",
            "id": "8jyl",
            "keepers": {
              "force": "2bd6461c-8c41-8a43-31a4-f97f386f2ef9"
            },
            "prefix": null
          },
          "private": "bnVsbA=="
        },
        {
          "index_key": 978,
          "schema_version": 0,
          "attributes": {
            "b64": "jZiM",
            "b64_std": "jZiM",
            "b64_url": "jZiM",
            "byte_length": 3,
            "dec": "9279628",
            "hex": "8d988c",
            "id": "jZiM",
            "keepers": {
              "force": "169be99a-301d-460d-cf42-5ac4ac23b420"
            },
            "prefix": null
          },
          "private": "bnVsbA=="
        },
        {
          "index_key": 979,
          "schema_version": 0,
          "attributes": {
            "b64": "X0ND",
            "b64_std": "X0ND",
            "b64_url": "X0ND",
            "byte_length": 3,
            "dec": "6243139",
            "hex": "5f4343",
            "id": "X0ND",
            "keepers": {
              "force": "0433566c-88f0-5400-5145-154764ea9b29"
            },
            "prefix": null
          },
          "private": "bnVsbA=="
        },
        {
          "index_key": 980,
          "schema_version": 0,
          "attributes": {
            "b64": "Hoco",
            "b64_std": "Hoco",
            "b64_url": "Hoco",
            "byte_length": 3,
            "dec": "2000680",
            "hex": "1e8728",
            "id": "Hoco",
            "keepers": {
              "force": "cf71cb13-6739-8c01-c4ee-3d0ae6121840"
            },
            "prefix": null
          },
          "private": "bnVsbA=="
        },
        {
          "index_key": 981,
          "schema_version": 0,
          "attributes": {
            "b64": "tpO_",
            "b64_std": "tpO/",
            "b64_url": "tpO_",
            "byte_length": 3,
            "dec": "11965375",
            "hex": "b693bf",
            "id": "tpO_",
            "keepers": {
              "force": "67bc96eb-6ceb-0d8f-4070-f45a0c288f18"
            },
            "prefix": null
          },
          "private": "bnVsbA=="
        },
        {
          "index_key": 982,
          "schema_version": 0,
          "attributes": {
            "b64": "zSdV",
            "b64_std": "zSdV",
            "b64_url": "zSdV",
            "byte_length": 3,
            "dec": "13444949",
            "hex": "cd2755",
            "id": "zSdV",
            "keepers": {
              "force": "35b255d7-3a20-7b22-c6b0-0b7ecf7fa076"
            },
            "prefix": null
          },
          "private": "bnVsbA=="
        },
        {
          "index_key": 983,
          "schema_version": 0,
          "attributes": {
            "b64": "3SE6",
            "b64_std": "3SE6",
            "b64_url": "3SE6",
            "byte_length": 3,
            "dec": "14491962",
            "hex": "dd213a",
            "id": "3SE6",
            "keepers": {
              "force": "c7beee6a-7f53-6ee3-efe1-959b573022f0"
            },
            "prefix": null
          },
          "private": "bnVsbA=="
        },
        {
          "index_key": 984,
          "schema_version": 0,
          "attributes": {
            "b64": "c5Tn",
            "b64_std": "c5Tn",
            "b64_url": "c5Tn",
            "byte_length": 3,
            "dec": "7574759",
            "hex": "7394e7",
            "id": "c5Tn",
            "keepers": {
              "force": "0c5ebad2-0655-76e0-b94f-985b91979f7e"
            },
            "prefix": null
          },
          "private": "bnVsbA=="
        },
        {
          "index_key": 985,
          "schema_version": 0,
          "attributes": {
            "b64": "bwcN",
            "b64_std": "bwcN",
            "b64_url": "bwcN",
            "byte_length": 3,
            "dec": "7276301",
            "hex": "6f070d",
            "id": "bwcN",
            "keepers": {
              "force": "d18ca4c3-a080-3abe-8cb7-669ee0fc7782"
            },
            "prefix": null
          },
          "private": "bnVsbA=="
        },
        {
          "index_key": 986,
          "schema_version": 0,
          "attributes": {
            "b64": "aoyI",
            "b64_std": "aoyI",
            "b64_url": "aoyI",
            "byte_length": 3,
            "dec": "6982792",
            "hex": "6a8c88",
            "id": "aoyI",
            "keepers": {
              "force": "4a52079d-c632-efb3-0d49-5d74ea864959"
            },
            "prefix": null
          },
          "private": "bnVsbA=="
        },
        {
          "index_key": 987,
          "schema_version": 0,
          "attributes": {
            "b64": "16S2",
            "b64_std": "16S2",
            "b64_url": "16S2",
            "byte_length": 3,
            "dec": "14132406",
            "hex": "d7a4b6",
            "id": "16S2",
            "keepers": {
              "force": "406590b3-3d37-6afe-49aa-ec6563ae5a95"
            },
            "prefix": null
          },
          "private": "bnVsbA=="
        },
        {
          "index_key": 988,
          "schema_version": 0,
          "attributes": {
            "b64": "_Amx",
            "b64_std": "/Amx",
            "b64_url": "_Amx",
            "byte_length": 3,
            "dec": "16517553",
            "hex": "fc09b1",
            "id": "_Amx",
            "keepers": {
              "force": "25dc312b-b8d7-13b5-22a7-a707aa78f465"
            },
            "prefix": null
          },
          "private": "bnVsbA=="
        },
        {
          "index_key": 989,
          "schema_version": 0,
          "attributes": {
            "b64": "vIVo",
            "b64_std": "vIVo",
            "b64_url": "vIVo",
            "byte_length": 3,
            "dec": "12354920",
            "hex": "bc8568",
            "id": "vIVo",
            "keepers": {
              "force": "f40ad87b-9b8e-52ee-2b5d-e513d497d471"
            },
            "prefix": null
          },
          "private": "bnVsbA=="
        },
        {
          "index_key": 990,
          "schema_version": 0,
          "attributes": {
            "b64": "jjmI",
            "b64_std": "jjmI",
            "b64_url": "jjmI",
            "byte_length": 3,
            "dec": "9320840",
            "hex": "8e3988",
            "id": "jjmI",
            "keepers": {
              "force": "5b8931d5-f5e4-19fd-c96f-635e88f5f06a"
            },
            "prefix": null
          },
          "private": "bnVsbA=="
        },
        {
          "index_key": 991,
          "schema_version": 0,
          "attributes": {
            "b64": "aUT4",
            "b64_std": "aUT4",
            "b64_url": "aUT4",
            "byte_length": 3,
            "dec": "6898936",
            "hex": "6944f8",
            "id": "aUT4",
            "keepers": {
              "force": "dfa7f933-d7f9-af79-4aa6-57b24402bf20"
            },
            "prefix": null
          },
          "private": "bnVsbA=="
        },
        {
          "index_key": 992,
          "schema_version": 0,
          "attributes": {
            "b64": "Ujam",
            "b64_std": "Ujam",
            "b64_url": "Ujam",
            "byte_length": 3,
            "dec": "5387942",
            "hex": "5236a6",
            "id": "Ujam",
            "keepers": {
              "force": "768d4a3a-72e2-6cbf-291f-677e9ea311b8"
            },
            "prefix": null
          },
          "private": "bnVsbA=="
        },
        {
          "index_key": 993,
          "schema_version": 0,
          "attributes": {
            "b64": "_DYv",
            "b64_std": "/DYv",
            "b64_url": "_DYv",
            "byte_length": 3,
            "dec": "16528943",
            "hex": "fc362f",
            "id": "_DYv",
            "keepers": {
              "force": "e2ec5f97-253a-da36-71a8-001bbe8f7bd9"
            },
            "prefix": null
          },
          "private": "bnVsbA=="
        },
        {
          "index_key": 994,
          "schema_version": 0,
          "attributes": {
            "b64": "3LXJ",
            "b64_std": "3LXJ",
            "b64_url": "3LXJ",
            "byte_length": 3,
            "dec": "14464457",
            "hex": "dcb5c9",
            "id": "3LXJ",
            "keepers": {
              "force": "b1d23747-1eef-61a1-d702-456e6984fbfb"
            },
            "prefix": null
          },
          "private": "bnVsbA=="
        },
        {
          "index_key": 995,
          "schema_version": 0,
          "attributes": {
            "b64": "iwxZ",
            "b64_std": "iwxZ",
            "b64_url": "iwxZ",
            "byte_length": 3,
            "dec": "9112665",
            "hex": "8b0c59",
            "id": "iwxZ",
            "keepers": {
              "force": "138fb13c-741f-491a-79e2-17222f186a72"
            },
            "prefix": null
          },
          "private": "bnVsbA=="
        },
        {
          "index_key": 996,
          "schema_version": 0,
          "attributes": {
            "b64": "WDL4",
            "b64_std": "WDL4",
            "b64_url": "WDL4",
            "byte_length": 3,
            "dec": "5780216",
            "hex": "5832f8",
            "id": "WDL4",
            "keepers": {
              "force": "bf34fd12-ea33-1192-9902-f55dda6ec16e"
            },
            "prefix": null
          },
          "private": "bnVsbA=="
        },
        {
          "index_key": 997,
          "schema_version": 0,
          "attributes": {
            "b64": "ISUI",
            "b64_std": "ISUI",
            "b64_url": "ISUI",
            "byte_length": 3,
            "dec": "2172168",
            "hex": "212508",
            "id": "ISUI",
            "keepers": {
              "force": "bf64ed5b-42b2-664f-599c-cd4e4de7e18a"
            },
            "prefix": null
          },
          "private": "bnVsbA=="
        },
        {
          "index_key": 998,
          "schema_version": 0,
          "attributes": {
            "b64": "xO-I",
            "b64_std": "xO+I",
            "b64_url": "xO-I",
            "byte_length": 3,
            "dec": "12906376",
            "hex": "c4ef88",
            "id": "xO-I",
            "keepers": {
              "force": "617d6273-cb34-2b4b-4f9c-8815c7abf6b2"
            },
            "prefix": null
          },
          "private": "bnVsbA=="
        },
        {
          "index_key": 999,
          "schema_version": 0,
          "attributes": {
            "b64": "VQzP",
            "b64_std": "VQzP",
            "b64_url": "VQzP",
            "byte_length": 3,
            "dec": "5573839",
            "hex": "550ccf",
            "id": "VQzP",
            "keepers": {
              "force": "e55cf1a2-fb46-d541-3197-aca95ba04d5d"
            },
            "prefix": null
          },
          "private": "bnVsbA=="
        }
      ]
    }
  ]
}
