{
  "version": 4,
  "terraform_version": "0.12.28",
  "serial": 15588,
  "lineage": "f6af8add-a973-dd55-7fd2-e91e043fb938",
  "outputs": {
    "index": {
      "value": [
        "x=0",
        "x=8",
        "x=7",
        "x=5",
        "x=1",
        "x=6",
        "x=0",
        "x=1",
        "x=2",
        "x=9",
        "x=9",
        "x=7",
        "x=8",
        "x=1",
        "x=3",
        "x=2",
        "x=8",
        "x=2",
        "x=4",
        "x=0",
        "x=0",
        "x=8",
        "x=7",
        "x=8",
        "x=1",
        "x=0",
        "x=4",
        "x=6",
        "x=7",
        "x=4",
        "x=1",
        "x=2",
        "x=4",
        "x=5",
        "x=9",
        "x=7",
        "x=5",
        "x=8",
        "x=6",
        "x=4",
        "x=5",
        "x=4",
        "x=5",
        "x=0",
        "x=1",
        "x=2",
        "x=5",
        "x=8",
        "x=3",
        "x=0",
        "x=8",
        "x=4",
        "x=5",
        "x=9",
        "x=6",
        "x=8",
        "x=0",
        "x=7",
        "x=4",
        "x=9",
        "x=5",
        "x=7",
        "x=6",
        "x=8",
        "x=4",
        "x=3",
        "x=8",
        "x=4",
        "x=7",
        "x=7",
        "x=9",
        "x=3",
        "x=4",
        "x=0",
        "x=2",
        "x=3",
        "x=0",
        "x=6",
        "x=5",
        "x=4",
        "x=6",
        "x=6",
        "x=8",
        "x=1",
        "x=1",
        "x=0",
        "x=3",
        "x=8",
        "x=8",
        "x=4",
        "x=4",
        "x=7",
        "x=5",
        "x=3",
        "x=7",
        "x=6",
        "x=9",
        "x=0",
        "x=7",
        "x=3",
        "x=6",
        "x=9",
        "x=2",
        "x=2",
        "x=0",
        "x=9",
        "x=5",
        "x=2",
        "x=6",
        "x=8",
        "x=7",
        "x=4",
        "x=7",
        "x=1",
        "x=3",
        "x=4",
        "x=0",
        "x=3",
        "x=7",
        "x=3",
        "x=6",
        "x=2",
        "x=4",
        "x=8",
        "x=9",
        "x=8",
        "x=2",
        "x=1",
        "x=4",
        "x=7",
        "x=9",
        "x=5",
        "x=1",
        "x=2",
        "x=6",
        "x=7",
        "x=2",
        "x=5",
        "x=6",
        "x=9",
        "x=8",
        "x=3",
        "x=2",
        "x=3",
        "x=0",
        "x=7",
        "x=6",
        "x=3",
        "x=6",
        "x=4",
        "x=1",
        "x=7",
        "x=5",
        "x=1",
        "x=9",
        "x=6",
        "x=7",
        "x=7",
        "x=7",
        "x=1",
        "x=1",
        "x=4",
        "x=2",
        "x=1",
        "x=5",
        "x=9",
        "x=9",
        "x=2",
        "x=1",
        "x=7",
        "x=0",
        "x=7",
        "x=6",
        "x=0",
        "x=0",
        "x=1",
        "x=1",
        "x=9",
        "x=9",
        "x=3",
        "x=0",
        "x=7",
        "x=2",
        "x=2",
        "x=0",
        "x=6",
        "x=2",
        "x=5",
        "x=9",
        "x=6",
        "x=4",
        "x=2",
        "x=6",
        "x=6",
        "x=1",
        "x=4",
        "x=7",
        "x=6",
        "x=4",
        "x=2",
        "x=9",
        "x=4",
        "x=1",
        "x=1",
        "x=1",
        "x=8",
        "x=3",
        "x=0",
        "x=8",
        "x=7",
        "x=2",
        "x=8",
        "x=2",
        "x=9",
        "x=0",
        "x=0",
        "x=1",
        "x=9",
        "x=0",
        "x=4",
        "x=3",
        "x=5",
        "x=4",
        "x=9",
        "x=7",
        "x=3",
        "x=0",
        "x=7",
        "x=7",
        "x=4",
        "x=4",
        "x=5",
        "x=5",
        "x=6",
        "x=2",
        "x=2",
        "x=6",
        "x=3",
        "x=8",
        "x=7",
        "x=8",
        "x=1",
        "x=6",
        "x=6",
        "x=1",
        "x=7",
        "x=2",
        "x=3",
        "x=7",
        "x=9",
        "x=1",
        "x=1",
        "x=2",
        "x=3",
        "x=7",
        "x=2",
        "x=2",
        "x=3",
        "x=6",
        "x=1",
        "x=0",
        "x=1",
        "x=8",
        "x=9",
        "x=6",
        "x=0",
        "x=9",
        "x=7",
        "x=9",
        "x=4",
        "x=7",
        "x=9",
        "x=2",
        "x=0",
        "x=1",
        "x=1",
        "x=8",
        "x=9",
        "x=4",
        "x=3",
        "x=6",
        "x=2",
        "x=8",
        "x=8",
        "x=4",
        "x=5",
        "x=7",
        "x=9",
        "x=9",
        "x=8",
        "x=8",
        "x=3",
        "x=0",
        "x=2",
        "x=6",
        "x=2",
        "x=7",
        "x=1",
        "x=9",
        "x=8",
        "x=6",
        "x=3",
        "x=9",
        "x=5",
        "x=1",
        "x=1",
        "x=7",
        "x=8",
        "x=0",
        "x=0",
        "x=9",
        "x=9",
        "x=0",
        "x=8",
        "x=5",
        "x=5",
        "x=7",
        "x=4",
        "x=0",
        "x=0",
        "x=9",
        "x=5",
        "x=3",
        "x=4",
        "x=6",
        "x=2",
        "x=8",
        "x=6",
        "x=7",
        "x=2",
        "x=5",
        "x=1",
        "x=6",
        "x=1",
        "x=9",
        "x=0",
        "x=5",
        "x=3",
        "x=8",
        "x=1",
        "x=8",
        "x=9",
        "x=4",
        "x=4",
        "x=5",
        "x=9",
        "x=7",
        "x=6",
        "x=6",
        "x=2",
        "x=3",
        "x=2",
        "x=4",
        "x=5",
        "x=0",
        "x=2",
        "x=9",
        "x=7",
        "x=8",
        "x=5",
        "x=2",
        "x=3",
        "x=2",
        "x=2",
        "x=9",
        "x=1",
        "x=4",
        "x=1",
        "x=7",
        "x=4",
        "x=6",
        "x=3",
        "x=8",
        "x=0",
        "x=8",
        "x=6",
        "x=1",
        "x=0",
        "x=2",
        "x=0",
        "x=5",
        "x=5",
        "x=1",
        "x=6",
        "x=9",
        "x=1",
        "x=7",
        "x=9",
        "x=6",
        "x=7",
        "x=5",
        "x=8",
        "x=1",
        "x=3",
        "x=2",
        "x=4",
        "x=4",
        "x=2",
        "x=3",
        "x=6",
        "x=5",
        "x=9",
        "x=9",
        "x=9",
        "x=9",
        "x=2",
        "x=9",
        "x=4",
        "x=8",
        "x=9",
        "x=2",
        "x=1",
        "x=1",
        "x=0",
        "x=8",
        "x=1",
        "x=5",
        "x=8",
        "x=6",
        "x=2",
        "x=7",
        "x=7",
        "x=8",
        "x=5",
        "x=1",
        "x=8",
        "x=8",
        "x=8",
        "x=8",
        "x=7",
        "x=5",
        "x=7",
        "x=8",
        "x=0",
        "x=9",
        "x=2",
        "x=9",
        "x=5",
        "x=4",
        "x=2",
        "x=7",
        "x=8",
        "x=0",
        "x=2",
        "x=7",
        "x=0",
        "x=5",
        "x=6",
        "x=6",
        "x=6",
        "x=3",
        "x=9",
        "x=2",
        "x=4",
        "x=9",
        "x=0",
        "x=6",
        "x=4",
        "x=7",
        "x=8",
        "x=1",
        "x=4",
        "x=9",
        "x=8",
        "x=6",
        "x=5",
        "x=0",
        "x=8",
        "x=1",
        "x=6",
        "x=0",
        "x=9",
        "x=2",
        "x=1",
        "x=2",
        "x=8",
        "x=3",
        "x=1",
        "x=5",
        "x=8",
        "x=2",
        "x=5",
        "x=2",
        "x=2",
        "x=1",
        "x=3",
        "x=2",
        "x=9",
        "x=3",
        "x=1",
        "x=3",
        "x=5",
        "x=9",
        "x=5",
        "x=0",
        "x=7",
        "x=1",
        "x=8",
        "x=0",
        "x=7",
        "x=0",
        "x=8",
        "x=5",
        "x=8",
        "x=2",
        "x=6",
        "x=0",
        "x=7",
        "x=3",
        "x=4",
        "x=9",
        "x=0",
        "x=1",
        "x=9",
        "x=7",
        "x=4",
        "x=7",
        "x=8",
        "x=9",
        "x=5",
        "x=0",
        "x=7",
        "x=8",
        "x=9",
        "x=8",
        "x=6",
        "x=9",
        "x=0",
        "x=6",
        "x=6",
        "x=1",
        "x=9",
        "x=1",
        "x=1",
        "x=9",
        "x=0",
        "x=1",
        "x=9",
        "x=7",
        "x=3",
        "x=9",
        "x=7",
        "x=8",
        "x=0",
        "x=7",
        "x=7",
        "x=1",
        "x=1",
        "x=0",
        "x=6",
        "x=1",
        "x=1",
        "x=0",
        "x=4",
        "x=4",
        "x=7",
        "x=7",
        "x=2",
        "x=5",
        "x=1",
        "x=2",
        "x=1",
        "x=8",
        "x=8",
        "x=2",
        "x=9",
        "x=1",
        "x=4",
        "x=7",
        "x=2",
        "x=9",
        "x=9",
        "x=0",
        "x=8",
        "x=4",
        "x=4",
        "x=1",
        "x=5",
        "x=5",
        "x=3",
        "x=3",
        "x=1",
        "x=6",
        "x=4",
        "x=0",
        "x=9",
        "x=4",
        "x=4",
        "x=1",
        "x=3",
        "x=3",
        "x=8",
        "x=3",
        "x=9",
        "x=7",
        "x=5",
        "x=6",
        "x=6",
        "x=9",
        "x=2",
        "x=2",
        "x=6",
        "x=8",
        "x=5",
        "x=6",
        "x=4",
        "x=1",
        "x=3",
        "x=9",
        "x=7",
        "x=2",
        "x=3",
        "x=9",
        "x=4",
        "x=6",
        "x=3",
        "x=2",
        "x=9",
        "x=3",
        "x=2",
        "x=9",
        "x=3",
        "x=9",
        "x=0",
        "x=0",
        "x=6",
        "x=8",
        "x=9",
        "x=8",
        "x=4",
        "x=8",
        "x=0",
        "x=7",
        "x=1",
        "x=0",
        "x=9",
        "x=0",
        "x=3",
        "x=6",
        "x=0",
        "x=7",
        "x=9",
        "x=4",
        "x=9",
        "x=6",
        "x=2",
        "x=1",
        "x=0",
        "x=2",
        "x=8",
        "x=4",
        "x=8",
        "x=5",
        "x=7",
        "x=6",
        "x=6",
        "x=7",
        "x=2",
        "x=3",
        "x=8",
        "x=6",
        "x=0",
        "x=7",
        "x=1",
        "x=6",
        "x=1",
        "x=2",
        "x=2",
        "x=6",
        "x=4",
        "x=1",
        "x=7",
        "x=0",
        "x=7",
        "x=3",
        "x=6",
        "x=9",
        "x=5",
        "x=7",
        "x=0",
        "x=2",
        "x=3",
        "x=0",
        "x=4",
        "x=8",
        "x=7",
        "x=9",
        "x=7",
        "x=4",
        "x=0",
        "x=7",
        "x=1",
        "x=7",
        "x=2",
        "x=1",
        "x=9",
        "x=9",
        "x=9",
        "x=9",
        "x=6",
        "x=0",
        "x=6",
        "x=4",
        "x=5",
        "x=9",
        "x=4",
        "x=8",
        "x=2",
        "x=9",
        "x=3",
        "x=2",
        "x=7",
        "x=9",
        "x=4",
        "x=0",
        "x=3",
        "x=0",
        "x=4",
        "x=3",
        "x=9",
        "x=7",
        "x=4",
        "x=1",
        "x=2",
        "x=4",
        "x=1",
        "x=9",
        "x=6",
        "x=3",
        "x=0",
        "x=6",
        "x=2",
        "x=9",
        "x=8",
        "x=9",
        "x=6",
        "x=5",
        "x=0",
        "x=4",
        "x=9",
        "x=9",
        "x=3",
        "x=7",
        "x=1",
        "x=7",
        "x=1",
        "x=5",
        "x=1",
        "x=8",
        "x=9",
        "x=3",
        "x=2",
        "x=4",
        "x=0",
        "x=3",
        "x=8",
        "x=1",
        "x=6",
        "x=2",
        "x=3",
        "x=6",
        "x=2",
        "x=9",
        "x=8",
        "x=6",
        "x=0",
        "x=9",
        "x=8",
        "x=2",
        "x=0",
        "x=1",
        "x=0",
        "x=6",
        "x=2",
        "x=4",
        "x=7",
        "x=0",
        "x=4",
        "x=9",
        "x=7",
        "x=3",
        "x=7",
        "x=9",
        "x=1",
        "x=2",
        "x=1",
        "x=1",
        "x=6",
        "x=4",
        "x=5",
        "x=6",
        "x=3",
        "x=5",
        "x=0",
        "x=1",
        "x=3",
        "x=6",
        "x=3",
        "x=9",
        "x=6",
        "x=2",
        "x=5",
        "x=5",
        "x=1",
        "x=3",
        "x=6",
        "x=1",
        "x=3",
        "x=0",
        "x=9",
        "x=4",
        "x=4",
        "x=1",
        "x=3",
        "x=8",
        "x=6",
        "x=6",
        "x=5",
        "x=1",
        "x=4",
        "x=7",
        "x=4",
        "x=0",
        "x=2",
        "x=5",
        "x=0",
        "x=1",
        "x=2",
        "x=0",
        "x=3",
        "x=8",
        "x=5",
        "x=9",
        "x=5",
        "x=9",
        "x=3",
        "x=5",
        "x=5",
        "x=0",
        "x=7",
        "x=6",
        "x=0",
        "x=4",
        "x=0",
        "x=8",
        "x=3",
        "x=9",
        "x=1",
        "x=6",
        "x=8",
        "x=2",
        "x=9",
        "x=8",
        "x=9",
        "x=3",
        "x=7",
        "x=3",
        "x=6",
        "x=0",
        "x=0",
        "x=8",
        "x=5",
        "x=0",
        "x=3",
        "x=0",
        "x=1",
        "x=3",
        "x=5",
        "x=1",
        "x=9",
        "x=4",
        "x=3",
        "x=8",
        "x=4",
        "x=0",
        "x=0",
        "x=1",
        "x=0",
        "x=1",
        "x=2",
        "x=0",
        "x=1",
        "x=8",
        "x=7",
        "x=3",
        "x=4",
        "x=4",
        "x=7",
        "x=6",
        "x=5",
        "x=3",
        "x=4",
        "x=1",
        "x=1",
        "x=1",
        "x=7",
        "x=3",
        "x=3",
        "x=9",
        "x=7",
        "x=5",
        "x=9",
        "x=7",
        "x=1",
        "x=1",
        "x=8",
        "x=4",
        "x=8",
        "x=7",
        "x=3",
        "x=2",
        "x=6",
        "x=9",
        "x=4",
        "x=8",
        "x=4",
        "x=1",
        "x=2",
        "x=4",
        "x=5",
        "x=7",
        "x=3",
        "x=0",
        "x=6",
        "x=4",
        "x=4",
        "x=7",
        "x=6",
        "x=8",
        "x=9",
        "x=9",
        "x=3",
        "x=1",
        "x=9",
        "x=6",
        "x=9",
        "x=3",
        "x=1",
        "x=8",
        "x=4",
        "x=5",
        "x=2",
        "x=2",
        "x=4",
        "x=9",
        "x=9",
        "x=6",
        "x=5",
        "x=2",
        "x=5",
        "x=9",
        "x=2",
        "x=0",
        "x=9",
        "x=7",
        "x=2",
        "x=2",
        "x=4",
        "x=9",
        "x=1",
        "x=1",
        "x=1",
        "x=2",
        "x=5",
        "x=7",
        "x=9",
        "x=8",
        "x=5",
        "x=7",
        "x=2",
        "x=8",
        "x=4",
        "x=5",
        "x=8",
        "x=1",
        "x=5",
        "x=1",
        "x=7",
        "x=4",
        "x=3",
        "x=9",
        "x=5",
        "x=5",
        "x=5",
        "x=5",
        "x=1",
        "x=0",
        "x=5",
        "x=6",
        "x=7",
        "x=4",
        "x=3",
        "x=2",
        "x=9",
        "x=1",
        "x=8",
        "x=5",
        "x=6",
        "x=1",
        "x=0"
      ],
      "type": [
        "tuple",
        [
          "string",
          "string",
          "string",
          "string",
          "string",
          "string",
          "string",
          "string",
          "string",
          "string",
          "string",
          "string",
          "string",
          "string",
          "string",
          "string",
          "string",
          "string",
          "string",
          "string",
          "string",
          "string",
          "string",
          "string",
          "string",
          "string",
          "string",
          "string",
          "string",
          "string",
          "string",
          "string",
          "string",
          "string",
          "string",
          "string",
          "string",
          "string",
          "string",
          "string",
          "string",
          "string",
          "string",
          "string",
          "string",
          "string",
          "string",
          "string",
          "string",
          "string",
          "string",
          "string",
          "string",
          "string",
          "string",
          "string",
          "string",
          "string",
          "string",
          "string",
          "string",
          "string",
          "string",
          "string",
          "string",
          "string",
          "string",
          "string",
          "string",
          "string",
          "string",
          "string",
          "string",
          "string",
          "string",
          "string",
          "string",
          "string",
          "string",
          "string",
          "string",
          "string",
          "string",
          "string",
          "string",
          "string",
          "string",
          "string",
          "string",
          "string",
          "string",
          "string",
          "string",
          "string",
          "string",
          "string",
          "string",
          "string",
          "string",
          "string",
          "string",
          "string",
          "string",
          "string",
          "string",
          "string",
          "string",
          "string",
          "string",
          "string",
          "string",
          "string",
          "string",
          "string",
          "string",
          "string",
          "string",
          "string",
          "string",
          "string",
          "string",
          "string",
          "string",
          "string",
          "string",
          "string",
          "string",
          "string",
          "string",
          "string",
          "string",
          "string",
          "string",
          "string",
          "string",
          "string",
          "string",
          "string",
          "string",
          "string",
          "string",
          "string",
          "string",
          "string",
          "string",
          "string",
          "string",
          "string",
          "string",
          "string",
          "string",
          "string",
          "string",
          "string",
          "string",
          "string",
          "string",
          "string",
          "string",
          "string",
          "string",
          "string",
          "string",
          "string",
          "string",
          "string",
          "string",
          "string",
          "string",
          "string",
          "string",
          "string",
          "string",
          "string",
          "string",
          "string",
          "string",
          "string",
          "string",
          "string",
          "string",
          "string",
          "string",
          "string",
          "string",
          "string",
          "string",
          "string",
          "string",
          "string",
          "string",
          "string",
          "string",
          "string",
          "string",
          "string",
          "string",
          "string",
          "string",
          "string",
          "string",
          "string",
          "string",
          "string",
          "string",
          "string",
          "string",
          "string",
          "string",
          "string",
          "string",
          "string",
          "string",
          "string",
          "string",
          "string",
          "string",
          "string",
          "string",
          "string",
          "string",
          "string",
          "string",
          "string",
          "string",
          "string",
          "string",
          "string",
          "string",
          "string",
          "string",
          "string",
          "string",
          "string",
          "string",
          "string",
          "string",
          "string",
          "string",
          "string",
          "string",
          "string",
          "string",
          "string",
          "string",
          "string",
          "string",
          "string",
          "string",
          "string",
          "string",
          "string",
          "string",
          "string",
          "string",
          "string",
          "string",
          "string",
          "string",
          "string",
          "string",
          "string",
          "string",
          "string",
          "string",
          "string",
          "string",
          "string",
          "string",
          "string",
          "string",
          "string",
          "string",
          "string",
          "string",
          "string",
          "string",
          "string",
          "string",
          "string",
          "string",
          "string",
          "string",
          "string",
          "string",
          "string",
          "string",
          "string",
          "string",
          "string",
          "string",
          "string",
          "string",
          "string",
          "string",
          "string",
          "string",
          "string",
          "string",
          "string",
          "string",
          "string",
          "string",
          "string",
          "string",
          "string",
          "string",
          "string",
          "string",
          "string",
          "string",
          "string",
          "string",
          "string",
          "string",
          "string",
          "string",
          "string",
          "string",
          "string",
          "string",
          "string",
          "string",
          "string",
          "string",
          "string",
          "string",
          "string",
          "string",
          "string",
          "string",
          "string",
          "string",
          "string",
          "string",
          "string",
          "string",
          "string",
          "string",
          "string",
          "string",
          "string",
          "string",
          "string",
          "string",
          "string",
          "string",
          "string",
          "string",
          "string",
          "string",
          "string",
          "string",
          "string",
          "string",
          "string",
          "string",
          "string",
          "string",
          "string",
          "string",
          "string",
          "string",
          "string",
          "string",
          "string",
          "string",
          "string",
          "string",
          "string",
          "string",
          "string",
          "string",
          "string",
          "string",
          "string",
          "string",
          "string",
          "string",
          "string",
          "string",
          "string",
          "string",
          "string",
          "string",
          "string",
          "string",
          "string",
          "string",
          "string",
          "string",
          "string",
          "string",
          "string",
          "string",
          "string",
          "string",
          "string",
          "string",
          "string",
          "string",
          "string",
          "string",
          "string",
          "string",
          "string",
          "string",
          "string",
          "string",
          "string",
          "string",
          "string",
          "string",
          "string",
          "string",
          "string",
          "string",
          "string",
          "string",
          "string",
          "string",
          "string",
          "string",
          "string",
          "string",
          "string",
          "string",
          "string",
          "string",
          "string",
          "string",
          "string",
          "string",
          "string",
          "string",
          "string",
          "string",
          "string",
          "string",
          "string",
          "string",
          "string",
          "string",
          "string",
          "string",
          "string",
          "string",
          "string",
          "string",
          "string",
          "string",
          "string",
          "string",
          "string",
          "string",
          "string",
          "string",
          "string",
          "string",
          "string",
          "string",
          "string",
          "string",
          "string",
          "string",
          "string",
          "string",
          "string",
          "string",
          "string",
          "string",
          "string",
          "string",
          "string",
          "string",
          "string",
          "string",
          "string",
          "string",
          "string",
          "string",
          "string",
          "string",
          "string",
          "string",
          "string",
          "string",
          "string",
          "string",
          "string",
          "string",
          "string",
          "string",
          "string",
          "string",
          "string",
          "string",
          "string",
          "string",
          "string",
          "string",
          "string",
          "string",
          "string",
          "string",
          "string",
          "string",
          "string",
          "string",
          "string",
          "string",
          "string",
          "string",
          "string",
          "string",
          "string",
          "string",
          "string",
          "string",
          "string",
          "string",
          "string",
          "string",
          "string",
          "string",
          "string",
          "string",
          "string",
          "string",
          "string",
          "string",
          "string",
          "string",
          "string",
          "string",
          "string",
          "string",
          "string",
          "string",
          "string",
          "string",
          "string",
          "string",
          "string",
          "string",
          "string",
          "string",
          "string",
          "string",
          "string",
          "string",
          "string",
          "string",
          "string",
          "string",
          "string",
          "string",
          "string",
          "string",
          "string",
          "string",
          "string",
          "string",
          "string",
          "string",
          "string",
          "string",
          "string",
          "string",
          "string",
          "string",
          "string",
          "string",
          "string",
          "string",
          "string",
          "string",
          "string",
          "string",
          "string",
          "string",
          "string",
          "string",
          "string",
          "string",
          "string",
          "string",
          "string",
          "string",
          "string",
          "string",
          "string",
          "string",
          "string",
          "string",
          "string",
          "string",
          "string",
          "string",
          "string",
          "string",
          "string",
          "string",
          "string",
          "string",
          "string",
          "string",
          "string",
          "string",
          "string",
          "string",
          "string",
          "string",
          "string",
          "string",
          "string",
          "string",
          "string",
          "string",
          "string",
          "string",
          "string",
          "string",
          "string",
          "string",
          "string",
          "string",
          "string",
          "string",
          "string",
          "string",
          "string",
          "string",
          "string",
          "string",
          "string",
          "string",
          "string",
          "string",
          "string",
          "string",
          "string",
          "string",
          "string",
          "string",
          "string",
          "string",
          "string",
          "string",
          "string",
          "string",
          "string",
          "string",
          "string",
          "string",
          "string",
          "string",
          "string",
          "string",
          "string",
          "string",
          "string",
          "string",
          "string",
          "string",
          "string",
          "string",
          "string",
          "string",
          "string",
          "string",
          "string",
          "string",
          "string",
          "string",
          "string",
          "string",
          "string",
          "string",
          "string",
          "string",
          "string",
          "string",
          "string",
          "string",
          "string",
          "string",
          "string",
          "string",
          "string",
          "string",
          "string",
          "string",
          "string",
          "string",
          "string",
          "string",
          "string",
          "string",
          "string",
          "string",
          "string",
          "string",
          "string",
          "string",
          "string",
          "string",
          "string",
          "string",
          "string",
          "string",
          "string",
          "string",
          "string",
          "string",
          "string",
          "string",
          "string",
          "string",
          "string",
          "string",
          "string",
          "string",
          "string",
          "string",
          "string",
          "string",
          "string",
          "string",
          "string",
          "string",
          "string",
          "string",
          "string",
          "string",
          "string",
          "string",
          "string",
          "string",
          "string",
          "string",
          "string",
          "string",
          "string",
          "string",
          "string",
          "string",
          "string",
          "string",
          "string",
          "string",
          "string",
          "string",
          "string",
          "string",
          "string",
          "string",
          "string",
          "string",
          "string",
          "string",
          "string",
          "string",
          "string",
          "string",
          "string",
          "string",
          "string",
          "string",
          "string",
          "string",
          "string",
          "string",
          "string",
          "string",
          "string",
          "string",
          "string",
          "string",
          "string",
          "string",
          "string",
          "string",
          "string",
          "string",
          "string",
          "string",
          "string",
          "string",
          "string",
          "string",
          "string",
          "string",
          "string",
          "string",
          "string",
          "string",
          "string",
          "string",
          "string",
          "string",
          "string",
          "string",
          "string",
          "string",
          "string",
          "string",
          "string",
          "string",
          "string",
          "string",
          "string",
          "string",
          "string",
          "string",
          "string",
          "string",
          "string",
          "string",
          "string",
          "string",
          "string",
          "string",
          "string",
          "string",
          "string",
          "string",
          "string",
          "string",
          "string",
          "string",
          "string",
          "string",
          "string",
          "string",
          "string",
          "string",
          "string",
          "string",
          "string",
          "string",
          "string",
          "string",
          "string",
          "string",
          "string",
          "string",
          "string",
          "string",
          "string",
          "string",
          "string",
          "string",
          "string",
          "string",
          "string",
          "string",
          "string",
          "string",
          "string",
          "string",
          "string",
          "string",
          "string",
          "string",
          "string",
          "string",
          "string",
          "string",
          "string",
          "string",
          "string",
          "string",
          "string",
          "string",
          "string",
          "string",
          "string",
          "string",
          "string",
          "string",
          "string",
          "string",
          "string",
          "string",
          "string",
          "string",
          "string",
          "string",
          "string",
          "string",
          "string",
          "string",
          "string",
          "string",
          "string",
          "string",
          "string",
          "string",
          "string",
          "string",
          "string",
          "string",
          "string",
          "string",
          "string",
          "string",
          "string",
          "string",
          "string",
          "string",
          "string",
          "string",
          "string",
          "string",
          "string",
          "string",
          "string",
          "string",
          "string",
          "string",
          "string",
          "string",
          "string",
          "string",
          "string",
          "string",
          "string",
          "string",
          "string",
          "string",
          "string",
          "string",
          "string",
          "string",
          "string",
          "string",
          "string",
          "string",
          "string",
          "string",
          "string",
          "string",
          "string",
          "string",
          "string",
          "string",
          "string",
          "string",
          "string",
          "string",
          "string",
          "string",
          "string",
          "string",
          "string",
          "string",
          "string",
          "string",
          "string",
          "string",
          "string",
          "string",
          "string",
          "string",
          "string",
          "string",
          "string",
          "string",
          "string",
          "string",
          "string",
          "string",
          "string",
          "string",
          "string",
          "string",
          "string",
          "string",
          "string",
          "string",
          "string",
          "string",
          "string",
          "string",
          "string",
          "string",
          "string",
          "string",
          "string",
          "string",
          "string",
          "string",
          "string",
          "string",
          "string",
          "string",
          "string",
          "string",
          "string"
        ]
      ]
    }
  },
  "resources": [
    {
      "mode": "managed",
      "type": "random_id",
      "name": "index",
      "each": "list",
      "provider": "provider.random",
      "instances": [
        {
          "index_key": 0,
          "schema_version": 0,
          "attributes": {
            "b64": "IGI",
            "b64_std": "IGI=",
            "b64_url": "IGI",
            "byte_length": 2,
            "dec": "8290",
            "hex": "2062",
            "id": "IGI",
            "keepers": {
              "force": "e7d8e8e1-46fd-5153-ba1b-9bc0740ff5a0"
            },
            "prefix": null
          },
          "private": "bnVsbA=="
        },
        {
          "index_key": 1,
          "schema_version": 0,
          "attributes": {
            "b64": "NWQ",
            "b64_std": "NWQ=",
            "b64_url": "NWQ",
            "byte_length": 2,
            "dec": "13668",
            "hex": "3564",
            "id": "NWQ",
            "keepers": {
              "force": "8efb8633-9365-0905-6ffd-a16b31043ef8"
            },
            "prefix": null
          },
          "private": "bnVsbA=="
        },
        {
          "index_key": 2,
          "schema_version": 0,
          "attributes": {
            "b64": "8Dk",
            "b64_std": "8Dk=",
            "b64_url": "8Dk",
            "byte_length": 2,
            "dec": "61497",
            "hex": "f039",
            "id": "8Dk",
            "keepers": {
              "force": "ca1cc325-fdac-869b-dcd0-8dea30ed6780"
            },
            "prefix": null
          },
          "private": "bnVsbA=="
        },
        {
          "index_key": 3,
          "schema_version": 0,
          "attributes": {
            "b64": "8Ic",
            "b64_std": "8Ic=",
            "b64_url": "8Ic",
            "byte_length": 2,
            "dec": "61575",
            "hex": "f087",
            "id": "8Ic",
            "keepers": {
              "force": "a807a378-c824-b7e1-b56a-4eb06653d6b1"
            },
            "prefix": null
          },
          "private": "bnVsbA=="
        },
        {
          "index_key": 4,
          "schema_version": 0,
          "attributes": {
            "b64": "lm8",
            "b64_std": "lm8=",
            "b64_url": "lm8",
            "byte_length": 2,
            "dec": "38511",
            "hex": "966f",
            "id": "lm8",
            "keepers": {
              "force": "b735eab7-6372-9323-018d-da9530501baf"
            },
            "prefix": null
          },
          "private": "bnVsbA=="
        },
        {
          "index_key": 5,
          "schema_version": 0,
          "attributes": {
            "b64": "LkY",
            "b64_std": "LkY=",
            "b64_url": "LkY",
            "byte_length": 2,
            "dec": "11846",
            "hex": "2e46",
            "id": "LkY",
            "keepers": {
              "force": "898d11b9-f735-ec0b-90c5-0368dc45c202"
            },
            "prefix": null
          },
          "private": "bnVsbA=="
        },
        {
          "index_key": 6,
          "schema_version": 0,
          "attributes": {
            "b64": "_Pg",
            "b64_std": "/Pg=",
            "b64_url": "_Pg",
            "byte_length": 2,
            "dec": "64760",
            "hex": "fcf8",
            "id": "_Pg",
            "keepers": {
              "force": "3170b1b8-7b37-4b10-0b40-100c52c0bc47"
            },
            "prefix": null
          },
          "private": "bnVsbA=="
        },
        {
          "index_key": 7,
          "schema_version": 0,
          "attributes": {
            "b64": "F8E",
            "b64_std": "F8E=",
            "b64_url": "F8E",
            "byte_length": 2,
            "dec": "6081",
            "hex": "17c1",
            "id": "F8E",
            "keepers": {
              "force": "e80129d0-6a59-14e9-1396-0858d6b63187"
            },
            "prefix": null
          },
          "private": "bnVsbA=="
        },
        {
          "index_key": 8,
          "schema_version": 0,
          "attributes": {
            "b64": "EiI",
            "b64_std": "EiI=",
            "b64_url": "EiI",
            "byte_length": 2,
            "dec": "4642",
            "hex": "1222",
            "id": "EiI",
            "keepers": {
              "force": "dbcf0f32-cc9a-c58a-0556-ef7bf604c497"
            },
            "prefix": null
          },
          "private": "bnVsbA=="
        },
        {
          "index_key": 9,
          "schema_version": 0,
          "attributes": {
            "b64": "QC0",
            "b64_std": "QC0=",
            "b64_url": "QC0",
            "byte_length": 2,
            "dec": "16429",
            "hex": "402d",
            "id": "QC0",
            "keepers": {
              "force": "250a7f76-aa5f-0c08-abdf-0e2693b2238c"
            },
            "prefix": null
          },
          "private": "bnVsbA=="
        },
        {
          "index_key": 10,
          "schema_version": 0,
          "attributes": {
            "b64": "VM0",
            "b64_std": "VM0=",
            "b64_url": "VM0",
            "byte_length": 2,
            "dec": "21709",
            "hex": "54cd",
            "id": "VM0",
            "keepers": {
              "force": "1a923472-c876-bfa8-1869-c294f88bda20"
            },
            "prefix": null
          },
          "private": "bnVsbA=="
        },
        {
          "index_key": 11,
          "schema_version": 0,
          "attributes": {
            "b64": "zxk",
            "b64_std": "zxk=",
            "b64_url": "zxk",
            "byte_length": 2,
            "dec": "53017",
            "hex": "cf19",
            "id": "zxk",
            "keepers": {
              "force": "0cf5067b-7bad-694d-4b91-3d5d15d498fc"
            },
            "prefix": null
          },
          "private": "bnVsbA=="
        },
        {
          "index_key": 12,
          "schema_version": 0,
          "attributes": {
            "b64": "eho",
            "b64_std": "eho=",
            "b64_url": "eho",
            "byte_length": 2,
            "dec": "31258",
            "hex": "7a1a",
            "id": "eho",
            "keepers": {
              "force": "254ae3b4-9783-088b-bfe5-86f0b2b526f6"
            },
            "prefix": null
          },
          "private": "bnVsbA=="
        },
        {
          "index_key": 13,
          "schema_version": 0,
          "attributes": {
            "b64": "2ss",
            "b64_std": "2ss=",
            "b64_url": "2ss",
            "byte_length": 2,
            "dec": "56011",
            "hex": "dacb",
            "id": "2ss",
            "keepers": {
              "force": "b1448313-22d4-d08b-9e36-62448319384b"
            },
            "prefix": null
          },
          "private": "bnVsbA=="
        },
        {
          "index_key": 14,
          "schema_version": 0,
          "attributes": {
            "b64": "lP8",
            "b64_std": "lP8=",
            "b64_url": "lP8",
            "byte_length": 2,
            "dec": "38143",
            "hex": "94ff",
            "id": "lP8",
            "keepers": {
              "force": "135d08e5-9d9e-350a-6fec-c8f2efd79208"
            },
            "prefix": null
          },
          "private": "bnVsbA=="
        },
        {
          "index_key": 15,
          "schema_version": 0,
          "attributes": {
            "b64": "xEI",
            "b64_std": "xEI=",
            "b64_url": "xEI",
            "byte_length": 2,
            "dec": "50242",
            "hex": "c442",
            "id": "xEI",
            "keepers": {
              "force": "7851c1ff-1028-04ae-83f0-fdeb30e748d5"
            },
            "prefix": null
          },
          "private": "bnVsbA=="
        },
        {
          "index_key": 16,
          "schema_version": 0,
          "attributes": {
            "b64": "O7g",
            "b64_std": "O7g=",
            "b64_url": "O7g",
            "byte_length": 2,
            "dec": "15288",
            "hex": "3bb8",
            "id": "O7g",
            "keepers": {
              "force": "745e64e9-674e-cbb5-79c1-8b09fe835bdc"
            },
            "prefix": null
          },
          "private": "bnVsbA=="
        },
        {
          "index_key": 17,
          "schema_version": 0,
          "attributes": {
            "b64": "9E4",
            "b64_std": "9E4=",
            "b64_url": "9E4",
            "byte_length": 2,
            "dec": "62542",
            "hex": "f44e",
            "id": "9E4",
            "keepers": {
              "force": "ea67262e-a411-23f2-73d1-e830a1de80e6"
            },
            "prefix": null
          },
          "private": "bnVsbA=="
        },
        {
          "index_key": 18,
          "schema_version": 0,
          "attributes": {
            "b64": "_Yg",
            "b64_std": "/Yg=",
            "b64_url": "_Yg",
            "byte_length": 2,
            "dec": "64904",
            "hex": "fd88",
            "id": "_Yg",
            "keepers": {
              "force": "7a7d7892-8c91-fb4c-90e6-a682a5f460a7"
            },
            "prefix": null
          },
          "private": "bnVsbA=="
        },
        {
          "index_key": 19,
          "schema_version": 0,
          "attributes": {
            "b64": "F6I",
            "b64_std": "F6I=",
            "b64_url": "F6I",
            "byte_length": 2,
            "dec": "6050",
            "hex": "17a2",
            "id": "F6I",
            "keepers": {
              "force": "a7565435-f2ec-98c0-24fb-29bbd8c7776a"
            },
            "prefix": null
          },
          "private": "bnVsbA=="
        },
        {
          "index_key": 20,
          "schema_version": 0,
          "attributes": {
            "b64": "-bo",
            "b64_std": "+bo=",
            "b64_url": "-bo",
            "byte_length": 2,
            "dec": "63930",
            "hex": "f9ba",
            "id": "-bo",
            "keepers": {
              "force": "7ce0d3bf-d60b-48d6-b070-2fe775591862"
            },
            "prefix": null
          },
          "private": "bnVsbA=="
        },
        {
          "index_key": 21,
          "schema_version": 0,
          "attributes": {
            "b64": "Y6Q",
            "b64_std": "Y6Q=",
            "b64_url": "Y6Q",
            "byte_length": 2,
            "dec": "25508",
            "hex": "63a4",
            "id": "Y6Q",
            "keepers": {
              "force": "d47021d7-7434-5482-a7c8-9982f5d18d4e"
            },
            "prefix": null
          },
          "private": "bnVsbA=="
        },
        {
          "index_key": 22,
          "schema_version": 0,
          "attributes": {
            "b64": "Yf8",
            "b64_std": "Yf8=",
            "b64_url": "Yf8",
            "byte_length": 2,
            "dec": "25087",
            "hex": "61ff",
            "id": "Yf8",
            "keepers": {
              "force": "0b0da004-dad8-cd70-5b46-7ba6933bb185"
            },
            "prefix": null
          },
          "private": "bnVsbA=="
        },
        {
          "index_key": 23,
          "schema_version": 0,
          "attributes": {
            "b64": "24Y",
            "b64_std": "24Y=",
            "b64_url": "24Y",
            "byte_length": 2,
            "dec": "56198",
            "hex": "db86",
            "id": "24Y",
            "keepers": {
              "force": "69d1452f-a8cc-482d-6cf4-4524a7fc5b94"
            },
            "prefix": null
          },
          "private": "bnVsbA=="
        },
        {
          "index_key": 24,
          "schema_version": 0,
          "attributes": {
            "b64": "VzE",
            "b64_std": "VzE=",
            "b64_url": "VzE",
            "byte_length": 2,
            "dec": "22321",
            "hex": "5731",
            "id": "VzE",
            "keepers": {
              "force": "21b964e5-6f96-c357-1959-9f8a2c099d8f"
            },
            "prefix": null
          },
          "private": "bnVsbA=="
        },
        {
          "index_key": 25,
          "schema_version": 0,
          "attributes": {
            "b64": "QgQ",
            "b64_std": "QgQ=",
            "b64_url": "QgQ",
            "byte_length": 2,
            "dec": "16900",
            "hex": "4204",
            "id": "QgQ",
            "keepers": {
              "force": "1ab9a30b-aa0a-9023-c50b-f7c9444e1ada"
            },
            "prefix": null
          },
          "private": "bnVsbA=="
        },
        {
          "index_key": 26,
          "schema_version": 0,
          "attributes": {
            "b64": "FK4",
            "b64_std": "FK4=",
            "b64_url": "FK4",
            "byte_length": 2,
            "dec": "5294",
            "hex": "14ae",
            "id": "FK4",
            "keepers": {
              "force": "471ee7d0-286d-8ab5-41ba-83588c5b7f29"
            },
            "prefix": null
          },
          "private": "bnVsbA=="
        },
        {
          "index_key": 27,
          "schema_version": 0,
          "attributes": {
            "b64": "XdA",
            "b64_std": "XdA=",
            "b64_url": "XdA",
            "byte_length": 2,
            "dec": "24016",
            "hex": "5dd0",
            "id": "XdA",
            "keepers": {
              "force": "82489d1d-a57e-ab0d-a4e5-08f34f650995"
            },
            "prefix": null
          },
          "private": "bnVsbA=="
        },
        {
          "index_key": 28,
          "schema_version": 0,
          "attributes": {
            "b64": "Op8",
            "b64_std": "Op8=",
            "b64_url": "Op8",
            "byte_length": 2,
            "dec": "15007",
            "hex": "3a9f",
            "id": "Op8",
            "keepers": {
              "force": "2fe582ec-621e-f1da-ce84-4131e86bc3cb"
            },
            "prefix": null
          },
          "private": "bnVsbA=="
        },
        {
          "index_key": 29,
          "schema_version": 0,
          "attributes": {
            "b64": "1m4",
            "b64_std": "1m4=",
            "b64_url": "1m4",
            "byte_length": 2,
            "dec": "54894",
            "hex": "d66e",
            "id": "1m4",
            "keepers": {
              "force": "66327ff7-ad86-eb29-1656-6b25492138c2"
            },
            "prefix": null
          },
          "private": "bnVsbA=="
        },
        {
          "index_key": 30,
          "schema_version": 0,
          "attributes": {
            "b64": "sPU",
            "b64_std": "sPU=",
            "b64_url": "sPU",
            "byte_length": 2,
            "dec": "45301",
            "hex": "b0f5",
            "id": "sPU",
            "keepers": {
              "force": "aeb5c0d7-49b8-18a3-5389-89b7b398351a"
            },
            "prefix": null
          },
          "private": "bnVsbA=="
        },
        {
          "index_key": 31,
          "schema_version": 0,
          "attributes": {
            "b64": "0KQ",
            "b64_std": "0KQ=",
            "b64_url": "0KQ",
            "byte_length": 2,
            "dec": "53412",
            "hex": "d0a4",
            "id": "0KQ",
            "keepers": {
              "force": "365388b8-86ed-4864-5a0d-d351d768033e"
            },
            "prefix": null
          },
          "private": "bnVsbA=="
        },
        {
          "index_key": 32,
          "schema_version": 0,
          "attributes": {
            "b64": "oVg",
            "b64_std": "oVg=",
            "b64_url": "oVg",
            "byte_length": 2,
            "dec": "41304",
            "hex": "a158",
            "id": "oVg",
            "keepers": {
              "force": "d65959b0-c3ff-5d33-24b4-5aa11bace864"
            },
            "prefix": null
          },
          "private": "bnVsbA=="
        },
        {
          "index_key": 33,
          "schema_version": 0,
          "attributes": {
            "b64": "H4E",
            "b64_std": "H4E=",
            "b64_url": "H4E",
            "byte_length": 2,
            "dec": "8065",
            "hex": "1f81",
            "id": "H4E",
            "keepers": {
              "force": "ed81362f-664c-c55f-76cc-08f394c5d772"
            },
            "prefix": null
          },
          "private": "bnVsbA=="
        },
        {
          "index_key": 34,
          "schema_version": 0,
          "attributes": {
            "b64": "Ff0",
            "b64_std": "Ff0=",
            "b64_url": "Ff0",
            "byte_length": 2,
            "dec": "5629",
            "hex": "15fd",
            "id": "Ff0",
            "keepers": {
              "force": "c5a3113c-77cf-2b25-a6b7-95e3a6153ad6"
            },
            "prefix": null
          },
          "private": "bnVsbA=="
        },
        {
          "index_key": 35,
          "schema_version": 0,
          "attributes": {
            "b64": "38c",
            "b64_std": "38c=",
            "b64_url": "38c",
            "byte_length": 2,
            "dec": "57287",
            "hex": "dfc7",
            "id": "38c",
            "keepers": {
              "force": "693f8de8-75f2-4c88-6bcd-c0cdafe2ea37"
            },
            "prefix": null
          },
          "private": "bnVsbA=="
        },
        {
          "index_key": 36,
          "schema_version": 0,
          "attributes": {
            "b64": "pm0",
            "b64_std": "pm0=",
            "b64_url": "pm0",
            "byte_length": 2,
            "dec": "42605",
            "hex": "a66d",
            "id": "pm0",
            "keepers": {
              "force": "b6ef441e-77dc-916b-74e5-6c5057eb64aa"
            },
            "prefix": null
          },
          "private": "bnVsbA=="
        },
        {
          "index_key": 37,
          "schema_version": 0,
          "attributes": {
            "b64": "-8A",
            "b64_std": "+8A=",
            "b64_url": "-8A",
            "byte_length": 2,
            "dec": "64448",
            "hex": "fbc0",
            "id": "-8A",
            "keepers": {
              "force": "c59ffbdd-dac0-2bd3-4268-4711c173a840"
            },
            "prefix": null
          },
          "private": "bnVsbA=="
        },
        {
          "index_key": 38,
          "schema_version": 0,
          "attributes": {
            "b64": "ypo",
            "b64_std": "ypo=",
            "b64_url": "ypo",
            "byte_length": 2,
            "dec": "51866",
            "hex": "ca9a",
            "id": "ypo",
            "keepers": {
              "force": "a8a42ebc-50a4-31e9-655a-332cba9adac2"
            },
            "prefix": null
          },
          "private": "bnVsbA=="
        },
        {
          "index_key": 39,
          "schema_version": 0,
          "attributes": {
            "b64": "9rw",
            "b64_std": "9rw=",
            "b64_url": "9rw",
            "byte_length": 2,
            "dec": "63164",
            "hex": "f6bc",
            "id": "9rw",
            "keepers": {
              "force": "ea8515f9-1946-3520-b012-224c1af39f2d"
            },
            "prefix": null
          },
          "private": "bnVsbA=="
        },
        {
          "index_key": 40,
          "schema_version": 0,
          "attributes": {
            "b64": "C4E",
            "b64_std": "C4E=",
            "b64_url": "C4E",
            "byte_length": 2,
            "dec": "2945",
            "hex": "0b81",
            "id": "C4E",
            "keepers": {
              "force": "5467e44e-85a8-a3cc-0715-7bd67a95201c"
            },
            "prefix": null
          },
          "private": "bnVsbA=="
        },
        {
          "index_key": 41,
          "schema_version": 0,
          "attributes": {
            "b64": "3F4",
            "b64_std": "3F4=",
            "b64_url": "3F4",
            "byte_length": 2,
            "dec": "56414",
            "hex": "dc5e",
            "id": "3F4",
            "keepers": {
              "force": "a78872cc-664b-c11e-a45a-a415a7a6c68b"
            },
            "prefix": null
          },
          "private": "bnVsbA=="
        },
        {
          "index_key": 42,
          "schema_version": 0,
          "attributes": {
            "b64": "mAM",
            "b64_std": "mAM=",
            "b64_url": "mAM",
            "byte_length": 2,
            "dec": "38915",
            "hex": "9803",
            "id": "mAM",
            "keepers": {
              "force": "4c79dab9-9ba0-00eb-52f4-d91e6d1354d1"
            },
            "prefix": null
          },
          "private": "bnVsbA=="
        },
        {
          "index_key": 43,
          "schema_version": 0,
          "attributes": {
            "b64": "XGI",
            "b64_std": "XGI=",
            "b64_url": "XGI",
            "byte_length": 2,
            "dec": "23650",
            "hex": "5c62",
            "id": "XGI",
            "keepers": {
              "force": "72ea290e-9e69-550d-8a9c-c31fd5538410"
            },
            "prefix": null
          },
          "private": "bnVsbA=="
        },
        {
          "index_key": 44,
          "schema_version": 0,
          "attributes": {
            "b64": "TvM",
            "b64_std": "TvM=",
            "b64_url": "TvM",
            "byte_length": 2,
            "dec": "20211",
            "hex": "4ef3",
            "id": "TvM",
            "keepers": {
              "force": "79be6074-1c24-3081-4af5-d1f572dbc13b"
            },
            "prefix": null
          },
          "private": "bnVsbA=="
        },
        {
          "index_key": 45,
          "schema_version": 0,
          "attributes": {
            "b64": "ca4",
            "b64_std": "ca4=",
            "b64_url": "ca4",
            "byte_length": 2,
            "dec": "29102",
            "hex": "71ae",
            "id": "ca4",
            "keepers": {
              "force": "4ee31304-132a-abd5-02c0-e8cf57ae04ea"
            },
            "prefix": null
          },
          "private": "bnVsbA=="
        },
        {
          "index_key": 46,
          "schema_version": 0,
          "attributes": {
            "b64": "8oU",
            "b64_std": "8oU=",
            "b64_url": "8oU",
            "byte_length": 2,
            "dec": "62085",
            "hex": "f285",
            "id": "8oU",
            "keepers": {
              "force": "ef5df89d-318e-ea3d-637e-1a3dc062903a"
            },
            "prefix": null
          },
          "private": "bnVsbA=="
        },
        {
          "index_key": 47,
          "schema_version": 0,
          "attributes": {
            "b64": "Crw",
            "b64_std": "Crw=",
            "b64_url": "Crw",
            "byte_length": 2,
            "dec": "2748",
            "hex": "0abc",
            "id": "Crw",
            "keepers": {
              "force": "482ef0a8-4dc1-f4bd-599f-3825e1a50e0c"
            },
            "prefix": null
          },
          "private": "bnVsbA=="
        },
        {
          "index_key": 48,
          "schema_version": 0,
          "attributes": {
            "b64": "_fU",
            "b64_std": "/fU=",
            "b64_url": "_fU",
            "byte_length": 2,
            "dec": "65013",
            "hex": "fdf5",
            "id": "_fU",
            "keepers": {
              "force": "1dd2d75c-6fb6-8a6c-452d-060ed8cb9ea3"
            },
            "prefix": null
          },
          "private": "bnVsbA=="
        },
        {
          "index_key": 49,
          "schema_version": 0,
          "attributes": {
            "b64": "oHg",
            "b64_std": "oHg=",
            "b64_url": "oHg",
            "byte_length": 2,
            "dec": "41080",
            "hex": "a078",
            "id": "oHg",
            "keepers": {
              "force": "76d2bb7f-5431-c69f-8d51-f5ffb6f841a0"
            },
            "prefix": null
          },
          "private": "bnVsbA=="
        },
        {
          "index_key": 50,
          "schema_version": 0,
          "attributes": {
            "b64": "3MY",
            "b64_std": "3MY=",
            "b64_url": "3MY",
            "byte_length": 2,
            "dec": "56518",
            "hex": "dcc6",
            "id": "3MY",
            "keepers": {
              "force": "92e15cc8-d634-ce82-70bd-3f1e02110d7b"
            },
            "prefix": null
          },
          "private": "bnVsbA=="
        },
        {
          "index_key": 51,
          "schema_version": 0,
          "attributes": {
            "b64": "pIw",
            "b64_std": "pIw=",
            "b64_url": "pIw",
            "byte_length": 2,
            "dec": "42124",
            "hex": "a48c",
            "id": "pIw",
            "keepers": {
              "force": "f38f9f89-148f-fe4c-9753-667cfad93a84"
            },
            "prefix": null
          },
          "private": "bnVsbA=="
        },
        {
          "index_key": 52,
          "schema_version": 0,
          "attributes": {
            "b64": "6SU",
            "b64_std": "6SU=",
            "b64_url": "6SU",
            "byte_length": 2,
            "dec": "59685",
            "hex": "e925",
            "id": "6SU",
            "keepers": {
              "force": "0b714b16-f0fb-2339-ba93-3cc9b275cae8"
            },
            "prefix": null
          },
          "private": "bnVsbA=="
        },
        {
          "index_key": 53,
          "schema_version": 0,
          "attributes": {
            "b64": "nS8",
            "b64_std": "nS8=",
            "b64_url": "nS8",
            "byte_length": 2,
            "dec": "40239",
            "hex": "9d2f",
            "id": "nS8",
            "keepers": {
              "force": "42664d27-43e7-a711-5d71-fb790770659c"
            },
            "prefix": null
          },
          "private": "bnVsbA=="
        },
        {
          "index_key": 54,
          "schema_version": 0,
          "attributes": {
            "b64": "-nQ",
            "b64_std": "+nQ=",
            "b64_url": "-nQ",
            "byte_length": 2,
            "dec": "64116",
            "hex": "fa74",
            "id": "-nQ",
            "keepers": {
              "force": "0507dc33-e77c-91c8-3717-dc395cb5df0b"
            },
            "prefix": null
          },
          "private": "bnVsbA=="
        },
        {
          "index_key": 55,
          "schema_version": 0,
          "attributes": {
            "b64": "w4A",
            "b64_std": "w4A=",
            "b64_url": "w4A",
            "byte_length": 2,
            "dec": "50048",
            "hex": "c380",
            "id": "w4A",
            "keepers": {
              "force": "1ced8296-864a-9dde-0434-6670c5c7965f"
            },
            "prefix": null
          },
          "private": "bnVsbA=="
        },
        {
          "index_key": 56,
          "schema_version": 0,
          "attributes": {
            "b64": "MIQ",
            "b64_std": "MIQ=",
            "b64_url": "MIQ",
            "byte_length": 2,
            "dec": "12420",
            "hex": "3084",
            "id": "MIQ",
            "keepers": {
              "force": "8922996e-972f-5dec-be25-99698cd66290"
            },
            "prefix": null
          },
          "private": "bnVsbA=="
        },
        {
          "index_key": 57,
          "schema_version": 0,
          "attributes": {
            "b64": "hIc",
            "b64_std": "hIc=",
            "b64_url": "hIc",
            "byte_length": 2,
            "dec": "33927",
            "hex": "8487",
            "id": "hIc",
            "keepers": {
              "force": "b65e124f-7568-b799-c978-00e31ece1c97"
            },
            "prefix": null
          },
          "private": "bnVsbA=="
        },
        {
          "index_key": 58,
          "schema_version": 0,
          "attributes": {
            "b64": "xco",
            "b64_std": "xco=",
            "b64_url": "xco",
            "byte_length": 2,
            "dec": "50634",
            "hex": "c5ca",
            "id": "xco",
            "keepers": {
              "force": "a1549ec0-ab62-fe8b-dfc6-c833a75eff01"
            },
            "prefix": null
          },
          "private": "bnVsbA=="
        },
        {
          "index_key": 59,
          "schema_version": 0,
          "attributes": {
            "b64": "g8s",
            "b64_std": "g8s=",
            "b64_url": "g8s",
            "byte_length": 2,
            "dec": "33739",
            "hex": "83cb",
            "id": "g8s",
            "keepers": {
              "force": "ffd6651a-1d62-efbe-4eaa-43a4aab7ccce"
            },
            "prefix": null
          },
          "private": "bnVsbA=="
        },
        {
          "index_key": 60,
          "schema_version": 0,
          "attributes": {
            "b64": "WYM",
            "b64_std": "WYM=",
            "b64_url": "WYM",
            "byte_length": 2,
            "dec": "22915",
            "hex": "5983",
            "id": "WYM",
            "keepers": {
              "force": "f7ca181f-395f-e558-fc7e-fd7093cf2a63"
            },
            "prefix": null
          },
          "private": "bnVsbA=="
        },
        {
          "index_key": 61,
          "schema_version": 0,
          "attributes": {
            "b64": "eQs",
            "b64_std": "eQs=",
            "b64_url": "eQs",
            "byte_length": 2,
            "dec": "30987",
            "hex": "790b",
            "id": "eQs",
            "keepers": {
              "force": "5b1c1fc8-a11f-35d1-417e-d6c3f73e698c"
            },
            "prefix": null
          },
          "private": "bnVsbA=="
        },
        {
          "index_key": 62,
          "schema_version": 0,
          "attributes": {
            "b64": "_Eo",
            "b64_std": "/Eo=",
            "b64_url": "_Eo",
            "byte_length": 2,
            "dec": "64586",
            "hex": "fc4a",
            "id": "_Eo",
            "keepers": {
              "force": "f8f9c460-00ec-4544-b1e9-f630b5fd3bd0"
            },
            "prefix": null
          },
          "private": "bnVsbA=="
        },
        {
          "index_key": 63,
          "schema_version": 0,
          "attributes": {
            "b64": "J14",
            "b64_std": "J14=",
            "b64_url": "J14",
            "byte_length": 2,
            "dec": "10078",
            "hex": "275e",
            "id": "J14",
            "keepers": {
              "force": "9e8d81a3-9524-cf76-9fc1-432498b18e76"
            },
            "prefix": null
          },
          "private": "bnVsbA=="
        },
        {
          "index_key": 64,
          "schema_version": 0,
          "attributes": {
            "b64": "7WY",
            "b64_std": "7WY=",
            "b64_url": "7WY",
            "byte_length": 2,
            "dec": "60774",
            "hex": "ed66",
            "id": "7WY",
            "keepers": {
              "force": "d6d2c549-305e-8af1-2e84-835b7449221f"
            },
            "prefix": null
          },
          "private": "bnVsbA=="
        },
        {
          "index_key": 65,
          "schema_version": 0,
          "attributes": {
            "b64": "vKU",
            "b64_std": "vKU=",
            "b64_url": "vKU",
            "byte_length": 2,
            "dec": "48293",
            "hex": "bca5",
            "id": "vKU",
            "keepers": {
              "force": "255f466b-6785-5c4c-3468-aefed6bd6f0b"
            },
            "prefix": null
          },
          "private": "bnVsbA=="
        },
        {
          "index_key": 66,
          "schema_version": 0,
          "attributes": {
            "b64": "rJw",
            "b64_std": "rJw=",
            "b64_url": "rJw",
            "byte_length": 2,
            "dec": "44188",
            "hex": "ac9c",
            "id": "rJw",
            "keepers": {
              "force": "329a4d44-e825-d594-4536-dbbf0a3778a5"
            },
            "prefix": null
          },
          "private": "bnVsbA=="
        },
        {
          "index_key": 67,
          "schema_version": 0,
          "attributes": {
            "b64": "rhQ",
            "b64_std": "rhQ=",
            "b64_url": "rhQ",
            "byte_length": 2,
            "dec": "44564",
            "hex": "ae14",
            "id": "rhQ",
            "keepers": {
              "force": "f84eeb26-3a91-8e49-9125-6a25c6a98e11"
            },
            "prefix": null
          },
          "private": "bnVsbA=="
        },
        {
          "index_key": 68,
          "schema_version": 0,
          "attributes": {
            "b64": "ofs",
            "b64_std": "ofs=",
            "b64_url": "ofs",
            "byte_length": 2,
            "dec": "41467",
            "hex": "a1fb",
            "id": "ofs",
            "keepers": {
              "force": "9f588aa6-aa33-7288-8166-b2e410ce035b"
            },
            "prefix": null
          },
          "private": "bnVsbA=="
        },
        {
          "index_key": 69,
          "schema_version": 0,
          "attributes": {
            "b64": "XU8",
            "b64_std": "XU8=",
            "b64_url": "XU8",
            "byte_length": 2,
            "dec": "23887",
            "hex": "5d4f",
            "id": "XU8",
            "keepers": {
              "force": "12329c25-6416-c2ad-58c2-b1406f5de43b"
            },
            "prefix": null
          },
          "private": "bnVsbA=="
        },
        {
          "index_key": 70,
          "schema_version": 0,
          "attributes": {
            "b64": "RtE",
            "b64_std": "RtE=",
            "b64_url": "RtE",
            "byte_length": 2,
            "dec": "18129",
            "hex": "46d1",
            "id": "RtE",
            "keepers": {
              "force": "bc3b315b-3e1a-2f6c-cfb0-e34420ecf0df"
            },
            "prefix": null
          },
          "private": "bnVsbA=="
        },
        {
          "index_key": 71,
          "schema_version": 0,
          "attributes": {
            "b64": "JYM",
            "b64_std": "JYM=",
            "b64_url": "JYM",
            "byte_length": 2,
            "dec": "9603",
            "hex": "2583",
            "id": "JYM",
            "keepers": {
              "force": "0a0c46f0-bf2a-f6dc-c7cc-89380bd8b4f1"
            },
            "prefix": null
          },
          "private": "bnVsbA=="
        },
        {
          "index_key": 72,
          "schema_version": 0,
          "attributes": {
            "b64": "dVw",
            "b64_std": "dVw=",
            "b64_url": "dVw",
            "byte_length": 2,
            "dec": "30044",
            "hex": "755c",
            "id": "dVw",
            "keepers": {
              "force": "a6c9c337-4cbc-5022-f29f-0541cb557893"
            },
            "prefix": null
          },
          "private": "bnVsbA=="
        },
        {
          "index_key": 73,
          "schema_version": 0,
          "attributes": {
            "b64": "bMA",
            "b64_std": "bMA=",
            "b64_url": "bMA",
            "byte_length": 2,
            "dec": "27840",
            "hex": "6cc0",
            "id": "bMA",
            "keepers": {
              "force": "f4a7e825-630a-d858-223e-713481d55396"
            },
            "prefix": null
          },
          "private": "bnVsbA=="
        },
        {
          "index_key": 74,
          "schema_version": 0,
          "attributes": {
            "b64": "Z_4",
            "b64_std": "Z/4=",
            "b64_url": "Z_4",
            "byte_length": 2,
            "dec": "26622",
            "hex": "67fe",
            "id": "Z_4",
            "keepers": {
              "force": "8f30a794-e1be-1412-becc-283efe0e24bc"
            },
            "prefix": null
          },
          "private": "bnVsbA=="
        },
        {
          "index_key": 75,
          "schema_version": 0,
          "attributes": {
            "b64": "5dE",
            "b64_std": "5dE=",
            "b64_url": "5dE",
            "byte_length": 2,
            "dec": "58833",
            "hex": "e5d1",
            "id": "5dE",
            "keepers": {
              "force": "5506d0d4-1c12-042d-3c5a-a66a0bc30e85"
            },
            "prefix": null
          },
          "private": "bnVsbA=="
        },
        {
          "index_key": 76,
          "schema_version": 0,
          "attributes": {
            "b64": "H-o",
            "b64_std": "H+o=",
            "b64_url": "H-o",
            "byte_length": 2,
            "dec": "8170",
            "hex": "1fea",
            "id": "H-o",
            "keepers": {
              "force": "79a42280-e7c9-098d-89e9-29b8a43a0886"
            },
            "prefix": null
          },
          "private": "bnVsbA=="
        },
        {
          "index_key": 77,
          "schema_version": 0,
          "attributes": {
            "b64": "udg",
            "b64_std": "udg=",
            "b64_url": "udg",
            "byte_length": 2,
            "dec": "47576",
            "hex": "b9d8",
            "id": "udg",
            "keepers": {
              "force": "9ffc490b-2aae-a05a-1eeb-715e222cdaec"
            },
            "prefix": null
          },
          "private": "bnVsbA=="
        },
        {
          "index_key": 78,
          "schema_version": 0,
          "attributes": {
            "b64": "GwM",
            "b64_std": "GwM=",
            "b64_url": "GwM",
            "byte_length": 2,
            "dec": "6915",
            "hex": "1b03",
            "id": "GwM",
            "keepers": {
              "force": "7720f56d-e0b2-2e71-d359-14e83fb1c11b"
            },
            "prefix": null
          },
          "private": "bnVsbA=="
        },
        {
          "index_key": 79,
          "schema_version": 0,
          "attributes": {
            "b64": "7og",
            "b64_std": "7og=",
            "b64_url": "7og",
            "byte_length": 2,
            "dec": "61064",
            "hex": "ee88",
            "id": "7og",
            "keepers": {
              "force": "e1ecc2b0-e9f9-0f4f-2e82-43520f74d651"
            },
            "prefix": null
          },
          "private": "bnVsbA=="
        },
        {
          "index_key": 80,
          "schema_version": 0,
          "attributes": {
            "b64": "5aw",
            "b64_std": "5aw=",
            "b64_url": "5aw",
            "byte_length": 2,
            "dec": "58796",
            "hex": "e5ac",
            "id": "5aw",
            "keepers": {
              "force": "5e344b41-0174-4853-f317-65e99a803f6b"
            },
            "prefix": null
          },
          "private": "bnVsbA=="
        },
        {
          "index_key": 81,
          "schema_version": 0,
          "attributes": {
            "b64": "8sI",
            "b64_std": "8sI=",
            "b64_url": "8sI",
            "byte_length": 2,
            "dec": "62146",
            "hex": "f2c2",
            "id": "8sI",
            "keepers": {
              "force": "ccb6abd3-6200-4ba5-d3c1-3d4a21c3b075"
            },
            "prefix": null
          },
          "private": "bnVsbA=="
        },
        {
          "index_key": 82,
          "schema_version": 0,
          "attributes": {
            "b64": "XMQ",
            "b64_std": "XMQ=",
            "b64_url": "XMQ",
            "byte_length": 2,
            "dec": "23748",
            "hex": "5cc4",
            "id": "XMQ",
            "keepers": {
              "force": "e682a4f1-26b7-a1df-a972-69a563fa2179"
            },
            "prefix": null
          },
          "private": "bnVsbA=="
        },
        {
          "index_key": 83,
          "schema_version": 0,
          "attributes": {
            "b64": "678",
            "b64_std": "678=",
            "b64_url": "678",
            "byte_length": 2,
            "dec": "60351",
            "hex": "ebbf",
            "id": "678",
            "keepers": {
              "force": "b69e48d1-d693-e953-ee77-660cad0fe8c3"
            },
            "prefix": null
          },
          "private": "bnVsbA=="
        },
        {
          "index_key": 84,
          "schema_version": 0,
          "attributes": {
            "b64": "uMU",
            "b64_std": "uMU=",
            "b64_url": "uMU",
            "byte_length": 2,
            "dec": "47301",
            "hex": "b8c5",
            "id": "uMU",
            "keepers": {
              "force": "b14828fa-e839-bff1-507c-963f16e625c1"
            },
            "prefix": null
          },
          "private": "bnVsbA=="
        },
        {
          "index_key": 85,
          "schema_version": 0,
          "attributes": {
            "b64": "C_Q",
            "b64_std": "C/Q=",
            "b64_url": "C_Q",
            "byte_length": 2,
            "dec": "3060",
            "hex": "0bf4",
            "id": "C_Q",
            "keepers": {
              "force": "8b5066ac-8297-7874-1b0c-b81c62673b54"
            },
            "prefix": null
          },
          "private": "bnVsbA=="
        },
        {
          "index_key": 86,
          "schema_version": 0,
          "attributes": {
            "b64": "EvU",
            "b64_std": "EvU=",
            "b64_url": "EvU",
            "byte_length": 2,
            "dec": "4853",
            "hex": "12f5",
            "id": "EvU",
            "keepers": {
              "force": "863087d3-3f29-ec4d-7fe3-72c3ce449fb7"
            },
            "prefix": null
          },
          "private": "bnVsbA=="
        },
        {
          "index_key": 87,
          "schema_version": 0,
          "attributes": {
            "b64": "JbA",
            "b64_std": "JbA=",
            "b64_url": "JbA",
            "byte_length": 2,
            "dec": "9648",
            "hex": "25b0",
            "id": "JbA",
            "keepers": {
              "force": "2c933cca-2a26-50c4-6c96-c2f431cb2310"
            },
            "prefix": null
          },
          "private": "bnVsbA=="
        },
        {
          "index_key": 88,
          "schema_version": 0,
          "attributes": {
            "b64": "JpY",
            "b64_std": "JpY=",
            "b64_url": "JpY",
            "byte_length": 2,
            "dec": "9878",
            "hex": "2696",
            "id": "JpY",
            "keepers": {
              "force": "fe74ed28-8b10-7c0b-6c2a-f9388f3c9bbe"
            },
            "prefix": null
          },
          "private": "bnVsbA=="
        },
        {
          "index_key": 89,
          "schema_version": 0,
          "attributes": {
            "b64": "HkA",
            "b64_std": "HkA=",
            "b64_url": "HkA",
            "byte_length": 2,
            "dec": "7744",
            "hex": "1e40",
            "id": "HkA",
            "keepers": {
              "force": "1c6b7823-f2d8-a134-c975-451145f45dea"
            },
            "prefix": null
          },
          "private": "bnVsbA=="
        },
        {
          "index_key": 90,
          "schema_version": 0,
          "attributes": {
            "b64": "nJ4",
            "b64_std": "nJ4=",
            "b64_url": "nJ4",
            "byte_length": 2,
            "dec": "40094",
            "hex": "9c9e",
            "id": "nJ4",
            "keepers": {
              "force": "2a105979-eae7-5f99-c36c-0e0a866697d8"
            },
            "prefix": null
          },
          "private": "bnVsbA=="
        },
        {
          "index_key": 91,
          "schema_version": 0,
          "attributes": {
            "b64": "hwc",
            "b64_std": "hwc=",
            "b64_url": "hwc",
            "byte_length": 2,
            "dec": "34567",
            "hex": "8707",
            "id": "hwc",
            "keepers": {
              "force": "16822b66-9b70-eca2-0f5b-a210e4f35d06"
            },
            "prefix": null
          },
          "private": "bnVsbA=="
        },
        {
          "index_key": 92,
          "schema_version": 0,
          "attributes": {
            "b64": "-Dk",
            "b64_std": "+Dk=",
            "b64_url": "-Dk",
            "byte_length": 2,
            "dec": "63545",
            "hex": "f839",
            "id": "-Dk",
            "keepers": {
              "force": "14412e47-f8d3-3a2a-be4a-530227777cdc"
            },
            "prefix": null
          },
          "private": "bnVsbA=="
        },
        {
          "index_key": 93,
          "schema_version": 0,
          "attributes": {
            "b64": "_FE",
            "b64_std": "/FE=",
            "b64_url": "_FE",
            "byte_length": 2,
            "dec": "64593",
            "hex": "fc51",
            "id": "_FE",
            "keepers": {
              "force": "d04923d4-a73c-e629-f78e-30796f26992e"
            },
            "prefix": null
          },
          "private": "bnVsbA=="
        },
        {
          "index_key": 94,
          "schema_version": 0,
          "attributes": {
            "b64": "klE",
            "b64_std": "klE=",
            "b64_url": "klE",
            "byte_length": 2,
            "dec": "37457",
            "hex": "9251",
            "id": "klE",
            "keepers": {
              "force": "1dcdfcb1-6008-026b-42a8-13c977d39843"
            },
            "prefix": null
          },
          "private": "bnVsbA=="
        },
        {
          "index_key": 95,
          "schema_version": 0,
          "attributes": {
            "b64": "hzg",
            "b64_std": "hzg=",
            "b64_url": "hzg",
            "byte_length": 2,
            "dec": "34616",
            "hex": "8738",
            "id": "hzg",
            "keepers": {
              "force": "62d42b9f-ae80-1cb1-0b33-e44496448ac8"
            },
            "prefix": null
          },
          "private": "bnVsbA=="
        },
        {
          "index_key": 96,
          "schema_version": 0,
          "attributes": {
            "b64": "HIM",
            "b64_std": "HIM=",
            "b64_url": "HIM",
            "byte_length": 2,
            "dec": "7299",
            "hex": "1c83",
            "id": "HIM",
            "keepers": {
              "force": "2514a914-1718-0129-6dd7-7b84994ee5c0"
            },
            "prefix": null
          },
          "private": "bnVsbA=="
        },
        {
          "index_key": 97,
          "schema_version": 0,
          "attributes": {
            "b64": "PDw",
            "b64_std": "PDw=",
            "b64_url": "PDw",
            "byte_length": 2,
            "dec": "15420",
            "hex": "3c3c",
            "id": "PDw",
            "keepers": {
              "force": "536e0c60-0789-f811-18b7-1b6b9514b46a"
            },
            "prefix": null
          },
          "private": "bnVsbA=="
        },
        {
          "index_key": 98,
          "schema_version": 0,
          "attributes": {
            "b64": "kt0",
            "b64_std": "kt0=",
            "b64_url": "kt0",
            "byte_length": 2,
            "dec": "37597",
            "hex": "92dd",
            "id": "kt0",
            "keepers": {
              "force": "e1dc9861-3f3a-12ff-c104-064fbbcce243"
            },
            "prefix": null
          },
          "private": "bnVsbA=="
        },
        {
          "index_key": 99,
          "schema_version": 0,
          "attributes": {
            "b64": "uLM",
            "b64_std": "uLM=",
            "b64_url": "uLM",
            "byte_length": 2,
            "dec": "47283",
            "hex": "b8b3",
            "id": "uLM",
            "keepers": {
              "force": "9bbd415a-463a-c9bb-43ad-6ba7ae0f902e"
            },
            "prefix": null
          },
          "private": "bnVsbA=="
        },
        {
          "index_key": 100,
          "schema_version": 0,
          "attributes": {
            "b64": "-uI",
            "b64_std": "+uI=",
            "b64_url": "-uI",
            "byte_length": 2,
            "dec": "64226",
            "hex": "fae2",
            "id": "-uI",
            "keepers": {
              "force": "6a7aa888-45d0-beab-20c0-fdbe9d75f66c"
            },
            "prefix": null
          },
          "private": "bnVsbA=="
        },
        {
          "index_key": 101,
          "schema_version": 0,
          "attributes": {
            "b64": "rBs",
            "b64_std": "rBs=",
            "b64_url": "rBs",
            "byte_length": 2,
            "dec": "44059",
            "hex": "ac1b",
            "id": "rBs",
            "keepers": {
              "force": "7a97b27f-8a9a-acd0-db23-0e1f61b436f6"
            },
            "prefix": null
          },
          "private": "bnVsbA=="
        },
        {
          "index_key": 102,
          "schema_version": 0,
          "attributes": {
            "b64": "DIw",
            "b64_std": "DIw=",
            "b64_url": "DIw",
            "byte_length": 2,
            "dec": "3212",
            "hex": "0c8c",
            "id": "DIw",
            "keepers": {
              "force": "192551c8-df43-6c8b-bf2e-967606833ab9"
            },
            "prefix": null
          },
          "private": "bnVsbA=="
        },
        {
          "index_key": 103,
          "schema_version": 0,
          "attributes": {
            "b64": "WOo",
            "b64_std": "WOo=",
            "b64_url": "WOo",
            "byte_length": 2,
            "dec": "22762",
            "hex": "58ea",
            "id": "WOo",
            "keepers": {
              "force": "e91cf8b0-6a77-6543-74bc-b271324e0367"
            },
            "prefix": null
          },
          "private": "bnVsbA=="
        },
        {
          "index_key": 104,
          "schema_version": 0,
          "attributes": {
            "b64": "fuA",
            "b64_std": "fuA=",
            "b64_url": "fuA",
            "byte_length": 2,
            "dec": "32480",
            "hex": "7ee0",
            "id": "fuA",
            "keepers": {
              "force": "a268c977-6ba9-00ba-1a41-97d6f79b6218"
            },
            "prefix": null
          },
          "private": "bnVsbA=="
        },
        {
          "index_key": 105,
          "schema_version": 0,
          "attributes": {
            "b64": "6us",
            "b64_std": "6us=",
            "b64_url": "6us",
            "byte_length": 2,
            "dec": "60139",
            "hex": "eaeb",
            "id": "6us",
            "keepers": {
              "force": "471e7f19-86c3-1fc1-ee0c-9b97f345fd2b"
            },
            "prefix": null
          },
          "private": "bnVsbA=="
        },
        {
          "index_key": 106,
          "schema_version": 0,
          "attributes": {
            "b64": "910",
            "b64_std": "910=",
            "b64_url": "910",
            "byte_length": 2,
            "dec": "63325",
            "hex": "f75d",
            "id": "910",
            "keepers": {
              "force": "f5fedaef-5747-94f1-6f6a-85b8f31ee354"
            },
            "prefix": null
          },
          "private": "bnVsbA=="
        },
        {
          "index_key": 107,
          "schema_version": 0,
          "attributes": {
            "b64": "U14",
            "b64_std": "U14=",
            "b64_url": "U14",
            "byte_length": 2,
            "dec": "21342",
            "hex": "535e",
            "id": "U14",
            "keepers": {
              "force": "db2283f7-f037-fa03-19ec-d204c218597f"
            },
            "prefix": null
          },
          "private": "bnVsbA=="
        },
        {
          "index_key": 108,
          "schema_version": 0,
          "attributes": {
            "b64": "Vr4",
            "b64_std": "Vr4=",
            "b64_url": "Vr4",
            "byte_length": 2,
            "dec": "22206",
            "hex": "56be",
            "id": "Vr4",
            "keepers": {
              "force": "646c5981-ccd5-e5bc-f860-34f2f97249be"
            },
            "prefix": null
          },
          "private": "bnVsbA=="
        },
        {
          "index_key": 109,
          "schema_version": 0,
          "attributes": {
            "b64": "XZY",
            "b64_std": "XZY=",
            "b64_url": "XZY",
            "byte_length": 2,
            "dec": "23958",
            "hex": "5d96",
            "id": "XZY",
            "keepers": {
              "force": "0eec2ebd-4afb-2c8f-4048-249ab61a952f"
            },
            "prefix": null
          },
          "private": "bnVsbA=="
        },
        {
          "index_key": 110,
          "schema_version": 0,
          "attributes": {
            "b64": "xFE",
            "b64_std": "xFE=",
            "b64_url": "xFE",
            "byte_length": 2,
            "dec": "50257",
            "hex": "c451",
            "id": "xFE",
            "keepers": {
              "force": "9020dbc7-589d-c77b-5bbf-7dd3afc4a412"
            },
            "prefix": null
          },
          "private": "bnVsbA=="
        },
        {
          "index_key": 111,
          "schema_version": 0,
          "attributes": {
            "b64": "Kso",
            "b64_std": "Kso=",
            "b64_url": "Kso",
            "byte_length": 2,
            "dec": "10954",
            "hex": "2aca",
            "id": "Kso",
            "keepers": {
              "force": "7cc817b1-b68f-2446-00f5-ac8ad60cf908"
            },
            "prefix": null
          },
          "private": "bnVsbA=="
        },
        {
          "index_key": 112,
          "schema_version": 0,
          "attributes": {
            "b64": "Onc",
            "b64_std": "Onc=",
            "b64_url": "Onc",
            "byte_length": 2,
            "dec": "14967",
            "hex": "3a77",
            "id": "Onc",
            "keepers": {
              "force": "9947665a-c2b3-7b83-5340-3d2bf4606952"
            },
            "prefix": null
          },
          "private": "bnVsbA=="
        },
        {
          "index_key": 113,
          "schema_version": 0,
          "attributes": {
            "b64": "LqU",
            "b64_std": "LqU=",
            "b64_url": "LqU",
            "byte_length": 2,
            "dec": "11941",
            "hex": "2ea5",
            "id": "LqU",
            "keepers": {
              "force": "293b7eea-03da-a140-f74a-7a1fb0b12ea0"
            },
            "prefix": null
          },
          "private": "bnVsbA=="
        },
        {
          "index_key": 114,
          "schema_version": 0,
          "attributes": {
            "b64": "2ps",
            "b64_std": "2ps=",
            "b64_url": "2ps",
            "byte_length": 2,
            "dec": "55963",
            "hex": "da9b",
            "id": "2ps",
            "keepers": {
              "force": "dddadbb6-61a2-2b42-9619-c9c703435260"
            },
            "prefix": null
          },
          "private": "bnVsbA=="
        },
        {
          "index_key": 115,
          "schema_version": 0,
          "attributes": {
            "b64": "GSw",
            "b64_std": "GSw=",
            "b64_url": "GSw",
            "byte_length": 2,
            "dec": "6444",
            "hex": "192c",
            "id": "GSw",
            "keepers": {
              "force": "5c75f318-aeee-16f5-3e20-af9c8bbcaab2"
            },
            "prefix": null
          },
          "private": "bnVsbA=="
        },
        {
          "index_key": 116,
          "schema_version": 0,
          "attributes": {
            "b64": "pv4",
            "b64_std": "pv4=",
            "b64_url": "pv4",
            "byte_length": 2,
            "dec": "42750",
            "hex": "a6fe",
            "id": "pv4",
            "keepers": {
              "force": "2369cd1b-328d-6b04-023c-389306f327f8"
            },
            "prefix": null
          },
          "private": "bnVsbA=="
        },
        {
          "index_key": 117,
          "schema_version": 0,
          "attributes": {
            "b64": "dY0",
            "b64_std": "dY0=",
            "b64_url": "dY0",
            "byte_length": 2,
            "dec": "30093",
            "hex": "758d",
            "id": "dY0",
            "keepers": {
              "force": "81d7f708-be69-ffe2-ed42-4f1b0136321c"
            },
            "prefix": null
          },
          "private": "bnVsbA=="
        },
        {
          "index_key": 118,
          "schema_version": 0,
          "attributes": {
            "b64": "12s",
            "b64_std": "12s=",
            "b64_url": "12s",
            "byte_length": 2,
            "dec": "55147",
            "hex": "d76b",
            "id": "12s",
            "keepers": {
              "force": "0922c403-ea16-1fb4-df93-03039e0b784c"
            },
            "prefix": null
          },
          "private": "bnVsbA=="
        },
        {
          "index_key": 119,
          "schema_version": 0,
          "attributes": {
            "b64": "WAU",
            "b64_std": "WAU=",
            "b64_url": "WAU",
            "byte_length": 2,
            "dec": "22533",
            "hex": "5805",
            "id": "WAU",
            "keepers": {
              "force": "69977c84-02e8-1636-3cfd-3efec8411c24"
            },
            "prefix": null
          },
          "private": "bnVsbA=="
        },
        {
          "index_key": 120,
          "schema_version": 0,
          "attributes": {
            "b64": "bJ4",
            "b64_std": "bJ4=",
            "b64_url": "bJ4",
            "byte_length": 2,
            "dec": "27806",
            "hex": "6c9e",
            "id": "bJ4",
            "keepers": {
              "force": "627abaff-23dc-9748-44d4-9d202d3a10da"
            },
            "prefix": null
          },
          "private": "bnVsbA=="
        },
        {
          "index_key": 121,
          "schema_version": 0,
          "attributes": {
            "b64": "bYA",
            "b64_std": "bYA=",
            "b64_url": "bYA",
            "byte_length": 2,
            "dec": "28032",
            "hex": "6d80",
            "id": "bYA",
            "keepers": {
              "force": "d5d603d5-9dda-64dc-a114-e6f538b8ac82"
            },
            "prefix": null
          },
          "private": "bnVsbA=="
        },
        {
          "index_key": 122,
          "schema_version": 0,
          "attributes": {
            "b64": "XMo",
            "b64_std": "XMo=",
            "b64_url": "XMo",
            "byte_length": 2,
            "dec": "23754",
            "hex": "5cca",
            "id": "XMo",
            "keepers": {
              "force": "7fb7b6e2-0b15-5c79-2498-9ddd8655ec6e"
            },
            "prefix": null
          },
          "private": "bnVsbA=="
        },
        {
          "index_key": 123,
          "schema_version": 0,
          "attributes": {
            "b64": "uqI",
            "b64_std": "uqI=",
            "b64_url": "uqI",
            "byte_length": 2,
            "dec": "47778",
            "hex": "baa2",
            "id": "uqI",
            "keepers": {
              "force": "5f5fbdeb-f9bf-1bd1-96ac-625d425d0a80"
            },
            "prefix": null
          },
          "private": "bnVsbA=="
        },
        {
          "index_key": 124,
          "schema_version": 0,
          "attributes": {
            "b64": "I-U",
            "b64_std": "I+U=",
            "b64_url": "I-U",
            "byte_length": 2,
            "dec": "9189",
            "hex": "23e5",
            "id": "I-U",
            "keepers": {
              "force": "eb41e752-5536-fd1d-2ef4-e744c8d303db"
            },
            "prefix": null
          },
          "private": "bnVsbA=="
        },
        {
          "index_key": 125,
          "schema_version": 0,
          "attributes": {
            "b64": "tmA",
            "b64_std": "tmA=",
            "b64_url": "tmA",
            "byte_length": 2,
            "dec": "46688",
            "hex": "b660",
            "id": "tmA",
            "keepers": {
              "force": "7599e8de-3835-2982-dac6-b8da97f1970e"
            },
            "prefix": null
          },
          "private": "bnVsbA=="
        },
        {
          "index_key": 126,
          "schema_version": 0,
          "attributes": {
            "b64": "tyI",
            "b64_std": "tyI=",
            "b64_url": "tyI",
            "byte_length": 2,
            "dec": "46882",
            "hex": "b722",
            "id": "tyI",
            "keepers": {
              "force": "90d1e17e-d78b-1d42-21e6-ddd94c0e852e"
            },
            "prefix": null
          },
          "private": "bnVsbA=="
        },
        {
          "index_key": 127,
          "schema_version": 0,
          "attributes": {
            "b64": "kMU",
            "b64_std": "kMU=",
            "b64_url": "kMU",
            "byte_length": 2,
            "dec": "37061",
            "hex": "90c5",
            "id": "kMU",
            "keepers": {
              "force": "b7869e38-8577-136a-2b22-99d3286161fe"
            },
            "prefix": null
          },
          "private": "bnVsbA=="
        },
        {
          "index_key": 128,
          "schema_version": 0,
          "attributes": {
            "b64": "gWQ",
            "b64_std": "gWQ=",
            "b64_url": "gWQ",
            "byte_length": 2,
            "dec": "33124",
            "hex": "8164",
            "id": "gWQ",
            "keepers": {
              "force": "cc6f8bd9-1156-7f62-2a56-0c39bf35262e"
            },
            "prefix": null
          },
          "private": "bnVsbA=="
        },
        {
          "index_key": 129,
          "schema_version": 0,
          "attributes": {
            "b64": "m5M",
            "b64_std": "m5M=",
            "b64_url": "m5M",
            "byte_length": 2,
            "dec": "39827",
            "hex": "9b93",
            "id": "m5M",
            "keepers": {
              "force": "ede12dc9-0c8d-f6d9-bbac-a40469c0d31a"
            },
            "prefix": null
          },
          "private": "bnVsbA=="
        },
        {
          "index_key": 130,
          "schema_version": 0,
          "attributes": {
            "b64": "Zu0",
            "b64_std": "Zu0=",
            "b64_url": "Zu0",
            "byte_length": 2,
            "dec": "26349",
            "hex": "66ed",
            "id": "Zu0",
            "keepers": {
              "force": "3f955466-9e73-a0ca-7b50-128ac0c38599"
            },
            "prefix": null
          },
          "private": "bnVsbA=="
        },
        {
          "index_key": 131,
          "schema_version": 0,
          "attributes": {
            "b64": "Py8",
            "b64_std": "Py8=",
            "b64_url": "Py8",
            "byte_length": 2,
            "dec": "16175",
            "hex": "3f2f",
            "id": "Py8",
            "keepers": {
              "force": "4ba7b785-be19-4e67-24d4-c6793afc642c"
            },
            "prefix": null
          },
          "private": "bnVsbA=="
        },
        {
          "index_key": 132,
          "schema_version": 0,
          "attributes": {
            "b64": "Sws",
            "b64_std": "Sws=",
            "b64_url": "Sws",
            "byte_length": 2,
            "dec": "19211",
            "hex": "4b0b",
            "id": "Sws",
            "keepers": {
              "force": "4cce9ba6-ff73-67cd-49fb-758900afec27"
            },
            "prefix": null
          },
          "private": "bnVsbA=="
        },
        {
          "index_key": 133,
          "schema_version": 0,
          "attributes": {
            "b64": "Shw",
            "b64_std": "Shw=",
            "b64_url": "Shw",
            "byte_length": 2,
            "dec": "18972",
            "hex": "4a1c",
            "id": "Shw",
            "keepers": {
              "force": "d16c865a-6dbc-c4ed-5559-cf9521309f25"
            },
            "prefix": null
          },
          "private": "bnVsbA=="
        },
        {
          "index_key": 134,
          "schema_version": 0,
          "attributes": {
            "b64": "STo",
            "b64_std": "STo=",
            "b64_url": "STo",
            "byte_length": 2,
            "dec": "18746",
            "hex": "493a",
            "id": "STo",
            "keepers": {
              "force": "88cf8215-18a4-1699-e7be-f6c7bea38b6a"
            },
            "prefix": null
          },
          "private": "bnVsbA=="
        },
        {
          "index_key": 135,
          "schema_version": 0,
          "attributes": {
            "b64": "SWM",
            "b64_std": "SWM=",
            "b64_url": "SWM",
            "byte_length": 2,
            "dec": "18787",
            "hex": "4963",
            "id": "SWM",
            "keepers": {
              "force": "d713c31f-d822-495f-a98d-28d8fc604ae5"
            },
            "prefix": null
          },
          "private": "bnVsbA=="
        },
        {
          "index_key": 136,
          "schema_version": 0,
          "attributes": {
            "b64": "bWI",
            "b64_std": "bWI=",
            "b64_url": "bWI",
            "byte_length": 2,
            "dec": "28002",
            "hex": "6d62",
            "id": "bWI",
            "keepers": {
              "force": "3581c21d-7222-c369-11b6-7d6d84339b88"
            },
            "prefix": null
          },
          "private": "bnVsbA=="
        },
        {
          "index_key": 137,
          "schema_version": 0,
          "attributes": {
            "b64": "Mx0",
            "b64_std": "Mx0=",
            "b64_url": "Mx0",
            "byte_length": 2,
            "dec": "13085",
            "hex": "331d",
            "id": "Mx0",
            "keepers": {
              "force": "b26c49f3-47cb-7ee7-e656-7c2790319a71"
            },
            "prefix": null
          },
          "private": "bnVsbA=="
        },
        {
          "index_key": 138,
          "schema_version": 0,
          "attributes": {
            "b64": "7OY",
            "b64_std": "7OY=",
            "b64_url": "7OY",
            "byte_length": 2,
            "dec": "60646",
            "hex": "ece6",
            "id": "7OY",
            "keepers": {
              "force": "03a555a8-87ac-8b6a-a305-99c5998d84c8"
            },
            "prefix": null
          },
          "private": "bnVsbA=="
        },
        {
          "index_key": 139,
          "schema_version": 0,
          "attributes": {
            "b64": "6Ac",
            "b64_std": "6Ac=",
            "b64_url": "6Ac",
            "byte_length": 2,
            "dec": "59399",
            "hex": "e807",
            "id": "6Ac",
            "keepers": {
              "force": "a92a95bc-6740-e45b-5934-8fdf5cc09b0f"
            },
            "prefix": null
          },
          "private": "bnVsbA=="
        },
        {
          "index_key": 140,
          "schema_version": 0,
          "attributes": {
            "b64": "fQg",
            "b64_std": "fQg=",
            "b64_url": "fQg",
            "byte_length": 2,
            "dec": "32008",
            "hex": "7d08",
            "id": "fQg",
            "keepers": {
              "force": "11b1191a-b540-859f-7387-492fef9886e1"
            },
            "prefix": null
          },
          "private": "bnVsbA=="
        },
        {
          "index_key": 141,
          "schema_version": 0,
          "attributes": {
            "b64": "vSc",
            "b64_std": "vSc=",
            "b64_url": "vSc",
            "byte_length": 2,
            "dec": "48423",
            "hex": "bd27",
            "id": "vSc",
            "keepers": {
              "force": "1866accd-940d-7fa5-bf6f-cdfa1b891bc1"
            },
            "prefix": null
          },
          "private": "bnVsbA=="
        },
        {
          "index_key": 142,
          "schema_version": 0,
          "attributes": {
            "b64": "_PA",
            "b64_std": "/PA=",
            "b64_url": "_PA",
            "byte_length": 2,
            "dec": "64752",
            "hex": "fcf0",
            "id": "_PA",
            "keepers": {
              "force": "5614e7f3-aed4-f160-ef6c-ef736e3489e5"
            },
            "prefix": null
          },
          "private": "bnVsbA=="
        },
        {
          "index_key": 143,
          "schema_version": 0,
          "attributes": {
            "b64": "bGk",
            "b64_std": "bGk=",
            "b64_url": "bGk",
            "byte_length": 2,
            "dec": "27753",
            "hex": "6c69",
            "id": "bGk",
            "keepers": {
              "force": "c25025cb-dff7-f936-e00f-76f66ada6499"
            },
            "prefix": null
          },
          "private": "bnVsbA=="
        },
        {
          "index_key": 144,
          "schema_version": 0,
          "attributes": {
            "b64": "TJo",
            "b64_std": "TJo=",
            "b64_url": "TJo",
            "byte_length": 2,
            "dec": "19610",
            "hex": "4c9a",
            "id": "TJo",
            "keepers": {
              "force": "db7a537e-9c5f-752d-06fe-7ff842487dfa"
            },
            "prefix": null
          },
          "private": "bnVsbA=="
        },
        {
          "index_key": 145,
          "schema_version": 0,
          "attributes": {
            "b64": "7zU",
            "b64_std": "7zU=",
            "b64_url": "7zU",
            "byte_length": 2,
            "dec": "61237",
            "hex": "ef35",
            "id": "7zU",
            "keepers": {
              "force": "de4fa133-4202-701c-5ced-e939862f7850"
            },
            "prefix": null
          },
          "private": "bnVsbA=="
        },
        {
          "index_key": 146,
          "schema_version": 0,
          "attributes": {
            "b64": "l3g",
            "b64_std": "l3g=",
            "b64_url": "l3g",
            "byte_length": 2,
            "dec": "38776",
            "hex": "9778",
            "id": "l3g",
            "keepers": {
              "force": "85cf2737-9f57-d184-9114-3a25763ddeac"
            },
            "prefix": null
          },
          "private": "bnVsbA=="
        },
        {
          "index_key": 147,
          "schema_version": 0,
          "attributes": {
            "b64": "E0U",
            "b64_std": "E0U=",
            "b64_url": "E0U",
            "byte_length": 2,
            "dec": "4933",
            "hex": "1345",
            "id": "E0U",
            "keepers": {
              "force": "edf1b61d-9ead-25fa-f170-2220f4c75919"
            },
            "prefix": null
          },
          "private": "bnVsbA=="
        },
        {
          "index_key": 148,
          "schema_version": 0,
          "attributes": {
            "b64": "lJ4",
            "b64_std": "lJ4=",
            "b64_url": "lJ4",
            "byte_length": 2,
            "dec": "38046",
            "hex": "949e",
            "id": "lJ4",
            "keepers": {
              "force": "c79a293d-d8c6-48cf-9738-2655470eafd9"
            },
            "prefix": null
          },
          "private": "bnVsbA=="
        },
        {
          "index_key": 149,
          "schema_version": 0,
          "attributes": {
            "b64": "36Y",
            "b64_std": "36Y=",
            "b64_url": "36Y",
            "byte_length": 2,
            "dec": "57254",
            "hex": "dfa6",
            "id": "36Y",
            "keepers": {
              "force": "b75818e9-4218-7038-41cf-6d899e72888b"
            },
            "prefix": null
          },
          "private": "bnVsbA=="
        },
        {
          "index_key": 150,
          "schema_version": 0,
          "attributes": {
            "b64": "Kys",
            "b64_std": "Kys=",
            "b64_url": "Kys",
            "byte_length": 2,
            "dec": "11051",
            "hex": "2b2b",
            "id": "Kys",
            "keepers": {
              "force": "e31bd7bb-2f36-40c9-4cb3-36212e515d97"
            },
            "prefix": null
          },
          "private": "bnVsbA=="
        },
        {
          "index_key": 151,
          "schema_version": 0,
          "attributes": {
            "b64": "its",
            "b64_std": "its=",
            "b64_url": "its",
            "byte_length": 2,
            "dec": "35547",
            "hex": "8adb",
            "id": "its",
            "keepers": {
              "force": "f5e1e1e0-f552-c6a1-6bb5-de36f9864bba"
            },
            "prefix": null
          },
          "private": "bnVsbA=="
        },
        {
          "index_key": 152,
          "schema_version": 0,
          "attributes": {
            "b64": "jAU",
            "b64_std": "jAU=",
            "b64_url": "jAU",
            "byte_length": 2,
            "dec": "35845",
            "hex": "8c05",
            "id": "jAU",
            "keepers": {
              "force": "302a21e5-b2cc-43ff-7d3e-f66c2d8a1d5c"
            },
            "prefix": null
          },
          "private": "bnVsbA=="
        },
        {
          "index_key": 153,
          "schema_version": 0,
          "attributes": {
            "b64": "H-s",
            "b64_std": "H+s=",
            "b64_url": "H-s",
            "byte_length": 2,
            "dec": "8171",
            "hex": "1feb",
            "id": "H-s",
            "keepers": {
              "force": "3efbd42f-1f6c-18a3-2bf9-c7c5bc9cfa82"
            },
            "prefix": null
          },
          "private": "bnVsbA=="
        },
        {
          "index_key": 154,
          "schema_version": 0,
          "attributes": {
            "b64": "t90",
            "b64_std": "t90=",
            "b64_url": "t90",
            "byte_length": 2,
            "dec": "47069",
            "hex": "b7dd",
            "id": "t90",
            "keepers": {
              "force": "ba61d6da-7972-85dd-a5d5-12c3cf34ca62"
            },
            "prefix": null
          },
          "private": "bnVsbA=="
        },
        {
          "index_key": 155,
          "schema_version": 0,
          "attributes": {
            "b64": "b5Y",
            "b64_std": "b5Y=",
            "b64_url": "b5Y",
            "byte_length": 2,
            "dec": "28566",
            "hex": "6f96",
            "id": "b5Y",
            "keepers": {
              "force": "15ee9098-d8b4-026d-7903-be98502f96f8"
            },
            "prefix": null
          },
          "private": "bnVsbA=="
        },
        {
          "index_key": 156,
          "schema_version": 0,
          "attributes": {
            "b64": "hxs",
            "b64_std": "hxs=",
            "b64_url": "hxs",
            "byte_length": 2,
            "dec": "34587",
            "hex": "871b",
            "id": "hxs",
            "keepers": {
              "force": "fad2afe5-489e-ad38-91a2-fdbcd6c96876"
            },
            "prefix": null
          },
          "private": "bnVsbA=="
        },
        {
          "index_key": 157,
          "schema_version": 0,
          "attributes": {
            "b64": "Dwc",
            "b64_std": "Dwc=",
            "b64_url": "Dwc",
            "byte_length": 2,
            "dec": "3847",
            "hex": "0f07",
            "id": "Dwc",
            "keepers": {
              "force": "62094a10-1e76-218e-43d1-7b31e047bbae"
            },
            "prefix": null
          },
          "private": "bnVsbA=="
        },
        {
          "index_key": 158,
          "schema_version": 0,
          "attributes": {
            "b64": "Zv8",
            "b64_std": "Zv8=",
            "b64_url": "Zv8",
            "byte_length": 2,
            "dec": "26367",
            "hex": "66ff",
            "id": "Zv8",
            "keepers": {
              "force": "c374339e-420e-e326-4e5f-79e326866001"
            },
            "prefix": null
          },
          "private": "bnVsbA=="
        },
        {
          "index_key": 159,
          "schema_version": 0,
          "attributes": {
            "b64": "YR0",
            "b64_std": "YR0=",
            "b64_url": "YR0",
            "byte_length": 2,
            "dec": "24861",
            "hex": "611d",
            "id": "YR0",
            "keepers": {
              "force": "8c409cf8-5a56-1c68-21fb-e5cf55c1a9ba"
            },
            "prefix": null
          },
          "private": "bnVsbA=="
        },
        {
          "index_key": 160,
          "schema_version": 0,
          "attributes": {
            "b64": "hcE",
            "b64_std": "hcE=",
            "b64_url": "hcE",
            "byte_length": 2,
            "dec": "34241",
            "hex": "85c1",
            "id": "hcE",
            "keepers": {
              "force": "bbe51021-8da6-d4a9-5611-42b74fd53929"
            },
            "prefix": null
          },
          "private": "bnVsbA=="
        },
        {
          "index_key": 161,
          "schema_version": 0,
          "attributes": {
            "b64": "oTA",
            "b64_std": "oTA=",
            "b64_url": "oTA",
            "byte_length": 2,
            "dec": "41264",
            "hex": "a130",
            "id": "oTA",
            "keepers": {
              "force": "deaafed7-0019-1aa6-d3a1-54956cd7b9a5"
            },
            "prefix": null
          },
          "private": "bnVsbA=="
        },
        {
          "index_key": 162,
          "schema_version": 0,
          "attributes": {
            "b64": "Tb4",
            "b64_std": "Tb4=",
            "b64_url": "Tb4",
            "byte_length": 2,
            "dec": "19902",
            "hex": "4dbe",
            "id": "Tb4",
            "keepers": {
              "force": "468fdf7d-3782-a8fd-0f4c-8861b94965ac"
            },
            "prefix": null
          },
          "private": "bnVsbA=="
        },
        {
          "index_key": 163,
          "schema_version": 0,
          "attributes": {
            "b64": "CF0",
            "b64_std": "CF0=",
            "b64_url": "CF0",
            "byte_length": 2,
            "dec": "2141",
            "hex": "085d",
            "id": "CF0",
            "keepers": {
              "force": "82eb23c1-ff8d-cb42-22f1-560b5c960573"
            },
            "prefix": null
          },
          "private": "bnVsbA=="
        },
        {
          "index_key": 164,
          "schema_version": 0,
          "attributes": {
            "b64": "uUE",
            "b64_std": "uUE=",
            "b64_url": "uUE",
            "byte_length": 2,
            "dec": "47425",
            "hex": "b941",
            "id": "uUE",
            "keepers": {
              "force": "68855235-4133-df03-b63c-6fcaccdbd98d"
            },
            "prefix": null
          },
          "private": "bnVsbA=="
        },
        {
          "index_key": 165,
          "schema_version": 0,
          "attributes": {
            "b64": "MmM",
            "b64_std": "MmM=",
            "b64_url": "MmM",
            "byte_length": 2,
            "dec": "12899",
            "hex": "3263",
            "id": "MmM",
            "keepers": {
              "force": "51a55444-4f26-64c3-9012-aa5a52c47542"
            },
            "prefix": null
          },
          "private": "bnVsbA=="
        },
        {
          "index_key": 166,
          "schema_version": 0,
          "attributes": {
            "b64": "KTU",
            "b64_std": "KTU=",
            "b64_url": "KTU",
            "byte_length": 2,
            "dec": "10549",
            "hex": "2935",
            "id": "KTU",
            "keepers": {
              "force": "abeec0ee-810e-dcc9-81aa-76b1aff7d84a"
            },
            "prefix": null
          },
          "private": "bnVsbA=="
        },
        {
          "index_key": 167,
          "schema_version": 0,
          "attributes": {
            "b64": "vdo",
            "b64_std": "vdo=",
            "b64_url": "vdo",
            "byte_length": 2,
            "dec": "48602",
            "hex": "bdda",
            "id": "vdo",
            "keepers": {
              "force": "e04cb812-3010-c791-d7ba-3632eaf6f661"
            },
            "prefix": null
          },
          "private": "bnVsbA=="
        },
        {
          "index_key": 168,
          "schema_version": 0,
          "attributes": {
            "b64": "Mzc",
            "b64_std": "Mzc=",
            "b64_url": "Mzc",
            "byte_length": 2,
            "dec": "13111",
            "hex": "3337",
            "id": "Mzc",
            "keepers": {
              "force": "14f10ebd-391d-5680-ece8-15ffbc547ab5"
            },
            "prefix": null
          },
          "private": "bnVsbA=="
        },
        {
          "index_key": 169,
          "schema_version": 0,
          "attributes": {
            "b64": "Bxk",
            "b64_std": "Bxk=",
            "b64_url": "Bxk",
            "byte_length": 2,
            "dec": "1817",
            "hex": "0719",
            "id": "Bxk",
            "keepers": {
              "force": "7b266a2e-3c5c-3bf4-604e-41c1e46cac6d"
            },
            "prefix": null
          },
          "private": "bnVsbA=="
        },
        {
          "index_key": 170,
          "schema_version": 0,
          "attributes": {
            "b64": "qQY",
            "b64_std": "qQY=",
            "b64_url": "qQY",
            "byte_length": 2,
            "dec": "43270",
            "hex": "a906",
            "id": "qQY",
            "keepers": {
              "force": "5dc102b3-3255-6b85-8c77-622f41850336"
            },
            "prefix": null
          },
          "private": "bnVsbA=="
        },
        {
          "index_key": 171,
          "schema_version": 0,
          "attributes": {
            "b64": "qgc",
            "b64_std": "qgc=",
            "b64_url": "qgc",
            "byte_length": 2,
            "dec": "43527",
            "hex": "aa07",
            "id": "qgc",
            "keepers": {
              "force": "066619a1-b4e7-9f32-f44e-64c90e83499f"
            },
            "prefix": null
          },
          "private": "bnVsbA=="
        },
        {
          "index_key": 172,
          "schema_version": 0,
          "attributes": {
            "b64": "smw",
            "b64_std": "smw=",
            "b64_url": "smw",
            "byte_length": 2,
            "dec": "45676",
            "hex": "b26c",
            "id": "smw",
            "keepers": {
              "force": "d8e9ca14-cef0-4bbb-d757-55b9c8eacf83"
            },
            "prefix": null
          },
          "private": "bnVsbA=="
        },
        {
          "index_key": 173,
          "schema_version": 0,
          "attributes": {
            "b64": "QQo",
            "b64_std": "QQo=",
            "b64_url": "QQo",
            "byte_length": 2,
            "dec": "16650",
            "hex": "410a",
            "id": "QQo",
            "keepers": {
              "force": "fec55965-55f9-847c-0985-18c06e47f70d"
            },
            "prefix": null
          },
          "private": "bnVsbA=="
        },
        {
          "index_key": 174,
          "schema_version": 0,
          "attributes": {
            "b64": "_DA",
            "b64_std": "/DA=",
            "b64_url": "_DA",
            "byte_length": 2,
            "dec": "64560",
            "hex": "fc30",
            "id": "_DA",
            "keepers": {
              "force": "68d91456-3a7c-3d1c-925e-23aa5c8cc187"
            },
            "prefix": null
          },
          "private": "bnVsbA=="
        },
        {
          "index_key": 175,
          "schema_version": 0,
          "attributes": {
            "b64": "dEs",
            "b64_std": "dEs=",
            "b64_url": "dEs",
            "byte_length": 2,
            "dec": "29771",
            "hex": "744b",
            "id": "dEs",
            "keepers": {
              "force": "5f310bd3-0a4b-c3d6-ce2a-44f6f316bb84"
            },
            "prefix": null
          },
          "private": "bnVsbA=="
        },
        {
          "index_key": 176,
          "schema_version": 0,
          "attributes": {
            "b64": "F2c",
            "b64_std": "F2c=",
            "b64_url": "F2c",
            "byte_length": 2,
            "dec": "5991",
            "hex": "1767",
            "id": "F2c",
            "keepers": {
              "force": "af1137a6-017e-5181-b652-7869a91f6ac3"
            },
            "prefix": null
          },
          "private": "bnVsbA=="
        },
        {
          "index_key": 177,
          "schema_version": 0,
          "attributes": {
            "b64": "2S8",
            "b64_std": "2S8=",
            "b64_url": "2S8",
            "byte_length": 2,
            "dec": "55599",
            "hex": "d92f",
            "id": "2S8",
            "keepers": {
              "force": "0fbaa976-2e0f-121d-069d-160ca734bb05"
            },
            "prefix": null
          },
          "private": "bnVsbA=="
        },
        {
          "index_key": 178,
          "schema_version": 0,
          "attributes": {
            "b64": "HKE",
            "b64_std": "HKE=",
            "b64_url": "HKE",
            "byte_length": 2,
            "dec": "7329",
            "hex": "1ca1",
            "id": "HKE",
            "keepers": {
              "force": "34b5f5e1-e643-99d6-4ce1-7c35947d522e"
            },
            "prefix": null
          },
          "private": "bnVsbA=="
        },
        {
          "index_key": 179,
          "schema_version": 0,
          "attributes": {
            "b64": "hCk",
            "b64_std": "hCk=",
            "b64_url": "hCk",
            "byte_length": 2,
            "dec": "33833",
            "hex": "8429",
            "id": "hCk",
            "keepers": {
              "force": "3a54f7bd-1945-4a8f-0239-940e9797c00c"
            },
            "prefix": null
          },
          "private": "bnVsbA=="
        },
        {
          "index_key": 180,
          "schema_version": 0,
          "attributes": {
            "b64": "IuI",
            "b64_std": "IuI=",
            "b64_url": "IuI",
            "byte_length": 2,
            "dec": "8930",
            "hex": "22e2",
            "id": "IuI",
            "keepers": {
              "force": "8737e3bc-b9bf-a2ea-ab9e-21425526641c"
            },
            "prefix": null
          },
          "private": "bnVsbA=="
        },
        {
          "index_key": 181,
          "schema_version": 0,
          "attributes": {
            "b64": "Pks",
            "b64_std": "Pks=",
            "b64_url": "Pks",
            "byte_length": 2,
            "dec": "15947",
            "hex": "3e4b",
            "id": "Pks",
            "keepers": {
              "force": "6309fdb5-7d47-4ca3-886c-7b338d3bda0e"
            },
            "prefix": null
          },
          "private": "bnVsbA=="
        },
        {
          "index_key": 182,
          "schema_version": 0,
          "attributes": {
            "b64": "8NQ",
            "b64_std": "8NQ=",
            "b64_url": "8NQ",
            "byte_length": 2,
            "dec": "61652",
            "hex": "f0d4",
            "id": "8NQ",
            "keepers": {
              "force": "74c9d645-99a3-37a7-22db-41a2700b96dd"
            },
            "prefix": null
          },
          "private": "bnVsbA=="
        },
        {
          "index_key": 183,
          "schema_version": 0,
          "attributes": {
            "b64": "dZY",
            "b64_std": "dZY=",
            "b64_url": "dZY",
            "byte_length": 2,
            "dec": "30102",
            "hex": "7596",
            "id": "dZY",
            "keepers": {
              "force": "8681c8ac-5f3e-009e-b547-89a4c07205b8"
            },
            "prefix": null
          },
          "private": "bnVsbA=="
        },
        {
          "index_key": 184,
          "schema_version": 0,
          "attributes": {
            "b64": "Oj4",
            "b64_std": "Oj4=",
            "b64_url": "Oj4",
            "byte_length": 2,
            "dec": "14910",
            "hex": "3a3e",
            "id": "Oj4",
            "keepers": {
              "force": "9528dd48-f9c3-3b0f-7b7c-0f87ff3f5947"
            },
            "prefix": null
          },
          "private": "bnVsbA=="
        },
        {
          "index_key": 185,
          "schema_version": 0,
          "attributes": {
            "b64": "N5w",
            "b64_std": "N5w=",
            "b64_url": "N5w",
            "byte_length": 2,
            "dec": "14236",
            "hex": "379c",
            "id": "N5w",
            "keepers": {
              "force": "8cc4cf8b-1b0e-c8e7-b3b5-b45d5b150882"
            },
            "prefix": null
          },
          "private": "bnVsbA=="
        },
        {
          "index_key": 186,
          "schema_version": 0,
          "attributes": {
            "b64": "S0g",
            "b64_std": "S0g=",
            "b64_url": "S0g",
            "byte_length": 2,
            "dec": "19272",
            "hex": "4b48",
            "id": "S0g",
            "keepers": {
              "force": "8f6074b9-145f-54ef-1535-49f6962da4ad"
            },
            "prefix": null
          },
          "private": "bnVsbA=="
        },
        {
          "index_key": 187,
          "schema_version": 0,
          "attributes": {
            "b64": "vIk",
            "b64_std": "vIk=",
            "b64_url": "vIk",
            "byte_length": 2,
            "dec": "48265",
            "hex": "bc89",
            "id": "vIk",
            "keepers": {
              "force": "112249ee-53fd-d47b-aead-b93973b94a95"
            },
            "prefix": null
          },
          "private": "bnVsbA=="
        },
        {
          "index_key": 188,
          "schema_version": 0,
          "attributes": {
            "b64": "v8E",
            "b64_std": "v8E=",
            "b64_url": "v8E",
            "byte_length": 2,
            "dec": "49089",
            "hex": "bfc1",
            "id": "v8E",
            "keepers": {
              "force": "0c15d139-ac32-a69a-ba2f-76c6ef4004d4"
            },
            "prefix": null
          },
          "private": "bnVsbA=="
        },
        {
          "index_key": 189,
          "schema_version": 0,
          "attributes": {
            "b64": "KjY",
            "b64_std": "KjY=",
            "b64_url": "KjY",
            "byte_length": 2,
            "dec": "10806",
            "hex": "2a36",
            "id": "KjY",
            "keepers": {
              "force": "8ec340a0-47cf-42bd-f680-86770c35fb53"
            },
            "prefix": null
          },
          "private": "bnVsbA=="
        },
        {
          "index_key": 190,
          "schema_version": 0,
          "attributes": {
            "b64": "Fvw",
            "b64_std": "Fvw=",
            "b64_url": "Fvw",
            "byte_length": 2,
            "dec": "5884",
            "hex": "16fc",
            "id": "Fvw",
            "keepers": {
              "force": "6f5ca132-c69a-2522-59da-9fc37ad7ae56"
            },
            "prefix": null
          },
          "private": "bnVsbA=="
        },
        {
          "index_key": 191,
          "schema_version": 0,
          "attributes": {
            "b64": "O4o",
            "b64_std": "O4o=",
            "b64_url": "O4o",
            "byte_length": 2,
            "dec": "15242",
            "hex": "3b8a",
            "id": "O4o",
            "keepers": {
              "force": "fdfec3ce-7bf9-47e4-6cd1-a531acab1ede"
            },
            "prefix": null
          },
          "private": "bnVsbA=="
        },
        {
          "index_key": 192,
          "schema_version": 0,
          "attributes": {
            "b64": "Ef4",
            "b64_std": "Ef4=",
            "b64_url": "Ef4",
            "byte_length": 2,
            "dec": "4606",
            "hex": "11fe",
            "id": "Ef4",
            "keepers": {
              "force": "a7ccdff1-a8f8-ba35-ec45-123b2194015c"
            },
            "prefix": null
          },
          "private": "bnVsbA=="
        },
        {
          "index_key": 193,
          "schema_version": 0,
          "attributes": {
            "b64": "YEY",
            "b64_std": "YEY=",
            "b64_url": "YEY",
            "byte_length": 2,
            "dec": "24646",
            "hex": "6046",
            "id": "YEY",
            "keepers": {
              "force": "afd9384a-634b-ec65-ba3a-96d5af47aad6"
            },
            "prefix": null
          },
          "private": "bnVsbA=="
        },
        {
          "index_key": 194,
          "schema_version": 0,
          "attributes": {
            "b64": "MKM",
            "b64_std": "MKM=",
            "b64_url": "MKM",
            "byte_length": 2,
            "dec": "12451",
            "hex": "30a3",
            "id": "MKM",
            "keepers": {
              "force": "3a37dbe5-300e-e10c-a832-a47d032c6dec"
            },
            "prefix": null
          },
          "private": "bnVsbA=="
        },
        {
          "index_key": 195,
          "schema_version": 0,
          "attributes": {
            "b64": "TTQ",
            "b64_std": "TTQ=",
            "b64_url": "TTQ",
            "byte_length": 2,
            "dec": "19764",
            "hex": "4d34",
            "id": "TTQ",
            "keepers": {
              "force": "18f2ab0e-ecdc-5c31-bc21-42a74a726caa"
            },
            "prefix": null
          },
          "private": "bnVsbA=="
        },
        {
          "index_key": 196,
          "schema_version": 0,
          "attributes": {
            "b64": "j_k",
            "b64_std": "j/k=",
            "b64_url": "j_k",
            "byte_length": 2,
            "dec": "36857",
            "hex": "8ff9",
            "id": "j_k",
            "keepers": {
              "force": "d23b1c07-3669-0879-fec9-b7586717f3ee"
            },
            "prefix": null
          },
          "private": "bnVsbA=="
        },
        {
          "index_key": 197,
          "schema_version": 0,
          "attributes": {
            "b64": "Gtw",
            "b64_std": "Gtw=",
            "b64_url": "Gtw",
            "byte_length": 2,
            "dec": "6876",
            "hex": "1adc",
            "id": "Gtw",
            "keepers": {
              "force": "31700205-c31a-828a-7b7c-26a5b3f25dc9"
            },
            "prefix": null
          },
          "private": "bnVsbA=="
        },
        {
          "index_key": 198,
          "schema_version": 0,
          "attributes": {
            "b64": "9oo",
            "b64_std": "9oo=",
            "b64_url": "9oo",
            "byte_length": 2,
            "dec": "63114",
            "hex": "f68a",
            "id": "9oo",
            "keepers": {
              "force": "57f59d99-f6d7-f40c-9ab3-503c9461e8b7"
            },
            "prefix": null
          },
          "private": "bnVsbA=="
        },
        {
          "index_key": 199,
          "schema_version": 0,
          "attributes": {
            "b64": "Ar4",
            "b64_std": "Ar4=",
            "b64_url": "Ar4",
            "byte_length": 2,
            "dec": "702",
            "hex": "02be",
            "id": "Ar4",
            "keepers": {
              "force": "b22ae437-52ae-c713-21a0-239d69127fc0"
            },
            "prefix": null
          },
          "private": "bnVsbA=="
        },
        {
          "index_key": 200,
          "schema_version": 0,
          "attributes": {
            "b64": "Pk0",
            "b64_std": "Pk0=",
            "b64_url": "Pk0",
            "byte_length": 2,
            "dec": "15949",
            "hex": "3e4d",
            "id": "Pk0",
            "keepers": {
              "force": "722a2f4c-8c16-3a91-b71a-f4d1b88e0db9"
            },
            "prefix": null
          },
          "private": "bnVsbA=="
        },
        {
          "index_key": 201,
          "schema_version": 0,
          "attributes": {
            "b64": "a94",
            "b64_std": "a94=",
            "b64_url": "a94",
            "byte_length": 2,
            "dec": "27614",
            "hex": "6bde",
            "id": "a94",
            "keepers": {
              "force": "6f715958-0485-5b6e-9657-98bd99a5ca9f"
            },
            "prefix": null
          },
          "private": "bnVsbA=="
        },
        {
          "index_key": 202,
          "schema_version": 0,
          "attributes": {
            "b64": "US0",
            "b64_std": "US0=",
            "b64_url": "US0",
            "byte_length": 2,
            "dec": "20781",
            "hex": "512d",
            "id": "US0",
            "keepers": {
              "force": "900472c3-31a3-dd56-afc3-3a4b493294b5"
            },
            "prefix": null
          },
          "private": "bnVsbA=="
        },
        {
          "index_key": 203,
          "schema_version": 0,
          "attributes": {
            "b64": "WqE",
            "b64_std": "WqE=",
            "b64_url": "WqE",
            "byte_length": 2,
            "dec": "23201",
            "hex": "5aa1",
            "id": "WqE",
            "keepers": {
              "force": "c475e6b9-4ee3-d581-3170-a31325a1b903"
            },
            "prefix": null
          },
          "private": "bnVsbA=="
        },
        {
          "index_key": 204,
          "schema_version": 0,
          "attributes": {
            "b64": "6B0",
            "b64_std": "6B0=",
            "b64_url": "6B0",
            "byte_length": 2,
            "dec": "59421",
            "hex": "e81d",
            "id": "6B0",
            "keepers": {
              "force": "3d4bd56f-bc22-2d7c-18cf-b70de02ec460"
            },
            "prefix": null
          },
          "private": "bnVsbA=="
        },
        {
          "index_key": 205,
          "schema_version": 0,
          "attributes": {
            "b64": "W3A",
            "b64_std": "W3A=",
            "b64_url": "W3A",
            "byte_length": 2,
            "dec": "23408",
            "hex": "5b70",
            "id": "W3A",
            "keepers": {
              "force": "45f3da50-20b0-604c-2222-d6f7f3fee697"
            },
            "prefix": null
          },
          "private": "bnVsbA=="
        },
        {
          "index_key": 206,
          "schema_version": 0,
          "attributes": {
            "b64": "uMc",
            "b64_std": "uMc=",
            "b64_url": "uMc",
            "byte_length": 2,
            "dec": "47303",
            "hex": "b8c7",
            "id": "uMc",
            "keepers": {
              "force": "1d98cd2d-f5d7-8dac-87d6-30f80f1d8e67"
            },
            "prefix": null
          },
          "private": "bnVsbA=="
        },
        {
          "index_key": 207,
          "schema_version": 0,
          "attributes": {
            "b64": "2DY",
            "b64_std": "2DY=",
            "b64_url": "2DY",
            "byte_length": 2,
            "dec": "55350",
            "hex": "d836",
            "id": "2DY",
            "keepers": {
              "force": "840411bb-0d22-621d-924e-9cbd0001f9a5"
            },
            "prefix": null
          },
          "private": "bnVsbA=="
        },
        {
          "index_key": 208,
          "schema_version": 0,
          "attributes": {
            "b64": "dUI",
            "b64_std": "dUI=",
            "b64_url": "dUI",
            "byte_length": 2,
            "dec": "30018",
            "hex": "7542",
            "id": "dUI",
            "keepers": {
              "force": "b17c0569-916e-adc7-5fde-8fd9982a07e9"
            },
            "prefix": null
          },
          "private": "bnVsbA=="
        },
        {
          "index_key": 209,
          "schema_version": 0,
          "attributes": {
            "b64": "qi8",
            "b64_std": "qi8=",
            "b64_url": "qi8",
            "byte_length": 2,
            "dec": "43567",
            "hex": "aa2f",
            "id": "qi8",
            "keepers": {
              "force": "370e840c-68db-d90d-b455-da7311cd64b9"
            },
            "prefix": null
          },
          "private": "bnVsbA=="
        },
        {
          "index_key": 210,
          "schema_version": 0,
          "attributes": {
            "b64": "8Aw",
            "b64_std": "8Aw=",
            "b64_url": "8Aw",
            "byte_length": 2,
            "dec": "61452",
            "hex": "f00c",
            "id": "8Aw",
            "keepers": {
              "force": "e715093a-3519-5703-859e-d9a9fa186a4b"
            },
            "prefix": null
          },
          "private": "bnVsbA=="
        },
        {
          "index_key": 211,
          "schema_version": 0,
          "attributes": {
            "b64": "GwY",
            "b64_std": "GwY=",
            "b64_url": "GwY",
            "byte_length": 2,
            "dec": "6918",
            "hex": "1b06",
            "id": "GwY",
            "keepers": {
              "force": "03f808f8-bfe9-1e77-3693-93ade30ac659"
            },
            "prefix": null
          },
          "private": "bnVsbA=="
        },
        {
          "index_key": 212,
          "schema_version": 0,
          "attributes": {
            "b64": "OMQ",
            "b64_std": "OMQ=",
            "b64_url": "OMQ",
            "byte_length": 2,
            "dec": "14532",
            "hex": "38c4",
            "id": "OMQ",
            "keepers": {
              "force": "7826df40-7fa8-680b-9c92-19252a697397"
            },
            "prefix": null
          },
          "private": "bnVsbA=="
        },
        {
          "index_key": 213,
          "schema_version": 0,
          "attributes": {
            "b64": "0aU",
            "b64_std": "0aU=",
            "b64_url": "0aU",
            "byte_length": 2,
            "dec": "53669",
            "hex": "d1a5",
            "id": "0aU",
            "keepers": {
              "force": "35a9abef-592c-c1a8-5553-76a54d96dbae"
            },
            "prefix": null
          },
          "private": "bnVsbA=="
        },
        {
          "index_key": 214,
          "schema_version": 0,
          "attributes": {
            "b64": "Z5g",
            "b64_std": "Z5g=",
            "b64_url": "Z5g",
            "byte_length": 2,
            "dec": "26520",
            "hex": "6798",
            "id": "Z5g",
            "keepers": {
              "force": "96a2c2e7-b8d7-8d0e-45b7-1255bd522acc"
            },
            "prefix": null
          },
          "private": "bnVsbA=="
        },
        {
          "index_key": 215,
          "schema_version": 0,
          "attributes": {
            "b64": "ZHg",
            "b64_std": "ZHg=",
            "b64_url": "ZHg",
            "byte_length": 2,
            "dec": "25720",
            "hex": "6478",
            "id": "ZHg",
            "keepers": {
              "force": "6aba9c27-cabc-09ee-a31f-3aadf8b71ffc"
            },
            "prefix": null
          },
          "private": "bnVsbA=="
        },
        {
          "index_key": 216,
          "schema_version": 0,
          "attributes": {
            "b64": "9Y0",
            "b64_std": "9Y0=",
            "b64_url": "9Y0",
            "byte_length": 2,
            "dec": "62861",
            "hex": "f58d",
            "id": "9Y0",
            "keepers": {
              "force": "3696393b-178f-38ea-af23-e8c4eb0ec09e"
            },
            "prefix": null
          },
          "private": "bnVsbA=="
        },
        {
          "index_key": 217,
          "schema_version": 0,
          "attributes": {
            "b64": "sdk",
            "b64_std": "sdk=",
            "b64_url": "sdk",
            "byte_length": 2,
            "dec": "45529",
            "hex": "b1d9",
            "id": "sdk",
            "keepers": {
              "force": "af41d8ec-3513-0eba-9e16-7d6e6aafbe5b"
            },
            "prefix": null
          },
          "private": "bnVsbA=="
        },
        {
          "index_key": 218,
          "schema_version": 0,
          "attributes": {
            "b64": "IGw",
            "b64_std": "IGw=",
            "b64_url": "IGw",
            "byte_length": 2,
            "dec": "8300",
            "hex": "206c",
            "id": "IGw",
            "keepers": {
              "force": "0cd93c41-8387-7eae-dd70-6c6c54f78314"
            },
            "prefix": null
          },
          "private": "bnVsbA=="
        },
        {
          "index_key": 219,
          "schema_version": 0,
          "attributes": {
            "b64": "Y74",
            "b64_std": "Y74=",
            "b64_url": "Y74",
            "byte_length": 2,
            "dec": "25534",
            "hex": "63be",
            "id": "Y74",
            "keepers": {
              "force": "cb30071f-a7e4-b325-941c-56f857f46fe9"
            },
            "prefix": null
          },
          "private": "bnVsbA=="
        },
        {
          "index_key": 220,
          "schema_version": 0,
          "attributes": {
            "b64": "I-k",
            "b64_std": "I+k=",
            "b64_url": "I-k",
            "byte_length": 2,
            "dec": "9193",
            "hex": "23e9",
            "id": "I-k",
            "keepers": {
              "force": "71604a6c-5095-846c-cda4-5383cd418938"
            },
            "prefix": null
          },
          "private": "bnVsbA=="
        },
        {
          "index_key": 221,
          "schema_version": 0,
          "attributes": {
            "b64": "1Jk",
            "b64_std": "1Jk=",
            "b64_url": "1Jk",
            "byte_length": 2,
            "dec": "54425",
            "hex": "d499",
            "id": "1Jk",
            "keepers": {
              "force": "f8b0d412-bdac-ec13-cd6f-f6c4dc11fbe7"
            },
            "prefix": null
          },
          "private": "bnVsbA=="
        },
        {
          "index_key": 222,
          "schema_version": 0,
          "attributes": {
            "b64": "h14",
            "b64_std": "h14=",
            "b64_url": "h14",
            "byte_length": 2,
            "dec": "34654",
            "hex": "875e",
            "id": "h14",
            "keepers": {
              "force": "452000a0-dad9-8997-0191-a4a6d40a8aa7"
            },
            "prefix": null
          },
          "private": "bnVsbA=="
        },
        {
          "index_key": 223,
          "schema_version": 0,
          "attributes": {
            "b64": "utU",
            "b64_std": "utU=",
            "b64_url": "utU",
            "byte_length": 2,
            "dec": "47829",
            "hex": "bad5",
            "id": "utU",
            "keepers": {
              "force": "b02405ef-6f72-5805-2654-0eeb7c6d1194"
            },
            "prefix": null
          },
          "private": "bnVsbA=="
        },
        {
          "index_key": 224,
          "schema_version": 0,
          "attributes": {
            "b64": "A-8",
            "b64_std": "A+8=",
            "b64_url": "A-8",
            "byte_length": 2,
            "dec": "1007",
            "hex": "03ef",
            "id": "A-8",
            "keepers": {
              "force": "3d90bf5d-3375-4d2b-a46c-0aa892aeb040"
            },
            "prefix": null
          },
          "private": "bnVsbA=="
        },
        {
          "index_key": 225,
          "schema_version": 0,
          "attributes": {
            "b64": "zJU",
            "b64_std": "zJU=",
            "b64_url": "zJU",
            "byte_length": 2,
            "dec": "52373",
            "hex": "cc95",
            "id": "zJU",
            "keepers": {
              "force": "c99200f9-9289-fdb4-7474-b86424e5a0fb"
            },
            "prefix": null
          },
          "private": "bnVsbA=="
        },
        {
          "index_key": 226,
          "schema_version": 0,
          "attributes": {
            "b64": "M1Q",
            "b64_std": "M1Q=",
            "b64_url": "M1Q",
            "byte_length": 2,
            "dec": "13140",
            "hex": "3354",
            "id": "M1Q",
            "keepers": {
              "force": "58b3b580-23c3-9c35-5671-b0e005e95343"
            },
            "prefix": null
          },
          "private": "bnVsbA=="
        },
        {
          "index_key": 227,
          "schema_version": 0,
          "attributes": {
            "b64": "TAs",
            "b64_std": "TAs=",
            "b64_url": "TAs",
            "byte_length": 2,
            "dec": "19467",
            "hex": "4c0b",
            "id": "TAs",
            "keepers": {
              "force": "4363ba0c-8082-1a01-a2b3-83dcccdceb98"
            },
            "prefix": null
          },
          "private": "bnVsbA=="
        },
        {
          "index_key": 228,
          "schema_version": 0,
          "attributes": {
            "b64": "PWU",
            "b64_std": "PWU=",
            "b64_url": "PWU",
            "byte_length": 2,
            "dec": "15717",
            "hex": "3d65",
            "id": "PWU",
            "keepers": {
              "force": "f0297be0-b97f-4532-fb35-3e9db74cc9aa"
            },
            "prefix": null
          },
          "private": "bnVsbA=="
        },
        {
          "index_key": 229,
          "schema_version": 0,
          "attributes": {
            "b64": "9Nw",
            "b64_std": "9Nw=",
            "b64_url": "9Nw",
            "byte_length": 2,
            "dec": "62684",
            "hex": "f4dc",
            "id": "9Nw",
            "keepers": {
              "force": "0939446d-c58f-8cbc-a9b5-93a932c417ae"
            },
            "prefix": null
          },
          "private": "bnVsbA=="
        },
        {
          "index_key": 230,
          "schema_version": 0,
          "attributes": {
            "b64": "eYA",
            "b64_std": "eYA=",
            "b64_url": "eYA",
            "byte_length": 2,
            "dec": "31104",
            "hex": "7980",
            "id": "eYA",
            "keepers": {
              "force": "f1ffe7c6-0f74-7ac4-1c3a-d3aab2c71eac"
            },
            "prefix": null
          },
          "private": "bnVsbA=="
        },
        {
          "index_key": 231,
          "schema_version": 0,
          "attributes": {
            "b64": "03c",
            "b64_std": "03c=",
            "b64_url": "03c",
            "byte_length": 2,
            "dec": "54135",
            "hex": "d377",
            "id": "03c",
            "keepers": {
              "force": "f1261181-1c4a-9489-cb92-6c9412ef7824"
            },
            "prefix": null
          },
          "private": "bnVsbA=="
        },
        {
          "index_key": 232,
          "schema_version": 0,
          "attributes": {
            "b64": "6c8",
            "b64_std": "6c8=",
            "b64_url": "6c8",
            "byte_length": 2,
            "dec": "59855",
            "hex": "e9cf",
            "id": "6c8",
            "keepers": {
              "force": "869f2765-59f9-eab4-6541-2909403313ec"
            },
            "prefix": null
          },
          "private": "bnVsbA=="
        },
        {
          "index_key": 233,
          "schema_version": 0,
          "attributes": {
            "b64": "VKw",
            "b64_std": "VKw=",
            "b64_url": "VKw",
            "byte_length": 2,
            "dec": "21676",
            "hex": "54ac",
            "id": "VKw",
            "keepers": {
              "force": "91c9c724-7364-989b-c3d5-68698e629bb5"
            },
            "prefix": null
          },
          "private": "bnVsbA=="
        },
        {
          "index_key": 234,
          "schema_version": 0,
          "attributes": {
            "b64": "eh4",
            "b64_std": "eh4=",
            "b64_url": "eh4",
            "byte_length": 2,
            "dec": "31262",
            "hex": "7a1e",
            "id": "eh4",
            "keepers": {
              "force": "065478e0-290d-fba9-7a36-df159b1b60e2"
            },
            "prefix": null
          },
          "private": "bnVsbA=="
        },
        {
          "index_key": 235,
          "schema_version": 0,
          "attributes": {
            "b64": "J9A",
            "b64_std": "J9A=",
            "b64_url": "J9A",
            "byte_length": 2,
            "dec": "10192",
            "hex": "27d0",
            "id": "J9A",
            "keepers": {
              "force": "c2a6a795-1c5b-4ef5-a5a4-1f9b851b9de3"
            },
            "prefix": null
          },
          "private": "bnVsbA=="
        },
        {
          "index_key": 236,
          "schema_version": 0,
          "attributes": {
            "b64": "wOo",
            "b64_std": "wOo=",
            "b64_url": "wOo",
            "byte_length": 2,
            "dec": "49386",
            "hex": "c0ea",
            "id": "wOo",
            "keepers": {
              "force": "cb2bc8b0-d22a-c565-f7ac-92e11f637179"
            },
            "prefix": null
          },
          "private": "bnVsbA=="
        },
        {
          "index_key": 237,
          "schema_version": 0,
          "attributes": {
            "b64": "Nu8",
            "b64_std": "Nu8=",
            "b64_url": "Nu8",
            "byte_length": 2,
            "dec": "14063",
            "hex": "36ef",
            "id": "Nu8",
            "keepers": {
              "force": "1b76a958-a950-bb5c-8ff2-346e6f72e0be"
            },
            "prefix": null
          },
          "private": "bnVsbA=="
        },
        {
          "index_key": 238,
          "schema_version": 0,
          "attributes": {
            "b64": "dAI",
            "b64_std": "dAI=",
            "b64_url": "dAI",
            "byte_length": 2,
            "dec": "29698",
            "hex": "7402",
            "id": "dAI",
            "keepers": {
              "force": "900e6b9c-aae5-8343-cb08-30c3212169e5"
            },
            "prefix": null
          },
          "private": "bnVsbA=="
        },
        {
          "index_key": 239,
          "schema_version": 0,
          "attributes": {
            "b64": "bzM",
            "b64_std": "bzM=",
            "b64_url": "bzM",
            "byte_length": 2,
            "dec": "28467",
            "hex": "6f33",
            "id": "bzM",
            "keepers": {
              "force": "037028d3-ffc3-87c4-00f7-314bb90eabef"
            },
            "prefix": null
          },
          "private": "bnVsbA=="
        },
        {
          "index_key": 240,
          "schema_version": 0,
          "attributes": {
            "b64": "FIo",
            "b64_std": "FIo=",
            "b64_url": "FIo",
            "byte_length": 2,
            "dec": "5258",
            "hex": "148a",
            "id": "FIo",
            "keepers": {
              "force": "d9d3e51f-2a2f-46be-39b3-22a60941c73b"
            },
            "prefix": null
          },
          "private": "bnVsbA=="
        },
        {
          "index_key": 241,
          "schema_version": 0,
          "attributes": {
            "b64": "ZcM",
            "b64_std": "ZcM=",
            "b64_url": "ZcM",
            "byte_length": 2,
            "dec": "26051",
            "hex": "65c3",
            "id": "ZcM",
            "keepers": {
              "force": "225d83e0-61bd-a339-ef92-026bb6e8f674"
            },
            "prefix": null
          },
          "private": "bnVsbA=="
        },
        {
          "index_key": 242,
          "schema_version": 0,
          "attributes": {
            "b64": "K6g",
            "b64_std": "K6g=",
            "b64_url": "K6g",
            "byte_length": 2,
            "dec": "11176",
            "hex": "2ba8",
            "id": "K6g",
            "keepers": {
              "force": "7abd907a-07cb-7beb-227b-fc752fc6b0cc"
            },
            "prefix": null
          },
          "private": "bnVsbA=="
        },
        {
          "index_key": 243,
          "schema_version": 0,
          "attributes": {
            "b64": "ZgQ",
            "b64_std": "ZgQ=",
            "b64_url": "ZgQ",
            "byte_length": 2,
            "dec": "26116",
            "hex": "6604",
            "id": "ZgQ",
            "keepers": {
              "force": "ccba8663-8c4e-4024-12ff-db619623a7e1"
            },
            "prefix": null
          },
          "private": "bnVsbA=="
        },
        {
          "index_key": 244,
          "schema_version": 0,
          "attributes": {
            "b64": "M3M",
            "b64_std": "M3M=",
            "b64_url": "M3M",
            "byte_length": 2,
            "dec": "13171",
            "hex": "3373",
            "id": "M3M",
            "keepers": {
              "force": "0de53744-c1cf-9c41-67dd-36b41f04a25f"
            },
            "prefix": null
          },
          "private": "bnVsbA=="
        },
        {
          "index_key": 245,
          "schema_version": 0,
          "attributes": {
            "b64": "Fi0",
            "b64_std": "Fi0=",
            "b64_url": "Fi0",
            "byte_length": 2,
            "dec": "5677",
            "hex": "162d",
            "id": "Fi0",
            "keepers": {
              "force": "3836f24b-d8c4-8d6d-e243-a7d26a786f98"
            },
            "prefix": null
          },
          "private": "bnVsbA=="
        },
        {
          "index_key": 246,
          "schema_version": 0,
          "attributes": {
            "b64": "n2I",
            "b64_std": "n2I=",
            "b64_url": "n2I",
            "byte_length": 2,
            "dec": "40802",
            "hex": "9f62",
            "id": "n2I",
            "keepers": {
              "force": "11016ce6-3078-5622-4d55-001b745a8be3"
            },
            "prefix": null
          },
          "private": "bnVsbA=="
        },
        {
          "index_key": 247,
          "schema_version": 0,
          "attributes": {
            "b64": "Wuk",
            "b64_std": "Wuk=",
            "b64_url": "Wuk",
            "byte_length": 2,
            "dec": "23273",
            "hex": "5ae9",
            "id": "Wuk",
            "keepers": {
              "force": "66e3d463-25ae-a143-eeca-5b5d181e6653"
            },
            "prefix": null
          },
          "private": "bnVsbA=="
        },
        {
          "index_key": 248,
          "schema_version": 0,
          "attributes": {
            "b64": "ylU",
            "b64_std": "ylU=",
            "b64_url": "ylU",
            "byte_length": 2,
            "dec": "51797",
            "hex": "ca55",
            "id": "ylU",
            "keepers": {
              "force": "e974d2f0-5d5f-5cca-b288-3d2f9bc3666f"
            },
            "prefix": null
          },
          "private": "bnVsbA=="
        },
        {
          "index_key": 249,
          "schema_version": 0,
          "attributes": {
            "b64": "MFs",
            "b64_std": "MFs=",
            "b64_url": "MFs",
            "byte_length": 2,
            "dec": "12379",
            "hex": "305b",
            "id": "MFs",
            "keepers": {
              "force": "5823c9dd-0251-c026-f91f-b26434947534"
            },
            "prefix": null
          },
          "private": "bnVsbA=="
        },
        {
          "index_key": 250,
          "schema_version": 0,
          "attributes": {
            "b64": "1gc",
            "b64_std": "1gc=",
            "b64_url": "1gc",
            "byte_length": 2,
            "dec": "54791",
            "hex": "d607",
            "id": "1gc",
            "keepers": {
              "force": "cbae9d2d-e810-d552-655c-22274f5dafa0"
            },
            "prefix": null
          },
          "private": "bnVsbA=="
        },
        {
          "index_key": 251,
          "schema_version": 0,
          "attributes": {
            "b64": "cIs",
            "b64_std": "cIs=",
            "b64_url": "cIs",
            "byte_length": 2,
            "dec": "28811",
            "hex": "708b",
            "id": "cIs",
            "keepers": {
              "force": "311fd95b-036f-071a-90e2-bc9d18b8e9ca"
            },
            "prefix": null
          },
          "private": "bnVsbA=="
        },
        {
          "index_key": 252,
          "schema_version": 0,
          "attributes": {
            "b64": "fjg",
            "b64_std": "fjg=",
            "b64_url": "fjg",
            "byte_length": 2,
            "dec": "32312",
            "hex": "7e38",
            "id": "fjg",
            "keepers": {
              "force": "3339fe6f-b430-c48d-46b3-471ed6420450"
            },
            "prefix": null
          },
          "private": "bnVsbA=="
        },
        {
          "index_key": 253,
          "schema_version": 0,
          "attributes": {
            "b64": "ovE",
            "b64_std": "ovE=",
            "b64_url": "ovE",
            "byte_length": 2,
            "dec": "41713",
            "hex": "a2f1",
            "id": "ovE",
            "keepers": {
              "force": "77be1af0-0734-1c61-9d67-fa9f63492b63"
            },
            "prefix": null
          },
          "private": "bnVsbA=="
        },
        {
          "index_key": 254,
          "schema_version": 0,
          "attributes": {
            "b64": "Zyc",
            "b64_std": "Zyc=",
            "b64_url": "Zyc",
            "byte_length": 2,
            "dec": "26407",
            "hex": "6727",
            "id": "Zyc",
            "keepers": {
              "force": "caca31a7-f3f9-23ac-1fca-b18dfbc668ed"
            },
            "prefix": null
          },
          "private": "bnVsbA=="
        },
        {
          "index_key": 255,
          "schema_version": 0,
          "attributes": {
            "b64": "oQY",
            "b64_std": "oQY=",
            "b64_url": "oQY",
            "byte_length": 2,
            "dec": "41222",
            "hex": "a106",
            "id": "oQY",
            "keepers": {
              "force": "154938d4-87e2-c375-bf7d-50225c31e1b6"
            },
            "prefix": null
          },
          "private": "bnVsbA=="
        },
        {
          "index_key": 256,
          "schema_version": 0,
          "attributes": {
            "b64": "sEw",
            "b64_std": "sEw=",
            "b64_url": "sEw",
            "byte_length": 2,
            "dec": "45132",
            "hex": "b04c",
            "id": "sEw",
            "keepers": {
              "force": "d43cb7b2-e5df-d371-507f-fa77bab7f4cd"
            },
            "prefix": null
          },
          "private": "bnVsbA=="
        },
        {
          "index_key": 257,
          "schema_version": 0,
          "attributes": {
            "b64": "udU",
            "b64_std": "udU=",
            "b64_url": "udU",
            "byte_length": 2,
            "dec": "47573",
            "hex": "b9d5",
            "id": "udU",
            "keepers": {
              "force": "23aef948-70f6-53ae-9ab5-623eb255d52d"
            },
            "prefix": null
          },
          "private": "bnVsbA=="
        },
        {
          "index_key": 258,
          "schema_version": 0,
          "attributes": {
            "b64": "ZKY",
            "b64_std": "ZKY=",
            "b64_url": "ZKY",
            "byte_length": 2,
            "dec": "25766",
            "hex": "64a6",
            "id": "ZKY",
            "keepers": {
              "force": "489a6ea0-1ecd-9aff-fa9e-7a734360e351"
            },
            "prefix": null
          },
          "private": "bnVsbA=="
        },
        {
          "index_key": 259,
          "schema_version": 0,
          "attributes": {
            "b64": "h6E",
            "b64_std": "h6E=",
            "b64_url": "h6E",
            "byte_length": 2,
            "dec": "34721",
            "hex": "87a1",
            "id": "h6E",
            "keepers": {
              "force": "8db40ad7-b602-c7d3-e3b7-8144ed49337a"
            },
            "prefix": null
          },
          "private": "bnVsbA=="
        },
        {
          "index_key": 260,
          "schema_version": 0,
          "attributes": {
            "b64": "RTg",
            "b64_std": "RTg=",
            "b64_url": "RTg",
            "byte_length": 2,
            "dec": "17720",
            "hex": "4538",
            "id": "RTg",
            "keepers": {
              "force": "33e3e0bb-79b2-c565-38fc-62d66dd36589"
            },
            "prefix": null
          },
          "private": "bnVsbA=="
        },
        {
          "index_key": 261,
          "schema_version": 0,
          "attributes": {
            "b64": "BUc",
            "b64_std": "BUc=",
            "b64_url": "BUc",
            "byte_length": 2,
            "dec": "1351",
            "hex": "0547",
            "id": "BUc",
            "keepers": {
              "force": "2d170347-25dd-ac57-ef7b-1c64a34770f0"
            },
            "prefix": null
          },
          "private": "bnVsbA=="
        },
        {
          "index_key": 262,
          "schema_version": 0,
          "attributes": {
            "b64": "7Ro",
            "b64_std": "7Ro=",
            "b64_url": "7Ro",
            "byte_length": 2,
            "dec": "60698",
            "hex": "ed1a",
            "id": "7Ro",
            "keepers": {
              "force": "5d02a0a0-c302-35c8-06e1-65a69635f174"
            },
            "prefix": null
          },
          "private": "bnVsbA=="
        },
        {
          "index_key": 263,
          "schema_version": 0,
          "attributes": {
            "b64": "Ty0",
            "b64_std": "Ty0=",
            "b64_url": "Ty0",
            "byte_length": 2,
            "dec": "20269",
            "hex": "4f2d",
            "id": "Ty0",
            "keepers": {
              "force": "17b5ea7c-ca7b-d9c2-c535-9f6165bfbd20"
            },
            "prefix": null
          },
          "private": "bnVsbA=="
        },
        {
          "index_key": 264,
          "schema_version": 0,
          "attributes": {
            "b64": "tVo",
            "b64_std": "tVo=",
            "b64_url": "tVo",
            "byte_length": 2,
            "dec": "46426",
            "hex": "b55a",
            "id": "tVo",
            "keepers": {
              "force": "124cde2d-4b99-d1d3-fc56-d402d6d11c57"
            },
            "prefix": null
          },
          "private": "bnVsbA=="
        },
        {
          "index_key": 265,
          "schema_version": 0,
          "attributes": {
            "b64": "hkI",
            "b64_std": "hkI=",
            "b64_url": "hkI",
            "byte_length": 2,
            "dec": "34370",
            "hex": "8642",
            "id": "hkI",
            "keepers": {
              "force": "51f663c9-4953-c8d1-2970-c7cd41a9a797"
            },
            "prefix": null
          },
          "private": "bnVsbA=="
        },
        {
          "index_key": 266,
          "schema_version": 0,
          "attributes": {
            "b64": "kqM",
            "b64_std": "kqM=",
            "b64_url": "kqM",
            "byte_length": 2,
            "dec": "37539",
            "hex": "92a3",
            "id": "kqM",
            "keepers": {
              "force": "cb148388-4e4b-fff2-4b3a-28c8dd6d649f"
            },
            "prefix": null
          },
          "private": "bnVsbA=="
        },
        {
          "index_key": 267,
          "schema_version": 0,
          "attributes": {
            "b64": "8b8",
            "b64_std": "8b8=",
            "b64_url": "8b8",
            "byte_length": 2,
            "dec": "61887",
            "hex": "f1bf",
            "id": "8b8",
            "keepers": {
              "force": "15d33372-5b64-030e-86ce-9f052c3acec2"
            },
            "prefix": null
          },
          "private": "bnVsbA=="
        },
        {
          "index_key": 268,
          "schema_version": 0,
          "attributes": {
            "b64": "Nv8",
            "b64_std": "Nv8=",
            "b64_url": "Nv8",
            "byte_length": 2,
            "dec": "14079",
            "hex": "36ff",
            "id": "Nv8",
            "keepers": {
              "force": "0185248d-15f5-fed3-e30b-8379a4caaf59"
            },
            "prefix": null
          },
          "private": "bnVsbA=="
        },
        {
          "index_key": 269,
          "schema_version": 0,
          "attributes": {
            "b64": "hkY",
            "b64_std": "hkY=",
            "b64_url": "hkY",
            "byte_length": 2,
            "dec": "34374",
            "hex": "8646",
            "id": "hkY",
            "keepers": {
              "force": "a632ee47-ffeb-ce4b-dad1-cdc8e499b115"
            },
            "prefix": null
          },
          "private": "bnVsbA=="
        },
        {
          "index_key": 270,
          "schema_version": 0,
          "attributes": {
            "b64": "bok",
            "b64_std": "bok=",
            "b64_url": "bok",
            "byte_length": 2,
            "dec": "28297",
            "hex": "6e89",
            "id": "bok",
            "keepers": {
              "force": "da9fd899-5981-cfbc-5e67-50baec720a82"
            },
            "prefix": null
          },
          "private": "bnVsbA=="
        },
        {
          "index_key": 271,
          "schema_version": 0,
          "attributes": {
            "b64": "2Qc",
            "b64_std": "2Qc=",
            "b64_url": "2Qc",
            "byte_length": 2,
            "dec": "55559",
            "hex": "d907",
            "id": "2Qc",
            "keepers": {
              "force": "7afd4601-869d-03de-dd79-1fa3e3751cac"
            },
            "prefix": null
          },
          "private": "bnVsbA=="
        },
        {
          "index_key": 272,
          "schema_version": 0,
          "attributes": {
            "b64": "4bY",
            "b64_std": "4bY=",
            "b64_url": "4bY",
            "byte_length": 2,
            "dec": "57782",
            "hex": "e1b6",
            "id": "4bY",
            "keepers": {
              "force": "22d72f00-5832-50f4-0192-ddc42cd6f6ed"
            },
            "prefix": null
          },
          "private": "bnVsbA=="
        },
        {
          "index_key": 273,
          "schema_version": 0,
          "attributes": {
            "b64": "iAQ",
            "b64_std": "iAQ=",
            "b64_url": "iAQ",
            "byte_length": 2,
            "dec": "34820",
            "hex": "8804",
            "id": "iAQ",
            "keepers": {
              "force": "2bc093b4-c238-4baf-1a5c-51c23c344160"
            },
            "prefix": null
          },
          "private": "bnVsbA=="
        },
        {
          "index_key": 274,
          "schema_version": 0,
          "attributes": {
            "b64": "TSc",
            "b64_std": "TSc=",
            "b64_url": "TSc",
            "byte_length": 2,
            "dec": "19751",
            "hex": "4d27",
            "id": "TSc",
            "keepers": {
              "force": "b734f16e-0071-a20e-de72-2164ce046031"
            },
            "prefix": null
          },
          "private": "bnVsbA=="
        },
        {
          "index_key": 275,
          "schema_version": 0,
          "attributes": {
            "b64": "yos",
            "b64_std": "yos=",
            "b64_url": "yos",
            "byte_length": 2,
            "dec": "51851",
            "hex": "ca8b",
            "id": "yos",
            "keepers": {
              "force": "168f40b0-ac58-0629-3cfd-011b4cd91b80"
            },
            "prefix": null
          },
          "private": "bnVsbA=="
        },
        {
          "index_key": 276,
          "schema_version": 0,
          "attributes": {
            "b64": "Z2Q",
            "b64_std": "Z2Q=",
            "b64_url": "Z2Q",
            "byte_length": 2,
            "dec": "26468",
            "hex": "6764",
            "id": "Z2Q",
            "keepers": {
              "force": "dc81998a-b26a-2666-920f-52d160f6eee7"
            },
            "prefix": null
          },
          "private": "bnVsbA=="
        },
        {
          "index_key": 277,
          "schema_version": 0,
          "attributes": {
            "b64": "2DU",
            "b64_std": "2DU=",
            "b64_url": "2DU",
            "byte_length": 2,
            "dec": "55349",
            "hex": "d835",
            "id": "2DU",
            "keepers": {
              "force": "fb1e5a13-0e54-3838-23f2-9970d608bf5f"
            },
            "prefix": null
          },
          "private": "bnVsbA=="
        },
        {
          "index_key": 278,
          "schema_version": 0,
          "attributes": {
            "b64": "vGA",
            "b64_std": "vGA=",
            "b64_url": "vGA",
            "byte_length": 2,
            "dec": "48224",
            "hex": "bc60",
            "id": "vGA",
            "keepers": {
              "force": "e61d05cc-38be-03ea-3898-9925a8a91796"
            },
            "prefix": null
          },
          "private": "bnVsbA=="
        },
        {
          "index_key": 279,
          "schema_version": 0,
          "attributes": {
            "b64": "9_s",
            "b64_std": "9/s=",
            "b64_url": "9_s",
            "byte_length": 2,
            "dec": "63483",
            "hex": "f7fb",
            "id": "9_s",
            "keepers": {
              "force": "771ec2c7-5926-0001-e23b-928466e98412"
            },
            "prefix": null
          },
          "private": "bnVsbA=="
        },
        {
          "index_key": 280,
          "schema_version": 0,
          "attributes": {
            "b64": "gtg",
            "b64_std": "gtg=",
            "b64_url": "gtg",
            "byte_length": 2,
            "dec": "33496",
            "hex": "82d8",
            "id": "gtg",
            "keepers": {
              "force": "10a12731-0ba7-0ff6-0961-18a57be26d4e"
            },
            "prefix": null
          },
          "private": "bnVsbA=="
        },
        {
          "index_key": 281,
          "schema_version": 0,
          "attributes": {
            "b64": "1uQ",
            "b64_std": "1uQ=",
            "b64_url": "1uQ",
            "byte_length": 2,
            "dec": "55012",
            "hex": "d6e4",
            "id": "1uQ",
            "keepers": {
              "force": "3c7a0603-4cbd-2144-a96c-37212a026763"
            },
            "prefix": null
          },
          "private": "bnVsbA=="
        },
        {
          "index_key": 282,
          "schema_version": 0,
          "attributes": {
            "b64": "p-I",
            "b64_std": "p+I=",
            "b64_url": "p-I",
            "byte_length": 2,
            "dec": "42978",
            "hex": "a7e2",
            "id": "p-I",
            "keepers": {
              "force": "72d4cfcf-5a6c-d8a2-0ec8-b81da187f2a6"
            },
            "prefix": null
          },
          "private": "bnVsbA=="
        },
        {
          "index_key": 283,
          "schema_version": 0,
          "attributes": {
            "b64": "fPQ",
            "b64_std": "fPQ=",
            "b64_url": "fPQ",
            "byte_length": 2,
            "dec": "31988",
            "hex": "7cf4",
            "id": "fPQ",
            "keepers": {
              "force": "24801194-5642-dfcb-0bef-089bdab21e9a"
            },
            "prefix": null
          },
          "private": "bnVsbA=="
        },
        {
          "index_key": 284,
          "schema_version": 0,
          "attributes": {
            "b64": "RkA",
            "b64_std": "RkA=",
            "b64_url": "RkA",
            "byte_length": 2,
            "dec": "17984",
            "hex": "4640",
            "id": "RkA",
            "keepers": {
              "force": "3916f2f1-b3d3-3172-664f-322b01d85064"
            },
            "prefix": null
          },
          "private": "bnVsbA=="
        },
        {
          "index_key": 285,
          "schema_version": 0,
          "attributes": {
            "b64": "X2k",
            "b64_std": "X2k=",
            "b64_url": "X2k",
            "byte_length": 2,
            "dec": "24425",
            "hex": "5f69",
            "id": "X2k",
            "keepers": {
              "force": "5bc0bd88-32a2-0c73-9a99-fbac06a3dc56"
            },
            "prefix": null
          },
          "private": "bnVsbA=="
        },
        {
          "index_key": 286,
          "schema_version": 0,
          "attributes": {
            "b64": "Ef8",
            "b64_std": "Ef8=",
            "b64_url": "Ef8",
            "byte_length": 2,
            "dec": "4607",
            "hex": "11ff",
            "id": "Ef8",
            "keepers": {
              "force": "50b468d8-57ee-b27c-1190-94fb69fd1763"
            },
            "prefix": null
          },
          "private": "bnVsbA=="
        },
        {
          "index_key": 287,
          "schema_version": 0,
          "attributes": {
            "b64": "GR0",
            "b64_std": "GR0=",
            "b64_url": "GR0",
            "byte_length": 2,
            "dec": "6429",
            "hex": "191d",
            "id": "GR0",
            "keepers": {
              "force": "becf81ba-bddb-437f-b831-adbf569277b1"
            },
            "prefix": null
          },
          "private": "bnVsbA=="
        },
        {
          "index_key": 288,
          "schema_version": 0,
          "attributes": {
            "b64": "bzU",
            "b64_std": "bzU=",
            "b64_url": "bzU",
            "byte_length": 2,
            "dec": "28469",
            "hex": "6f35",
            "id": "bzU",
            "keepers": {
              "force": "ea8268bf-599d-83bb-719b-3128a650dbea"
            },
            "prefix": null
          },
          "private": "bnVsbA=="
        },
        {
          "index_key": 289,
          "schema_version": 0,
          "attributes": {
            "b64": "zbI",
            "b64_std": "zbI=",
            "b64_url": "zbI",
            "byte_length": 2,
            "dec": "52658",
            "hex": "cdb2",
            "id": "zbI",
            "keepers": {
              "force": "c00cf4b3-7fcb-d404-40ba-20d59f91f73d"
            },
            "prefix": null
          },
          "private": "bnVsbA=="
        },
        {
          "index_key": 290,
          "schema_version": 0,
          "attributes": {
            "b64": "U9I",
            "b64_std": "U9I=",
            "b64_url": "U9I",
            "byte_length": 2,
            "dec": "21458",
            "hex": "53d2",
            "id": "U9I",
            "keepers": {
              "force": "cb0cbcd1-2ac3-f8ff-dd52-9c7122543b5d"
            },
            "prefix": null
          },
          "private": "bnVsbA=="
        },
        {
          "index_key": 291,
          "schema_version": 0,
          "attributes": {
            "b64": "0sE",
            "b64_std": "0sE=",
            "b64_url": "0sE",
            "byte_length": 2,
            "dec": "53953",
            "hex": "d2c1",
            "id": "0sE",
            "keepers": {
              "force": "473d6192-03d5-c874-0899-6b027282a148"
            },
            "prefix": null
          },
          "private": "bnVsbA=="
        },
        {
          "index_key": 292,
          "schema_version": 0,
          "attributes": {
            "b64": "msQ",
            "b64_std": "msQ=",
            "b64_url": "msQ",
            "byte_length": 2,
            "dec": "39620",
            "hex": "9ac4",
            "id": "msQ",
            "keepers": {
              "force": "7507320f-5df6-aa60-621f-a871e28632bb"
            },
            "prefix": null
          },
          "private": "bnVsbA=="
        },
        {
          "index_key": 293,
          "schema_version": 0,
          "attributes": {
            "b64": "jyw",
            "b64_std": "jyw=",
            "b64_url": "jyw",
            "byte_length": 2,
            "dec": "36652",
            "hex": "8f2c",
            "id": "jyw",
            "keepers": {
              "force": "56d26563-01a4-a327-9c75-b83fe43ae2b8"
            },
            "prefix": null
          },
          "private": "bnVsbA=="
        },
        {
          "index_key": 294,
          "schema_version": 0,
          "attributes": {
            "b64": "he4",
            "b64_std": "he4=",
            "b64_url": "he4",
            "byte_length": 2,
            "dec": "34286",
            "hex": "85ee",
            "id": "he4",
            "keepers": {
              "force": "fcb95e33-ba2a-d1a4-760e-c18171f1ed9e"
            },
            "prefix": null
          },
          "private": "bnVsbA=="
        },
        {
          "index_key": 295,
          "schema_version": 0,
          "attributes": {
            "b64": "F-A",
            "b64_std": "F+A=",
            "b64_url": "F-A",
            "byte_length": 2,
            "dec": "6112",
            "hex": "17e0",
            "id": "F-A",
            "keepers": {
              "force": "de951ab7-1d20-3f03-eb25-8e4c4e738fc2"
            },
            "prefix": null
          },
          "private": "bnVsbA=="
        },
        {
          "index_key": 296,
          "schema_version": 0,
          "attributes": {
            "b64": "C7U",
            "b64_std": "C7U=",
            "b64_url": "C7U",
            "byte_length": 2,
            "dec": "2997",
            "hex": "0bb5",
            "id": "C7U",
            "keepers": {
              "force": "97c8afb5-ef3e-cfe5-bb47-2670b0af93ac"
            },
            "prefix": null
          },
          "private": "bnVsbA=="
        },
        {
          "index_key": 297,
          "schema_version": 0,
          "attributes": {
            "b64": "6BM",
            "b64_std": "6BM=",
            "b64_url": "6BM",
            "byte_length": 2,
            "dec": "59411",
            "hex": "e813",
            "id": "6BM",
            "keepers": {
              "force": "36771c74-7b1b-441b-1835-b9fab0fccbf1"
            },
            "prefix": null
          },
          "private": "bnVsbA=="
        },
        {
          "index_key": 298,
          "schema_version": 0,
          "attributes": {
            "b64": "uDc",
            "b64_std": "uDc=",
            "b64_url": "uDc",
            "byte_length": 2,
            "dec": "47159",
            "hex": "b837",
            "id": "uDc",
            "keepers": {
              "force": "f833a2b3-a45c-5158-d50c-b5707c4afe53"
            },
            "prefix": null
          },
          "private": "bnVsbA=="
        },
        {
          "index_key": 299,
          "schema_version": 0,
          "attributes": {
            "b64": "M8A",
            "b64_std": "M8A=",
            "b64_url": "M8A",
            "byte_length": 2,
            "dec": "13248",
            "hex": "33c0",
            "id": "M8A",
            "keepers": {
              "force": "70715702-047d-4a4e-02b1-b099f8f18b58"
            },
            "prefix": null
          },
          "private": "bnVsbA=="
        },
        {
          "index_key": 300,
          "schema_version": 0,
          "attributes": {
            "b64": "-4I",
            "b64_std": "+4I=",
            "b64_url": "-4I",
            "byte_length": 2,
            "dec": "64386",
            "hex": "fb82",
            "id": "-4I",
            "keepers": {
              "force": "57613f55-21ea-97ad-8646-d8d070f664ca"
            },
            "prefix": null
          },
          "private": "bnVsbA=="
        },
        {
          "index_key": 301,
          "schema_version": 0,
          "attributes": {
            "b64": "Nf8",
            "b64_std": "Nf8=",
            "b64_url": "Nf8",
            "byte_length": 2,
            "dec": "13823",
            "hex": "35ff",
            "id": "Nf8",
            "keepers": {
              "force": "1936fc97-2ad8-ccb7-d9b7-071e5fe3d69a"
            },
            "prefix": null
          },
          "private": "bnVsbA=="
        },
        {
          "index_key": 302,
          "schema_version": 0,
          "attributes": {
            "b64": "f9k",
            "b64_std": "f9k=",
            "b64_url": "f9k",
            "byte_length": 2,
            "dec": "32729",
            "hex": "7fd9",
            "id": "f9k",
            "keepers": {
              "force": "38bdf2d2-814c-13be-8bc5-a490fddc21d9"
            },
            "prefix": null
          },
          "private": "bnVsbA=="
        },
        {
          "index_key": 303,
          "schema_version": 0,
          "attributes": {
            "b64": "L3E",
            "b64_std": "L3E=",
            "b64_url": "L3E",
            "byte_length": 2,
            "dec": "12145",
            "hex": "2f71",
            "id": "L3E",
            "keepers": {
              "force": "5bed351e-673e-dae8-d2fc-00f9ea12f8bb"
            },
            "prefix": null
          },
          "private": "bnVsbA=="
        },
        {
          "index_key": 304,
          "schema_version": 0,
          "attributes": {
            "b64": "Grk",
            "b64_std": "Grk=",
            "b64_url": "Grk",
            "byte_length": 2,
            "dec": "6841",
            "hex": "1ab9",
            "id": "Grk",
            "keepers": {
              "force": "451493e4-f303-ad92-435c-2489552465ae"
            },
            "prefix": null
          },
          "private": "bnVsbA=="
        },
        {
          "index_key": 305,
          "schema_version": 0,
          "attributes": {
            "b64": "UJc",
            "b64_std": "UJc=",
            "b64_url": "UJc",
            "byte_length": 2,
            "dec": "20631",
            "hex": "5097",
            "id": "UJc",
            "keepers": {
              "force": "9139ef91-a9f8-b3fc-cf3b-926b040ade7b"
            },
            "prefix": null
          },
          "private": "bnVsbA=="
        },
        {
          "index_key": 306,
          "schema_version": 0,
          "attributes": {
            "b64": "RV0",
            "b64_std": "RV0=",
            "b64_url": "RV0",
            "byte_length": 2,
            "dec": "17757",
            "hex": "455d",
            "id": "RV0",
            "keepers": {
              "force": "b68ba513-bb15-e252-9b20-7eafd4839a13"
            },
            "prefix": null
          },
          "private": "bnVsbA=="
        },
        {
          "index_key": 307,
          "schema_version": 0,
          "attributes": {
            "b64": "OZI",
            "b64_std": "OZI=",
            "b64_url": "OZI",
            "byte_length": 2,
            "dec": "14738",
            "hex": "3992",
            "id": "OZI",
            "keepers": {
              "force": "60e3c553-865c-f1f1-afc1-8b75504ef8a5"
            },
            "prefix": null
          },
          "private": "bnVsbA=="
        },
        {
          "index_key": 308,
          "schema_version": 0,
          "attributes": {
            "b64": "92w",
            "b64_std": "92w=",
            "b64_url": "92w",
            "byte_length": 2,
            "dec": "63340",
            "hex": "f76c",
            "id": "92w",
            "keepers": {
              "force": "69d6b0cc-5936-f384-8951-b0c8092ff0bf"
            },
            "prefix": null
          },
          "private": "bnVsbA=="
        },
        {
          "index_key": 309,
          "schema_version": 0,
          "attributes": {
            "b64": "Brg",
            "b64_std": "Brg=",
            "b64_url": "Brg",
            "byte_length": 2,
            "dec": "1720",
            "hex": "06b8",
            "id": "Brg",
            "keepers": {
              "force": "e819eebf-7f7f-dae4-7d08-ab30317a8406"
            },
            "prefix": null
          },
          "private": "bnVsbA=="
        },
        {
          "index_key": 310,
          "schema_version": 0,
          "attributes": {
            "b64": "WaU",
            "b64_std": "WaU=",
            "b64_url": "WaU",
            "byte_length": 2,
            "dec": "22949",
            "hex": "59a5",
            "id": "WaU",
            "keepers": {
              "force": "7fd77d16-45de-993e-9f61-64ea6c31e4ca"
            },
            "prefix": null
          },
          "private": "bnVsbA=="
        },
        {
          "index_key": 311,
          "schema_version": 0,
          "attributes": {
            "b64": "jQ0",
            "b64_std": "jQ0=",
            "b64_url": "jQ0",
            "byte_length": 2,
            "dec": "36109",
            "hex": "8d0d",
            "id": "jQ0",
            "keepers": {
              "force": "ca14f484-3bcc-bea9-0ef8-1c9da2ffb1c9"
            },
            "prefix": null
          },
          "private": "bnVsbA=="
        },
        {
          "index_key": 312,
          "schema_version": 0,
          "attributes": {
            "b64": "-2g",
            "b64_std": "+2g=",
            "b64_url": "-2g",
            "byte_length": 2,
            "dec": "64360",
            "hex": "fb68",
            "id": "-2g",
            "keepers": {
              "force": "0bf5fa0f-43c2-4f26-293a-a62a76518f3d"
            },
            "prefix": null
          },
          "private": "bnVsbA=="
        },
        {
          "index_key": 313,
          "schema_version": 0,
          "attributes": {
            "b64": "JGY",
            "b64_std": "JGY=",
            "b64_url": "JGY",
            "byte_length": 2,
            "dec": "9318",
            "hex": "2466",
            "id": "JGY",
            "keepers": {
              "force": "42334137-82d4-a45e-87df-1f78943b5d46"
            },
            "prefix": null
          },
          "private": "bnVsbA=="
        },
        {
          "index_key": 314,
          "schema_version": 0,
          "attributes": {
            "b64": "Umc",
            "b64_std": "Umc=",
            "b64_url": "Umc",
            "byte_length": 2,
            "dec": "21095",
            "hex": "5267",
            "id": "Umc",
            "keepers": {
              "force": "5740a005-4dfe-1c0f-1b61-0ecf21dad4a3"
            },
            "prefix": null
          },
          "private": "bnVsbA=="
        },
        {
          "index_key": 315,
          "schema_version": 0,
          "attributes": {
            "b64": "4AE",
            "b64_std": "4AE=",
            "b64_url": "4AE",
            "byte_length": 2,
            "dec": "57345",
            "hex": "e001",
            "id": "4AE",
            "keepers": {
              "force": "a0fd66ee-1248-43e4-a20e-c91c9c1dcac6"
            },
            "prefix": null
          },
          "private": "bnVsbA=="
        },
        {
          "index_key": 316,
          "schema_version": 0,
          "attributes": {
            "b64": "AIk",
            "b64_std": "AIk=",
            "b64_url": "AIk",
            "byte_length": 2,
            "dec": "137",
            "hex": "0089",
            "id": "AIk",
            "keepers": {
              "force": "33c7f903-eba2-11d7-2ca8-dbc3e614dca5"
            },
            "prefix": null
          },
          "private": "bnVsbA=="
        },
        {
          "index_key": 317,
          "schema_version": 0,
          "attributes": {
            "b64": "3Eo",
            "b64_std": "3Eo=",
            "b64_url": "3Eo",
            "byte_length": 2,
            "dec": "56394",
            "hex": "dc4a",
            "id": "3Eo",
            "keepers": {
              "force": "b4300aff-6073-87b6-a100-392b89775457"
            },
            "prefix": null
          },
          "private": "bnVsbA=="
        },
        {
          "index_key": 318,
          "schema_version": 0,
          "attributes": {
            "b64": "UUA",
            "b64_std": "UUA=",
            "b64_url": "UUA",
            "byte_length": 2,
            "dec": "20800",
            "hex": "5140",
            "id": "UUA",
            "keepers": {
              "force": "688d4ac5-32d8-021d-b430-5f932ce714ac"
            },
            "prefix": null
          },
          "private": "bnVsbA=="
        },
        {
          "index_key": 319,
          "schema_version": 0,
          "attributes": {
            "b64": "9dw",
            "b64_std": "9dw=",
            "b64_url": "9dw",
            "byte_length": 2,
            "dec": "62940",
            "hex": "f5dc",
            "id": "9dw",
            "keepers": {
              "force": "f02bee2a-dad7-3643-068e-7924641cbfcf"
            },
            "prefix": null
          },
          "private": "bnVsbA=="
        },
        {
          "index_key": 320,
          "schema_version": 0,
          "attributes": {
            "b64": "7X8",
            "b64_std": "7X8=",
            "b64_url": "7X8",
            "byte_length": 2,
            "dec": "60799",
            "hex": "ed7f",
            "id": "7X8",
            "keepers": {
              "force": "3679c482-5311-c9c7-5470-569eb0ba9dcc"
            },
            "prefix": null
          },
          "private": "bnVsbA=="
        },
        {
          "index_key": 321,
          "schema_version": 0,
          "attributes": {
            "b64": "tqM",
            "b64_std": "tqM=",
            "b64_url": "tqM",
            "byte_length": 2,
            "dec": "46755",
            "hex": "b6a3",
            "id": "tqM",
            "keepers": {
              "force": "f6ba1e8c-f9bb-ce72-85ce-ed8d6a829a14"
            },
            "prefix": null
          },
          "private": "bnVsbA=="
        },
        {
          "index_key": 322,
          "schema_version": 0,
          "attributes": {
            "b64": "7OM",
            "b64_std": "7OM=",
            "b64_url": "7OM",
            "byte_length": 2,
            "dec": "60643",
            "hex": "ece3",
            "id": "7OM",
            "keepers": {
              "force": "3d85d702-b1de-5844-cd28-df4c3bdb9d0e"
            },
            "prefix": null
          },
          "private": "bnVsbA=="
        },
        {
          "index_key": 323,
          "schema_version": 0,
          "attributes": {
            "b64": "u5g",
            "b64_std": "u5g=",
            "b64_url": "u5g",
            "byte_length": 2,
            "dec": "48024",
            "hex": "bb98",
            "id": "u5g",
            "keepers": {
              "force": "1d316120-ea6a-e16d-5157-506ed36069d9"
            },
            "prefix": null
          },
          "private": "bnVsbA=="
        },
        {
          "index_key": 324,
          "schema_version": 0,
          "attributes": {
            "b64": "bQw",
            "b64_std": "bQw=",
            "b64_url": "bQw",
            "byte_length": 2,
            "dec": "27916",
            "hex": "6d0c",
            "id": "bQw",
            "keepers": {
              "force": "0a75f436-d514-9809-052d-2d404cdad0c2"
            },
            "prefix": null
          },
          "private": "bnVsbA=="
        },
        {
          "index_key": 325,
          "schema_version": 0,
          "attributes": {
            "b64": "JfA",
            "b64_std": "JfA=",
            "b64_url": "JfA",
            "byte_length": 2,
            "dec": "9712",
            "hex": "25f0",
            "id": "JfA",
            "keepers": {
              "force": "aa517310-ed0d-154f-db89-e7276f5e064a"
            },
            "prefix": null
          },
          "private": "bnVsbA=="
        },
        {
          "index_key": 326,
          "schema_version": 0,
          "attributes": {
            "b64": "F7Q",
            "b64_std": "F7Q=",
            "b64_url": "F7Q",
            "byte_length": 2,
            "dec": "6068",
            "hex": "17b4",
            "id": "F7Q",
            "keepers": {
              "force": "da4c868e-3618-7860-3307-7201123e08ef"
            },
            "prefix": null
          },
          "private": "bnVsbA=="
        },
        {
          "index_key": 327,
          "schema_version": 0,
          "attributes": {
            "b64": "s_w",
            "b64_std": "s/w=",
            "b64_url": "s_w",
            "byte_length": 2,
            "dec": "46076",
            "hex": "b3fc",
            "id": "s_w",
            "keepers": {
              "force": "314ec7d9-fd23-b182-3a39-33e88c1d9871"
            },
            "prefix": null
          },
          "private": "bnVsbA=="
        },
        {
          "index_key": 328,
          "schema_version": 0,
          "attributes": {
            "b64": "zzc",
            "b64_std": "zzc=",
            "b64_url": "zzc",
            "byte_length": 2,
            "dec": "53047",
            "hex": "cf37",
            "id": "zzc",
            "keepers": {
              "force": "81722164-2aab-6e7c-127b-b11797a8300b"
            },
            "prefix": null
          },
          "private": "bnVsbA=="
        },
        {
          "index_key": 329,
          "schema_version": 0,
          "attributes": {
            "b64": "HJo",
            "b64_std": "HJo=",
            "b64_url": "HJo",
            "byte_length": 2,
            "dec": "7322",
            "hex": "1c9a",
            "id": "HJo",
            "keepers": {
              "force": "d82d1cd8-959f-1504-e4bc-9af0c54a8903"
            },
            "prefix": null
          },
          "private": "bnVsbA=="
        },
        {
          "index_key": 330,
          "schema_version": 0,
          "attributes": {
            "b64": "to8",
            "b64_std": "to8=",
            "b64_url": "to8",
            "byte_length": 2,
            "dec": "46735",
            "hex": "b68f",
            "id": "to8",
            "keepers": {
              "force": "fad57d4e-24c6-a4e4-8697-5d4266cb43cb"
            },
            "prefix": null
          },
          "private": "bnVsbA=="
        },
        {
          "index_key": 331,
          "schema_version": 0,
          "attributes": {
            "b64": "yxc",
            "b64_std": "yxc=",
            "b64_url": "yxc",
            "byte_length": 2,
            "dec": "51991",
            "hex": "cb17",
            "id": "yxc",
            "keepers": {
              "force": "77a93c39-2b74-a23b-4327-4304b80eca8b"
            },
            "prefix": null
          },
          "private": "bnVsbA=="
        },
        {
          "index_key": 332,
          "schema_version": 0,
          "attributes": {
            "b64": "DP4",
            "b64_std": "DP4=",
            "b64_url": "DP4",
            "byte_length": 2,
            "dec": "3326",
            "hex": "0cfe",
            "id": "DP4",
            "keepers": {
              "force": "0d170096-0b81-107f-5d65-dd83a86293de"
            },
            "prefix": null
          },
          "private": "bnVsbA=="
        },
        {
          "index_key": 333,
          "schema_version": 0,
          "attributes": {
            "b64": "8NM",
            "b64_std": "8NM=",
            "b64_url": "8NM",
            "byte_length": 2,
            "dec": "61651",
            "hex": "f0d3",
            "id": "8NM",
            "keepers": {
              "force": "8f537bb9-ed6b-0da8-fbed-4d2bb7bed766"
            },
            "prefix": null
          },
          "private": "bnVsbA=="
        },
        {
          "index_key": 334,
          "schema_version": 0,
          "attributes": {
            "b64": "p88",
            "b64_std": "p88=",
            "b64_url": "p88",
            "byte_length": 2,
            "dec": "42959",
            "hex": "a7cf",
            "id": "p88",
            "keepers": {
              "force": "8e0024b8-675d-b2f6-3886-131fe3538417"
            },
            "prefix": null
          },
          "private": "bnVsbA=="
        },
        {
          "index_key": 335,
          "schema_version": 0,
          "attributes": {
            "b64": "aXg",
            "b64_std": "aXg=",
            "b64_url": "aXg",
            "byte_length": 2,
            "dec": "27000",
            "hex": "6978",
            "id": "aXg",
            "keepers": {
              "force": "0974c6c7-a2e6-1606-da7c-c551f179b757"
            },
            "prefix": null
          },
          "private": "bnVsbA=="
        },
        {
          "index_key": 336,
          "schema_version": 0,
          "attributes": {
            "b64": "Lsc",
            "b64_std": "Lsc=",
            "b64_url": "Lsc",
            "byte_length": 2,
            "dec": "11975",
            "hex": "2ec7",
            "id": "Lsc",
            "keepers": {
              "force": "4f5ef7b4-99ac-6ff2-057f-c484e13b588b"
            },
            "prefix": null
          },
          "private": "bnVsbA=="
        },
        {
          "index_key": 337,
          "schema_version": 0,
          "attributes": {
            "b64": "Qd8",
            "b64_std": "Qd8=",
            "b64_url": "Qd8",
            "byte_length": 2,
            "dec": "16863",
            "hex": "41df",
            "id": "Qd8",
            "keepers": {
              "force": "6b4fb8de-bb00-64b7-333c-352ef08f24ba"
            },
            "prefix": null
          },
          "private": "bnVsbA=="
        },
        {
          "index_key": 338,
          "schema_version": 0,
          "attributes": {
            "b64": "PlY",
            "b64_std": "PlY=",
            "b64_url": "PlY",
            "byte_length": 2,
            "dec": "15958",
            "hex": "3e56",
            "id": "PlY",
            "keepers": {
              "force": "6aeb4385-a64d-7990-958a-4d5691495463"
            },
            "prefix": null
          },
          "private": "bnVsbA=="
        },
        {
          "index_key": 339,
          "schema_version": 0,
          "attributes": {
            "b64": "KNM",
            "b64_std": "KNM=",
            "b64_url": "KNM",
            "byte_length": 2,
            "dec": "10451",
            "hex": "28d3",
            "id": "KNM",
            "keepers": {
              "force": "4e32539d-3098-d75d-40b6-f6cf6a434f1b"
            },
            "prefix": null
          },
          "private": "bnVsbA=="
        },
        {
          "index_key": 340,
          "schema_version": 0,
          "attributes": {
            "b64": "TWA",
            "b64_std": "TWA=",
            "b64_url": "TWA",
            "byte_length": 2,
            "dec": "19808",
            "hex": "4d60",
            "id": "TWA",
            "keepers": {
              "force": "00467e6d-a368-3314-c282-8629b22347ee"
            },
            "prefix": null
          },
          "private": "bnVsbA=="
        },
        {
          "index_key": 341,
          "schema_version": 0,
          "attributes": {
            "b64": "E18",
            "b64_std": "E18=",
            "b64_url": "E18",
            "byte_length": 2,
            "dec": "4959",
            "hex": "135f",
            "id": "E18",
            "keepers": {
              "force": "0fe95aa0-f145-4c44-ba31-870a1adc5220"
            },
            "prefix": null
          },
          "private": "bnVsbA=="
        },
        {
          "index_key": 342,
          "schema_version": 0,
          "attributes": {
            "b64": "RGo",
            "b64_std": "RGo=",
            "b64_url": "RGo",
            "byte_length": 2,
            "dec": "17514",
            "hex": "446a",
            "id": "RGo",
            "keepers": {
              "force": "228bcdc6-7844-859b-e0d7-8ee98e337a22"
            },
            "prefix": null
          },
          "private": "bnVsbA=="
        },
        {
          "index_key": 343,
          "schema_version": 0,
          "attributes": {
            "b64": "pp4",
            "b64_std": "pp4=",
            "b64_url": "pp4",
            "byte_length": 2,
            "dec": "42654",
            "hex": "a69e",
            "id": "pp4",
            "keepers": {
              "force": "7a3ceec8-8915-1802-03bf-a864a0fc5c67"
            },
            "prefix": null
          },
          "private": "bnVsbA=="
        },
        {
          "index_key": 344,
          "schema_version": 0,
          "attributes": {
            "b64": "-08",
            "b64_std": "+08=",
            "b64_url": "-08",
            "byte_length": 2,
            "dec": "64335",
            "hex": "fb4f",
            "id": "-08",
            "keepers": {
              "force": "19476357-8032-5588-1e1d-162492ee6d71"
            },
            "prefix": null
          },
          "private": "bnVsbA=="
        },
        {
          "index_key": 345,
          "schema_version": 0,
          "attributes": {
            "b64": "RwM",
            "b64_std": "RwM=",
            "b64_url": "RwM",
            "byte_length": 2,
            "dec": "18179",
            "hex": "4703",
            "id": "RwM",
            "keepers": {
              "force": "c5a400a4-18f5-e24f-906d-b7d6e2e89f2f"
            },
            "prefix": null
          },
          "private": "bnVsbA=="
        },
        {
          "index_key": 346,
          "schema_version": 0,
          "attributes": {
            "b64": "CrE",
            "b64_std": "CrE=",
            "b64_url": "CrE",
            "byte_length": 2,
            "dec": "2737",
            "hex": "0ab1",
            "id": "CrE",
            "keepers": {
              "force": "ffb7ccfd-c1f8-280a-877f-6da5dd0c4c0f"
            },
            "prefix": null
          },
          "private": "bnVsbA=="
        },
        {
          "index_key": 347,
          "schema_version": 0,
          "attributes": {
            "b64": "Gow",
            "b64_std": "Gow=",
            "b64_url": "Gow",
            "byte_length": 2,
            "dec": "6796",
            "hex": "1a8c",
            "id": "Gow",
            "keepers": {
              "force": "c907e0ac-59df-fff2-0d63-9ad609e079fa"
            },
            "prefix": null
          },
          "private": "bnVsbA=="
        },
        {
          "index_key": 348,
          "schema_version": 0,
          "attributes": {
            "b64": "gDo",
            "b64_std": "gDo=",
            "b64_url": "gDo",
            "byte_length": 2,
            "dec": "32826",
            "hex": "803a",
            "id": "gDo",
            "keepers": {
              "force": "02afdb7c-2b86-9d93-38eb-f5be97aeb03d"
            },
            "prefix": null
          },
          "private": "bnVsbA=="
        },
        {
          "index_key": 349,
          "schema_version": 0,
          "attributes": {
            "b64": "0DY",
            "b64_std": "0DY=",
            "b64_url": "0DY",
            "byte_length": 2,
            "dec": "53302",
            "hex": "d036",
            "id": "0DY",
            "keepers": {
              "force": "ffc9cf34-6da2-0ed0-a78d-c0b4bf9c4b8c"
            },
            "prefix": null
          },
          "private": "bnVsbA=="
        },
        {
          "index_key": 350,
          "schema_version": 0,
          "attributes": {
            "b64": "m3s",
            "b64_std": "m3s=",
            "b64_url": "m3s",
            "byte_length": 2,
            "dec": "39803",
            "hex": "9b7b",
            "id": "m3s",
            "keepers": {
              "force": "467258f6-d93d-3a1f-0419-db2d6542527e"
            },
            "prefix": null
          },
          "private": "bnVsbA=="
        },
        {
          "index_key": 351,
          "schema_version": 0,
          "attributes": {
            "b64": "kho",
            "b64_std": "kho=",
            "b64_url": "kho",
            "byte_length": 2,
            "dec": "37402",
            "hex": "921a",
            "id": "kho",
            "keepers": {
              "force": "f799d2e3-34f0-4ea6-e778-51a689255b9c"
            },
            "prefix": null
          },
          "private": "bnVsbA=="
        },
        {
          "index_key": 352,
          "schema_version": 0,
          "attributes": {
            "b64": "tt4",
            "b64_std": "tt4=",
            "b64_url": "tt4",
            "byte_length": 2,
            "dec": "46814",
            "hex": "b6de",
            "id": "tt4",
            "keepers": {
              "force": "a60d6c9c-66e7-32fa-a806-c84ed2ea7e55"
            },
            "prefix": null
          },
          "private": "bnVsbA=="
        },
        {
          "index_key": 353,
          "schema_version": 0,
          "attributes": {
            "b64": "WVs",
            "b64_std": "WVs=",
            "b64_url": "WVs",
            "byte_length": 2,
            "dec": "22875",
            "hex": "595b",
            "id": "WVs",
            "keepers": {
              "force": "c7d9b0cf-0f5d-10a0-cba2-208dcda3a530"
            },
            "prefix": null
          },
          "private": "bnVsbA=="
        },
        {
          "index_key": 354,
          "schema_version": 0,
          "attributes": {
            "b64": "UcI",
            "b64_std": "UcI=",
            "b64_url": "UcI",
            "byte_length": 2,
            "dec": "20930",
            "hex": "51c2",
            "id": "UcI",
            "keepers": {
              "force": "25bdc916-f15e-347f-a9b5-cba40496aa37"
            },
            "prefix": null
          },
          "private": "bnVsbA=="
        },
        {
          "index_key": 355,
          "schema_version": 0,
          "attributes": {
            "b64": "JtY",
            "b64_std": "JtY=",
            "b64_url": "JtY",
            "byte_length": 2,
            "dec": "9942",
            "hex": "26d6",
            "id": "JtY",
            "keepers": {
              "force": "71ccd1da-8dcf-2016-c97d-44ec7b4e8e38"
            },
            "prefix": null
          },
          "private": "bnVsbA=="
        },
        {
          "index_key": 356,
          "schema_version": 0,
          "attributes": {
            "b64": "vpU",
            "b64_std": "vpU=",
            "b64_url": "vpU",
            "byte_length": 2,
            "dec": "48789",
            "hex": "be95",
            "id": "vpU",
            "keepers": {
              "force": "8da8f41e-d179-a567-3a89-33a4d491d63c"
            },
            "prefix": null
          },
          "private": "bnVsbA=="
        },
        {
          "index_key": 357,
          "schema_version": 0,
          "attributes": {
            "b64": "8QE",
            "b64_std": "8QE=",
            "b64_url": "8QE",
            "byte_length": 2,
            "dec": "61697",
            "hex": "f101",
            "id": "8QE",
            "keepers": {
              "force": "beb3b787-0bdb-e7ba-0623-fd8f20c10aa3"
            },
            "prefix": null
          },
          "private": "bnVsbA=="
        },
        {
          "index_key": 358,
          "schema_version": 0,
          "attributes": {
            "b64": "pRw",
            "b64_std": "pRw=",
            "b64_url": "pRw",
            "byte_length": 2,
            "dec": "42268",
            "hex": "a51c",
            "id": "pRw",
            "keepers": {
              "force": "b71c5a71-e3cf-5cd0-2bdd-0af4e1449500"
            },
            "prefix": null
          },
          "private": "bnVsbA=="
        },
        {
          "index_key": 359,
          "schema_version": 0,
          "attributes": {
            "b64": "s78",
            "b64_std": "s78=",
            "b64_url": "s78",
            "byte_length": 2,
            "dec": "46015",
            "hex": "b3bf",
            "id": "s78",
            "keepers": {
              "force": "7c10809c-9ead-5fef-b8ad-72b061a959a3"
            },
            "prefix": null
          },
          "private": "bnVsbA=="
        },
        {
          "index_key": 360,
          "schema_version": 0,
          "attributes": {
            "b64": "1Q4",
            "b64_std": "1Q4=",
            "b64_url": "1Q4",
            "byte_length": 2,
            "dec": "54542",
            "hex": "d50e",
            "id": "1Q4",
            "keepers": {
              "force": "fbf26b1d-8d39-1654-fffe-27518f98ccba"
            },
            "prefix": null
          },
          "private": "bnVsbA=="
        },
        {
          "index_key": 361,
          "schema_version": 0,
          "attributes": {
            "b64": "iv8",
            "b64_std": "iv8=",
            "b64_url": "iv8",
            "byte_length": 2,
            "dec": "35583",
            "hex": "8aff",
            "id": "iv8",
            "keepers": {
              "force": "7ce042df-93d2-058d-94ce-845d95a20337"
            },
            "prefix": null
          },
          "private": "bnVsbA=="
        },
        {
          "index_key": 362,
          "schema_version": 0,
          "attributes": {
            "b64": "LzI",
            "b64_std": "LzI=",
            "b64_url": "LzI",
            "byte_length": 2,
            "dec": "12082",
            "hex": "2f32",
            "id": "LzI",
            "keepers": {
              "force": "f8ca3d7b-5140-f1bd-5399-098ee470b76d"
            },
            "prefix": null
          },
          "private": "bnVsbA=="
        },
        {
          "index_key": 363,
          "schema_version": 0,
          "attributes": {
            "b64": "zco",
            "b64_std": "zco=",
            "b64_url": "zco",
            "byte_length": 2,
            "dec": "52682",
            "hex": "cdca",
            "id": "zco",
            "keepers": {
              "force": "830c26e7-903d-a40c-beef-d3add606aa3a"
            },
            "prefix": null
          },
          "private": "bnVsbA=="
        },
        {
          "index_key": 364,
          "schema_version": 0,
          "attributes": {
            "b64": "9Ic",
            "b64_std": "9Ic=",
            "b64_url": "9Ic",
            "byte_length": 2,
            "dec": "62599",
            "hex": "f487",
            "id": "9Ic",
            "keepers": {
              "force": "4e7bd702-d8e3-dc35-24d4-62408c8c48b5"
            },
            "prefix": null
          },
          "private": "bnVsbA=="
        },
        {
          "index_key": 365,
          "schema_version": 0,
          "attributes": {
            "b64": "LUc",
            "b64_std": "LUc=",
            "b64_url": "LUc",
            "byte_length": 2,
            "dec": "11591",
            "hex": "2d47",
            "id": "LUc",
            "keepers": {
              "force": "036ded2f-23df-9542-7dd0-9be717b68c1c"
            },
            "prefix": null
          },
          "private": "bnVsbA=="
        },
        {
          "index_key": 366,
          "schema_version": 0,
          "attributes": {
            "b64": "-0Q",
            "b64_std": "+0Q=",
            "b64_url": "-0Q",
            "byte_length": 2,
            "dec": "64324",
            "hex": "fb44",
            "id": "-0Q",
            "keepers": {
              "force": "bef80963-cacf-5830-e8a6-e3a065d60a35"
            },
            "prefix": null
          },
          "private": "bnVsbA=="
        },
        {
          "index_key": 367,
          "schema_version": 0,
          "attributes": {
            "b64": "3sc",
            "b64_std": "3sc=",
            "b64_url": "3sc",
            "byte_length": 2,
            "dec": "57031",
            "hex": "dec7",
            "id": "3sc",
            "keepers": {
              "force": "9a4855c5-c9c9-9640-949c-44632020fff1"
            },
            "prefix": null
          },
          "private": "bnVsbA=="
        },
        {
          "index_key": 368,
          "schema_version": 0,
          "attributes": {
            "b64": "l1s",
            "b64_std": "l1s=",
            "b64_url": "l1s",
            "byte_length": 2,
            "dec": "38747",
            "hex": "975b",
            "id": "l1s",
            "keepers": {
              "force": "541385d4-e7c7-962a-cde7-3c11c9128f36"
            },
            "prefix": null
          },
          "private": "bnVsbA=="
        },
        {
          "index_key": 369,
          "schema_version": 0,
          "attributes": {
            "b64": "xNo",
            "b64_std": "xNo=",
            "b64_url": "xNo",
            "byte_length": 2,
            "dec": "50394",
            "hex": "c4da",
            "id": "xNo",
            "keepers": {
              "force": "f74ebac1-b92e-f8b1-af0e-4f44e98f1e37"
            },
            "prefix": null
          },
          "private": "bnVsbA=="
        },
        {
          "index_key": 370,
          "schema_version": 0,
          "attributes": {
            "b64": "uGY",
            "b64_std": "uGY=",
            "b64_url": "uGY",
            "byte_length": 2,
            "dec": "47206",
            "hex": "b866",
            "id": "uGY",
            "keepers": {
              "force": "be49795c-f3f4-a32a-5930-f38937d58944"
            },
            "prefix": null
          },
          "private": "bnVsbA=="
        },
        {
          "index_key": 371,
          "schema_version": 0,
          "attributes": {
            "b64": "aG0",
            "b64_std": "aG0=",
            "b64_url": "aG0",
            "byte_length": 2,
            "dec": "26733",
            "hex": "686d",
            "id": "aG0",
            "keepers": {
              "force": "74c97a4c-7247-fdbc-2b5c-be97f6072329"
            },
            "prefix": null
          },
          "private": "bnVsbA=="
        },
        {
          "index_key": 372,
          "schema_version": 0,
          "attributes": {
            "b64": "Wa4",
            "b64_std": "Wa4=",
            "b64_url": "Wa4",
            "byte_length": 2,
            "dec": "22958",
            "hex": "59ae",
            "id": "Wa4",
            "keepers": {
              "force": "c060aae9-8640-4bf2-4208-25e2e1df4a41"
            },
            "prefix": null
          },
          "private": "bnVsbA=="
        },
        {
          "index_key": 373,
          "schema_version": 0,
          "attributes": {
            "b64": "0CA",
            "b64_std": "0CA=",
            "b64_url": "0CA",
            "byte_length": 2,
            "dec": "53280",
            "hex": "d020",
            "id": "0CA",
            "keepers": {
              "force": "f62c92a2-c5b5-0f59-e239-d890bbe1eacf"
            },
            "prefix": null
          },
          "private": "bnVsbA=="
        },
        {
          "index_key": 374,
          "schema_version": 0,
          "attributes": {
            "b64": "S_g",
            "b64_std": "S/g=",
            "b64_url": "S_g",
            "byte_length": 2,
            "dec": "19448",
            "hex": "4bf8",
            "id": "S_g",
            "keepers": {
              "force": "bde71ab1-6a12-7e9a-c989-01f04b5df560"
            },
            "prefix": null
          },
          "private": "bnVsbA=="
        },
        {
          "index_key": 375,
          "schema_version": 0,
          "attributes": {
            "b64": "dww",
            "b64_std": "dww=",
            "b64_url": "dww",
            "byte_length": 2,
            "dec": "30476",
            "hex": "770c",
            "id": "dww",
            "keepers": {
              "force": "db0db4af-882c-5111-6cbe-749e6e34e42c"
            },
            "prefix": null
          },
          "private": "bnVsbA=="
        },
        {
          "index_key": 376,
          "schema_version": 0,
          "attributes": {
            "b64": "MqE",
            "b64_std": "MqE=",
            "b64_url": "MqE",
            "byte_length": 2,
            "dec": "12961",
            "hex": "32a1",
            "id": "MqE",
            "keepers": {
              "force": "5baefa57-ca30-0f80-39fb-7a00a3067320"
            },
            "prefix": null
          },
          "private": "bnVsbA=="
        },
        {
          "index_key": 377,
          "schema_version": 0,
          "attributes": {
            "b64": "MTg",
            "b64_std": "MTg=",
            "b64_url": "MTg",
            "byte_length": 2,
            "dec": "12600",
            "hex": "3138",
            "id": "MTg",
            "keepers": {
              "force": "ea381b16-16f0-4441-585b-54f8058e9701"
            },
            "prefix": null
          },
          "private": "bnVsbA=="
        },
        {
          "index_key": 378,
          "schema_version": 0,
          "attributes": {
            "b64": "Atw",
            "b64_std": "Atw=",
            "b64_url": "Atw",
            "byte_length": 2,
            "dec": "732",
            "hex": "02dc",
            "id": "Atw",
            "keepers": {
              "force": "820a837a-900c-655c-8354-7fa0fa3cc77e"
            },
            "prefix": null
          },
          "private": "bnVsbA=="
        },
        {
          "index_key": 379,
          "schema_version": 0,
          "attributes": {
            "b64": "RAI",
            "b64_std": "RAI=",
            "b64_url": "RAI",
            "byte_length": 2,
            "dec": "17410",
            "hex": "4402",
            "id": "RAI",
            "keepers": {
              "force": "664c16d3-f03f-a7a2-b208-58c0bbbed034"
            },
            "prefix": null
          },
          "private": "bnVsbA=="
        },
        {
          "index_key": 380,
          "schema_version": 0,
          "attributes": {
            "b64": "uUE",
            "b64_std": "uUE=",
            "b64_url": "uUE",
            "byte_length": 2,
            "dec": "47425",
            "hex": "b941",
            "id": "uUE",
            "keepers": {
              "force": "5aa06f64-c6a2-6805-f5e4-e769184a62de"
            },
            "prefix": null
          },
          "private": "bnVsbA=="
        },
        {
          "index_key": 381,
          "schema_version": 0,
          "attributes": {
            "b64": "PIc",
            "b64_std": "PIc=",
            "b64_url": "PIc",
            "byte_length": 2,
            "dec": "15495",
            "hex": "3c87",
            "id": "PIc",
            "keepers": {
              "force": "41521307-5e99-55f9-e7dc-97e5573466ba"
            },
            "prefix": null
          },
          "private": "bnVsbA=="
        },
        {
          "index_key": 382,
          "schema_version": 0,
          "attributes": {
            "b64": "vOk",
            "b64_std": "vOk=",
            "b64_url": "vOk",
            "byte_length": 2,
            "dec": "48361",
            "hex": "bce9",
            "id": "vOk",
            "keepers": {
              "force": "5604711e-6bff-e230-c2f6-5271aa29efa4"
            },
            "prefix": null
          },
          "private": "bnVsbA=="
        },
        {
          "index_key": 383,
          "schema_version": 0,
          "attributes": {
            "b64": "7LQ",
            "b64_std": "7LQ=",
            "b64_url": "7LQ",
            "byte_length": 2,
            "dec": "60596",
            "hex": "ecb4",
            "id": "7LQ",
            "keepers": {
              "force": "50fcd91b-9e01-5ed7-c4f7-3cb0c2576adf"
            },
            "prefix": null
          },
          "private": "bnVsbA=="
        },
        {
          "index_key": 384,
          "schema_version": 0,
          "attributes": {
            "b64": "Vhc",
            "b64_std": "Vhc=",
            "b64_url": "Vhc",
            "byte_length": 2,
            "dec": "22039",
            "hex": "5617",
            "id": "Vhc",
            "keepers": {
              "force": "68a48eba-bf45-929f-5561-b1e77cb7586e"
            },
            "prefix": null
          },
          "private": "bnVsbA=="
        },
        {
          "index_key": 385,
          "schema_version": 0,
          "attributes": {
            "b64": "pjc",
            "b64_std": "pjc=",
            "b64_url": "pjc",
            "byte_length": 2,
            "dec": "42551",
            "hex": "a637",
            "id": "pjc",
            "keepers": {
              "force": "b677fc16-d6ff-9288-94bd-079db6166224"
            },
            "prefix": null
          },
          "private": "bnVsbA=="
        },
        {
          "index_key": 386,
          "schema_version": 0,
          "attributes": {
            "b64": "fSU",
            "b64_std": "fSU=",
            "b64_url": "fSU",
            "byte_length": 2,
            "dec": "32037",
            "hex": "7d25",
            "id": "fSU",
            "keepers": {
              "force": "5790c02a-9dd4-f2dd-4e0f-c03663e5265b"
            },
            "prefix": null
          },
          "private": "bnVsbA=="
        },
        {
          "index_key": 387,
          "schema_version": 0,
          "attributes": {
            "b64": "CS0",
            "b64_std": "CS0=",
            "b64_url": "CS0",
            "byte_length": 2,
            "dec": "2349",
            "hex": "092d",
            "id": "CS0",
            "keepers": {
              "force": "bc51b43a-581c-c453-9606-d0410559e19c"
            },
            "prefix": null
          },
          "private": "bnVsbA=="
        },
        {
          "index_key": 388,
          "schema_version": 0,
          "attributes": {
            "b64": "G8w",
            "b64_std": "G8w=",
            "b64_url": "G8w",
            "byte_length": 2,
            "dec": "7116",
            "hex": "1bcc",
            "id": "G8w",
            "keepers": {
              "force": "114a6328-8bc6-c134-a269-a67bf24f0c79"
            },
            "prefix": null
          },
          "private": "bnVsbA=="
        },
        {
          "index_key": 389,
          "schema_version": 0,
          "attributes": {
            "b64": "P3c",
            "b64_std": "P3c=",
            "b64_url": "P3c",
            "byte_length": 2,
            "dec": "16247",
            "hex": "3f77",
            "id": "P3c",
            "keepers": {
              "force": "975949ae-77db-caf4-b90d-a03c1858e7f0"
            },
            "prefix": null
          },
          "private": "bnVsbA=="
        },
        {
          "index_key": 390,
          "schema_version": 0,
          "attributes": {
            "b64": "cVc",
            "b64_std": "cVc=",
            "b64_url": "cVc",
            "byte_length": 2,
            "dec": "29015",
            "hex": "7157",
            "id": "cVc",
            "keepers": {
              "force": "8453c324-aae6-d534-233b-f6fa73b8835e"
            },
            "prefix": null
          },
          "private": "bnVsbA=="
        },
        {
          "index_key": 391,
          "schema_version": 0,
          "attributes": {
            "b64": "g7Y",
            "b64_std": "g7Y=",
            "b64_url": "g7Y",
            "byte_length": 2,
            "dec": "33718",
            "hex": "83b6",
            "id": "g7Y",
            "keepers": {
              "force": "9df64e8f-ff53-cb7b-6cc6-23744f7ea67d"
            },
            "prefix": null
          },
          "private": "bnVsbA=="
        },
        {
          "index_key": 392,
          "schema_version": 0,
          "attributes": {
            "b64": "zkE",
            "b64_std": "zkE=",
            "b64_url": "zkE",
            "byte_length": 2,
            "dec": "52801",
            "hex": "ce41",
            "id": "zkE",
            "keepers": {
              "force": "7b4c4971-6859-e8dc-d32c-9278535216b2"
            },
            "prefix": null
          },
          "private": "bnVsbA=="
        },
        {
          "index_key": 393,
          "schema_version": 0,
          "attributes": {
            "b64": "uIs",
            "b64_std": "uIs=",
            "b64_url": "uIs",
            "byte_length": 2,
            "dec": "47243",
            "hex": "b88b",
            "id": "uIs",
            "keepers": {
              "force": "adc4cb40-bd23-f1ca-22ff-0a53362d1aa6"
            },
            "prefix": null
          },
          "private": "bnVsbA=="
        },
        {
          "index_key": 394,
          "schema_version": 0,
          "attributes": {
            "b64": "EJI",
            "b64_std": "EJI=",
            "b64_url": "EJI",
            "byte_length": 2,
            "dec": "4242",
            "hex": "1092",
            "id": "EJI",
            "keepers": {
              "force": "72c78b79-4693-ee79-a941-fb49fed2d47e"
            },
            "prefix": null
          },
          "private": "bnVsbA=="
        },
        {
          "index_key": 395,
          "schema_version": 0,
          "attributes": {
            "b64": "6DQ",
            "b64_std": "6DQ=",
            "b64_url": "6DQ",
            "byte_length": 2,
            "dec": "59444",
            "hex": "e834",
            "id": "6DQ",
            "keepers": {
              "force": "ca840986-7a25-0898-8e65-9d22251c5806"
            },
            "prefix": null
          },
          "private": "bnVsbA=="
        },
        {
          "index_key": 396,
          "schema_version": 0,
          "attributes": {
            "b64": "0R4",
            "b64_std": "0R4=",
            "b64_url": "0R4",
            "byte_length": 2,
            "dec": "53534",
            "hex": "d11e",
            "id": "0R4",
            "keepers": {
              "force": "bd28d4c2-531d-d520-20ad-2362643237c0"
            },
            "prefix": null
          },
          "private": "bnVsbA=="
        },
        {
          "index_key": 397,
          "schema_version": 0,
          "attributes": {
            "b64": "LGw",
            "b64_std": "LGw=",
            "b64_url": "LGw",
            "byte_length": 2,
            "dec": "11372",
            "hex": "2c6c",
            "id": "LGw",
            "keepers": {
              "force": "bd09ce64-0bc5-829f-b8e3-b6749e591d72"
            },
            "prefix": null
          },
          "private": "bnVsbA=="
        },
        {
          "index_key": 398,
          "schema_version": 0,
          "attributes": {
            "b64": "CbM",
            "b64_std": "CbM=",
            "b64_url": "CbM",
            "byte_length": 2,
            "dec": "2483",
            "hex": "09b3",
            "id": "CbM",
            "keepers": {
              "force": "444dc40d-3d9d-b800-4ba8-2f45d40a344d"
            },
            "prefix": null
          },
          "private": "bnVsbA=="
        },
        {
          "index_key": 399,
          "schema_version": 0,
          "attributes": {
            "b64": "nhw",
            "b64_std": "nhw=",
            "b64_url": "nhw",
            "byte_length": 2,
            "dec": "40476",
            "hex": "9e1c",
            "id": "nhw",
            "keepers": {
              "force": "35ace476-1896-e0ce-60fb-1d7b36898c61"
            },
            "prefix": null
          },
          "private": "bnVsbA=="
        },
        {
          "index_key": 400,
          "schema_version": 0,
          "attributes": {
            "b64": "Y5c",
            "b64_std": "Y5c=",
            "b64_url": "Y5c",
            "byte_length": 2,
            "dec": "25495",
            "hex": "6397",
            "id": "Y5c",
            "keepers": {
              "force": "55100f03-e4bd-235f-6425-0d20c74518f2"
            },
            "prefix": null
          },
          "private": "bnVsbA=="
        },
        {
          "index_key": 401,
          "schema_version": 0,
          "attributes": {
            "b64": "Z8k",
            "b64_std": "Z8k=",
            "b64_url": "Z8k",
            "byte_length": 2,
            "dec": "26569",
            "hex": "67c9",
            "id": "Z8k",
            "keepers": {
              "force": "59be43b5-3e09-dfc6-0c1c-508c264470e1"
            },
            "prefix": null
          },
          "private": "bnVsbA=="
        },
        {
          "index_key": 402,
          "schema_version": 0,
          "attributes": {
            "b64": "sWE",
            "b64_std": "sWE=",
            "b64_url": "sWE",
            "byte_length": 2,
            "dec": "45409",
            "hex": "b161",
            "id": "sWE",
            "keepers": {
              "force": "d2043004-42aa-c0a4-73a7-36ba8c7b0754"
            },
            "prefix": null
          },
          "private": "bnVsbA=="
        },
        {
          "index_key": 403,
          "schema_version": 0,
          "attributes": {
            "b64": "060",
            "b64_std": "060=",
            "b64_url": "060",
            "byte_length": 2,
            "dec": "54189",
            "hex": "d3ad",
            "id": "060",
            "keepers": {
              "force": "e46c84f6-b8f8-f77c-0b58-e23131651702"
            },
            "prefix": null
          },
          "private": "bnVsbA=="
        },
        {
          "index_key": 404,
          "schema_version": 0,
          "attributes": {
            "b64": "Pi8",
            "b64_std": "Pi8=",
            "b64_url": "Pi8",
            "byte_length": 2,
            "dec": "15919",
            "hex": "3e2f",
            "id": "Pi8",
            "keepers": {
              "force": "11421604-54fd-12ad-5dd6-ebd6714c01d2"
            },
            "prefix": null
          },
          "private": "bnVsbA=="
        },
        {
          "index_key": 405,
          "schema_version": 0,
          "attributes": {
            "b64": "lgI",
            "b64_std": "lgI=",
            "b64_url": "lgI",
            "byte_length": 2,
            "dec": "38402",
            "hex": "9602",
            "id": "lgI",
            "keepers": {
              "force": "1b3d46e2-965e-327f-71ac-eac99eae6700"
            },
            "prefix": null
          },
          "private": "bnVsbA=="
        },
        {
          "index_key": 406,
          "schema_version": 0,
          "attributes": {
            "b64": "w3c",
            "b64_std": "w3c=",
            "b64_url": "w3c",
            "byte_length": 2,
            "dec": "50039",
            "hex": "c377",
            "id": "w3c",
            "keepers": {
              "force": "47292d4b-3e0e-0945-680c-626436c21ce7"
            },
            "prefix": null
          },
          "private": "bnVsbA=="
        },
        {
          "index_key": 407,
          "schema_version": 0,
          "attributes": {
            "b64": "yP4",
            "b64_std": "yP4=",
            "b64_url": "yP4",
            "byte_length": 2,
            "dec": "51454",
            "hex": "c8fe",
            "id": "yP4",
            "keepers": {
              "force": "ede36938-db65-fd02-b385-361bb3a37ad0"
            },
            "prefix": null
          },
          "private": "bnVsbA=="
        },
        {
          "index_key": 408,
          "schema_version": 0,
          "attributes": {
            "b64": "QEA",
            "b64_std": "QEA=",
            "b64_url": "QEA",
            "byte_length": 2,
            "dec": "16448",
            "hex": "4040",
            "id": "QEA",
            "keepers": {
              "force": "5b31cc82-6c35-0ecf-18a0-b39b1ff456b7"
            },
            "prefix": null
          },
          "private": "bnVsbA=="
        },
        {
          "index_key": 409,
          "schema_version": 0,
          "attributes": {
            "b64": "OlE",
            "b64_std": "OlE=",
            "b64_url": "OlE",
            "byte_length": 2,
            "dec": "14929",
            "hex": "3a51",
            "id": "OlE",
            "keepers": {
              "force": "5a2c23ae-a89f-453d-9523-b8f035ac3ce8"
            },
            "prefix": null
          },
          "private": "bnVsbA=="
        },
        {
          "index_key": 410,
          "schema_version": 0,
          "attributes": {
            "b64": "gag",
            "b64_std": "gag=",
            "b64_url": "gag",
            "byte_length": 2,
            "dec": "33192",
            "hex": "81a8",
            "id": "gag",
            "keepers": {
              "force": "b24d5e18-e716-8622-23d8-68f3bfdc5131"
            },
            "prefix": null
          },
          "private": "bnVsbA=="
        },
        {
          "index_key": 411,
          "schema_version": 0,
          "attributes": {
            "b64": "POc",
            "b64_std": "POc=",
            "b64_url": "POc",
            "byte_length": 2,
            "dec": "15591",
            "hex": "3ce7",
            "id": "POc",
            "keepers": {
              "force": "1e341a0d-1b4b-6826-b124-ffcad89f15e9"
            },
            "prefix": null
          },
          "private": "bnVsbA=="
        },
        {
          "index_key": 412,
          "schema_version": 0,
          "attributes": {
            "b64": "9YM",
            "b64_std": "9YM=",
            "b64_url": "9YM",
            "byte_length": 2,
            "dec": "62851",
            "hex": "f583",
            "id": "9YM",
            "keepers": {
              "force": "3d3f3c17-15ae-759b-0a15-8c3c579f5080"
            },
            "prefix": null
          },
          "private": "bnVsbA=="
        },
        {
          "index_key": 413,
          "schema_version": 0,
          "attributes": {
            "b64": "hLw",
            "b64_std": "hLw=",
            "b64_url": "hLw",
            "byte_length": 2,
            "dec": "33980",
            "hex": "84bc",
            "id": "hLw",
            "keepers": {
              "force": "7857c35b-cdf1-24e4-d8ad-35c36e53230d"
            },
            "prefix": null
          },
          "private": "bnVsbA=="
        },
        {
          "index_key": 414,
          "schema_version": 0,
          "attributes": {
            "b64": "0Wg",
            "b64_std": "0Wg=",
            "b64_url": "0Wg",
            "byte_length": 2,
            "dec": "53608",
            "hex": "d168",
            "id": "0Wg",
            "keepers": {
              "force": "0c49dd26-3542-befc-71fe-6a352ff26309"
            },
            "prefix": null
          },
          "private": "bnVsbA=="
        },
        {
          "index_key": 415,
          "schema_version": 0,
          "attributes": {
            "b64": "L9s",
            "b64_std": "L9s=",
            "b64_url": "L9s",
            "byte_length": 2,
            "dec": "12251",
            "hex": "2fdb",
            "id": "L9s",
            "keepers": {
              "force": "236f39d5-2901-a12f-0bda-0a36a8dfbbd7"
            },
            "prefix": null
          },
          "private": "bnVsbA=="
        },
        {
          "index_key": 416,
          "schema_version": 0,
          "attributes": {
            "b64": "twc",
            "b64_std": "twc=",
            "b64_url": "twc",
            "byte_length": 2,
            "dec": "46855",
            "hex": "b707",
            "id": "twc",
            "keepers": {
              "force": "b986f552-4398-7359-17dc-f54d690452a9"
            },
            "prefix": null
          },
          "private": "bnVsbA=="
        },
        {
          "index_key": 417,
          "schema_version": 0,
          "attributes": {
            "b64": "6H4",
            "b64_std": "6H4=",
            "b64_url": "6H4",
            "byte_length": 2,
            "dec": "59518",
            "hex": "e87e",
            "id": "6H4",
            "keepers": {
              "force": "d07b0f1d-2c7d-4286-53f5-3de1c2419418"
            },
            "prefix": null
          },
          "private": "bnVsbA=="
        },
        {
          "index_key": 418,
          "schema_version": 0,
          "attributes": {
            "b64": "3ao",
            "b64_std": "3ao=",
            "b64_url": "3ao",
            "byte_length": 2,
            "dec": "56746",
            "hex": "ddaa",
            "id": "3ao",
            "keepers": {
              "force": "cc89af0c-2424-903e-a44d-333b1c3ae12c"
            },
            "prefix": null
          },
          "private": "bnVsbA=="
        },
        {
          "index_key": 419,
          "schema_version": 0,
          "attributes": {
            "b64": "PlA",
            "b64_std": "PlA=",
            "b64_url": "PlA",
            "byte_length": 2,
            "dec": "15952",
            "hex": "3e50",
            "id": "PlA",
            "keepers": {
              "force": "915a2713-924d-66e4-5e85-32689e2af6ac"
            },
            "prefix": null
          },
          "private": "bnVsbA=="
        },
        {
          "index_key": 420,
          "schema_version": 0,
          "attributes": {
            "b64": "4Yk",
            "b64_std": "4Yk=",
            "b64_url": "4Yk",
            "byte_length": 2,
            "dec": "57737",
            "hex": "e189",
            "id": "4Yk",
            "keepers": {
              "force": "b46742d7-f457-8339-b384-0777bdcf4f88"
            },
            "prefix": null
          },
          "private": "bnVsbA=="
        },
        {
          "index_key": 421,
          "schema_version": 0,
          "attributes": {
            "b64": "Nds",
            "b64_std": "Nds=",
            "b64_url": "Nds",
            "byte_length": 2,
            "dec": "13787",
            "hex": "35db",
            "id": "Nds",
            "keepers": {
              "force": "965ea443-f09f-ce57-ddc5-399967382e20"
            },
            "prefix": null
          },
          "private": "bnVsbA=="
        },
        {
          "index_key": 422,
          "schema_version": 0,
          "attributes": {
            "b64": "zgI",
            "b64_std": "zgI=",
            "b64_url": "zgI",
            "byte_length": 2,
            "dec": "52738",
            "hex": "ce02",
            "id": "zgI",
            "keepers": {
              "force": "2bf7d54f-62e6-ea7a-7318-3c11225cb7d5"
            },
            "prefix": null
          },
          "private": "bnVsbA=="
        },
        {
          "index_key": 423,
          "schema_version": 0,
          "attributes": {
            "b64": "obM",
            "b64_std": "obM=",
            "b64_url": "obM",
            "byte_length": 2,
            "dec": "41395",
            "hex": "a1b3",
            "id": "obM",
            "keepers": {
              "force": "c8c8fa5b-d090-2e8e-3e07-282c5c525e1d"
            },
            "prefix": null
          },
          "private": "bnVsbA=="
        },
        {
          "index_key": 424,
          "schema_version": 0,
          "attributes": {
            "b64": "Tl0",
            "b64_std": "Tl0=",
            "b64_url": "Tl0",
            "byte_length": 2,
            "dec": "20061",
            "hex": "4e5d",
            "id": "Tl0",
            "keepers": {
              "force": "d996adf3-0556-4ef5-1d41-00d17bbe898e"
            },
            "prefix": null
          },
          "private": "bnVsbA=="
        },
        {
          "index_key": 425,
          "schema_version": 0,
          "attributes": {
            "b64": "594",
            "b64_std": "594=",
            "b64_url": "594",
            "byte_length": 2,
            "dec": "59358",
            "hex": "e7de",
            "id": "594",
            "keepers": {
              "force": "19cec3e2-a411-149b-7489-26be32ba1351"
            },
            "prefix": null
          },
          "private": "bnVsbA=="
        },
        {
          "index_key": 426,
          "schema_version": 0,
          "attributes": {
            "b64": "URY",
            "b64_std": "URY=",
            "b64_url": "URY",
            "byte_length": 2,
            "dec": "20758",
            "hex": "5116",
            "id": "URY",
            "keepers": {
              "force": "c0725d64-ded6-c2e0-7dff-e367da15e95f"
            },
            "prefix": null
          },
          "private": "bnVsbA=="
        },
        {
          "index_key": 427,
          "schema_version": 0,
          "attributes": {
            "b64": "va4",
            "b64_std": "va4=",
            "b64_url": "va4",
            "byte_length": 2,
            "dec": "48558",
            "hex": "bdae",
            "id": "va4",
            "keepers": {
              "force": "675f75b6-9334-8919-2b3c-c82dd107870b"
            },
            "prefix": null
          },
          "private": "bnVsbA=="
        },
        {
          "index_key": 428,
          "schema_version": 0,
          "attributes": {
            "b64": "Szo",
            "b64_std": "Szo=",
            "b64_url": "Szo",
            "byte_length": 2,
            "dec": "19258",
            "hex": "4b3a",
            "id": "Szo",
            "keepers": {
              "force": "09eca344-2f1a-4354-4cc6-0d276d5e62e7"
            },
            "prefix": null
          },
          "private": "bnVsbA=="
        },
        {
          "index_key": 429,
          "schema_version": 0,
          "attributes": {
            "b64": "lms",
            "b64_std": "lms=",
            "b64_url": "lms",
            "byte_length": 2,
            "dec": "38507",
            "hex": "966b",
            "id": "lms",
            "keepers": {
              "force": "e7dd41b8-2a2a-0731-347e-c40a9abc27f9"
            },
            "prefix": null
          },
          "private": "bnVsbA=="
        },
        {
          "index_key": 430,
          "schema_version": 0,
          "attributes": {
            "b64": "3WM",
            "b64_std": "3WM=",
            "b64_url": "3WM",
            "byte_length": 2,
            "dec": "56675",
            "hex": "dd63",
            "id": "3WM",
            "keepers": {
              "force": "14760edb-4c73-25fc-6249-312b409a1969"
            },
            "prefix": null
          },
          "private": "bnVsbA=="
        },
        {
          "index_key": 431,
          "schema_version": 0,
          "attributes": {
            "b64": "hPU",
            "b64_std": "hPU=",
            "b64_url": "hPU",
            "byte_length": 2,
            "dec": "34037",
            "hex": "84f5",
            "id": "hPU",
            "keepers": {
              "force": "5ab4301f-ee7c-9e08-f0d8-8b2c781319b7"
            },
            "prefix": null
          },
          "private": "bnVsbA=="
        },
        {
          "index_key": 432,
          "schema_version": 0,
          "attributes": {
            "b64": "oXo",
            "b64_std": "oXo=",
            "b64_url": "oXo",
            "byte_length": 2,
            "dec": "41338",
            "hex": "a17a",
            "id": "oXo",
            "keepers": {
              "force": "cfcf0079-75a4-7e29-e211-b57060b783f3"
            },
            "prefix": null
          },
          "private": "bnVsbA=="
        },
        {
          "index_key": 433,
          "schema_version": 0,
          "attributes": {
            "b64": "g0A",
            "b64_std": "g0A=",
            "b64_url": "g0A",
            "byte_length": 2,
            "dec": "33600",
            "hex": "8340",
            "id": "g0A",
            "keepers": {
              "force": "3944db34-d7cf-af12-13b2-1c7f144befb9"
            },
            "prefix": null
          },
          "private": "bnVsbA=="
        },
        {
          "index_key": 434,
          "schema_version": 0,
          "attributes": {
            "b64": "Th8",
            "b64_std": "Th8=",
            "b64_url": "Th8",
            "byte_length": 2,
            "dec": "19999",
            "hex": "4e1f",
            "id": "Th8",
            "keepers": {
              "force": "a0682129-2d9a-caa7-0a06-d289518b1aa1"
            },
            "prefix": null
          },
          "private": "bnVsbA=="
        },
        {
          "index_key": 435,
          "schema_version": 0,
          "attributes": {
            "b64": "iPY",
            "b64_std": "iPY=",
            "b64_url": "iPY",
            "byte_length": 2,
            "dec": "35062",
            "hex": "88f6",
            "id": "iPY",
            "keepers": {
              "force": "1b2b02aa-40d1-c30b-7124-f3fce3ae2e5e"
            },
            "prefix": null
          },
          "private": "bnVsbA=="
        },
        {
          "index_key": 436,
          "schema_version": 0,
          "attributes": {
            "b64": "1_k",
            "b64_std": "1/k=",
            "b64_url": "1_k",
            "byte_length": 2,
            "dec": "55289",
            "hex": "d7f9",
            "id": "1_k",
            "keepers": {
              "force": "6703167c-81f5-1a7b-7e5d-773b1dc2da11"
            },
            "prefix": null
          },
          "private": "bnVsbA=="
        },
        {
          "index_key": 437,
          "schema_version": 0,
          "attributes": {
            "b64": "y3U",
            "b64_std": "y3U=",
            "b64_url": "y3U",
            "byte_length": 2,
            "dec": "52085",
            "hex": "cb75",
            "id": "y3U",
            "keepers": {
              "force": "c1fd4c66-e694-ae9c-2840-3c70c2ab8a20"
            },
            "prefix": null
          },
          "private": "bnVsbA=="
        },
        {
          "index_key": 438,
          "schema_version": 0,
          "attributes": {
            "b64": "2co",
            "b64_std": "2co=",
            "b64_url": "2co",
            "byte_length": 2,
            "dec": "55754",
            "hex": "d9ca",
            "id": "2co",
            "keepers": {
              "force": "3bbaedc8-f14d-e505-02df-8629eba17697"
            },
            "prefix": null
          },
          "private": "bnVsbA=="
        },
        {
          "index_key": 439,
          "schema_version": 0,
          "attributes": {
            "b64": "zho",
            "b64_std": "zho=",
            "b64_url": "zho",
            "byte_length": 2,
            "dec": "52762",
            "hex": "ce1a",
            "id": "zho",
            "keepers": {
              "force": "9e277d62-252e-12f1-7f94-b76f03a42178"
            },
            "prefix": null
          },
          "private": "bnVsbA=="
        },
        {
          "index_key": 440,
          "schema_version": 0,
          "attributes": {
            "b64": "6Gk",
            "b64_std": "6Gk=",
            "b64_url": "6Gk",
            "byte_length": 2,
            "dec": "59497",
            "hex": "e869",
            "id": "6Gk",
            "keepers": {
              "force": "301de4f7-ce3d-e4e2-feed-5597511445a0"
            },
            "prefix": null
          },
          "private": "bnVsbA=="
        },
        {
          "index_key": 441,
          "schema_version": 0,
          "attributes": {
            "b64": "AGw",
            "b64_std": "AGw=",
            "b64_url": "AGw",
            "byte_length": 2,
            "dec": "108",
            "hex": "006c",
            "id": "AGw",
            "keepers": {
              "force": "7e6d1b16-4738-ae7b-5583-9b6f8dd8f087"
            },
            "prefix": null
          },
          "private": "bnVsbA=="
        },
        {
          "index_key": 442,
          "schema_version": 0,
          "attributes": {
            "b64": "GIg",
            "b64_std": "GIg=",
            "b64_url": "GIg",
            "byte_length": 2,
            "dec": "6280",
            "hex": "1888",
            "id": "GIg",
            "keepers": {
              "force": "83ba200d-4f38-af01-c160-f8faf81220f9"
            },
            "prefix": null
          },
          "private": "bnVsbA=="
        },
        {
          "index_key": 443,
          "schema_version": 0,
          "attributes": {
            "b64": "DXw",
            "b64_std": "DXw=",
            "b64_url": "DXw",
            "byte_length": 2,
            "dec": "3452",
            "hex": "0d7c",
            "id": "DXw",
            "keepers": {
              "force": "1e40e46c-5458-b62c-0158-09e88984445a"
            },
            "prefix": null
          },
          "private": "bnVsbA=="
        },
        {
          "index_key": 444,
          "schema_version": 0,
          "attributes": {
            "b64": "d-k",
            "b64_std": "d+k=",
            "b64_url": "d-k",
            "byte_length": 2,
            "dec": "30697",
            "hex": "77e9",
            "id": "d-k",
            "keepers": {
              "force": "749d06b8-10e1-d15a-0bbb-fa8f275de3ca"
            },
            "prefix": null
          },
          "private": "bnVsbA=="
        },
        {
          "index_key": 445,
          "schema_version": 0,
          "attributes": {
            "b64": "07g",
            "b64_std": "07g=",
            "b64_url": "07g",
            "byte_length": 2,
            "dec": "54200",
            "hex": "d3b8",
            "id": "07g",
            "keepers": {
              "force": "1225242f-7694-9a46-28dc-d0ac1203ae26"
            },
            "prefix": null
          },
          "private": "bnVsbA=="
        },
        {
          "index_key": 446,
          "schema_version": 0,
          "attributes": {
            "b64": "fN0",
            "b64_std": "fN0=",
            "b64_url": "fN0",
            "byte_length": 2,
            "dec": "31965",
            "hex": "7cdd",
            "id": "fN0",
            "keepers": {
              "force": "873fc29b-9d3f-912a-1ae8-7ac8929d5297"
            },
            "prefix": null
          },
          "private": "bnVsbA=="
        },
        {
          "index_key": 447,
          "schema_version": 0,
          "attributes": {
            "b64": "i9Q",
            "b64_std": "i9Q=",
            "b64_url": "i9Q",
            "byte_length": 2,
            "dec": "35796",
            "hex": "8bd4",
            "id": "i9Q",
            "keepers": {
              "force": "29977c8b-9e58-5cf9-814e-ed064dd07039"
            },
            "prefix": null
          },
          "private": "bnVsbA=="
        },
        {
          "index_key": 448,
          "schema_version": 0,
          "attributes": {
            "b64": "bvY",
            "b64_std": "bvY=",
            "b64_url": "bvY",
            "byte_length": 2,
            "dec": "28406",
            "hex": "6ef6",
            "id": "bvY",
            "keepers": {
              "force": "0516c450-a205-0a0f-cf0f-8ab61c0a63f0"
            },
            "prefix": null
          },
          "private": "bnVsbA=="
        },
        {
          "index_key": 449,
          "schema_version": 0,
          "attributes": {
            "b64": "0ro",
            "b64_std": "0ro=",
            "b64_url": "0ro",
            "byte_length": 2,
            "dec": "53946",
            "hex": "d2ba",
            "id": "0ro",
            "keepers": {
              "force": "5eb88615-9459-e2f1-9703-68f48e482ca6"
            },
            "prefix": null
          },
          "private": "bnVsbA=="
        },
        {
          "index_key": 450,
          "schema_version": 0,
          "attributes": {
            "b64": "AwU",
            "b64_std": "AwU=",
            "b64_url": "AwU",
            "byte_length": 2,
            "dec": "773",
            "hex": "0305",
            "id": "AwU",
            "keepers": {
              "force": "01da75f3-42cf-0947-364d-a98af15dd6bc"
            },
            "prefix": null
          },
          "private": "bnVsbA=="
        },
        {
          "index_key": 451,
          "schema_version": 0,
          "attributes": {
            "b64": "nF0",
            "b64_std": "nF0=",
            "b64_url": "nF0",
            "byte_length": 2,
            "dec": "40029",
            "hex": "9c5d",
            "id": "nF0",
            "keepers": {
              "force": "38c55653-90a7-a88c-0a71-f254693403a8"
            },
            "prefix": null
          },
          "private": "bnVsbA=="
        },
        {
          "index_key": 452,
          "schema_version": 0,
          "attributes": {
            "b64": "AYg",
            "b64_std": "AYg=",
            "b64_url": "AYg",
            "byte_length": 2,
            "dec": "392",
            "hex": "0188",
            "id": "AYg",
            "keepers": {
              "force": "068623ff-b881-d337-96e7-66ffeed407c8"
            },
            "prefix": null
          },
          "private": "bnVsbA=="
        },
        {
          "index_key": 453,
          "schema_version": 0,
          "attributes": {
            "b64": "5GA",
            "b64_std": "5GA=",
            "b64_url": "5GA",
            "byte_length": 2,
            "dec": "58464",
            "hex": "e460",
            "id": "5GA",
            "keepers": {
              "force": "1d33f6d5-636a-9d49-87bc-c41396f1d464"
            },
            "prefix": null
          },
          "private": "bnVsbA=="
        },
        {
          "index_key": 454,
          "schema_version": 0,
          "attributes": {
            "b64": "oCc",
            "b64_std": "oCc=",
            "b64_url": "oCc",
            "byte_length": 2,
            "dec": "40999",
            "hex": "a027",
            "id": "oCc",
            "keepers": {
              "force": "d5425a9d-c868-e1ae-76a9-919cba23b213"
            },
            "prefix": null
          },
          "private": "bnVsbA=="
        },
        {
          "index_key": 455,
          "schema_version": 0,
          "attributes": {
            "b64": "EMI",
            "b64_std": "EMI=",
            "b64_url": "EMI",
            "byte_length": 2,
            "dec": "4290",
            "hex": "10c2",
            "id": "EMI",
            "keepers": {
              "force": "67bc7292-9ee0-9ff4-d417-a10f016619f9"
            },
            "prefix": null
          },
          "private": "bnVsbA=="
        },
        {
          "index_key": 456,
          "schema_version": 0,
          "attributes": {
            "b64": "6MI",
            "b64_std": "6MI=",
            "b64_url": "6MI",
            "byte_length": 2,
            "dec": "59586",
            "hex": "e8c2",
            "id": "6MI",
            "keepers": {
              "force": "0f28f158-5662-e1cc-7cbd-672cb9934096"
            },
            "prefix": null
          },
          "private": "bnVsbA=="
        },
        {
          "index_key": 457,
          "schema_version": 0,
          "attributes": {
            "b64": "hDQ",
            "b64_std": "hDQ=",
            "b64_url": "hDQ",
            "byte_length": 2,
            "dec": "33844",
            "hex": "8434",
            "id": "hDQ",
            "keepers": {
              "force": "48c19bd8-0181-6393-d181-8dedc8e7e4dd"
            },
            "prefix": null
          },
          "private": "bnVsbA=="
        },
        {
          "index_key": 458,
          "schema_version": 0,
          "attributes": {
            "b64": "W1E",
            "b64_std": "W1E=",
            "b64_url": "W1E",
            "byte_length": 2,
            "dec": "23377",
            "hex": "5b51",
            "id": "W1E",
            "keepers": {
              "force": "d57e7d2b-545a-f4b3-21cf-8df584a4ccf0"
            },
            "prefix": null
          },
          "private": "bnVsbA=="
        },
        {
          "index_key": 459,
          "schema_version": 0,
          "attributes": {
            "b64": "3_o",
            "b64_std": "3/o=",
            "b64_url": "3_o",
            "byte_length": 2,
            "dec": "57338",
            "hex": "dffa",
            "id": "3_o",
            "keepers": {
              "force": "c591021d-3bd5-4eb9-86e1-1d8ff28f9826"
            },
            "prefix": null
          },
          "private": "bnVsbA=="
        },
        {
          "index_key": 460,
          "schema_version": 0,
          "attributes": {
            "b64": "YAU",
            "b64_std": "YAU=",
            "b64_url": "YAU",
            "byte_length": 2,
            "dec": "24581",
            "hex": "6005",
            "id": "YAU",
            "keepers": {
              "force": "9c8ada60-6b7b-4ca2-5028-37bbdf4a32b7"
            },
            "prefix": null
          },
          "private": "bnVsbA=="
        },
        {
          "index_key": 461,
          "schema_version": 0,
          "attributes": {
            "b64": "Ggg",
            "b64_std": "Ggg=",
            "b64_url": "Ggg",
            "byte_length": 2,
            "dec": "6664",
            "hex": "1a08",
            "id": "Ggg",
            "keepers": {
              "force": "1069959f-3dac-5a1e-8443-76c95cb5eddd"
            },
            "prefix": null
          },
          "private": "bnVsbA=="
        },
        {
          "index_key": 462,
          "schema_version": 0,
          "attributes": {
            "b64": "ab0",
            "b64_std": "ab0=",
            "b64_url": "ab0",
            "byte_length": 2,
            "dec": "27069",
            "hex": "69bd",
            "id": "ab0",
            "keepers": {
              "force": "215c26ad-3912-0ddb-b902-e052504f414d"
            },
            "prefix": null
          },
          "private": "bnVsbA=="
        },
        {
          "index_key": 463,
          "schema_version": 0,
          "attributes": {
            "b64": "ed4",
            "b64_std": "ed4=",
            "b64_url": "ed4",
            "byte_length": 2,
            "dec": "31198",
            "hex": "79de",
            "id": "ed4",
            "keepers": {
              "force": "6ab732d9-e364-6167-4c62-4972ebfe725c"
            },
            "prefix": null
          },
          "private": "bnVsbA=="
        },
        {
          "index_key": 464,
          "schema_version": 0,
          "attributes": {
            "b64": "fhQ",
            "b64_std": "fhQ=",
            "b64_url": "fhQ",
            "byte_length": 2,
            "dec": "32276",
            "hex": "7e14",
            "id": "fhQ",
            "keepers": {
              "force": "9fdefed2-dff6-ee2d-fba2-3d28730be0fa"
            },
            "prefix": null
          },
          "private": "bnVsbA=="
        },
        {
          "index_key": 465,
          "schema_version": 0,
          "attributes": {
            "b64": "JkM",
            "b64_std": "JkM=",
            "b64_url": "JkM",
            "byte_length": 2,
            "dec": "9795",
            "hex": "2643",
            "id": "JkM",
            "keepers": {
              "force": "c3b473c1-9a95-c057-1494-f479697e2039"
            },
            "prefix": null
          },
          "private": "bnVsbA=="
        },
        {
          "index_key": 466,
          "schema_version": 0,
          "attributes": {
            "b64": "j4Q",
            "b64_std": "j4Q=",
            "b64_url": "j4Q",
            "byte_length": 2,
            "dec": "36740",
            "hex": "8f84",
            "id": "j4Q",
            "keepers": {
              "force": "77a1d4fa-53ba-805c-947b-67252d6fd465"
            },
            "prefix": null
          },
          "private": "bnVsbA=="
        },
        {
          "index_key": 467,
          "schema_version": 0,
          "attributes": {
            "b64": "mBA",
            "b64_std": "mBA=",
            "b64_url": "mBA",
            "byte_length": 2,
            "dec": "38928",
            "hex": "9810",
            "id": "mBA",
            "keepers": {
              "force": "c5d224bb-48b5-22a8-e5ef-0bbc14e0bec7"
            },
            "prefix": null
          },
          "private": "bnVsbA=="
        },
        {
          "index_key": 468,
          "schema_version": 0,
          "attributes": {
            "b64": "LiM",
            "b64_std": "LiM=",
            "b64_url": "LiM",
            "byte_length": 2,
            "dec": "11811",
            "hex": "2e23",
            "id": "LiM",
            "keepers": {
              "force": "0cb29c3b-110d-3b76-556a-b8635031a922"
            },
            "prefix": null
          },
          "private": "bnVsbA=="
        },
        {
          "index_key": 469,
          "schema_version": 0,
          "attributes": {
            "b64": "i9Q",
            "b64_std": "i9Q=",
            "b64_url": "i9Q",
            "byte_length": 2,
            "dec": "35796",
            "hex": "8bd4",
            "id": "i9Q",
            "keepers": {
              "force": "35672ec9-d6b7-ea47-ce50-2c6cbfc7a31a"
            },
            "prefix": null
          },
          "private": "bnVsbA=="
        },
        {
          "index_key": 470,
          "schema_version": 0,
          "attributes": {
            "b64": "XlY",
            "b64_std": "XlY=",
            "b64_url": "XlY",
            "byte_length": 2,
            "dec": "24150",
            "hex": "5e56",
            "id": "XlY",
            "keepers": {
              "force": "9db70eea-297b-d2c9-b36d-d01cbe5a622a"
            },
            "prefix": null
          },
          "private": "bnVsbA=="
        },
        {
          "index_key": 471,
          "schema_version": 0,
          "attributes": {
            "b64": "h58",
            "b64_std": "h58=",
            "b64_url": "h58",
            "byte_length": 2,
            "dec": "34719",
            "hex": "879f",
            "id": "h58",
            "keepers": {
              "force": "dbb61a64-ac48-172f-edd7-bd28e116d2a7"
            },
            "prefix": null
          },
          "private": "bnVsbA=="
        },
        {
          "index_key": 472,
          "schema_version": 0,
          "attributes": {
            "b64": "xOI",
            "b64_std": "xOI=",
            "b64_url": "xOI",
            "byte_length": 2,
            "dec": "50402",
            "hex": "c4e2",
            "id": "xOI",
            "keepers": {
              "force": "76983d0d-5715-51c5-1a75-8c7c99a657f9"
            },
            "prefix": null
          },
          "private": "bnVsbA=="
        },
        {
          "index_key": 473,
          "schema_version": 0,
          "attributes": {
            "b64": "fck",
            "b64_std": "fck=",
            "b64_url": "fck",
            "byte_length": 2,
            "dec": "32201",
            "hex": "7dc9",
            "id": "fck",
            "keepers": {
              "force": "81130cab-3132-de3f-3d99-9889641a8a6f"
            },
            "prefix": null
          },
          "private": "bnVsbA=="
        },
        {
          "index_key": 474,
          "schema_version": 0,
          "attributes": {
            "b64": "aQw",
            "b64_std": "aQw=",
            "b64_url": "aQw",
            "byte_length": 2,
            "dec": "26892",
            "hex": "690c",
            "id": "aQw",
            "keepers": {
              "force": "2d2d4888-d0fd-cb12-f249-c0c4cdfdf2d7"
            },
            "prefix": null
          },
          "private": "bnVsbA=="
        },
        {
          "index_key": 475,
          "schema_version": 0,
          "attributes": {
            "b64": "qIw",
            "b64_std": "qIw=",
            "b64_url": "qIw",
            "byte_length": 2,
            "dec": "43148",
            "hex": "a88c",
            "id": "qIw",
            "keepers": {
              "force": "3b64ad4e-5b3d-c711-7a2d-1ba68dd0f0fa"
            },
            "prefix": null
          },
          "private": "bnVsbA=="
        },
        {
          "index_key": 476,
          "schema_version": 0,
          "attributes": {
            "b64": "sJ0",
            "b64_std": "sJ0=",
            "b64_url": "sJ0",
            "byte_length": 2,
            "dec": "45213",
            "hex": "b09d",
            "id": "sJ0",
            "keepers": {
              "force": "42da8f27-b2a2-20f8-a3a8-99d25727639d"
            },
            "prefix": null
          },
          "private": "bnVsbA=="
        },
        {
          "index_key": 477,
          "schema_version": 0,
          "attributes": {
            "b64": "ab8",
            "b64_std": "ab8=",
            "b64_url": "ab8",
            "byte_length": 2,
            "dec": "27071",
            "hex": "69bf",
            "id": "ab8",
            "keepers": {
              "force": "7b738849-0819-bb7d-d164-9120d4ee3c53"
            },
            "prefix": null
          },
          "private": "bnVsbA=="
        },
        {
          "index_key": 478,
          "schema_version": 0,
          "attributes": {
            "b64": "xHc",
            "b64_std": "xHc=",
            "b64_url": "xHc",
            "byte_length": 2,
            "dec": "50295",
            "hex": "c477",
            "id": "xHc",
            "keepers": {
              "force": "705f8b53-2407-6d21-2351-eafc102caa56"
            },
            "prefix": null
          },
          "private": "bnVsbA=="
        },
        {
          "index_key": 479,
          "schema_version": 0,
          "attributes": {
            "b64": "49g",
            "b64_std": "49g=",
            "b64_url": "49g",
            "byte_length": 2,
            "dec": "58328",
            "hex": "e3d8",
            "id": "49g",
            "keepers": {
              "force": "70073865-4598-3f37-bc3f-cc601f42c49b"
            },
            "prefix": null
          },
          "private": "bnVsbA=="
        },
        {
          "index_key": 480,
          "schema_version": 0,
          "attributes": {
            "b64": "EPY",
            "b64_std": "EPY=",
            "b64_url": "EPY",
            "byte_length": 2,
            "dec": "4342",
            "hex": "10f6",
            "id": "EPY",
            "keepers": {
              "force": "0a8d0f2b-abd5-37c8-3936-6810ef7f1b8a"
            },
            "prefix": null
          },
          "private": "bnVsbA=="
        },
        {
          "index_key": 481,
          "schema_version": 0,
          "attributes": {
            "b64": "Kuk",
            "b64_std": "Kuk=",
            "b64_url": "Kuk",
            "byte_length": 2,
            "dec": "10985",
            "hex": "2ae9",
            "id": "Kuk",
            "keepers": {
              "force": "0e5a4eb4-f493-d687-3c11-8082bae3d938"
            },
            "prefix": null
          },
          "private": "bnVsbA=="
        },
        {
          "index_key": 482,
          "schema_version": 0,
          "attributes": {
            "b64": "Qx4",
            "b64_std": "Qx4=",
            "b64_url": "Qx4",
            "byte_length": 2,
            "dec": "17182",
            "hex": "431e",
            "id": "Qx4",
            "keepers": {
              "force": "38d6f163-dbea-4032-ca58-0459554e43b8"
            },
            "prefix": null
          },
          "private": "bnVsbA=="
        },
        {
          "index_key": 483,
          "schema_version": 0,
          "attributes": {
            "b64": "W5I",
            "b64_std": "W5I=",
            "b64_url": "W5I",
            "byte_length": 2,
            "dec": "23442",
            "hex": "5b92",
            "id": "W5I",
            "keepers": {
              "force": "ead78c83-4721-7555-25aa-2003bced9d92"
            },
            "prefix": null
          },
          "private": "bnVsbA=="
        },
        {
          "index_key": 484,
          "schema_version": 0,
          "attributes": {
            "b64": "Kz8",
            "b64_std": "Kz8=",
            "b64_url": "Kz8",
            "byte_length": 2,
            "dec": "11071",
            "hex": "2b3f",
            "id": "Kz8",
            "keepers": {
              "force": "e2a3d76d-074c-c487-f663-ed0c20493ba7"
            },
            "prefix": null
          },
          "private": "bnVsbA=="
        },
        {
          "index_key": 485,
          "schema_version": 0,
          "attributes": {
            "b64": "yCs",
            "b64_std": "yCs=",
            "b64_url": "yCs",
            "byte_length": 2,
            "dec": "51243",
            "hex": "c82b",
            "id": "yCs",
            "keepers": {
              "force": "665ad350-d51a-0aa5-cc10-9bc30ff751f8"
            },
            "prefix": null
          },
          "private": "bnVsbA=="
        },
        {
          "index_key": 486,
          "schema_version": 0,
          "attributes": {
            "b64": "w6I",
            "b64_std": "w6I=",
            "b64_url": "w6I",
            "byte_length": 2,
            "dec": "50082",
            "hex": "c3a2",
            "id": "w6I",
            "keepers": {
              "force": "49b54617-5cf7-2f82-8f70-4ef93d171b13"
            },
            "prefix": null
          },
          "private": "bnVsbA=="
        },
        {
          "index_key": 487,
          "schema_version": 0,
          "attributes": {
            "b64": "sN8",
            "b64_std": "sN8=",
            "b64_url": "sN8",
            "byte_length": 2,
            "dec": "45279",
            "hex": "b0df",
            "id": "sN8",
            "keepers": {
              "force": "c26f59b6-25dc-8a5a-d22d-667dbc08b1eb"
            },
            "prefix": null
          },
          "private": "bnVsbA=="
        },
        {
          "index_key": 488,
          "schema_version": 0,
          "attributes": {
            "b64": "dT0",
            "b64_std": "dT0=",
            "b64_url": "dT0",
            "byte_length": 2,
            "dec": "30013",
            "hex": "753d",
            "id": "dT0",
            "keepers": {
              "force": "333a52d6-1032-841d-2d3a-6ffad95d5d45"
            },
            "prefix": null
          },
          "private": "bnVsbA=="
        },
        {
          "index_key": 489,
          "schema_version": 0,
          "attributes": {
            "b64": "z-8",
            "b64_std": "z+8=",
            "b64_url": "z-8",
            "byte_length": 2,
            "dec": "53231",
            "hex": "cfef",
            "id": "z-8",
            "keepers": {
              "force": "1f3fd1cd-b9f6-cbbf-8e01-25f7e99048f7"
            },
            "prefix": null
          },
          "private": "bnVsbA=="
        },
        {
          "index_key": 490,
          "schema_version": 0,
          "attributes": {
            "b64": "-_c",
            "b64_std": "+/c=",
            "b64_url": "-_c",
            "byte_length": 2,
            "dec": "64503",
            "hex": "fbf7",
            "id": "-_c",
            "keepers": {
              "force": "e648774a-bfca-76b8-c878-03410db44191"
            },
            "prefix": null
          },
          "private": "bnVsbA=="
        },
        {
          "index_key": 491,
          "schema_version": 0,
          "attributes": {
            "b64": "yy8",
            "b64_std": "yy8=",
            "b64_url": "yy8",
            "byte_length": 2,
            "dec": "52015",
            "hex": "cb2f",
            "id": "yy8",
            "keepers": {
              "force": "9682594a-7844-31a1-9aac-efa08006d887"
            },
            "prefix": null
          },
          "private": "bnVsbA=="
        },
        {
          "index_key": 492,
          "schema_version": 0,
          "attributes": {
            "b64": "CzU",
            "b64_std": "CzU=",
            "b64_url": "CzU",
            "byte_length": 2,
            "dec": "2869",
            "hex": "0b35",
            "id": "CzU",
            "keepers": {
              "force": "52a461a6-765e-a7e6-e3f7-e48f0ed8446f"
            },
            "prefix": null
          },
          "private": "bnVsbA=="
        },
        {
          "index_key": 493,
          "schema_version": 0,
          "attributes": {
            "b64": "EiU",
            "b64_std": "EiU=",
            "b64_url": "EiU",
            "byte_length": 2,
            "dec": "4645",
            "hex": "1225",
            "id": "EiU",
            "keepers": {
              "force": "efb24ed8-526c-af97-84ee-4482c23e3a0c"
            },
            "prefix": null
          },
          "private": "bnVsbA=="
        },
        {
          "index_key": 494,
          "schema_version": 0,
          "attributes": {
            "b64": "76Y",
            "b64_std": "76Y=",
            "b64_url": "76Y",
            "byte_length": 2,
            "dec": "61350",
            "hex": "efa6",
            "id": "76Y",
            "keepers": {
              "force": "2944af3b-a527-2799-1520-27816132e384"
            },
            "prefix": null
          },
          "private": "bnVsbA=="
        },
        {
          "index_key": 495,
          "schema_version": 0,
          "attributes": {
            "b64": "pr8",
            "b64_std": "pr8=",
            "b64_url": "pr8",
            "byte_length": 2,
            "dec": "42687",
            "hex": "a6bf",
            "id": "pr8",
            "keepers": {
              "force": "34174f61-c9a0-8a43-2243-3ef7a6754119"
            },
            "prefix": null
          },
          "private": "bnVsbA=="
        },
        {
          "index_key": 496,
          "schema_version": 0,
          "attributes": {
            "b64": "7ns",
            "b64_std": "7ns=",
            "b64_url": "7ns",
            "byte_length": 2,
            "dec": "61051",
            "hex": "ee7b",
            "id": "7ns",
            "keepers": {
              "force": "5f9cbad7-957d-52df-d217-eadb706b10e7"
            },
            "prefix": null
          },
          "private": "bnVsbA=="
        },
        {
          "index_key": 497,
          "schema_version": 0,
          "attributes": {
            "b64": "Qbw",
            "b64_std": "Qbw=",
            "b64_url": "Qbw",
            "byte_length": 2,
            "dec": "16828",
            "hex": "41bc",
            "id": "Qbw",
            "keepers": {
              "force": "8b6b3be5-b26e-45db-494e-0f31474731e9"
            },
            "prefix": null
          },
          "private": "bnVsbA=="
        },
        {
          "index_key": 498,
          "schema_version": 0,
          "attributes": {
            "b64": "Mvo",
            "b64_std": "Mvo=",
            "b64_url": "Mvo",
            "byte_length": 2,
            "dec": "13050",
            "hex": "32fa",
            "id": "Mvo",
            "keepers": {
              "force": "1afa8126-121a-5ade-30a9-6b5be1458bc1"
            },
            "prefix": null
          },
          "private": "bnVsbA=="
        },
        {
          "index_key": 499,
          "schema_version": 0,
          "attributes": {
            "b64": "-hE",
            "b64_std": "+hE=",
            "b64_url": "-hE",
            "byte_length": 2,
            "dec": "64017",
            "hex": "fa11",
            "id": "-hE",
            "keepers": {
              "force": "d3b288f8-4185-97cc-eab1-de6c14380def"
            },
            "prefix": null
          },
          "private": "bnVsbA=="
        },
        {
          "index_key": 500,
          "schema_version": 0,
          "attributes": {
            "b64": "irY",
            "b64_std": "irY=",
            "b64_url": "irY",
            "byte_length": 2,
            "dec": "35510",
            "hex": "8ab6",
            "id": "irY",
            "keepers": {
              "force": "10c55dfb-f004-b002-a6d9-a9f6a8c71fb2"
            },
            "prefix": null
          },
          "private": "bnVsbA=="
        },
        {
          "index_key": 501,
          "schema_version": 0,
          "attributes": {
            "b64": "xkY",
            "b64_std": "xkY=",
            "b64_url": "xkY",
            "byte_length": 2,
            "dec": "50758",
            "hex": "c646",
            "id": "xkY",
            "keepers": {
              "force": "b0565548-5df5-fa10-9caf-f9933cc6ad62"
            },
            "prefix": null
          },
          "private": "bnVsbA=="
        },
        {
          "index_key": 502,
          "schema_version": 0,
          "attributes": {
            "b64": "wI8",
            "b64_std": "wI8=",
            "b64_url": "wI8",
            "byte_length": 2,
            "dec": "49295",
            "hex": "c08f",
            "id": "wI8",
            "keepers": {
              "force": "5c2d422a-2332-cfab-9435-90f1a1d4994e"
            },
            "prefix": null
          },
          "private": "bnVsbA=="
        },
        {
          "index_key": 503,
          "schema_version": 0,
          "attributes": {
            "b64": "wVA",
            "b64_std": "wVA=",
            "b64_url": "wVA",
            "byte_length": 2,
            "dec": "49488",
            "hex": "c150",
            "id": "wVA",
            "keepers": {
              "force": "79f92ba1-c760-f8a3-3184-3eddb9748e67"
            },
            "prefix": null
          },
          "private": "bnVsbA=="
        },
        {
          "index_key": 504,
          "schema_version": 0,
          "attributes": {
            "b64": "9Do",
            "b64_std": "9Do=",
            "b64_url": "9Do",
            "byte_length": 2,
            "dec": "62522",
            "hex": "f43a",
            "id": "9Do",
            "keepers": {
              "force": "d45e0bff-250a-e1ce-0798-f3bb5f771396"
            },
            "prefix": null
          },
          "private": "bnVsbA=="
        },
        {
          "index_key": 505,
          "schema_version": 0,
          "attributes": {
            "b64": "4ig",
            "b64_std": "4ig=",
            "b64_url": "4ig",
            "byte_length": 2,
            "dec": "57896",
            "hex": "e228",
            "id": "4ig",
            "keepers": {
              "force": "ae39cfd8-16e8-7290-4127-05caafcf10fb"
            },
            "prefix": null
          },
          "private": "bnVsbA=="
        },
        {
          "index_key": 506,
          "schema_version": 0,
          "attributes": {
            "b64": "xBg",
            "b64_std": "xBg=",
            "b64_url": "xBg",
            "byte_length": 2,
            "dec": "50200",
            "hex": "c418",
            "id": "xBg",
            "keepers": {
              "force": "07e9ca04-daf0-37ec-7ec9-66c463990c9e"
            },
            "prefix": null
          },
          "private": "bnVsbA=="
        },
        {
          "index_key": 507,
          "schema_version": 0,
          "attributes": {
            "b64": "qQ0",
            "b64_std": "qQ0=",
            "b64_url": "qQ0",
            "byte_length": 2,
            "dec": "43277",
            "hex": "a90d",
            "id": "qQ0",
            "keepers": {
              "force": "e20df5e1-7731-8fe7-38c0-9a37b10fcdc3"
            },
            "prefix": null
          },
          "private": "bnVsbA=="
        },
        {
          "index_key": 508,
          "schema_version": 0,
          "attributes": {
            "b64": "yX8",
            "b64_std": "yX8=",
            "b64_url": "yX8",
            "byte_length": 2,
            "dec": "51583",
            "hex": "c97f",
            "id": "yX8",
            "keepers": {
              "force": "a257050d-1831-36e9-f03d-0d61a4051dd9"
            },
            "prefix": null
          },
          "private": "bnVsbA=="
        },
        {
          "index_key": 509,
          "schema_version": 0,
          "attributes": {
            "b64": "iro",
            "b64_std": "iro=",
            "b64_url": "iro",
            "byte_length": 2,
            "dec": "35514",
            "hex": "8aba",
            "id": "iro",
            "keepers": {
              "force": "002d7fab-3a86-db5b-6ec7-811eac70fdc5"
            },
            "prefix": null
          },
          "private": "bnVsbA=="
        },
        {
          "index_key": 510,
          "schema_version": 0,
          "attributes": {
            "b64": "bHk",
            "b64_std": "bHk=",
            "b64_url": "bHk",
            "byte_length": 2,
            "dec": "27769",
            "hex": "6c79",
            "id": "bHk",
            "keepers": {
              "force": "aad2cf85-cf6b-bc9a-ccfb-fc315a91138b"
            },
            "prefix": null
          },
          "private": "bnVsbA=="
        },
        {
          "index_key": 511,
          "schema_version": 0,
          "attributes": {
            "b64": "b0o",
            "b64_std": "b0o=",
            "b64_url": "b0o",
            "byte_length": 2,
            "dec": "28490",
            "hex": "6f4a",
            "id": "b0o",
            "keepers": {
              "force": "79c60a78-6b5e-6901-41bd-0dc737c384be"
            },
            "prefix": null
          },
          "private": "bnVsbA=="
        },
        {
          "index_key": 512,
          "schema_version": 0,
          "attributes": {
            "b64": "pE0",
            "b64_std": "pE0=",
            "b64_url": "pE0",
            "byte_length": 2,
            "dec": "42061",
            "hex": "a44d",
            "id": "pE0",
            "keepers": {
              "force": "d0b3a86a-c496-db4e-5631-0a66dca352b0"
            },
            "prefix": null
          },
          "private": "bnVsbA=="
        },
        {
          "index_key": 513,
          "schema_version": 0,
          "attributes": {
            "b64": "J0E",
            "b64_std": "J0E=",
            "b64_url": "J0E",
            "byte_length": 2,
            "dec": "10049",
            "hex": "2741",
            "id": "J0E",
            "keepers": {
              "force": "1c801d10-d9b7-b736-c4c0-14f151c4243c"
            },
            "prefix": null
          },
          "private": "bnVsbA=="
        },
        {
          "index_key": 514,
          "schema_version": 0,
          "attributes": {
            "b64": "A70",
            "b64_std": "A70=",
            "b64_url": "A70",
            "byte_length": 2,
            "dec": "957",
            "hex": "03bd",
            "id": "A70",
            "keepers": {
              "force": "a6da4a25-87c9-1736-df62-bada1d871a8d"
            },
            "prefix": null
          },
          "private": "bnVsbA=="
        },
        {
          "index_key": 515,
          "schema_version": 0,
          "attributes": {
            "b64": "T0Y",
            "b64_std": "T0Y=",
            "b64_url": "T0Y",
            "byte_length": 2,
            "dec": "20294",
            "hex": "4f46",
            "id": "T0Y",
            "keepers": {
              "force": "055bbd07-c4d8-7981-8460-148eedffa4a4"
            },
            "prefix": null
          },
          "private": "bnVsbA=="
        },
        {
          "index_key": 516,
          "schema_version": 0,
          "attributes": {
            "b64": "MBM",
            "b64_std": "MBM=",
            "b64_url": "MBM",
            "byte_length": 2,
            "dec": "12307",
            "hex": "3013",
            "id": "MBM",
            "keepers": {
              "force": "4f1649d4-554a-bd99-8819-bbb377ea0366"
            },
            "prefix": null
          },
          "private": "bnVsbA=="
        },
        {
          "index_key": 517,
          "schema_version": 0,
          "attributes": {
            "b64": "PMY",
            "b64_std": "PMY=",
            "b64_url": "PMY",
            "byte_length": 2,
            "dec": "15558",
            "hex": "3cc6",
            "id": "PMY",
            "keepers": {
              "force": "9c31c95c-9a57-669c-6aa3-e8fdd4eff75d"
            },
            "prefix": null
          },
          "private": "bnVsbA=="
        },
        {
          "index_key": 518,
          "schema_version": 0,
          "attributes": {
            "b64": "Oc8",
            "b64_std": "Oc8=",
            "b64_url": "Oc8",
            "byte_length": 2,
            "dec": "14799",
            "hex": "39cf",
            "id": "Oc8",
            "keepers": {
              "force": "dd0c9a98-119b-2915-5838-dd52aeba0b84"
            },
            "prefix": null
          },
          "private": "bnVsbA=="
        },
        {
          "index_key": 519,
          "schema_version": 0,
          "attributes": {
            "b64": "iZk",
            "b64_std": "iZk=",
            "b64_url": "iZk",
            "byte_length": 2,
            "dec": "35225",
            "hex": "8999",
            "id": "iZk",
            "keepers": {
              "force": "be3221e1-f00e-6096-2e4b-0d43c7b90522"
            },
            "prefix": null
          },
          "private": "bnVsbA=="
        },
        {
          "index_key": 520,
          "schema_version": 0,
          "attributes": {
            "b64": "Pvg",
            "b64_std": "Pvg=",
            "b64_url": "Pvg",
            "byte_length": 2,
            "dec": "16120",
            "hex": "3ef8",
            "id": "Pvg",
            "keepers": {
              "force": "c8ea7202-6978-0179-27c5-dd8f91f3a87d"
            },
            "prefix": null
          },
          "private": "bnVsbA=="
        },
        {
          "index_key": 521,
          "schema_version": 0,
          "attributes": {
            "b64": "0cs",
            "b64_std": "0cs=",
            "b64_url": "0cs",
            "byte_length": 2,
            "dec": "53707",
            "hex": "d1cb",
            "id": "0cs",
            "keepers": {
              "force": "cab94749-72e6-5dfc-57ee-6b625d60b6bd"
            },
            "prefix": null
          },
          "private": "bnVsbA=="
        },
        {
          "index_key": 522,
          "schema_version": 0,
          "attributes": {
            "b64": "aGg",
            "b64_std": "aGg=",
            "b64_url": "aGg",
            "byte_length": 2,
            "dec": "26728",
            "hex": "6868",
            "id": "aGg",
            "keepers": {
              "force": "30134b7e-1c81-cc9c-3b4f-441cf5a72d5f"
            },
            "prefix": null
          },
          "private": "bnVsbA=="
        },
        {
          "index_key": 523,
          "schema_version": 0,
          "attributes": {
            "b64": "J68",
            "b64_std": "J68=",
            "b64_url": "J68",
            "byte_length": 2,
            "dec": "10159",
            "hex": "27af",
            "id": "J68",
            "keepers": {
              "force": "f8a803b3-9cc8-e2f2-6d08-04c3093fecc6"
            },
            "prefix": null
          },
          "private": "bnVsbA=="
        },
        {
          "index_key": 524,
          "schema_version": 0,
          "attributes": {
            "b64": "C-g",
            "b64_std": "C+g=",
            "b64_url": "C-g",
            "byte_length": 2,
            "dec": "3048",
            "hex": "0be8",
            "id": "C-g",
            "keepers": {
              "force": "7875a779-f7ac-8864-943d-08a72a0f7d1c"
            },
            "prefix": null
          },
          "private": "bnVsbA=="
        },
        {
          "index_key": 525,
          "schema_version": 0,
          "attributes": {
            "b64": "QWA",
            "b64_std": "QWA=",
            "b64_url": "QWA",
            "byte_length": 2,
            "dec": "16736",
            "hex": "4160",
            "id": "QWA",
            "keepers": {
              "force": "2df6d7e6-85d5-38bf-55f8-cbacd4590e2f"
            },
            "prefix": null
          },
          "private": "bnVsbA=="
        },
        {
          "index_key": 526,
          "schema_version": 0,
          "attributes": {
            "b64": "-V8",
            "b64_std": "+V8=",
            "b64_url": "-V8",
            "byte_length": 2,
            "dec": "63839",
            "hex": "f95f",
            "id": "-V8",
            "keepers": {
              "force": "864556a4-b8cd-7d6c-8e0d-e1e23f22f7fb"
            },
            "prefix": null
          },
          "private": "bnVsbA=="
        },
        {
          "index_key": 527,
          "schema_version": 0,
          "attributes": {
            "b64": "rwo",
            "b64_std": "rwo=",
            "b64_url": "rwo",
            "byte_length": 2,
            "dec": "44810",
            "hex": "af0a",
            "id": "rwo",
            "keepers": {
              "force": "0f329c66-fb49-cb2e-70a6-efd0ff7a7316"
            },
            "prefix": null
          },
          "private": "bnVsbA=="
        },
        {
          "index_key": 528,
          "schema_version": 0,
          "attributes": {
            "b64": "XqI",
            "b64_std": "XqI=",
            "b64_url": "XqI",
            "byte_length": 2,
            "dec": "24226",
            "hex": "5ea2",
            "id": "XqI",
            "keepers": {
              "force": "cc66117f-e44f-09b2-8ab1-d166c55ff6a7"
            },
            "prefix": null
          },
          "private": "bnVsbA=="
        },
        {
          "index_key": 529,
          "schema_version": 0,
          "attributes": {
            "b64": "WvY",
            "b64_std": "WvY=",
            "b64_url": "WvY",
            "byte_length": 2,
            "dec": "23286",
            "hex": "5af6",
            "id": "WvY",
            "keepers": {
              "force": "857261d7-aeb3-bb82-8a57-2eb948f7592d"
            },
            "prefix": null
          },
          "private": "bnVsbA=="
        },
        {
          "index_key": 530,
          "schema_version": 0,
          "attributes": {
            "b64": "fec",
            "b64_std": "fec=",
            "b64_url": "fec",
            "byte_length": 2,
            "dec": "32231",
            "hex": "7de7",
            "id": "fec",
            "keepers": {
              "force": "e2ad79a1-f5e7-31ed-5f9d-c66daaadaab6"
            },
            "prefix": null
          },
          "private": "bnVsbA=="
        },
        {
          "index_key": 531,
          "schema_version": 0,
          "attributes": {
            "b64": "4K8",
            "b64_std": "4K8=",
            "b64_url": "4K8",
            "byte_length": 2,
            "dec": "57519",
            "hex": "e0af",
            "id": "4K8",
            "keepers": {
              "force": "1f0e7c54-da06-eb9c-4cc9-f61d8ee69830"
            },
            "prefix": null
          },
          "private": "bnVsbA=="
        },
        {
          "index_key": 532,
          "schema_version": 0,
          "attributes": {
            "b64": "NEU",
            "b64_std": "NEU=",
            "b64_url": "NEU",
            "byte_length": 2,
            "dec": "13381",
            "hex": "3445",
            "id": "NEU",
            "keepers": {
              "force": "5c794877-5669-79e3-a09b-c2b615dcc9d5"
            },
            "prefix": null
          },
          "private": "bnVsbA=="
        },
        {
          "index_key": 533,
          "schema_version": 0,
          "attributes": {
            "b64": "qZ0",
            "b64_std": "qZ0=",
            "b64_url": "qZ0",
            "byte_length": 2,
            "dec": "43421",
            "hex": "a99d",
            "id": "qZ0",
            "keepers": {
              "force": "b70ab7d9-9ea4-5c56-58cc-a5497b951515"
            },
            "prefix": null
          },
          "private": "bnVsbA=="
        },
        {
          "index_key": 534,
          "schema_version": 0,
          "attributes": {
            "b64": "eaM",
            "b64_std": "eaM=",
            "b64_url": "eaM",
            "byte_length": 2,
            "dec": "31139",
            "hex": "79a3",
            "id": "eaM",
            "keepers": {
              "force": "ae83157d-0487-4789-3228-a61046bcd118"
            },
            "prefix": null
          },
          "private": "bnVsbA=="
        },
        {
          "index_key": 535,
          "schema_version": 0,
          "attributes": {
            "b64": "bkY",
            "b64_std": "bkY=",
            "b64_url": "bkY",
            "byte_length": 2,
            "dec": "28230",
            "hex": "6e46",
            "id": "bkY",
            "keepers": {
              "force": "6bec6edb-a6d6-151a-b032-7876b7610219"
            },
            "prefix": null
          },
          "private": "bnVsbA=="
        },
        {
          "index_key": 536,
          "schema_version": 0,
          "attributes": {
            "b64": "Z98",
            "b64_std": "Z98=",
            "b64_url": "Z98",
            "byte_length": 2,
            "dec": "26591",
            "hex": "67df",
            "id": "Z98",
            "keepers": {
              "force": "fbb8cfdd-2304-967f-8d8e-6ace219e91ac"
            },
            "prefix": null
          },
          "private": "bnVsbA=="
        },
        {
          "index_key": 537,
          "schema_version": 0,
          "attributes": {
            "b64": "_Vs",
            "b64_std": "/Vs=",
            "b64_url": "_Vs",
            "byte_length": 2,
            "dec": "64859",
            "hex": "fd5b",
            "id": "_Vs",
            "keepers": {
              "force": "65b62f68-701f-e304-469c-a89b13361cb1"
            },
            "prefix": null
          },
          "private": "bnVsbA=="
        },
        {
          "index_key": 538,
          "schema_version": 0,
          "attributes": {
            "b64": "UT0",
            "b64_std": "UT0=",
            "b64_url": "UT0",
            "byte_length": 2,
            "dec": "20797",
            "hex": "513d",
            "id": "UT0",
            "keepers": {
              "force": "6e6fac24-7a60-8068-e9b9-7f9b40e56509"
            },
            "prefix": null
          },
          "private": "bnVsbA=="
        },
        {
          "index_key": 539,
          "schema_version": 0,
          "attributes": {
            "b64": "B6E",
            "b64_std": "B6E=",
            "b64_url": "B6E",
            "byte_length": 2,
            "dec": "1953",
            "hex": "07a1",
            "id": "B6E",
            "keepers": {
              "force": "dcf47c9d-5220-be8a-5ae4-77808648c437"
            },
            "prefix": null
          },
          "private": "bnVsbA=="
        },
        {
          "index_key": 540,
          "schema_version": 0,
          "attributes": {
            "b64": "WrM",
            "b64_std": "WrM=",
            "b64_url": "WrM",
            "byte_length": 2,
            "dec": "23219",
            "hex": "5ab3",
            "id": "WrM",
            "keepers": {
              "force": "6fe4e7b8-fe95-7a65-a893-9510b0b36a4b"
            },
            "prefix": null
          },
          "private": "bnVsbA=="
        },
        {
          "index_key": 541,
          "schema_version": 0,
          "attributes": {
            "b64": "JUE",
            "b64_std": "JUE=",
            "b64_url": "JUE",
            "byte_length": 2,
            "dec": "9537",
            "hex": "2541",
            "id": "JUE",
            "keepers": {
              "force": "34d5d36d-8c23-936e-55f6-677bc4b17038"
            },
            "prefix": null
          },
          "private": "bnVsbA=="
        },
        {
          "index_key": 542,
          "schema_version": 0,
          "attributes": {
            "b64": "x5A",
            "b64_std": "x5A=",
            "b64_url": "x5A",
            "byte_length": 2,
            "dec": "51088",
            "hex": "c790",
            "id": "x5A",
            "keepers": {
              "force": "8d49960b-cb16-bff4-dff7-9978c171e0e5"
            },
            "prefix": null
          },
          "private": "bnVsbA=="
        },
        {
          "index_key": 543,
          "schema_version": 0,
          "attributes": {
            "b64": "x3Q",
            "b64_std": "x3Q=",
            "b64_url": "x3Q",
            "byte_length": 2,
            "dec": "51060",
            "hex": "c774",
            "id": "x3Q",
            "keepers": {
              "force": "6f01f13e-4393-1a8b-e7de-70a772158c84"
            },
            "prefix": null
          },
          "private": "bnVsbA=="
        },
        {
          "index_key": 544,
          "schema_version": 0,
          "attributes": {
            "b64": "B-s",
            "b64_std": "B+s=",
            "b64_url": "B-s",
            "byte_length": 2,
            "dec": "2027",
            "hex": "07eb",
            "id": "B-s",
            "keepers": {
              "force": "78059f68-a239-32c9-0296-b3f80f573da1"
            },
            "prefix": null
          },
          "private": "bnVsbA=="
        },
        {
          "index_key": 545,
          "schema_version": 0,
          "attributes": {
            "b64": "q28",
            "b64_std": "q28=",
            "b64_url": "q28",
            "byte_length": 2,
            "dec": "43887",
            "hex": "ab6f",
            "id": "q28",
            "keepers": {
              "force": "65cd1f88-ff7d-91ff-0de2-94be1334c55a"
            },
            "prefix": null
          },
          "private": "bnVsbA=="
        },
        {
          "index_key": 546,
          "schema_version": 0,
          "attributes": {
            "b64": "QNk",
            "b64_std": "QNk=",
            "b64_url": "QNk",
            "byte_length": 2,
            "dec": "16601",
            "hex": "40d9",
            "id": "QNk",
            "keepers": {
              "force": "75b7faa2-89f6-5846-dcde-1fbb08309210"
            },
            "prefix": null
          },
          "private": "bnVsbA=="
        },
        {
          "index_key": 547,
          "schema_version": 0,
          "attributes": {
            "b64": "LiM",
            "b64_std": "LiM=",
            "b64_url": "LiM",
            "byte_length": 2,
            "dec": "11811",
            "hex": "2e23",
            "id": "LiM",
            "keepers": {
              "force": "de9c5d05-0408-3bc0-19ea-95edf0fcb326"
            },
            "prefix": null
          },
          "private": "bnVsbA=="
        },
        {
          "index_key": 548,
          "schema_version": 0,
          "attributes": {
            "b64": "6pw",
            "b64_std": "6pw=",
            "b64_url": "6pw",
            "byte_length": 2,
            "dec": "60060",
            "hex": "ea9c",
            "id": "6pw",
            "keepers": {
              "force": "2a618ca5-7710-7a31-ede9-fe7857ba131e"
            },
            "prefix": null
          },
          "private": "bnVsbA=="
        },
        {
          "index_key": 549,
          "schema_version": 0,
          "attributes": {
            "b64": "Vm4",
            "b64_std": "Vm4=",
            "b64_url": "Vm4",
            "byte_length": 2,
            "dec": "22126",
            "hex": "566e",
            "id": "Vm4",
            "keepers": {
              "force": "38a23c71-4483-0ec7-9816-5d128646f4b5"
            },
            "prefix": null
          },
          "private": "bnVsbA=="
        },
        {
          "index_key": 550,
          "schema_version": 0,
          "attributes": {
            "b64": "Sqc",
            "b64_std": "Sqc=",
            "b64_url": "Sqc",
            "byte_length": 2,
            "dec": "19111",
            "hex": "4aa7",
            "id": "Sqc",
            "keepers": {
              "force": "d5eb6d7a-9441-f308-a802-dac730c1aec3"
            },
            "prefix": null
          },
          "private": "bnVsbA=="
        },
        {
          "index_key": 551,
          "schema_version": 0,
          "attributes": {
            "b64": "oCk",
            "b64_std": "oCk=",
            "b64_url": "oCk",
            "byte_length": 2,
            "dec": "41001",
            "hex": "a029",
            "id": "oCk",
            "keepers": {
              "force": "c9a45c2b-5cc1-2662-c018-b0d38570af5d"
            },
            "prefix": null
          },
          "private": "bnVsbA=="
        },
        {
          "index_key": 552,
          "schema_version": 0,
          "attributes": {
            "b64": "tWg",
            "b64_std": "tWg=",
            "b64_url": "tWg",
            "byte_length": 2,
            "dec": "46440",
            "hex": "b568",
            "id": "tWg",
            "keepers": {
              "force": "eb28f149-3609-53e2-5a9e-b56b11e70967"
            },
            "prefix": null
          },
          "private": "bnVsbA=="
        },
        {
          "index_key": 553,
          "schema_version": 0,
          "attributes": {
            "b64": "Ggg",
            "b64_std": "Ggg=",
            "b64_url": "Ggg",
            "byte_length": 2,
            "dec": "6664",
            "hex": "1a08",
            "id": "Ggg",
            "keepers": {
              "force": "3efe376d-c7e5-2b02-9504-962304208a2f"
            },
            "prefix": null
          },
          "private": "bnVsbA=="
        },
        {
          "index_key": 554,
          "schema_version": 0,
          "attributes": {
            "b64": "UiA",
            "b64_std": "UiA=",
            "b64_url": "UiA",
            "byte_length": 2,
            "dec": "21024",
            "hex": "5220",
            "id": "UiA",
            "keepers": {
              "force": "f412d233-f926-4ff1-5537-7cfbdcbc9a40"
            },
            "prefix": null
          },
          "private": "bnVsbA=="
        },
        {
          "index_key": 555,
          "schema_version": 0,
          "attributes": {
            "b64": "yks",
            "b64_std": "yks=",
            "b64_url": "yks",
            "byte_length": 2,
            "dec": "51787",
            "hex": "ca4b",
            "id": "yks",
            "keepers": {
              "force": "55c47cab-2c19-b038-d330-26b8eb57dd75"
            },
            "prefix": null
          },
          "private": "bnVsbA=="
        },
        {
          "index_key": 556,
          "schema_version": 0,
          "attributes": {
            "b64": "51E",
            "b64_std": "51E=",
            "b64_url": "51E",
            "byte_length": 2,
            "dec": "59217",
            "hex": "e751",
            "id": "51E",
            "keepers": {
              "force": "e2765337-1ba7-fadd-74fc-bba6a10565c8"
            },
            "prefix": null
          },
          "private": "bnVsbA=="
        },
        {
          "index_key": 557,
          "schema_version": 0,
          "attributes": {
            "b64": "7Vo",
            "b64_std": "7Vo=",
            "b64_url": "7Vo",
            "byte_length": 2,
            "dec": "60762",
            "hex": "ed5a",
            "id": "7Vo",
            "keepers": {
              "force": "8d9780ee-5833-6ef0-e99f-2ea329d59bc3"
            },
            "prefix": null
          },
          "private": "bnVsbA=="
        },
        {
          "index_key": 558,
          "schema_version": 0,
          "attributes": {
            "b64": "YhE",
            "b64_std": "YhE=",
            "b64_url": "YhE",
            "byte_length": 2,
            "dec": "25105",
            "hex": "6211",
            "id": "YhE",
            "keepers": {
              "force": "6c6899e1-ea40-8073-26b6-8d19785e9501"
            },
            "prefix": null
          },
          "private": "bnVsbA=="
        },
        {
          "index_key": 559,
          "schema_version": 0,
          "attributes": {
            "b64": "clc",
            "b64_std": "clc=",
            "b64_url": "clc",
            "byte_length": 2,
            "dec": "29271",
            "hex": "7257",
            "id": "clc",
            "keepers": {
              "force": "b9662333-3813-f85a-6fd0-c39c60f52a6d"
            },
            "prefix": null
          },
          "private": "bnVsbA=="
        },
        {
          "index_key": 560,
          "schema_version": 0,
          "attributes": {
            "b64": "bgI",
            "b64_std": "bgI=",
            "b64_url": "bgI",
            "byte_length": 2,
            "dec": "28162",
            "hex": "6e02",
            "id": "bgI",
            "keepers": {
              "force": "80c01bb8-1cd5-b2e4-1397-e01347dc9ff6"
            },
            "prefix": null
          },
          "private": "bnVsbA=="
        },
        {
          "index_key": 561,
          "schema_version": 0,
          "attributes": {
            "b64": "2fk",
            "b64_std": "2fk=",
            "b64_url": "2fk",
            "byte_length": 2,
            "dec": "55801",
            "hex": "d9f9",
            "id": "2fk",
            "keepers": {
              "force": "10aff398-0ee3-f288-1274-3db7110d1cae"
            },
            "prefix": null
          },
          "private": "bnVsbA=="
        },
        {
          "index_key": 562,
          "schema_version": 0,
          "attributes": {
            "b64": "ryY",
            "b64_std": "ryY=",
            "b64_url": "ryY",
            "byte_length": 2,
            "dec": "44838",
            "hex": "af26",
            "id": "ryY",
            "keepers": {
              "force": "422bfd87-1c64-c31b-e2c7-e773803e64dc"
            },
            "prefix": null
          },
          "private": "bnVsbA=="
        },
        {
          "index_key": 563,
          "schema_version": 0,
          "attributes": {
            "b64": "CQQ",
            "b64_std": "CQQ=",
            "b64_url": "CQQ",
            "byte_length": 2,
            "dec": "2308",
            "hex": "0904",
            "id": "CQQ",
            "keepers": {
              "force": "68e4b25f-70f1-17b2-ed4d-6939f70bb26f"
            },
            "prefix": null
          },
          "private": "bnVsbA=="
        },
        {
          "index_key": 564,
          "schema_version": 0,
          "attributes": {
            "b64": "mB4",
            "b64_std": "mB4=",
            "b64_url": "mB4",
            "byte_length": 2,
            "dec": "38942",
            "hex": "981e",
            "id": "mB4",
            "keepers": {
              "force": "3f071d2a-4068-2f4b-3ea0-421987fd38d4"
            },
            "prefix": null
          },
          "private": "bnVsbA=="
        },
        {
          "index_key": 565,
          "schema_version": 0,
          "attributes": {
            "b64": "yPk",
            "b64_std": "yPk=",
            "b64_url": "yPk",
            "byte_length": 2,
            "dec": "51449",
            "hex": "c8f9",
            "id": "yPk",
            "keepers": {
              "force": "10d1052e-fb79-de53-e327-4114a7eec23c"
            },
            "prefix": null
          },
          "private": "bnVsbA=="
        },
        {
          "index_key": 566,
          "schema_version": 0,
          "attributes": {
            "b64": "gQc",
            "b64_std": "gQc=",
            "b64_url": "gQc",
            "byte_length": 2,
            "dec": "33031",
            "hex": "8107",
            "id": "gQc",
            "keepers": {
              "force": "90944b25-b557-d5ec-b89b-99108aed7788"
            },
            "prefix": null
          },
          "private": "bnVsbA=="
        },
        {
          "index_key": 567,
          "schema_version": 0,
          "attributes": {
            "b64": "yMw",
            "b64_std": "yMw=",
            "b64_url": "yMw",
            "byte_length": 2,
            "dec": "51404",
            "hex": "c8cc",
            "id": "yMw",
            "keepers": {
              "force": "e72e1b83-67a5-1c22-9530-a1c3e1dc6f33"
            },
            "prefix": null
          },
          "private": "bnVsbA=="
        },
        {
          "index_key": 568,
          "schema_version": 0,
          "attributes": {
            "b64": "XA8",
            "b64_std": "XA8=",
            "b64_url": "XA8",
            "byte_length": 2,
            "dec": "23567",
            "hex": "5c0f",
            "id": "XA8",
            "keepers": {
              "force": "fc5db542-2e7f-59ac-779a-dae0a5fe2748"
            },
            "prefix": null
          },
          "private": "bnVsbA=="
        },
        {
          "index_key": 569,
          "schema_version": 0,
          "attributes": {
            "b64": "keg",
            "b64_std": "keg=",
            "b64_url": "keg",
            "byte_length": 2,
            "dec": "37352",
            "hex": "91e8",
            "id": "keg",
            "keepers": {
              "force": "68d47d17-805e-eefc-e4ae-2d8fc2d6d29e"
            },
            "prefix": null
          },
          "private": "bnVsbA=="
        },
        {
          "index_key": 570,
          "schema_version": 0,
          "attributes": {
            "b64": "gUE",
            "b64_std": "gUE=",
            "b64_url": "gUE",
            "byte_length": 2,
            "dec": "33089",
            "hex": "8141",
            "id": "gUE",
            "keepers": {
              "force": "45dc8f5b-773a-0d12-8347-de008e07bcb8"
            },
            "prefix": null
          },
          "private": "bnVsbA=="
        },
        {
          "index_key": 571,
          "schema_version": 0,
          "attributes": {
            "b64": "Wsc",
            "b64_std": "Wsc=",
            "b64_url": "Wsc",
            "byte_length": 2,
            "dec": "23239",
            "hex": "5ac7",
            "id": "Wsc",
            "keepers": {
              "force": "ba247861-357f-5e60-492e-b736a49414d2"
            },
            "prefix": null
          },
          "private": "bnVsbA=="
        },
        {
          "index_key": 572,
          "schema_version": 0,
          "attributes": {
            "b64": "csQ",
            "b64_std": "csQ=",
            "b64_url": "csQ",
            "byte_length": 2,
            "dec": "29380",
            "hex": "72c4",
            "id": "csQ",
            "keepers": {
              "force": "81636193-bf5a-0008-c3ca-de254835ee49"
            },
            "prefix": null
          },
          "private": "bnVsbA=="
        },
        {
          "index_key": 573,
          "schema_version": 0,
          "attributes": {
            "b64": "8co",
            "b64_std": "8co=",
            "b64_url": "8co",
            "byte_length": 2,
            "dec": "61898",
            "hex": "f1ca",
            "id": "8co",
            "keepers": {
              "force": "1035d4b4-9eef-fb2d-3bb4-1ad0ce577fc7"
            },
            "prefix": null
          },
          "private": "bnVsbA=="
        },
        {
          "index_key": 574,
          "schema_version": 0,
          "attributes": {
            "b64": "pgg",
            "b64_std": "pgg=",
            "b64_url": "pgg",
            "byte_length": 2,
            "dec": "42504",
            "hex": "a608",
            "id": "pgg",
            "keepers": {
              "force": "09617add-9d04-8f4a-9e59-c3b7c3225ab2"
            },
            "prefix": null
          },
          "private": "bnVsbA=="
        },
        {
          "index_key": 575,
          "schema_version": 0,
          "attributes": {
            "b64": "j34",
            "b64_std": "j34=",
            "b64_url": "j34",
            "byte_length": 2,
            "dec": "36734",
            "hex": "8f7e",
            "id": "j34",
            "keepers": {
              "force": "9fec0e9f-9e24-c09b-cef8-40645ae52d2d"
            },
            "prefix": null
          },
          "private": "bnVsbA=="
        },
        {
          "index_key": 576,
          "schema_version": 0,
          "attributes": {
            "b64": "2b0",
            "b64_std": "2b0=",
            "b64_url": "2b0",
            "byte_length": 2,
            "dec": "55741",
            "hex": "d9bd",
            "id": "2b0",
            "keepers": {
              "force": "d7f5e561-ad3f-10ba-874f-94379fbceae0"
            },
            "prefix": null
          },
          "private": "bnVsbA=="
        },
        {
          "index_key": 577,
          "schema_version": 0,
          "attributes": {
            "b64": "WGs",
            "b64_std": "WGs=",
            "b64_url": "WGs",
            "byte_length": 2,
            "dec": "22635",
            "hex": "586b",
            "id": "WGs",
            "keepers": {
              "force": "b0b1ecf6-7653-c1e9-8528-50bb8bd127f5"
            },
            "prefix": null
          },
          "private": "bnVsbA=="
        },
        {
          "index_key": 578,
          "schema_version": 0,
          "attributes": {
            "b64": "UUU",
            "b64_std": "UUU=",
            "b64_url": "UUU",
            "byte_length": 2,
            "dec": "20805",
            "hex": "5145",
            "id": "UUU",
            "keepers": {
              "force": "39c51c6f-519e-d5e1-28ee-f024be436b6d"
            },
            "prefix": null
          },
          "private": "bnVsbA=="
        },
        {
          "index_key": 579,
          "schema_version": 0,
          "attributes": {
            "b64": "sBE",
            "b64_std": "sBE=",
            "b64_url": "sBE",
            "byte_length": 2,
            "dec": "45073",
            "hex": "b011",
            "id": "sBE",
            "keepers": {
              "force": "e44073ed-e2c0-1018-9dfa-efe95f82a23c"
            },
            "prefix": null
          },
          "private": "bnVsbA=="
        },
        {
          "index_key": 580,
          "schema_version": 0,
          "attributes": {
            "b64": "1k8",
            "b64_std": "1k8=",
            "b64_url": "1k8",
            "byte_length": 2,
            "dec": "54863",
            "hex": "d64f",
            "id": "1k8",
            "keepers": {
              "force": "569feda0-65bd-91b0-5649-8326807f51e4"
            },
            "prefix": null
          },
          "private": "bnVsbA=="
        },
        {
          "index_key": 581,
          "schema_version": 0,
          "attributes": {
            "b64": "lWE",
            "b64_std": "lWE=",
            "b64_url": "lWE",
            "byte_length": 2,
            "dec": "38241",
            "hex": "9561",
            "id": "lWE",
            "keepers": {
              "force": "7c447b29-194f-731c-992b-7751b91252c5"
            },
            "prefix": null
          },
          "private": "bnVsbA=="
        },
        {
          "index_key": 582,
          "schema_version": 0,
          "attributes": {
            "b64": "hRI",
            "b64_std": "hRI=",
            "b64_url": "hRI",
            "byte_length": 2,
            "dec": "34066",
            "hex": "8512",
            "id": "hRI",
            "keepers": {
              "force": "987197bb-299f-9a4b-3fe8-258edb054e68"
            },
            "prefix": null
          },
          "private": "bnVsbA=="
        },
        {
          "index_key": 583,
          "schema_version": 0,
          "attributes": {
            "b64": "nYQ",
            "b64_std": "nYQ=",
            "b64_url": "nYQ",
            "byte_length": 2,
            "dec": "40324",
            "hex": "9d84",
            "id": "nYQ",
            "keepers": {
              "force": "35646169-bc18-ead3-c2c5-ef633a474cf9"
            },
            "prefix": null
          },
          "private": "bnVsbA=="
        },
        {
          "index_key": 584,
          "schema_version": 0,
          "attributes": {
            "b64": "nOA",
            "b64_std": "nOA=",
            "b64_url": "nOA",
            "byte_length": 2,
            "dec": "40160",
            "hex": "9ce0",
            "id": "nOA",
            "keepers": {
              "force": "d53a6b65-33da-9a18-7ec6-55553227eeb3"
            },
            "prefix": null
          },
          "private": "bnVsbA=="
        },
        {
          "index_key": 585,
          "schema_version": 0,
          "attributes": {
            "b64": "TD8",
            "b64_std": "TD8=",
            "b64_url": "TD8",
            "byte_length": 2,
            "dec": "19519",
            "hex": "4c3f",
            "id": "TD8",
            "keepers": {
              "force": "611930ab-1b13-08a9-db36-829c41432a10"
            },
            "prefix": null
          },
          "private": "bnVsbA=="
        },
        {
          "index_key": 586,
          "schema_version": 0,
          "attributes": {
            "b64": "r-o",
            "b64_std": "r+o=",
            "b64_url": "r-o",
            "byte_length": 2,
            "dec": "45034",
            "hex": "afea",
            "id": "r-o",
            "keepers": {
              "force": "11a8ce2f-77a8-1815-1970-707e3b627bef"
            },
            "prefix": null
          },
          "private": "bnVsbA=="
        },
        {
          "index_key": 587,
          "schema_version": 0,
          "attributes": {
            "b64": "muY",
            "b64_std": "muY=",
            "b64_url": "muY",
            "byte_length": 2,
            "dec": "39654",
            "hex": "9ae6",
            "id": "muY",
            "keepers": {
              "force": "60205fd9-5109-a600-cf61-85793941e143"
            },
            "prefix": null
          },
          "private": "bnVsbA=="
        },
        {
          "index_key": 588,
          "schema_version": 0,
          "attributes": {
            "b64": "WCs",
            "b64_std": "WCs=",
            "b64_url": "WCs",
            "byte_length": 2,
            "dec": "22571",
            "hex": "582b",
            "id": "WCs",
            "keepers": {
              "force": "ad2052bf-bd44-c717-b69c-270dba751cd6"
            },
            "prefix": null
          },
          "private": "bnVsbA=="
        },
        {
          "index_key": 589,
          "schema_version": 0,
          "attributes": {
            "b64": "Wak",
            "b64_std": "Wak=",
            "b64_url": "Wak",
            "byte_length": 2,
            "dec": "22953",
            "hex": "59a9",
            "id": "Wak",
            "keepers": {
              "force": "5c2255f1-c3ef-d57b-bd72-c41f3e75ab38"
            },
            "prefix": null
          },
          "private": "bnVsbA=="
        },
        {
          "index_key": 590,
          "schema_version": 0,
          "attributes": {
            "b64": "2pE",
            "b64_std": "2pE=",
            "b64_url": "2pE",
            "byte_length": 2,
            "dec": "55953",
            "hex": "da91",
            "id": "2pE",
            "keepers": {
              "force": "415cc882-0ab5-c2a1-6a9e-f09e9ceecdc4"
            },
            "prefix": null
          },
          "private": "bnVsbA=="
        },
        {
          "index_key": 591,
          "schema_version": 0,
          "attributes": {
            "b64": "MXI",
            "b64_std": "MXI=",
            "b64_url": "MXI",
            "byte_length": 2,
            "dec": "12658",
            "hex": "3172",
            "id": "MXI",
            "keepers": {
              "force": "06a537f5-999e-4d80-ed58-bf4015f43db8"
            },
            "prefix": null
          },
          "private": "bnVsbA=="
        },
        {
          "index_key": 592,
          "schema_version": 0,
          "attributes": {
            "b64": "QDs",
            "b64_std": "QDs=",
            "b64_url": "QDs",
            "byte_length": 2,
            "dec": "16443",
            "hex": "403b",
            "id": "QDs",
            "keepers": {
              "force": "ff822ad9-1b91-fe5e-6738-3e588576538c"
            },
            "prefix": null
          },
          "private": "bnVsbA=="
        },
        {
          "index_key": 593,
          "schema_version": 0,
          "attributes": {
            "b64": "REc",
            "b64_std": "REc=",
            "b64_url": "REc",
            "byte_length": 2,
            "dec": "17479",
            "hex": "4447",
            "id": "REc",
            "keepers": {
              "force": "ff33064c-cdce-f3cc-3b56-4188572e5c73"
            },
            "prefix": null
          },
          "private": "bnVsbA=="
        },
        {
          "index_key": 594,
          "schema_version": 0,
          "attributes": {
            "b64": "OPs",
            "b64_std": "OPs=",
            "b64_url": "OPs",
            "byte_length": 2,
            "dec": "14587",
            "hex": "38fb",
            "id": "OPs",
            "keepers": {
              "force": "00e9040a-207a-2c63-0e8e-5d04810ed2f0"
            },
            "prefix": null
          },
          "private": "bnVsbA=="
        },
        {
          "index_key": 595,
          "schema_version": 0,
          "attributes": {
            "b64": "y88",
            "b64_std": "y88=",
            "b64_url": "y88",
            "byte_length": 2,
            "dec": "52175",
            "hex": "cbcf",
            "id": "y88",
            "keepers": {
              "force": "2797364f-87da-15bd-ad4c-17098aa425ad"
            },
            "prefix": null
          },
          "private": "bnVsbA=="
        },
        {
          "index_key": 596,
          "schema_version": 0,
          "attributes": {
            "b64": "xSw",
            "b64_std": "xSw=",
            "b64_url": "xSw",
            "byte_length": 2,
            "dec": "50476",
            "hex": "c52c",
            "id": "xSw",
            "keepers": {
              "force": "85e9fd48-b438-c0a3-c37d-41e2d85b041f"
            },
            "prefix": null
          },
          "private": "bnVsbA=="
        },
        {
          "index_key": 597,
          "schema_version": 0,
          "attributes": {
            "b64": "y2w",
            "b64_std": "y2w=",
            "b64_url": "y2w",
            "byte_length": 2,
            "dec": "52076",
            "hex": "cb6c",
            "id": "y2w",
            "keepers": {
              "force": "3a225cab-1617-fbc5-50b7-f5437e991b3f"
            },
            "prefix": null
          },
          "private": "bnVsbA=="
        },
        {
          "index_key": 598,
          "schema_version": 0,
          "attributes": {
            "b64": "vnc",
            "b64_std": "vnc=",
            "b64_url": "vnc",
            "byte_length": 2,
            "dec": "48759",
            "hex": "be77",
            "id": "vnc",
            "keepers": {
              "force": "1703115e-f2e8-134f-1521-2b176c7af0c9"
            },
            "prefix": null
          },
          "private": "bnVsbA=="
        },
        {
          "index_key": 599,
          "schema_version": 0,
          "attributes": {
            "b64": "rAo",
            "b64_std": "rAo=",
            "b64_url": "rAo",
            "byte_length": 2,
            "dec": "44042",
            "hex": "ac0a",
            "id": "rAo",
            "keepers": {
              "force": "aed0ca8c-7e96-71b1-3985-144cef2a8c15"
            },
            "prefix": null
          },
          "private": "bnVsbA=="
        },
        {
          "index_key": 600,
          "schema_version": 0,
          "attributes": {
            "b64": "W5w",
            "b64_std": "W5w=",
            "b64_url": "W5w",
            "byte_length": 2,
            "dec": "23452",
            "hex": "5b9c",
            "id": "W5w",
            "keepers": {
              "force": "63d09005-1694-7128-bfb8-6707c163b698"
            },
            "prefix": null
          },
          "private": "bnVsbA=="
        },
        {
          "index_key": 601,
          "schema_version": 0,
          "attributes": {
            "b64": "axg",
            "b64_std": "axg=",
            "b64_url": "axg",
            "byte_length": 2,
            "dec": "27416",
            "hex": "6b18",
            "id": "axg",
            "keepers": {
              "force": "bf1960dd-6251-12e5-509f-0b0b6bea59ab"
            },
            "prefix": null
          },
          "private": "bnVsbA=="
        },
        {
          "index_key": 602,
          "schema_version": 0,
          "attributes": {
            "b64": "T5A",
            "b64_std": "T5A=",
            "b64_url": "T5A",
            "byte_length": 2,
            "dec": "20368",
            "hex": "4f90",
            "id": "T5A",
            "keepers": {
              "force": "2ddfb077-1ff3-2499-980f-589d92a2a330"
            },
            "prefix": null
          },
          "private": "bnVsbA=="
        },
        {
          "index_key": 603,
          "schema_version": 0,
          "attributes": {
            "b64": "eNc",
            "b64_std": "eNc=",
            "b64_url": "eNc",
            "byte_length": 2,
            "dec": "30935",
            "hex": "78d7",
            "id": "eNc",
            "keepers": {
              "force": "05cc45cc-29d6-dac2-683f-879b5651ba95"
            },
            "prefix": null
          },
          "private": "bnVsbA=="
        },
        {
          "index_key": 604,
          "schema_version": 0,
          "attributes": {
            "b64": "bjg",
            "b64_std": "bjg=",
            "b64_url": "bjg",
            "byte_length": 2,
            "dec": "28216",
            "hex": "6e38",
            "id": "bjg",
            "keepers": {
              "force": "c16bf3e1-bcbc-89df-8a70-b535df83fbee"
            },
            "prefix": null
          },
          "private": "bnVsbA=="
        },
        {
          "index_key": 605,
          "schema_version": 0,
          "attributes": {
            "b64": "X3I",
            "b64_std": "X3I=",
            "b64_url": "X3I",
            "byte_length": 2,
            "dec": "24434",
            "hex": "5f72",
            "id": "X3I",
            "keepers": {
              "force": "a0d022de-015a-88aa-71ce-8aa3ab6f4eb7"
            },
            "prefix": null
          },
          "private": "bnVsbA=="
        },
        {
          "index_key": 606,
          "schema_version": 0,
          "attributes": {
            "b64": "ws8",
            "b64_std": "ws8=",
            "b64_url": "ws8",
            "byte_length": 2,
            "dec": "49871",
            "hex": "c2cf",
            "id": "ws8",
            "keepers": {
              "force": "ef973101-ed99-6def-0137-43696ab8f583"
            },
            "prefix": null
          },
          "private": "bnVsbA=="
        },
        {
          "index_key": 607,
          "schema_version": 0,
          "attributes": {
            "b64": "wG8",
            "b64_std": "wG8=",
            "b64_url": "wG8",
            "byte_length": 2,
            "dec": "49263",
            "hex": "c06f",
            "id": "wG8",
            "keepers": {
              "force": "962af759-5f97-c2e7-2686-5c4a86ae677a"
            },
            "prefix": null
          },
          "private": "bnVsbA=="
        },
        {
          "index_key": 608,
          "schema_version": 0,
          "attributes": {
            "b64": "Rjs",
            "b64_std": "Rjs=",
            "b64_url": "Rjs",
            "byte_length": 2,
            "dec": "17979",
            "hex": "463b",
            "id": "Rjs",
            "keepers": {
              "force": "a3e038d0-18ba-034f-f07b-aa6b12b6d6f7"
            },
            "prefix": null
          },
          "private": "bnVsbA=="
        },
        {
          "index_key": 609,
          "schema_version": 0,
          "attributes": {
            "b64": "l40",
            "b64_std": "l40=",
            "b64_url": "l40",
            "byte_length": 2,
            "dec": "38797",
            "hex": "978d",
            "id": "l40",
            "keepers": {
              "force": "083ccd3f-a9d9-9bf9-da78-828bd86febdb"
            },
            "prefix": null
          },
          "private": "bnVsbA=="
        },
        {
          "index_key": 610,
          "schema_version": 0,
          "attributes": {
            "b64": "Vtg",
            "b64_std": "Vtg=",
            "b64_url": "Vtg",
            "byte_length": 2,
            "dec": "22232",
            "hex": "56d8",
            "id": "Vtg",
            "keepers": {
              "force": "b5ba586e-886b-57f6-7d15-d4b6959835ea"
            },
            "prefix": null
          },
          "private": "bnVsbA=="
        },
        {
          "index_key": 611,
          "schema_version": 0,
          "attributes": {
            "b64": "pJ8",
            "b64_std": "pJ8=",
            "b64_url": "pJ8",
            "byte_length": 2,
            "dec": "42143",
            "hex": "a49f",
            "id": "pJ8",
            "keepers": {
              "force": "b4c0ac17-c659-07dd-db90-eabbefed7148"
            },
            "prefix": null
          },
          "private": "bnVsbA=="
        },
        {
          "index_key": 612,
          "schema_version": 0,
          "attributes": {
            "b64": "wC8",
            "b64_std": "wC8=",
            "b64_url": "wC8",
            "byte_length": 2,
            "dec": "49199",
            "hex": "c02f",
            "id": "wC8",
            "keepers": {
              "force": "7a95bb90-1855-6ed5-8043-23326951b13c"
            },
            "prefix": null
          },
          "private": "bnVsbA=="
        },
        {
          "index_key": 613,
          "schema_version": 0,
          "attributes": {
            "b64": "WJw",
            "b64_std": "WJw=",
            "b64_url": "WJw",
            "byte_length": 2,
            "dec": "22684",
            "hex": "589c",
            "id": "WJw",
            "keepers": {
              "force": "bb716898-76d3-a344-cdd0-06863cbe3d0b"
            },
            "prefix": null
          },
          "private": "bnVsbA=="
        },
        {
          "index_key": 614,
          "schema_version": 0,
          "attributes": {
            "b64": "MWY",
            "b64_std": "MWY=",
            "b64_url": "MWY",
            "byte_length": 2,
            "dec": "12646",
            "hex": "3166",
            "id": "MWY",
            "keepers": {
              "force": "79e322d2-729b-c21b-599b-dec123c365c1"
            },
            "prefix": null
          },
          "private": "bnVsbA=="
        },
        {
          "index_key": 615,
          "schema_version": 0,
          "attributes": {
            "b64": "HU8",
            "b64_std": "HU8=",
            "b64_url": "HU8",
            "byte_length": 2,
            "dec": "7503",
            "hex": "1d4f",
            "id": "HU8",
            "keepers": {
              "force": "a9c0698c-6ec4-41fd-3124-50ce9adc3e73"
            },
            "prefix": null
          },
          "private": "bnVsbA=="
        },
        {
          "index_key": 616,
          "schema_version": 0,
          "attributes": {
            "b64": "dZY",
            "b64_std": "dZY=",
            "b64_url": "dZY",
            "byte_length": 2,
            "dec": "30102",
            "hex": "7596",
            "id": "dZY",
            "keepers": {
              "force": "ae7f6988-f02e-07e7-4086-0b8e6b4b6f0d"
            },
            "prefix": null
          },
          "private": "bnVsbA=="
        },
        {
          "index_key": 617,
          "schema_version": 0,
          "attributes": {
            "b64": "400",
            "b64_std": "400=",
            "b64_url": "400",
            "byte_length": 2,
            "dec": "58189",
            "hex": "e34d",
            "id": "400",
            "keepers": {
              "force": "8eebee2e-e1b9-a8d0-ebe1-66182b2347b0"
            },
            "prefix": null
          },
          "private": "bnVsbA=="
        },
        {
          "index_key": 618,
          "schema_version": 0,
          "attributes": {
            "b64": "A0s",
            "b64_std": "A0s=",
            "b64_url": "A0s",
            "byte_length": 2,
            "dec": "843",
            "hex": "034b",
            "id": "A0s",
            "keepers": {
              "force": "31aa9b06-35fd-1682-4ee5-99e13ef683da"
            },
            "prefix": null
          },
          "private": "bnVsbA=="
        },
        {
          "index_key": 619,
          "schema_version": 0,
          "attributes": {
            "b64": "KFw",
            "b64_std": "KFw=",
            "b64_url": "KFw",
            "byte_length": 2,
            "dec": "10332",
            "hex": "285c",
            "id": "KFw",
            "keepers": {
              "force": "36cdbd11-a7a3-0fea-84bb-6c41e6298a17"
            },
            "prefix": null
          },
          "private": "bnVsbA=="
        },
        {
          "index_key": 620,
          "schema_version": 0,
          "attributes": {
            "b64": "zl0",
            "b64_std": "zl0=",
            "b64_url": "zl0",
            "byte_length": 2,
            "dec": "52829",
            "hex": "ce5d",
            "id": "zl0",
            "keepers": {
              "force": "8d48cad9-2e43-b8a8-e546-dbedf2d47783"
            },
            "prefix": null
          },
          "private": "bnVsbA=="
        },
        {
          "index_key": 621,
          "schema_version": 0,
          "attributes": {
            "b64": "AUM",
            "b64_std": "AUM=",
            "b64_url": "AUM",
            "byte_length": 2,
            "dec": "323",
            "hex": "0143",
            "id": "AUM",
            "keepers": {
              "force": "9b5767b0-5ce2-ed32-a73e-e64da43af7f7"
            },
            "prefix": null
          },
          "private": "bnVsbA=="
        },
        {
          "index_key": 622,
          "schema_version": 0,
          "attributes": {
            "b64": "l1M",
            "b64_std": "l1M=",
            "b64_url": "l1M",
            "byte_length": 2,
            "dec": "38739",
            "hex": "9753",
            "id": "l1M",
            "keepers": {
              "force": "57482b23-3aec-9219-24b3-728b6207bab8"
            },
            "prefix": null
          },
          "private": "bnVsbA=="
        },
        {
          "index_key": 623,
          "schema_version": 0,
          "attributes": {
            "b64": "6Zg",
            "b64_std": "6Zg=",
            "b64_url": "6Zg",
            "byte_length": 2,
            "dec": "59800",
            "hex": "e998",
            "id": "6Zg",
            "keepers": {
              "force": "04c03682-2d26-c159-920e-ec7cf9584880"
            },
            "prefix": null
          },
          "private": "bnVsbA=="
        },
        {
          "index_key": 624,
          "schema_version": 0,
          "attributes": {
            "b64": "tQ4",
            "b64_std": "tQ4=",
            "b64_url": "tQ4",
            "byte_length": 2,
            "dec": "46350",
            "hex": "b50e",
            "id": "tQ4",
            "keepers": {
              "force": "0170e8c8-d2f4-1b2f-4073-719e6ca662d2"
            },
            "prefix": null
          },
          "private": "bnVsbA=="
        },
        {
          "index_key": 625,
          "schema_version": 0,
          "attributes": {
            "b64": "G14",
            "b64_std": "G14=",
            "b64_url": "G14",
            "byte_length": 2,
            "dec": "7006",
            "hex": "1b5e",
            "id": "G14",
            "keepers": {
              "force": "d73a83d3-468d-fbe7-7141-dc88c0e7c3e3"
            },
            "prefix": null
          },
          "private": "bnVsbA=="
        },
        {
          "index_key": 626,
          "schema_version": 0,
          "attributes": {
            "b64": "bV4",
            "b64_std": "bV4=",
            "b64_url": "bV4",
            "byte_length": 2,
            "dec": "27998",
            "hex": "6d5e",
            "id": "bV4",
            "keepers": {
              "force": "db53e9cc-64f0-15af-56a7-4fff180fc00e"
            },
            "prefix": null
          },
          "private": "bnVsbA=="
        },
        {
          "index_key": 627,
          "schema_version": 0,
          "attributes": {
            "b64": "YN8",
            "b64_std": "YN8=",
            "b64_url": "YN8",
            "byte_length": 2,
            "dec": "24799",
            "hex": "60df",
            "id": "YN8",
            "keepers": {
              "force": "948da416-2938-a5ef-fc73-a9028e17d49b"
            },
            "prefix": null
          },
          "private": "bnVsbA=="
        },
        {
          "index_key": 628,
          "schema_version": 0,
          "attributes": {
            "b64": "mhg",
            "b64_std": "mhg=",
            "b64_url": "mhg",
            "byte_length": 2,
            "dec": "39448",
            "hex": "9a18",
            "id": "mhg",
            "keepers": {
              "force": "409b76cf-7319-629d-c7ec-e21b01e8b5d2"
            },
            "prefix": null
          },
          "private": "bnVsbA=="
        },
        {
          "index_key": 629,
          "schema_version": 0,
          "attributes": {
            "b64": "TrA",
            "b64_std": "TrA=",
            "b64_url": "TrA",
            "byte_length": 2,
            "dec": "20144",
            "hex": "4eb0",
            "id": "TrA",
            "keepers": {
              "force": "02452076-8d7b-f84d-d0db-bbb9d2117924"
            },
            "prefix": null
          },
          "private": "bnVsbA=="
        },
        {
          "index_key": 630,
          "schema_version": 0,
          "attributes": {
            "b64": "QYA",
            "b64_std": "QYA=",
            "b64_url": "QYA",
            "byte_length": 2,
            "dec": "16768",
            "hex": "4180",
            "id": "QYA",
            "keepers": {
              "force": "ce2dc3eb-9ec1-3fd2-7be9-01caae825137"
            },
            "prefix": null
          },
          "private": "bnVsbA=="
        },
        {
          "index_key": 631,
          "schema_version": 0,
          "attributes": {
            "b64": "z-Q",
            "b64_std": "z+Q=",
            "b64_url": "z-Q",
            "byte_length": 2,
            "dec": "53220",
            "hex": "cfe4",
            "id": "z-Q",
            "keepers": {
              "force": "631a4181-0695-2070-f62d-d980be8ee6ee"
            },
            "prefix": null
          },
          "private": "bnVsbA=="
        },
        {
          "index_key": 632,
          "schema_version": 0,
          "attributes": {
            "b64": "Jsc",
            "b64_std": "Jsc=",
            "b64_url": "Jsc",
            "byte_length": 2,
            "dec": "9927",
            "hex": "26c7",
            "id": "Jsc",
            "keepers": {
              "force": "89ae8982-87c7-515d-2c70-40bf3c6b03ff"
            },
            "prefix": null
          },
          "private": "bnVsbA=="
        },
        {
          "index_key": 633,
          "schema_version": 0,
          "attributes": {
            "b64": "jk8",
            "b64_std": "jk8=",
            "b64_url": "jk8",
            "byte_length": 2,
            "dec": "36431",
            "hex": "8e4f",
            "id": "jk8",
            "keepers": {
              "force": "2111a4a0-13f2-b3f3-94de-8ffcefe1c178"
            },
            "prefix": null
          },
          "private": "bnVsbA=="
        },
        {
          "index_key": 634,
          "schema_version": 0,
          "attributes": {
            "b64": "W4Y",
            "b64_std": "W4Y=",
            "b64_url": "W4Y",
            "byte_length": 2,
            "dec": "23430",
            "hex": "5b86",
            "id": "W4Y",
            "keepers": {
              "force": "9ca4b241-f487-1289-15e9-c26fec75cdfd"
            },
            "prefix": null
          },
          "private": "bnVsbA=="
        },
        {
          "index_key": 635,
          "schema_version": 0,
          "attributes": {
            "b64": "ZCc",
            "b64_std": "ZCc=",
            "b64_url": "ZCc",
            "byte_length": 2,
            "dec": "25639",
            "hex": "6427",
            "id": "ZCc",
            "keepers": {
              "force": "d7b1e221-d281-66b1-8e1f-56ff620dfc10"
            },
            "prefix": null
          },
          "private": "bnVsbA=="
        },
        {
          "index_key": 636,
          "schema_version": 0,
          "attributes": {
            "b64": "Kyo",
            "b64_std": "Kyo=",
            "b64_url": "Kyo",
            "byte_length": 2,
            "dec": "11050",
            "hex": "2b2a",
            "id": "Kyo",
            "keepers": {
              "force": "d9a56a2e-9914-23e0-b29c-794fe0c3aa2f"
            },
            "prefix": null
          },
          "private": "bnVsbA=="
        },
        {
          "index_key": 637,
          "schema_version": 0,
          "attributes": {
            "b64": "0FU",
            "b64_std": "0FU=",
            "b64_url": "0FU",
            "byte_length": 2,
            "dec": "53333",
            "hex": "d055",
            "id": "0FU",
            "keepers": {
              "force": "696456fc-4612-ff06-171d-312c2b3e5bee"
            },
            "prefix": null
          },
          "private": "bnVsbA=="
        },
        {
          "index_key": 638,
          "schema_version": 0,
          "attributes": {
            "b64": "q6o",
            "b64_std": "q6o=",
            "b64_url": "q6o",
            "byte_length": 2,
            "dec": "43946",
            "hex": "abaa",
            "id": "q6o",
            "keepers": {
              "force": "46b6cbe4-9e27-2184-c36b-60e756f5bd10"
            },
            "prefix": null
          },
          "private": "bnVsbA=="
        },
        {
          "index_key": 639,
          "schema_version": 0,
          "attributes": {
            "b64": "KKo",
            "b64_std": "KKo=",
            "b64_url": "KKo",
            "byte_length": 2,
            "dec": "10410",
            "hex": "28aa",
            "id": "KKo",
            "keepers": {
              "force": "08774d93-6f2c-df46-7f08-d80d93b217af"
            },
            "prefix": null
          },
          "private": "bnVsbA=="
        },
        {
          "index_key": 640,
          "schema_version": 0,
          "attributes": {
            "b64": "JFE",
            "b64_std": "JFE=",
            "b64_url": "JFE",
            "byte_length": 2,
            "dec": "9297",
            "hex": "2451",
            "id": "JFE",
            "keepers": {
              "force": "710eecf3-dfcf-97ef-4381-5865d7fdd07a"
            },
            "prefix": null
          },
          "private": "bnVsbA=="
        },
        {
          "index_key": 641,
          "schema_version": 0,
          "attributes": {
            "b64": "fcc",
            "b64_std": "fcc=",
            "b64_url": "fcc",
            "byte_length": 2,
            "dec": "32199",
            "hex": "7dc7",
            "id": "fcc",
            "keepers": {
              "force": "3d68f73a-50f2-dfe7-f3fd-93f9697f068e"
            },
            "prefix": null
          },
          "private": "bnVsbA=="
        },
        {
          "index_key": 642,
          "schema_version": 0,
          "attributes": {
            "b64": "7ro",
            "b64_std": "7ro=",
            "b64_url": "7ro",
            "byte_length": 2,
            "dec": "61114",
            "hex": "eeba",
            "id": "7ro",
            "keepers": {
              "force": "16c808de-7201-2f9e-2c60-5fd0321f0cf9"
            },
            "prefix": null
          },
          "private": "bnVsbA=="
        },
        {
          "index_key": 643,
          "schema_version": 0,
          "attributes": {
            "b64": "cTM",
            "b64_std": "cTM=",
            "b64_url": "cTM",
            "byte_length": 2,
            "dec": "28979",
            "hex": "7133",
            "id": "cTM",
            "keepers": {
              "force": "c8b82944-e2aa-3695-fd40-64d6bdc92c37"
            },
            "prefix": null
          },
          "private": "bnVsbA=="
        },
        {
          "index_key": 644,
          "schema_version": 0,
          "attributes": {
            "b64": "ozA",
            "b64_std": "ozA=",
            "b64_url": "ozA",
            "byte_length": 2,
            "dec": "41776",
            "hex": "a330",
            "id": "ozA",
            "keepers": {
              "force": "56941dfc-550b-28e3-7ccb-39201931daab"
            },
            "prefix": null
          },
          "private": "bnVsbA=="
        },
        {
          "index_key": 645,
          "schema_version": 0,
          "attributes": {
            "b64": "gsA",
            "b64_std": "gsA=",
            "b64_url": "gsA",
            "byte_length": 2,
            "dec": "33472",
            "hex": "82c0",
            "id": "gsA",
            "keepers": {
              "force": "422a6546-68b4-f66e-4b1d-abe2585d48b3"
            },
            "prefix": null
          },
          "private": "bnVsbA=="
        },
        {
          "index_key": 646,
          "schema_version": 0,
          "attributes": {
            "b64": "XaM",
            "b64_std": "XaM=",
            "b64_url": "XaM",
            "byte_length": 2,
            "dec": "23971",
            "hex": "5da3",
            "id": "XaM",
            "keepers": {
              "force": "8993ae9e-d5ac-e281-b9af-567980dad4ff"
            },
            "prefix": null
          },
          "private": "bnVsbA=="
        },
        {
          "index_key": 647,
          "schema_version": 0,
          "attributes": {
            "b64": "d5I",
            "b64_std": "d5I=",
            "b64_url": "d5I",
            "byte_length": 2,
            "dec": "30610",
            "hex": "7792",
            "id": "d5I",
            "keepers": {
              "force": "6bbc6504-0600-fa52-b0e7-a334d75f2962"
            },
            "prefix": null
          },
          "private": "bnVsbA=="
        },
        {
          "index_key": 648,
          "schema_version": 0,
          "attributes": {
            "b64": "cqg",
            "b64_std": "cqg=",
            "b64_url": "cqg",
            "byte_length": 2,
            "dec": "29352",
            "hex": "72a8",
            "id": "cqg",
            "keepers": {
              "force": "06cb1c7d-4fc0-2d3b-fb66-5e97e756336c"
            },
            "prefix": null
          },
          "private": "bnVsbA=="
        },
        {
          "index_key": 649,
          "schema_version": 0,
          "attributes": {
            "b64": "B5w",
            "b64_std": "B5w=",
            "b64_url": "B5w",
            "byte_length": 2,
            "dec": "1948",
            "hex": "079c",
            "id": "B5w",
            "keepers": {
              "force": "f4ccf12b-4600-b3c4-e78f-6c39093ae372"
            },
            "prefix": null
          },
          "private": "bnVsbA=="
        },
        {
          "index_key": 650,
          "schema_version": 0,
          "attributes": {
            "b64": "_DQ",
            "b64_std": "/DQ=",
            "b64_url": "_DQ",
            "byte_length": 2,
            "dec": "64564",
            "hex": "fc34",
            "id": "_DQ",
            "keepers": {
              "force": "fdf7d6ee-c3a9-696a-06fe-2146f5616724"
            },
            "prefix": null
          },
          "private": "bnVsbA=="
        },
        {
          "index_key": 651,
          "schema_version": 0,
          "attributes": {
            "b64": "hl4",
            "b64_std": "hl4=",
            "b64_url": "hl4",
            "byte_length": 2,
            "dec": "34398",
            "hex": "865e",
            "id": "hl4",
            "keepers": {
              "force": "8f790b47-4204-b42d-bd80-15b333735fc5"
            },
            "prefix": null
          },
          "private": "bnVsbA=="
        },
        {
          "index_key": 652,
          "schema_version": 0,
          "attributes": {
            "b64": "_uc",
            "b64_std": "/uc=",
            "b64_url": "_uc",
            "byte_length": 2,
            "dec": "65255",
            "hex": "fee7",
            "id": "_uc",
            "keepers": {
              "force": "f2511647-929b-2d4c-7bc3-99fa7235fd6f"
            },
            "prefix": null
          },
          "private": "bnVsbA=="
        },
        {
          "index_key": 653,
          "schema_version": 0,
          "attributes": {
            "b64": "HJU",
            "b64_std": "HJU=",
            "b64_url": "HJU",
            "byte_length": 2,
            "dec": "7317",
            "hex": "1c95",
            "id": "HJU",
            "keepers": {
              "force": "3ae69b99-a1c8-a3f4-fe7b-8ef7295599b0"
            },
            "prefix": null
          },
          "private": "bnVsbA=="
        },
        {
          "index_key": 654,
          "schema_version": 0,
          "attributes": {
            "b64": "eR4",
            "b64_std": "eR4=",
            "b64_url": "eR4",
            "byte_length": 2,
            "dec": "31006",
            "hex": "791e",
            "id": "eR4",
            "keepers": {
              "force": "36b49dd4-27d5-954d-6cdb-3c8954a2f1f6"
            },
            "prefix": null
          },
          "private": "bnVsbA=="
        },
        {
          "index_key": 655,
          "schema_version": 0,
          "attributes": {
            "b64": "Sdo",
            "b64_std": "Sdo=",
            "b64_url": "Sdo",
            "byte_length": 2,
            "dec": "18906",
            "hex": "49da",
            "id": "Sdo",
            "keepers": {
              "force": "371f4825-37f7-66c5-70c9-aa8bf8156531"
            },
            "prefix": null
          },
          "private": "bnVsbA=="
        },
        {
          "index_key": 656,
          "schema_version": 0,
          "attributes": {
            "b64": "H2U",
            "b64_std": "H2U=",
            "b64_url": "H2U",
            "byte_length": 2,
            "dec": "8037",
            "hex": "1f65",
            "id": "H2U",
            "keepers": {
              "force": "07048dcd-a31f-688e-30f0-00ef48f6722a"
            },
            "prefix": null
          },
          "private": "bnVsbA=="
        },
        {
          "index_key": 657,
          "schema_version": 0,
          "attributes": {
            "b64": "dzo",
            "b64_std": "dzo=",
            "b64_url": "dzo",
            "byte_length": 2,
            "dec": "30522",
            "hex": "773a",
            "id": "dzo",
            "keepers": {
              "force": "2907f663-9183-0a0d-c08e-a4c38174715c"
            },
            "prefix": null
          },
          "private": "bnVsbA=="
        },
        {
          "index_key": 658,
          "schema_version": 0,
          "attributes": {
            "b64": "cCk",
            "b64_std": "cCk=",
            "b64_url": "cCk",
            "byte_length": 2,
            "dec": "28713",
            "hex": "7029",
            "id": "cCk",
            "keepers": {
              "force": "913c7e27-b4c9-d6c4-e44d-eb4219f8848c"
            },
            "prefix": null
          },
          "private": "bnVsbA=="
        },
        {
          "index_key": 659,
          "schema_version": 0,
          "attributes": {
            "b64": "8qY",
            "b64_std": "8qY=",
            "b64_url": "8qY",
            "byte_length": 2,
            "dec": "62118",
            "hex": "f2a6",
            "id": "8qY",
            "keepers": {
              "force": "00e11b05-2a98-3c88-bee7-1ab4471ec47d"
            },
            "prefix": null
          },
          "private": "bnVsbA=="
        },
        {
          "index_key": 660,
          "schema_version": 0,
          "attributes": {
            "b64": "QTg",
            "b64_std": "QTg=",
            "b64_url": "QTg",
            "byte_length": 2,
            "dec": "16696",
            "hex": "4138",
            "id": "QTg",
            "keepers": {
              "force": "73d25324-8fbd-3bde-cea3-6a70032c2017"
            },
            "prefix": null
          },
          "private": "bnVsbA=="
        },
        {
          "index_key": 661,
          "schema_version": 0,
          "attributes": {
            "b64": "r6A",
            "b64_std": "r6A=",
            "b64_url": "r6A",
            "byte_length": 2,
            "dec": "44960",
            "hex": "afa0",
            "id": "r6A",
            "keepers": {
              "force": "03cb8027-454a-daa2-6ef8-653378d58267"
            },
            "prefix": null
          },
          "private": "bnVsbA=="
        },
        {
          "index_key": 662,
          "schema_version": 0,
          "attributes": {
            "b64": "jRU",
            "b64_std": "jRU=",
            "b64_url": "jRU",
            "byte_length": 2,
            "dec": "36117",
            "hex": "8d15",
            "id": "jRU",
            "keepers": {
              "force": "31d739be-3a25-5254-a389-7e1eead2e205"
            },
            "prefix": null
          },
          "private": "bnVsbA=="
        },
        {
          "index_key": 663,
          "schema_version": 0,
          "attributes": {
            "b64": "k0U",
            "b64_std": "k0U=",
            "b64_url": "k0U",
            "byte_length": 2,
            "dec": "37701",
            "hex": "9345",
            "id": "k0U",
            "keepers": {
              "force": "0b037318-3b79-7d14-cb4a-b6d4b0fee1bf"
            },
            "prefix": null
          },
          "private": "bnVsbA=="
        },
        {
          "index_key": 664,
          "schema_version": 0,
          "attributes": {
            "b64": "mEA",
            "b64_std": "mEA=",
            "b64_url": "mEA",
            "byte_length": 2,
            "dec": "38976",
            "hex": "9840",
            "id": "mEA",
            "keepers": {
              "force": "1ae7e169-149f-6c10-7189-c7999d10cbdf"
            },
            "prefix": null
          },
          "private": "bnVsbA=="
        },
        {
          "index_key": 665,
          "schema_version": 0,
          "attributes": {
            "b64": "G5U",
            "b64_std": "G5U=",
            "b64_url": "G5U",
            "byte_length": 2,
            "dec": "7061",
            "hex": "1b95",
            "id": "G5U",
            "keepers": {
              "force": "150b372a-3014-292d-bb65-b5ed1859cb96"
            },
            "prefix": null
          },
          "private": "bnVsbA=="
        },
        {
          "index_key": 666,
          "schema_version": 0,
          "attributes": {
            "b64": "RqI",
            "b64_std": "RqI=",
            "b64_url": "RqI",
            "byte_length": 2,
            "dec": "18082",
            "hex": "46a2",
            "id": "RqI",
            "keepers": {
              "force": "cae406ba-1856-9b4e-ed49-c82036689944"
            },
            "prefix": null
          },
          "private": "bnVsbA=="
        },
        {
          "index_key": 667,
          "schema_version": 0,
          "attributes": {
            "b64": "-dA",
            "b64_std": "+dA=",
            "b64_url": "-dA",
            "byte_length": 2,
            "dec": "63952",
            "hex": "f9d0",
            "id": "-dA",
            "keepers": {
              "force": "7a9c363a-7d6e-0a32-c3c7-a28b1d6aa97e"
            },
            "prefix": null
          },
          "private": "bnVsbA=="
        },
        {
          "index_key": 668,
          "schema_version": 0,
          "attributes": {
            "b64": "ADg",
            "b64_std": "ADg=",
            "b64_url": "ADg",
            "byte_length": 2,
            "dec": "56",
            "hex": "0038",
            "id": "ADg",
            "keepers": {
              "force": "ccf2b5ba-b4d6-013d-d45a-758e2ca5144c"
            },
            "prefix": null
          },
          "private": "bnVsbA=="
        },
        {
          "index_key": 669,
          "schema_version": 0,
          "attributes": {
            "b64": "2O4",
            "b64_std": "2O4=",
            "b64_url": "2O4",
            "byte_length": 2,
            "dec": "55534",
            "hex": "d8ee",
            "id": "2O4",
            "keepers": {
              "force": "402c6df5-4b4b-c587-f793-391d02b33719"
            },
            "prefix": null
          },
          "private": "bnVsbA=="
        },
        {
          "index_key": 670,
          "schema_version": 0,
          "attributes": {
            "b64": "Hvs",
            "b64_std": "Hvs=",
            "b64_url": "Hvs",
            "byte_length": 2,
            "dec": "7931",
            "hex": "1efb",
            "id": "Hvs",
            "keepers": {
              "force": "af801804-9565-3ed7-eaeb-5060b5a10a05"
            },
            "prefix": null
          },
          "private": "bnVsbA=="
        },
        {
          "index_key": 671,
          "schema_version": 0,
          "attributes": {
            "b64": "LX8",
            "b64_std": "LX8=",
            "b64_url": "LX8",
            "byte_length": 2,
            "dec": "11647",
            "hex": "2d7f",
            "id": "LX8",
            "keepers": {
              "force": "0bedc9cf-097d-c0d5-2788-1791e3f43277"
            },
            "prefix": null
          },
          "private": "bnVsbA=="
        },
        {
          "index_key": 672,
          "schema_version": 0,
          "attributes": {
            "b64": "3BQ",
            "b64_std": "3BQ=",
            "b64_url": "3BQ",
            "byte_length": 2,
            "dec": "56340",
            "hex": "dc14",
            "id": "3BQ",
            "keepers": {
              "force": "e7dac102-68d5-7729-8b15-dac511472ef2"
            },
            "prefix": null
          },
          "private": "bnVsbA=="
        },
        {
          "index_key": 673,
          "schema_version": 0,
          "attributes": {
            "b64": "9r8",
            "b64_std": "9r8=",
            "b64_url": "9r8",
            "byte_length": 2,
            "dec": "63167",
            "hex": "f6bf",
            "id": "9r8",
            "keepers": {
              "force": "04b56174-4c1e-df2e-5d56-2e21e2777c71"
            },
            "prefix": null
          },
          "private": "bnVsbA=="
        },
        {
          "index_key": 674,
          "schema_version": 0,
          "attributes": {
            "b64": "D4U",
            "b64_std": "D4U=",
            "b64_url": "D4U",
            "byte_length": 2,
            "dec": "3973",
            "hex": "0f85",
            "id": "D4U",
            "keepers": {
              "force": "4e141e69-c546-c9c1-7cda-685244048a7a"
            },
            "prefix": null
          },
          "private": "bnVsbA=="
        },
        {
          "index_key": 675,
          "schema_version": 0,
          "attributes": {
            "b64": "X0w",
            "b64_std": "X0w=",
            "b64_url": "X0w",
            "byte_length": 2,
            "dec": "24396",
            "hex": "5f4c",
            "id": "X0w",
            "keepers": {
              "force": "a894bec5-4264-81cb-1d49-76db6170783e"
            },
            "prefix": null
          },
          "private": "bnVsbA=="
        },
        {
          "index_key": 676,
          "schema_version": 0,
          "attributes": {
            "b64": "Nfs",
            "b64_std": "Nfs=",
            "b64_url": "Nfs",
            "byte_length": 2,
            "dec": "13819",
            "hex": "35fb",
            "id": "Nfs",
            "keepers": {
              "force": "5e65fa4e-f65a-986c-16e0-7892dfbdaaeb"
            },
            "prefix": null
          },
          "private": "bnVsbA=="
        },
        {
          "index_key": 677,
          "schema_version": 0,
          "attributes": {
            "b64": "0E0",
            "b64_std": "0E0=",
            "b64_url": "0E0",
            "byte_length": 2,
            "dec": "53325",
            "hex": "d04d",
            "id": "0E0",
            "keepers": {
              "force": "b2221d95-63f8-b707-4942-633ecdc2715e"
            },
            "prefix": null
          },
          "private": "bnVsbA=="
        },
        {
          "index_key": 678,
          "schema_version": 0,
          "attributes": {
            "b64": "Bc8",
            "b64_std": "Bc8=",
            "b64_url": "Bc8",
            "byte_length": 2,
            "dec": "1487",
            "hex": "05cf",
            "id": "Bc8",
            "keepers": {
              "force": "3aa9e69a-c2f3-fd06-4fbb-c63078ebbed1"
            },
            "prefix": null
          },
          "private": "bnVsbA=="
        },
        {
          "index_key": 679,
          "schema_version": 0,
          "attributes": {
            "b64": "oyo",
            "b64_std": "oyo=",
            "b64_url": "oyo",
            "byte_length": 2,
            "dec": "41770",
            "hex": "a32a",
            "id": "oyo",
            "keepers": {
              "force": "daf15122-9cc2-d396-436f-02801c077203"
            },
            "prefix": null
          },
          "private": "bnVsbA=="
        },
        {
          "index_key": 680,
          "schema_version": 0,
          "attributes": {
            "b64": "fnQ",
            "b64_std": "fnQ=",
            "b64_url": "fnQ",
            "byte_length": 2,
            "dec": "32372",
            "hex": "7e74",
            "id": "fnQ",
            "keepers": {
              "force": "c5f64a6e-fae4-a749-39ad-a5472f809076"
            },
            "prefix": null
          },
          "private": "bnVsbA=="
        },
        {
          "index_key": 681,
          "schema_version": 0,
          "attributes": {
            "b64": "xas",
            "b64_std": "xas=",
            "b64_url": "xas",
            "byte_length": 2,
            "dec": "50603",
            "hex": "c5ab",
            "id": "xas",
            "keepers": {
              "force": "846ed8c2-a3b6-b4e3-c193-e2a672710d95"
            },
            "prefix": null
          },
          "private": "bnVsbA=="
        },
        {
          "index_key": 682,
          "schema_version": 0,
          "attributes": {
            "b64": "ivI",
            "b64_std": "ivI=",
            "b64_url": "ivI",
            "byte_length": 2,
            "dec": "35570",
            "hex": "8af2",
            "id": "ivI",
            "keepers": {
              "force": "770d35a3-e030-80d2-970b-1c05de037a96"
            },
            "prefix": null
          },
          "private": "bnVsbA=="
        },
        {
          "index_key": 683,
          "schema_version": 0,
          "attributes": {
            "b64": "TUg",
            "b64_std": "TUg=",
            "b64_url": "TUg",
            "byte_length": 2,
            "dec": "19784",
            "hex": "4d48",
            "id": "TUg",
            "keepers": {
              "force": "a3b0fe86-bc8d-4ab8-e646-e0444fb8cf3e"
            },
            "prefix": null
          },
          "private": "bnVsbA=="
        },
        {
          "index_key": 684,
          "schema_version": 0,
          "attributes": {
            "b64": "4A4",
            "b64_std": "4A4=",
            "b64_url": "4A4",
            "byte_length": 2,
            "dec": "57358",
            "hex": "e00e",
            "id": "4A4",
            "keepers": {
              "force": "fefc7600-28f1-72ee-1d13-bf025ee95c51"
            },
            "prefix": null
          },
          "private": "bnVsbA=="
        },
        {
          "index_key": 685,
          "schema_version": 0,
          "attributes": {
            "b64": "7mM",
            "b64_std": "7mM=",
            "b64_url": "7mM",
            "byte_length": 2,
            "dec": "61027",
            "hex": "ee63",
            "id": "7mM",
            "keepers": {
              "force": "899584f0-b8fa-d2dc-d5e7-9de99a87dd65"
            },
            "prefix": null
          },
          "private": "bnVsbA=="
        },
        {
          "index_key": 686,
          "schema_version": 0,
          "attributes": {
            "b64": "2r8",
            "b64_std": "2r8=",
            "b64_url": "2r8",
            "byte_length": 2,
            "dec": "55999",
            "hex": "dabf",
            "id": "2r8",
            "keepers": {
              "force": "cd1d6ad7-f48e-0711-63e9-fa3572ae9a29"
            },
            "prefix": null
          },
          "private": "bnVsbA=="
        },
        {
          "index_key": 687,
          "schema_version": 0,
          "attributes": {
            "b64": "_gM",
            "b64_std": "/gM=",
            "b64_url": "_gM",
            "byte_length": 2,
            "dec": "65027",
            "hex": "fe03",
            "id": "_gM",
            "keepers": {
              "force": "9ce1e843-ca65-8f3f-a06b-22e3332a8b4a"
            },
            "prefix": null
          },
          "private": "bnVsbA=="
        },
        {
          "index_key": 688,
          "schema_version": 0,
          "attributes": {
            "b64": "V_w",
            "b64_std": "V/w=",
            "b64_url": "V_w",
            "byte_length": 2,
            "dec": "22524",
            "hex": "57fc",
            "id": "V_w",
            "keepers": {
              "force": "cb2f2028-a0b2-c8a7-dd7c-0cf9c915e501"
            },
            "prefix": null
          },
          "private": "bnVsbA=="
        },
        {
          "index_key": 689,
          "schema_version": 0,
          "attributes": {
            "b64": "7wY",
            "b64_std": "7wY=",
            "b64_url": "7wY",
            "byte_length": 2,
            "dec": "61190",
            "hex": "ef06",
            "id": "7wY",
            "keepers": {
              "force": "20f14869-f71c-88aa-f3e6-dc7c81e4ca0d"
            },
            "prefix": null
          },
          "private": "bnVsbA=="
        },
        {
          "index_key": 690,
          "schema_version": 0,
          "attributes": {
            "b64": "cdE",
            "b64_std": "cdE=",
            "b64_url": "cdE",
            "byte_length": 2,
            "dec": "29137",
            "hex": "71d1",
            "id": "cdE",
            "keepers": {
              "force": "cadb4fdf-a666-407c-58d1-c2351d8b798c"
            },
            "prefix": null
          },
          "private": "bnVsbA=="
        },
        {
          "index_key": 691,
          "schema_version": 0,
          "attributes": {
            "b64": "0y0",
            "b64_std": "0y0=",
            "b64_url": "0y0",
            "byte_length": 2,
            "dec": "54061",
            "hex": "d32d",
            "id": "0y0",
            "keepers": {
              "force": "1d44ee09-3e8d-5e78-0970-28856037fbff"
            },
            "prefix": null
          },
          "private": "bnVsbA=="
        },
        {
          "index_key": 692,
          "schema_version": 0,
          "attributes": {
            "b64": "cR0",
            "b64_std": "cR0=",
            "b64_url": "cR0",
            "byte_length": 2,
            "dec": "28957",
            "hex": "711d",
            "id": "cR0",
            "keepers": {
              "force": "aad9b9af-eac1-ab4e-ba90-59e59a61f6f6"
            },
            "prefix": null
          },
          "private": "bnVsbA=="
        },
        {
          "index_key": 693,
          "schema_version": 0,
          "attributes": {
            "b64": "4HY",
            "b64_std": "4HY=",
            "b64_url": "4HY",
            "byte_length": 2,
            "dec": "57462",
            "hex": "e076",
            "id": "4HY",
            "keepers": {
              "force": "f82150aa-9069-733a-e26a-3c6b96440632"
            },
            "prefix": null
          },
          "private": "bnVsbA=="
        },
        {
          "index_key": 694,
          "schema_version": 0,
          "attributes": {
            "b64": "SBM",
            "b64_std": "SBM=",
            "b64_url": "SBM",
            "byte_length": 2,
            "dec": "18451",
            "hex": "4813",
            "id": "SBM",
            "keepers": {
              "force": "203fb004-f78b-8bbc-5f55-a4e81801e515"
            },
            "prefix": null
          },
          "private": "bnVsbA=="
        },
        {
          "index_key": 695,
          "schema_version": 0,
          "attributes": {
            "b64": "s-E",
            "b64_std": "s+E=",
            "b64_url": "s-E",
            "byte_length": 2,
            "dec": "46049",
            "hex": "b3e1",
            "id": "s-E",
            "keepers": {
              "force": "cf5abf3e-88eb-93e7-279a-796839b8b9e8"
            },
            "prefix": null
          },
          "private": "bnVsbA=="
        },
        {
          "index_key": 696,
          "schema_version": 0,
          "attributes": {
            "b64": "LWM",
            "b64_std": "LWM=",
            "b64_url": "LWM",
            "byte_length": 2,
            "dec": "11619",
            "hex": "2d63",
            "id": "LWM",
            "keepers": {
              "force": "c06fb827-29c8-2b8e-93c5-12a02fd967e3"
            },
            "prefix": null
          },
          "private": "bnVsbA=="
        },
        {
          "index_key": 697,
          "schema_version": 0,
          "attributes": {
            "b64": "dWs",
            "b64_std": "dWs=",
            "b64_url": "dWs",
            "byte_length": 2,
            "dec": "30059",
            "hex": "756b",
            "id": "dWs",
            "keepers": {
              "force": "58193d52-2d37-d0c5-e766-e9d916acd6ce"
            },
            "prefix": null
          },
          "private": "bnVsbA=="
        },
        {
          "index_key": 698,
          "schema_version": 0,
          "attributes": {
            "b64": "In0",
            "b64_std": "In0=",
            "b64_url": "In0",
            "byte_length": 2,
            "dec": "8829",
            "hex": "227d",
            "id": "In0",
            "keepers": {
              "force": "a6e5e4ff-523c-e3e0-74e2-73652ee1330a"
            },
            "prefix": null
          },
          "private": "bnVsbA=="
        },
        {
          "index_key": 699,
          "schema_version": 0,
          "attributes": {
            "b64": "LhQ",
            "b64_std": "LhQ=",
            "b64_url": "LhQ",
            "byte_length": 2,
            "dec": "11796",
            "hex": "2e14",
            "id": "LhQ",
            "keepers": {
              "force": "f28afdd5-9dec-682b-78d1-79af24c5b22b"
            },
            "prefix": null
          },
          "private": "bnVsbA=="
        },
        {
          "index_key": 700,
          "schema_version": 0,
          "attributes": {
            "b64": "WCo",
            "b64_std": "WCo=",
            "b64_url": "WCo",
            "byte_length": 2,
            "dec": "22570",
            "hex": "582a",
            "id": "WCo",
            "keepers": {
              "force": "4f033607-dc48-ae17-f1a2-860b3434f78d"
            },
            "prefix": null
          },
          "private": "bnVsbA=="
        },
        {
          "index_key": 701,
          "schema_version": 0,
          "attributes": {
            "b64": "2Q4",
            "b64_std": "2Q4=",
            "b64_url": "2Q4",
            "byte_length": 2,
            "dec": "55566",
            "hex": "d90e",
            "id": "2Q4",
            "keepers": {
              "force": "f3666c88-59c7-4deb-3553-94ff5de25047"
            },
            "prefix": null
          },
          "private": "bnVsbA=="
        },
        {
          "index_key": 702,
          "schema_version": 0,
          "attributes": {
            "b64": "Ufg",
            "b64_std": "Ufg=",
            "b64_url": "Ufg",
            "byte_length": 2,
            "dec": "20984",
            "hex": "51f8",
            "id": "Ufg",
            "keepers": {
              "force": "82d4a851-a305-705a-5481-b15f9489e550"
            },
            "prefix": null
          },
          "private": "bnVsbA=="
        },
        {
          "index_key": 703,
          "schema_version": 0,
          "attributes": {
            "b64": "jC0",
            "b64_std": "jC0=",
            "b64_url": "jC0",
            "byte_length": 2,
            "dec": "35885",
            "hex": "8c2d",
            "id": "jC0",
            "keepers": {
              "force": "da7b4fef-7736-45c4-cd9c-bf151a60756e"
            },
            "prefix": null
          },
          "private": "bnVsbA=="
        },
        {
          "index_key": 704,
          "schema_version": 0,
          "attributes": {
            "b64": "w70",
            "b64_std": "w70=",
            "b64_url": "w70",
            "byte_length": 2,
            "dec": "50109",
            "hex": "c3bd",
            "id": "w70",
            "keepers": {
              "force": "d6a6bf05-d074-ce27-f469-3fa2971a9c5f"
            },
            "prefix": null
          },
          "private": "bnVsbA=="
        },
        {
          "index_key": 705,
          "schema_version": 0,
          "attributes": {
            "b64": "fu4",
            "b64_std": "fu4=",
            "b64_url": "fu4",
            "byte_length": 2,
            "dec": "32494",
            "hex": "7eee",
            "id": "fu4",
            "keepers": {
              "force": "efd0c59e-4839-f7db-704d-53c87975a4af"
            },
            "prefix": null
          },
          "private": "bnVsbA=="
        },
        {
          "index_key": 706,
          "schema_version": 0,
          "attributes": {
            "b64": "Em4",
            "b64_std": "Em4=",
            "b64_url": "Em4",
            "byte_length": 2,
            "dec": "4718",
            "hex": "126e",
            "id": "Em4",
            "keepers": {
              "force": "3e1d4444-a74d-dbfe-5a54-b166e5ced1bd"
            },
            "prefix": null
          },
          "private": "bnVsbA=="
        },
        {
          "index_key": 707,
          "schema_version": 0,
          "attributes": {
            "b64": "XaQ",
            "b64_std": "XaQ=",
            "b64_url": "XaQ",
            "byte_length": 2,
            "dec": "23972",
            "hex": "5da4",
            "id": "XaQ",
            "keepers": {
              "force": "dfffc4a1-4be3-1778-af7c-5e03f5a534e6"
            },
            "prefix": null
          },
          "private": "bnVsbA=="
        },
        {
          "index_key": 708,
          "schema_version": 0,
          "attributes": {
            "b64": "m70",
            "b64_std": "m70=",
            "b64_url": "m70",
            "byte_length": 2,
            "dec": "39869",
            "hex": "9bbd",
            "id": "m70",
            "keepers": {
              "force": "7d3fbf1a-f4fa-20a0-787b-4645ff67cda7"
            },
            "prefix": null
          },
          "private": "bnVsbA=="
        },
        {
          "index_key": 709,
          "schema_version": 0,
          "attributes": {
            "b64": "Xbk",
            "b64_std": "Xbk=",
            "b64_url": "Xbk",
            "byte_length": 2,
            "dec": "23993",
            "hex": "5db9",
            "id": "Xbk",
            "keepers": {
              "force": "66e9863b-7907-645d-1253-4bd975a545de"
            },
            "prefix": null
          },
          "private": "bnVsbA=="
        },
        {
          "index_key": 710,
          "schema_version": 0,
          "attributes": {
            "b64": "Ocg",
            "b64_std": "Ocg=",
            "b64_url": "Ocg",
            "byte_length": 2,
            "dec": "14792",
            "hex": "39c8",
            "id": "Ocg",
            "keepers": {
              "force": "346613ac-323d-5109-7d88-c1b1e1e79c72"
            },
            "prefix": null
          },
          "private": "bnVsbA=="
        },
        {
          "index_key": 711,
          "schema_version": 0,
          "attributes": {
            "b64": "sLU",
            "b64_std": "sLU=",
            "b64_url": "sLU",
            "byte_length": 2,
            "dec": "45237",
            "hex": "b0b5",
            "id": "sLU",
            "keepers": {
              "force": "ed82a298-fde2-2242-a345-ba0d6b67ead5"
            },
            "prefix": null
          },
          "private": "bnVsbA=="
        },
        {
          "index_key": 712,
          "schema_version": 0,
          "attributes": {
            "b64": "v0k",
            "b64_std": "v0k=",
            "b64_url": "v0k",
            "byte_length": 2,
            "dec": "48969",
            "hex": "bf49",
            "id": "v0k",
            "keepers": {
              "force": "ecb95903-571b-6e71-6d21-f6ab0f11bdff"
            },
            "prefix": null
          },
          "private": "bnVsbA=="
        },
        {
          "index_key": 713,
          "schema_version": 0,
          "attributes": {
            "b64": "2xQ",
            "b64_std": "2xQ=",
            "b64_url": "2xQ",
            "byte_length": 2,
            "dec": "56084",
            "hex": "db14",
            "id": "2xQ",
            "keepers": {
              "force": "6c9d5444-7c2b-ef55-324d-469a71c41511"
            },
            "prefix": null
          },
          "private": "bnVsbA=="
        },
        {
          "index_key": 714,
          "schema_version": 0,
          "attributes": {
            "b64": "8fQ",
            "b64_std": "8fQ=",
            "b64_url": "8fQ",
            "byte_length": 2,
            "dec": "61940",
            "hex": "f1f4",
            "id": "8fQ",
            "keepers": {
              "force": "2e0cc81c-12ac-5477-9f6d-c3152699a602"
            },
            "prefix": null
          },
          "private": "bnVsbA=="
        },
        {
          "index_key": 715,
          "schema_version": 0,
          "attributes": {
            "b64": "bxE",
            "b64_std": "bxE=",
            "b64_url": "bxE",
            "byte_length": 2,
            "dec": "28433",
            "hex": "6f11",
            "id": "bxE",
            "keepers": {
              "force": "0fdde751-419a-e722-78a2-17148bb29962"
            },
            "prefix": null
          },
          "private": "bnVsbA=="
        },
        {
          "index_key": 716,
          "schema_version": 0,
          "attributes": {
            "b64": "azA",
            "b64_std": "azA=",
            "b64_url": "azA",
            "byte_length": 2,
            "dec": "27440",
            "hex": "6b30",
            "id": "azA",
            "keepers": {
              "force": "ec1a34a2-25f6-3df6-d2d0-a25d90ce1a26"
            },
            "prefix": null
          },
          "private": "bnVsbA=="
        },
        {
          "index_key": 717,
          "schema_version": 0,
          "attributes": {
            "b64": "VDw",
            "b64_std": "VDw=",
            "b64_url": "VDw",
            "byte_length": 2,
            "dec": "21564",
            "hex": "543c",
            "id": "VDw",
            "keepers": {
              "force": "32247205-a225-79af-8c8c-e20cee3db84c"
            },
            "prefix": null
          },
          "private": "bnVsbA=="
        },
        {
          "index_key": 718,
          "schema_version": 0,
          "attributes": {
            "b64": "0U8",
            "b64_std": "0U8=",
            "b64_url": "0U8",
            "byte_length": 2,
            "dec": "53583",
            "hex": "d14f",
            "id": "0U8",
            "keepers": {
              "force": "bdf82cce-ee9a-09ea-bcc3-66f7b6eec639"
            },
            "prefix": null
          },
          "private": "bnVsbA=="
        },
        {
          "index_key": 719,
          "schema_version": 0,
          "attributes": {
            "b64": "Y-E",
            "b64_std": "Y+E=",
            "b64_url": "Y-E",
            "byte_length": 2,
            "dec": "25569",
            "hex": "63e1",
            "id": "Y-E",
            "keepers": {
              "force": "bd44e474-b703-01a6-6ce0-7313382725aa"
            },
            "prefix": null
          },
          "private": "bnVsbA=="
        },
        {
          "index_key": 720,
          "schema_version": 0,
          "attributes": {
            "b64": "NZ8",
            "b64_std": "NZ8=",
            "b64_url": "NZ8",
            "byte_length": 2,
            "dec": "13727",
            "hex": "359f",
            "id": "NZ8",
            "keepers": {
              "force": "5f2eb297-7d2a-33d8-2b15-f34e0bd4a475"
            },
            "prefix": null
          },
          "private": "bnVsbA=="
        },
        {
          "index_key": 721,
          "schema_version": 0,
          "attributes": {
            "b64": "tHI",
            "b64_std": "tHI=",
            "b64_url": "tHI",
            "byte_length": 2,
            "dec": "46194",
            "hex": "b472",
            "id": "tHI",
            "keepers": {
              "force": "e8a86936-debf-2fe6-496a-19cd021f47ff"
            },
            "prefix": null
          },
          "private": "bnVsbA=="
        },
        {
          "index_key": 722,
          "schema_version": 0,
          "attributes": {
            "b64": "l18",
            "b64_std": "l18=",
            "b64_url": "l18",
            "byte_length": 2,
            "dec": "38751",
            "hex": "975f",
            "id": "l18",
            "keepers": {
              "force": "113e860f-120c-ff27-481c-c83059e7193d"
            },
            "prefix": null
          },
          "private": "bnVsbA=="
        },
        {
          "index_key": 723,
          "schema_version": 0,
          "attributes": {
            "b64": "k5Y",
            "b64_std": "k5Y=",
            "b64_url": "k5Y",
            "byte_length": 2,
            "dec": "37782",
            "hex": "9396",
            "id": "k5Y",
            "keepers": {
              "force": "0ee66aac-924d-7c29-5a63-0a51ea6dc9c9"
            },
            "prefix": null
          },
          "private": "bnVsbA=="
        },
        {
          "index_key": 724,
          "schema_version": 0,
          "attributes": {
            "b64": "k1w",
            "b64_std": "k1w=",
            "b64_url": "k1w",
            "byte_length": 2,
            "dec": "37724",
            "hex": "935c",
            "id": "k1w",
            "keepers": {
              "force": "f5ac663a-4722-e8bc-da1e-13589eddb193"
            },
            "prefix": null
          },
          "private": "bnVsbA=="
        },
        {
          "index_key": 725,
          "schema_version": 0,
          "attributes": {
            "b64": "CKM",
            "b64_std": "CKM=",
            "b64_url": "CKM",
            "byte_length": 2,
            "dec": "2211",
            "hex": "08a3",
            "id": "CKM",
            "keepers": {
              "force": "4c7bdfb2-4fcb-a066-41c8-0f9a973661fa"
            },
            "prefix": null
          },
          "private": "bnVsbA=="
        },
        {
          "index_key": 726,
          "schema_version": 0,
          "attributes": {
            "b64": "6s0",
            "b64_std": "6s0=",
            "b64_url": "6s0",
            "byte_length": 2,
            "dec": "60109",
            "hex": "eacd",
            "id": "6s0",
            "keepers": {
              "force": "983b08a6-55e1-31c4-1791-3b36cf22cb1d"
            },
            "prefix": null
          },
          "private": "bnVsbA=="
        },
        {
          "index_key": 727,
          "schema_version": 0,
          "attributes": {
            "b64": "SP4",
            "b64_std": "SP4=",
            "b64_url": "SP4",
            "byte_length": 2,
            "dec": "18686",
            "hex": "48fe",
            "id": "SP4",
            "keepers": {
              "force": "6dfb9f03-5e63-4e14-0ed5-467229e933ae"
            },
            "prefix": null
          },
          "private": "bnVsbA=="
        },
        {
          "index_key": 728,
          "schema_version": 0,
          "attributes": {
            "b64": "wc0",
            "b64_std": "wc0=",
            "b64_url": "wc0",
            "byte_length": 2,
            "dec": "49613",
            "hex": "c1cd",
            "id": "wc0",
            "keepers": {
              "force": "27468243-2817-3828-14e1-dc16d4eea81a"
            },
            "prefix": null
          },
          "private": "bnVsbA=="
        },
        {
          "index_key": 729,
          "schema_version": 0,
          "attributes": {
            "b64": "v3I",
            "b64_std": "v3I=",
            "b64_url": "v3I",
            "byte_length": 2,
            "dec": "49010",
            "hex": "bf72",
            "id": "v3I",
            "keepers": {
              "force": "eb2d1fd0-143d-a7c7-58cd-c07bb6a5639d"
            },
            "prefix": null
          },
          "private": "bnVsbA=="
        },
        {
          "index_key": 730,
          "schema_version": 0,
          "attributes": {
            "b64": "eJw",
            "b64_std": "eJw=",
            "b64_url": "eJw",
            "byte_length": 2,
            "dec": "30876",
            "hex": "789c",
            "id": "eJw",
            "keepers": {
              "force": "f28e2b8a-a0b2-18b0-8c4e-b15f304e5dd7"
            },
            "prefix": null
          },
          "private": "bnVsbA=="
        },
        {
          "index_key": 731,
          "schema_version": 0,
          "attributes": {
            "b64": "LvY",
            "b64_std": "LvY=",
            "b64_url": "LvY",
            "byte_length": 2,
            "dec": "12022",
            "hex": "2ef6",
            "id": "LvY",
            "keepers": {
              "force": "7effecda-b98e-54d2-63ce-17a7b18da68c"
            },
            "prefix": null
          },
          "private": "bnVsbA=="
        },
        {
          "index_key": 732,
          "schema_version": 0,
          "attributes": {
            "b64": "yok",
            "b64_std": "yok=",
            "b64_url": "yok",
            "byte_length": 2,
            "dec": "51849",
            "hex": "ca89",
            "id": "yok",
            "keepers": {
              "force": "3ad914e5-e319-e449-f544-5e0ac6a0ab64"
            },
            "prefix": null
          },
          "private": "bnVsbA=="
        },
        {
          "index_key": 733,
          "schema_version": 0,
          "attributes": {
            "b64": "yog",
            "b64_std": "yog=",
            "b64_url": "yog",
            "byte_length": 2,
            "dec": "51848",
            "hex": "ca88",
            "id": "yog",
            "keepers": {
              "force": "49ed3bd6-5c51-bcc3-61ce-413018434822"
            },
            "prefix": null
          },
          "private": "bnVsbA=="
        },
        {
          "index_key": 734,
          "schema_version": 0,
          "attributes": {
            "b64": "eY8",
            "b64_std": "eY8=",
            "b64_url": "eY8",
            "byte_length": 2,
            "dec": "31119",
            "hex": "798f",
            "id": "eY8",
            "keepers": {
              "force": "14d581b6-1717-dfcd-dec8-c7d3aed28c65"
            },
            "prefix": null
          },
          "private": "bnVsbA=="
        },
        {
          "index_key": 735,
          "schema_version": 0,
          "attributes": {
            "b64": "8iI",
            "b64_std": "8iI=",
            "b64_url": "8iI",
            "byte_length": 2,
            "dec": "61986",
            "hex": "f222",
            "id": "8iI",
            "keepers": {
              "force": "0d88effb-e202-6604-b23b-c93e67be1094"
            },
            "prefix": null
          },
          "private": "bnVsbA=="
        },
        {
          "index_key": 736,
          "schema_version": 0,
          "attributes": {
            "b64": "jOs",
            "b64_std": "jOs=",
            "b64_url": "jOs",
            "byte_length": 2,
            "dec": "36075",
            "hex": "8ceb",
            "id": "jOs",
            "keepers": {
              "force": "393b279d-b648-e5e5-6c22-31f7c775fc04"
            },
            "prefix": null
          },
          "private": "bnVsbA=="
        },
        {
          "index_key": 737,
          "schema_version": 0,
          "attributes": {
            "b64": "GPY",
            "b64_std": "GPY=",
            "b64_url": "GPY",
            "byte_length": 2,
            "dec": "6390",
            "hex": "18f6",
            "id": "GPY",
            "keepers": {
              "force": "ec60dc2f-943d-16be-26ce-7bb95a5cabf6"
            },
            "prefix": null
          },
          "private": "bnVsbA=="
        },
        {
          "index_key": 738,
          "schema_version": 0,
          "attributes": {
            "b64": "gsw",
            "b64_std": "gsw=",
            "b64_url": "gsw",
            "byte_length": 2,
            "dec": "33484",
            "hex": "82cc",
            "id": "gsw",
            "keepers": {
              "force": "a719603f-4d58-761f-cc3d-a77ae84d01e2"
            },
            "prefix": null
          },
          "private": "bnVsbA=="
        },
        {
          "index_key": 739,
          "schema_version": 0,
          "attributes": {
            "b64": "kOs",
            "b64_std": "kOs=",
            "b64_url": "kOs",
            "byte_length": 2,
            "dec": "37099",
            "hex": "90eb",
            "id": "kOs",
            "keepers": {
              "force": "27d72d15-fcc5-56d4-3d32-e1eb56cc7ba7"
            },
            "prefix": null
          },
          "private": "bnVsbA=="
        },
        {
          "index_key": 740,
          "schema_version": 0,
          "attributes": {
            "b64": "WoE",
            "b64_std": "WoE=",
            "b64_url": "WoE",
            "byte_length": 2,
            "dec": "23169",
            "hex": "5a81",
            "id": "WoE",
            "keepers": {
              "force": "2a15b4a6-7207-4aee-ce85-639d3ecef4ad"
            },
            "prefix": null
          },
          "private": "bnVsbA=="
        },
        {
          "index_key": 741,
          "schema_version": 0,
          "attributes": {
            "b64": "OfE",
            "b64_std": "OfE=",
            "b64_url": "OfE",
            "byte_length": 2,
            "dec": "14833",
            "hex": "39f1",
            "id": "OfE",
            "keepers": {
              "force": "4097fbdd-3135-101f-9492-e79904bdaee2"
            },
            "prefix": null
          },
          "private": "bnVsbA=="
        },
        {
          "index_key": 742,
          "schema_version": 0,
          "attributes": {
            "b64": "C_s",
            "b64_std": "C/s=",
            "b64_url": "C_s",
            "byte_length": 2,
            "dec": "3067",
            "hex": "0bfb",
            "id": "C_s",
            "keepers": {
              "force": "78e204cd-7ac9-62f0-2ba0-9f33e5fbc169"
            },
            "prefix": null
          },
          "private": "bnVsbA=="
        },
        {
          "index_key": 743,
          "schema_version": 0,
          "attributes": {
            "b64": "as0",
            "b64_std": "as0=",
            "b64_url": "as0",
            "byte_length": 2,
            "dec": "27341",
            "hex": "6acd",
            "id": "as0",
            "keepers": {
              "force": "fa377faa-d048-2959-cd85-befe9e80c30d"
            },
            "prefix": null
          },
          "private": "bnVsbA=="
        },
        {
          "index_key": 744,
          "schema_version": 0,
          "attributes": {
            "b64": "Bnk",
            "b64_std": "Bnk=",
            "b64_url": "Bnk",
            "byte_length": 2,
            "dec": "1657",
            "hex": "0679",
            "id": "Bnk",
            "keepers": {
              "force": "77bac8a2-b296-df82-2778-0df33a5570a9"
            },
            "prefix": null
          },
          "private": "bnVsbA=="
        },
        {
          "index_key": 745,
          "schema_version": 0,
          "attributes": {
            "b64": "xSc",
            "b64_std": "xSc=",
            "b64_url": "xSc",
            "byte_length": 2,
            "dec": "50471",
            "hex": "c527",
            "id": "xSc",
            "keepers": {
              "force": "6d3d0f7b-6f7b-2dc4-bad4-57625f2450e7"
            },
            "prefix": null
          },
          "private": "bnVsbA=="
        },
        {
          "index_key": 746,
          "schema_version": 0,
          "attributes": {
            "b64": "Vp8",
            "b64_std": "Vp8=",
            "b64_url": "Vp8",
            "byte_length": 2,
            "dec": "22175",
            "hex": "569f",
            "id": "Vp8",
            "keepers": {
              "force": "5bf3c821-f1c3-ada2-7d08-edc12dd4a5bf"
            },
            "prefix": null
          },
          "private": "bnVsbA=="
        },
        {
          "index_key": 747,
          "schema_version": 0,
          "attributes": {
            "b64": "Sjk",
            "b64_std": "Sjk=",
            "b64_url": "Sjk",
            "byte_length": 2,
            "dec": "19001",
            "hex": "4a39",
            "id": "Sjk",
            "keepers": {
              "force": "220d68a1-61c4-03d7-ceb2-d49906e98004"
            },
            "prefix": null
          },
          "private": "bnVsbA=="
        },
        {
          "index_key": 748,
          "schema_version": 0,
          "attributes": {
            "b64": "yaw",
            "b64_std": "yaw=",
            "b64_url": "yaw",
            "byte_length": 2,
            "dec": "51628",
            "hex": "c9ac",
            "id": "yaw",
            "keepers": {
              "force": "4f9b4c21-3225-b436-0837-5882cadd7725"
            },
            "prefix": null
          },
          "private": "bnVsbA=="
        },
        {
          "index_key": 749,
          "schema_version": 0,
          "attributes": {
            "b64": "q-k",
            "b64_std": "q+k=",
            "b64_url": "q-k",
            "byte_length": 2,
            "dec": "44009",
            "hex": "abe9",
            "id": "q-k",
            "keepers": {
              "force": "5065d50a-c06c-fbc5-0143-53690a63474a"
            },
            "prefix": null
          },
          "private": "bnVsbA=="
        },
        {
          "index_key": 750,
          "schema_version": 0,
          "attributes": {
            "b64": "e9c",
            "b64_std": "e9c=",
            "b64_url": "e9c",
            "byte_length": 2,
            "dec": "31703",
            "hex": "7bd7",
            "id": "e9c",
            "keepers": {
              "force": "cce394fd-b4eb-16c7-506a-ce137dab6462"
            },
            "prefix": null
          },
          "private": "bnVsbA=="
        },
        {
          "index_key": 751,
          "schema_version": 0,
          "attributes": {
            "b64": "8lo",
            "b64_std": "8lo=",
            "b64_url": "8lo",
            "byte_length": 2,
            "dec": "62042",
            "hex": "f25a",
            "id": "8lo",
            "keepers": {
              "force": "a27e7d7e-a15a-b8dc-38f0-5cc94d1c1ac1"
            },
            "prefix": null
          },
          "private": "bnVsbA=="
        },
        {
          "index_key": 752,
          "schema_version": 0,
          "attributes": {
            "b64": "C9o",
            "b64_std": "C9o=",
            "b64_url": "C9o",
            "byte_length": 2,
            "dec": "3034",
            "hex": "0bda",
            "id": "C9o",
            "keepers": {
              "force": "f1578b16-cfde-71e4-37d1-43de6fc5f8ef"
            },
            "prefix": null
          },
          "private": "bnVsbA=="
        },
        {
          "index_key": 753,
          "schema_version": 0,
          "attributes": {
            "b64": "2Yo",
            "b64_std": "2Yo=",
            "b64_url": "2Yo",
            "byte_length": 2,
            "dec": "55690",
            "hex": "d98a",
            "id": "2Yo",
            "keepers": {
              "force": "91867985-3b66-46c7-9bf4-f4ea4b1260bd"
            },
            "prefix": null
          },
          "private": "bnVsbA=="
        },
        {
          "index_key": 754,
          "schema_version": 0,
          "attributes": {
            "b64": "ijc",
            "b64_std": "ijc=",
            "b64_url": "ijc",
            "byte_length": 2,
            "dec": "35383",
            "hex": "8a37",
            "id": "ijc",
            "keepers": {
              "force": "16d30bc9-470b-dcd2-8d2b-154137af7e1d"
            },
            "prefix": null
          },
          "private": "bnVsbA=="
        },
        {
          "index_key": 755,
          "schema_version": 0,
          "attributes": {
            "b64": "rsI",
            "b64_std": "rsI=",
            "b64_url": "rsI",
            "byte_length": 2,
            "dec": "44738",
            "hex": "aec2",
            "id": "rsI",
            "keepers": {
              "force": "57fd1415-c2af-d25e-94c0-670709fb92f8"
            },
            "prefix": null
          },
          "private": "bnVsbA=="
        },
        {
          "index_key": 756,
          "schema_version": 0,
          "attributes": {
            "b64": "dnE",
            "b64_std": "dnE=",
            "b64_url": "dnE",
            "byte_length": 2,
            "dec": "30321",
            "hex": "7671",
            "id": "dnE",
            "keepers": {
              "force": "bc7fd1cf-e3d7-5bf6-772f-8e519b40bc2a"
            },
            "prefix": null
          },
          "private": "bnVsbA=="
        },
        {
          "index_key": 757,
          "schema_version": 0,
          "attributes": {
            "b64": "slg",
            "b64_std": "slg=",
            "b64_url": "slg",
            "byte_length": 2,
            "dec": "45656",
            "hex": "b258",
            "id": "slg",
            "keepers": {
              "force": "604a71bd-0d8d-1781-684b-19881f92e5cd"
            },
            "prefix": null
          },
          "private": "bnVsbA=="
        },
        {
          "index_key": 758,
          "schema_version": 0,
          "attributes": {
            "b64": "GrA",
            "b64_std": "GrA=",
            "b64_url": "GrA",
            "byte_length": 2,
            "dec": "6832",
            "hex": "1ab0",
            "id": "GrA",
            "keepers": {
              "force": "44a503e4-e0e2-ecf6-3b7f-df5855165d9d"
            },
            "prefix": null
          },
          "private": "bnVsbA=="
        },
        {
          "index_key": 759,
          "schema_version": 0,
          "attributes": {
            "b64": "Dgk",
            "b64_std": "Dgk=",
            "b64_url": "Dgk",
            "byte_length": 2,
            "dec": "3593",
            "hex": "0e09",
            "id": "Dgk",
            "keepers": {
              "force": "d48c02e6-1cae-db30-39ef-9bb1f81ba51d"
            },
            "prefix": null
          },
          "private": "bnVsbA=="
        },
        {
          "index_key": 760,
          "schema_version": 0,
          "attributes": {
            "b64": "N4g",
            "b64_std": "N4g=",
            "b64_url": "N4g",
            "byte_length": 2,
            "dec": "14216",
            "hex": "3788",
            "id": "N4g",
            "keepers": {
              "force": "666039c4-9790-2462-d263-0477da3c222c"
            },
            "prefix": null
          },
          "private": "bnVsbA=="
        },
        {
          "index_key": 761,
          "schema_version": 0,
          "attributes": {
            "b64": "08Q",
            "b64_std": "08Q=",
            "b64_url": "08Q",
            "byte_length": 2,
            "dec": "54212",
            "hex": "d3c4",
            "id": "08Q",
            "keepers": {
              "force": "cc2492df-57bc-f01b-a30c-3d84fea0cf4d"
            },
            "prefix": null
          },
          "private": "bnVsbA=="
        },
        {
          "index_key": 762,
          "schema_version": 0,
          "attributes": {
            "b64": "uSc",
            "b64_std": "uSc=",
            "b64_url": "uSc",
            "byte_length": 2,
            "dec": "47399",
            "hex": "b927",
            "id": "uSc",
            "keepers": {
              "force": "9082d684-69a5-5345-a396-363be7d05138"
            },
            "prefix": null
          },
          "private": "bnVsbA=="
        },
        {
          "index_key": 763,
          "schema_version": 0,
          "attributes": {
            "b64": "kOA",
            "b64_std": "kOA=",
            "b64_url": "kOA",
            "byte_length": 2,
            "dec": "37088",
            "hex": "90e0",
            "id": "kOA",
            "keepers": {
              "force": "b9df45ae-08d4-ac02-d283-4166fa46c922"
            },
            "prefix": null
          },
          "private": "bnVsbA=="
        },
        {
          "index_key": 764,
          "schema_version": 0,
          "attributes": {
            "b64": "bho",
            "b64_std": "bho=",
            "b64_url": "bho",
            "byte_length": 2,
            "dec": "28186",
            "hex": "6e1a",
            "id": "bho",
            "keepers": {
              "force": "60ecd8ca-8ced-7f44-5a3c-2dd6787bfd0b"
            },
            "prefix": null
          },
          "private": "bnVsbA=="
        },
        {
          "index_key": 765,
          "schema_version": 0,
          "attributes": {
            "b64": "o6w",
            "b64_std": "o6w=",
            "b64_url": "o6w",
            "byte_length": 2,
            "dec": "41900",
            "hex": "a3ac",
            "id": "o6w",
            "keepers": {
              "force": "1e4af723-60b2-87f8-044c-f97c3e742b4d"
            },
            "prefix": null
          },
          "private": "bnVsbA=="
        },
        {
          "index_key": 766,
          "schema_version": 0,
          "attributes": {
            "b64": "Ftk",
            "b64_std": "Ftk=",
            "b64_url": "Ftk",
            "byte_length": 2,
            "dec": "5849",
            "hex": "16d9",
            "id": "Ftk",
            "keepers": {
              "force": "0853eeea-a954-533b-18b6-6575c0072b50"
            },
            "prefix": null
          },
          "private": "bnVsbA=="
        },
        {
          "index_key": 767,
          "schema_version": 0,
          "attributes": {
            "b64": "8YQ",
            "b64_std": "8YQ=",
            "b64_url": "8YQ",
            "byte_length": 2,
            "dec": "61828",
            "hex": "f184",
            "id": "8YQ",
            "keepers": {
              "force": "f75b717f-f8e9-8b42-cc5f-136cd82e0d7a"
            },
            "prefix": null
          },
          "private": "bnVsbA=="
        },
        {
          "index_key": 768,
          "schema_version": 0,
          "attributes": {
            "b64": "Guw",
            "b64_std": "Guw=",
            "b64_url": "Guw",
            "byte_length": 2,
            "dec": "6892",
            "hex": "1aec",
            "id": "Guw",
            "keepers": {
              "force": "e16797a0-8ef2-87a2-a5bb-a54cb4c5b0d5"
            },
            "prefix": null
          },
          "private": "bnVsbA=="
        },
        {
          "index_key": 769,
          "schema_version": 0,
          "attributes": {
            "b64": "SnQ",
            "b64_std": "SnQ=",
            "b64_url": "SnQ",
            "byte_length": 2,
            "dec": "19060",
            "hex": "4a74",
            "id": "SnQ",
            "keepers": {
              "force": "7bbc9528-7b84-af22-0069-e263a4e5eb14"
            },
            "prefix": null
          },
          "private": "bnVsbA=="
        },
        {
          "index_key": 770,
          "schema_version": 0,
          "attributes": {
            "b64": "1ms",
            "b64_std": "1ms=",
            "b64_url": "1ms",
            "byte_length": 2,
            "dec": "54891",
            "hex": "d66b",
            "id": "1ms",
            "keepers": {
              "force": "60ed8c06-dfe6-cdc5-b0e2-49c1c87ec9ad"
            },
            "prefix": null
          },
          "private": "bnVsbA=="
        },
        {
          "index_key": 771,
          "schema_version": 0,
          "attributes": {
            "b64": "oto",
            "b64_std": "oto=",
            "b64_url": "oto",
            "byte_length": 2,
            "dec": "41690",
            "hex": "a2da",
            "id": "oto",
            "keepers": {
              "force": "977c90b8-0e6b-2a71-0e4c-95542c8613d4"
            },
            "prefix": null
          },
          "private": "bnVsbA=="
        },
        {
          "index_key": 772,
          "schema_version": 0,
          "attributes": {
            "b64": "yvQ",
            "b64_std": "yvQ=",
            "b64_url": "yvQ",
            "byte_length": 2,
            "dec": "51956",
            "hex": "caf4",
            "id": "yvQ",
            "keepers": {
              "force": "93e09dfd-0448-19ba-831b-9663fa23ddb6"
            },
            "prefix": null
          },
          "private": "bnVsbA=="
        },
        {
          "index_key": 773,
          "schema_version": 0,
          "attributes": {
            "b64": "mkQ",
            "b64_std": "mkQ=",
            "b64_url": "mkQ",
            "byte_length": 2,
            "dec": "39492",
            "hex": "9a44",
            "id": "mkQ",
            "keepers": {
              "force": "822da563-4e75-9e32-cdfa-273f8b555c5b"
            },
            "prefix": null
          },
          "private": "bnVsbA=="
        },
        {
          "index_key": 774,
          "schema_version": 0,
          "attributes": {
            "b64": "b6g",
            "b64_std": "b6g=",
            "b64_url": "b6g",
            "byte_length": 2,
            "dec": "28584",
            "hex": "6fa8",
            "id": "b6g",
            "keepers": {
              "force": "953c77a0-2b82-a0d8-b69b-116dad7cb0e8"
            },
            "prefix": null
          },
          "private": "bnVsbA=="
        },
        {
          "index_key": 775,
          "schema_version": 0,
          "attributes": {
            "b64": "9nk",
            "b64_std": "9nk=",
            "b64_url": "9nk",
            "byte_length": 2,
            "dec": "63097",
            "hex": "f679",
            "id": "9nk",
            "keepers": {
              "force": "4f3ad385-b94e-c585-92e7-0f6f8add087b"
            },
            "prefix": null
          },
          "private": "bnVsbA=="
        },
        {
          "index_key": 776,
          "schema_version": 0,
          "attributes": {
            "b64": "yww",
            "b64_std": "yww=",
            "b64_url": "yww",
            "byte_length": 2,
            "dec": "51980",
            "hex": "cb0c",
            "id": "yww",
            "keepers": {
              "force": "8acdcdd6-41f0-2baf-a16e-9600a47a87e8"
            },
            "prefix": null
          },
          "private": "bnVsbA=="
        },
        {
          "index_key": 777,
          "schema_version": 0,
          "attributes": {
            "b64": "w3I",
            "b64_std": "w3I=",
            "b64_url": "w3I",
            "byte_length": 2,
            "dec": "50034",
            "hex": "c372",
            "id": "w3I",
            "keepers": {
              "force": "bba5e0e3-5fe0-6387-3e54-369f11015192"
            },
            "prefix": null
          },
          "private": "bnVsbA=="
        },
        {
          "index_key": 778,
          "schema_version": 0,
          "attributes": {
            "b64": "qZE",
            "b64_std": "qZE=",
            "b64_url": "qZE",
            "byte_length": 2,
            "dec": "43409",
            "hex": "a991",
            "id": "qZE",
            "keepers": {
              "force": "53a47d8d-1d71-8b6d-5040-9c311c751b3e"
            },
            "prefix": null
          },
          "private": "bnVsbA=="
        },
        {
          "index_key": 779,
          "schema_version": 0,
          "attributes": {
            "b64": "HJU",
            "b64_std": "HJU=",
            "b64_url": "HJU",
            "byte_length": 2,
            "dec": "7317",
            "hex": "1c95",
            "id": "HJU",
            "keepers": {
              "force": "9f3edc1d-d310-6a66-aa2b-48f6a58bde20"
            },
            "prefix": null
          },
          "private": "bnVsbA=="
        },
        {
          "index_key": 780,
          "schema_version": 0,
          "attributes": {
            "b64": "5YE",
            "b64_std": "5YE=",
            "b64_url": "5YE",
            "byte_length": 2,
            "dec": "58753",
            "hex": "e581",
            "id": "5YE",
            "keepers": {
              "force": "262737af-7502-1bf6-adab-0615244ed663"
            },
            "prefix": null
          },
          "private": "bnVsbA=="
        },
        {
          "index_key": 781,
          "schema_version": 0,
          "attributes": {
            "b64": "sqk",
            "b64_std": "sqk=",
            "b64_url": "sqk",
            "byte_length": 2,
            "dec": "45737",
            "hex": "b2a9",
            "id": "sqk",
            "keepers": {
              "force": "a46e5ca9-e936-bdd5-670b-ac567d184b0a"
            },
            "prefix": null
          },
          "private": "bnVsbA=="
        },
        {
          "index_key": 782,
          "schema_version": 0,
          "attributes": {
            "b64": "J-E",
            "b64_std": "J+E=",
            "b64_url": "J-E",
            "byte_length": 2,
            "dec": "10209",
            "hex": "27e1",
            "id": "J-E",
            "keepers": {
              "force": "c2aa3fa6-17a8-48e4-134b-af9a950fdaae"
            },
            "prefix": null
          },
          "private": "bnVsbA=="
        },
        {
          "index_key": 783,
          "schema_version": 0,
          "attributes": {
            "b64": "Bjc",
            "b64_std": "Bjc=",
            "b64_url": "Bjc",
            "byte_length": 2,
            "dec": "1591",
            "hex": "0637",
            "id": "Bjc",
            "keepers": {
              "force": "c83234ad-24b3-8b32-d2bc-4f3acaea76f9"
            },
            "prefix": null
          },
          "private": "bnVsbA=="
        },
        {
          "index_key": 784,
          "schema_version": 0,
          "attributes": {
            "b64": "-RI",
            "b64_std": "+RI=",
            "b64_url": "-RI",
            "byte_length": 2,
            "dec": "63762",
            "hex": "f912",
            "id": "-RI",
            "keepers": {
              "force": "f6eda97e-74b6-bea6-fded-45ff4f3e9ebe"
            },
            "prefix": null
          },
          "private": "bnVsbA=="
        },
        {
          "index_key": 785,
          "schema_version": 0,
          "attributes": {
            "b64": "cG0",
            "b64_std": "cG0=",
            "b64_url": "cG0",
            "byte_length": 2,
            "dec": "28781",
            "hex": "706d",
            "id": "cG0",
            "keepers": {
              "force": "c21d3452-cdd0-6f03-c88f-9dcae40f0269"
            },
            "prefix": null
          },
          "private": "bnVsbA=="
        },
        {
          "index_key": 786,
          "schema_version": 0,
          "attributes": {
            "b64": "vvs",
            "b64_std": "vvs=",
            "b64_url": "vvs",
            "byte_length": 2,
            "dec": "48891",
            "hex": "befb",
            "id": "vvs",
            "keepers": {
              "force": "8e0a2e5b-1e4d-6fbf-40dc-a64b100e39f3"
            },
            "prefix": null
          },
          "private": "bnVsbA=="
        },
        {
          "index_key": 787,
          "schema_version": 0,
          "attributes": {
            "b64": "2uQ",
            "b64_std": "2uQ=",
            "b64_url": "2uQ",
            "byte_length": 2,
            "dec": "56036",
            "hex": "dae4",
            "id": "2uQ",
            "keepers": {
              "force": "4c5b9df3-8516-0e95-7a3e-748ebc90e256"
            },
            "prefix": null
          },
          "private": "bnVsbA=="
        },
        {
          "index_key": 788,
          "schema_version": 0,
          "attributes": {
            "b64": "R0Q",
            "b64_std": "R0Q=",
            "b64_url": "R0Q",
            "byte_length": 2,
            "dec": "18244",
            "hex": "4744",
            "id": "R0Q",
            "keepers": {
              "force": "5b162643-8e31-0b8c-a01f-d3e7b1c4f7a8"
            },
            "prefix": null
          },
          "private": "bnVsbA=="
        },
        {
          "index_key": 789,
          "schema_version": 0,
          "attributes": {
            "b64": "ggU",
            "b64_std": "ggU=",
            "b64_url": "ggU",
            "byte_length": 2,
            "dec": "33285",
            "hex": "8205",
            "id": "ggU",
            "keepers": {
              "force": "88452b2a-805b-e8ab-e437-d0a29a8096b3"
            },
            "prefix": null
          },
          "private": "bnVsbA=="
        },
        {
          "index_key": 790,
          "schema_version": 0,
          "attributes": {
            "b64": "4ZI",
            "b64_std": "4ZI=",
            "b64_url": "4ZI",
            "byte_length": 2,
            "dec": "57746",
            "hex": "e192",
            "id": "4ZI",
            "keepers": {
              "force": "23d5e666-17ee-7198-db42-e9f673abd068"
            },
            "prefix": null
          },
          "private": "bnVsbA=="
        },
        {
          "index_key": 791,
          "schema_version": 0,
          "attributes": {
            "b64": "P8M",
            "b64_std": "P8M=",
            "b64_url": "P8M",
            "byte_length": 2,
            "dec": "16323",
            "hex": "3fc3",
            "id": "P8M",
            "keepers": {
              "force": "6f6cdd9c-ca0e-d220-7e82-0f0fbd6ac6d4"
            },
            "prefix": null
          },
          "private": "bnVsbA=="
        },
        {
          "index_key": 792,
          "schema_version": 0,
          "attributes": {
            "b64": "c1U",
            "b64_std": "c1U=",
            "b64_url": "c1U",
            "byte_length": 2,
            "dec": "29525",
            "hex": "7355",
            "id": "c1U",
            "keepers": {
              "force": "2af47126-26d6-64c5-a2da-acfd5c181afe"
            },
            "prefix": null
          },
          "private": "bnVsbA=="
        },
        {
          "index_key": 793,
          "schema_version": 0,
          "attributes": {
            "b64": "Wgo",
            "b64_std": "Wgo=",
            "b64_url": "Wgo",
            "byte_length": 2,
            "dec": "23050",
            "hex": "5a0a",
            "id": "Wgo",
            "keepers": {
              "force": "b4607612-d025-d92f-7a2e-38fd3c397cf5"
            },
            "prefix": null
          },
          "private": "bnVsbA=="
        },
        {
          "index_key": 794,
          "schema_version": 0,
          "attributes": {
            "b64": "2kk",
            "b64_std": "2kk=",
            "b64_url": "2kk",
            "byte_length": 2,
            "dec": "55881",
            "hex": "da49",
            "id": "2kk",
            "keepers": {
              "force": "a41cee3a-88d7-24e0-00e3-4d9838791adb"
            },
            "prefix": null
          },
          "private": "bnVsbA=="
        },
        {
          "index_key": 795,
          "schema_version": 0,
          "attributes": {
            "b64": "wsc",
            "b64_std": "wsc=",
            "b64_url": "wsc",
            "byte_length": 2,
            "dec": "49863",
            "hex": "c2c7",
            "id": "wsc",
            "keepers": {
              "force": "e7b394b2-8096-b25b-c0c4-8d7062abf289"
            },
            "prefix": null
          },
          "private": "bnVsbA=="
        },
        {
          "index_key": 796,
          "schema_version": 0,
          "attributes": {
            "b64": "kh4",
            "b64_std": "kh4=",
            "b64_url": "kh4",
            "byte_length": 2,
            "dec": "37406",
            "hex": "921e",
            "id": "kh4",
            "keepers": {
              "force": "49a5a387-a59b-1a83-1b8d-1f54f82e5752"
            },
            "prefix": null
          },
          "private": "bnVsbA=="
        },
        {
          "index_key": 797,
          "schema_version": 0,
          "attributes": {
            "b64": "DOc",
            "b64_std": "DOc=",
            "b64_url": "DOc",
            "byte_length": 2,
            "dec": "3303",
            "hex": "0ce7",
            "id": "DOc",
            "keepers": {
              "force": "104e801d-725b-06f1-bbdf-343530666294"
            },
            "prefix": null
          },
          "private": "bnVsbA=="
        },
        {
          "index_key": 798,
          "schema_version": 0,
          "attributes": {
            "b64": "f88",
            "b64_std": "f88=",
            "b64_url": "f88",
            "byte_length": 2,
            "dec": "32719",
            "hex": "7fcf",
            "id": "f88",
            "keepers": {
              "force": "47f5bf63-5cee-2432-0b07-06f9633567e8"
            },
            "prefix": null
          },
          "private": "bnVsbA=="
        },
        {
          "index_key": 799,
          "schema_version": 0,
          "attributes": {
            "b64": "W0Y",
            "b64_std": "W0Y=",
            "b64_url": "W0Y",
            "byte_length": 2,
            "dec": "23366",
            "hex": "5b46",
            "id": "W0Y",
            "keepers": {
              "force": "0cc4e1d9-28ab-e337-044d-c0c133cc9f99"
            },
            "prefix": null
          },
          "private": "bnVsbA=="
        },
        {
          "index_key": 800,
          "schema_version": 0,
          "attributes": {
            "b64": "E6g",
            "b64_std": "E6g=",
            "b64_url": "E6g",
            "byte_length": 2,
            "dec": "5032",
            "hex": "13a8",
            "id": "E6g",
            "keepers": {
              "force": "ba690ca6-8176-ed84-7324-9164136ebc09"
            },
            "prefix": null
          },
          "private": "bnVsbA=="
        },
        {
          "index_key": 801,
          "schema_version": 0,
          "attributes": {
            "b64": "iJU",
            "b64_std": "iJU=",
            "b64_url": "iJU",
            "byte_length": 2,
            "dec": "34965",
            "hex": "8895",
            "id": "iJU",
            "keepers": {
              "force": "38dbf138-f4e5-1970-ef98-171087cb4203"
            },
            "prefix": null
          },
          "private": "bnVsbA=="
        },
        {
          "index_key": 802,
          "schema_version": 0,
          "attributes": {
            "b64": "ZKU",
            "b64_std": "ZKU=",
            "b64_url": "ZKU",
            "byte_length": 2,
            "dec": "25765",
            "hex": "64a5",
            "id": "ZKU",
            "keepers": {
              "force": "0e7bf8e0-1aa5-e420-6649-83eb357e2caa"
            },
            "prefix": null
          },
          "private": "bnVsbA=="
        },
        {
          "index_key": 803,
          "schema_version": 0,
          "attributes": {
            "b64": "uwk",
            "b64_std": "uwk=",
            "b64_url": "uwk",
            "byte_length": 2,
            "dec": "47881",
            "hex": "bb09",
            "id": "uwk",
            "keepers": {
              "force": "caa6ab98-5ff4-89e5-7006-e0fa049cb43d"
            },
            "prefix": null
          },
          "private": "bnVsbA=="
        },
        {
          "index_key": 804,
          "schema_version": 0,
          "attributes": {
            "b64": "Kuc",
            "b64_std": "Kuc=",
            "b64_url": "Kuc",
            "byte_length": 2,
            "dec": "10983",
            "hex": "2ae7",
            "id": "Kuc",
            "keepers": {
              "force": "dfef9d85-2211-9ac7-b9bf-f4475b14ec55"
            },
            "prefix": null
          },
          "private": "bnVsbA=="
        },
        {
          "index_key": 805,
          "schema_version": 0,
          "attributes": {
            "b64": "A-4",
            "b64_std": "A+4=",
            "b64_url": "A-4",
            "byte_length": 2,
            "dec": "1006",
            "hex": "03ee",
            "id": "A-4",
            "keepers": {
              "force": "f416362e-4eb9-3e31-6387-16d63b058476"
            },
            "prefix": null
          },
          "private": "bnVsbA=="
        },
        {
          "index_key": 806,
          "schema_version": 0,
          "attributes": {
            "b64": "Jmc",
            "b64_std": "Jmc=",
            "b64_url": "Jmc",
            "byte_length": 2,
            "dec": "9831",
            "hex": "2667",
            "id": "Jmc",
            "keepers": {
              "force": "9201c359-5052-8e7b-7178-c5a86617b90c"
            },
            "prefix": null
          },
          "private": "bnVsbA=="
        },
        {
          "index_key": 807,
          "schema_version": 0,
          "attributes": {
            "b64": "_3E",
            "b64_std": "/3E=",
            "b64_url": "_3E",
            "byte_length": 2,
            "dec": "65393",
            "hex": "ff71",
            "id": "_3E",
            "keepers": {
              "force": "9d7ca7ff-547a-d20a-ee4d-9bc66a562462"
            },
            "prefix": null
          },
          "private": "bnVsbA=="
        },
        {
          "index_key": 808,
          "schema_version": 0,
          "attributes": {
            "b64": "FGQ",
            "b64_std": "FGQ=",
            "b64_url": "FGQ",
            "byte_length": 2,
            "dec": "5220",
            "hex": "1464",
            "id": "FGQ",
            "keepers": {
              "force": "9d609368-552d-70a4-92a5-898a36d2391f"
            },
            "prefix": null
          },
          "private": "bnVsbA=="
        },
        {
          "index_key": 809,
          "schema_version": 0,
          "attributes": {
            "b64": "HuU",
            "b64_std": "HuU=",
            "b64_url": "HuU",
            "byte_length": 2,
            "dec": "7909",
            "hex": "1ee5",
            "id": "HuU",
            "keepers": {
              "force": "f2908d55-894c-8c80-6305-0c0ca6cfa7af"
            },
            "prefix": null
          },
          "private": "bnVsbA=="
        },
        {
          "index_key": 810,
          "schema_version": 0,
          "attributes": {
            "b64": "XUw",
            "b64_std": "XUw=",
            "b64_url": "XUw",
            "byte_length": 2,
            "dec": "23884",
            "hex": "5d4c",
            "id": "XUw",
            "keepers": {
              "force": "5e8074ef-a442-dc84-a459-677b6d661678"
            },
            "prefix": null
          },
          "private": "bnVsbA=="
        },
        {
          "index_key": 811,
          "schema_version": 0,
          "attributes": {
            "b64": "_bo",
            "b64_std": "/bo=",
            "b64_url": "_bo",
            "byte_length": 2,
            "dec": "64954",
            "hex": "fdba",
            "id": "_bo",
            "keepers": {
              "force": "fb068706-9f0d-7fe2-ce07-4a0ea13d5987"
            },
            "prefix": null
          },
          "private": "bnVsbA=="
        },
        {
          "index_key": 812,
          "schema_version": 0,
          "attributes": {
            "b64": "y1M",
            "b64_std": "y1M=",
            "b64_url": "y1M",
            "byte_length": 2,
            "dec": "52051",
            "hex": "cb53",
            "id": "y1M",
            "keepers": {
              "force": "726f5064-59ff-7703-8071-b1b9b967d359"
            },
            "prefix": null
          },
          "private": "bnVsbA=="
        },
        {
          "index_key": 813,
          "schema_version": 0,
          "attributes": {
            "b64": "z6s",
            "b64_std": "z6s=",
            "b64_url": "z6s",
            "byte_length": 2,
            "dec": "53163",
            "hex": "cfab",
            "id": "z6s",
            "keepers": {
              "force": "a350ba47-7f07-b0a2-0185-b7c479dc8e85"
            },
            "prefix": null
          },
          "private": "bnVsbA=="
        },
        {
          "index_key": 814,
          "schema_version": 0,
          "attributes": {
            "b64": "01w",
            "b64_std": "01w=",
            "b64_url": "01w",
            "byte_length": 2,
            "dec": "54108",
            "hex": "d35c",
            "id": "01w",
            "keepers": {
              "force": "1ecb14fe-3d18-44ba-d342-c62a0ed3136d"
            },
            "prefix": null
          },
          "private": "bnVsbA=="
        },
        {
          "index_key": 815,
          "schema_version": 0,
          "attributes": {
            "b64": "NJo",
            "b64_std": "NJo=",
            "b64_url": "NJo",
            "byte_length": 2,
            "dec": "13466",
            "hex": "349a",
            "id": "NJo",
            "keepers": {
              "force": "a9c833b4-3b22-8997-498a-a8a9f779be26"
            },
            "prefix": null
          },
          "private": "bnVsbA=="
        },
        {
          "index_key": 816,
          "schema_version": 0,
          "attributes": {
            "b64": "5iQ",
            "b64_std": "5iQ=",
            "b64_url": "5iQ",
            "byte_length": 2,
            "dec": "58916",
            "hex": "e624",
            "id": "5iQ",
            "keepers": {
              "force": "e4f500e4-b245-5c4c-7fd8-878e6f821f6d"
            },
            "prefix": null
          },
          "private": "bnVsbA=="
        },
        {
          "index_key": 817,
          "schema_version": 0,
          "attributes": {
            "b64": "gNk",
            "b64_std": "gNk=",
            "b64_url": "gNk",
            "byte_length": 2,
            "dec": "32985",
            "hex": "80d9",
            "id": "gNk",
            "keepers": {
              "force": "e9c64607-32c2-396e-4179-e5ff5cfaf48e"
            },
            "prefix": null
          },
          "private": "bnVsbA=="
        },
        {
          "index_key": 818,
          "schema_version": 0,
          "attributes": {
            "b64": "8z8",
            "b64_std": "8z8=",
            "b64_url": "8z8",
            "byte_length": 2,
            "dec": "62271",
            "hex": "f33f",
            "id": "8z8",
            "keepers": {
              "force": "7290a562-a0a9-ab67-30d7-b8c01d121511"
            },
            "prefix": null
          },
          "private": "bnVsbA=="
        },
        {
          "index_key": 819,
          "schema_version": 0,
          "attributes": {
            "b64": "1fY",
            "b64_std": "1fY=",
            "b64_url": "1fY",
            "byte_length": 2,
            "dec": "54774",
            "hex": "d5f6",
            "id": "1fY",
            "keepers": {
              "force": "8a0e40a3-6b36-88c8-6058-6920509b532c"
            },
            "prefix": null
          },
          "private": "bnVsbA=="
        },
        {
          "index_key": 820,
          "schema_version": 0,
          "attributes": {
            "b64": "090",
            "b64_std": "090=",
            "b64_url": "090",
            "byte_length": 2,
            "dec": "54237",
            "hex": "d3dd",
            "id": "090",
            "keepers": {
              "force": "93a00695-4e7c-938e-7c9e-7b32407deb5f"
            },
            "prefix": null
          },
          "private": "bnVsbA=="
        },
        {
          "index_key": 821,
          "schema_version": 0,
          "attributes": {
            "b64": "lsw",
            "b64_std": "lsw=",
            "b64_url": "lsw",
            "byte_length": 2,
            "dec": "38604",
            "hex": "96cc",
            "id": "lsw",
            "keepers": {
              "force": "cc7e0905-11bb-3045-f87b-b6446f74678f"
            },
            "prefix": null
          },
          "private": "bnVsbA=="
        },
        {
          "index_key": 822,
          "schema_version": 0,
          "attributes": {
            "b64": "Sn4",
            "b64_std": "Sn4=",
            "b64_url": "Sn4",
            "byte_length": 2,
            "dec": "19070",
            "hex": "4a7e",
            "id": "Sn4",
            "keepers": {
              "force": "ce349c0b-1196-ce20-8298-be0198381746"
            },
            "prefix": null
          },
          "private": "bnVsbA=="
        },
        {
          "index_key": 823,
          "schema_version": 0,
          "attributes": {
            "b64": "Gpw",
            "b64_std": "Gpw=",
            "b64_url": "Gpw",
            "byte_length": 2,
            "dec": "6812",
            "hex": "1a9c",
            "id": "Gpw",
            "keepers": {
              "force": "e6c88994-a3d7-65d1-3ded-f49b73331b46"
            },
            "prefix": null
          },
          "private": "bnVsbA=="
        },
        {
          "index_key": 824,
          "schema_version": 0,
          "attributes": {
            "b64": "dqc",
            "b64_std": "dqc=",
            "b64_url": "dqc",
            "byte_length": 2,
            "dec": "30375",
            "hex": "76a7",
            "id": "dqc",
            "keepers": {
              "force": "5f19957a-7102-830f-b8fd-7cf80e37d36a"
            },
            "prefix": null
          },
          "private": "bnVsbA=="
        },
        {
          "index_key": 825,
          "schema_version": 0,
          "attributes": {
            "b64": "iy4",
            "b64_std": "iy4=",
            "b64_url": "iy4",
            "byte_length": 2,
            "dec": "35630",
            "hex": "8b2e",
            "id": "iy4",
            "keepers": {
              "force": "935e85be-3d9b-51e7-fb34-a0e27c9135a1"
            },
            "prefix": null
          },
          "private": "bnVsbA=="
        },
        {
          "index_key": 826,
          "schema_version": 0,
          "attributes": {
            "b64": "Voc",
            "b64_std": "Voc=",
            "b64_url": "Voc",
            "byte_length": 2,
            "dec": "22151",
            "hex": "5687",
            "id": "Voc",
            "keepers": {
              "force": "e9b87a7e-7b0c-003d-e5d0-cb91e0413e7a"
            },
            "prefix": null
          },
          "private": "bnVsbA=="
        },
        {
          "index_key": 827,
          "schema_version": 0,
          "attributes": {
            "b64": "t2g",
            "b64_std": "t2g=",
            "b64_url": "t2g",
            "byte_length": 2,
            "dec": "46952",
            "hex": "b768",
            "id": "t2g",
            "keepers": {
              "force": "375a4d0d-c65d-497d-daeb-80a97680af3a"
            },
            "prefix": null
          },
          "private": "bnVsbA=="
        },
        {
          "index_key": 828,
          "schema_version": 0,
          "attributes": {
            "b64": "h_o",
            "b64_std": "h/o=",
            "b64_url": "h_o",
            "byte_length": 2,
            "dec": "34810",
            "hex": "87fa",
            "id": "h_o",
            "keepers": {
              "force": "4f1e8fac-8c01-d895-e072-1774bc44cb8e"
            },
            "prefix": null
          },
          "private": "bnVsbA=="
        },
        {
          "index_key": 829,
          "schema_version": 0,
          "attributes": {
            "b64": "hts",
            "b64_std": "hts=",
            "b64_url": "hts",
            "byte_length": 2,
            "dec": "34523",
            "hex": "86db",
            "id": "hts",
            "keepers": {
              "force": "b88bb52c-1d7d-df2a-3d78-8ef497671c4f"
            },
            "prefix": null
          },
          "private": "bnVsbA=="
        },
        {
          "index_key": 830,
          "schema_version": 0,
          "attributes": {
            "b64": "B5I",
            "b64_std": "B5I=",
            "b64_url": "B5I",
            "byte_length": 2,
            "dec": "1938",
            "hex": "0792",
            "id": "B5I",
            "keepers": {
              "force": "ca5ca54b-114d-c595-e3d4-972af0624f01"
            },
            "prefix": null
          },
          "private": "bnVsbA=="
        },
        {
          "index_key": 831,
          "schema_version": 0,
          "attributes": {
            "b64": "pkU",
            "b64_std": "pkU=",
            "b64_url": "pkU",
            "byte_length": 2,
            "dec": "42565",
            "hex": "a645",
            "id": "pkU",
            "keepers": {
              "force": "7bd57582-fedd-d907-8a1f-ebd7b9c7effa"
            },
            "prefix": null
          },
          "private": "bnVsbA=="
        },
        {
          "index_key": 832,
          "schema_version": 0,
          "attributes": {
            "b64": "-N0",
            "b64_std": "+N0=",
            "b64_url": "-N0",
            "byte_length": 2,
            "dec": "63709",
            "hex": "f8dd",
            "id": "-N0",
            "keepers": {
              "force": "fa714c8a-397c-ac26-4ab7-b45fe334e5cd"
            },
            "prefix": null
          },
          "private": "bnVsbA=="
        },
        {
          "index_key": 833,
          "schema_version": 0,
          "attributes": {
            "b64": "dlc",
            "b64_std": "dlc=",
            "b64_url": "dlc",
            "byte_length": 2,
            "dec": "30295",
            "hex": "7657",
            "id": "dlc",
            "keepers": {
              "force": "84d89612-8276-2cc2-0cf8-5982abd00074"
            },
            "prefix": null
          },
          "private": "bnVsbA=="
        },
        {
          "index_key": 834,
          "schema_version": 0,
          "attributes": {
            "b64": "pUU",
            "b64_std": "pUU=",
            "b64_url": "pUU",
            "byte_length": 2,
            "dec": "42309",
            "hex": "a545",
            "id": "pUU",
            "keepers": {
              "force": "3fc12853-ecf8-16cb-ce96-7724e9645686"
            },
            "prefix": null
          },
          "private": "bnVsbA=="
        },
        {
          "index_key": 835,
          "schema_version": 0,
          "attributes": {
            "b64": "NCk",
            "b64_std": "NCk=",
            "b64_url": "NCk",
            "byte_length": 2,
            "dec": "13353",
            "hex": "3429",
            "id": "NCk",
            "keepers": {
              "force": "05fe29f6-3ac6-2044-75b8-2aba9b3d7ec0"
            },
            "prefix": null
          },
          "private": "bnVsbA=="
        },
        {
          "index_key": 836,
          "schema_version": 0,
          "attributes": {
            "b64": "_I8",
            "b64_std": "/I8=",
            "b64_url": "_I8",
            "byte_length": 2,
            "dec": "64655",
            "hex": "fc8f",
            "id": "_I8",
            "keepers": {
              "force": "984f470c-7e34-689a-e639-28def6e9b4e1"
            },
            "prefix": null
          },
          "private": "bnVsbA=="
        },
        {
          "index_key": 837,
          "schema_version": 0,
          "attributes": {
            "b64": "SU0",
            "b64_std": "SU0=",
            "b64_url": "SU0",
            "byte_length": 2,
            "dec": "18765",
            "hex": "494d",
            "id": "SU0",
            "keepers": {
              "force": "d12833b9-dffc-ce60-e36d-17688f5f5b97"
            },
            "prefix": null
          },
          "private": "bnVsbA=="
        },
        {
          "index_key": 838,
          "schema_version": 0,
          "attributes": {
            "b64": "Pqg",
            "b64_std": "Pqg=",
            "b64_url": "Pqg",
            "byte_length": 2,
            "dec": "16040",
            "hex": "3ea8",
            "id": "Pqg",
            "keepers": {
              "force": "62fbc2e2-e6c6-e394-6b2e-cf30aa029042"
            },
            "prefix": null
          },
          "private": "bnVsbA=="
        },
        {
          "index_key": 839,
          "schema_version": 0,
          "attributes": {
            "b64": "cRM",
            "b64_std": "cRM=",
            "b64_url": "cRM",
            "byte_length": 2,
            "dec": "28947",
            "hex": "7113",
            "id": "cRM",
            "keepers": {
              "force": "03214e18-8ac0-b273-4911-459420d4a1ab"
            },
            "prefix": null
          },
          "private": "bnVsbA=="
        },
        {
          "index_key": 840,
          "schema_version": 0,
          "attributes": {
            "b64": "XU4",
            "b64_std": "XU4=",
            "b64_url": "XU4",
            "byte_length": 2,
            "dec": "23886",
            "hex": "5d4e",
            "id": "XU4",
            "keepers": {
              "force": "df0c58c5-8762-3a3a-58be-fee83ea1bf83"
            },
            "prefix": null
          },
          "private": "bnVsbA=="
        },
        {
          "index_key": 841,
          "schema_version": 0,
          "attributes": {
            "b64": "Ekg",
            "b64_std": "Ekg=",
            "b64_url": "Ekg",
            "byte_length": 2,
            "dec": "4680",
            "hex": "1248",
            "id": "Ekg",
            "keepers": {
              "force": "649ae3b8-9234-bf54-d090-92a24dbc7550"
            },
            "prefix": null
          },
          "private": "bnVsbA=="
        },
        {
          "index_key": 842,
          "schema_version": 0,
          "attributes": {
            "b64": "WMQ",
            "b64_std": "WMQ=",
            "b64_url": "WMQ",
            "byte_length": 2,
            "dec": "22724",
            "hex": "58c4",
            "id": "WMQ",
            "keepers": {
              "force": "8dc65041-1464-edaa-f36c-3cb558e400d5"
            },
            "prefix": null
          },
          "private": "bnVsbA=="
        },
        {
          "index_key": 843,
          "schema_version": 0,
          "attributes": {
            "b64": "t2Y",
            "b64_std": "t2Y=",
            "b64_url": "t2Y",
            "byte_length": 2,
            "dec": "46950",
            "hex": "b766",
            "id": "t2Y",
            "keepers": {
              "force": "a18c88d7-fd82-c7d4-ffb3-eab6ffe38bd4"
            },
            "prefix": null
          },
          "private": "bnVsbA=="
        },
        {
          "index_key": 844,
          "schema_version": 0,
          "attributes": {
            "b64": "9PQ",
            "b64_std": "9PQ=",
            "b64_url": "9PQ",
            "byte_length": 2,
            "dec": "62708",
            "hex": "f4f4",
            "id": "9PQ",
            "keepers": {
              "force": "410cbf8f-67e5-bb58-7853-844ffcf3b903"
            },
            "prefix": null
          },
          "private": "bnVsbA=="
        },
        {
          "index_key": 845,
          "schema_version": 0,
          "attributes": {
            "b64": "wf8",
            "b64_std": "wf8=",
            "b64_url": "wf8",
            "byte_length": 2,
            "dec": "49663",
            "hex": "c1ff",
            "id": "wf8",
            "keepers": {
              "force": "b43e5bfb-09d3-521f-58bd-45289602faef"
            },
            "prefix": null
          },
          "private": "bnVsbA=="
        },
        {
          "index_key": 846,
          "schema_version": 0,
          "attributes": {
            "b64": "HUE",
            "b64_std": "HUE=",
            "b64_url": "HUE",
            "byte_length": 2,
            "dec": "7489",
            "hex": "1d41",
            "id": "HUE",
            "keepers": {
              "force": "240ebe66-fb64-b9dc-1eba-01c0bbe7e93d"
            },
            "prefix": null
          },
          "private": "bnVsbA=="
        },
        {
          "index_key": 847,
          "schema_version": 0,
          "attributes": {
            "b64": "CZ0",
            "b64_std": "CZ0=",
            "b64_url": "CZ0",
            "byte_length": 2,
            "dec": "2461",
            "hex": "099d",
            "id": "CZ0",
            "keepers": {
              "force": "e91b909f-1e1c-0db8-eb44-d1596cb94747"
            },
            "prefix": null
          },
          "private": "bnVsbA=="
        },
        {
          "index_key": 848,
          "schema_version": 0,
          "attributes": {
            "b64": "Hro",
            "b64_std": "Hro=",
            "b64_url": "Hro",
            "byte_length": 2,
            "dec": "7866",
            "hex": "1eba",
            "id": "Hro",
            "keepers": {
              "force": "3fe736c4-26d0-d581-033e-981de6ce8d60"
            },
            "prefix": null
          },
          "private": "bnVsbA=="
        },
        {
          "index_key": 849,
          "schema_version": 0,
          "attributes": {
            "b64": "kMw",
            "b64_std": "kMw=",
            "b64_url": "kMw",
            "byte_length": 2,
            "dec": "37068",
            "hex": "90cc",
            "id": "kMw",
            "keepers": {
              "force": "c7c0dd64-cc69-8d52-bb3c-cc8dcbe5c65c"
            },
            "prefix": null
          },
          "private": "bnVsbA=="
        },
        {
          "index_key": 850,
          "schema_version": 0,
          "attributes": {
            "b64": "zZg",
            "b64_std": "zZg=",
            "b64_url": "zZg",
            "byte_length": 2,
            "dec": "52632",
            "hex": "cd98",
            "id": "zZg",
            "keepers": {
              "force": "ddf60694-02e0-d6a0-617e-c6aac3bc6bcf"
            },
            "prefix": null
          },
          "private": "bnVsbA=="
        },
        {
          "index_key": 851,
          "schema_version": 0,
          "attributes": {
            "b64": "8Mc",
            "b64_std": "8Mc=",
            "b64_url": "8Mc",
            "byte_length": 2,
            "dec": "61639",
            "hex": "f0c7",
            "id": "8Mc",
            "keepers": {
              "force": "3ad41ed8-f50c-48a8-dad8-3efd7309a52e"
            },
            "prefix": null
          },
          "private": "bnVsbA=="
        },
        {
          "index_key": 852,
          "schema_version": 0,
          "attributes": {
            "b64": "BHw",
            "b64_std": "BHw=",
            "b64_url": "BHw",
            "byte_length": 2,
            "dec": "1148",
            "hex": "047c",
            "id": "BHw",
            "keepers": {
              "force": "d2c5176a-a8dd-9770-9a67-b85ec2d50fdc"
            },
            "prefix": null
          },
          "private": "bnVsbA=="
        },
        {
          "index_key": 853,
          "schema_version": 0,
          "attributes": {
            "b64": "UCc",
            "b64_std": "UCc=",
            "b64_url": "UCc",
            "byte_length": 2,
            "dec": "20519",
            "hex": "5027",
            "id": "UCc",
            "keepers": {
              "force": "a75b9e00-5b22-56ab-e6bf-d77e4483f159"
            },
            "prefix": null
          },
          "private": "bnVsbA=="
        },
        {
          "index_key": 854,
          "schema_version": 0,
          "attributes": {
            "b64": "bFU",
            "b64_std": "bFU=",
            "b64_url": "bFU",
            "byte_length": 2,
            "dec": "27733",
            "hex": "6c55",
            "id": "bFU",
            "keepers": {
              "force": "70d251aa-8b1a-1cc5-1b09-d57841c7555f"
            },
            "prefix": null
          },
          "private": "bnVsbA=="
        },
        {
          "index_key": 855,
          "schema_version": 0,
          "attributes": {
            "b64": "iCk",
            "b64_std": "iCk=",
            "b64_url": "iCk",
            "byte_length": 2,
            "dec": "34857",
            "hex": "8829",
            "id": "iCk",
            "keepers": {
              "force": "0dee4cb2-6cbe-b289-cb27-d178a69d11c4"
            },
            "prefix": null
          },
          "private": "bnVsbA=="
        },
        {
          "index_key": 856,
          "schema_version": 0,
          "attributes": {
            "b64": "7Pc",
            "b64_std": "7Pc=",
            "b64_url": "7Pc",
            "byte_length": 2,
            "dec": "60663",
            "hex": "ecf7",
            "id": "7Pc",
            "keepers": {
              "force": "0b670ccb-5428-bd7d-f6a6-c42622b0e35c"
            },
            "prefix": null
          },
          "private": "bnVsbA=="
        },
        {
          "index_key": 857,
          "schema_version": 0,
          "attributes": {
            "b64": "1eQ",
            "b64_std": "1eQ=",
            "b64_url": "1eQ",
            "byte_length": 2,
            "dec": "54756",
            "hex": "d5e4",
            "id": "1eQ",
            "keepers": {
              "force": "3569c962-7835-3825-33e8-5a2a7ba2ad54"
            },
            "prefix": null
          },
          "private": "bnVsbA=="
        },
        {
          "index_key": 858,
          "schema_version": 0,
          "attributes": {
            "b64": "RcQ",
            "b64_std": "RcQ=",
            "b64_url": "RcQ",
            "byte_length": 2,
            "dec": "17860",
            "hex": "45c4",
            "id": "RcQ",
            "keepers": {
              "force": "bd5f94d9-937e-8807-72b3-46b3fa598d49"
            },
            "prefix": null
          },
          "private": "bnVsbA=="
        },
        {
          "index_key": 859,
          "schema_version": 0,
          "attributes": {
            "b64": "oz4",
            "b64_std": "oz4=",
            "b64_url": "oz4",
            "byte_length": 2,
            "dec": "41790",
            "hex": "a33e",
            "id": "oz4",
            "keepers": {
              "force": "3bc96d5e-4a89-c437-3c75-d9ff31f455a7"
            },
            "prefix": null
          },
          "private": "bnVsbA=="
        },
        {
          "index_key": 860,
          "schema_version": 0,
          "attributes": {
            "b64": "_oY",
            "b64_std": "/oY=",
            "b64_url": "_oY",
            "byte_length": 2,
            "dec": "65158",
            "hex": "fe86",
            "id": "_oY",
            "keepers": {
              "force": "32a6b83d-4575-e984-f68c-f748b41373b3"
            },
            "prefix": null
          },
          "private": "bnVsbA=="
        },
        {
          "index_key": 861,
          "schema_version": 0,
          "attributes": {
            "b64": "A7E",
            "b64_std": "A7E=",
            "b64_url": "A7E",
            "byte_length": 2,
            "dec": "945",
            "hex": "03b1",
            "id": "A7E",
            "keepers": {
              "force": "1a82282c-5c73-0515-fb10-722215e93c32"
            },
            "prefix": null
          },
          "private": "bnVsbA=="
        },
        {
          "index_key": 862,
          "schema_version": 0,
          "attributes": {
            "b64": "8qg",
            "b64_std": "8qg=",
            "b64_url": "8qg",
            "byte_length": 2,
            "dec": "62120",
            "hex": "f2a8",
            "id": "8qg",
            "keepers": {
              "force": "ff5da056-2b67-a285-6fc5-96412eea764f"
            },
            "prefix": null
          },
          "private": "bnVsbA=="
        },
        {
          "index_key": 863,
          "schema_version": 0,
          "attributes": {
            "b64": "U8M",
            "b64_std": "U8M=",
            "b64_url": "U8M",
            "byte_length": 2,
            "dec": "21443",
            "hex": "53c3",
            "id": "U8M",
            "keepers": {
              "force": "120c188c-d284-82f1-ba84-871815b9c8ca"
            },
            "prefix": null
          },
          "private": "bnVsbA=="
        },
        {
          "index_key": 864,
          "schema_version": 0,
          "attributes": {
            "b64": "-oI",
            "b64_std": "+oI=",
            "b64_url": "-oI",
            "byte_length": 2,
            "dec": "64130",
            "hex": "fa82",
            "id": "-oI",
            "keepers": {
              "force": "647e2092-1db9-7e52-3cd6-c959d05200ac"
            },
            "prefix": null
          },
          "private": "bnVsbA=="
        },
        {
          "index_key": 865,
          "schema_version": 0,
          "attributes": {
            "b64": "vOk",
            "b64_std": "vOk=",
            "b64_url": "vOk",
            "byte_length": 2,
            "dec": "48361",
            "hex": "bce9",
            "id": "vOk",
            "keepers": {
              "force": "a8eae069-7fb8-f1fa-71b6-bf86ef63f238"
            },
            "prefix": null
          },
          "private": "bnVsbA=="
        },
        {
          "index_key": 866,
          "schema_version": 0,
          "attributes": {
            "b64": "dEM",
            "b64_std": "dEM=",
            "b64_url": "dEM",
            "byte_length": 2,
            "dec": "29763",
            "hex": "7443",
            "id": "dEM",
            "keepers": {
              "force": "321529b2-12cf-67c4-61ea-c62964abede9"
            },
            "prefix": null
          },
          "private": "bnVsbA=="
        },
        {
          "index_key": 867,
          "schema_version": 0,
          "attributes": {
            "b64": "vNk",
            "b64_std": "vNk=",
            "b64_url": "vNk",
            "byte_length": 2,
            "dec": "48345",
            "hex": "bcd9",
            "id": "vNk",
            "keepers": {
              "force": "f935f440-0147-8e26-7b19-381076baaa6a"
            },
            "prefix": null
          },
          "private": "bnVsbA=="
        },
        {
          "index_key": 868,
          "schema_version": 0,
          "attributes": {
            "b64": "g-s",
            "b64_std": "g+s=",
            "b64_url": "g-s",
            "byte_length": 2,
            "dec": "33771",
            "hex": "83eb",
            "id": "g-s",
            "keepers": {
              "force": "3b52b1ba-db8f-52ee-6822-6b5e47f32800"
            },
            "prefix": null
          },
          "private": "bnVsbA=="
        },
        {
          "index_key": 869,
          "schema_version": 0,
          "attributes": {
            "b64": "jNs",
            "b64_std": "jNs=",
            "b64_url": "jNs",
            "byte_length": 2,
            "dec": "36059",
            "hex": "8cdb",
            "id": "jNs",
            "keepers": {
              "force": "a95f40fa-1c42-870e-ead5-698f5de16c8e"
            },
            "prefix": null
          },
          "private": "bnVsbA=="
        },
        {
          "index_key": 870,
          "schema_version": 0,
          "attributes": {
            "b64": "c8w",
            "b64_std": "c8w=",
            "b64_url": "c8w",
            "byte_length": 2,
            "dec": "29644",
            "hex": "73cc",
            "id": "c8w",
            "keepers": {
              "force": "17378882-b433-726a-5567-c45607269a32"
            },
            "prefix": null
          },
          "private": "bnVsbA=="
        },
        {
          "index_key": 871,
          "schema_version": 0,
          "attributes": {
            "b64": "c5k",
            "b64_std": "c5k=",
            "b64_url": "c5k",
            "byte_length": 2,
            "dec": "29593",
            "hex": "7399",
            "id": "c5k",
            "keepers": {
              "force": "2f9a9efa-32d4-7a06-9b26-60e77ab88d2f"
            },
            "prefix": null
          },
          "private": "bnVsbA=="
        },
        {
          "index_key": 872,
          "schema_version": 0,
          "attributes": {
            "b64": "BiA",
            "b64_std": "BiA=",
            "b64_url": "BiA",
            "byte_length": 2,
            "dec": "1568",
            "hex": "0620",
            "id": "BiA",
            "keepers": {
              "force": "159a6169-9a9a-99e8-c163-ee1ab366689a"
            },
            "prefix": null
          },
          "private": "bnVsbA=="
        },
        {
          "index_key": 873,
          "schema_version": 0,
          "attributes": {
            "b64": "-po",
            "b64_std": "+po=",
            "b64_url": "-po",
            "byte_length": 2,
            "dec": "64154",
            "hex": "fa9a",
            "id": "-po",
            "keepers": {
              "force": "53fc3527-e648-d2db-5fdf-eb16d4b82d0f"
            },
            "prefix": null
          },
          "private": "bnVsbA=="
        },
        {
          "index_key": 874,
          "schema_version": 0,
          "attributes": {
            "b64": "xK4",
            "b64_std": "xK4=",
            "b64_url": "xK4",
            "byte_length": 2,
            "dec": "50350",
            "hex": "c4ae",
            "id": "xK4",
            "keepers": {
              "force": "b005a9fe-eccd-19a0-9b9b-a2c5944530d2"
            },
            "prefix": null
          },
          "private": "bnVsbA=="
        },
        {
          "index_key": 875,
          "schema_version": 0,
          "attributes": {
            "b64": "Dwo",
            "b64_std": "Dwo=",
            "b64_url": "Dwo",
            "byte_length": 2,
            "dec": "3850",
            "hex": "0f0a",
            "id": "Dwo",
            "keepers": {
              "force": "91455c57-5b27-b68d-9315-7fe6dc1866d2"
            },
            "prefix": null
          },
          "private": "bnVsbA=="
        },
        {
          "index_key": 876,
          "schema_version": 0,
          "attributes": {
            "b64": "Wac",
            "b64_std": "Wac=",
            "b64_url": "Wac",
            "byte_length": 2,
            "dec": "22951",
            "hex": "59a7",
            "id": "Wac",
            "keepers": {
              "force": "101a2d98-d21d-1864-b393-f505f75b5ee6"
            },
            "prefix": null
          },
          "private": "bnVsbA=="
        },
        {
          "index_key": 877,
          "schema_version": 0,
          "attributes": {
            "b64": "SZg",
            "b64_std": "SZg=",
            "b64_url": "SZg",
            "byte_length": 2,
            "dec": "18840",
            "hex": "4998",
            "id": "SZg",
            "keepers": {
              "force": "fb44f8ee-66ab-4f34-1c1d-a498eedca83c"
            },
            "prefix": null
          },
          "private": "bnVsbA=="
        },
        {
          "index_key": 878,
          "schema_version": 0,
          "attributes": {
            "b64": "dEE",
            "b64_std": "dEE=",
            "b64_url": "dEE",
            "byte_length": 2,
            "dec": "29761",
            "hex": "7441",
            "id": "dEE",
            "keepers": {
              "force": "71dc8b69-86b8-bd6f-b44b-01a1fbaf9010"
            },
            "prefix": null
          },
          "private": "bnVsbA=="
        },
        {
          "index_key": 879,
          "schema_version": 0,
          "attributes": {
            "b64": "sGo",
            "b64_std": "sGo=",
            "b64_url": "sGo",
            "byte_length": 2,
            "dec": "45162",
            "hex": "b06a",
            "id": "sGo",
            "keepers": {
              "force": "b5bdec06-063c-f891-208d-0fcdfc24e999"
            },
            "prefix": null
          },
          "private": "bnVsbA=="
        },
        {
          "index_key": 880,
          "schema_version": 0,
          "attributes": {
            "b64": "YoQ",
            "b64_std": "YoQ=",
            "b64_url": "YoQ",
            "byte_length": 2,
            "dec": "25220",
            "hex": "6284",
            "id": "YoQ",
            "keepers": {
              "force": "de83dacb-37f9-c9ec-e0eb-9cf1d85eb8fa"
            },
            "prefix": null
          },
          "private": "bnVsbA=="
        },
        {
          "index_key": 881,
          "schema_version": 0,
          "attributes": {
            "b64": "LVs",
            "b64_std": "LVs=",
            "b64_url": "LVs",
            "byte_length": 2,
            "dec": "11611",
            "hex": "2d5b",
            "id": "LVs",
            "keepers": {
              "force": "58e08b81-f619-9fa7-7010-9e67a63934a3"
            },
            "prefix": null
          },
          "private": "bnVsbA=="
        },
        {
          "index_key": 882,
          "schema_version": 0,
          "attributes": {
            "b64": "tpw",
            "b64_std": "tpw=",
            "b64_url": "tpw",
            "byte_length": 2,
            "dec": "46748",
            "hex": "b69c",
            "id": "tpw",
            "keepers": {
              "force": "6d26c8d2-4ffd-3c2f-94aa-5687dbc376eb"
            },
            "prefix": null
          },
          "private": "bnVsbA=="
        },
        {
          "index_key": 883,
          "schema_version": 0,
          "attributes": {
            "b64": "RNs",
            "b64_std": "RNs=",
            "b64_url": "RNs",
            "byte_length": 2,
            "dec": "17627",
            "hex": "44db",
            "id": "RNs",
            "keepers": {
              "force": "7c22b5f1-a13a-4d0a-bd86-46837ede82ae"
            },
            "prefix": null
          },
          "private": "bnVsbA=="
        },
        {
          "index_key": 884,
          "schema_version": 0,
          "attributes": {
            "b64": "UrU",
            "b64_std": "UrU=",
            "b64_url": "UrU",
            "byte_length": 2,
            "dec": "21173",
            "hex": "52b5",
            "id": "UrU",
            "keepers": {
              "force": "2c1089b9-69dc-a926-2e49-bc4b8ba1d624"
            },
            "prefix": null
          },
          "private": "bnVsbA=="
        },
        {
          "index_key": 885,
          "schema_version": 0,
          "attributes": {
            "b64": "VJY",
            "b64_std": "VJY=",
            "b64_url": "VJY",
            "byte_length": 2,
            "dec": "21654",
            "hex": "5496",
            "id": "VJY",
            "keepers": {
              "force": "c6adc6d8-b3a7-64be-436d-2c22850ecc97"
            },
            "prefix": null
          },
          "private": "bnVsbA=="
        },
        {
          "index_key": 886,
          "schema_version": 0,
          "attributes": {
            "b64": "JfI",
            "b64_std": "JfI=",
            "b64_url": "JfI",
            "byte_length": 2,
            "dec": "9714",
            "hex": "25f2",
            "id": "JfI",
            "keepers": {
              "force": "4cc836db-e37e-5793-cbd7-2c6b4563eac0"
            },
            "prefix": null
          },
          "private": "bnVsbA=="
        },
        {
          "index_key": 887,
          "schema_version": 0,
          "attributes": {
            "b64": "WVM",
            "b64_std": "WVM=",
            "b64_url": "WVM",
            "byte_length": 2,
            "dec": "22867",
            "hex": "5953",
            "id": "WVM",
            "keepers": {
              "force": "abcca170-5234-8619-194c-1b976f31c6ce"
            },
            "prefix": null
          },
          "private": "bnVsbA=="
        },
        {
          "index_key": 888,
          "schema_version": 0,
          "attributes": {
            "b64": "a8I",
            "b64_std": "a8I=",
            "b64_url": "a8I",
            "byte_length": 2,
            "dec": "27586",
            "hex": "6bc2",
            "id": "a8I",
            "keepers": {
              "force": "3a0ffe53-71b5-5aea-2b86-db1fc925cd2f"
            },
            "prefix": null
          },
          "private": "bnVsbA=="
        },
        {
          "index_key": 889,
          "schema_version": 0,
          "attributes": {
            "b64": "nL0",
            "b64_std": "nL0=",
            "b64_url": "nL0",
            "byte_length": 2,
            "dec": "40125",
            "hex": "9cbd",
            "id": "nL0",
            "keepers": {
              "force": "5d2fd462-e995-18c3-cbd8-6be5271565de"
            },
            "prefix": null
          },
          "private": "bnVsbA=="
        },
        {
          "index_key": 890,
          "schema_version": 0,
          "attributes": {
            "b64": "Z1U",
            "b64_std": "Z1U=",
            "b64_url": "Z1U",
            "byte_length": 2,
            "dec": "26453",
            "hex": "6755",
            "id": "Z1U",
            "keepers": {
              "force": "2926968a-017a-0773-370b-49dee2d30df2"
            },
            "prefix": null
          },
          "private": "bnVsbA=="
        },
        {
          "index_key": 891,
          "schema_version": 0,
          "attributes": {
            "b64": "jQg",
            "b64_std": "jQg=",
            "b64_url": "jQg",
            "byte_length": 2,
            "dec": "36104",
            "hex": "8d08",
            "id": "jQg",
            "keepers": {
              "force": "fd26c3f2-07c0-fc31-6c61-fa652cd3d3ef"
            },
            "prefix": null
          },
          "private": "bnVsbA=="
        },
        {
          "index_key": 892,
          "schema_version": 0,
          "attributes": {
            "b64": "Yfk",
            "b64_std": "Yfk=",
            "b64_url": "Yfk",
            "byte_length": 2,
            "dec": "25081",
            "hex": "61f9",
            "id": "Yfk",
            "keepers": {
              "force": "9966a1b7-c7fc-6900-9e74-e1c2f06f6faa"
            },
            "prefix": null
          },
          "private": "bnVsbA=="
        },
        {
          "index_key": 893,
          "schema_version": 0,
          "attributes": {
            "b64": "0PM",
            "b64_std": "0PM=",
            "b64_url": "0PM",
            "byte_length": 2,
            "dec": "53491",
            "hex": "d0f3",
            "id": "0PM",
            "keepers": {
              "force": "edebfd74-d209-8622-3974-3466fec19550"
            },
            "prefix": null
          },
          "private": "bnVsbA=="
        },
        {
          "index_key": 894,
          "schema_version": 0,
          "attributes": {
            "b64": "tTc",
            "b64_std": "tTc=",
            "b64_url": "tTc",
            "byte_length": 2,
            "dec": "46391",
            "hex": "b537",
            "id": "tTc",
            "keepers": {
              "force": "9426d293-8064-b63e-1e02-18d325e817d9"
            },
            "prefix": null
          },
          "private": "bnVsbA=="
        },
        {
          "index_key": 895,
          "schema_version": 0,
          "attributes": {
            "b64": "v2U",
            "b64_std": "v2U=",
            "b64_url": "v2U",
            "byte_length": 2,
            "dec": "48997",
            "hex": "bf65",
            "id": "v2U",
            "keepers": {
              "force": "340d2993-e3aa-264e-e252-1f44c5e3eead"
            },
            "prefix": null
          },
          "private": "bnVsbA=="
        },
        {
          "index_key": 896,
          "schema_version": 0,
          "attributes": {
            "b64": "nxM",
            "b64_std": "nxM=",
            "b64_url": "nxM",
            "byte_length": 2,
            "dec": "40723",
            "hex": "9f13",
            "id": "nxM",
            "keepers": {
              "force": "0750a244-5937-5e5e-f83a-46ecc8985eae"
            },
            "prefix": null
          },
          "private": "bnVsbA=="
        },
        {
          "index_key": 897,
          "schema_version": 0,
          "attributes": {
            "b64": "b00",
            "b64_std": "b00=",
            "b64_url": "b00",
            "byte_length": 2,
            "dec": "28493",
            "hex": "6f4d",
            "id": "b00",
            "keepers": {
              "force": "16200ce6-3269-b25d-d423-c1003dab12df"
            },
            "prefix": null
          },
          "private": "bnVsbA=="
        },
        {
          "index_key": 898,
          "schema_version": 0,
          "attributes": {
            "b64": "Mk8",
            "b64_std": "Mk8=",
            "b64_url": "Mk8",
            "byte_length": 2,
            "dec": "12879",
            "hex": "324f",
            "id": "Mk8",
            "keepers": {
              "force": "f2c80ceb-0bb2-7c98-d8b7-561845b66cad"
            },
            "prefix": null
          },
          "private": "bnVsbA=="
        },
        {
          "index_key": 899,
          "schema_version": 0,
          "attributes": {
            "b64": "0xU",
            "b64_std": "0xU=",
            "b64_url": "0xU",
            "byte_length": 2,
            "dec": "54037",
            "hex": "d315",
            "id": "0xU",
            "keepers": {
              "force": "bc3c3bfa-b215-2b19-c1d6-43dfcf2bf3f7"
            },
            "prefix": null
          },
          "private": "bnVsbA=="
        },
        {
          "index_key": 900,
          "schema_version": 0,
          "attributes": {
            "b64": "DlE",
            "b64_std": "DlE=",
            "b64_url": "DlE",
            "byte_length": 2,
            "dec": "3665",
            "hex": "0e51",
            "id": "DlE",
            "keepers": {
              "force": "5f2263e3-6c2a-afea-fbeb-5e46d4b4bd98"
            },
            "prefix": null
          },
          "private": "bnVsbA=="
        },
        {
          "index_key": 901,
          "schema_version": 0,
          "attributes": {
            "b64": "66k",
            "b64_std": "66k=",
            "b64_url": "66k",
            "byte_length": 2,
            "dec": "60329",
            "hex": "eba9",
            "id": "66k",
            "keepers": {
              "force": "ce18a163-bc63-cbc9-5ee9-d7b3e0209ab1"
            },
            "prefix": null
          },
          "private": "bnVsbA=="
        },
        {
          "index_key": 902,
          "schema_version": 0,
          "attributes": {
            "b64": "Ie8",
            "b64_std": "Ie8=",
            "b64_url": "Ie8",
            "byte_length": 2,
            "dec": "8687",
            "hex": "21ef",
            "id": "Ie8",
            "keepers": {
              "force": "5d8660a1-5e7d-0719-3566-fcc0763e61ce"
            },
            "prefix": null
          },
          "private": "bnVsbA=="
        },
        {
          "index_key": 903,
          "schema_version": 0,
          "attributes": {
            "b64": "FPs",
            "b64_std": "FPs=",
            "b64_url": "FPs",
            "byte_length": 2,
            "dec": "5371",
            "hex": "14fb",
            "id": "FPs",
            "keepers": {
              "force": "7863683c-3aba-9c20-b164-f52fd11d1eaa"
            },
            "prefix": null
          },
          "private": "bnVsbA=="
        },
        {
          "index_key": 904,
          "schema_version": 0,
          "attributes": {
            "b64": "Vb8",
            "b64_std": "Vb8=",
            "b64_url": "Vb8",
            "byte_length": 2,
            "dec": "21951",
            "hex": "55bf",
            "id": "Vb8",
            "keepers": {
              "force": "7397e979-694c-7ff3-1120-fd10fd5b77be"
            },
            "prefix": null
          },
          "private": "bnVsbA=="
        },
        {
          "index_key": 905,
          "schema_version": 0,
          "attributes": {
            "b64": "YRo",
            "b64_std": "YRo=",
            "b64_url": "YRo",
            "byte_length": 2,
            "dec": "24858",
            "hex": "611a",
            "id": "YRo",
            "keepers": {
              "force": "ae7c3f01-0929-46ec-dbeb-36a657c6180e"
            },
            "prefix": null
          },
          "private": "bnVsbA=="
        },
        {
          "index_key": 906,
          "schema_version": 0,
          "attributes": {
            "b64": "B5g",
            "b64_std": "B5g=",
            "b64_url": "B5g",
            "byte_length": 2,
            "dec": "1944",
            "hex": "0798",
            "id": "B5g",
            "keepers": {
              "force": "6748995c-c0f4-0ada-7792-e8a2d35e26d4"
            },
            "prefix": null
          },
          "private": "bnVsbA=="
        },
        {
          "index_key": 907,
          "schema_version": 0,
          "attributes": {
            "b64": "Wz4",
            "b64_std": "Wz4=",
            "b64_url": "Wz4",
            "byte_length": 2,
            "dec": "23358",
            "hex": "5b3e",
            "id": "Wz4",
            "keepers": {
              "force": "8d148df9-cf59-4ca7-731f-5833286293d3"
            },
            "prefix": null
          },
          "private": "bnVsbA=="
        },
        {
          "index_key": 908,
          "schema_version": 0,
          "attributes": {
            "b64": "5Ns",
            "b64_std": "5Ns=",
            "b64_url": "5Ns",
            "byte_length": 2,
            "dec": "58587",
            "hex": "e4db",
            "id": "5Ns",
            "keepers": {
              "force": "53702ab4-1471-2618-523a-707a913a6ba0"
            },
            "prefix": null
          },
          "private": "bnVsbA=="
        },
        {
          "index_key": 909,
          "schema_version": 0,
          "attributes": {
            "b64": "sKc",
            "b64_std": "sKc=",
            "b64_url": "sKc",
            "byte_length": 2,
            "dec": "45223",
            "hex": "b0a7",
            "id": "sKc",
            "keepers": {
              "force": "7dd7954a-91e7-c024-1105-4d9f46334813"
            },
            "prefix": null
          },
          "private": "bnVsbA=="
        },
        {
          "index_key": 910,
          "schema_version": 0,
          "attributes": {
            "b64": "8MA",
            "b64_std": "8MA=",
            "b64_url": "8MA",
            "byte_length": 2,
            "dec": "61632",
            "hex": "f0c0",
            "id": "8MA",
            "keepers": {
              "force": "c8031599-72fd-580b-4d17-476c63d796ea"
            },
            "prefix": null
          },
          "private": "bnVsbA=="
        },
        {
          "index_key": 911,
          "schema_version": 0,
          "attributes": {
            "b64": "RWY",
            "b64_std": "RWY=",
            "b64_url": "RWY",
            "byte_length": 2,
            "dec": "17766",
            "hex": "4566",
            "id": "RWY",
            "keepers": {
              "force": "1c69410c-0d6b-1267-0d72-afc64c61c00a"
            },
            "prefix": null
          },
          "private": "bnVsbA=="
        },
        {
          "index_key": 912,
          "schema_version": 0,
          "attributes": {
            "b64": "dBc",
            "b64_std": "dBc=",
            "b64_url": "dBc",
            "byte_length": 2,
            "dec": "29719",
            "hex": "7417",
            "id": "dBc",
            "keepers": {
              "force": "d8685710-cea5-2eb2-f055-fef90de69576"
            },
            "prefix": null
          },
          "private": "bnVsbA=="
        },
        {
          "index_key": 913,
          "schema_version": 0,
          "attributes": {
            "b64": "ldI",
            "b64_std": "ldI=",
            "b64_url": "ldI",
            "byte_length": 2,
            "dec": "38354",
            "hex": "95d2",
            "id": "ldI",
            "keepers": {
              "force": "a09aaeed-cd84-128d-f4d2-e4a4ead1d9d7"
            },
            "prefix": null
          },
          "private": "bnVsbA=="
        },
        {
          "index_key": 914,
          "schema_version": 0,
          "attributes": {
            "b64": "0p4",
            "b64_std": "0p4=",
            "b64_url": "0p4",
            "byte_length": 2,
            "dec": "53918",
            "hex": "d29e",
            "id": "0p4",
            "keepers": {
              "force": "877c3ba9-a5d3-26c7-0b0e-b5a346ebc6a7"
            },
            "prefix": null
          },
          "private": "bnVsbA=="
        },
        {
          "index_key": 915,
          "schema_version": 0,
          "attributes": {
            "b64": "Dxg",
            "b64_std": "Dxg=",
            "b64_url": "Dxg",
            "byte_length": 2,
            "dec": "3864",
            "hex": "0f18",
            "id": "Dxg",
            "keepers": {
              "force": "e269700e-3647-cb1e-578e-6a62d47e81df"
            },
            "prefix": null
          },
          "private": "bnVsbA=="
        },
        {
          "index_key": 916,
          "schema_version": 0,
          "attributes": {
            "b64": "m40",
            "b64_std": "m40=",
            "b64_url": "m40",
            "byte_length": 2,
            "dec": "39821",
            "hex": "9b8d",
            "id": "m40",
            "keepers": {
              "force": "f7dd6ac6-18d5-95c9-b8fd-65666f67679d"
            },
            "prefix": null
          },
          "private": "bnVsbA=="
        },
        {
          "index_key": 917,
          "schema_version": 0,
          "attributes": {
            "b64": "KVY",
            "b64_std": "KVY=",
            "b64_url": "KVY",
            "byte_length": 2,
            "dec": "10582",
            "hex": "2956",
            "id": "KVY",
            "keepers": {
              "force": "810ab492-1561-d390-b4bb-7e5219b4568b"
            },
            "prefix": null
          },
          "private": "bnVsbA=="
        },
        {
          "index_key": 918,
          "schema_version": 0,
          "attributes": {
            "b64": "R2w",
            "b64_std": "R2w=",
            "b64_url": "R2w",
            "byte_length": 2,
            "dec": "18284",
            "hex": "476c",
            "id": "R2w",
            "keepers": {
              "force": "85cc7cef-ab28-79c5-c983-d57875ddf2bc"
            },
            "prefix": null
          },
          "private": "bnVsbA=="
        },
        {
          "index_key": 919,
          "schema_version": 0,
          "attributes": {
            "b64": "Op0",
            "b64_std": "Op0=",
            "b64_url": "Op0",
            "byte_length": 2,
            "dec": "15005",
            "hex": "3a9d",
            "id": "Op0",
            "keepers": {
              "force": "180d331d-1129-2c69-3075-5755935d385b"
            },
            "prefix": null
          },
          "private": "bnVsbA=="
        },
        {
          "index_key": 920,
          "schema_version": 0,
          "attributes": {
            "b64": "Iis",
            "b64_std": "Iis=",
            "b64_url": "Iis",
            "byte_length": 2,
            "dec": "8747",
            "hex": "222b",
            "id": "Iis",
            "keepers": {
              "force": "b8194841-4c53-096d-f4a1-1a3455008f48"
            },
            "prefix": null
          },
          "private": "bnVsbA=="
        },
        {
          "index_key": 921,
          "schema_version": 0,
          "attributes": {
            "b64": "wkU",
            "b64_std": "wkU=",
            "b64_url": "wkU",
            "byte_length": 2,
            "dec": "49733",
            "hex": "c245",
            "id": "wkU",
            "keepers": {
              "force": "b885fe1d-8e39-e074-dc39-b414bea6ee59"
            },
            "prefix": null
          },
          "private": "bnVsbA=="
        },
        {
          "index_key": 922,
          "schema_version": 0,
          "attributes": {
            "b64": "ZzQ",
            "b64_std": "ZzQ=",
            "b64_url": "ZzQ",
            "byte_length": 2,
            "dec": "26420",
            "hex": "6734",
            "id": "ZzQ",
            "keepers": {
              "force": "7b21e061-b74a-7ddc-0003-bc2e49654f47"
            },
            "prefix": null
          },
          "private": "bnVsbA=="
        },
        {
          "index_key": 923,
          "schema_version": 0,
          "attributes": {
            "b64": "134",
            "b64_std": "134=",
            "b64_url": "134",
            "byte_length": 2,
            "dec": "55166",
            "hex": "d77e",
            "id": "134",
            "keepers": {
              "force": "ec7a5af7-81a2-47ab-acc0-5c4ddf5e0729"
            },
            "prefix": null
          },
          "private": "bnVsbA=="
        },
        {
          "index_key": 924,
          "schema_version": 0,
          "attributes": {
            "b64": "OmA",
            "b64_std": "OmA=",
            "b64_url": "OmA",
            "byte_length": 2,
            "dec": "14944",
            "hex": "3a60",
            "id": "OmA",
            "keepers": {
              "force": "c3cec772-67f4-378e-dd62-f3d3a981ece5"
            },
            "prefix": null
          },
          "private": "bnVsbA=="
        },
        {
          "index_key": 925,
          "schema_version": 0,
          "attributes": {
            "b64": "ygI",
            "b64_std": "ygI=",
            "b64_url": "ygI",
            "byte_length": 2,
            "dec": "51714",
            "hex": "ca02",
            "id": "ygI",
            "keepers": {
              "force": "46ce107a-e69a-66a3-8340-02f4206924c1"
            },
            "prefix": null
          },
          "private": "bnVsbA=="
        },
        {
          "index_key": 926,
          "schema_version": 0,
          "attributes": {
            "b64": "vSE",
            "b64_std": "vSE=",
            "b64_url": "vSE",
            "byte_length": 2,
            "dec": "48417",
            "hex": "bd21",
            "id": "vSE",
            "keepers": {
              "force": "cf399c60-f128-15a1-2338-fd98039d91f4"
            },
            "prefix": null
          },
          "private": "bnVsbA=="
        },
        {
          "index_key": 927,
          "schema_version": 0,
          "attributes": {
            "b64": "0zI",
            "b64_std": "0zI=",
            "b64_url": "0zI",
            "byte_length": 2,
            "dec": "54066",
            "hex": "d332",
            "id": "0zI",
            "keepers": {
              "force": "d68cd571-0bce-f6ec-f14a-ac974563f96f"
            },
            "prefix": null
          },
          "private": "bnVsbA=="
        },
        {
          "index_key": 928,
          "schema_version": 0,
          "attributes": {
            "b64": "Kog",
            "b64_std": "Kog=",
            "b64_url": "Kog",
            "byte_length": 2,
            "dec": "10888",
            "hex": "2a88",
            "id": "Kog",
            "keepers": {
              "force": "57860f84-21fc-ebf8-345b-b496b5f59061"
            },
            "prefix": null
          },
          "private": "bnVsbA=="
        },
        {
          "index_key": 929,
          "schema_version": 0,
          "attributes": {
            "b64": "LH0",
            "b64_std": "LH0=",
            "b64_url": "LH0",
            "byte_length": 2,
            "dec": "11389",
            "hex": "2c7d",
            "id": "LH0",
            "keepers": {
              "force": "244b5a0f-9c3b-6780-d993-1526f8f4fbab"
            },
            "prefix": null
          },
          "private": "bnVsbA=="
        },
        {
          "index_key": 930,
          "schema_version": 0,
          "attributes": {
            "b64": "3_s",
            "b64_std": "3/s=",
            "b64_url": "3_s",
            "byte_length": 2,
            "dec": "57339",
            "hex": "dffb",
            "id": "3_s",
            "keepers": {
              "force": "9ec0edec-87fd-bbec-e314-efb7914a7c36"
            },
            "prefix": null
          },
          "private": "bnVsbA=="
        },
        {
          "index_key": 931,
          "schema_version": 0,
          "attributes": {
            "b64": "7yc",
            "b64_std": "7yc=",
            "b64_url": "7yc",
            "byte_length": 2,
            "dec": "61223",
            "hex": "ef27",
            "id": "7yc",
            "keepers": {
              "force": "fd7929ab-1ffa-2512-df67-20a05b91e4bc"
            },
            "prefix": null
          },
          "private": "bnVsbA=="
        },
        {
          "index_key": 932,
          "schema_version": 0,
          "attributes": {
            "b64": "qAM",
            "b64_std": "qAM=",
            "b64_url": "qAM",
            "byte_length": 2,
            "dec": "43011",
            "hex": "a803",
            "id": "qAM",
            "keepers": {
              "force": "6e036f4b-2d49-960e-5191-c6ff3b22f9a7"
            },
            "prefix": null
          },
          "private": "bnVsbA=="
        },
        {
          "index_key": 933,
          "schema_version": 0,
          "attributes": {
            "b64": "b3s",
            "b64_std": "b3s=",
            "b64_url": "b3s",
            "byte_length": 2,
            "dec": "28539",
            "hex": "6f7b",
            "id": "b3s",
            "keepers": {
              "force": "a7e67745-5214-a0c6-7ca9-210bc4f04240"
            },
            "prefix": null
          },
          "private": "bnVsbA=="
        },
        {
          "index_key": 934,
          "schema_version": 0,
          "attributes": {
            "b64": "Cd4",
            "b64_std": "Cd4=",
            "b64_url": "Cd4",
            "byte_length": 2,
            "dec": "2526",
            "hex": "09de",
            "id": "Cd4",
            "keepers": {
              "force": "4bde117b-9d74-d34b-0183-5ebd430f6089"
            },
            "prefix": null
          },
          "private": "bnVsbA=="
        },
        {
          "index_key": 935,
          "schema_version": 0,
          "attributes": {
            "b64": "O_U",
            "b64_std": "O/U=",
            "b64_url": "O_U",
            "byte_length": 2,
            "dec": "15349",
            "hex": "3bf5",
            "id": "O_U",
            "keepers": {
              "force": "76b6197d-5af0-761e-a8f7-f56272c377b9"
            },
            "prefix": null
          },
          "private": "bnVsbA=="
        },
        {
          "index_key": 936,
          "schema_version": 0,
          "attributes": {
            "b64": "gxE",
            "b64_std": "gxE=",
            "b64_url": "gxE",
            "byte_length": 2,
            "dec": "33553",
            "hex": "8311",
            "id": "gxE",
            "keepers": {
              "force": "1c61d2ba-e34b-fbe0-baea-ad9184cd12ce"
            },
            "prefix": null
          },
          "private": "bnVsbA=="
        },
        {
          "index_key": 937,
          "schema_version": 0,
          "attributes": {
            "b64": "pus",
            "b64_std": "pus=",
            "b64_url": "pus",
            "byte_length": 2,
            "dec": "42731",
            "hex": "a6eb",
            "id": "pus",
            "keepers": {
              "force": "1b8a381f-4949-1679-5f63-cd918463d1fa"
            },
            "prefix": null
          },
          "private": "bnVsbA=="
        },
        {
          "index_key": 938,
          "schema_version": 0,
          "attributes": {
            "b64": "eOQ",
            "b64_std": "eOQ=",
            "b64_url": "eOQ",
            "byte_length": 2,
            "dec": "30948",
            "hex": "78e4",
            "id": "eOQ",
            "keepers": {
              "force": "ff663962-a776-dbe3-47e9-1343427b4dfc"
            },
            "prefix": null
          },
          "private": "bnVsbA=="
        },
        {
          "index_key": 939,
          "schema_version": 0,
          "attributes": {
            "b64": "MvQ",
            "b64_std": "MvQ=",
            "b64_url": "MvQ",
            "byte_length": 2,
            "dec": "13044",
            "hex": "32f4",
            "id": "MvQ",
            "keepers": {
              "force": "15afbdea-6aa2-61ac-7326-592c48b04636"
            },
            "prefix": null
          },
          "private": "bnVsbA=="
        },
        {
          "index_key": 940,
          "schema_version": 0,
          "attributes": {
            "b64": "MO0",
            "b64_std": "MO0=",
            "b64_url": "MO0",
            "byte_length": 2,
            "dec": "12525",
            "hex": "30ed",
            "id": "MO0",
            "keepers": {
              "force": "0a689d08-3295-6c12-0a37-a98cf9fbd03e"
            },
            "prefix": null
          },
          "private": "bnVsbA=="
        },
        {
          "index_key": 941,
          "schema_version": 0,
          "attributes": {
            "b64": "72I",
            "b64_std": "72I=",
            "b64_url": "72I",
            "byte_length": 2,
            "dec": "61282",
            "hex": "ef62",
            "id": "72I",
            "keepers": {
              "force": "44d0a204-9800-8942-f3dd-28b69325cd72"
            },
            "prefix": null
          },
          "private": "bnVsbA=="
        },
        {
          "index_key": 942,
          "schema_version": 0,
          "attributes": {
            "b64": "Qi4",
            "b64_std": "Qi4=",
            "b64_url": "Qi4",
            "byte_length": 2,
            "dec": "16942",
            "hex": "422e",
            "id": "Qi4",
            "keepers": {
              "force": "18dae8aa-f8eb-f5f3-bd2f-b621b0d2b959"
            },
            "prefix": null
          },
          "private": "bnVsbA=="
        },
        {
          "index_key": 943,
          "schema_version": 0,
          "attributes": {
            "b64": "UxA",
            "b64_std": "UxA=",
            "b64_url": "UxA",
            "byte_length": 2,
            "dec": "21264",
            "hex": "5310",
            "id": "UxA",
            "keepers": {
              "force": "49045b00-5b25-693e-70c9-915598e4684c"
            },
            "prefix": null
          },
          "private": "bnVsbA=="
        },
        {
          "index_key": 944,
          "schema_version": 0,
          "attributes": {
            "b64": "TJk",
            "b64_std": "TJk=",
            "b64_url": "TJk",
            "byte_length": 2,
            "dec": "19609",
            "hex": "4c99",
            "id": "TJk",
            "keepers": {
              "force": "b1a26634-ebc3-f489-ef30-ed00cf3483e8"
            },
            "prefix": null
          },
          "private": "bnVsbA=="
        },
        {
          "index_key": 945,
          "schema_version": 0,
          "attributes": {
            "b64": "L-0",
            "b64_std": "L+0=",
            "b64_url": "L-0",
            "byte_length": 2,
            "dec": "12269",
            "hex": "2fed",
            "id": "L-0",
            "keepers": {
              "force": "fb791eb8-2745-47c7-130d-015da9bfdde7"
            },
            "prefix": null
          },
          "private": "bnVsbA=="
        },
        {
          "index_key": 946,
          "schema_version": 0,
          "attributes": {
            "b64": "wzg",
            "b64_std": "wzg=",
            "b64_url": "wzg",
            "byte_length": 2,
            "dec": "49976",
            "hex": "c338",
            "id": "wzg",
            "keepers": {
              "force": "b6807ffe-bc0c-db0a-bf87-df11805be293"
            },
            "prefix": null
          },
          "private": "bnVsbA=="
        },
        {
          "index_key": 947,
          "schema_version": 0,
          "attributes": {
            "b64": "vPc",
            "b64_std": "vPc=",
            "b64_url": "vPc",
            "byte_length": 2,
            "dec": "48375",
            "hex": "bcf7",
            "id": "vPc",
            "keepers": {
              "force": "c9433c99-3caa-0083-b504-a14b1491907e"
            },
            "prefix": null
          },
          "private": "bnVsbA=="
        },
        {
          "index_key": 948,
          "schema_version": 0,
          "attributes": {
            "b64": "siI",
            "b64_std": "siI=",
            "b64_url": "siI",
            "byte_length": 2,
            "dec": "45602",
            "hex": "b222",
            "id": "siI",
            "keepers": {
              "force": "a51a742a-d069-1639-50ed-a12fc740d18f"
            },
            "prefix": null
          },
          "private": "bnVsbA=="
        },
        {
          "index_key": 949,
          "schema_version": 0,
          "attributes": {
            "b64": "AF8",
            "b64_std": "AF8=",
            "b64_url": "AF8",
            "byte_length": 2,
            "dec": "95",
            "hex": "005f",
            "id": "AF8",
            "keepers": {
              "force": "68c0ada7-2c8d-e1f2-5ead-b8dcfae36f5e"
            },
            "prefix": null
          },
          "private": "bnVsbA=="
        },
        {
          "index_key": 950,
          "schema_version": 0,
          "attributes": {
            "b64": "1ps",
            "b64_std": "1ps=",
            "b64_url": "1ps",
            "byte_length": 2,
            "dec": "54939",
            "hex": "d69b",
            "id": "1ps",
            "keepers": {
              "force": "e8f70418-cf15-c079-e45b-11db865fed2e"
            },
            "prefix": null
          },
          "private": "bnVsbA=="
        },
        {
          "index_key": 951,
          "schema_version": 0,
          "attributes": {
            "b64": "9-Y",
            "b64_std": "9+Y=",
            "b64_url": "9-Y",
            "byte_length": 2,
            "dec": "63462",
            "hex": "f7e6",
            "id": "9-Y",
            "keepers": {
              "force": "26773dd4-2888-7a5f-e06b-bf2c4369c4f5"
            },
            "prefix": null
          },
          "private": "bnVsbA=="
        },
        {
          "index_key": 952,
          "schema_version": 0,
          "attributes": {
            "b64": "8eo",
            "b64_std": "8eo=",
            "b64_url": "8eo",
            "byte_length": 2,
            "dec": "61930",
            "hex": "f1ea",
            "id": "8eo",
            "keepers": {
              "force": "4bf98e75-1cb5-1c76-f4aa-e9ae96dfcea8"
            },
            "prefix": null
          },
          "private": "bnVsbA=="
        },
        {
          "index_key": 953,
          "schema_version": 0,
          "attributes": {
            "b64": "vtE",
            "b64_std": "vtE=",
            "b64_url": "vtE",
            "byte_length": 2,
            "dec": "48849",
            "hex": "bed1",
            "id": "vtE",
            "keepers": {
              "force": "ad16d92e-df29-115e-40c1-9a62c547ffd9"
            },
            "prefix": null
          },
          "private": "bnVsbA=="
        },
        {
          "index_key": 954,
          "schema_version": 0,
          "attributes": {
            "b64": "3Fc",
            "b64_std": "3Fc=",
            "b64_url": "3Fc",
            "byte_length": 2,
            "dec": "56407",
            "hex": "dc57",
            "id": "3Fc",
            "keepers": {
              "force": "afc6e77c-6c86-89d8-62e8-fbb777421b07"
            },
            "prefix": null
          },
          "private": "bnVsbA=="
        },
        {
          "index_key": 955,
          "schema_version": 0,
          "attributes": {
            "b64": "78Y",
            "b64_std": "78Y=",
            "b64_url": "78Y",
            "byte_length": 2,
            "dec": "61382",
            "hex": "efc6",
            "id": "78Y",
            "keepers": {
              "force": "b816e495-7b9f-06ba-1920-42d3683420a6"
            },
            "prefix": null
          },
          "private": "bnVsbA=="
        },
        {
          "index_key": 956,
          "schema_version": 0,
          "attributes": {
            "b64": "heA",
            "b64_std": "heA=",
            "b64_url": "heA",
            "byte_length": 2,
            "dec": "34272",
            "hex": "85e0",
            "id": "heA",
            "keepers": {
              "force": "2f32468d-3e54-9b51-4d92-7b674e85db8a"
            },
            "prefix": null
          },
          "private": "bnVsbA=="
        },
        {
          "index_key": 957,
          "schema_version": 0,
          "attributes": {
            "b64": "Ijw",
            "b64_std": "Ijw=",
            "b64_url": "Ijw",
            "byte_length": 2,
            "dec": "8764",
            "hex": "223c",
            "id": "Ijw",
            "keepers": {
              "force": "e81724ce-65cf-eaf5-5ad0-4bd5d78ae38d"
            },
            "prefix": null
          },
          "private": "bnVsbA=="
        },
        {
          "index_key": 958,
          "schema_version": 0,
          "attributes": {
            "b64": "U6E",
            "b64_std": "U6E=",
            "b64_url": "U6E",
            "byte_length": 2,
            "dec": "21409",
            "hex": "53a1",
            "id": "U6E",
            "keepers": {
              "force": "001013ca-85f9-e1f5-eb5e-d80c7b8e3d40"
            },
            "prefix": null
          },
          "private": "bnVsbA=="
        },
        {
          "index_key": 959,
          "schema_version": 0,
          "attributes": {
            "b64": "oTc",
            "b64_std": "oTc=",
            "b64_url": "oTc",
            "byte_length": 2,
            "dec": "41271",
            "hex": "a137",
            "id": "oTc",
            "keepers": {
              "force": "64b66316-ccae-c2ed-b5bf-67dc4111d6bd"
            },
            "prefix": null
          },
          "private": "bnVsbA=="
        },
        {
          "index_key": 960,
          "schema_version": 0,
          "attributes": {
            "b64": "Nx8",
            "b64_std": "Nx8=",
            "b64_url": "Nx8",
            "byte_length": 2,
            "dec": "14111",
            "hex": "371f",
            "id": "Nx8",
            "keepers": {
              "force": "b4abc806-b989-ed94-89c3-c8c3cb43a967"
            },
            "prefix": null
          },
          "private": "bnVsbA=="
        },
        {
          "index_key": 961,
          "schema_version": 0,
          "attributes": {
            "b64": "qbE",
            "b64_std": "qbE=",
            "b64_url": "qbE",
            "byte_length": 2,
            "dec": "43441",
            "hex": "a9b1",
            "id": "qbE",
            "keepers": {
              "force": "a4841244-93c9-a93a-f1d6-d01b2a69eb29"
            },
            "prefix": null
          },
          "private": "bnVsbA=="
        },
        {
          "index_key": 962,
          "schema_version": 0,
          "attributes": {
            "b64": "4WY",
            "b64_std": "4WY=",
            "b64_url": "4WY",
            "byte_length": 2,
            "dec": "57702",
            "hex": "e166",
            "id": "4WY",
            "keepers": {
              "force": "b970f4f9-37a5-239b-d19f-7a218b375d27"
            },
            "prefix": null
          },
          "private": "bnVsbA=="
        },
        {
          "index_key": 963,
          "schema_version": 0,
          "attributes": {
            "b64": "u0k",
            "b64_std": "u0k=",
            "b64_url": "u0k",
            "byte_length": 2,
            "dec": "47945",
            "hex": "bb49",
            "id": "u0k",
            "keepers": {
              "force": "ef97cf5c-7d7e-725b-1754-a36300b38a93"
            },
            "prefix": null
          },
          "private": "bnVsbA=="
        },
        {
          "index_key": 964,
          "schema_version": 0,
          "attributes": {
            "b64": "G4c",
            "b64_std": "G4c=",
            "b64_url": "G4c",
            "byte_length": 2,
            "dec": "7047",
            "hex": "1b87",
            "id": "G4c",
            "keepers": {
              "force": "be698419-3c6b-4800-2525-ddedbfc5e3ba"
            },
            "prefix": null
          },
          "private": "bnVsbA=="
        },
        {
          "index_key": 965,
          "schema_version": 0,
          "attributes": {
            "b64": "igs",
            "b64_std": "igs=",
            "b64_url": "igs",
            "byte_length": 2,
            "dec": "35339",
            "hex": "8a0b",
            "id": "igs",
            "keepers": {
              "force": "955534e9-0070-885c-f450-a9a6c489f3f9"
            },
            "prefix": null
          },
          "private": "bnVsbA=="
        },
        {
          "index_key": 966,
          "schema_version": 0,
          "attributes": {
            "b64": "CWg",
            "b64_std": "CWg=",
            "b64_url": "CWg",
            "byte_length": 2,
            "dec": "2408",
            "hex": "0968",
            "id": "CWg",
            "keepers": {
              "force": "93668fd9-fd27-a9bf-1850-a6cc8cc24d6f"
            },
            "prefix": null
          },
          "private": "bnVsbA=="
        },
        {
          "index_key": 967,
          "schema_version": 0,
          "attributes": {
            "b64": "A2E",
            "b64_std": "A2E=",
            "b64_url": "A2E",
            "byte_length": 2,
            "dec": "865",
            "hex": "0361",
            "id": "A2E",
            "keepers": {
              "force": "ca010e8a-bd5a-4480-fbb8-52ac04cf4a9d"
            },
            "prefix": null
          },
          "private": "bnVsbA=="
        },
        {
          "index_key": 968,
          "schema_version": 0,
          "attributes": {
            "b64": "Oes",
            "b64_std": "Oes=",
            "b64_url": "Oes",
            "byte_length": 2,
            "dec": "14827",
            "hex": "39eb",
            "id": "Oes",
            "keepers": {
              "force": "9bbaa0ff-6b5a-d82d-d6ad-b187999ea1c4"
            },
            "prefix": null
          },
          "private": "bnVsbA=="
        },
        {
          "index_key": 969,
          "schema_version": 0,
          "attributes": {
            "b64": "xEI",
            "b64_std": "xEI=",
            "b64_url": "xEI",
            "byte_length": 2,
            "dec": "50242",
            "hex": "c442",
            "id": "xEI",
            "keepers": {
              "force": "7019cf1f-8bab-8bb3-c0c4-4021dcf60a65"
            },
            "prefix": null
          },
          "private": "bnVsbA=="
        },
        {
          "index_key": 970,
          "schema_version": 0,
          "attributes": {
            "b64": "LF4",
            "b64_std": "LF4=",
            "b64_url": "LF4",
            "byte_length": 2,
            "dec": "11358",
            "hex": "2c5e",
            "id": "LF4",
            "keepers": {
              "force": "4471f569-6640-878c-c0a9-7624dffc464a"
            },
            "prefix": null
          },
          "private": "bnVsbA=="
        },
        {
          "index_key": 971,
          "schema_version": 0,
          "attributes": {
            "b64": "E2Q",
            "b64_std": "E2Q=",
            "b64_url": "E2Q",
            "byte_length": 2,
            "dec": "4964",
            "hex": "1364",
            "id": "E2Q",
            "keepers": {
              "force": "1e90677c-e96a-d88a-8d79-4cdb17f45697"
            },
            "prefix": null
          },
          "private": "bnVsbA=="
        },
        {
          "index_key": 972,
          "schema_version": 0,
          "attributes": {
            "b64": "HlU",
            "b64_std": "HlU=",
            "b64_url": "HlU",
            "byte_length": 2,
            "dec": "7765",
            "hex": "1e55",
            "id": "HlU",
            "keepers": {
              "force": "adf90f93-7388-5d1a-7680-663684895c8a"
            },
            "prefix": null
          },
          "private": "bnVsbA=="
        },
        {
          "index_key": 973,
          "schema_version": 0,
          "attributes": {
            "b64": "T3w",
            "b64_std": "T3w=",
            "b64_url": "T3w",
            "byte_length": 2,
            "dec": "20348",
            "hex": "4f7c",
            "id": "T3w",
            "keepers": {
              "force": "5885ef99-e3b7-3d67-60fe-b0729382781f"
            },
            "prefix": null
          },
          "private": "bnVsbA=="
        },
        {
          "index_key": 974,
          "schema_version": 0,
          "attributes": {
            "b64": "JLk",
            "b64_std": "JLk=",
            "b64_url": "JLk",
            "byte_length": 2,
            "dec": "9401",
            "hex": "24b9",
            "id": "JLk",
            "keepers": {
              "force": "0f998b76-0700-5b28-af23-1a0411a204b2"
            },
            "prefix": null
          },
          "private": "bnVsbA=="
        },
        {
          "index_key": 975,
          "schema_version": 0,
          "attributes": {
            "b64": "-0U",
            "b64_std": "+0U=",
            "b64_url": "-0U",
            "byte_length": 2,
            "dec": "64325",
            "hex": "fb45",
            "id": "-0U",
            "keepers": {
              "force": "6cf78fd0-5d3c-633b-ae09-00036b7df16c"
            },
            "prefix": null
          },
          "private": "bnVsbA=="
        },
        {
          "index_key": 976,
          "schema_version": 0,
          "attributes": {
            "b64": "O6c",
            "b64_std": "O6c=",
            "b64_url": "O6c",
            "byte_length": 2,
            "dec": "15271",
            "hex": "3ba7",
            "id": "O6c",
            "keepers": {
              "force": "e30e75a8-6bcb-d921-de48-36cadfe1ee3e"
            },
            "prefix": null
          },
          "private": "bnVsbA=="
        },
        {
          "index_key": 977,
          "schema_version": 0,
          "attributes": {
            "b64": "9tM",
            "b64_std": "9tM=",
            "b64_url": "9tM",
            "byte_length": 2,
            "dec": "63187",
            "hex": "f6d3",
            "id": "9tM",
            "keepers": {
              "force": "34fd8f2a-0125-41f0-35a6-cc736911f3c9"
            },
            "prefix": null
          },
          "private": "bnVsbA=="
        },
        {
          "index_key": 978,
          "schema_version": 0,
          "attributes": {
            "b64": "5qQ",
            "b64_std": "5qQ=",
            "b64_url": "5qQ",
            "byte_length": 2,
            "dec": "59044",
            "hex": "e6a4",
            "id": "5qQ",
            "keepers": {
              "force": "56e40e93-8a96-d8b2-9224-2a078a79fed0"
            },
            "prefix": null
          },
          "private": "bnVsbA=="
        },
        {
          "index_key": 979,
          "schema_version": 0,
          "attributes": {
            "b64": "vNc",
            "b64_std": "vNc=",
            "b64_url": "vNc",
            "byte_length": 2,
            "dec": "48343",
            "hex": "bcd7",
            "id": "vNc",
            "keepers": {
              "force": "891eabc0-4f6c-4ff6-44bc-b5c11ff58265"
            },
            "prefix": null
          },
          "private": "bnVsbA=="
        },
        {
          "index_key": 980,
          "schema_version": 0,
          "attributes": {
            "b64": "GMM",
            "b64_std": "GMM=",
            "b64_url": "GMM",
            "byte_length": 2,
            "dec": "6339",
            "hex": "18c3",
            "id": "GMM",
            "keepers": {
              "force": "ec701e08-a4d1-7be6-54e6-5be8fdb62ad3"
            },
            "prefix": null
          },
          "private": "bnVsbA=="
        },
        {
          "index_key": 981,
          "schema_version": 0,
          "attributes": {
            "b64": "ZCM",
            "b64_std": "ZCM=",
            "b64_url": "ZCM",
            "byte_length": 2,
            "dec": "25635",
            "hex": "6423",
            "id": "ZCM",
            "keepers": {
              "force": "8d37deef-4db8-2ee6-caab-3fff10f24fd0"
            },
            "prefix": null
          },
          "private": "bnVsbA=="
        },
        {
          "index_key": 982,
          "schema_version": 0,
          "attributes": {
            "b64": "Po8",
            "b64_std": "Po8=",
            "b64_url": "Po8",
            "byte_length": 2,
            "dec": "16015",
            "hex": "3e8f",
            "id": "Po8",
            "keepers": {
              "force": "bdd40557-acc7-ca44-0041-1025e71f6df1"
            },
            "prefix": null
          },
          "private": "bnVsbA=="
        },
        {
          "index_key": 983,
          "schema_version": 0,
          "attributes": {
            "b64": "Ml8",
            "b64_std": "Ml8=",
            "b64_url": "Ml8",
            "byte_length": 2,
            "dec": "12895",
            "hex": "325f",
            "id": "Ml8",
            "keepers": {
              "force": "890efc8a-b554-1e81-88c0-c3924cbb3363"
            },
            "prefix": null
          },
          "private": "bnVsbA=="
        },
        {
          "index_key": 984,
          "schema_version": 0,
          "attributes": {
            "b64": "5d0",
            "b64_std": "5d0=",
            "b64_url": "5d0",
            "byte_length": 2,
            "dec": "58845",
            "hex": "e5dd",
            "id": "5d0",
            "keepers": {
              "force": "d346a82f-c7f3-4307-f513-5a10bf5023b5"
            },
            "prefix": null
          },
          "private": "bnVsbA=="
        },
        {
          "index_key": 985,
          "schema_version": 0,
          "attributes": {
            "b64": "JDc",
            "b64_std": "JDc=",
            "b64_url": "JDc",
            "byte_length": 2,
            "dec": "9271",
            "hex": "2437",
            "id": "JDc",
            "keepers": {
              "force": "38cc282a-7f6d-bbe7-98f7-191dea83e68c"
            },
            "prefix": null
          },
          "private": "bnVsbA=="
        },
        {
          "index_key": 986,
          "schema_version": 0,
          "attributes": {
            "b64": "9uo",
            "b64_std": "9uo=",
            "b64_url": "9uo",
            "byte_length": 2,
            "dec": "63210",
            "hex": "f6ea",
            "id": "9uo",
            "keepers": {
              "force": "920f98f7-3542-5af6-cf66-8fedeacaf4cc"
            },
            "prefix": null
          },
          "private": "bnVsbA=="
        },
        {
          "index_key": 987,
          "schema_version": 0,
          "attributes": {
            "b64": "hQc",
            "b64_std": "hQc=",
            "b64_url": "hQc",
            "byte_length": 2,
            "dec": "34055",
            "hex": "8507",
            "id": "hQc",
            "keepers": {
              "force": "25e9312f-607d-1e72-dc15-551abacbc570"
            },
            "prefix": null
          },
          "private": "bnVsbA=="
        },
        {
          "index_key": 988,
          "schema_version": 0,
          "attributes": {
            "b64": "CAg",
            "b64_std": "CAg=",
            "b64_url": "CAg",
            "byte_length": 2,
            "dec": "2056",
            "hex": "0808",
            "id": "CAg",
            "keepers": {
              "force": "44fb373a-5666-617f-63ae-c37d71a9f7ca"
            },
            "prefix": null
          },
          "private": "bnVsbA=="
        },
        {
          "index_key": 989,
          "schema_version": 0,
          "attributes": {
            "b64": "TyE",
            "b64_std": "TyE=",
            "b64_url": "TyE",
            "byte_length": 2,
            "dec": "20257",
            "hex": "4f21",
            "id": "TyE",
            "keepers": {
              "force": "5942b92d-eca2-e11b-4a36-7bc3b85f5ea7"
            },
            "prefix": null
          },
          "private": "bnVsbA=="
        },
        {
          "index_key": 990,
          "schema_version": 0,
          "attributes": {
            "b64": "nY4",
            "b64_std": "nY4=",
            "b64_url": "nY4",
            "byte_length": 2,
            "dec": "40334",
            "hex": "9d8e",
            "id": "nY4",
            "keepers": {
              "force": "b4f064b9-5ff9-8f15-55f6-783700cdff19"
            },
            "prefix": null
          },
          "private": "bnVsbA=="
        },
        {
          "index_key": 991,
          "schema_version": 0,
          "attributes": {
            "b64": "oYk",
            "b64_std": "oYk=",
            "b64_url": "oYk",
            "byte_length": 2,
            "dec": "41353",
            "hex": "a189",
            "id": "oYk",
            "keepers": {
              "force": "465d4f72-6c11-ec63-4192-753dd6a476d9"
            },
            "prefix": null
          },
          "private": "bnVsbA=="
        },
        {
          "index_key": 992,
          "schema_version": 0,
          "attributes": {
            "b64": "qHw",
            "b64_std": "qHw=",
            "b64_url": "qHw",
            "byte_length": 2,
            "dec": "43132",
            "hex": "a87c",
            "id": "qHw",
            "keepers": {
              "force": "28720843-ad4e-8a71-2e6b-debe5bc96cf2"
            },
            "prefix": null
          },
          "private": "bnVsbA=="
        },
        {
          "index_key": 993,
          "schema_version": 0,
          "attributes": {
            "b64": "N58",
            "b64_std": "N58=",
            "b64_url": "N58",
            "byte_length": 2,
            "dec": "14239",
            "hex": "379f",
            "id": "N58",
            "keepers": {
              "force": "05b3f578-b5ce-e56b-a67a-fc3995549633"
            },
            "prefix": null
          },
          "private": "bnVsbA=="
        },
        {
          "index_key": 994,
          "schema_version": 0,
          "attributes": {
            "b64": "iOs",
            "b64_std": "iOs=",
            "b64_url": "iOs",
            "byte_length": 2,
            "dec": "35051",
            "hex": "88eb",
            "id": "iOs",
            "keepers": {
              "force": "15b1b474-4d42-7155-35d6-a8e5ba4fbe35"
            },
            "prefix": null
          },
          "private": "bnVsbA=="
        },
        {
          "index_key": 995,
          "schema_version": 0,
          "attributes": {
            "b64": "kWw",
            "b64_std": "kWw=",
            "b64_url": "kWw",
            "byte_length": 2,
            "dec": "37228",
            "hex": "916c",
            "id": "kWw",
            "keepers": {
              "force": "d0838e8e-791d-c6c3-cd89-ae4f05b68f1e"
            },
            "prefix": null
          },
          "private": "bnVsbA=="
        },
        {
          "index_key": 996,
          "schema_version": 0,
          "attributes": {
            "b64": "yTE",
            "b64_std": "yTE=",
            "b64_url": "yTE",
            "byte_length": 2,
            "dec": "51505",
            "hex": "c931",
            "id": "yTE",
            "keepers": {
              "force": "f2838f72-d20a-a834-d075-3903a96b04cc"
            },
            "prefix": null
          },
          "private": "bnVsbA=="
        },
        {
          "index_key": 997,
          "schema_version": 0,
          "attributes": {
            "b64": "6YA",
            "b64_std": "6YA=",
            "b64_url": "6YA",
            "byte_length": 2,
            "dec": "59776",
            "hex": "e980",
            "id": "6YA",
            "keepers": {
              "force": "58336379-a813-819d-882c-6ffe62be4058"
            },
            "prefix": null
          },
          "private": "bnVsbA=="
        },
        {
          "index_key": 998,
          "schema_version": 0,
          "attributes": {
            "b64": "eyE",
            "b64_std": "eyE=",
            "b64_url": "eyE",
            "byte_length": 2,
            "dec": "31521",
            "hex": "7b21",
            "id": "eyE",
            "keepers": {
              "force": "b3275fb4-91a4-3683-4194-594c333fdd66"
            },
            "prefix": null
          },
          "private": "bnVsbA=="
        },
        {
          "index_key": 999,
          "schema_version": 0,
          "attributes": {
            "b64": "9sI",
            "b64_std": "9sI=",
            "b64_url": "9sI",
            "byte_length": 2,
            "dec": "63170",
            "hex": "f6c2",
            "id": "9sI",
            "keepers": {
              "force": "8b5b5061-5e1d-b673-380e-64bcac0ba1c3"
            },
            "prefix": null
          },
          "private": "bnVsbA=="
        }
      ]
    }
  ]
}
